{
  "version": 4,
  "terraform_version": "1.14.3",
  "serial": 124,
  "lineage": "0df68f9c-e0d6-4d76-0be6-edabbf999165",
  "outputs": {
    "aws_iam_openid_connect_provider_arn": {
      "value": "arn:aws:iam::043509840958:oidc-provider/oidc.eks.us-east-1.amazonaws.com/id/BB64212B668F68329854884A52DDAE0B",
      "type": "string"
    },
    "aws_iam_openid_connect_provider_extract_from_arn": {
      "value": "oidc.eks.us-east-1.amazonaws.com/id/BB64212B668F68329854884A52DDAE0B",
      "type": "string"
    },
    "azs": {
      "value": [
        "us-east-1a",
        "us-east-1b",
        "us-east-1c"
      ],
      "type": [
        "list",
        "string"
      ]
    },
    "cluster_arn": {
      "value": "arn:aws:eks:us-east-1:043509840958:cluster/hr-dev-eksdemo1",
      "type": "string"
    },
    "cluster_endpoint": {
      "value": "https://BB64212B668F68329854884A52DDAE0B.gr7.us-east-1.eks.amazonaws.com",
      "type": "string"
    },
    "cluster_id": {
      "value": "hr-dev-eksdemo1",
      "type": "string"
    },
    "cluster_oidc_issuer_url": {
      "value": "https://oidc.eks.us-east-1.amazonaws.com/id/BB64212B668F68329854884A52DDAE0B",
      "type": "string"
    },
    "cluster_primary_security_group_id": {
      "value": "sg-05303c577ed76f850",
      "type": "string"
    },
    "cluster_version": {
      "value": "1.34",
      "type": "string"
    },
    "database_subnet_group": {
      "value": "dev-myvpc",
      "type": "string"
    },
    "database_subnet_group_name": {
      "value": "dev-myvpc",
      "type": "string"
    },
    "database_subnets": {
      "value": [
        "subnet-082384c58db51293d",
        "subnet-0369b5ef92cc05ca2",
        "subnet-05896ce369f2a718f"
      ],
      "type": [
        "tuple",
        [
          "string",
          "string",
          "string"
        ]
      ]
    },
    "db_enhanced_monitoring_iam_role_arn": {
      "value": "arn:aws:iam::043509840958:role/rds-monitoring-role-webappdb",
      "type": "string"
    },
    "db_instance_address": {
      "value": "webappdb.ck1mim0c4est.us-east-1.rds.amazonaws.com",
      "type": "string"
    },
    "db_instance_arn": {
      "value": "arn:aws:rds:us-east-1:043509840958:db:webappdb",
      "type": "string"
    },
    "db_instance_availability_zone": {
      "value": "us-east-1a",
      "type": "string"
    },
    "db_instance_endpoint": {
      "value": "webappdb.ck1mim0c4est.us-east-1.rds.amazonaws.com:3306",
      "type": "string"
    },
    "db_instance_hosted_zone_id": {
      "value": "Z2R2ITUGPM61AM",
      "type": "string"
    },
    "db_instance_id": {
      "value": "webappdb",
      "type": "string"
    },
    "db_instance_name": {
      "value": "webappdb",
      "type": "string"
    },
    "db_instance_port": {
      "value": 3306,
      "type": "number"
    },
    "db_instance_resource_id": {
      "value": "db-CRV2Z4B2TVH2NI74IDO5VRQTNY",
      "type": "string"
    },
    "db_instance_status": {
      "value": "available",
      "type": "string"
    },
    "db_instance_username": {
      "value": "dbadmin",
      "type": "string",
      "sensitive": true
    },
    "db_parameter_group_arn": {
      "value": "arn:aws:rds:us-east-1:043509840958:pg:webappdb-20260221135918362900000018",
      "type": "string"
    },
    "db_parameter_group_id": {
      "value": "webappdb-20260221135918362900000018",
      "type": "string"
    },
    "db_subnet_group_arn": {
      "value": "arn:aws:rds:us-east-1:043509840958:subgrp:webappdb-20260221135920238700000019",
      "type": "string"
    },
    "db_subnet_group_id": {
      "value": "webappdb-20260221135920238700000019",
      "type": "string"
    },
    "name": {
      "value": "dev-myvpc",
      "type": "string"
    },
    "nat_public_ips": {
      "value": [
        "18.205.165.10"
      ],
      "type": [
        "list",
        "string"
      ]
    },
    "node_group_private_id": {
      "value": "hr-dev-eksdemo1:hr-dev-eks-ng-private",
      "type": "string"
    },
    "node_group_private_status": {
      "value": "ACTIVE",
      "type": "string"
    },
    "private_subnets": {
      "value": [
        "subnet-07869b2c047a1f5d2",
        "subnet-053cccbc151485b24",
        "subnet-021b24ca80a3a2af3"
      ],
      "type": [
        "tuple",
        [
          "string",
          "string",
          "string"
        ]
      ]
    },
    "public_subnets": {
      "value": [
        "subnet-0298d604a8194a1e7",
        "subnet-0dfb7c2b7342956b3",
        "subnet-0fe8b2c004d114154"
      ],
      "type": [
        "tuple",
        [
          "string",
          "string",
          "string"
        ]
      ]
    },
    "vpc_cidr_block": {
      "value": "10.0.0.0/16",
      "type": "string"
    },
    "vpc_id": {
      "value": "vpc-0378c6ca2ce9c16be",
      "type": "string"
    }
  },
  "resources": [
    {
      "mode": "data",
      "type": "aws_ami",
      "name": "amzlinux2",
      "provider": "provider[\"registry.terraform.io/hashicorp/aws\"]",
      "instances": [
        {
          "schema_version": 0,
          "attributes": {
            "allow_unsafe_filter": null,
            "architecture": "x86_64",
            "arn": "arn:aws:ec2:us-east-1::image/ami-0199fa5fada510433",
            "block_device_mappings": [
              {
                "device_name": "/dev/xvda",
                "ebs": {
                  "delete_on_termination": "true",
                  "encrypted": "false",
                  "iops": "0",
                  "snapshot_id": "snap-05dc16d8999bc5119",
                  "throughput": "0",
                  "volume_initialization_rate": "0",
                  "volume_size": "8",
                  "volume_type": "gp2"
                },
                "no_device": "",
                "virtual_name": ""
              }
            ],
            "boot_mode": "",
            "creation_date": "2026-02-13T22:49:15.000Z",
            "deprecation_time": "2026-05-15T01:06:00.000Z",
            "description": "Amazon Linux 2 AMI 2.0.20260216.0 x86_64 HVM gp2",
            "ena_support": true,
            "executable_users": null,
            "filter": [
              {
                "name": "architecture",
                "values": [
                  "x86_64"
                ]
              },
              {
                "name": "name",
                "values": [
                  "amzn2-ami-hvm-*-gp2"
                ]
              },
              {
                "name": "root-device-type",
                "values": [
                  "ebs"
                ]
              },
              {
                "name": "virtualization-type",
                "values": [
                  "hvm"
                ]
              }
            ],
            "hypervisor": "xen",
            "id": "ami-0199fa5fada510433",
            "image_id": "ami-0199fa5fada510433",
            "image_location": "amazon/amzn2-ami-hvm-2.0.20260216.0-x86_64-gp2",
            "image_owner_alias": "amazon",
            "image_type": "machine",
            "imds_support": "",
            "include_deprecated": false,
            "kernel_id": "",
            "last_launched_time": "",
            "most_recent": true,
            "name": "amzn2-ami-hvm-2.0.20260216.0-x86_64-gp2",
            "name_regex": null,
            "owner_id": "137112412989",
            "owners": [
              "amazon"
            ],
            "platform": "",
            "platform_details": "Linux/UNIX",
            "product_codes": [],
            "public": true,
            "ramdisk_id": "",
            "region": "us-east-1",
            "root_device_name": "/dev/xvda",
            "root_device_type": "ebs",
            "root_snapshot_id": "snap-05dc16d8999bc5119",
            "sriov_net_support": "simple",
            "state": "available",
            "state_reason": {
              "code": "UNSET",
              "message": "UNSET"
            },
            "tags": {},
            "timeouts": null,
            "tpm_support": "",
            "uefi_data": null,
            "usage_operation": "RunInstances",
            "virtualization_type": "hvm"
          },
          "sensitive_attributes": [],
          "identity_schema_version": 0
        }
      ]
    },
    {
      "mode": "data",
      "type": "aws_caller_identity",
      "name": "current",
      "provider": "provider[\"registry.terraform.io/hashicorp/aws\"]",
      "instances": [
        {
          "schema_version": 0,
          "attributes": {
            "account_id": "043509840958",
            "arn": "arn:aws:iam::043509840958:user/Demo",
            "id": "043509840958",
            "user_id": "AIDAQUILDPQ7AX65PILAX"
          },
          "sensitive_attributes": [],
          "identity_schema_version": 0
        }
      ]
    },
    {
      "mode": "data",
      "type": "aws_eks_cluster_auth",
      "name": "cluster",
      "provider": "provider[\"registry.terraform.io/hashicorp/aws\"]",
      "instances": [
        {
          "schema_version": 0,
          "attributes": {
            "id": "hr-dev-eksdemo1",
            "name": "hr-dev-eksdemo1",
            "region": "us-east-1",
            "token": "k8s-aws-v1.aHR0cHM6Ly9zdHMudXMtZWFzdC0xLmFtYXpvbmF3cy5jb20vP0FjdGlvbj1HZXRDYWxsZXJJZGVudGl0eSZWZXJzaW9uPTIwMTEtMDYtMTUmWC1BbXotQWxnb3JpdGhtPUFXUzQtSE1BQy1TSEEyNTYmWC1BbXotQ3JlZGVudGlhbD1BS0lBUVVJTERQUTdHQUdLTUZFVCUyRjIwMjYwMjIxJTJGdXMtZWFzdC0xJTJGc3RzJTJGYXdzNF9yZXF1ZXN0JlgtQW16LURhdGU9MjAyNjAyMjFUMTQwNDQ0WiZYLUFtei1FeHBpcmVzPTAmWC1BbXotU2lnbmVkSGVhZGVycz1ob3N0JTNCeC1rOHMtYXdzLWlkJlgtQW16LVNpZ25hdHVyZT0yZjI0ZGY3ZjQyNWJmZGViYzYzZDk5MmU2NjlmOTYzYjcwZjZjMGUyNTJhNDM0OGQ0ZjU3ZmE5MWM5MTgxYjBh"
          },
          "sensitive_attributes": [
            [
              {
                "type": "get_attr",
                "value": "token"
              }
            ]
          ],
          "identity_schema_version": 0
        }
      ]
    },
    {
      "module": "module.acm",
      "mode": "data",
      "type": "aws_route53_zone",
      "name": "mydomain",
      "provider": "provider[\"registry.terraform.io/hashicorp/aws\"]",
      "instances": [
        {
          "schema_version": 0,
          "attributes": {
            "arn": "arn:aws:route53:::hostedzone/Z09143391UPN7SPVVQ3UI",
            "caller_reference": "567f098b-f50b-4e2c-871f-170820d06410",
            "comment": "",
            "enable_accelerated_recovery": false,
            "id": "Z09143391UPN7SPVVQ3UI",
            "linked_service_description": null,
            "linked_service_principal": null,
            "name": "myclick.agency",
            "name_servers": [
              "ns-1932.awsdns-49.co.uk",
              "ns-1081.awsdns-07.org",
              "ns-441.awsdns-55.com",
              "ns-963.awsdns-56.net"
            ],
            "primary_name_server": "ns-1932.awsdns-49.co.uk",
            "private_zone": false,
            "resource_record_set_count": 3,
            "tags": {},
            "vpc_id": null,
            "zone_id": "Z09143391UPN7SPVVQ3UI"
          },
          "sensitive_attributes": [],
          "identity_schema_version": 0
        }
      ]
    },
    {
      "module": "module.acm.module.acm",
      "mode": "managed",
      "type": "aws_acm_certificate",
      "name": "this",
      "provider": "provider[\"registry.terraform.io/hashicorp/aws\"]",
      "instances": [
        {
          "index_key": 0,
          "schema_version": 0,
          "attributes": {
            "arn": "arn:aws:acm:us-east-1:043509840958:certificate/7b571afe-b120-40a3-bee6-ca8a1834821c",
            "certificate_authority_arn": "",
            "certificate_body": null,
            "certificate_chain": null,
            "domain_name": "myclick.agency",
            "domain_validation_options": [
              {
                "domain_name": "*.myclick.agency",
                "resource_record_name": "_3232406a5d076152390e58db8e3f73a2.myclick.agency.",
                "resource_record_type": "CNAME",
                "resource_record_value": "_cc3e71b3387e02092b05695759dafb8a.jkddzztszm.acm-validations.aws."
              },
              {
                "domain_name": "myclick.agency",
                "resource_record_name": "_3232406a5d076152390e58db8e3f73a2.myclick.agency.",
                "resource_record_type": "CNAME",
                "resource_record_value": "_cc3e71b3387e02092b05695759dafb8a.jkddzztszm.acm-validations.aws."
              }
            ],
            "early_renewal_duration": "",
            "id": "arn:aws:acm:us-east-1:043509840958:certificate/7b571afe-b120-40a3-bee6-ca8a1834821c",
            "key_algorithm": "RSA_2048",
            "not_after": "",
            "not_before": "",
            "options": [
              {
                "certificate_transparency_logging_preference": "ENABLED",
                "export": "DISABLED"
              }
            ],
            "pending_renewal": false,
            "private_key": null,
            "region": "us-east-1",
            "renewal_eligibility": "INELIGIBLE",
            "renewal_summary": [],
            "status": "PENDING_VALIDATION",
            "subject_alternative_names": [
              "*.myclick.agency",
              "myclick.agency"
            ],
            "tags": {
              "ManagedBy": "Terraform",
              "Project": "terraform-aws-infrastructure",
              "environment": "dev",
              "owners": "hr"
            },
            "tags_all": {
              "ManagedBy": "Terraform",
              "Project": "terraform-aws-infrastructure",
              "environment": "dev",
              "owners": "hr"
            },
            "type": "AMAZON_ISSUED",
            "validation_emails": [],
            "validation_method": "DNS",
            "validation_option": []
          },
          "sensitive_attributes": [
            [
              {
                "type": "get_attr",
                "value": "private_key"
              }
            ]
          ],
          "identity_schema_version": 0,
          "identity": {
            "arn": "arn:aws:acm:us-east-1:043509840958:certificate/7b571afe-b120-40a3-bee6-ca8a1834821c"
          },
          "private": "bnVsbA==",
          "dependencies": [
            "module.acm.data.aws_route53_zone.mydomain"
          ],
          "create_before_destroy": true
        }
      ]
    },
    {
      "module": "module.acm.module.acm",
      "mode": "managed",
      "type": "aws_route53_record",
      "name": "validation",
      "provider": "provider[\"registry.terraform.io/hashicorp/aws\"]",
      "instances": [
        {
          "index_key": 0,
          "schema_version": 2,
          "attributes": {
            "alias": [],
            "allow_overwrite": true,
            "cidr_routing_policy": [],
            "failover_routing_policy": [],
            "fqdn": "_3232406a5d076152390e58db8e3f73a2.myclick.agency",
            "geolocation_routing_policy": [],
            "geoproximity_routing_policy": [],
            "health_check_id": "",
            "id": "Z09143391UPN7SPVVQ3UI__3232406a5d076152390e58db8e3f73a2.myclick.agency._CNAME",
            "latency_routing_policy": [],
            "multivalue_answer_routing_policy": false,
            "name": "_3232406a5d076152390e58db8e3f73a2.myclick.agency",
            "records": [
              "_cc3e71b3387e02092b05695759dafb8a.jkddzztszm.acm-validations.aws."
            ],
            "set_identifier": "",
            "timeouts": null,
            "ttl": 60,
            "type": "CNAME",
            "weighted_routing_policy": [],
            "zone_id": "Z09143391UPN7SPVVQ3UI"
          },
          "sensitive_attributes": [],
          "identity_schema_version": 0,
          "identity": {
            "account_id": "043509840958",
            "name": "_3232406a5d076152390e58db8e3f73a2.myclick.agency.",
            "set_identifier": null,
            "type": "CNAME",
            "zone_id": "Z09143391UPN7SPVVQ3UI"
          },
          "private": "eyJlMmJmYjczMC1lY2FhLTExZTYtOGY4OC0zNDM2M2JjN2M0YzAiOnsiY3JlYXRlIjoxODAwMDAwMDAwMDAwLCJkZWxldGUiOjE4MDAwMDAwMDAwMDAsInVwZGF0ZSI6MTgwMDAwMDAwMDAwMH0sInNjaGVtYV92ZXJzaW9uIjoiMiJ9",
          "dependencies": [
            "module.acm.data.aws_route53_zone.mydomain",
            "module.acm.module.acm.aws_acm_certificate.this"
          ],
          "create_before_destroy": true
        }
      ]
    },
    {
      "module": "module.ec2_application",
      "mode": "data",
      "type": "aws_ec2_instance_type_offerings",
      "name": "instance_type_by_az",
      "provider": "provider[\"registry.terraform.io/hashicorp/aws\"]",
      "instances": [
        {
          "index_key": "us-east-1a",
          "schema_version": 0,
          "attributes": {
            "filter": [
              {
                "name": "instance-type",
                "values": [
                  "t3.micro"
                ]
              },
              {
                "name": "location",
                "values": [
                  "us-east-1a"
                ]
              }
            ],
            "id": "us-east-1",
            "instance_types": [
              "t3.micro"
            ],
            "location_type": "availability-zone",
            "location_types": [
              "availability-zone"
            ],
            "locations": [
              "us-east-1a"
            ],
            "region": "us-east-1",
            "timeouts": null
          },
          "sensitive_attributes": [],
          "identity_schema_version": 0
        },
        {
          "index_key": "us-east-1b",
          "schema_version": 0,
          "attributes": {
            "filter": [
              {
                "name": "instance-type",
                "values": [
                  "t3.micro"
                ]
              },
              {
                "name": "location",
                "values": [
                  "us-east-1b"
                ]
              }
            ],
            "id": "us-east-1",
            "instance_types": [
              "t3.micro"
            ],
            "location_type": "availability-zone",
            "location_types": [
              "availability-zone"
            ],
            "locations": [
              "us-east-1b"
            ],
            "region": "us-east-1",
            "timeouts": null
          },
          "sensitive_attributes": [],
          "identity_schema_version": 0
        },
        {
          "index_key": "us-east-1c",
          "schema_version": 0,
          "attributes": {
            "filter": [
              {
                "name": "instance-type",
                "values": [
                  "t3.micro"
                ]
              },
              {
                "name": "location",
                "values": [
                  "us-east-1c"
                ]
              }
            ],
            "id": "us-east-1",
            "instance_types": [
              "t3.micro"
            ],
            "location_type": "availability-zone",
            "location_types": [
              "availability-zone"
            ],
            "locations": [
              "us-east-1c"
            ],
            "region": "us-east-1",
            "timeouts": null
          },
          "sensitive_attributes": [],
          "identity_schema_version": 0
        }
      ]
    },
    {
      "module": "module.ec2_application",
      "mode": "managed",
      "type": "aws_instance",
      "name": "app1_dnsdb",
      "provider": "provider[\"registry.terraform.io/hashicorp/aws\"]",
      "instances": [
        {
          "index_key": "0",
          "schema_version": 2,
          "attributes": {
            "ami": "ami-0199fa5fada510433",
            "arn": "arn:aws:ec2:us-east-1:043509840958:instance/i-0caba1afa4f08cfaa",
            "associate_public_ip_address": false,
            "availability_zone": "us-east-1a",
            "capacity_reservation_specification": [
              {
                "capacity_reservation_preference": "open",
                "capacity_reservation_target": []
              }
            ],
            "cpu_options": [
              {
                "amd_sev_snp": "",
                "core_count": 1,
                "nested_virtualization": "",
                "threads_per_core": 2
              }
            ],
            "credit_specification": [
              {
                "cpu_credits": "unlimited"
              }
            ],
            "disable_api_stop": false,
            "disable_api_termination": false,
            "ebs_block_device": [],
            "ebs_optimized": false,
            "enable_primary_ipv6": null,
            "enclave_options": [
              {
                "enabled": false
              }
            ],
            "ephemeral_block_device": [],
            "force_destroy": false,
            "get_password_data": false,
            "hibernation": false,
            "host_id": "",
            "host_resource_group_arn": null,
            "iam_instance_profile": "",
            "id": "i-0caba1afa4f08cfaa",
            "instance_initiated_shutdown_behavior": "stop",
            "instance_lifecycle": "",
            "instance_market_options": [],
            "instance_state": "running",
            "instance_type": "t3.micro",
            "ipv6_address_count": 0,
            "ipv6_addresses": [],
            "key_name": "eks-terraform-key",
            "launch_template": [],
            "maintenance_options": [
              {
                "auto_recovery": "default"
              }
            ],
            "metadata_options": [
              {
                "http_endpoint": "enabled",
                "http_protocol_ipv6": "disabled",
                "http_put_response_hop_limit": 1,
                "http_tokens": "optional",
                "instance_metadata_tags": "disabled"
              }
            ],
            "monitoring": false,
            "network_interface": [],
            "outpost_arn": "",
            "password_data": "",
            "placement_group": "",
            "placement_group_id": "",
            "placement_partition_number": 0,
            "primary_network_interface": [
              {
                "delete_on_termination": true,
                "network_interface_id": "eni-0c8bc135069f260db"
              }
            ],
            "primary_network_interface_id": "eni-0c8bc135069f260db",
            "private_dns": "ip-10-0-1-11.ec2.internal",
            "private_dns_name_options": [
              {
                "enable_resource_name_dns_a_record": false,
                "enable_resource_name_dns_aaaa_record": false,
                "hostname_type": "ip-name"
              }
            ],
            "private_ip": "10.0.1.11",
            "public_dns": "",
            "public_ip": "",
            "region": "us-east-1",
            "root_block_device": [
              {
                "delete_on_termination": true,
                "device_name": "/dev/xvda",
                "encrypted": false,
                "iops": 100,
                "kms_key_id": "",
                "tags": {},
                "tags_all": {},
                "throughput": 0,
                "volume_id": "vol-0266047c71b84e102",
                "volume_size": 8,
                "volume_type": "gp2"
              }
            ],
            "secondary_network_interface": [],
            "secondary_private_ips": [],
            "security_groups": [],
            "source_dest_check": true,
            "spot_instance_request_id": "",
            "subnet_id": "subnet-07869b2c047a1f5d2",
            "tags": {
              "ManagedBy": "Terraform",
              "Name": "dev-app-app1-dnsdb-0",
              "Project": "terraform-aws-infrastructure",
              "environment": "dev",
              "owners": "hr"
            },
            "tags_all": {
              "ManagedBy": "Terraform",
              "Name": "dev-app-app1-dnsdb-0",
              "Project": "terraform-aws-infrastructure",
              "environment": "dev",
              "owners": "hr"
            },
            "tenancy": "default",
            "timeouts": null,
            "user_data": "#! /bin/bash\n# Instance Identity Metadata Reference - https://docs.aws.amazon.com/AWSEC2/latest/UserGuide/instance-identity-documents.html\nsudo yum update -y\nsudo yum install -y httpd\nsudo systemctl enable httpd\nsudo service httpd start  \nsudo echo '\u003ch1\u003eWelcome to StackSimplify - APP-1\u003c/h1\u003e' | sudo tee /var/www/html/index.html\nsudo mkdir /var/www/html/app1\nsudo echo '\u003c!DOCTYPE html\u003e \u003chtml\u003e \u003cbody style=\"background-color:rgb(250, 210, 210);\"\u003e \u003ch1\u003eWelcome to Stack Simplify - APP-1\u003c/h1\u003e \u003cp\u003eTerraform Demo\u003c/p\u003e \u003cp\u003eApplication Version: V1\u003c/p\u003e \u003c/body\u003e\u003c/html\u003e' | sudo tee /var/www/html/app1/index.html\n#sudo curl http://169.254.169.254/latest/dynamic/instance-identity/document -o /var/www/html/app1/metadata.html\nTOKEN=`curl -X PUT \"http://169.254.169.254/latest/api/token\" -H \"X-aws-ec2-metadata-token-ttl-seconds: 21600\"`\nsudo curl -H \"X-aws-ec2-metadata-token: $TOKEN\" http://169.254.169.254/latest/dynamic/instance-identity/document -o /var/www/html/app1/metadata.html\n# AWS Documentation to retrieve EC2 Instance Data\n# https://docs.aws.amazon.com/AWSEC2/latest/UserGuide/instancedata-data-retrieval.html\n",
            "user_data_base64": null,
            "user_data_replace_on_change": false,
            "volume_tags": null,
            "vpc_security_group_ids": [
              "sg-0f16d018079c0e071"
            ]
          },
          "sensitive_attributes": [],
          "identity_schema_version": 0,
          "identity": {
            "account_id": "043509840958",
            "id": "i-0caba1afa4f08cfaa",
            "region": "us-east-1"
          },
          "private": "eyJlMmJmYjczMC1lY2FhLTExZTYtOGY4OC0zNDM2M2JjN2M0YzAiOnsiY3JlYXRlIjo2MDAwMDAwMDAwMDAsImRlbGV0ZSI6MTIwMDAwMDAwMDAwMCwicmVhZCI6OTAwMDAwMDAwMDAwLCJ1cGRhdGUiOjYwMDAwMDAwMDAwMH0sInNjaGVtYV92ZXJzaW9uIjoiMiJ9",
          "dependencies": [
            "data.aws_ami.amzlinux2",
            "module.security_groups.module.loadbalancer_sg.aws_security_group.this",
            "module.security_groups.module.loadbalancer_sg.aws_security_group.this_name_prefix",
            "module.security_groups.module.loadbalancer_sg.aws_security_group_rule.computed_egress_rules",
            "module.security_groups.module.loadbalancer_sg.aws_security_group_rule.computed_egress_with_cidr_blocks",
            "module.security_groups.module.loadbalancer_sg.aws_security_group_rule.computed_egress_with_ipv6_cidr_blocks",
            "module.security_groups.module.loadbalancer_sg.aws_security_group_rule.computed_egress_with_prefix_list_ids",
            "module.security_groups.module.loadbalancer_sg.aws_security_group_rule.computed_egress_with_self",
            "module.security_groups.module.loadbalancer_sg.aws_security_group_rule.computed_egress_with_source_security_group_id",
            "module.security_groups.module.loadbalancer_sg.aws_security_group_rule.computed_ingress_rules",
            "module.security_groups.module.loadbalancer_sg.aws_security_group_rule.computed_ingress_with_cidr_blocks",
            "module.security_groups.module.loadbalancer_sg.aws_security_group_rule.computed_ingress_with_ipv6_cidr_blocks",
            "module.security_groups.module.loadbalancer_sg.aws_security_group_rule.computed_ingress_with_prefix_list_ids",
            "module.security_groups.module.loadbalancer_sg.aws_security_group_rule.computed_ingress_with_self",
            "module.security_groups.module.loadbalancer_sg.aws_security_group_rule.computed_ingress_with_source_security_group_id",
            "module.security_groups.module.loadbalancer_sg.aws_security_group_rule.egress_rules",
            "module.security_groups.module.loadbalancer_sg.aws_security_group_rule.egress_with_cidr_blocks",
            "module.security_groups.module.loadbalancer_sg.aws_security_group_rule.egress_with_ipv6_cidr_blocks",
            "module.security_groups.module.loadbalancer_sg.aws_security_group_rule.egress_with_prefix_list_ids",
            "module.security_groups.module.loadbalancer_sg.aws_security_group_rule.egress_with_self",
            "module.security_groups.module.loadbalancer_sg.aws_security_group_rule.egress_with_source_security_group_id",
            "module.security_groups.module.loadbalancer_sg.aws_security_group_rule.ingress_rules",
            "module.security_groups.module.loadbalancer_sg.aws_security_group_rule.ingress_with_cidr_blocks",
            "module.security_groups.module.loadbalancer_sg.aws_security_group_rule.ingress_with_ipv6_cidr_blocks",
            "module.security_groups.module.loadbalancer_sg.aws_security_group_rule.ingress_with_prefix_list_ids",
            "module.security_groups.module.loadbalancer_sg.aws_security_group_rule.ingress_with_self",
            "module.security_groups.module.loadbalancer_sg.aws_security_group_rule.ingress_with_source_security_group_id",
            "module.security_groups.module.private_sg.aws_security_group.this",
            "module.security_groups.module.private_sg.aws_security_group.this_name_prefix",
            "module.security_groups.module.private_sg.aws_security_group_rule.computed_egress_rules",
            "module.security_groups.module.private_sg.aws_security_group_rule.computed_egress_with_cidr_blocks",
            "module.security_groups.module.private_sg.aws_security_group_rule.computed_egress_with_ipv6_cidr_blocks",
            "module.security_groups.module.private_sg.aws_security_group_rule.computed_egress_with_prefix_list_ids",
            "module.security_groups.module.private_sg.aws_security_group_rule.computed_egress_with_self",
            "module.security_groups.module.private_sg.aws_security_group_rule.computed_egress_with_source_security_group_id",
            "module.security_groups.module.private_sg.aws_security_group_rule.computed_ingress_rules",
            "module.security_groups.module.private_sg.aws_security_group_rule.computed_ingress_with_cidr_blocks",
            "module.security_groups.module.private_sg.aws_security_group_rule.computed_ingress_with_ipv6_cidr_blocks",
            "module.security_groups.module.private_sg.aws_security_group_rule.computed_ingress_with_prefix_list_ids",
            "module.security_groups.module.private_sg.aws_security_group_rule.computed_ingress_with_self",
            "module.security_groups.module.private_sg.aws_security_group_rule.computed_ingress_with_source_security_group_id",
            "module.security_groups.module.private_sg.aws_security_group_rule.egress_rules",
            "module.security_groups.module.private_sg.aws_security_group_rule.egress_with_cidr_blocks",
            "module.security_groups.module.private_sg.aws_security_group_rule.egress_with_ipv6_cidr_blocks",
            "module.security_groups.module.private_sg.aws_security_group_rule.egress_with_prefix_list_ids",
            "module.security_groups.module.private_sg.aws_security_group_rule.egress_with_self",
            "module.security_groups.module.private_sg.aws_security_group_rule.egress_with_source_security_group_id",
            "module.security_groups.module.private_sg.aws_security_group_rule.ingress_rules",
            "module.security_groups.module.private_sg.aws_security_group_rule.ingress_with_cidr_blocks",
            "module.security_groups.module.private_sg.aws_security_group_rule.ingress_with_ipv6_cidr_blocks",
            "module.security_groups.module.private_sg.aws_security_group_rule.ingress_with_prefix_list_ids",
            "module.security_groups.module.private_sg.aws_security_group_rule.ingress_with_self",
            "module.security_groups.module.private_sg.aws_security_group_rule.ingress_with_source_security_group_id",
            "module.security_groups.module.public_bastion_sg.aws_security_group.this",
            "module.security_groups.module.public_bastion_sg.aws_security_group.this_name_prefix",
            "module.security_groups.module.public_bastion_sg.aws_security_group_rule.computed_egress_rules",
            "module.security_groups.module.public_bastion_sg.aws_security_group_rule.computed_egress_with_cidr_blocks",
            "module.security_groups.module.public_bastion_sg.aws_security_group_rule.computed_egress_with_ipv6_cidr_blocks",
            "module.security_groups.module.public_bastion_sg.aws_security_group_rule.computed_egress_with_prefix_list_ids",
            "module.security_groups.module.public_bastion_sg.aws_security_group_rule.computed_egress_with_self",
            "module.security_groups.module.public_bastion_sg.aws_security_group_rule.computed_egress_with_source_security_group_id",
            "module.security_groups.module.public_bastion_sg.aws_security_group_rule.computed_ingress_rules",
            "module.security_groups.module.public_bastion_sg.aws_security_group_rule.computed_ingress_with_cidr_blocks",
            "module.security_groups.module.public_bastion_sg.aws_security_group_rule.computed_ingress_with_ipv6_cidr_blocks",
            "module.security_groups.module.public_bastion_sg.aws_security_group_rule.computed_ingress_with_prefix_list_ids",
            "module.security_groups.module.public_bastion_sg.aws_security_group_rule.computed_ingress_with_self",
            "module.security_groups.module.public_bastion_sg.aws_security_group_rule.computed_ingress_with_source_security_group_id",
            "module.security_groups.module.public_bastion_sg.aws_security_group_rule.egress_rules",
            "module.security_groups.module.public_bastion_sg.aws_security_group_rule.egress_with_cidr_blocks",
            "module.security_groups.module.public_bastion_sg.aws_security_group_rule.egress_with_ipv6_cidr_blocks",
            "module.security_groups.module.public_bastion_sg.aws_security_group_rule.egress_with_prefix_list_ids",
            "module.security_groups.module.public_bastion_sg.aws_security_group_rule.egress_with_self",
            "module.security_groups.module.public_bastion_sg.aws_security_group_rule.egress_with_source_security_group_id",
            "module.security_groups.module.public_bastion_sg.aws_security_group_rule.ingress_rules",
            "module.security_groups.module.public_bastion_sg.aws_security_group_rule.ingress_with_cidr_blocks",
            "module.security_groups.module.public_bastion_sg.aws_security_group_rule.ingress_with_ipv6_cidr_blocks",
            "module.security_groups.module.public_bastion_sg.aws_security_group_rule.ingress_with_prefix_list_ids",
            "module.security_groups.module.public_bastion_sg.aws_security_group_rule.ingress_with_self",
            "module.security_groups.module.public_bastion_sg.aws_security_group_rule.ingress_with_source_security_group_id",
            "module.security_groups.module.rdsdb_sg.aws_security_group.this",
            "module.security_groups.module.rdsdb_sg.aws_security_group.this_name_prefix",
            "module.security_groups.module.rdsdb_sg.aws_security_group_rule.computed_egress_rules",
            "module.security_groups.module.rdsdb_sg.aws_security_group_rule.computed_egress_with_cidr_blocks",
            "module.security_groups.module.rdsdb_sg.aws_security_group_rule.computed_egress_with_ipv6_cidr_blocks",
            "module.security_groups.module.rdsdb_sg.aws_security_group_rule.computed_egress_with_prefix_list_ids",
            "module.security_groups.module.rdsdb_sg.aws_security_group_rule.computed_egress_with_self",
            "module.security_groups.module.rdsdb_sg.aws_security_group_rule.computed_egress_with_source_security_group_id",
            "module.security_groups.module.rdsdb_sg.aws_security_group_rule.computed_ingress_rules",
            "module.security_groups.module.rdsdb_sg.aws_security_group_rule.computed_ingress_with_cidr_blocks",
            "module.security_groups.module.rdsdb_sg.aws_security_group_rule.computed_ingress_with_ipv6_cidr_blocks",
            "module.security_groups.module.rdsdb_sg.aws_security_group_rule.computed_ingress_with_prefix_list_ids",
            "module.security_groups.module.rdsdb_sg.aws_security_group_rule.computed_ingress_with_self",
            "module.security_groups.module.rdsdb_sg.aws_security_group_rule.computed_ingress_with_source_security_group_id",
            "module.security_groups.module.rdsdb_sg.aws_security_group_rule.egress_rules",
            "module.security_groups.module.rdsdb_sg.aws_security_group_rule.egress_with_cidr_blocks",
            "module.security_groups.module.rdsdb_sg.aws_security_group_rule.egress_with_ipv6_cidr_blocks",
            "module.security_groups.module.rdsdb_sg.aws_security_group_rule.egress_with_prefix_list_ids",
            "module.security_groups.module.rdsdb_sg.aws_security_group_rule.egress_with_self",
            "module.security_groups.module.rdsdb_sg.aws_security_group_rule.egress_with_source_security_group_id",
            "module.security_groups.module.rdsdb_sg.aws_security_group_rule.ingress_rules",
            "module.security_groups.module.rdsdb_sg.aws_security_group_rule.ingress_with_cidr_blocks",
            "module.security_groups.module.rdsdb_sg.aws_security_group_rule.ingress_with_ipv6_cidr_blocks",
            "module.security_groups.module.rdsdb_sg.aws_security_group_rule.ingress_with_prefix_list_ids",
            "module.security_groups.module.rdsdb_sg.aws_security_group_rule.ingress_with_self",
            "module.security_groups.module.rdsdb_sg.aws_security_group_rule.ingress_with_source_security_group_id",
            "module.vpc.module.vpc.aws_cloudwatch_log_group.flow_log",
            "module.vpc.module.vpc.aws_customer_gateway.this",
            "module.vpc.module.vpc.aws_db_subnet_group.database",
            "module.vpc.module.vpc.aws_default_network_acl.this",
            "module.vpc.module.vpc.aws_default_route_table.default",
            "module.vpc.module.vpc.aws_default_security_group.this",
            "module.vpc.module.vpc.aws_default_vpc.this",
            "module.vpc.module.vpc.aws_egress_only_internet_gateway.this",
            "module.vpc.module.vpc.aws_eip.nat",
            "module.vpc.module.vpc.aws_elasticache_subnet_group.elasticache",
            "module.vpc.module.vpc.aws_flow_log.this",
            "module.vpc.module.vpc.aws_iam_policy.vpc_flow_log_cloudwatch",
            "module.vpc.module.vpc.aws_iam_role.vpc_flow_log_cloudwatch",
            "module.vpc.module.vpc.aws_iam_role_policy_attachment.vpc_flow_log_cloudwatch",
            "module.vpc.module.vpc.aws_internet_gateway.this",
            "module.vpc.module.vpc.aws_nat_gateway.this",
            "module.vpc.module.vpc.aws_network_acl.database",
            "module.vpc.module.vpc.aws_network_acl.elasticache",
            "module.vpc.module.vpc.aws_network_acl.intra",
            "module.vpc.module.vpc.aws_network_acl.outpost",
            "module.vpc.module.vpc.aws_network_acl.private",
            "module.vpc.module.vpc.aws_network_acl.public",
            "module.vpc.module.vpc.aws_network_acl.redshift",
            "module.vpc.module.vpc.aws_network_acl_rule.database_inbound",
            "module.vpc.module.vpc.aws_network_acl_rule.database_outbound",
            "module.vpc.module.vpc.aws_network_acl_rule.elasticache_inbound",
            "module.vpc.module.vpc.aws_network_acl_rule.elasticache_outbound",
            "module.vpc.module.vpc.aws_network_acl_rule.intra_inbound",
            "module.vpc.module.vpc.aws_network_acl_rule.intra_outbound",
            "module.vpc.module.vpc.aws_network_acl_rule.outpost_inbound",
            "module.vpc.module.vpc.aws_network_acl_rule.outpost_outbound",
            "module.vpc.module.vpc.aws_network_acl_rule.private_inbound",
            "module.vpc.module.vpc.aws_network_acl_rule.private_outbound",
            "module.vpc.module.vpc.aws_network_acl_rule.public_inbound",
            "module.vpc.module.vpc.aws_network_acl_rule.public_outbound",
            "module.vpc.module.vpc.aws_network_acl_rule.redshift_inbound",
            "module.vpc.module.vpc.aws_network_acl_rule.redshift_outbound",
            "module.vpc.module.vpc.aws_redshift_subnet_group.redshift",
            "module.vpc.module.vpc.aws_route.database_dns64_nat_gateway",
            "module.vpc.module.vpc.aws_route.database_internet_gateway",
            "module.vpc.module.vpc.aws_route.database_ipv6_egress",
            "module.vpc.module.vpc.aws_route.database_nat_gateway",
            "module.vpc.module.vpc.aws_route.private_dns64_nat_gateway",
            "module.vpc.module.vpc.aws_route.private_ipv6_egress",
            "module.vpc.module.vpc.aws_route.private_nat_gateway",
            "module.vpc.module.vpc.aws_route.public_internet_gateway",
            "module.vpc.module.vpc.aws_route.public_internet_gateway_ipv6",
            "module.vpc.module.vpc.aws_route_table.database",
            "module.vpc.module.vpc.aws_route_table.elasticache",
            "module.vpc.module.vpc.aws_route_table.intra",
            "module.vpc.module.vpc.aws_route_table.private",
            "module.vpc.module.vpc.aws_route_table.public",
            "module.vpc.module.vpc.aws_route_table.redshift",
            "module.vpc.module.vpc.aws_route_table_association.database",
            "module.vpc.module.vpc.aws_route_table_association.elasticache",
            "module.vpc.module.vpc.aws_route_table_association.intra",
            "module.vpc.module.vpc.aws_route_table_association.outpost",
            "module.vpc.module.vpc.aws_route_table_association.private",
            "module.vpc.module.vpc.aws_route_table_association.public",
            "module.vpc.module.vpc.aws_route_table_association.redshift",
            "module.vpc.module.vpc.aws_route_table_association.redshift_public",
            "module.vpc.module.vpc.aws_subnet.database",
            "module.vpc.module.vpc.aws_subnet.elasticache",
            "module.vpc.module.vpc.aws_subnet.intra",
            "module.vpc.module.vpc.aws_subnet.outpost",
            "module.vpc.module.vpc.aws_subnet.private",
            "module.vpc.module.vpc.aws_subnet.public",
            "module.vpc.module.vpc.aws_subnet.redshift",
            "module.vpc.module.vpc.aws_vpc.this",
            "module.vpc.module.vpc.aws_vpc_dhcp_options.this",
            "module.vpc.module.vpc.aws_vpc_dhcp_options_association.this",
            "module.vpc.module.vpc.aws_vpc_ipv4_cidr_block_association.this",
            "module.vpc.module.vpc.aws_vpn_gateway.this",
            "module.vpc.module.vpc.aws_vpn_gateway_attachment.this",
            "module.vpc.module.vpc.aws_vpn_gateway_route_propagation.intra",
            "module.vpc.module.vpc.aws_vpn_gateway_route_propagation.private",
            "module.vpc.module.vpc.aws_vpn_gateway_route_propagation.public",
            "module.vpc.module.vpc.data.aws_iam_policy_document.flow_log_cloudwatch_assume_role",
            "module.vpc.module.vpc.data.aws_iam_policy_document.vpc_flow_log_cloudwatch"
          ],
          "create_before_destroy": true
        },
        {
          "index_key": "1",
          "schema_version": 2,
          "attributes": {
            "ami": "ami-0199fa5fada510433",
            "arn": "arn:aws:ec2:us-east-1:043509840958:instance/i-0bb7b04ab0245e9e5",
            "associate_public_ip_address": false,
            "availability_zone": "us-east-1b",
            "capacity_reservation_specification": [
              {
                "capacity_reservation_preference": "open",
                "capacity_reservation_target": []
              }
            ],
            "cpu_options": [
              {
                "amd_sev_snp": "",
                "core_count": 1,
                "nested_virtualization": "",
                "threads_per_core": 2
              }
            ],
            "credit_specification": [
              {
                "cpu_credits": "unlimited"
              }
            ],
            "disable_api_stop": false,
            "disable_api_termination": false,
            "ebs_block_device": [],
            "ebs_optimized": false,
            "enable_primary_ipv6": null,
            "enclave_options": [
              {
                "enabled": false
              }
            ],
            "ephemeral_block_device": [],
            "force_destroy": false,
            "get_password_data": false,
            "hibernation": false,
            "host_id": "",
            "host_resource_group_arn": null,
            "iam_instance_profile": "",
            "id": "i-0bb7b04ab0245e9e5",
            "instance_initiated_shutdown_behavior": "stop",
            "instance_lifecycle": "",
            "instance_market_options": [],
            "instance_state": "running",
            "instance_type": "t3.micro",
            "ipv6_address_count": 0,
            "ipv6_addresses": [],
            "key_name": "eks-terraform-key",
            "launch_template": [],
            "maintenance_options": [
              {
                "auto_recovery": "default"
              }
            ],
            "metadata_options": [
              {
                "http_endpoint": "enabled",
                "http_protocol_ipv6": "disabled",
                "http_put_response_hop_limit": 1,
                "http_tokens": "optional",
                "instance_metadata_tags": "disabled"
              }
            ],
            "monitoring": false,
            "network_interface": [],
            "outpost_arn": "",
            "password_data": "",
            "placement_group": "",
            "placement_group_id": "",
            "placement_partition_number": 0,
            "primary_network_interface": [
              {
                "delete_on_termination": true,
                "network_interface_id": "eni-05eb4ff655a58076c"
              }
            ],
            "primary_network_interface_id": "eni-05eb4ff655a58076c",
            "private_dns": "ip-10-0-2-60.ec2.internal",
            "private_dns_name_options": [
              {
                "enable_resource_name_dns_a_record": false,
                "enable_resource_name_dns_aaaa_record": false,
                "hostname_type": "ip-name"
              }
            ],
            "private_ip": "10.0.2.60",
            "public_dns": "",
            "public_ip": "",
            "region": "us-east-1",
            "root_block_device": [
              {
                "delete_on_termination": true,
                "device_name": "/dev/xvda",
                "encrypted": false,
                "iops": 100,
                "kms_key_id": "",
                "tags": {},
                "tags_all": {},
                "throughput": 0,
                "volume_id": "vol-0830f9ffc5267b10a",
                "volume_size": 8,
                "volume_type": "gp2"
              }
            ],
            "secondary_network_interface": [],
            "secondary_private_ips": [],
            "security_groups": [],
            "source_dest_check": true,
            "spot_instance_request_id": "",
            "subnet_id": "subnet-053cccbc151485b24",
            "tags": {
              "ManagedBy": "Terraform",
              "Name": "dev-app-app1-dnsdb-1",
              "Project": "terraform-aws-infrastructure",
              "environment": "dev",
              "owners": "hr"
            },
            "tags_all": {
              "ManagedBy": "Terraform",
              "Name": "dev-app-app1-dnsdb-1",
              "Project": "terraform-aws-infrastructure",
              "environment": "dev",
              "owners": "hr"
            },
            "tenancy": "default",
            "timeouts": null,
            "user_data": "#! /bin/bash\n# Instance Identity Metadata Reference - https://docs.aws.amazon.com/AWSEC2/latest/UserGuide/instance-identity-documents.html\nsudo yum update -y\nsudo yum install -y httpd\nsudo systemctl enable httpd\nsudo service httpd start  \nsudo echo '\u003ch1\u003eWelcome to StackSimplify - APP-1\u003c/h1\u003e' | sudo tee /var/www/html/index.html\nsudo mkdir /var/www/html/app1\nsudo echo '\u003c!DOCTYPE html\u003e \u003chtml\u003e \u003cbody style=\"background-color:rgb(250, 210, 210);\"\u003e \u003ch1\u003eWelcome to Stack Simplify - APP-1\u003c/h1\u003e \u003cp\u003eTerraform Demo\u003c/p\u003e \u003cp\u003eApplication Version: V1\u003c/p\u003e \u003c/body\u003e\u003c/html\u003e' | sudo tee /var/www/html/app1/index.html\n#sudo curl http://169.254.169.254/latest/dynamic/instance-identity/document -o /var/www/html/app1/metadata.html\nTOKEN=`curl -X PUT \"http://169.254.169.254/latest/api/token\" -H \"X-aws-ec2-metadata-token-ttl-seconds: 21600\"`\nsudo curl -H \"X-aws-ec2-metadata-token: $TOKEN\" http://169.254.169.254/latest/dynamic/instance-identity/document -o /var/www/html/app1/metadata.html\n# AWS Documentation to retrieve EC2 Instance Data\n# https://docs.aws.amazon.com/AWSEC2/latest/UserGuide/instancedata-data-retrieval.html\n",
            "user_data_base64": null,
            "user_data_replace_on_change": false,
            "volume_tags": null,
            "vpc_security_group_ids": [
              "sg-0f16d018079c0e071"
            ]
          },
          "sensitive_attributes": [],
          "identity_schema_version": 0,
          "identity": {
            "account_id": "043509840958",
            "id": "i-0bb7b04ab0245e9e5",
            "region": "us-east-1"
          },
          "private": "eyJlMmJmYjczMC1lY2FhLTExZTYtOGY4OC0zNDM2M2JjN2M0YzAiOnsiY3JlYXRlIjo2MDAwMDAwMDAwMDAsImRlbGV0ZSI6MTIwMDAwMDAwMDAwMCwicmVhZCI6OTAwMDAwMDAwMDAwLCJ1cGRhdGUiOjYwMDAwMDAwMDAwMH0sInNjaGVtYV92ZXJzaW9uIjoiMiJ9",
          "dependencies": [
            "data.aws_ami.amzlinux2",
            "module.security_groups.module.loadbalancer_sg.aws_security_group.this",
            "module.security_groups.module.loadbalancer_sg.aws_security_group.this_name_prefix",
            "module.security_groups.module.loadbalancer_sg.aws_security_group_rule.computed_egress_rules",
            "module.security_groups.module.loadbalancer_sg.aws_security_group_rule.computed_egress_with_cidr_blocks",
            "module.security_groups.module.loadbalancer_sg.aws_security_group_rule.computed_egress_with_ipv6_cidr_blocks",
            "module.security_groups.module.loadbalancer_sg.aws_security_group_rule.computed_egress_with_prefix_list_ids",
            "module.security_groups.module.loadbalancer_sg.aws_security_group_rule.computed_egress_with_self",
            "module.security_groups.module.loadbalancer_sg.aws_security_group_rule.computed_egress_with_source_security_group_id",
            "module.security_groups.module.loadbalancer_sg.aws_security_group_rule.computed_ingress_rules",
            "module.security_groups.module.loadbalancer_sg.aws_security_group_rule.computed_ingress_with_cidr_blocks",
            "module.security_groups.module.loadbalancer_sg.aws_security_group_rule.computed_ingress_with_ipv6_cidr_blocks",
            "module.security_groups.module.loadbalancer_sg.aws_security_group_rule.computed_ingress_with_prefix_list_ids",
            "module.security_groups.module.loadbalancer_sg.aws_security_group_rule.computed_ingress_with_self",
            "module.security_groups.module.loadbalancer_sg.aws_security_group_rule.computed_ingress_with_source_security_group_id",
            "module.security_groups.module.loadbalancer_sg.aws_security_group_rule.egress_rules",
            "module.security_groups.module.loadbalancer_sg.aws_security_group_rule.egress_with_cidr_blocks",
            "module.security_groups.module.loadbalancer_sg.aws_security_group_rule.egress_with_ipv6_cidr_blocks",
            "module.security_groups.module.loadbalancer_sg.aws_security_group_rule.egress_with_prefix_list_ids",
            "module.security_groups.module.loadbalancer_sg.aws_security_group_rule.egress_with_self",
            "module.security_groups.module.loadbalancer_sg.aws_security_group_rule.egress_with_source_security_group_id",
            "module.security_groups.module.loadbalancer_sg.aws_security_group_rule.ingress_rules",
            "module.security_groups.module.loadbalancer_sg.aws_security_group_rule.ingress_with_cidr_blocks",
            "module.security_groups.module.loadbalancer_sg.aws_security_group_rule.ingress_with_ipv6_cidr_blocks",
            "module.security_groups.module.loadbalancer_sg.aws_security_group_rule.ingress_with_prefix_list_ids",
            "module.security_groups.module.loadbalancer_sg.aws_security_group_rule.ingress_with_self",
            "module.security_groups.module.loadbalancer_sg.aws_security_group_rule.ingress_with_source_security_group_id",
            "module.security_groups.module.private_sg.aws_security_group.this",
            "module.security_groups.module.private_sg.aws_security_group.this_name_prefix",
            "module.security_groups.module.private_sg.aws_security_group_rule.computed_egress_rules",
            "module.security_groups.module.private_sg.aws_security_group_rule.computed_egress_with_cidr_blocks",
            "module.security_groups.module.private_sg.aws_security_group_rule.computed_egress_with_ipv6_cidr_blocks",
            "module.security_groups.module.private_sg.aws_security_group_rule.computed_egress_with_prefix_list_ids",
            "module.security_groups.module.private_sg.aws_security_group_rule.computed_egress_with_self",
            "module.security_groups.module.private_sg.aws_security_group_rule.computed_egress_with_source_security_group_id",
            "module.security_groups.module.private_sg.aws_security_group_rule.computed_ingress_rules",
            "module.security_groups.module.private_sg.aws_security_group_rule.computed_ingress_with_cidr_blocks",
            "module.security_groups.module.private_sg.aws_security_group_rule.computed_ingress_with_ipv6_cidr_blocks",
            "module.security_groups.module.private_sg.aws_security_group_rule.computed_ingress_with_prefix_list_ids",
            "module.security_groups.module.private_sg.aws_security_group_rule.computed_ingress_with_self",
            "module.security_groups.module.private_sg.aws_security_group_rule.computed_ingress_with_source_security_group_id",
            "module.security_groups.module.private_sg.aws_security_group_rule.egress_rules",
            "module.security_groups.module.private_sg.aws_security_group_rule.egress_with_cidr_blocks",
            "module.security_groups.module.private_sg.aws_security_group_rule.egress_with_ipv6_cidr_blocks",
            "module.security_groups.module.private_sg.aws_security_group_rule.egress_with_prefix_list_ids",
            "module.security_groups.module.private_sg.aws_security_group_rule.egress_with_self",
            "module.security_groups.module.private_sg.aws_security_group_rule.egress_with_source_security_group_id",
            "module.security_groups.module.private_sg.aws_security_group_rule.ingress_rules",
            "module.security_groups.module.private_sg.aws_security_group_rule.ingress_with_cidr_blocks",
            "module.security_groups.module.private_sg.aws_security_group_rule.ingress_with_ipv6_cidr_blocks",
            "module.security_groups.module.private_sg.aws_security_group_rule.ingress_with_prefix_list_ids",
            "module.security_groups.module.private_sg.aws_security_group_rule.ingress_with_self",
            "module.security_groups.module.private_sg.aws_security_group_rule.ingress_with_source_security_group_id",
            "module.security_groups.module.public_bastion_sg.aws_security_group.this",
            "module.security_groups.module.public_bastion_sg.aws_security_group.this_name_prefix",
            "module.security_groups.module.public_bastion_sg.aws_security_group_rule.computed_egress_rules",
            "module.security_groups.module.public_bastion_sg.aws_security_group_rule.computed_egress_with_cidr_blocks",
            "module.security_groups.module.public_bastion_sg.aws_security_group_rule.computed_egress_with_ipv6_cidr_blocks",
            "module.security_groups.module.public_bastion_sg.aws_security_group_rule.computed_egress_with_prefix_list_ids",
            "module.security_groups.module.public_bastion_sg.aws_security_group_rule.computed_egress_with_self",
            "module.security_groups.module.public_bastion_sg.aws_security_group_rule.computed_egress_with_source_security_group_id",
            "module.security_groups.module.public_bastion_sg.aws_security_group_rule.computed_ingress_rules",
            "module.security_groups.module.public_bastion_sg.aws_security_group_rule.computed_ingress_with_cidr_blocks",
            "module.security_groups.module.public_bastion_sg.aws_security_group_rule.computed_ingress_with_ipv6_cidr_blocks",
            "module.security_groups.module.public_bastion_sg.aws_security_group_rule.computed_ingress_with_prefix_list_ids",
            "module.security_groups.module.public_bastion_sg.aws_security_group_rule.computed_ingress_with_self",
            "module.security_groups.module.public_bastion_sg.aws_security_group_rule.computed_ingress_with_source_security_group_id",
            "module.security_groups.module.public_bastion_sg.aws_security_group_rule.egress_rules",
            "module.security_groups.module.public_bastion_sg.aws_security_group_rule.egress_with_cidr_blocks",
            "module.security_groups.module.public_bastion_sg.aws_security_group_rule.egress_with_ipv6_cidr_blocks",
            "module.security_groups.module.public_bastion_sg.aws_security_group_rule.egress_with_prefix_list_ids",
            "module.security_groups.module.public_bastion_sg.aws_security_group_rule.egress_with_self",
            "module.security_groups.module.public_bastion_sg.aws_security_group_rule.egress_with_source_security_group_id",
            "module.security_groups.module.public_bastion_sg.aws_security_group_rule.ingress_rules",
            "module.security_groups.module.public_bastion_sg.aws_security_group_rule.ingress_with_cidr_blocks",
            "module.security_groups.module.public_bastion_sg.aws_security_group_rule.ingress_with_ipv6_cidr_blocks",
            "module.security_groups.module.public_bastion_sg.aws_security_group_rule.ingress_with_prefix_list_ids",
            "module.security_groups.module.public_bastion_sg.aws_security_group_rule.ingress_with_self",
            "module.security_groups.module.public_bastion_sg.aws_security_group_rule.ingress_with_source_security_group_id",
            "module.security_groups.module.rdsdb_sg.aws_security_group.this",
            "module.security_groups.module.rdsdb_sg.aws_security_group.this_name_prefix",
            "module.security_groups.module.rdsdb_sg.aws_security_group_rule.computed_egress_rules",
            "module.security_groups.module.rdsdb_sg.aws_security_group_rule.computed_egress_with_cidr_blocks",
            "module.security_groups.module.rdsdb_sg.aws_security_group_rule.computed_egress_with_ipv6_cidr_blocks",
            "module.security_groups.module.rdsdb_sg.aws_security_group_rule.computed_egress_with_prefix_list_ids",
            "module.security_groups.module.rdsdb_sg.aws_security_group_rule.computed_egress_with_self",
            "module.security_groups.module.rdsdb_sg.aws_security_group_rule.computed_egress_with_source_security_group_id",
            "module.security_groups.module.rdsdb_sg.aws_security_group_rule.computed_ingress_rules",
            "module.security_groups.module.rdsdb_sg.aws_security_group_rule.computed_ingress_with_cidr_blocks",
            "module.security_groups.module.rdsdb_sg.aws_security_group_rule.computed_ingress_with_ipv6_cidr_blocks",
            "module.security_groups.module.rdsdb_sg.aws_security_group_rule.computed_ingress_with_prefix_list_ids",
            "module.security_groups.module.rdsdb_sg.aws_security_group_rule.computed_ingress_with_self",
            "module.security_groups.module.rdsdb_sg.aws_security_group_rule.computed_ingress_with_source_security_group_id",
            "module.security_groups.module.rdsdb_sg.aws_security_group_rule.egress_rules",
            "module.security_groups.module.rdsdb_sg.aws_security_group_rule.egress_with_cidr_blocks",
            "module.security_groups.module.rdsdb_sg.aws_security_group_rule.egress_with_ipv6_cidr_blocks",
            "module.security_groups.module.rdsdb_sg.aws_security_group_rule.egress_with_prefix_list_ids",
            "module.security_groups.module.rdsdb_sg.aws_security_group_rule.egress_with_self",
            "module.security_groups.module.rdsdb_sg.aws_security_group_rule.egress_with_source_security_group_id",
            "module.security_groups.module.rdsdb_sg.aws_security_group_rule.ingress_rules",
            "module.security_groups.module.rdsdb_sg.aws_security_group_rule.ingress_with_cidr_blocks",
            "module.security_groups.module.rdsdb_sg.aws_security_group_rule.ingress_with_ipv6_cidr_blocks",
            "module.security_groups.module.rdsdb_sg.aws_security_group_rule.ingress_with_prefix_list_ids",
            "module.security_groups.module.rdsdb_sg.aws_security_group_rule.ingress_with_self",
            "module.security_groups.module.rdsdb_sg.aws_security_group_rule.ingress_with_source_security_group_id",
            "module.vpc.module.vpc.aws_cloudwatch_log_group.flow_log",
            "module.vpc.module.vpc.aws_customer_gateway.this",
            "module.vpc.module.vpc.aws_db_subnet_group.database",
            "module.vpc.module.vpc.aws_default_network_acl.this",
            "module.vpc.module.vpc.aws_default_route_table.default",
            "module.vpc.module.vpc.aws_default_security_group.this",
            "module.vpc.module.vpc.aws_default_vpc.this",
            "module.vpc.module.vpc.aws_egress_only_internet_gateway.this",
            "module.vpc.module.vpc.aws_eip.nat",
            "module.vpc.module.vpc.aws_elasticache_subnet_group.elasticache",
            "module.vpc.module.vpc.aws_flow_log.this",
            "module.vpc.module.vpc.aws_iam_policy.vpc_flow_log_cloudwatch",
            "module.vpc.module.vpc.aws_iam_role.vpc_flow_log_cloudwatch",
            "module.vpc.module.vpc.aws_iam_role_policy_attachment.vpc_flow_log_cloudwatch",
            "module.vpc.module.vpc.aws_internet_gateway.this",
            "module.vpc.module.vpc.aws_nat_gateway.this",
            "module.vpc.module.vpc.aws_network_acl.database",
            "module.vpc.module.vpc.aws_network_acl.elasticache",
            "module.vpc.module.vpc.aws_network_acl.intra",
            "module.vpc.module.vpc.aws_network_acl.outpost",
            "module.vpc.module.vpc.aws_network_acl.private",
            "module.vpc.module.vpc.aws_network_acl.public",
            "module.vpc.module.vpc.aws_network_acl.redshift",
            "module.vpc.module.vpc.aws_network_acl_rule.database_inbound",
            "module.vpc.module.vpc.aws_network_acl_rule.database_outbound",
            "module.vpc.module.vpc.aws_network_acl_rule.elasticache_inbound",
            "module.vpc.module.vpc.aws_network_acl_rule.elasticache_outbound",
            "module.vpc.module.vpc.aws_network_acl_rule.intra_inbound",
            "module.vpc.module.vpc.aws_network_acl_rule.intra_outbound",
            "module.vpc.module.vpc.aws_network_acl_rule.outpost_inbound",
            "module.vpc.module.vpc.aws_network_acl_rule.outpost_outbound",
            "module.vpc.module.vpc.aws_network_acl_rule.private_inbound",
            "module.vpc.module.vpc.aws_network_acl_rule.private_outbound",
            "module.vpc.module.vpc.aws_network_acl_rule.public_inbound",
            "module.vpc.module.vpc.aws_network_acl_rule.public_outbound",
            "module.vpc.module.vpc.aws_network_acl_rule.redshift_inbound",
            "module.vpc.module.vpc.aws_network_acl_rule.redshift_outbound",
            "module.vpc.module.vpc.aws_redshift_subnet_group.redshift",
            "module.vpc.module.vpc.aws_route.database_dns64_nat_gateway",
            "module.vpc.module.vpc.aws_route.database_internet_gateway",
            "module.vpc.module.vpc.aws_route.database_ipv6_egress",
            "module.vpc.module.vpc.aws_route.database_nat_gateway",
            "module.vpc.module.vpc.aws_route.private_dns64_nat_gateway",
            "module.vpc.module.vpc.aws_route.private_ipv6_egress",
            "module.vpc.module.vpc.aws_route.private_nat_gateway",
            "module.vpc.module.vpc.aws_route.public_internet_gateway",
            "module.vpc.module.vpc.aws_route.public_internet_gateway_ipv6",
            "module.vpc.module.vpc.aws_route_table.database",
            "module.vpc.module.vpc.aws_route_table.elasticache",
            "module.vpc.module.vpc.aws_route_table.intra",
            "module.vpc.module.vpc.aws_route_table.private",
            "module.vpc.module.vpc.aws_route_table.public",
            "module.vpc.module.vpc.aws_route_table.redshift",
            "module.vpc.module.vpc.aws_route_table_association.database",
            "module.vpc.module.vpc.aws_route_table_association.elasticache",
            "module.vpc.module.vpc.aws_route_table_association.intra",
            "module.vpc.module.vpc.aws_route_table_association.outpost",
            "module.vpc.module.vpc.aws_route_table_association.private",
            "module.vpc.module.vpc.aws_route_table_association.public",
            "module.vpc.module.vpc.aws_route_table_association.redshift",
            "module.vpc.module.vpc.aws_route_table_association.redshift_public",
            "module.vpc.module.vpc.aws_subnet.database",
            "module.vpc.module.vpc.aws_subnet.elasticache",
            "module.vpc.module.vpc.aws_subnet.intra",
            "module.vpc.module.vpc.aws_subnet.outpost",
            "module.vpc.module.vpc.aws_subnet.private",
            "module.vpc.module.vpc.aws_subnet.public",
            "module.vpc.module.vpc.aws_subnet.redshift",
            "module.vpc.module.vpc.aws_vpc.this",
            "module.vpc.module.vpc.aws_vpc_dhcp_options.this",
            "module.vpc.module.vpc.aws_vpc_dhcp_options_association.this",
            "module.vpc.module.vpc.aws_vpc_ipv4_cidr_block_association.this",
            "module.vpc.module.vpc.aws_vpn_gateway.this",
            "module.vpc.module.vpc.aws_vpn_gateway_attachment.this",
            "module.vpc.module.vpc.aws_vpn_gateway_route_propagation.intra",
            "module.vpc.module.vpc.aws_vpn_gateway_route_propagation.private",
            "module.vpc.module.vpc.aws_vpn_gateway_route_propagation.public",
            "module.vpc.module.vpc.data.aws_iam_policy_document.flow_log_cloudwatch_assume_role",
            "module.vpc.module.vpc.data.aws_iam_policy_document.vpc_flow_log_cloudwatch"
          ],
          "create_before_destroy": true
        }
      ]
    },
    {
      "module": "module.ec2_application",
      "mode": "managed",
      "type": "aws_instance",
      "name": "app1_pathbased",
      "provider": "provider[\"registry.terraform.io/hashicorp/aws\"]",
      "instances": [
        {
          "index_key": "0",
          "schema_version": 2,
          "attributes": {
            "ami": "ami-0199fa5fada510433",
            "arn": "arn:aws:ec2:us-east-1:043509840958:instance/i-0062c981119999900",
            "associate_public_ip_address": false,
            "availability_zone": "us-east-1a",
            "capacity_reservation_specification": [
              {
                "capacity_reservation_preference": "open",
                "capacity_reservation_target": []
              }
            ],
            "cpu_options": [
              {
                "amd_sev_snp": "",
                "core_count": 1,
                "nested_virtualization": "",
                "threads_per_core": 2
              }
            ],
            "credit_specification": [
              {
                "cpu_credits": "unlimited"
              }
            ],
            "disable_api_stop": false,
            "disable_api_termination": false,
            "ebs_block_device": [],
            "ebs_optimized": false,
            "enable_primary_ipv6": null,
            "enclave_options": [
              {
                "enabled": false
              }
            ],
            "ephemeral_block_device": [],
            "force_destroy": false,
            "get_password_data": false,
            "hibernation": false,
            "host_id": "",
            "host_resource_group_arn": null,
            "iam_instance_profile": "",
            "id": "i-0062c981119999900",
            "instance_initiated_shutdown_behavior": "stop",
            "instance_lifecycle": "",
            "instance_market_options": [],
            "instance_state": "running",
            "instance_type": "t3.micro",
            "ipv6_address_count": 0,
            "ipv6_addresses": [],
            "key_name": "eks-terraform-key",
            "launch_template": [],
            "maintenance_options": [
              {
                "auto_recovery": "default"
              }
            ],
            "metadata_options": [
              {
                "http_endpoint": "enabled",
                "http_protocol_ipv6": "disabled",
                "http_put_response_hop_limit": 1,
                "http_tokens": "optional",
                "instance_metadata_tags": "disabled"
              }
            ],
            "monitoring": false,
            "network_interface": [],
            "outpost_arn": "",
            "password_data": "",
            "placement_group": "",
            "placement_group_id": "",
            "placement_partition_number": 0,
            "primary_network_interface": [
              {
                "delete_on_termination": true,
                "network_interface_id": "eni-084b30fd063c396dc"
              }
            ],
            "primary_network_interface_id": "eni-084b30fd063c396dc",
            "private_dns": "ip-10-0-1-132.ec2.internal",
            "private_dns_name_options": [
              {
                "enable_resource_name_dns_a_record": false,
                "enable_resource_name_dns_aaaa_record": false,
                "hostname_type": "ip-name"
              }
            ],
            "private_ip": "10.0.1.132",
            "public_dns": "",
            "public_ip": "",
            "region": "us-east-1",
            "root_block_device": [
              {
                "delete_on_termination": true,
                "device_name": "/dev/xvda",
                "encrypted": false,
                "iops": 100,
                "kms_key_id": "",
                "tags": {},
                "tags_all": {},
                "throughput": 0,
                "volume_id": "vol-0743319cb6b744301",
                "volume_size": 8,
                "volume_type": "gp2"
              }
            ],
            "secondary_network_interface": [],
            "secondary_private_ips": [],
            "security_groups": [],
            "source_dest_check": true,
            "spot_instance_request_id": "",
            "subnet_id": "subnet-07869b2c047a1f5d2",
            "tags": {
              "ManagedBy": "Terraform",
              "Name": "dev-app-app1-pathbased-0",
              "Project": "terraform-aws-infrastructure",
              "environment": "dev",
              "owners": "hr"
            },
            "tags_all": {
              "ManagedBy": "Terraform",
              "Name": "dev-app-app1-pathbased-0",
              "Project": "terraform-aws-infrastructure",
              "environment": "dev",
              "owners": "hr"
            },
            "tenancy": "default",
            "timeouts": null,
            "user_data": "#! /bin/bash\n# Instance Identity Metadata Reference - https://docs.aws.amazon.com/AWSEC2/latest/UserGuide/instance-identity-documents.html\nsudo yum update -y\nsudo yum install -y httpd\nsudo systemctl enable httpd\nsudo service httpd start  \nsudo echo '\u003ch1\u003eWelcome to StackSimplify - APP-1\u003c/h1\u003e' | sudo tee /var/www/html/index.html\nsudo mkdir /var/www/html/app1\nsudo echo '\u003c!DOCTYPE html\u003e \u003chtml\u003e \u003cbody style=\"background-color:rgb(250, 210, 210);\"\u003e \u003ch1\u003eWelcome to Stack Simplify - APP-1\u003c/h1\u003e \u003cp\u003eTerraform Demo\u003c/p\u003e \u003cp\u003eApplication Version: V1\u003c/p\u003e \u003c/body\u003e\u003c/html\u003e' | sudo tee /var/www/html/app1/index.html\n#sudo curl http://169.254.169.254/latest/dynamic/instance-identity/document -o /var/www/html/app1/metadata.html\nTOKEN=`curl -X PUT \"http://169.254.169.254/latest/api/token\" -H \"X-aws-ec2-metadata-token-ttl-seconds: 21600\"`\nsudo curl -H \"X-aws-ec2-metadata-token: $TOKEN\" http://169.254.169.254/latest/dynamic/instance-identity/document -o /var/www/html/app1/metadata.html\n# AWS Documentation to retrieve EC2 Instance Data\n# https://docs.aws.amazon.com/AWSEC2/latest/UserGuide/instancedata-data-retrieval.html\n",
            "user_data_base64": null,
            "user_data_replace_on_change": false,
            "volume_tags": null,
            "vpc_security_group_ids": [
              "sg-0f16d018079c0e071"
            ]
          },
          "sensitive_attributes": [],
          "identity_schema_version": 0,
          "identity": {
            "account_id": "043509840958",
            "id": "i-0062c981119999900",
            "region": "us-east-1"
          },
          "private": "eyJlMmJmYjczMC1lY2FhLTExZTYtOGY4OC0zNDM2M2JjN2M0YzAiOnsiY3JlYXRlIjo2MDAwMDAwMDAwMDAsImRlbGV0ZSI6MTIwMDAwMDAwMDAwMCwicmVhZCI6OTAwMDAwMDAwMDAwLCJ1cGRhdGUiOjYwMDAwMDAwMDAwMH0sInNjaGVtYV92ZXJzaW9uIjoiMiJ9",
          "dependencies": [
            "data.aws_ami.amzlinux2",
            "module.security_groups.module.loadbalancer_sg.aws_security_group.this",
            "module.security_groups.module.loadbalancer_sg.aws_security_group.this_name_prefix",
            "module.security_groups.module.loadbalancer_sg.aws_security_group_rule.computed_egress_rules",
            "module.security_groups.module.loadbalancer_sg.aws_security_group_rule.computed_egress_with_cidr_blocks",
            "module.security_groups.module.loadbalancer_sg.aws_security_group_rule.computed_egress_with_ipv6_cidr_blocks",
            "module.security_groups.module.loadbalancer_sg.aws_security_group_rule.computed_egress_with_prefix_list_ids",
            "module.security_groups.module.loadbalancer_sg.aws_security_group_rule.computed_egress_with_self",
            "module.security_groups.module.loadbalancer_sg.aws_security_group_rule.computed_egress_with_source_security_group_id",
            "module.security_groups.module.loadbalancer_sg.aws_security_group_rule.computed_ingress_rules",
            "module.security_groups.module.loadbalancer_sg.aws_security_group_rule.computed_ingress_with_cidr_blocks",
            "module.security_groups.module.loadbalancer_sg.aws_security_group_rule.computed_ingress_with_ipv6_cidr_blocks",
            "module.security_groups.module.loadbalancer_sg.aws_security_group_rule.computed_ingress_with_prefix_list_ids",
            "module.security_groups.module.loadbalancer_sg.aws_security_group_rule.computed_ingress_with_self",
            "module.security_groups.module.loadbalancer_sg.aws_security_group_rule.computed_ingress_with_source_security_group_id",
            "module.security_groups.module.loadbalancer_sg.aws_security_group_rule.egress_rules",
            "module.security_groups.module.loadbalancer_sg.aws_security_group_rule.egress_with_cidr_blocks",
            "module.security_groups.module.loadbalancer_sg.aws_security_group_rule.egress_with_ipv6_cidr_blocks",
            "module.security_groups.module.loadbalancer_sg.aws_security_group_rule.egress_with_prefix_list_ids",
            "module.security_groups.module.loadbalancer_sg.aws_security_group_rule.egress_with_self",
            "module.security_groups.module.loadbalancer_sg.aws_security_group_rule.egress_with_source_security_group_id",
            "module.security_groups.module.loadbalancer_sg.aws_security_group_rule.ingress_rules",
            "module.security_groups.module.loadbalancer_sg.aws_security_group_rule.ingress_with_cidr_blocks",
            "module.security_groups.module.loadbalancer_sg.aws_security_group_rule.ingress_with_ipv6_cidr_blocks",
            "module.security_groups.module.loadbalancer_sg.aws_security_group_rule.ingress_with_prefix_list_ids",
            "module.security_groups.module.loadbalancer_sg.aws_security_group_rule.ingress_with_self",
            "module.security_groups.module.loadbalancer_sg.aws_security_group_rule.ingress_with_source_security_group_id",
            "module.security_groups.module.private_sg.aws_security_group.this",
            "module.security_groups.module.private_sg.aws_security_group.this_name_prefix",
            "module.security_groups.module.private_sg.aws_security_group_rule.computed_egress_rules",
            "module.security_groups.module.private_sg.aws_security_group_rule.computed_egress_with_cidr_blocks",
            "module.security_groups.module.private_sg.aws_security_group_rule.computed_egress_with_ipv6_cidr_blocks",
            "module.security_groups.module.private_sg.aws_security_group_rule.computed_egress_with_prefix_list_ids",
            "module.security_groups.module.private_sg.aws_security_group_rule.computed_egress_with_self",
            "module.security_groups.module.private_sg.aws_security_group_rule.computed_egress_with_source_security_group_id",
            "module.security_groups.module.private_sg.aws_security_group_rule.computed_ingress_rules",
            "module.security_groups.module.private_sg.aws_security_group_rule.computed_ingress_with_cidr_blocks",
            "module.security_groups.module.private_sg.aws_security_group_rule.computed_ingress_with_ipv6_cidr_blocks",
            "module.security_groups.module.private_sg.aws_security_group_rule.computed_ingress_with_prefix_list_ids",
            "module.security_groups.module.private_sg.aws_security_group_rule.computed_ingress_with_self",
            "module.security_groups.module.private_sg.aws_security_group_rule.computed_ingress_with_source_security_group_id",
            "module.security_groups.module.private_sg.aws_security_group_rule.egress_rules",
            "module.security_groups.module.private_sg.aws_security_group_rule.egress_with_cidr_blocks",
            "module.security_groups.module.private_sg.aws_security_group_rule.egress_with_ipv6_cidr_blocks",
            "module.security_groups.module.private_sg.aws_security_group_rule.egress_with_prefix_list_ids",
            "module.security_groups.module.private_sg.aws_security_group_rule.egress_with_self",
            "module.security_groups.module.private_sg.aws_security_group_rule.egress_with_source_security_group_id",
            "module.security_groups.module.private_sg.aws_security_group_rule.ingress_rules",
            "module.security_groups.module.private_sg.aws_security_group_rule.ingress_with_cidr_blocks",
            "module.security_groups.module.private_sg.aws_security_group_rule.ingress_with_ipv6_cidr_blocks",
            "module.security_groups.module.private_sg.aws_security_group_rule.ingress_with_prefix_list_ids",
            "module.security_groups.module.private_sg.aws_security_group_rule.ingress_with_self",
            "module.security_groups.module.private_sg.aws_security_group_rule.ingress_with_source_security_group_id",
            "module.security_groups.module.public_bastion_sg.aws_security_group.this",
            "module.security_groups.module.public_bastion_sg.aws_security_group.this_name_prefix",
            "module.security_groups.module.public_bastion_sg.aws_security_group_rule.computed_egress_rules",
            "module.security_groups.module.public_bastion_sg.aws_security_group_rule.computed_egress_with_cidr_blocks",
            "module.security_groups.module.public_bastion_sg.aws_security_group_rule.computed_egress_with_ipv6_cidr_blocks",
            "module.security_groups.module.public_bastion_sg.aws_security_group_rule.computed_egress_with_prefix_list_ids",
            "module.security_groups.module.public_bastion_sg.aws_security_group_rule.computed_egress_with_self",
            "module.security_groups.module.public_bastion_sg.aws_security_group_rule.computed_egress_with_source_security_group_id",
            "module.security_groups.module.public_bastion_sg.aws_security_group_rule.computed_ingress_rules",
            "module.security_groups.module.public_bastion_sg.aws_security_group_rule.computed_ingress_with_cidr_blocks",
            "module.security_groups.module.public_bastion_sg.aws_security_group_rule.computed_ingress_with_ipv6_cidr_blocks",
            "module.security_groups.module.public_bastion_sg.aws_security_group_rule.computed_ingress_with_prefix_list_ids",
            "module.security_groups.module.public_bastion_sg.aws_security_group_rule.computed_ingress_with_self",
            "module.security_groups.module.public_bastion_sg.aws_security_group_rule.computed_ingress_with_source_security_group_id",
            "module.security_groups.module.public_bastion_sg.aws_security_group_rule.egress_rules",
            "module.security_groups.module.public_bastion_sg.aws_security_group_rule.egress_with_cidr_blocks",
            "module.security_groups.module.public_bastion_sg.aws_security_group_rule.egress_with_ipv6_cidr_blocks",
            "module.security_groups.module.public_bastion_sg.aws_security_group_rule.egress_with_prefix_list_ids",
            "module.security_groups.module.public_bastion_sg.aws_security_group_rule.egress_with_self",
            "module.security_groups.module.public_bastion_sg.aws_security_group_rule.egress_with_source_security_group_id",
            "module.security_groups.module.public_bastion_sg.aws_security_group_rule.ingress_rules",
            "module.security_groups.module.public_bastion_sg.aws_security_group_rule.ingress_with_cidr_blocks",
            "module.security_groups.module.public_bastion_sg.aws_security_group_rule.ingress_with_ipv6_cidr_blocks",
            "module.security_groups.module.public_bastion_sg.aws_security_group_rule.ingress_with_prefix_list_ids",
            "module.security_groups.module.public_bastion_sg.aws_security_group_rule.ingress_with_self",
            "module.security_groups.module.public_bastion_sg.aws_security_group_rule.ingress_with_source_security_group_id",
            "module.security_groups.module.rdsdb_sg.aws_security_group.this",
            "module.security_groups.module.rdsdb_sg.aws_security_group.this_name_prefix",
            "module.security_groups.module.rdsdb_sg.aws_security_group_rule.computed_egress_rules",
            "module.security_groups.module.rdsdb_sg.aws_security_group_rule.computed_egress_with_cidr_blocks",
            "module.security_groups.module.rdsdb_sg.aws_security_group_rule.computed_egress_with_ipv6_cidr_blocks",
            "module.security_groups.module.rdsdb_sg.aws_security_group_rule.computed_egress_with_prefix_list_ids",
            "module.security_groups.module.rdsdb_sg.aws_security_group_rule.computed_egress_with_self",
            "module.security_groups.module.rdsdb_sg.aws_security_group_rule.computed_egress_with_source_security_group_id",
            "module.security_groups.module.rdsdb_sg.aws_security_group_rule.computed_ingress_rules",
            "module.security_groups.module.rdsdb_sg.aws_security_group_rule.computed_ingress_with_cidr_blocks",
            "module.security_groups.module.rdsdb_sg.aws_security_group_rule.computed_ingress_with_ipv6_cidr_blocks",
            "module.security_groups.module.rdsdb_sg.aws_security_group_rule.computed_ingress_with_prefix_list_ids",
            "module.security_groups.module.rdsdb_sg.aws_security_group_rule.computed_ingress_with_self",
            "module.security_groups.module.rdsdb_sg.aws_security_group_rule.computed_ingress_with_source_security_group_id",
            "module.security_groups.module.rdsdb_sg.aws_security_group_rule.egress_rules",
            "module.security_groups.module.rdsdb_sg.aws_security_group_rule.egress_with_cidr_blocks",
            "module.security_groups.module.rdsdb_sg.aws_security_group_rule.egress_with_ipv6_cidr_blocks",
            "module.security_groups.module.rdsdb_sg.aws_security_group_rule.egress_with_prefix_list_ids",
            "module.security_groups.module.rdsdb_sg.aws_security_group_rule.egress_with_self",
            "module.security_groups.module.rdsdb_sg.aws_security_group_rule.egress_with_source_security_group_id",
            "module.security_groups.module.rdsdb_sg.aws_security_group_rule.ingress_rules",
            "module.security_groups.module.rdsdb_sg.aws_security_group_rule.ingress_with_cidr_blocks",
            "module.security_groups.module.rdsdb_sg.aws_security_group_rule.ingress_with_ipv6_cidr_blocks",
            "module.security_groups.module.rdsdb_sg.aws_security_group_rule.ingress_with_prefix_list_ids",
            "module.security_groups.module.rdsdb_sg.aws_security_group_rule.ingress_with_self",
            "module.security_groups.module.rdsdb_sg.aws_security_group_rule.ingress_with_source_security_group_id",
            "module.vpc.module.vpc.aws_cloudwatch_log_group.flow_log",
            "module.vpc.module.vpc.aws_customer_gateway.this",
            "module.vpc.module.vpc.aws_db_subnet_group.database",
            "module.vpc.module.vpc.aws_default_network_acl.this",
            "module.vpc.module.vpc.aws_default_route_table.default",
            "module.vpc.module.vpc.aws_default_security_group.this",
            "module.vpc.module.vpc.aws_default_vpc.this",
            "module.vpc.module.vpc.aws_egress_only_internet_gateway.this",
            "module.vpc.module.vpc.aws_eip.nat",
            "module.vpc.module.vpc.aws_elasticache_subnet_group.elasticache",
            "module.vpc.module.vpc.aws_flow_log.this",
            "module.vpc.module.vpc.aws_iam_policy.vpc_flow_log_cloudwatch",
            "module.vpc.module.vpc.aws_iam_role.vpc_flow_log_cloudwatch",
            "module.vpc.module.vpc.aws_iam_role_policy_attachment.vpc_flow_log_cloudwatch",
            "module.vpc.module.vpc.aws_internet_gateway.this",
            "module.vpc.module.vpc.aws_nat_gateway.this",
            "module.vpc.module.vpc.aws_network_acl.database",
            "module.vpc.module.vpc.aws_network_acl.elasticache",
            "module.vpc.module.vpc.aws_network_acl.intra",
            "module.vpc.module.vpc.aws_network_acl.outpost",
            "module.vpc.module.vpc.aws_network_acl.private",
            "module.vpc.module.vpc.aws_network_acl.public",
            "module.vpc.module.vpc.aws_network_acl.redshift",
            "module.vpc.module.vpc.aws_network_acl_rule.database_inbound",
            "module.vpc.module.vpc.aws_network_acl_rule.database_outbound",
            "module.vpc.module.vpc.aws_network_acl_rule.elasticache_inbound",
            "module.vpc.module.vpc.aws_network_acl_rule.elasticache_outbound",
            "module.vpc.module.vpc.aws_network_acl_rule.intra_inbound",
            "module.vpc.module.vpc.aws_network_acl_rule.intra_outbound",
            "module.vpc.module.vpc.aws_network_acl_rule.outpost_inbound",
            "module.vpc.module.vpc.aws_network_acl_rule.outpost_outbound",
            "module.vpc.module.vpc.aws_network_acl_rule.private_inbound",
            "module.vpc.module.vpc.aws_network_acl_rule.private_outbound",
            "module.vpc.module.vpc.aws_network_acl_rule.public_inbound",
            "module.vpc.module.vpc.aws_network_acl_rule.public_outbound",
            "module.vpc.module.vpc.aws_network_acl_rule.redshift_inbound",
            "module.vpc.module.vpc.aws_network_acl_rule.redshift_outbound",
            "module.vpc.module.vpc.aws_redshift_subnet_group.redshift",
            "module.vpc.module.vpc.aws_route.database_dns64_nat_gateway",
            "module.vpc.module.vpc.aws_route.database_internet_gateway",
            "module.vpc.module.vpc.aws_route.database_ipv6_egress",
            "module.vpc.module.vpc.aws_route.database_nat_gateway",
            "module.vpc.module.vpc.aws_route.private_dns64_nat_gateway",
            "module.vpc.module.vpc.aws_route.private_ipv6_egress",
            "module.vpc.module.vpc.aws_route.private_nat_gateway",
            "module.vpc.module.vpc.aws_route.public_internet_gateway",
            "module.vpc.module.vpc.aws_route.public_internet_gateway_ipv6",
            "module.vpc.module.vpc.aws_route_table.database",
            "module.vpc.module.vpc.aws_route_table.elasticache",
            "module.vpc.module.vpc.aws_route_table.intra",
            "module.vpc.module.vpc.aws_route_table.private",
            "module.vpc.module.vpc.aws_route_table.public",
            "module.vpc.module.vpc.aws_route_table.redshift",
            "module.vpc.module.vpc.aws_route_table_association.database",
            "module.vpc.module.vpc.aws_route_table_association.elasticache",
            "module.vpc.module.vpc.aws_route_table_association.intra",
            "module.vpc.module.vpc.aws_route_table_association.outpost",
            "module.vpc.module.vpc.aws_route_table_association.private",
            "module.vpc.module.vpc.aws_route_table_association.public",
            "module.vpc.module.vpc.aws_route_table_association.redshift",
            "module.vpc.module.vpc.aws_route_table_association.redshift_public",
            "module.vpc.module.vpc.aws_subnet.database",
            "module.vpc.module.vpc.aws_subnet.elasticache",
            "module.vpc.module.vpc.aws_subnet.intra",
            "module.vpc.module.vpc.aws_subnet.outpost",
            "module.vpc.module.vpc.aws_subnet.private",
            "module.vpc.module.vpc.aws_subnet.public",
            "module.vpc.module.vpc.aws_subnet.redshift",
            "module.vpc.module.vpc.aws_vpc.this",
            "module.vpc.module.vpc.aws_vpc_dhcp_options.this",
            "module.vpc.module.vpc.aws_vpc_dhcp_options_association.this",
            "module.vpc.module.vpc.aws_vpc_ipv4_cidr_block_association.this",
            "module.vpc.module.vpc.aws_vpn_gateway.this",
            "module.vpc.module.vpc.aws_vpn_gateway_attachment.this",
            "module.vpc.module.vpc.aws_vpn_gateway_route_propagation.intra",
            "module.vpc.module.vpc.aws_vpn_gateway_route_propagation.private",
            "module.vpc.module.vpc.aws_vpn_gateway_route_propagation.public",
            "module.vpc.module.vpc.data.aws_iam_policy_document.flow_log_cloudwatch_assume_role",
            "module.vpc.module.vpc.data.aws_iam_policy_document.vpc_flow_log_cloudwatch"
          ],
          "create_before_destroy": true
        },
        {
          "index_key": "1",
          "schema_version": 2,
          "attributes": {
            "ami": "ami-0199fa5fada510433",
            "arn": "arn:aws:ec2:us-east-1:043509840958:instance/i-0e74ce28f621d8b7b",
            "associate_public_ip_address": false,
            "availability_zone": "us-east-1b",
            "capacity_reservation_specification": [
              {
                "capacity_reservation_preference": "open",
                "capacity_reservation_target": []
              }
            ],
            "cpu_options": [
              {
                "amd_sev_snp": "",
                "core_count": 1,
                "nested_virtualization": "",
                "threads_per_core": 2
              }
            ],
            "credit_specification": [
              {
                "cpu_credits": "unlimited"
              }
            ],
            "disable_api_stop": false,
            "disable_api_termination": false,
            "ebs_block_device": [],
            "ebs_optimized": false,
            "enable_primary_ipv6": null,
            "enclave_options": [
              {
                "enabled": false
              }
            ],
            "ephemeral_block_device": [],
            "force_destroy": false,
            "get_password_data": false,
            "hibernation": false,
            "host_id": "",
            "host_resource_group_arn": null,
            "iam_instance_profile": "",
            "id": "i-0e74ce28f621d8b7b",
            "instance_initiated_shutdown_behavior": "stop",
            "instance_lifecycle": "",
            "instance_market_options": [],
            "instance_state": "running",
            "instance_type": "t3.micro",
            "ipv6_address_count": 0,
            "ipv6_addresses": [],
            "key_name": "eks-terraform-key",
            "launch_template": [],
            "maintenance_options": [
              {
                "auto_recovery": "default"
              }
            ],
            "metadata_options": [
              {
                "http_endpoint": "enabled",
                "http_protocol_ipv6": "disabled",
                "http_put_response_hop_limit": 1,
                "http_tokens": "optional",
                "instance_metadata_tags": "disabled"
              }
            ],
            "monitoring": false,
            "network_interface": [],
            "outpost_arn": "",
            "password_data": "",
            "placement_group": "",
            "placement_group_id": "",
            "placement_partition_number": 0,
            "primary_network_interface": [
              {
                "delete_on_termination": true,
                "network_interface_id": "eni-0f2ef4ec704de9415"
              }
            ],
            "primary_network_interface_id": "eni-0f2ef4ec704de9415",
            "private_dns": "ip-10-0-2-235.ec2.internal",
            "private_dns_name_options": [
              {
                "enable_resource_name_dns_a_record": false,
                "enable_resource_name_dns_aaaa_record": false,
                "hostname_type": "ip-name"
              }
            ],
            "private_ip": "10.0.2.235",
            "public_dns": "",
            "public_ip": "",
            "region": "us-east-1",
            "root_block_device": [
              {
                "delete_on_termination": true,
                "device_name": "/dev/xvda",
                "encrypted": false,
                "iops": 100,
                "kms_key_id": "",
                "tags": {},
                "tags_all": {},
                "throughput": 0,
                "volume_id": "vol-08c4a639834ad9366",
                "volume_size": 8,
                "volume_type": "gp2"
              }
            ],
            "secondary_network_interface": [],
            "secondary_private_ips": [],
            "security_groups": [],
            "source_dest_check": true,
            "spot_instance_request_id": "",
            "subnet_id": "subnet-053cccbc151485b24",
            "tags": {
              "ManagedBy": "Terraform",
              "Name": "dev-app-app1-pathbased-1",
              "Project": "terraform-aws-infrastructure",
              "environment": "dev",
              "owners": "hr"
            },
            "tags_all": {
              "ManagedBy": "Terraform",
              "Name": "dev-app-app1-pathbased-1",
              "Project": "terraform-aws-infrastructure",
              "environment": "dev",
              "owners": "hr"
            },
            "tenancy": "default",
            "timeouts": null,
            "user_data": "#! /bin/bash\n# Instance Identity Metadata Reference - https://docs.aws.amazon.com/AWSEC2/latest/UserGuide/instance-identity-documents.html\nsudo yum update -y\nsudo yum install -y httpd\nsudo systemctl enable httpd\nsudo service httpd start  \nsudo echo '\u003ch1\u003eWelcome to StackSimplify - APP-1\u003c/h1\u003e' | sudo tee /var/www/html/index.html\nsudo mkdir /var/www/html/app1\nsudo echo '\u003c!DOCTYPE html\u003e \u003chtml\u003e \u003cbody style=\"background-color:rgb(250, 210, 210);\"\u003e \u003ch1\u003eWelcome to Stack Simplify - APP-1\u003c/h1\u003e \u003cp\u003eTerraform Demo\u003c/p\u003e \u003cp\u003eApplication Version: V1\u003c/p\u003e \u003c/body\u003e\u003c/html\u003e' | sudo tee /var/www/html/app1/index.html\n#sudo curl http://169.254.169.254/latest/dynamic/instance-identity/document -o /var/www/html/app1/metadata.html\nTOKEN=`curl -X PUT \"http://169.254.169.254/latest/api/token\" -H \"X-aws-ec2-metadata-token-ttl-seconds: 21600\"`\nsudo curl -H \"X-aws-ec2-metadata-token: $TOKEN\" http://169.254.169.254/latest/dynamic/instance-identity/document -o /var/www/html/app1/metadata.html\n# AWS Documentation to retrieve EC2 Instance Data\n# https://docs.aws.amazon.com/AWSEC2/latest/UserGuide/instancedata-data-retrieval.html\n",
            "user_data_base64": null,
            "user_data_replace_on_change": false,
            "volume_tags": null,
            "vpc_security_group_ids": [
              "sg-0f16d018079c0e071"
            ]
          },
          "sensitive_attributes": [],
          "identity_schema_version": 0,
          "identity": {
            "account_id": "043509840958",
            "id": "i-0e74ce28f621d8b7b",
            "region": "us-east-1"
          },
          "private": "eyJlMmJmYjczMC1lY2FhLTExZTYtOGY4OC0zNDM2M2JjN2M0YzAiOnsiY3JlYXRlIjo2MDAwMDAwMDAwMDAsImRlbGV0ZSI6MTIwMDAwMDAwMDAwMCwicmVhZCI6OTAwMDAwMDAwMDAwLCJ1cGRhdGUiOjYwMDAwMDAwMDAwMH0sInNjaGVtYV92ZXJzaW9uIjoiMiJ9",
          "dependencies": [
            "data.aws_ami.amzlinux2",
            "module.security_groups.module.loadbalancer_sg.aws_security_group.this",
            "module.security_groups.module.loadbalancer_sg.aws_security_group.this_name_prefix",
            "module.security_groups.module.loadbalancer_sg.aws_security_group_rule.computed_egress_rules",
            "module.security_groups.module.loadbalancer_sg.aws_security_group_rule.computed_egress_with_cidr_blocks",
            "module.security_groups.module.loadbalancer_sg.aws_security_group_rule.computed_egress_with_ipv6_cidr_blocks",
            "module.security_groups.module.loadbalancer_sg.aws_security_group_rule.computed_egress_with_prefix_list_ids",
            "module.security_groups.module.loadbalancer_sg.aws_security_group_rule.computed_egress_with_self",
            "module.security_groups.module.loadbalancer_sg.aws_security_group_rule.computed_egress_with_source_security_group_id",
            "module.security_groups.module.loadbalancer_sg.aws_security_group_rule.computed_ingress_rules",
            "module.security_groups.module.loadbalancer_sg.aws_security_group_rule.computed_ingress_with_cidr_blocks",
            "module.security_groups.module.loadbalancer_sg.aws_security_group_rule.computed_ingress_with_ipv6_cidr_blocks",
            "module.security_groups.module.loadbalancer_sg.aws_security_group_rule.computed_ingress_with_prefix_list_ids",
            "module.security_groups.module.loadbalancer_sg.aws_security_group_rule.computed_ingress_with_self",
            "module.security_groups.module.loadbalancer_sg.aws_security_group_rule.computed_ingress_with_source_security_group_id",
            "module.security_groups.module.loadbalancer_sg.aws_security_group_rule.egress_rules",
            "module.security_groups.module.loadbalancer_sg.aws_security_group_rule.egress_with_cidr_blocks",
            "module.security_groups.module.loadbalancer_sg.aws_security_group_rule.egress_with_ipv6_cidr_blocks",
            "module.security_groups.module.loadbalancer_sg.aws_security_group_rule.egress_with_prefix_list_ids",
            "module.security_groups.module.loadbalancer_sg.aws_security_group_rule.egress_with_self",
            "module.security_groups.module.loadbalancer_sg.aws_security_group_rule.egress_with_source_security_group_id",
            "module.security_groups.module.loadbalancer_sg.aws_security_group_rule.ingress_rules",
            "module.security_groups.module.loadbalancer_sg.aws_security_group_rule.ingress_with_cidr_blocks",
            "module.security_groups.module.loadbalancer_sg.aws_security_group_rule.ingress_with_ipv6_cidr_blocks",
            "module.security_groups.module.loadbalancer_sg.aws_security_group_rule.ingress_with_prefix_list_ids",
            "module.security_groups.module.loadbalancer_sg.aws_security_group_rule.ingress_with_self",
            "module.security_groups.module.loadbalancer_sg.aws_security_group_rule.ingress_with_source_security_group_id",
            "module.security_groups.module.private_sg.aws_security_group.this",
            "module.security_groups.module.private_sg.aws_security_group.this_name_prefix",
            "module.security_groups.module.private_sg.aws_security_group_rule.computed_egress_rules",
            "module.security_groups.module.private_sg.aws_security_group_rule.computed_egress_with_cidr_blocks",
            "module.security_groups.module.private_sg.aws_security_group_rule.computed_egress_with_ipv6_cidr_blocks",
            "module.security_groups.module.private_sg.aws_security_group_rule.computed_egress_with_prefix_list_ids",
            "module.security_groups.module.private_sg.aws_security_group_rule.computed_egress_with_self",
            "module.security_groups.module.private_sg.aws_security_group_rule.computed_egress_with_source_security_group_id",
            "module.security_groups.module.private_sg.aws_security_group_rule.computed_ingress_rules",
            "module.security_groups.module.private_sg.aws_security_group_rule.computed_ingress_with_cidr_blocks",
            "module.security_groups.module.private_sg.aws_security_group_rule.computed_ingress_with_ipv6_cidr_blocks",
            "module.security_groups.module.private_sg.aws_security_group_rule.computed_ingress_with_prefix_list_ids",
            "module.security_groups.module.private_sg.aws_security_group_rule.computed_ingress_with_self",
            "module.security_groups.module.private_sg.aws_security_group_rule.computed_ingress_with_source_security_group_id",
            "module.security_groups.module.private_sg.aws_security_group_rule.egress_rules",
            "module.security_groups.module.private_sg.aws_security_group_rule.egress_with_cidr_blocks",
            "module.security_groups.module.private_sg.aws_security_group_rule.egress_with_ipv6_cidr_blocks",
            "module.security_groups.module.private_sg.aws_security_group_rule.egress_with_prefix_list_ids",
            "module.security_groups.module.private_sg.aws_security_group_rule.egress_with_self",
            "module.security_groups.module.private_sg.aws_security_group_rule.egress_with_source_security_group_id",
            "module.security_groups.module.private_sg.aws_security_group_rule.ingress_rules",
            "module.security_groups.module.private_sg.aws_security_group_rule.ingress_with_cidr_blocks",
            "module.security_groups.module.private_sg.aws_security_group_rule.ingress_with_ipv6_cidr_blocks",
            "module.security_groups.module.private_sg.aws_security_group_rule.ingress_with_prefix_list_ids",
            "module.security_groups.module.private_sg.aws_security_group_rule.ingress_with_self",
            "module.security_groups.module.private_sg.aws_security_group_rule.ingress_with_source_security_group_id",
            "module.security_groups.module.public_bastion_sg.aws_security_group.this",
            "module.security_groups.module.public_bastion_sg.aws_security_group.this_name_prefix",
            "module.security_groups.module.public_bastion_sg.aws_security_group_rule.computed_egress_rules",
            "module.security_groups.module.public_bastion_sg.aws_security_group_rule.computed_egress_with_cidr_blocks",
            "module.security_groups.module.public_bastion_sg.aws_security_group_rule.computed_egress_with_ipv6_cidr_blocks",
            "module.security_groups.module.public_bastion_sg.aws_security_group_rule.computed_egress_with_prefix_list_ids",
            "module.security_groups.module.public_bastion_sg.aws_security_group_rule.computed_egress_with_self",
            "module.security_groups.module.public_bastion_sg.aws_security_group_rule.computed_egress_with_source_security_group_id",
            "module.security_groups.module.public_bastion_sg.aws_security_group_rule.computed_ingress_rules",
            "module.security_groups.module.public_bastion_sg.aws_security_group_rule.computed_ingress_with_cidr_blocks",
            "module.security_groups.module.public_bastion_sg.aws_security_group_rule.computed_ingress_with_ipv6_cidr_blocks",
            "module.security_groups.module.public_bastion_sg.aws_security_group_rule.computed_ingress_with_prefix_list_ids",
            "module.security_groups.module.public_bastion_sg.aws_security_group_rule.computed_ingress_with_self",
            "module.security_groups.module.public_bastion_sg.aws_security_group_rule.computed_ingress_with_source_security_group_id",
            "module.security_groups.module.public_bastion_sg.aws_security_group_rule.egress_rules",
            "module.security_groups.module.public_bastion_sg.aws_security_group_rule.egress_with_cidr_blocks",
            "module.security_groups.module.public_bastion_sg.aws_security_group_rule.egress_with_ipv6_cidr_blocks",
            "module.security_groups.module.public_bastion_sg.aws_security_group_rule.egress_with_prefix_list_ids",
            "module.security_groups.module.public_bastion_sg.aws_security_group_rule.egress_with_self",
            "module.security_groups.module.public_bastion_sg.aws_security_group_rule.egress_with_source_security_group_id",
            "module.security_groups.module.public_bastion_sg.aws_security_group_rule.ingress_rules",
            "module.security_groups.module.public_bastion_sg.aws_security_group_rule.ingress_with_cidr_blocks",
            "module.security_groups.module.public_bastion_sg.aws_security_group_rule.ingress_with_ipv6_cidr_blocks",
            "module.security_groups.module.public_bastion_sg.aws_security_group_rule.ingress_with_prefix_list_ids",
            "module.security_groups.module.public_bastion_sg.aws_security_group_rule.ingress_with_self",
            "module.security_groups.module.public_bastion_sg.aws_security_group_rule.ingress_with_source_security_group_id",
            "module.security_groups.module.rdsdb_sg.aws_security_group.this",
            "module.security_groups.module.rdsdb_sg.aws_security_group.this_name_prefix",
            "module.security_groups.module.rdsdb_sg.aws_security_group_rule.computed_egress_rules",
            "module.security_groups.module.rdsdb_sg.aws_security_group_rule.computed_egress_with_cidr_blocks",
            "module.security_groups.module.rdsdb_sg.aws_security_group_rule.computed_egress_with_ipv6_cidr_blocks",
            "module.security_groups.module.rdsdb_sg.aws_security_group_rule.computed_egress_with_prefix_list_ids",
            "module.security_groups.module.rdsdb_sg.aws_security_group_rule.computed_egress_with_self",
            "module.security_groups.module.rdsdb_sg.aws_security_group_rule.computed_egress_with_source_security_group_id",
            "module.security_groups.module.rdsdb_sg.aws_security_group_rule.computed_ingress_rules",
            "module.security_groups.module.rdsdb_sg.aws_security_group_rule.computed_ingress_with_cidr_blocks",
            "module.security_groups.module.rdsdb_sg.aws_security_group_rule.computed_ingress_with_ipv6_cidr_blocks",
            "module.security_groups.module.rdsdb_sg.aws_security_group_rule.computed_ingress_with_prefix_list_ids",
            "module.security_groups.module.rdsdb_sg.aws_security_group_rule.computed_ingress_with_self",
            "module.security_groups.module.rdsdb_sg.aws_security_group_rule.computed_ingress_with_source_security_group_id",
            "module.security_groups.module.rdsdb_sg.aws_security_group_rule.egress_rules",
            "module.security_groups.module.rdsdb_sg.aws_security_group_rule.egress_with_cidr_blocks",
            "module.security_groups.module.rdsdb_sg.aws_security_group_rule.egress_with_ipv6_cidr_blocks",
            "module.security_groups.module.rdsdb_sg.aws_security_group_rule.egress_with_prefix_list_ids",
            "module.security_groups.module.rdsdb_sg.aws_security_group_rule.egress_with_self",
            "module.security_groups.module.rdsdb_sg.aws_security_group_rule.egress_with_source_security_group_id",
            "module.security_groups.module.rdsdb_sg.aws_security_group_rule.ingress_rules",
            "module.security_groups.module.rdsdb_sg.aws_security_group_rule.ingress_with_cidr_blocks",
            "module.security_groups.module.rdsdb_sg.aws_security_group_rule.ingress_with_ipv6_cidr_blocks",
            "module.security_groups.module.rdsdb_sg.aws_security_group_rule.ingress_with_prefix_list_ids",
            "module.security_groups.module.rdsdb_sg.aws_security_group_rule.ingress_with_self",
            "module.security_groups.module.rdsdb_sg.aws_security_group_rule.ingress_with_source_security_group_id",
            "module.vpc.module.vpc.aws_cloudwatch_log_group.flow_log",
            "module.vpc.module.vpc.aws_customer_gateway.this",
            "module.vpc.module.vpc.aws_db_subnet_group.database",
            "module.vpc.module.vpc.aws_default_network_acl.this",
            "module.vpc.module.vpc.aws_default_route_table.default",
            "module.vpc.module.vpc.aws_default_security_group.this",
            "module.vpc.module.vpc.aws_default_vpc.this",
            "module.vpc.module.vpc.aws_egress_only_internet_gateway.this",
            "module.vpc.module.vpc.aws_eip.nat",
            "module.vpc.module.vpc.aws_elasticache_subnet_group.elasticache",
            "module.vpc.module.vpc.aws_flow_log.this",
            "module.vpc.module.vpc.aws_iam_policy.vpc_flow_log_cloudwatch",
            "module.vpc.module.vpc.aws_iam_role.vpc_flow_log_cloudwatch",
            "module.vpc.module.vpc.aws_iam_role_policy_attachment.vpc_flow_log_cloudwatch",
            "module.vpc.module.vpc.aws_internet_gateway.this",
            "module.vpc.module.vpc.aws_nat_gateway.this",
            "module.vpc.module.vpc.aws_network_acl.database",
            "module.vpc.module.vpc.aws_network_acl.elasticache",
            "module.vpc.module.vpc.aws_network_acl.intra",
            "module.vpc.module.vpc.aws_network_acl.outpost",
            "module.vpc.module.vpc.aws_network_acl.private",
            "module.vpc.module.vpc.aws_network_acl.public",
            "module.vpc.module.vpc.aws_network_acl.redshift",
            "module.vpc.module.vpc.aws_network_acl_rule.database_inbound",
            "module.vpc.module.vpc.aws_network_acl_rule.database_outbound",
            "module.vpc.module.vpc.aws_network_acl_rule.elasticache_inbound",
            "module.vpc.module.vpc.aws_network_acl_rule.elasticache_outbound",
            "module.vpc.module.vpc.aws_network_acl_rule.intra_inbound",
            "module.vpc.module.vpc.aws_network_acl_rule.intra_outbound",
            "module.vpc.module.vpc.aws_network_acl_rule.outpost_inbound",
            "module.vpc.module.vpc.aws_network_acl_rule.outpost_outbound",
            "module.vpc.module.vpc.aws_network_acl_rule.private_inbound",
            "module.vpc.module.vpc.aws_network_acl_rule.private_outbound",
            "module.vpc.module.vpc.aws_network_acl_rule.public_inbound",
            "module.vpc.module.vpc.aws_network_acl_rule.public_outbound",
            "module.vpc.module.vpc.aws_network_acl_rule.redshift_inbound",
            "module.vpc.module.vpc.aws_network_acl_rule.redshift_outbound",
            "module.vpc.module.vpc.aws_redshift_subnet_group.redshift",
            "module.vpc.module.vpc.aws_route.database_dns64_nat_gateway",
            "module.vpc.module.vpc.aws_route.database_internet_gateway",
            "module.vpc.module.vpc.aws_route.database_ipv6_egress",
            "module.vpc.module.vpc.aws_route.database_nat_gateway",
            "module.vpc.module.vpc.aws_route.private_dns64_nat_gateway",
            "module.vpc.module.vpc.aws_route.private_ipv6_egress",
            "module.vpc.module.vpc.aws_route.private_nat_gateway",
            "module.vpc.module.vpc.aws_route.public_internet_gateway",
            "module.vpc.module.vpc.aws_route.public_internet_gateway_ipv6",
            "module.vpc.module.vpc.aws_route_table.database",
            "module.vpc.module.vpc.aws_route_table.elasticache",
            "module.vpc.module.vpc.aws_route_table.intra",
            "module.vpc.module.vpc.aws_route_table.private",
            "module.vpc.module.vpc.aws_route_table.public",
            "module.vpc.module.vpc.aws_route_table.redshift",
            "module.vpc.module.vpc.aws_route_table_association.database",
            "module.vpc.module.vpc.aws_route_table_association.elasticache",
            "module.vpc.module.vpc.aws_route_table_association.intra",
            "module.vpc.module.vpc.aws_route_table_association.outpost",
            "module.vpc.module.vpc.aws_route_table_association.private",
            "module.vpc.module.vpc.aws_route_table_association.public",
            "module.vpc.module.vpc.aws_route_table_association.redshift",
            "module.vpc.module.vpc.aws_route_table_association.redshift_public",
            "module.vpc.module.vpc.aws_subnet.database",
            "module.vpc.module.vpc.aws_subnet.elasticache",
            "module.vpc.module.vpc.aws_subnet.intra",
            "module.vpc.module.vpc.aws_subnet.outpost",
            "module.vpc.module.vpc.aws_subnet.private",
            "module.vpc.module.vpc.aws_subnet.public",
            "module.vpc.module.vpc.aws_subnet.redshift",
            "module.vpc.module.vpc.aws_vpc.this",
            "module.vpc.module.vpc.aws_vpc_dhcp_options.this",
            "module.vpc.module.vpc.aws_vpc_dhcp_options_association.this",
            "module.vpc.module.vpc.aws_vpc_ipv4_cidr_block_association.this",
            "module.vpc.module.vpc.aws_vpn_gateway.this",
            "module.vpc.module.vpc.aws_vpn_gateway_attachment.this",
            "module.vpc.module.vpc.aws_vpn_gateway_route_propagation.intra",
            "module.vpc.module.vpc.aws_vpn_gateway_route_propagation.private",
            "module.vpc.module.vpc.aws_vpn_gateway_route_propagation.public",
            "module.vpc.module.vpc.data.aws_iam_policy_document.flow_log_cloudwatch_assume_role",
            "module.vpc.module.vpc.data.aws_iam_policy_document.vpc_flow_log_cloudwatch"
          ],
          "create_before_destroy": true
        },
        {
          "index_key": "2",
          "schema_version": 2,
          "attributes": {
            "ami": "ami-0199fa5fada510433",
            "arn": "arn:aws:ec2:us-east-1:043509840958:instance/i-0cd48715720f70ef9",
            "associate_public_ip_address": false,
            "availability_zone": "us-east-1c",
            "capacity_reservation_specification": [
              {
                "capacity_reservation_preference": "open",
                "capacity_reservation_target": []
              }
            ],
            "cpu_options": [
              {
                "amd_sev_snp": "",
                "core_count": 1,
                "nested_virtualization": "",
                "threads_per_core": 2
              }
            ],
            "credit_specification": [
              {
                "cpu_credits": "unlimited"
              }
            ],
            "disable_api_stop": false,
            "disable_api_termination": false,
            "ebs_block_device": [],
            "ebs_optimized": false,
            "enable_primary_ipv6": null,
            "enclave_options": [
              {
                "enabled": false
              }
            ],
            "ephemeral_block_device": [],
            "force_destroy": false,
            "get_password_data": false,
            "hibernation": false,
            "host_id": "",
            "host_resource_group_arn": null,
            "iam_instance_profile": "",
            "id": "i-0cd48715720f70ef9",
            "instance_initiated_shutdown_behavior": "stop",
            "instance_lifecycle": "",
            "instance_market_options": [],
            "instance_state": "running",
            "instance_type": "t3.micro",
            "ipv6_address_count": 0,
            "ipv6_addresses": [],
            "key_name": "eks-terraform-key",
            "launch_template": [],
            "maintenance_options": [
              {
                "auto_recovery": "default"
              }
            ],
            "metadata_options": [
              {
                "http_endpoint": "enabled",
                "http_protocol_ipv6": "disabled",
                "http_put_response_hop_limit": 1,
                "http_tokens": "optional",
                "instance_metadata_tags": "disabled"
              }
            ],
            "monitoring": false,
            "network_interface": [],
            "outpost_arn": "",
            "password_data": "",
            "placement_group": "",
            "placement_group_id": "",
            "placement_partition_number": 0,
            "primary_network_interface": [
              {
                "delete_on_termination": true,
                "network_interface_id": "eni-066f719f6fafdeedb"
              }
            ],
            "primary_network_interface_id": "eni-066f719f6fafdeedb",
            "private_dns": "ip-10-0-3-216.ec2.internal",
            "private_dns_name_options": [
              {
                "enable_resource_name_dns_a_record": false,
                "enable_resource_name_dns_aaaa_record": false,
                "hostname_type": "ip-name"
              }
            ],
            "private_ip": "10.0.3.216",
            "public_dns": "",
            "public_ip": "",
            "region": "us-east-1",
            "root_block_device": [
              {
                "delete_on_termination": true,
                "device_name": "/dev/xvda",
                "encrypted": false,
                "iops": 100,
                "kms_key_id": "",
                "tags": {},
                "tags_all": {},
                "throughput": 0,
                "volume_id": "vol-054461e7d99816d5b",
                "volume_size": 8,
                "volume_type": "gp2"
              }
            ],
            "secondary_network_interface": [],
            "secondary_private_ips": [],
            "security_groups": [],
            "source_dest_check": true,
            "spot_instance_request_id": "",
            "subnet_id": "subnet-021b24ca80a3a2af3",
            "tags": {
              "ManagedBy": "Terraform",
              "Name": "dev-app-app1-pathbased-2",
              "Project": "terraform-aws-infrastructure",
              "environment": "dev",
              "owners": "hr"
            },
            "tags_all": {
              "ManagedBy": "Terraform",
              "Name": "dev-app-app1-pathbased-2",
              "Project": "terraform-aws-infrastructure",
              "environment": "dev",
              "owners": "hr"
            },
            "tenancy": "default",
            "timeouts": null,
            "user_data": "#! /bin/bash\n# Instance Identity Metadata Reference - https://docs.aws.amazon.com/AWSEC2/latest/UserGuide/instance-identity-documents.html\nsudo yum update -y\nsudo yum install -y httpd\nsudo systemctl enable httpd\nsudo service httpd start  \nsudo echo '\u003ch1\u003eWelcome to StackSimplify - APP-1\u003c/h1\u003e' | sudo tee /var/www/html/index.html\nsudo mkdir /var/www/html/app1\nsudo echo '\u003c!DOCTYPE html\u003e \u003chtml\u003e \u003cbody style=\"background-color:rgb(250, 210, 210);\"\u003e \u003ch1\u003eWelcome to Stack Simplify - APP-1\u003c/h1\u003e \u003cp\u003eTerraform Demo\u003c/p\u003e \u003cp\u003eApplication Version: V1\u003c/p\u003e \u003c/body\u003e\u003c/html\u003e' | sudo tee /var/www/html/app1/index.html\n#sudo curl http://169.254.169.254/latest/dynamic/instance-identity/document -o /var/www/html/app1/metadata.html\nTOKEN=`curl -X PUT \"http://169.254.169.254/latest/api/token\" -H \"X-aws-ec2-metadata-token-ttl-seconds: 21600\"`\nsudo curl -H \"X-aws-ec2-metadata-token: $TOKEN\" http://169.254.169.254/latest/dynamic/instance-identity/document -o /var/www/html/app1/metadata.html\n# AWS Documentation to retrieve EC2 Instance Data\n# https://docs.aws.amazon.com/AWSEC2/latest/UserGuide/instancedata-data-retrieval.html\n",
            "user_data_base64": null,
            "user_data_replace_on_change": false,
            "volume_tags": null,
            "vpc_security_group_ids": [
              "sg-0f16d018079c0e071"
            ]
          },
          "sensitive_attributes": [],
          "identity_schema_version": 0,
          "identity": {
            "account_id": "043509840958",
            "id": "i-0cd48715720f70ef9",
            "region": "us-east-1"
          },
          "private": "eyJlMmJmYjczMC1lY2FhLTExZTYtOGY4OC0zNDM2M2JjN2M0YzAiOnsiY3JlYXRlIjo2MDAwMDAwMDAwMDAsImRlbGV0ZSI6MTIwMDAwMDAwMDAwMCwicmVhZCI6OTAwMDAwMDAwMDAwLCJ1cGRhdGUiOjYwMDAwMDAwMDAwMH0sInNjaGVtYV92ZXJzaW9uIjoiMiJ9",
          "dependencies": [
            "data.aws_ami.amzlinux2",
            "module.security_groups.module.loadbalancer_sg.aws_security_group.this",
            "module.security_groups.module.loadbalancer_sg.aws_security_group.this_name_prefix",
            "module.security_groups.module.loadbalancer_sg.aws_security_group_rule.computed_egress_rules",
            "module.security_groups.module.loadbalancer_sg.aws_security_group_rule.computed_egress_with_cidr_blocks",
            "module.security_groups.module.loadbalancer_sg.aws_security_group_rule.computed_egress_with_ipv6_cidr_blocks",
            "module.security_groups.module.loadbalancer_sg.aws_security_group_rule.computed_egress_with_prefix_list_ids",
            "module.security_groups.module.loadbalancer_sg.aws_security_group_rule.computed_egress_with_self",
            "module.security_groups.module.loadbalancer_sg.aws_security_group_rule.computed_egress_with_source_security_group_id",
            "module.security_groups.module.loadbalancer_sg.aws_security_group_rule.computed_ingress_rules",
            "module.security_groups.module.loadbalancer_sg.aws_security_group_rule.computed_ingress_with_cidr_blocks",
            "module.security_groups.module.loadbalancer_sg.aws_security_group_rule.computed_ingress_with_ipv6_cidr_blocks",
            "module.security_groups.module.loadbalancer_sg.aws_security_group_rule.computed_ingress_with_prefix_list_ids",
            "module.security_groups.module.loadbalancer_sg.aws_security_group_rule.computed_ingress_with_self",
            "module.security_groups.module.loadbalancer_sg.aws_security_group_rule.computed_ingress_with_source_security_group_id",
            "module.security_groups.module.loadbalancer_sg.aws_security_group_rule.egress_rules",
            "module.security_groups.module.loadbalancer_sg.aws_security_group_rule.egress_with_cidr_blocks",
            "module.security_groups.module.loadbalancer_sg.aws_security_group_rule.egress_with_ipv6_cidr_blocks",
            "module.security_groups.module.loadbalancer_sg.aws_security_group_rule.egress_with_prefix_list_ids",
            "module.security_groups.module.loadbalancer_sg.aws_security_group_rule.egress_with_self",
            "module.security_groups.module.loadbalancer_sg.aws_security_group_rule.egress_with_source_security_group_id",
            "module.security_groups.module.loadbalancer_sg.aws_security_group_rule.ingress_rules",
            "module.security_groups.module.loadbalancer_sg.aws_security_group_rule.ingress_with_cidr_blocks",
            "module.security_groups.module.loadbalancer_sg.aws_security_group_rule.ingress_with_ipv6_cidr_blocks",
            "module.security_groups.module.loadbalancer_sg.aws_security_group_rule.ingress_with_prefix_list_ids",
            "module.security_groups.module.loadbalancer_sg.aws_security_group_rule.ingress_with_self",
            "module.security_groups.module.loadbalancer_sg.aws_security_group_rule.ingress_with_source_security_group_id",
            "module.security_groups.module.private_sg.aws_security_group.this",
            "module.security_groups.module.private_sg.aws_security_group.this_name_prefix",
            "module.security_groups.module.private_sg.aws_security_group_rule.computed_egress_rules",
            "module.security_groups.module.private_sg.aws_security_group_rule.computed_egress_with_cidr_blocks",
            "module.security_groups.module.private_sg.aws_security_group_rule.computed_egress_with_ipv6_cidr_blocks",
            "module.security_groups.module.private_sg.aws_security_group_rule.computed_egress_with_prefix_list_ids",
            "module.security_groups.module.private_sg.aws_security_group_rule.computed_egress_with_self",
            "module.security_groups.module.private_sg.aws_security_group_rule.computed_egress_with_source_security_group_id",
            "module.security_groups.module.private_sg.aws_security_group_rule.computed_ingress_rules",
            "module.security_groups.module.private_sg.aws_security_group_rule.computed_ingress_with_cidr_blocks",
            "module.security_groups.module.private_sg.aws_security_group_rule.computed_ingress_with_ipv6_cidr_blocks",
            "module.security_groups.module.private_sg.aws_security_group_rule.computed_ingress_with_prefix_list_ids",
            "module.security_groups.module.private_sg.aws_security_group_rule.computed_ingress_with_self",
            "module.security_groups.module.private_sg.aws_security_group_rule.computed_ingress_with_source_security_group_id",
            "module.security_groups.module.private_sg.aws_security_group_rule.egress_rules",
            "module.security_groups.module.private_sg.aws_security_group_rule.egress_with_cidr_blocks",
            "module.security_groups.module.private_sg.aws_security_group_rule.egress_with_ipv6_cidr_blocks",
            "module.security_groups.module.private_sg.aws_security_group_rule.egress_with_prefix_list_ids",
            "module.security_groups.module.private_sg.aws_security_group_rule.egress_with_self",
            "module.security_groups.module.private_sg.aws_security_group_rule.egress_with_source_security_group_id",
            "module.security_groups.module.private_sg.aws_security_group_rule.ingress_rules",
            "module.security_groups.module.private_sg.aws_security_group_rule.ingress_with_cidr_blocks",
            "module.security_groups.module.private_sg.aws_security_group_rule.ingress_with_ipv6_cidr_blocks",
            "module.security_groups.module.private_sg.aws_security_group_rule.ingress_with_prefix_list_ids",
            "module.security_groups.module.private_sg.aws_security_group_rule.ingress_with_self",
            "module.security_groups.module.private_sg.aws_security_group_rule.ingress_with_source_security_group_id",
            "module.security_groups.module.public_bastion_sg.aws_security_group.this",
            "module.security_groups.module.public_bastion_sg.aws_security_group.this_name_prefix",
            "module.security_groups.module.public_bastion_sg.aws_security_group_rule.computed_egress_rules",
            "module.security_groups.module.public_bastion_sg.aws_security_group_rule.computed_egress_with_cidr_blocks",
            "module.security_groups.module.public_bastion_sg.aws_security_group_rule.computed_egress_with_ipv6_cidr_blocks",
            "module.security_groups.module.public_bastion_sg.aws_security_group_rule.computed_egress_with_prefix_list_ids",
            "module.security_groups.module.public_bastion_sg.aws_security_group_rule.computed_egress_with_self",
            "module.security_groups.module.public_bastion_sg.aws_security_group_rule.computed_egress_with_source_security_group_id",
            "module.security_groups.module.public_bastion_sg.aws_security_group_rule.computed_ingress_rules",
            "module.security_groups.module.public_bastion_sg.aws_security_group_rule.computed_ingress_with_cidr_blocks",
            "module.security_groups.module.public_bastion_sg.aws_security_group_rule.computed_ingress_with_ipv6_cidr_blocks",
            "module.security_groups.module.public_bastion_sg.aws_security_group_rule.computed_ingress_with_prefix_list_ids",
            "module.security_groups.module.public_bastion_sg.aws_security_group_rule.computed_ingress_with_self",
            "module.security_groups.module.public_bastion_sg.aws_security_group_rule.computed_ingress_with_source_security_group_id",
            "module.security_groups.module.public_bastion_sg.aws_security_group_rule.egress_rules",
            "module.security_groups.module.public_bastion_sg.aws_security_group_rule.egress_with_cidr_blocks",
            "module.security_groups.module.public_bastion_sg.aws_security_group_rule.egress_with_ipv6_cidr_blocks",
            "module.security_groups.module.public_bastion_sg.aws_security_group_rule.egress_with_prefix_list_ids",
            "module.security_groups.module.public_bastion_sg.aws_security_group_rule.egress_with_self",
            "module.security_groups.module.public_bastion_sg.aws_security_group_rule.egress_with_source_security_group_id",
            "module.security_groups.module.public_bastion_sg.aws_security_group_rule.ingress_rules",
            "module.security_groups.module.public_bastion_sg.aws_security_group_rule.ingress_with_cidr_blocks",
            "module.security_groups.module.public_bastion_sg.aws_security_group_rule.ingress_with_ipv6_cidr_blocks",
            "module.security_groups.module.public_bastion_sg.aws_security_group_rule.ingress_with_prefix_list_ids",
            "module.security_groups.module.public_bastion_sg.aws_security_group_rule.ingress_with_self",
            "module.security_groups.module.public_bastion_sg.aws_security_group_rule.ingress_with_source_security_group_id",
            "module.security_groups.module.rdsdb_sg.aws_security_group.this",
            "module.security_groups.module.rdsdb_sg.aws_security_group.this_name_prefix",
            "module.security_groups.module.rdsdb_sg.aws_security_group_rule.computed_egress_rules",
            "module.security_groups.module.rdsdb_sg.aws_security_group_rule.computed_egress_with_cidr_blocks",
            "module.security_groups.module.rdsdb_sg.aws_security_group_rule.computed_egress_with_ipv6_cidr_blocks",
            "module.security_groups.module.rdsdb_sg.aws_security_group_rule.computed_egress_with_prefix_list_ids",
            "module.security_groups.module.rdsdb_sg.aws_security_group_rule.computed_egress_with_self",
            "module.security_groups.module.rdsdb_sg.aws_security_group_rule.computed_egress_with_source_security_group_id",
            "module.security_groups.module.rdsdb_sg.aws_security_group_rule.computed_ingress_rules",
            "module.security_groups.module.rdsdb_sg.aws_security_group_rule.computed_ingress_with_cidr_blocks",
            "module.security_groups.module.rdsdb_sg.aws_security_group_rule.computed_ingress_with_ipv6_cidr_blocks",
            "module.security_groups.module.rdsdb_sg.aws_security_group_rule.computed_ingress_with_prefix_list_ids",
            "module.security_groups.module.rdsdb_sg.aws_security_group_rule.computed_ingress_with_self",
            "module.security_groups.module.rdsdb_sg.aws_security_group_rule.computed_ingress_with_source_security_group_id",
            "module.security_groups.module.rdsdb_sg.aws_security_group_rule.egress_rules",
            "module.security_groups.module.rdsdb_sg.aws_security_group_rule.egress_with_cidr_blocks",
            "module.security_groups.module.rdsdb_sg.aws_security_group_rule.egress_with_ipv6_cidr_blocks",
            "module.security_groups.module.rdsdb_sg.aws_security_group_rule.egress_with_prefix_list_ids",
            "module.security_groups.module.rdsdb_sg.aws_security_group_rule.egress_with_self",
            "module.security_groups.module.rdsdb_sg.aws_security_group_rule.egress_with_source_security_group_id",
            "module.security_groups.module.rdsdb_sg.aws_security_group_rule.ingress_rules",
            "module.security_groups.module.rdsdb_sg.aws_security_group_rule.ingress_with_cidr_blocks",
            "module.security_groups.module.rdsdb_sg.aws_security_group_rule.ingress_with_ipv6_cidr_blocks",
            "module.security_groups.module.rdsdb_sg.aws_security_group_rule.ingress_with_prefix_list_ids",
            "module.security_groups.module.rdsdb_sg.aws_security_group_rule.ingress_with_self",
            "module.security_groups.module.rdsdb_sg.aws_security_group_rule.ingress_with_source_security_group_id",
            "module.vpc.module.vpc.aws_cloudwatch_log_group.flow_log",
            "module.vpc.module.vpc.aws_customer_gateway.this",
            "module.vpc.module.vpc.aws_db_subnet_group.database",
            "module.vpc.module.vpc.aws_default_network_acl.this",
            "module.vpc.module.vpc.aws_default_route_table.default",
            "module.vpc.module.vpc.aws_default_security_group.this",
            "module.vpc.module.vpc.aws_default_vpc.this",
            "module.vpc.module.vpc.aws_egress_only_internet_gateway.this",
            "module.vpc.module.vpc.aws_eip.nat",
            "module.vpc.module.vpc.aws_elasticache_subnet_group.elasticache",
            "module.vpc.module.vpc.aws_flow_log.this",
            "module.vpc.module.vpc.aws_iam_policy.vpc_flow_log_cloudwatch",
            "module.vpc.module.vpc.aws_iam_role.vpc_flow_log_cloudwatch",
            "module.vpc.module.vpc.aws_iam_role_policy_attachment.vpc_flow_log_cloudwatch",
            "module.vpc.module.vpc.aws_internet_gateway.this",
            "module.vpc.module.vpc.aws_nat_gateway.this",
            "module.vpc.module.vpc.aws_network_acl.database",
            "module.vpc.module.vpc.aws_network_acl.elasticache",
            "module.vpc.module.vpc.aws_network_acl.intra",
            "module.vpc.module.vpc.aws_network_acl.outpost",
            "module.vpc.module.vpc.aws_network_acl.private",
            "module.vpc.module.vpc.aws_network_acl.public",
            "module.vpc.module.vpc.aws_network_acl.redshift",
            "module.vpc.module.vpc.aws_network_acl_rule.database_inbound",
            "module.vpc.module.vpc.aws_network_acl_rule.database_outbound",
            "module.vpc.module.vpc.aws_network_acl_rule.elasticache_inbound",
            "module.vpc.module.vpc.aws_network_acl_rule.elasticache_outbound",
            "module.vpc.module.vpc.aws_network_acl_rule.intra_inbound",
            "module.vpc.module.vpc.aws_network_acl_rule.intra_outbound",
            "module.vpc.module.vpc.aws_network_acl_rule.outpost_inbound",
            "module.vpc.module.vpc.aws_network_acl_rule.outpost_outbound",
            "module.vpc.module.vpc.aws_network_acl_rule.private_inbound",
            "module.vpc.module.vpc.aws_network_acl_rule.private_outbound",
            "module.vpc.module.vpc.aws_network_acl_rule.public_inbound",
            "module.vpc.module.vpc.aws_network_acl_rule.public_outbound",
            "module.vpc.module.vpc.aws_network_acl_rule.redshift_inbound",
            "module.vpc.module.vpc.aws_network_acl_rule.redshift_outbound",
            "module.vpc.module.vpc.aws_redshift_subnet_group.redshift",
            "module.vpc.module.vpc.aws_route.database_dns64_nat_gateway",
            "module.vpc.module.vpc.aws_route.database_internet_gateway",
            "module.vpc.module.vpc.aws_route.database_ipv6_egress",
            "module.vpc.module.vpc.aws_route.database_nat_gateway",
            "module.vpc.module.vpc.aws_route.private_dns64_nat_gateway",
            "module.vpc.module.vpc.aws_route.private_ipv6_egress",
            "module.vpc.module.vpc.aws_route.private_nat_gateway",
            "module.vpc.module.vpc.aws_route.public_internet_gateway",
            "module.vpc.module.vpc.aws_route.public_internet_gateway_ipv6",
            "module.vpc.module.vpc.aws_route_table.database",
            "module.vpc.module.vpc.aws_route_table.elasticache",
            "module.vpc.module.vpc.aws_route_table.intra",
            "module.vpc.module.vpc.aws_route_table.private",
            "module.vpc.module.vpc.aws_route_table.public",
            "module.vpc.module.vpc.aws_route_table.redshift",
            "module.vpc.module.vpc.aws_route_table_association.database",
            "module.vpc.module.vpc.aws_route_table_association.elasticache",
            "module.vpc.module.vpc.aws_route_table_association.intra",
            "module.vpc.module.vpc.aws_route_table_association.outpost",
            "module.vpc.module.vpc.aws_route_table_association.private",
            "module.vpc.module.vpc.aws_route_table_association.public",
            "module.vpc.module.vpc.aws_route_table_association.redshift",
            "module.vpc.module.vpc.aws_route_table_association.redshift_public",
            "module.vpc.module.vpc.aws_subnet.database",
            "module.vpc.module.vpc.aws_subnet.elasticache",
            "module.vpc.module.vpc.aws_subnet.intra",
            "module.vpc.module.vpc.aws_subnet.outpost",
            "module.vpc.module.vpc.aws_subnet.private",
            "module.vpc.module.vpc.aws_subnet.public",
            "module.vpc.module.vpc.aws_subnet.redshift",
            "module.vpc.module.vpc.aws_vpc.this",
            "module.vpc.module.vpc.aws_vpc_dhcp_options.this",
            "module.vpc.module.vpc.aws_vpc_dhcp_options_association.this",
            "module.vpc.module.vpc.aws_vpc_ipv4_cidr_block_association.this",
            "module.vpc.module.vpc.aws_vpn_gateway.this",
            "module.vpc.module.vpc.aws_vpn_gateway_attachment.this",
            "module.vpc.module.vpc.aws_vpn_gateway_route_propagation.intra",
            "module.vpc.module.vpc.aws_vpn_gateway_route_propagation.private",
            "module.vpc.module.vpc.aws_vpn_gateway_route_propagation.public",
            "module.vpc.module.vpc.data.aws_iam_policy_document.flow_log_cloudwatch_assume_role",
            "module.vpc.module.vpc.data.aws_iam_policy_document.vpc_flow_log_cloudwatch"
          ],
          "create_before_destroy": true
        }
      ]
    },
    {
      "module": "module.ec2_application",
      "mode": "managed",
      "type": "aws_instance",
      "name": "app2_dnsdb",
      "provider": "provider[\"registry.terraform.io/hashicorp/aws\"]",
      "instances": [
        {
          "index_key": "0",
          "schema_version": 2,
          "attributes": {
            "ami": "ami-0199fa5fada510433",
            "arn": "arn:aws:ec2:us-east-1:043509840958:instance/i-08ce2053a3df40cdd",
            "associate_public_ip_address": false,
            "availability_zone": "us-east-1a",
            "capacity_reservation_specification": [
              {
                "capacity_reservation_preference": "open",
                "capacity_reservation_target": []
              }
            ],
            "cpu_options": [
              {
                "amd_sev_snp": "",
                "core_count": 1,
                "nested_virtualization": "",
                "threads_per_core": 2
              }
            ],
            "credit_specification": [
              {
                "cpu_credits": "unlimited"
              }
            ],
            "disable_api_stop": false,
            "disable_api_termination": false,
            "ebs_block_device": [],
            "ebs_optimized": false,
            "enable_primary_ipv6": null,
            "enclave_options": [
              {
                "enabled": false
              }
            ],
            "ephemeral_block_device": [],
            "force_destroy": false,
            "get_password_data": false,
            "hibernation": false,
            "host_id": "",
            "host_resource_group_arn": null,
            "iam_instance_profile": "",
            "id": "i-08ce2053a3df40cdd",
            "instance_initiated_shutdown_behavior": "stop",
            "instance_lifecycle": "",
            "instance_market_options": [],
            "instance_state": "running",
            "instance_type": "t3.micro",
            "ipv6_address_count": 0,
            "ipv6_addresses": [],
            "key_name": "eks-terraform-key",
            "launch_template": [],
            "maintenance_options": [
              {
                "auto_recovery": "default"
              }
            ],
            "metadata_options": [
              {
                "http_endpoint": "enabled",
                "http_protocol_ipv6": "disabled",
                "http_put_response_hop_limit": 1,
                "http_tokens": "optional",
                "instance_metadata_tags": "disabled"
              }
            ],
            "monitoring": false,
            "network_interface": [],
            "outpost_arn": "",
            "password_data": "",
            "placement_group": "",
            "placement_group_id": "",
            "placement_partition_number": 0,
            "primary_network_interface": [
              {
                "delete_on_termination": true,
                "network_interface_id": "eni-09fb66c108ee0b650"
              }
            ],
            "primary_network_interface_id": "eni-09fb66c108ee0b650",
            "private_dns": "ip-10-0-1-64.ec2.internal",
            "private_dns_name_options": [
              {
                "enable_resource_name_dns_a_record": false,
                "enable_resource_name_dns_aaaa_record": false,
                "hostname_type": "ip-name"
              }
            ],
            "private_ip": "10.0.1.64",
            "public_dns": "",
            "public_ip": "",
            "region": "us-east-1",
            "root_block_device": [
              {
                "delete_on_termination": true,
                "device_name": "/dev/xvda",
                "encrypted": false,
                "iops": 100,
                "kms_key_id": "",
                "tags": {},
                "tags_all": {},
                "throughput": 0,
                "volume_id": "vol-07715d56bdc6f60af",
                "volume_size": 8,
                "volume_type": "gp2"
              }
            ],
            "secondary_network_interface": [],
            "secondary_private_ips": [],
            "security_groups": [],
            "source_dest_check": true,
            "spot_instance_request_id": "",
            "subnet_id": "subnet-07869b2c047a1f5d2",
            "tags": {
              "ManagedBy": "Terraform",
              "Name": "dev-app-app2-dnsdb-0",
              "Project": "terraform-aws-infrastructure",
              "environment": "dev",
              "owners": "hr"
            },
            "tags_all": {
              "ManagedBy": "Terraform",
              "Name": "dev-app-app2-dnsdb-0",
              "Project": "terraform-aws-infrastructure",
              "environment": "dev",
              "owners": "hr"
            },
            "tenancy": "default",
            "timeouts": null,
            "user_data": "#! /bin/bash\r\n# Instance Identity Metadata Reference - https://docs.aws.amazon.com/AWSEC2/latest/UserGuide/instance-identity-documents.html\r\nsudo yum update -y\r\nsudo yum install -y httpd\r\nsudo systemctl enable httpd\r\nsudo service httpd start  \r\nsudo echo '\u003ch1\u003eWelcome to StackSimplify - APP-2\u003c/h1\u003e' | sudo tee /var/www/html/index.html\r\nsudo mkdir /var/www/html/app2\r\nsudo echo '\u003c!DOCTYPE html\u003e \u003chtml\u003e \u003cbody style=\"background-color:rgb(15, 232, 192);\"\u003e \u003ch1\u003eWelcome to Stack Simplify - APP-2\u003c/h1\u003e \u003cp\u003eTerraform Demo\u003c/p\u003e \u003cp\u003eApplication Version: V1\u003c/p\u003e \u003c/body\u003e\u003c/html\u003e' | sudo tee /var/www/html/app2/index.html\r\n#sudo curl http://169.254.169.254/latest/dynamic/instance-identity/document -o /var/www/html/app2/metadata.html\r\nTOKEN=`curl -X PUT \"http://169.254.169.254/latest/api/token\" -H \"X-aws-ec2-metadata-token-ttl-seconds: 21600\"`\r\nsudo curl -H \"X-aws-ec2-metadata-token: $TOKEN\" http://169.254.169.254/latest/dynamic/instance-identity/document -o /var/www/html/app1/metadata.html\r\n# AWS Documentation to retrieve EC2 Instance Data\r\n# https://docs.aws.amazon.com/AWSEC2/latest/UserGuide/instancedata-data-retrieval.html\r\n\r\n",
            "user_data_base64": null,
            "user_data_replace_on_change": false,
            "volume_tags": null,
            "vpc_security_group_ids": [
              "sg-0f16d018079c0e071"
            ]
          },
          "sensitive_attributes": [],
          "identity_schema_version": 0,
          "identity": {
            "account_id": "043509840958",
            "id": "i-08ce2053a3df40cdd",
            "region": "us-east-1"
          },
          "private": "eyJlMmJmYjczMC1lY2FhLTExZTYtOGY4OC0zNDM2M2JjN2M0YzAiOnsiY3JlYXRlIjo2MDAwMDAwMDAwMDAsImRlbGV0ZSI6MTIwMDAwMDAwMDAwMCwicmVhZCI6OTAwMDAwMDAwMDAwLCJ1cGRhdGUiOjYwMDAwMDAwMDAwMH0sInNjaGVtYV92ZXJzaW9uIjoiMiJ9",
          "dependencies": [
            "data.aws_ami.amzlinux2",
            "module.security_groups.module.loadbalancer_sg.aws_security_group.this",
            "module.security_groups.module.loadbalancer_sg.aws_security_group.this_name_prefix",
            "module.security_groups.module.loadbalancer_sg.aws_security_group_rule.computed_egress_rules",
            "module.security_groups.module.loadbalancer_sg.aws_security_group_rule.computed_egress_with_cidr_blocks",
            "module.security_groups.module.loadbalancer_sg.aws_security_group_rule.computed_egress_with_ipv6_cidr_blocks",
            "module.security_groups.module.loadbalancer_sg.aws_security_group_rule.computed_egress_with_prefix_list_ids",
            "module.security_groups.module.loadbalancer_sg.aws_security_group_rule.computed_egress_with_self",
            "module.security_groups.module.loadbalancer_sg.aws_security_group_rule.computed_egress_with_source_security_group_id",
            "module.security_groups.module.loadbalancer_sg.aws_security_group_rule.computed_ingress_rules",
            "module.security_groups.module.loadbalancer_sg.aws_security_group_rule.computed_ingress_with_cidr_blocks",
            "module.security_groups.module.loadbalancer_sg.aws_security_group_rule.computed_ingress_with_ipv6_cidr_blocks",
            "module.security_groups.module.loadbalancer_sg.aws_security_group_rule.computed_ingress_with_prefix_list_ids",
            "module.security_groups.module.loadbalancer_sg.aws_security_group_rule.computed_ingress_with_self",
            "module.security_groups.module.loadbalancer_sg.aws_security_group_rule.computed_ingress_with_source_security_group_id",
            "module.security_groups.module.loadbalancer_sg.aws_security_group_rule.egress_rules",
            "module.security_groups.module.loadbalancer_sg.aws_security_group_rule.egress_with_cidr_blocks",
            "module.security_groups.module.loadbalancer_sg.aws_security_group_rule.egress_with_ipv6_cidr_blocks",
            "module.security_groups.module.loadbalancer_sg.aws_security_group_rule.egress_with_prefix_list_ids",
            "module.security_groups.module.loadbalancer_sg.aws_security_group_rule.egress_with_self",
            "module.security_groups.module.loadbalancer_sg.aws_security_group_rule.egress_with_source_security_group_id",
            "module.security_groups.module.loadbalancer_sg.aws_security_group_rule.ingress_rules",
            "module.security_groups.module.loadbalancer_sg.aws_security_group_rule.ingress_with_cidr_blocks",
            "module.security_groups.module.loadbalancer_sg.aws_security_group_rule.ingress_with_ipv6_cidr_blocks",
            "module.security_groups.module.loadbalancer_sg.aws_security_group_rule.ingress_with_prefix_list_ids",
            "module.security_groups.module.loadbalancer_sg.aws_security_group_rule.ingress_with_self",
            "module.security_groups.module.loadbalancer_sg.aws_security_group_rule.ingress_with_source_security_group_id",
            "module.security_groups.module.private_sg.aws_security_group.this",
            "module.security_groups.module.private_sg.aws_security_group.this_name_prefix",
            "module.security_groups.module.private_sg.aws_security_group_rule.computed_egress_rules",
            "module.security_groups.module.private_sg.aws_security_group_rule.computed_egress_with_cidr_blocks",
            "module.security_groups.module.private_sg.aws_security_group_rule.computed_egress_with_ipv6_cidr_blocks",
            "module.security_groups.module.private_sg.aws_security_group_rule.computed_egress_with_prefix_list_ids",
            "module.security_groups.module.private_sg.aws_security_group_rule.computed_egress_with_self",
            "module.security_groups.module.private_sg.aws_security_group_rule.computed_egress_with_source_security_group_id",
            "module.security_groups.module.private_sg.aws_security_group_rule.computed_ingress_rules",
            "module.security_groups.module.private_sg.aws_security_group_rule.computed_ingress_with_cidr_blocks",
            "module.security_groups.module.private_sg.aws_security_group_rule.computed_ingress_with_ipv6_cidr_blocks",
            "module.security_groups.module.private_sg.aws_security_group_rule.computed_ingress_with_prefix_list_ids",
            "module.security_groups.module.private_sg.aws_security_group_rule.computed_ingress_with_self",
            "module.security_groups.module.private_sg.aws_security_group_rule.computed_ingress_with_source_security_group_id",
            "module.security_groups.module.private_sg.aws_security_group_rule.egress_rules",
            "module.security_groups.module.private_sg.aws_security_group_rule.egress_with_cidr_blocks",
            "module.security_groups.module.private_sg.aws_security_group_rule.egress_with_ipv6_cidr_blocks",
            "module.security_groups.module.private_sg.aws_security_group_rule.egress_with_prefix_list_ids",
            "module.security_groups.module.private_sg.aws_security_group_rule.egress_with_self",
            "module.security_groups.module.private_sg.aws_security_group_rule.egress_with_source_security_group_id",
            "module.security_groups.module.private_sg.aws_security_group_rule.ingress_rules",
            "module.security_groups.module.private_sg.aws_security_group_rule.ingress_with_cidr_blocks",
            "module.security_groups.module.private_sg.aws_security_group_rule.ingress_with_ipv6_cidr_blocks",
            "module.security_groups.module.private_sg.aws_security_group_rule.ingress_with_prefix_list_ids",
            "module.security_groups.module.private_sg.aws_security_group_rule.ingress_with_self",
            "module.security_groups.module.private_sg.aws_security_group_rule.ingress_with_source_security_group_id",
            "module.security_groups.module.public_bastion_sg.aws_security_group.this",
            "module.security_groups.module.public_bastion_sg.aws_security_group.this_name_prefix",
            "module.security_groups.module.public_bastion_sg.aws_security_group_rule.computed_egress_rules",
            "module.security_groups.module.public_bastion_sg.aws_security_group_rule.computed_egress_with_cidr_blocks",
            "module.security_groups.module.public_bastion_sg.aws_security_group_rule.computed_egress_with_ipv6_cidr_blocks",
            "module.security_groups.module.public_bastion_sg.aws_security_group_rule.computed_egress_with_prefix_list_ids",
            "module.security_groups.module.public_bastion_sg.aws_security_group_rule.computed_egress_with_self",
            "module.security_groups.module.public_bastion_sg.aws_security_group_rule.computed_egress_with_source_security_group_id",
            "module.security_groups.module.public_bastion_sg.aws_security_group_rule.computed_ingress_rules",
            "module.security_groups.module.public_bastion_sg.aws_security_group_rule.computed_ingress_with_cidr_blocks",
            "module.security_groups.module.public_bastion_sg.aws_security_group_rule.computed_ingress_with_ipv6_cidr_blocks",
            "module.security_groups.module.public_bastion_sg.aws_security_group_rule.computed_ingress_with_prefix_list_ids",
            "module.security_groups.module.public_bastion_sg.aws_security_group_rule.computed_ingress_with_self",
            "module.security_groups.module.public_bastion_sg.aws_security_group_rule.computed_ingress_with_source_security_group_id",
            "module.security_groups.module.public_bastion_sg.aws_security_group_rule.egress_rules",
            "module.security_groups.module.public_bastion_sg.aws_security_group_rule.egress_with_cidr_blocks",
            "module.security_groups.module.public_bastion_sg.aws_security_group_rule.egress_with_ipv6_cidr_blocks",
            "module.security_groups.module.public_bastion_sg.aws_security_group_rule.egress_with_prefix_list_ids",
            "module.security_groups.module.public_bastion_sg.aws_security_group_rule.egress_with_self",
            "module.security_groups.module.public_bastion_sg.aws_security_group_rule.egress_with_source_security_group_id",
            "module.security_groups.module.public_bastion_sg.aws_security_group_rule.ingress_rules",
            "module.security_groups.module.public_bastion_sg.aws_security_group_rule.ingress_with_cidr_blocks",
            "module.security_groups.module.public_bastion_sg.aws_security_group_rule.ingress_with_ipv6_cidr_blocks",
            "module.security_groups.module.public_bastion_sg.aws_security_group_rule.ingress_with_prefix_list_ids",
            "module.security_groups.module.public_bastion_sg.aws_security_group_rule.ingress_with_self",
            "module.security_groups.module.public_bastion_sg.aws_security_group_rule.ingress_with_source_security_group_id",
            "module.security_groups.module.rdsdb_sg.aws_security_group.this",
            "module.security_groups.module.rdsdb_sg.aws_security_group.this_name_prefix",
            "module.security_groups.module.rdsdb_sg.aws_security_group_rule.computed_egress_rules",
            "module.security_groups.module.rdsdb_sg.aws_security_group_rule.computed_egress_with_cidr_blocks",
            "module.security_groups.module.rdsdb_sg.aws_security_group_rule.computed_egress_with_ipv6_cidr_blocks",
            "module.security_groups.module.rdsdb_sg.aws_security_group_rule.computed_egress_with_prefix_list_ids",
            "module.security_groups.module.rdsdb_sg.aws_security_group_rule.computed_egress_with_self",
            "module.security_groups.module.rdsdb_sg.aws_security_group_rule.computed_egress_with_source_security_group_id",
            "module.security_groups.module.rdsdb_sg.aws_security_group_rule.computed_ingress_rules",
            "module.security_groups.module.rdsdb_sg.aws_security_group_rule.computed_ingress_with_cidr_blocks",
            "module.security_groups.module.rdsdb_sg.aws_security_group_rule.computed_ingress_with_ipv6_cidr_blocks",
            "module.security_groups.module.rdsdb_sg.aws_security_group_rule.computed_ingress_with_prefix_list_ids",
            "module.security_groups.module.rdsdb_sg.aws_security_group_rule.computed_ingress_with_self",
            "module.security_groups.module.rdsdb_sg.aws_security_group_rule.computed_ingress_with_source_security_group_id",
            "module.security_groups.module.rdsdb_sg.aws_security_group_rule.egress_rules",
            "module.security_groups.module.rdsdb_sg.aws_security_group_rule.egress_with_cidr_blocks",
            "module.security_groups.module.rdsdb_sg.aws_security_group_rule.egress_with_ipv6_cidr_blocks",
            "module.security_groups.module.rdsdb_sg.aws_security_group_rule.egress_with_prefix_list_ids",
            "module.security_groups.module.rdsdb_sg.aws_security_group_rule.egress_with_self",
            "module.security_groups.module.rdsdb_sg.aws_security_group_rule.egress_with_source_security_group_id",
            "module.security_groups.module.rdsdb_sg.aws_security_group_rule.ingress_rules",
            "module.security_groups.module.rdsdb_sg.aws_security_group_rule.ingress_with_cidr_blocks",
            "module.security_groups.module.rdsdb_sg.aws_security_group_rule.ingress_with_ipv6_cidr_blocks",
            "module.security_groups.module.rdsdb_sg.aws_security_group_rule.ingress_with_prefix_list_ids",
            "module.security_groups.module.rdsdb_sg.aws_security_group_rule.ingress_with_self",
            "module.security_groups.module.rdsdb_sg.aws_security_group_rule.ingress_with_source_security_group_id",
            "module.vpc.module.vpc.aws_cloudwatch_log_group.flow_log",
            "module.vpc.module.vpc.aws_customer_gateway.this",
            "module.vpc.module.vpc.aws_db_subnet_group.database",
            "module.vpc.module.vpc.aws_default_network_acl.this",
            "module.vpc.module.vpc.aws_default_route_table.default",
            "module.vpc.module.vpc.aws_default_security_group.this",
            "module.vpc.module.vpc.aws_default_vpc.this",
            "module.vpc.module.vpc.aws_egress_only_internet_gateway.this",
            "module.vpc.module.vpc.aws_eip.nat",
            "module.vpc.module.vpc.aws_elasticache_subnet_group.elasticache",
            "module.vpc.module.vpc.aws_flow_log.this",
            "module.vpc.module.vpc.aws_iam_policy.vpc_flow_log_cloudwatch",
            "module.vpc.module.vpc.aws_iam_role.vpc_flow_log_cloudwatch",
            "module.vpc.module.vpc.aws_iam_role_policy_attachment.vpc_flow_log_cloudwatch",
            "module.vpc.module.vpc.aws_internet_gateway.this",
            "module.vpc.module.vpc.aws_nat_gateway.this",
            "module.vpc.module.vpc.aws_network_acl.database",
            "module.vpc.module.vpc.aws_network_acl.elasticache",
            "module.vpc.module.vpc.aws_network_acl.intra",
            "module.vpc.module.vpc.aws_network_acl.outpost",
            "module.vpc.module.vpc.aws_network_acl.private",
            "module.vpc.module.vpc.aws_network_acl.public",
            "module.vpc.module.vpc.aws_network_acl.redshift",
            "module.vpc.module.vpc.aws_network_acl_rule.database_inbound",
            "module.vpc.module.vpc.aws_network_acl_rule.database_outbound",
            "module.vpc.module.vpc.aws_network_acl_rule.elasticache_inbound",
            "module.vpc.module.vpc.aws_network_acl_rule.elasticache_outbound",
            "module.vpc.module.vpc.aws_network_acl_rule.intra_inbound",
            "module.vpc.module.vpc.aws_network_acl_rule.intra_outbound",
            "module.vpc.module.vpc.aws_network_acl_rule.outpost_inbound",
            "module.vpc.module.vpc.aws_network_acl_rule.outpost_outbound",
            "module.vpc.module.vpc.aws_network_acl_rule.private_inbound",
            "module.vpc.module.vpc.aws_network_acl_rule.private_outbound",
            "module.vpc.module.vpc.aws_network_acl_rule.public_inbound",
            "module.vpc.module.vpc.aws_network_acl_rule.public_outbound",
            "module.vpc.module.vpc.aws_network_acl_rule.redshift_inbound",
            "module.vpc.module.vpc.aws_network_acl_rule.redshift_outbound",
            "module.vpc.module.vpc.aws_redshift_subnet_group.redshift",
            "module.vpc.module.vpc.aws_route.database_dns64_nat_gateway",
            "module.vpc.module.vpc.aws_route.database_internet_gateway",
            "module.vpc.module.vpc.aws_route.database_ipv6_egress",
            "module.vpc.module.vpc.aws_route.database_nat_gateway",
            "module.vpc.module.vpc.aws_route.private_dns64_nat_gateway",
            "module.vpc.module.vpc.aws_route.private_ipv6_egress",
            "module.vpc.module.vpc.aws_route.private_nat_gateway",
            "module.vpc.module.vpc.aws_route.public_internet_gateway",
            "module.vpc.module.vpc.aws_route.public_internet_gateway_ipv6",
            "module.vpc.module.vpc.aws_route_table.database",
            "module.vpc.module.vpc.aws_route_table.elasticache",
            "module.vpc.module.vpc.aws_route_table.intra",
            "module.vpc.module.vpc.aws_route_table.private",
            "module.vpc.module.vpc.aws_route_table.public",
            "module.vpc.module.vpc.aws_route_table.redshift",
            "module.vpc.module.vpc.aws_route_table_association.database",
            "module.vpc.module.vpc.aws_route_table_association.elasticache",
            "module.vpc.module.vpc.aws_route_table_association.intra",
            "module.vpc.module.vpc.aws_route_table_association.outpost",
            "module.vpc.module.vpc.aws_route_table_association.private",
            "module.vpc.module.vpc.aws_route_table_association.public",
            "module.vpc.module.vpc.aws_route_table_association.redshift",
            "module.vpc.module.vpc.aws_route_table_association.redshift_public",
            "module.vpc.module.vpc.aws_subnet.database",
            "module.vpc.module.vpc.aws_subnet.elasticache",
            "module.vpc.module.vpc.aws_subnet.intra",
            "module.vpc.module.vpc.aws_subnet.outpost",
            "module.vpc.module.vpc.aws_subnet.private",
            "module.vpc.module.vpc.aws_subnet.public",
            "module.vpc.module.vpc.aws_subnet.redshift",
            "module.vpc.module.vpc.aws_vpc.this",
            "module.vpc.module.vpc.aws_vpc_dhcp_options.this",
            "module.vpc.module.vpc.aws_vpc_dhcp_options_association.this",
            "module.vpc.module.vpc.aws_vpc_ipv4_cidr_block_association.this",
            "module.vpc.module.vpc.aws_vpn_gateway.this",
            "module.vpc.module.vpc.aws_vpn_gateway_attachment.this",
            "module.vpc.module.vpc.aws_vpn_gateway_route_propagation.intra",
            "module.vpc.module.vpc.aws_vpn_gateway_route_propagation.private",
            "module.vpc.module.vpc.aws_vpn_gateway_route_propagation.public",
            "module.vpc.module.vpc.data.aws_iam_policy_document.flow_log_cloudwatch_assume_role",
            "module.vpc.module.vpc.data.aws_iam_policy_document.vpc_flow_log_cloudwatch"
          ],
          "create_before_destroy": true
        },
        {
          "index_key": "1",
          "schema_version": 2,
          "attributes": {
            "ami": "ami-0199fa5fada510433",
            "arn": "arn:aws:ec2:us-east-1:043509840958:instance/i-0bb83c021c5b0e238",
            "associate_public_ip_address": false,
            "availability_zone": "us-east-1b",
            "capacity_reservation_specification": [
              {
                "capacity_reservation_preference": "open",
                "capacity_reservation_target": []
              }
            ],
            "cpu_options": [
              {
                "amd_sev_snp": "",
                "core_count": 1,
                "nested_virtualization": "",
                "threads_per_core": 2
              }
            ],
            "credit_specification": [
              {
                "cpu_credits": "unlimited"
              }
            ],
            "disable_api_stop": false,
            "disable_api_termination": false,
            "ebs_block_device": [],
            "ebs_optimized": false,
            "enable_primary_ipv6": null,
            "enclave_options": [
              {
                "enabled": false
              }
            ],
            "ephemeral_block_device": [],
            "force_destroy": false,
            "get_password_data": false,
            "hibernation": false,
            "host_id": "",
            "host_resource_group_arn": null,
            "iam_instance_profile": "",
            "id": "i-0bb83c021c5b0e238",
            "instance_initiated_shutdown_behavior": "stop",
            "instance_lifecycle": "",
            "instance_market_options": [],
            "instance_state": "running",
            "instance_type": "t3.micro",
            "ipv6_address_count": 0,
            "ipv6_addresses": [],
            "key_name": "eks-terraform-key",
            "launch_template": [],
            "maintenance_options": [
              {
                "auto_recovery": "default"
              }
            ],
            "metadata_options": [
              {
                "http_endpoint": "enabled",
                "http_protocol_ipv6": "disabled",
                "http_put_response_hop_limit": 1,
                "http_tokens": "optional",
                "instance_metadata_tags": "disabled"
              }
            ],
            "monitoring": false,
            "network_interface": [],
            "outpost_arn": "",
            "password_data": "",
            "placement_group": "",
            "placement_group_id": "",
            "placement_partition_number": 0,
            "primary_network_interface": [
              {
                "delete_on_termination": true,
                "network_interface_id": "eni-0b1a67b7f8a3af5ea"
              }
            ],
            "primary_network_interface_id": "eni-0b1a67b7f8a3af5ea",
            "private_dns": "ip-10-0-2-201.ec2.internal",
            "private_dns_name_options": [
              {
                "enable_resource_name_dns_a_record": false,
                "enable_resource_name_dns_aaaa_record": false,
                "hostname_type": "ip-name"
              }
            ],
            "private_ip": "10.0.2.201",
            "public_dns": "",
            "public_ip": "",
            "region": "us-east-1",
            "root_block_device": [
              {
                "delete_on_termination": true,
                "device_name": "/dev/xvda",
                "encrypted": false,
                "iops": 100,
                "kms_key_id": "",
                "tags": {},
                "tags_all": {},
                "throughput": 0,
                "volume_id": "vol-035d545d102aba861",
                "volume_size": 8,
                "volume_type": "gp2"
              }
            ],
            "secondary_network_interface": [],
            "secondary_private_ips": [],
            "security_groups": [],
            "source_dest_check": true,
            "spot_instance_request_id": "",
            "subnet_id": "subnet-053cccbc151485b24",
            "tags": {
              "ManagedBy": "Terraform",
              "Name": "dev-app-app2-dnsdb-1",
              "Project": "terraform-aws-infrastructure",
              "environment": "dev",
              "owners": "hr"
            },
            "tags_all": {
              "ManagedBy": "Terraform",
              "Name": "dev-app-app2-dnsdb-1",
              "Project": "terraform-aws-infrastructure",
              "environment": "dev",
              "owners": "hr"
            },
            "tenancy": "default",
            "timeouts": null,
            "user_data": "#! /bin/bash\r\n# Instance Identity Metadata Reference - https://docs.aws.amazon.com/AWSEC2/latest/UserGuide/instance-identity-documents.html\r\nsudo yum update -y\r\nsudo yum install -y httpd\r\nsudo systemctl enable httpd\r\nsudo service httpd start  \r\nsudo echo '\u003ch1\u003eWelcome to StackSimplify - APP-2\u003c/h1\u003e' | sudo tee /var/www/html/index.html\r\nsudo mkdir /var/www/html/app2\r\nsudo echo '\u003c!DOCTYPE html\u003e \u003chtml\u003e \u003cbody style=\"background-color:rgb(15, 232, 192);\"\u003e \u003ch1\u003eWelcome to Stack Simplify - APP-2\u003c/h1\u003e \u003cp\u003eTerraform Demo\u003c/p\u003e \u003cp\u003eApplication Version: V1\u003c/p\u003e \u003c/body\u003e\u003c/html\u003e' | sudo tee /var/www/html/app2/index.html\r\n#sudo curl http://169.254.169.254/latest/dynamic/instance-identity/document -o /var/www/html/app2/metadata.html\r\nTOKEN=`curl -X PUT \"http://169.254.169.254/latest/api/token\" -H \"X-aws-ec2-metadata-token-ttl-seconds: 21600\"`\r\nsudo curl -H \"X-aws-ec2-metadata-token: $TOKEN\" http://169.254.169.254/latest/dynamic/instance-identity/document -o /var/www/html/app1/metadata.html\r\n# AWS Documentation to retrieve EC2 Instance Data\r\n# https://docs.aws.amazon.com/AWSEC2/latest/UserGuide/instancedata-data-retrieval.html\r\n\r\n",
            "user_data_base64": null,
            "user_data_replace_on_change": false,
            "volume_tags": null,
            "vpc_security_group_ids": [
              "sg-0f16d018079c0e071"
            ]
          },
          "sensitive_attributes": [],
          "identity_schema_version": 0,
          "identity": {
            "account_id": "043509840958",
            "id": "i-0bb83c021c5b0e238",
            "region": "us-east-1"
          },
          "private": "eyJlMmJmYjczMC1lY2FhLTExZTYtOGY4OC0zNDM2M2JjN2M0YzAiOnsiY3JlYXRlIjo2MDAwMDAwMDAwMDAsImRlbGV0ZSI6MTIwMDAwMDAwMDAwMCwicmVhZCI6OTAwMDAwMDAwMDAwLCJ1cGRhdGUiOjYwMDAwMDAwMDAwMH0sInNjaGVtYV92ZXJzaW9uIjoiMiJ9",
          "dependencies": [
            "data.aws_ami.amzlinux2",
            "module.security_groups.module.loadbalancer_sg.aws_security_group.this",
            "module.security_groups.module.loadbalancer_sg.aws_security_group.this_name_prefix",
            "module.security_groups.module.loadbalancer_sg.aws_security_group_rule.computed_egress_rules",
            "module.security_groups.module.loadbalancer_sg.aws_security_group_rule.computed_egress_with_cidr_blocks",
            "module.security_groups.module.loadbalancer_sg.aws_security_group_rule.computed_egress_with_ipv6_cidr_blocks",
            "module.security_groups.module.loadbalancer_sg.aws_security_group_rule.computed_egress_with_prefix_list_ids",
            "module.security_groups.module.loadbalancer_sg.aws_security_group_rule.computed_egress_with_self",
            "module.security_groups.module.loadbalancer_sg.aws_security_group_rule.computed_egress_with_source_security_group_id",
            "module.security_groups.module.loadbalancer_sg.aws_security_group_rule.computed_ingress_rules",
            "module.security_groups.module.loadbalancer_sg.aws_security_group_rule.computed_ingress_with_cidr_blocks",
            "module.security_groups.module.loadbalancer_sg.aws_security_group_rule.computed_ingress_with_ipv6_cidr_blocks",
            "module.security_groups.module.loadbalancer_sg.aws_security_group_rule.computed_ingress_with_prefix_list_ids",
            "module.security_groups.module.loadbalancer_sg.aws_security_group_rule.computed_ingress_with_self",
            "module.security_groups.module.loadbalancer_sg.aws_security_group_rule.computed_ingress_with_source_security_group_id",
            "module.security_groups.module.loadbalancer_sg.aws_security_group_rule.egress_rules",
            "module.security_groups.module.loadbalancer_sg.aws_security_group_rule.egress_with_cidr_blocks",
            "module.security_groups.module.loadbalancer_sg.aws_security_group_rule.egress_with_ipv6_cidr_blocks",
            "module.security_groups.module.loadbalancer_sg.aws_security_group_rule.egress_with_prefix_list_ids",
            "module.security_groups.module.loadbalancer_sg.aws_security_group_rule.egress_with_self",
            "module.security_groups.module.loadbalancer_sg.aws_security_group_rule.egress_with_source_security_group_id",
            "module.security_groups.module.loadbalancer_sg.aws_security_group_rule.ingress_rules",
            "module.security_groups.module.loadbalancer_sg.aws_security_group_rule.ingress_with_cidr_blocks",
            "module.security_groups.module.loadbalancer_sg.aws_security_group_rule.ingress_with_ipv6_cidr_blocks",
            "module.security_groups.module.loadbalancer_sg.aws_security_group_rule.ingress_with_prefix_list_ids",
            "module.security_groups.module.loadbalancer_sg.aws_security_group_rule.ingress_with_self",
            "module.security_groups.module.loadbalancer_sg.aws_security_group_rule.ingress_with_source_security_group_id",
            "module.security_groups.module.private_sg.aws_security_group.this",
            "module.security_groups.module.private_sg.aws_security_group.this_name_prefix",
            "module.security_groups.module.private_sg.aws_security_group_rule.computed_egress_rules",
            "module.security_groups.module.private_sg.aws_security_group_rule.computed_egress_with_cidr_blocks",
            "module.security_groups.module.private_sg.aws_security_group_rule.computed_egress_with_ipv6_cidr_blocks",
            "module.security_groups.module.private_sg.aws_security_group_rule.computed_egress_with_prefix_list_ids",
            "module.security_groups.module.private_sg.aws_security_group_rule.computed_egress_with_self",
            "module.security_groups.module.private_sg.aws_security_group_rule.computed_egress_with_source_security_group_id",
            "module.security_groups.module.private_sg.aws_security_group_rule.computed_ingress_rules",
            "module.security_groups.module.private_sg.aws_security_group_rule.computed_ingress_with_cidr_blocks",
            "module.security_groups.module.private_sg.aws_security_group_rule.computed_ingress_with_ipv6_cidr_blocks",
            "module.security_groups.module.private_sg.aws_security_group_rule.computed_ingress_with_prefix_list_ids",
            "module.security_groups.module.private_sg.aws_security_group_rule.computed_ingress_with_self",
            "module.security_groups.module.private_sg.aws_security_group_rule.computed_ingress_with_source_security_group_id",
            "module.security_groups.module.private_sg.aws_security_group_rule.egress_rules",
            "module.security_groups.module.private_sg.aws_security_group_rule.egress_with_cidr_blocks",
            "module.security_groups.module.private_sg.aws_security_group_rule.egress_with_ipv6_cidr_blocks",
            "module.security_groups.module.private_sg.aws_security_group_rule.egress_with_prefix_list_ids",
            "module.security_groups.module.private_sg.aws_security_group_rule.egress_with_self",
            "module.security_groups.module.private_sg.aws_security_group_rule.egress_with_source_security_group_id",
            "module.security_groups.module.private_sg.aws_security_group_rule.ingress_rules",
            "module.security_groups.module.private_sg.aws_security_group_rule.ingress_with_cidr_blocks",
            "module.security_groups.module.private_sg.aws_security_group_rule.ingress_with_ipv6_cidr_blocks",
            "module.security_groups.module.private_sg.aws_security_group_rule.ingress_with_prefix_list_ids",
            "module.security_groups.module.private_sg.aws_security_group_rule.ingress_with_self",
            "module.security_groups.module.private_sg.aws_security_group_rule.ingress_with_source_security_group_id",
            "module.security_groups.module.public_bastion_sg.aws_security_group.this",
            "module.security_groups.module.public_bastion_sg.aws_security_group.this_name_prefix",
            "module.security_groups.module.public_bastion_sg.aws_security_group_rule.computed_egress_rules",
            "module.security_groups.module.public_bastion_sg.aws_security_group_rule.computed_egress_with_cidr_blocks",
            "module.security_groups.module.public_bastion_sg.aws_security_group_rule.computed_egress_with_ipv6_cidr_blocks",
            "module.security_groups.module.public_bastion_sg.aws_security_group_rule.computed_egress_with_prefix_list_ids",
            "module.security_groups.module.public_bastion_sg.aws_security_group_rule.computed_egress_with_self",
            "module.security_groups.module.public_bastion_sg.aws_security_group_rule.computed_egress_with_source_security_group_id",
            "module.security_groups.module.public_bastion_sg.aws_security_group_rule.computed_ingress_rules",
            "module.security_groups.module.public_bastion_sg.aws_security_group_rule.computed_ingress_with_cidr_blocks",
            "module.security_groups.module.public_bastion_sg.aws_security_group_rule.computed_ingress_with_ipv6_cidr_blocks",
            "module.security_groups.module.public_bastion_sg.aws_security_group_rule.computed_ingress_with_prefix_list_ids",
            "module.security_groups.module.public_bastion_sg.aws_security_group_rule.computed_ingress_with_self",
            "module.security_groups.module.public_bastion_sg.aws_security_group_rule.computed_ingress_with_source_security_group_id",
            "module.security_groups.module.public_bastion_sg.aws_security_group_rule.egress_rules",
            "module.security_groups.module.public_bastion_sg.aws_security_group_rule.egress_with_cidr_blocks",
            "module.security_groups.module.public_bastion_sg.aws_security_group_rule.egress_with_ipv6_cidr_blocks",
            "module.security_groups.module.public_bastion_sg.aws_security_group_rule.egress_with_prefix_list_ids",
            "module.security_groups.module.public_bastion_sg.aws_security_group_rule.egress_with_self",
            "module.security_groups.module.public_bastion_sg.aws_security_group_rule.egress_with_source_security_group_id",
            "module.security_groups.module.public_bastion_sg.aws_security_group_rule.ingress_rules",
            "module.security_groups.module.public_bastion_sg.aws_security_group_rule.ingress_with_cidr_blocks",
            "module.security_groups.module.public_bastion_sg.aws_security_group_rule.ingress_with_ipv6_cidr_blocks",
            "module.security_groups.module.public_bastion_sg.aws_security_group_rule.ingress_with_prefix_list_ids",
            "module.security_groups.module.public_bastion_sg.aws_security_group_rule.ingress_with_self",
            "module.security_groups.module.public_bastion_sg.aws_security_group_rule.ingress_with_source_security_group_id",
            "module.security_groups.module.rdsdb_sg.aws_security_group.this",
            "module.security_groups.module.rdsdb_sg.aws_security_group.this_name_prefix",
            "module.security_groups.module.rdsdb_sg.aws_security_group_rule.computed_egress_rules",
            "module.security_groups.module.rdsdb_sg.aws_security_group_rule.computed_egress_with_cidr_blocks",
            "module.security_groups.module.rdsdb_sg.aws_security_group_rule.computed_egress_with_ipv6_cidr_blocks",
            "module.security_groups.module.rdsdb_sg.aws_security_group_rule.computed_egress_with_prefix_list_ids",
            "module.security_groups.module.rdsdb_sg.aws_security_group_rule.computed_egress_with_self",
            "module.security_groups.module.rdsdb_sg.aws_security_group_rule.computed_egress_with_source_security_group_id",
            "module.security_groups.module.rdsdb_sg.aws_security_group_rule.computed_ingress_rules",
            "module.security_groups.module.rdsdb_sg.aws_security_group_rule.computed_ingress_with_cidr_blocks",
            "module.security_groups.module.rdsdb_sg.aws_security_group_rule.computed_ingress_with_ipv6_cidr_blocks",
            "module.security_groups.module.rdsdb_sg.aws_security_group_rule.computed_ingress_with_prefix_list_ids",
            "module.security_groups.module.rdsdb_sg.aws_security_group_rule.computed_ingress_with_self",
            "module.security_groups.module.rdsdb_sg.aws_security_group_rule.computed_ingress_with_source_security_group_id",
            "module.security_groups.module.rdsdb_sg.aws_security_group_rule.egress_rules",
            "module.security_groups.module.rdsdb_sg.aws_security_group_rule.egress_with_cidr_blocks",
            "module.security_groups.module.rdsdb_sg.aws_security_group_rule.egress_with_ipv6_cidr_blocks",
            "module.security_groups.module.rdsdb_sg.aws_security_group_rule.egress_with_prefix_list_ids",
            "module.security_groups.module.rdsdb_sg.aws_security_group_rule.egress_with_self",
            "module.security_groups.module.rdsdb_sg.aws_security_group_rule.egress_with_source_security_group_id",
            "module.security_groups.module.rdsdb_sg.aws_security_group_rule.ingress_rules",
            "module.security_groups.module.rdsdb_sg.aws_security_group_rule.ingress_with_cidr_blocks",
            "module.security_groups.module.rdsdb_sg.aws_security_group_rule.ingress_with_ipv6_cidr_blocks",
            "module.security_groups.module.rdsdb_sg.aws_security_group_rule.ingress_with_prefix_list_ids",
            "module.security_groups.module.rdsdb_sg.aws_security_group_rule.ingress_with_self",
            "module.security_groups.module.rdsdb_sg.aws_security_group_rule.ingress_with_source_security_group_id",
            "module.vpc.module.vpc.aws_cloudwatch_log_group.flow_log",
            "module.vpc.module.vpc.aws_customer_gateway.this",
            "module.vpc.module.vpc.aws_db_subnet_group.database",
            "module.vpc.module.vpc.aws_default_network_acl.this",
            "module.vpc.module.vpc.aws_default_route_table.default",
            "module.vpc.module.vpc.aws_default_security_group.this",
            "module.vpc.module.vpc.aws_default_vpc.this",
            "module.vpc.module.vpc.aws_egress_only_internet_gateway.this",
            "module.vpc.module.vpc.aws_eip.nat",
            "module.vpc.module.vpc.aws_elasticache_subnet_group.elasticache",
            "module.vpc.module.vpc.aws_flow_log.this",
            "module.vpc.module.vpc.aws_iam_policy.vpc_flow_log_cloudwatch",
            "module.vpc.module.vpc.aws_iam_role.vpc_flow_log_cloudwatch",
            "module.vpc.module.vpc.aws_iam_role_policy_attachment.vpc_flow_log_cloudwatch",
            "module.vpc.module.vpc.aws_internet_gateway.this",
            "module.vpc.module.vpc.aws_nat_gateway.this",
            "module.vpc.module.vpc.aws_network_acl.database",
            "module.vpc.module.vpc.aws_network_acl.elasticache",
            "module.vpc.module.vpc.aws_network_acl.intra",
            "module.vpc.module.vpc.aws_network_acl.outpost",
            "module.vpc.module.vpc.aws_network_acl.private",
            "module.vpc.module.vpc.aws_network_acl.public",
            "module.vpc.module.vpc.aws_network_acl.redshift",
            "module.vpc.module.vpc.aws_network_acl_rule.database_inbound",
            "module.vpc.module.vpc.aws_network_acl_rule.database_outbound",
            "module.vpc.module.vpc.aws_network_acl_rule.elasticache_inbound",
            "module.vpc.module.vpc.aws_network_acl_rule.elasticache_outbound",
            "module.vpc.module.vpc.aws_network_acl_rule.intra_inbound",
            "module.vpc.module.vpc.aws_network_acl_rule.intra_outbound",
            "module.vpc.module.vpc.aws_network_acl_rule.outpost_inbound",
            "module.vpc.module.vpc.aws_network_acl_rule.outpost_outbound",
            "module.vpc.module.vpc.aws_network_acl_rule.private_inbound",
            "module.vpc.module.vpc.aws_network_acl_rule.private_outbound",
            "module.vpc.module.vpc.aws_network_acl_rule.public_inbound",
            "module.vpc.module.vpc.aws_network_acl_rule.public_outbound",
            "module.vpc.module.vpc.aws_network_acl_rule.redshift_inbound",
            "module.vpc.module.vpc.aws_network_acl_rule.redshift_outbound",
            "module.vpc.module.vpc.aws_redshift_subnet_group.redshift",
            "module.vpc.module.vpc.aws_route.database_dns64_nat_gateway",
            "module.vpc.module.vpc.aws_route.database_internet_gateway",
            "module.vpc.module.vpc.aws_route.database_ipv6_egress",
            "module.vpc.module.vpc.aws_route.database_nat_gateway",
            "module.vpc.module.vpc.aws_route.private_dns64_nat_gateway",
            "module.vpc.module.vpc.aws_route.private_ipv6_egress",
            "module.vpc.module.vpc.aws_route.private_nat_gateway",
            "module.vpc.module.vpc.aws_route.public_internet_gateway",
            "module.vpc.module.vpc.aws_route.public_internet_gateway_ipv6",
            "module.vpc.module.vpc.aws_route_table.database",
            "module.vpc.module.vpc.aws_route_table.elasticache",
            "module.vpc.module.vpc.aws_route_table.intra",
            "module.vpc.module.vpc.aws_route_table.private",
            "module.vpc.module.vpc.aws_route_table.public",
            "module.vpc.module.vpc.aws_route_table.redshift",
            "module.vpc.module.vpc.aws_route_table_association.database",
            "module.vpc.module.vpc.aws_route_table_association.elasticache",
            "module.vpc.module.vpc.aws_route_table_association.intra",
            "module.vpc.module.vpc.aws_route_table_association.outpost",
            "module.vpc.module.vpc.aws_route_table_association.private",
            "module.vpc.module.vpc.aws_route_table_association.public",
            "module.vpc.module.vpc.aws_route_table_association.redshift",
            "module.vpc.module.vpc.aws_route_table_association.redshift_public",
            "module.vpc.module.vpc.aws_subnet.database",
            "module.vpc.module.vpc.aws_subnet.elasticache",
            "module.vpc.module.vpc.aws_subnet.intra",
            "module.vpc.module.vpc.aws_subnet.outpost",
            "module.vpc.module.vpc.aws_subnet.private",
            "module.vpc.module.vpc.aws_subnet.public",
            "module.vpc.module.vpc.aws_subnet.redshift",
            "module.vpc.module.vpc.aws_vpc.this",
            "module.vpc.module.vpc.aws_vpc_dhcp_options.this",
            "module.vpc.module.vpc.aws_vpc_dhcp_options_association.this",
            "module.vpc.module.vpc.aws_vpc_ipv4_cidr_block_association.this",
            "module.vpc.module.vpc.aws_vpn_gateway.this",
            "module.vpc.module.vpc.aws_vpn_gateway_attachment.this",
            "module.vpc.module.vpc.aws_vpn_gateway_route_propagation.intra",
            "module.vpc.module.vpc.aws_vpn_gateway_route_propagation.private",
            "module.vpc.module.vpc.aws_vpn_gateway_route_propagation.public",
            "module.vpc.module.vpc.data.aws_iam_policy_document.flow_log_cloudwatch_assume_role",
            "module.vpc.module.vpc.data.aws_iam_policy_document.vpc_flow_log_cloudwatch"
          ],
          "create_before_destroy": true
        }
      ]
    },
    {
      "module": "module.ec2_application",
      "mode": "managed",
      "type": "aws_instance",
      "name": "app2_pathbased",
      "provider": "provider[\"registry.terraform.io/hashicorp/aws\"]",
      "instances": [
        {
          "index_key": "0",
          "schema_version": 2,
          "attributes": {
            "ami": "ami-0199fa5fada510433",
            "arn": "arn:aws:ec2:us-east-1:043509840958:instance/i-0f95b21096d5bdb77",
            "associate_public_ip_address": false,
            "availability_zone": "us-east-1a",
            "capacity_reservation_specification": [
              {
                "capacity_reservation_preference": "open",
                "capacity_reservation_target": []
              }
            ],
            "cpu_options": [
              {
                "amd_sev_snp": "",
                "core_count": 1,
                "nested_virtualization": "",
                "threads_per_core": 2
              }
            ],
            "credit_specification": [
              {
                "cpu_credits": "unlimited"
              }
            ],
            "disable_api_stop": false,
            "disable_api_termination": false,
            "ebs_block_device": [],
            "ebs_optimized": false,
            "enable_primary_ipv6": null,
            "enclave_options": [
              {
                "enabled": false
              }
            ],
            "ephemeral_block_device": [],
            "force_destroy": false,
            "get_password_data": false,
            "hibernation": false,
            "host_id": "",
            "host_resource_group_arn": null,
            "iam_instance_profile": "",
            "id": "i-0f95b21096d5bdb77",
            "instance_initiated_shutdown_behavior": "stop",
            "instance_lifecycle": "",
            "instance_market_options": [],
            "instance_state": "running",
            "instance_type": "t3.micro",
            "ipv6_address_count": 0,
            "ipv6_addresses": [],
            "key_name": "eks-terraform-key",
            "launch_template": [],
            "maintenance_options": [
              {
                "auto_recovery": "default"
              }
            ],
            "metadata_options": [
              {
                "http_endpoint": "enabled",
                "http_protocol_ipv6": "disabled",
                "http_put_response_hop_limit": 1,
                "http_tokens": "optional",
                "instance_metadata_tags": "disabled"
              }
            ],
            "monitoring": false,
            "network_interface": [],
            "outpost_arn": "",
            "password_data": "",
            "placement_group": "",
            "placement_group_id": "",
            "placement_partition_number": 0,
            "primary_network_interface": [
              {
                "delete_on_termination": true,
                "network_interface_id": "eni-06c72a2982773c718"
              }
            ],
            "primary_network_interface_id": "eni-06c72a2982773c718",
            "private_dns": "ip-10-0-1-253.ec2.internal",
            "private_dns_name_options": [
              {
                "enable_resource_name_dns_a_record": false,
                "enable_resource_name_dns_aaaa_record": false,
                "hostname_type": "ip-name"
              }
            ],
            "private_ip": "10.0.1.253",
            "public_dns": "",
            "public_ip": "",
            "region": "us-east-1",
            "root_block_device": [
              {
                "delete_on_termination": true,
                "device_name": "/dev/xvda",
                "encrypted": false,
                "iops": 100,
                "kms_key_id": "",
                "tags": {},
                "tags_all": {},
                "throughput": 0,
                "volume_id": "vol-0dedc33ad40ded6df",
                "volume_size": 8,
                "volume_type": "gp2"
              }
            ],
            "secondary_network_interface": [],
            "secondary_private_ips": [],
            "security_groups": [],
            "source_dest_check": true,
            "spot_instance_request_id": "",
            "subnet_id": "subnet-07869b2c047a1f5d2",
            "tags": {
              "ManagedBy": "Terraform",
              "Name": "dev-app-app2-pathbased-0",
              "Project": "terraform-aws-infrastructure",
              "environment": "dev",
              "owners": "hr"
            },
            "tags_all": {
              "ManagedBy": "Terraform",
              "Name": "dev-app-app2-pathbased-0",
              "Project": "terraform-aws-infrastructure",
              "environment": "dev",
              "owners": "hr"
            },
            "tenancy": "default",
            "timeouts": null,
            "user_data": "#! /bin/bash\r\n# Instance Identity Metadata Reference - https://docs.aws.amazon.com/AWSEC2/latest/UserGuide/instance-identity-documents.html\r\nsudo yum update -y\r\nsudo yum install -y httpd\r\nsudo systemctl enable httpd\r\nsudo service httpd start  \r\nsudo echo '\u003ch1\u003eWelcome to StackSimplify - APP-2\u003c/h1\u003e' | sudo tee /var/www/html/index.html\r\nsudo mkdir /var/www/html/app2\r\nsudo echo '\u003c!DOCTYPE html\u003e \u003chtml\u003e \u003cbody style=\"background-color:rgb(15, 232, 192);\"\u003e \u003ch1\u003eWelcome to Stack Simplify - APP-2\u003c/h1\u003e \u003cp\u003eTerraform Demo\u003c/p\u003e \u003cp\u003eApplication Version: V1\u003c/p\u003e \u003c/body\u003e\u003c/html\u003e' | sudo tee /var/www/html/app2/index.html\r\n#sudo curl http://169.254.169.254/latest/dynamic/instance-identity/document -o /var/www/html/app2/metadata.html\r\nTOKEN=`curl -X PUT \"http://169.254.169.254/latest/api/token\" -H \"X-aws-ec2-metadata-token-ttl-seconds: 21600\"`\r\nsudo curl -H \"X-aws-ec2-metadata-token: $TOKEN\" http://169.254.169.254/latest/dynamic/instance-identity/document -o /var/www/html/app1/metadata.html\r\n# AWS Documentation to retrieve EC2 Instance Data\r\n# https://docs.aws.amazon.com/AWSEC2/latest/UserGuide/instancedata-data-retrieval.html\r\n\r\n",
            "user_data_base64": null,
            "user_data_replace_on_change": false,
            "volume_tags": null,
            "vpc_security_group_ids": [
              "sg-0f16d018079c0e071"
            ]
          },
          "sensitive_attributes": [],
          "identity_schema_version": 0,
          "identity": {
            "account_id": "043509840958",
            "id": "i-0f95b21096d5bdb77",
            "region": "us-east-1"
          },
          "private": "eyJlMmJmYjczMC1lY2FhLTExZTYtOGY4OC0zNDM2M2JjN2M0YzAiOnsiY3JlYXRlIjo2MDAwMDAwMDAwMDAsImRlbGV0ZSI6MTIwMDAwMDAwMDAwMCwicmVhZCI6OTAwMDAwMDAwMDAwLCJ1cGRhdGUiOjYwMDAwMDAwMDAwMH0sInNjaGVtYV92ZXJzaW9uIjoiMiJ9",
          "dependencies": [
            "data.aws_ami.amzlinux2",
            "module.security_groups.module.loadbalancer_sg.aws_security_group.this",
            "module.security_groups.module.loadbalancer_sg.aws_security_group.this_name_prefix",
            "module.security_groups.module.loadbalancer_sg.aws_security_group_rule.computed_egress_rules",
            "module.security_groups.module.loadbalancer_sg.aws_security_group_rule.computed_egress_with_cidr_blocks",
            "module.security_groups.module.loadbalancer_sg.aws_security_group_rule.computed_egress_with_ipv6_cidr_blocks",
            "module.security_groups.module.loadbalancer_sg.aws_security_group_rule.computed_egress_with_prefix_list_ids",
            "module.security_groups.module.loadbalancer_sg.aws_security_group_rule.computed_egress_with_self",
            "module.security_groups.module.loadbalancer_sg.aws_security_group_rule.computed_egress_with_source_security_group_id",
            "module.security_groups.module.loadbalancer_sg.aws_security_group_rule.computed_ingress_rules",
            "module.security_groups.module.loadbalancer_sg.aws_security_group_rule.computed_ingress_with_cidr_blocks",
            "module.security_groups.module.loadbalancer_sg.aws_security_group_rule.computed_ingress_with_ipv6_cidr_blocks",
            "module.security_groups.module.loadbalancer_sg.aws_security_group_rule.computed_ingress_with_prefix_list_ids",
            "module.security_groups.module.loadbalancer_sg.aws_security_group_rule.computed_ingress_with_self",
            "module.security_groups.module.loadbalancer_sg.aws_security_group_rule.computed_ingress_with_source_security_group_id",
            "module.security_groups.module.loadbalancer_sg.aws_security_group_rule.egress_rules",
            "module.security_groups.module.loadbalancer_sg.aws_security_group_rule.egress_with_cidr_blocks",
            "module.security_groups.module.loadbalancer_sg.aws_security_group_rule.egress_with_ipv6_cidr_blocks",
            "module.security_groups.module.loadbalancer_sg.aws_security_group_rule.egress_with_prefix_list_ids",
            "module.security_groups.module.loadbalancer_sg.aws_security_group_rule.egress_with_self",
            "module.security_groups.module.loadbalancer_sg.aws_security_group_rule.egress_with_source_security_group_id",
            "module.security_groups.module.loadbalancer_sg.aws_security_group_rule.ingress_rules",
            "module.security_groups.module.loadbalancer_sg.aws_security_group_rule.ingress_with_cidr_blocks",
            "module.security_groups.module.loadbalancer_sg.aws_security_group_rule.ingress_with_ipv6_cidr_blocks",
            "module.security_groups.module.loadbalancer_sg.aws_security_group_rule.ingress_with_prefix_list_ids",
            "module.security_groups.module.loadbalancer_sg.aws_security_group_rule.ingress_with_self",
            "module.security_groups.module.loadbalancer_sg.aws_security_group_rule.ingress_with_source_security_group_id",
            "module.security_groups.module.private_sg.aws_security_group.this",
            "module.security_groups.module.private_sg.aws_security_group.this_name_prefix",
            "module.security_groups.module.private_sg.aws_security_group_rule.computed_egress_rules",
            "module.security_groups.module.private_sg.aws_security_group_rule.computed_egress_with_cidr_blocks",
            "module.security_groups.module.private_sg.aws_security_group_rule.computed_egress_with_ipv6_cidr_blocks",
            "module.security_groups.module.private_sg.aws_security_group_rule.computed_egress_with_prefix_list_ids",
            "module.security_groups.module.private_sg.aws_security_group_rule.computed_egress_with_self",
            "module.security_groups.module.private_sg.aws_security_group_rule.computed_egress_with_source_security_group_id",
            "module.security_groups.module.private_sg.aws_security_group_rule.computed_ingress_rules",
            "module.security_groups.module.private_sg.aws_security_group_rule.computed_ingress_with_cidr_blocks",
            "module.security_groups.module.private_sg.aws_security_group_rule.computed_ingress_with_ipv6_cidr_blocks",
            "module.security_groups.module.private_sg.aws_security_group_rule.computed_ingress_with_prefix_list_ids",
            "module.security_groups.module.private_sg.aws_security_group_rule.computed_ingress_with_self",
            "module.security_groups.module.private_sg.aws_security_group_rule.computed_ingress_with_source_security_group_id",
            "module.security_groups.module.private_sg.aws_security_group_rule.egress_rules",
            "module.security_groups.module.private_sg.aws_security_group_rule.egress_with_cidr_blocks",
            "module.security_groups.module.private_sg.aws_security_group_rule.egress_with_ipv6_cidr_blocks",
            "module.security_groups.module.private_sg.aws_security_group_rule.egress_with_prefix_list_ids",
            "module.security_groups.module.private_sg.aws_security_group_rule.egress_with_self",
            "module.security_groups.module.private_sg.aws_security_group_rule.egress_with_source_security_group_id",
            "module.security_groups.module.private_sg.aws_security_group_rule.ingress_rules",
            "module.security_groups.module.private_sg.aws_security_group_rule.ingress_with_cidr_blocks",
            "module.security_groups.module.private_sg.aws_security_group_rule.ingress_with_ipv6_cidr_blocks",
            "module.security_groups.module.private_sg.aws_security_group_rule.ingress_with_prefix_list_ids",
            "module.security_groups.module.private_sg.aws_security_group_rule.ingress_with_self",
            "module.security_groups.module.private_sg.aws_security_group_rule.ingress_with_source_security_group_id",
            "module.security_groups.module.public_bastion_sg.aws_security_group.this",
            "module.security_groups.module.public_bastion_sg.aws_security_group.this_name_prefix",
            "module.security_groups.module.public_bastion_sg.aws_security_group_rule.computed_egress_rules",
            "module.security_groups.module.public_bastion_sg.aws_security_group_rule.computed_egress_with_cidr_blocks",
            "module.security_groups.module.public_bastion_sg.aws_security_group_rule.computed_egress_with_ipv6_cidr_blocks",
            "module.security_groups.module.public_bastion_sg.aws_security_group_rule.computed_egress_with_prefix_list_ids",
            "module.security_groups.module.public_bastion_sg.aws_security_group_rule.computed_egress_with_self",
            "module.security_groups.module.public_bastion_sg.aws_security_group_rule.computed_egress_with_source_security_group_id",
            "module.security_groups.module.public_bastion_sg.aws_security_group_rule.computed_ingress_rules",
            "module.security_groups.module.public_bastion_sg.aws_security_group_rule.computed_ingress_with_cidr_blocks",
            "module.security_groups.module.public_bastion_sg.aws_security_group_rule.computed_ingress_with_ipv6_cidr_blocks",
            "module.security_groups.module.public_bastion_sg.aws_security_group_rule.computed_ingress_with_prefix_list_ids",
            "module.security_groups.module.public_bastion_sg.aws_security_group_rule.computed_ingress_with_self",
            "module.security_groups.module.public_bastion_sg.aws_security_group_rule.computed_ingress_with_source_security_group_id",
            "module.security_groups.module.public_bastion_sg.aws_security_group_rule.egress_rules",
            "module.security_groups.module.public_bastion_sg.aws_security_group_rule.egress_with_cidr_blocks",
            "module.security_groups.module.public_bastion_sg.aws_security_group_rule.egress_with_ipv6_cidr_blocks",
            "module.security_groups.module.public_bastion_sg.aws_security_group_rule.egress_with_prefix_list_ids",
            "module.security_groups.module.public_bastion_sg.aws_security_group_rule.egress_with_self",
            "module.security_groups.module.public_bastion_sg.aws_security_group_rule.egress_with_source_security_group_id",
            "module.security_groups.module.public_bastion_sg.aws_security_group_rule.ingress_rules",
            "module.security_groups.module.public_bastion_sg.aws_security_group_rule.ingress_with_cidr_blocks",
            "module.security_groups.module.public_bastion_sg.aws_security_group_rule.ingress_with_ipv6_cidr_blocks",
            "module.security_groups.module.public_bastion_sg.aws_security_group_rule.ingress_with_prefix_list_ids",
            "module.security_groups.module.public_bastion_sg.aws_security_group_rule.ingress_with_self",
            "module.security_groups.module.public_bastion_sg.aws_security_group_rule.ingress_with_source_security_group_id",
            "module.security_groups.module.rdsdb_sg.aws_security_group.this",
            "module.security_groups.module.rdsdb_sg.aws_security_group.this_name_prefix",
            "module.security_groups.module.rdsdb_sg.aws_security_group_rule.computed_egress_rules",
            "module.security_groups.module.rdsdb_sg.aws_security_group_rule.computed_egress_with_cidr_blocks",
            "module.security_groups.module.rdsdb_sg.aws_security_group_rule.computed_egress_with_ipv6_cidr_blocks",
            "module.security_groups.module.rdsdb_sg.aws_security_group_rule.computed_egress_with_prefix_list_ids",
            "module.security_groups.module.rdsdb_sg.aws_security_group_rule.computed_egress_with_self",
            "module.security_groups.module.rdsdb_sg.aws_security_group_rule.computed_egress_with_source_security_group_id",
            "module.security_groups.module.rdsdb_sg.aws_security_group_rule.computed_ingress_rules",
            "module.security_groups.module.rdsdb_sg.aws_security_group_rule.computed_ingress_with_cidr_blocks",
            "module.security_groups.module.rdsdb_sg.aws_security_group_rule.computed_ingress_with_ipv6_cidr_blocks",
            "module.security_groups.module.rdsdb_sg.aws_security_group_rule.computed_ingress_with_prefix_list_ids",
            "module.security_groups.module.rdsdb_sg.aws_security_group_rule.computed_ingress_with_self",
            "module.security_groups.module.rdsdb_sg.aws_security_group_rule.computed_ingress_with_source_security_group_id",
            "module.security_groups.module.rdsdb_sg.aws_security_group_rule.egress_rules",
            "module.security_groups.module.rdsdb_sg.aws_security_group_rule.egress_with_cidr_blocks",
            "module.security_groups.module.rdsdb_sg.aws_security_group_rule.egress_with_ipv6_cidr_blocks",
            "module.security_groups.module.rdsdb_sg.aws_security_group_rule.egress_with_prefix_list_ids",
            "module.security_groups.module.rdsdb_sg.aws_security_group_rule.egress_with_self",
            "module.security_groups.module.rdsdb_sg.aws_security_group_rule.egress_with_source_security_group_id",
            "module.security_groups.module.rdsdb_sg.aws_security_group_rule.ingress_rules",
            "module.security_groups.module.rdsdb_sg.aws_security_group_rule.ingress_with_cidr_blocks",
            "module.security_groups.module.rdsdb_sg.aws_security_group_rule.ingress_with_ipv6_cidr_blocks",
            "module.security_groups.module.rdsdb_sg.aws_security_group_rule.ingress_with_prefix_list_ids",
            "module.security_groups.module.rdsdb_sg.aws_security_group_rule.ingress_with_self",
            "module.security_groups.module.rdsdb_sg.aws_security_group_rule.ingress_with_source_security_group_id",
            "module.vpc.module.vpc.aws_cloudwatch_log_group.flow_log",
            "module.vpc.module.vpc.aws_customer_gateway.this",
            "module.vpc.module.vpc.aws_db_subnet_group.database",
            "module.vpc.module.vpc.aws_default_network_acl.this",
            "module.vpc.module.vpc.aws_default_route_table.default",
            "module.vpc.module.vpc.aws_default_security_group.this",
            "module.vpc.module.vpc.aws_default_vpc.this",
            "module.vpc.module.vpc.aws_egress_only_internet_gateway.this",
            "module.vpc.module.vpc.aws_eip.nat",
            "module.vpc.module.vpc.aws_elasticache_subnet_group.elasticache",
            "module.vpc.module.vpc.aws_flow_log.this",
            "module.vpc.module.vpc.aws_iam_policy.vpc_flow_log_cloudwatch",
            "module.vpc.module.vpc.aws_iam_role.vpc_flow_log_cloudwatch",
            "module.vpc.module.vpc.aws_iam_role_policy_attachment.vpc_flow_log_cloudwatch",
            "module.vpc.module.vpc.aws_internet_gateway.this",
            "module.vpc.module.vpc.aws_nat_gateway.this",
            "module.vpc.module.vpc.aws_network_acl.database",
            "module.vpc.module.vpc.aws_network_acl.elasticache",
            "module.vpc.module.vpc.aws_network_acl.intra",
            "module.vpc.module.vpc.aws_network_acl.outpost",
            "module.vpc.module.vpc.aws_network_acl.private",
            "module.vpc.module.vpc.aws_network_acl.public",
            "module.vpc.module.vpc.aws_network_acl.redshift",
            "module.vpc.module.vpc.aws_network_acl_rule.database_inbound",
            "module.vpc.module.vpc.aws_network_acl_rule.database_outbound",
            "module.vpc.module.vpc.aws_network_acl_rule.elasticache_inbound",
            "module.vpc.module.vpc.aws_network_acl_rule.elasticache_outbound",
            "module.vpc.module.vpc.aws_network_acl_rule.intra_inbound",
            "module.vpc.module.vpc.aws_network_acl_rule.intra_outbound",
            "module.vpc.module.vpc.aws_network_acl_rule.outpost_inbound",
            "module.vpc.module.vpc.aws_network_acl_rule.outpost_outbound",
            "module.vpc.module.vpc.aws_network_acl_rule.private_inbound",
            "module.vpc.module.vpc.aws_network_acl_rule.private_outbound",
            "module.vpc.module.vpc.aws_network_acl_rule.public_inbound",
            "module.vpc.module.vpc.aws_network_acl_rule.public_outbound",
            "module.vpc.module.vpc.aws_network_acl_rule.redshift_inbound",
            "module.vpc.module.vpc.aws_network_acl_rule.redshift_outbound",
            "module.vpc.module.vpc.aws_redshift_subnet_group.redshift",
            "module.vpc.module.vpc.aws_route.database_dns64_nat_gateway",
            "module.vpc.module.vpc.aws_route.database_internet_gateway",
            "module.vpc.module.vpc.aws_route.database_ipv6_egress",
            "module.vpc.module.vpc.aws_route.database_nat_gateway",
            "module.vpc.module.vpc.aws_route.private_dns64_nat_gateway",
            "module.vpc.module.vpc.aws_route.private_ipv6_egress",
            "module.vpc.module.vpc.aws_route.private_nat_gateway",
            "module.vpc.module.vpc.aws_route.public_internet_gateway",
            "module.vpc.module.vpc.aws_route.public_internet_gateway_ipv6",
            "module.vpc.module.vpc.aws_route_table.database",
            "module.vpc.module.vpc.aws_route_table.elasticache",
            "module.vpc.module.vpc.aws_route_table.intra",
            "module.vpc.module.vpc.aws_route_table.private",
            "module.vpc.module.vpc.aws_route_table.public",
            "module.vpc.module.vpc.aws_route_table.redshift",
            "module.vpc.module.vpc.aws_route_table_association.database",
            "module.vpc.module.vpc.aws_route_table_association.elasticache",
            "module.vpc.module.vpc.aws_route_table_association.intra",
            "module.vpc.module.vpc.aws_route_table_association.outpost",
            "module.vpc.module.vpc.aws_route_table_association.private",
            "module.vpc.module.vpc.aws_route_table_association.public",
            "module.vpc.module.vpc.aws_route_table_association.redshift",
            "module.vpc.module.vpc.aws_route_table_association.redshift_public",
            "module.vpc.module.vpc.aws_subnet.database",
            "module.vpc.module.vpc.aws_subnet.elasticache",
            "module.vpc.module.vpc.aws_subnet.intra",
            "module.vpc.module.vpc.aws_subnet.outpost",
            "module.vpc.module.vpc.aws_subnet.private",
            "module.vpc.module.vpc.aws_subnet.public",
            "module.vpc.module.vpc.aws_subnet.redshift",
            "module.vpc.module.vpc.aws_vpc.this",
            "module.vpc.module.vpc.aws_vpc_dhcp_options.this",
            "module.vpc.module.vpc.aws_vpc_dhcp_options_association.this",
            "module.vpc.module.vpc.aws_vpc_ipv4_cidr_block_association.this",
            "module.vpc.module.vpc.aws_vpn_gateway.this",
            "module.vpc.module.vpc.aws_vpn_gateway_attachment.this",
            "module.vpc.module.vpc.aws_vpn_gateway_route_propagation.intra",
            "module.vpc.module.vpc.aws_vpn_gateway_route_propagation.private",
            "module.vpc.module.vpc.aws_vpn_gateway_route_propagation.public",
            "module.vpc.module.vpc.data.aws_iam_policy_document.flow_log_cloudwatch_assume_role",
            "module.vpc.module.vpc.data.aws_iam_policy_document.vpc_flow_log_cloudwatch"
          ],
          "create_before_destroy": true
        },
        {
          "index_key": "1",
          "schema_version": 2,
          "attributes": {
            "ami": "ami-0199fa5fada510433",
            "arn": "arn:aws:ec2:us-east-1:043509840958:instance/i-04728247ff6a57a06",
            "associate_public_ip_address": false,
            "availability_zone": "us-east-1b",
            "capacity_reservation_specification": [
              {
                "capacity_reservation_preference": "open",
                "capacity_reservation_target": []
              }
            ],
            "cpu_options": [
              {
                "amd_sev_snp": "",
                "core_count": 1,
                "nested_virtualization": "",
                "threads_per_core": 2
              }
            ],
            "credit_specification": [
              {
                "cpu_credits": "unlimited"
              }
            ],
            "disable_api_stop": false,
            "disable_api_termination": false,
            "ebs_block_device": [],
            "ebs_optimized": false,
            "enable_primary_ipv6": null,
            "enclave_options": [
              {
                "enabled": false
              }
            ],
            "ephemeral_block_device": [],
            "force_destroy": false,
            "get_password_data": false,
            "hibernation": false,
            "host_id": "",
            "host_resource_group_arn": null,
            "iam_instance_profile": "",
            "id": "i-04728247ff6a57a06",
            "instance_initiated_shutdown_behavior": "stop",
            "instance_lifecycle": "",
            "instance_market_options": [],
            "instance_state": "running",
            "instance_type": "t3.micro",
            "ipv6_address_count": 0,
            "ipv6_addresses": [],
            "key_name": "eks-terraform-key",
            "launch_template": [],
            "maintenance_options": [
              {
                "auto_recovery": "default"
              }
            ],
            "metadata_options": [
              {
                "http_endpoint": "enabled",
                "http_protocol_ipv6": "disabled",
                "http_put_response_hop_limit": 1,
                "http_tokens": "optional",
                "instance_metadata_tags": "disabled"
              }
            ],
            "monitoring": false,
            "network_interface": [],
            "outpost_arn": "",
            "password_data": "",
            "placement_group": "",
            "placement_group_id": "",
            "placement_partition_number": 0,
            "primary_network_interface": [
              {
                "delete_on_termination": true,
                "network_interface_id": "eni-0129857c4caccaf7e"
              }
            ],
            "primary_network_interface_id": "eni-0129857c4caccaf7e",
            "private_dns": "ip-10-0-2-143.ec2.internal",
            "private_dns_name_options": [
              {
                "enable_resource_name_dns_a_record": false,
                "enable_resource_name_dns_aaaa_record": false,
                "hostname_type": "ip-name"
              }
            ],
            "private_ip": "10.0.2.143",
            "public_dns": "",
            "public_ip": "",
            "region": "us-east-1",
            "root_block_device": [
              {
                "delete_on_termination": true,
                "device_name": "/dev/xvda",
                "encrypted": false,
                "iops": 100,
                "kms_key_id": "",
                "tags": {},
                "tags_all": {},
                "throughput": 0,
                "volume_id": "vol-089db777e31ce0ddf",
                "volume_size": 8,
                "volume_type": "gp2"
              }
            ],
            "secondary_network_interface": [],
            "secondary_private_ips": [],
            "security_groups": [],
            "source_dest_check": true,
            "spot_instance_request_id": "",
            "subnet_id": "subnet-053cccbc151485b24",
            "tags": {
              "ManagedBy": "Terraform",
              "Name": "dev-app-app2-pathbased-1",
              "Project": "terraform-aws-infrastructure",
              "environment": "dev",
              "owners": "hr"
            },
            "tags_all": {
              "ManagedBy": "Terraform",
              "Name": "dev-app-app2-pathbased-1",
              "Project": "terraform-aws-infrastructure",
              "environment": "dev",
              "owners": "hr"
            },
            "tenancy": "default",
            "timeouts": null,
            "user_data": "#! /bin/bash\r\n# Instance Identity Metadata Reference - https://docs.aws.amazon.com/AWSEC2/latest/UserGuide/instance-identity-documents.html\r\nsudo yum update -y\r\nsudo yum install -y httpd\r\nsudo systemctl enable httpd\r\nsudo service httpd start  \r\nsudo echo '\u003ch1\u003eWelcome to StackSimplify - APP-2\u003c/h1\u003e' | sudo tee /var/www/html/index.html\r\nsudo mkdir /var/www/html/app2\r\nsudo echo '\u003c!DOCTYPE html\u003e \u003chtml\u003e \u003cbody style=\"background-color:rgb(15, 232, 192);\"\u003e \u003ch1\u003eWelcome to Stack Simplify - APP-2\u003c/h1\u003e \u003cp\u003eTerraform Demo\u003c/p\u003e \u003cp\u003eApplication Version: V1\u003c/p\u003e \u003c/body\u003e\u003c/html\u003e' | sudo tee /var/www/html/app2/index.html\r\n#sudo curl http://169.254.169.254/latest/dynamic/instance-identity/document -o /var/www/html/app2/metadata.html\r\nTOKEN=`curl -X PUT \"http://169.254.169.254/latest/api/token\" -H \"X-aws-ec2-metadata-token-ttl-seconds: 21600\"`\r\nsudo curl -H \"X-aws-ec2-metadata-token: $TOKEN\" http://169.254.169.254/latest/dynamic/instance-identity/document -o /var/www/html/app1/metadata.html\r\n# AWS Documentation to retrieve EC2 Instance Data\r\n# https://docs.aws.amazon.com/AWSEC2/latest/UserGuide/instancedata-data-retrieval.html\r\n\r\n",
            "user_data_base64": null,
            "user_data_replace_on_change": false,
            "volume_tags": null,
            "vpc_security_group_ids": [
              "sg-0f16d018079c0e071"
            ]
          },
          "sensitive_attributes": [],
          "identity_schema_version": 0,
          "identity": {
            "account_id": "043509840958",
            "id": "i-04728247ff6a57a06",
            "region": "us-east-1"
          },
          "private": "eyJlMmJmYjczMC1lY2FhLTExZTYtOGY4OC0zNDM2M2JjN2M0YzAiOnsiY3JlYXRlIjo2MDAwMDAwMDAwMDAsImRlbGV0ZSI6MTIwMDAwMDAwMDAwMCwicmVhZCI6OTAwMDAwMDAwMDAwLCJ1cGRhdGUiOjYwMDAwMDAwMDAwMH0sInNjaGVtYV92ZXJzaW9uIjoiMiJ9",
          "dependencies": [
            "data.aws_ami.amzlinux2",
            "module.security_groups.module.loadbalancer_sg.aws_security_group.this",
            "module.security_groups.module.loadbalancer_sg.aws_security_group.this_name_prefix",
            "module.security_groups.module.loadbalancer_sg.aws_security_group_rule.computed_egress_rules",
            "module.security_groups.module.loadbalancer_sg.aws_security_group_rule.computed_egress_with_cidr_blocks",
            "module.security_groups.module.loadbalancer_sg.aws_security_group_rule.computed_egress_with_ipv6_cidr_blocks",
            "module.security_groups.module.loadbalancer_sg.aws_security_group_rule.computed_egress_with_prefix_list_ids",
            "module.security_groups.module.loadbalancer_sg.aws_security_group_rule.computed_egress_with_self",
            "module.security_groups.module.loadbalancer_sg.aws_security_group_rule.computed_egress_with_source_security_group_id",
            "module.security_groups.module.loadbalancer_sg.aws_security_group_rule.computed_ingress_rules",
            "module.security_groups.module.loadbalancer_sg.aws_security_group_rule.computed_ingress_with_cidr_blocks",
            "module.security_groups.module.loadbalancer_sg.aws_security_group_rule.computed_ingress_with_ipv6_cidr_blocks",
            "module.security_groups.module.loadbalancer_sg.aws_security_group_rule.computed_ingress_with_prefix_list_ids",
            "module.security_groups.module.loadbalancer_sg.aws_security_group_rule.computed_ingress_with_self",
            "module.security_groups.module.loadbalancer_sg.aws_security_group_rule.computed_ingress_with_source_security_group_id",
            "module.security_groups.module.loadbalancer_sg.aws_security_group_rule.egress_rules",
            "module.security_groups.module.loadbalancer_sg.aws_security_group_rule.egress_with_cidr_blocks",
            "module.security_groups.module.loadbalancer_sg.aws_security_group_rule.egress_with_ipv6_cidr_blocks",
            "module.security_groups.module.loadbalancer_sg.aws_security_group_rule.egress_with_prefix_list_ids",
            "module.security_groups.module.loadbalancer_sg.aws_security_group_rule.egress_with_self",
            "module.security_groups.module.loadbalancer_sg.aws_security_group_rule.egress_with_source_security_group_id",
            "module.security_groups.module.loadbalancer_sg.aws_security_group_rule.ingress_rules",
            "module.security_groups.module.loadbalancer_sg.aws_security_group_rule.ingress_with_cidr_blocks",
            "module.security_groups.module.loadbalancer_sg.aws_security_group_rule.ingress_with_ipv6_cidr_blocks",
            "module.security_groups.module.loadbalancer_sg.aws_security_group_rule.ingress_with_prefix_list_ids",
            "module.security_groups.module.loadbalancer_sg.aws_security_group_rule.ingress_with_self",
            "module.security_groups.module.loadbalancer_sg.aws_security_group_rule.ingress_with_source_security_group_id",
            "module.security_groups.module.private_sg.aws_security_group.this",
            "module.security_groups.module.private_sg.aws_security_group.this_name_prefix",
            "module.security_groups.module.private_sg.aws_security_group_rule.computed_egress_rules",
            "module.security_groups.module.private_sg.aws_security_group_rule.computed_egress_with_cidr_blocks",
            "module.security_groups.module.private_sg.aws_security_group_rule.computed_egress_with_ipv6_cidr_blocks",
            "module.security_groups.module.private_sg.aws_security_group_rule.computed_egress_with_prefix_list_ids",
            "module.security_groups.module.private_sg.aws_security_group_rule.computed_egress_with_self",
            "module.security_groups.module.private_sg.aws_security_group_rule.computed_egress_with_source_security_group_id",
            "module.security_groups.module.private_sg.aws_security_group_rule.computed_ingress_rules",
            "module.security_groups.module.private_sg.aws_security_group_rule.computed_ingress_with_cidr_blocks",
            "module.security_groups.module.private_sg.aws_security_group_rule.computed_ingress_with_ipv6_cidr_blocks",
            "module.security_groups.module.private_sg.aws_security_group_rule.computed_ingress_with_prefix_list_ids",
            "module.security_groups.module.private_sg.aws_security_group_rule.computed_ingress_with_self",
            "module.security_groups.module.private_sg.aws_security_group_rule.computed_ingress_with_source_security_group_id",
            "module.security_groups.module.private_sg.aws_security_group_rule.egress_rules",
            "module.security_groups.module.private_sg.aws_security_group_rule.egress_with_cidr_blocks",
            "module.security_groups.module.private_sg.aws_security_group_rule.egress_with_ipv6_cidr_blocks",
            "module.security_groups.module.private_sg.aws_security_group_rule.egress_with_prefix_list_ids",
            "module.security_groups.module.private_sg.aws_security_group_rule.egress_with_self",
            "module.security_groups.module.private_sg.aws_security_group_rule.egress_with_source_security_group_id",
            "module.security_groups.module.private_sg.aws_security_group_rule.ingress_rules",
            "module.security_groups.module.private_sg.aws_security_group_rule.ingress_with_cidr_blocks",
            "module.security_groups.module.private_sg.aws_security_group_rule.ingress_with_ipv6_cidr_blocks",
            "module.security_groups.module.private_sg.aws_security_group_rule.ingress_with_prefix_list_ids",
            "module.security_groups.module.private_sg.aws_security_group_rule.ingress_with_self",
            "module.security_groups.module.private_sg.aws_security_group_rule.ingress_with_source_security_group_id",
            "module.security_groups.module.public_bastion_sg.aws_security_group.this",
            "module.security_groups.module.public_bastion_sg.aws_security_group.this_name_prefix",
            "module.security_groups.module.public_bastion_sg.aws_security_group_rule.computed_egress_rules",
            "module.security_groups.module.public_bastion_sg.aws_security_group_rule.computed_egress_with_cidr_blocks",
            "module.security_groups.module.public_bastion_sg.aws_security_group_rule.computed_egress_with_ipv6_cidr_blocks",
            "module.security_groups.module.public_bastion_sg.aws_security_group_rule.computed_egress_with_prefix_list_ids",
            "module.security_groups.module.public_bastion_sg.aws_security_group_rule.computed_egress_with_self",
            "module.security_groups.module.public_bastion_sg.aws_security_group_rule.computed_egress_with_source_security_group_id",
            "module.security_groups.module.public_bastion_sg.aws_security_group_rule.computed_ingress_rules",
            "module.security_groups.module.public_bastion_sg.aws_security_group_rule.computed_ingress_with_cidr_blocks",
            "module.security_groups.module.public_bastion_sg.aws_security_group_rule.computed_ingress_with_ipv6_cidr_blocks",
            "module.security_groups.module.public_bastion_sg.aws_security_group_rule.computed_ingress_with_prefix_list_ids",
            "module.security_groups.module.public_bastion_sg.aws_security_group_rule.computed_ingress_with_self",
            "module.security_groups.module.public_bastion_sg.aws_security_group_rule.computed_ingress_with_source_security_group_id",
            "module.security_groups.module.public_bastion_sg.aws_security_group_rule.egress_rules",
            "module.security_groups.module.public_bastion_sg.aws_security_group_rule.egress_with_cidr_blocks",
            "module.security_groups.module.public_bastion_sg.aws_security_group_rule.egress_with_ipv6_cidr_blocks",
            "module.security_groups.module.public_bastion_sg.aws_security_group_rule.egress_with_prefix_list_ids",
            "module.security_groups.module.public_bastion_sg.aws_security_group_rule.egress_with_self",
            "module.security_groups.module.public_bastion_sg.aws_security_group_rule.egress_with_source_security_group_id",
            "module.security_groups.module.public_bastion_sg.aws_security_group_rule.ingress_rules",
            "module.security_groups.module.public_bastion_sg.aws_security_group_rule.ingress_with_cidr_blocks",
            "module.security_groups.module.public_bastion_sg.aws_security_group_rule.ingress_with_ipv6_cidr_blocks",
            "module.security_groups.module.public_bastion_sg.aws_security_group_rule.ingress_with_prefix_list_ids",
            "module.security_groups.module.public_bastion_sg.aws_security_group_rule.ingress_with_self",
            "module.security_groups.module.public_bastion_sg.aws_security_group_rule.ingress_with_source_security_group_id",
            "module.security_groups.module.rdsdb_sg.aws_security_group.this",
            "module.security_groups.module.rdsdb_sg.aws_security_group.this_name_prefix",
            "module.security_groups.module.rdsdb_sg.aws_security_group_rule.computed_egress_rules",
            "module.security_groups.module.rdsdb_sg.aws_security_group_rule.computed_egress_with_cidr_blocks",
            "module.security_groups.module.rdsdb_sg.aws_security_group_rule.computed_egress_with_ipv6_cidr_blocks",
            "module.security_groups.module.rdsdb_sg.aws_security_group_rule.computed_egress_with_prefix_list_ids",
            "module.security_groups.module.rdsdb_sg.aws_security_group_rule.computed_egress_with_self",
            "module.security_groups.module.rdsdb_sg.aws_security_group_rule.computed_egress_with_source_security_group_id",
            "module.security_groups.module.rdsdb_sg.aws_security_group_rule.computed_ingress_rules",
            "module.security_groups.module.rdsdb_sg.aws_security_group_rule.computed_ingress_with_cidr_blocks",
            "module.security_groups.module.rdsdb_sg.aws_security_group_rule.computed_ingress_with_ipv6_cidr_blocks",
            "module.security_groups.module.rdsdb_sg.aws_security_group_rule.computed_ingress_with_prefix_list_ids",
            "module.security_groups.module.rdsdb_sg.aws_security_group_rule.computed_ingress_with_self",
            "module.security_groups.module.rdsdb_sg.aws_security_group_rule.computed_ingress_with_source_security_group_id",
            "module.security_groups.module.rdsdb_sg.aws_security_group_rule.egress_rules",
            "module.security_groups.module.rdsdb_sg.aws_security_group_rule.egress_with_cidr_blocks",
            "module.security_groups.module.rdsdb_sg.aws_security_group_rule.egress_with_ipv6_cidr_blocks",
            "module.security_groups.module.rdsdb_sg.aws_security_group_rule.egress_with_prefix_list_ids",
            "module.security_groups.module.rdsdb_sg.aws_security_group_rule.egress_with_self",
            "module.security_groups.module.rdsdb_sg.aws_security_group_rule.egress_with_source_security_group_id",
            "module.security_groups.module.rdsdb_sg.aws_security_group_rule.ingress_rules",
            "module.security_groups.module.rdsdb_sg.aws_security_group_rule.ingress_with_cidr_blocks",
            "module.security_groups.module.rdsdb_sg.aws_security_group_rule.ingress_with_ipv6_cidr_blocks",
            "module.security_groups.module.rdsdb_sg.aws_security_group_rule.ingress_with_prefix_list_ids",
            "module.security_groups.module.rdsdb_sg.aws_security_group_rule.ingress_with_self",
            "module.security_groups.module.rdsdb_sg.aws_security_group_rule.ingress_with_source_security_group_id",
            "module.vpc.module.vpc.aws_cloudwatch_log_group.flow_log",
            "module.vpc.module.vpc.aws_customer_gateway.this",
            "module.vpc.module.vpc.aws_db_subnet_group.database",
            "module.vpc.module.vpc.aws_default_network_acl.this",
            "module.vpc.module.vpc.aws_default_route_table.default",
            "module.vpc.module.vpc.aws_default_security_group.this",
            "module.vpc.module.vpc.aws_default_vpc.this",
            "module.vpc.module.vpc.aws_egress_only_internet_gateway.this",
            "module.vpc.module.vpc.aws_eip.nat",
            "module.vpc.module.vpc.aws_elasticache_subnet_group.elasticache",
            "module.vpc.module.vpc.aws_flow_log.this",
            "module.vpc.module.vpc.aws_iam_policy.vpc_flow_log_cloudwatch",
            "module.vpc.module.vpc.aws_iam_role.vpc_flow_log_cloudwatch",
            "module.vpc.module.vpc.aws_iam_role_policy_attachment.vpc_flow_log_cloudwatch",
            "module.vpc.module.vpc.aws_internet_gateway.this",
            "module.vpc.module.vpc.aws_nat_gateway.this",
            "module.vpc.module.vpc.aws_network_acl.database",
            "module.vpc.module.vpc.aws_network_acl.elasticache",
            "module.vpc.module.vpc.aws_network_acl.intra",
            "module.vpc.module.vpc.aws_network_acl.outpost",
            "module.vpc.module.vpc.aws_network_acl.private",
            "module.vpc.module.vpc.aws_network_acl.public",
            "module.vpc.module.vpc.aws_network_acl.redshift",
            "module.vpc.module.vpc.aws_network_acl_rule.database_inbound",
            "module.vpc.module.vpc.aws_network_acl_rule.database_outbound",
            "module.vpc.module.vpc.aws_network_acl_rule.elasticache_inbound",
            "module.vpc.module.vpc.aws_network_acl_rule.elasticache_outbound",
            "module.vpc.module.vpc.aws_network_acl_rule.intra_inbound",
            "module.vpc.module.vpc.aws_network_acl_rule.intra_outbound",
            "module.vpc.module.vpc.aws_network_acl_rule.outpost_inbound",
            "module.vpc.module.vpc.aws_network_acl_rule.outpost_outbound",
            "module.vpc.module.vpc.aws_network_acl_rule.private_inbound",
            "module.vpc.module.vpc.aws_network_acl_rule.private_outbound",
            "module.vpc.module.vpc.aws_network_acl_rule.public_inbound",
            "module.vpc.module.vpc.aws_network_acl_rule.public_outbound",
            "module.vpc.module.vpc.aws_network_acl_rule.redshift_inbound",
            "module.vpc.module.vpc.aws_network_acl_rule.redshift_outbound",
            "module.vpc.module.vpc.aws_redshift_subnet_group.redshift",
            "module.vpc.module.vpc.aws_route.database_dns64_nat_gateway",
            "module.vpc.module.vpc.aws_route.database_internet_gateway",
            "module.vpc.module.vpc.aws_route.database_ipv6_egress",
            "module.vpc.module.vpc.aws_route.database_nat_gateway",
            "module.vpc.module.vpc.aws_route.private_dns64_nat_gateway",
            "module.vpc.module.vpc.aws_route.private_ipv6_egress",
            "module.vpc.module.vpc.aws_route.private_nat_gateway",
            "module.vpc.module.vpc.aws_route.public_internet_gateway",
            "module.vpc.module.vpc.aws_route.public_internet_gateway_ipv6",
            "module.vpc.module.vpc.aws_route_table.database",
            "module.vpc.module.vpc.aws_route_table.elasticache",
            "module.vpc.module.vpc.aws_route_table.intra",
            "module.vpc.module.vpc.aws_route_table.private",
            "module.vpc.module.vpc.aws_route_table.public",
            "module.vpc.module.vpc.aws_route_table.redshift",
            "module.vpc.module.vpc.aws_route_table_association.database",
            "module.vpc.module.vpc.aws_route_table_association.elasticache",
            "module.vpc.module.vpc.aws_route_table_association.intra",
            "module.vpc.module.vpc.aws_route_table_association.outpost",
            "module.vpc.module.vpc.aws_route_table_association.private",
            "module.vpc.module.vpc.aws_route_table_association.public",
            "module.vpc.module.vpc.aws_route_table_association.redshift",
            "module.vpc.module.vpc.aws_route_table_association.redshift_public",
            "module.vpc.module.vpc.aws_subnet.database",
            "module.vpc.module.vpc.aws_subnet.elasticache",
            "module.vpc.module.vpc.aws_subnet.intra",
            "module.vpc.module.vpc.aws_subnet.outpost",
            "module.vpc.module.vpc.aws_subnet.private",
            "module.vpc.module.vpc.aws_subnet.public",
            "module.vpc.module.vpc.aws_subnet.redshift",
            "module.vpc.module.vpc.aws_vpc.this",
            "module.vpc.module.vpc.aws_vpc_dhcp_options.this",
            "module.vpc.module.vpc.aws_vpc_dhcp_options_association.this",
            "module.vpc.module.vpc.aws_vpc_ipv4_cidr_block_association.this",
            "module.vpc.module.vpc.aws_vpn_gateway.this",
            "module.vpc.module.vpc.aws_vpn_gateway_attachment.this",
            "module.vpc.module.vpc.aws_vpn_gateway_route_propagation.intra",
            "module.vpc.module.vpc.aws_vpn_gateway_route_propagation.private",
            "module.vpc.module.vpc.aws_vpn_gateway_route_propagation.public",
            "module.vpc.module.vpc.data.aws_iam_policy_document.flow_log_cloudwatch_assume_role",
            "module.vpc.module.vpc.data.aws_iam_policy_document.vpc_flow_log_cloudwatch"
          ],
          "create_before_destroy": true
        },
        {
          "index_key": "2",
          "schema_version": 2,
          "attributes": {
            "ami": "ami-0199fa5fada510433",
            "arn": "arn:aws:ec2:us-east-1:043509840958:instance/i-0e456113a4197df10",
            "associate_public_ip_address": false,
            "availability_zone": "us-east-1c",
            "capacity_reservation_specification": [
              {
                "capacity_reservation_preference": "open",
                "capacity_reservation_target": []
              }
            ],
            "cpu_options": [
              {
                "amd_sev_snp": "",
                "core_count": 1,
                "nested_virtualization": "",
                "threads_per_core": 2
              }
            ],
            "credit_specification": [
              {
                "cpu_credits": "unlimited"
              }
            ],
            "disable_api_stop": false,
            "disable_api_termination": false,
            "ebs_block_device": [],
            "ebs_optimized": false,
            "enable_primary_ipv6": null,
            "enclave_options": [
              {
                "enabled": false
              }
            ],
            "ephemeral_block_device": [],
            "force_destroy": false,
            "get_password_data": false,
            "hibernation": false,
            "host_id": "",
            "host_resource_group_arn": null,
            "iam_instance_profile": "",
            "id": "i-0e456113a4197df10",
            "instance_initiated_shutdown_behavior": "stop",
            "instance_lifecycle": "",
            "instance_market_options": [],
            "instance_state": "running",
            "instance_type": "t3.micro",
            "ipv6_address_count": 0,
            "ipv6_addresses": [],
            "key_name": "eks-terraform-key",
            "launch_template": [],
            "maintenance_options": [
              {
                "auto_recovery": "default"
              }
            ],
            "metadata_options": [
              {
                "http_endpoint": "enabled",
                "http_protocol_ipv6": "disabled",
                "http_put_response_hop_limit": 1,
                "http_tokens": "optional",
                "instance_metadata_tags": "disabled"
              }
            ],
            "monitoring": false,
            "network_interface": [],
            "outpost_arn": "",
            "password_data": "",
            "placement_group": "",
            "placement_group_id": "",
            "placement_partition_number": 0,
            "primary_network_interface": [
              {
                "delete_on_termination": true,
                "network_interface_id": "eni-0aae08fc0da5fd18f"
              }
            ],
            "primary_network_interface_id": "eni-0aae08fc0da5fd18f",
            "private_dns": "ip-10-0-3-125.ec2.internal",
            "private_dns_name_options": [
              {
                "enable_resource_name_dns_a_record": false,
                "enable_resource_name_dns_aaaa_record": false,
                "hostname_type": "ip-name"
              }
            ],
            "private_ip": "10.0.3.125",
            "public_dns": "",
            "public_ip": "",
            "region": "us-east-1",
            "root_block_device": [
              {
                "delete_on_termination": true,
                "device_name": "/dev/xvda",
                "encrypted": false,
                "iops": 100,
                "kms_key_id": "",
                "tags": {},
                "tags_all": {},
                "throughput": 0,
                "volume_id": "vol-0d70ef8d5330fe59a",
                "volume_size": 8,
                "volume_type": "gp2"
              }
            ],
            "secondary_network_interface": [],
            "secondary_private_ips": [],
            "security_groups": [],
            "source_dest_check": true,
            "spot_instance_request_id": "",
            "subnet_id": "subnet-021b24ca80a3a2af3",
            "tags": {
              "ManagedBy": "Terraform",
              "Name": "dev-app-app2-pathbased-2",
              "Project": "terraform-aws-infrastructure",
              "environment": "dev",
              "owners": "hr"
            },
            "tags_all": {
              "ManagedBy": "Terraform",
              "Name": "dev-app-app2-pathbased-2",
              "Project": "terraform-aws-infrastructure",
              "environment": "dev",
              "owners": "hr"
            },
            "tenancy": "default",
            "timeouts": null,
            "user_data": "#! /bin/bash\r\n# Instance Identity Metadata Reference - https://docs.aws.amazon.com/AWSEC2/latest/UserGuide/instance-identity-documents.html\r\nsudo yum update -y\r\nsudo yum install -y httpd\r\nsudo systemctl enable httpd\r\nsudo service httpd start  \r\nsudo echo '\u003ch1\u003eWelcome to StackSimplify - APP-2\u003c/h1\u003e' | sudo tee /var/www/html/index.html\r\nsudo mkdir /var/www/html/app2\r\nsudo echo '\u003c!DOCTYPE html\u003e \u003chtml\u003e \u003cbody style=\"background-color:rgb(15, 232, 192);\"\u003e \u003ch1\u003eWelcome to Stack Simplify - APP-2\u003c/h1\u003e \u003cp\u003eTerraform Demo\u003c/p\u003e \u003cp\u003eApplication Version: V1\u003c/p\u003e \u003c/body\u003e\u003c/html\u003e' | sudo tee /var/www/html/app2/index.html\r\n#sudo curl http://169.254.169.254/latest/dynamic/instance-identity/document -o /var/www/html/app2/metadata.html\r\nTOKEN=`curl -X PUT \"http://169.254.169.254/latest/api/token\" -H \"X-aws-ec2-metadata-token-ttl-seconds: 21600\"`\r\nsudo curl -H \"X-aws-ec2-metadata-token: $TOKEN\" http://169.254.169.254/latest/dynamic/instance-identity/document -o /var/www/html/app1/metadata.html\r\n# AWS Documentation to retrieve EC2 Instance Data\r\n# https://docs.aws.amazon.com/AWSEC2/latest/UserGuide/instancedata-data-retrieval.html\r\n\r\n",
            "user_data_base64": null,
            "user_data_replace_on_change": false,
            "volume_tags": null,
            "vpc_security_group_ids": [
              "sg-0f16d018079c0e071"
            ]
          },
          "sensitive_attributes": [],
          "identity_schema_version": 0,
          "identity": {
            "account_id": "043509840958",
            "id": "i-0e456113a4197df10",
            "region": "us-east-1"
          },
          "private": "eyJlMmJmYjczMC1lY2FhLTExZTYtOGY4OC0zNDM2M2JjN2M0YzAiOnsiY3JlYXRlIjo2MDAwMDAwMDAwMDAsImRlbGV0ZSI6MTIwMDAwMDAwMDAwMCwicmVhZCI6OTAwMDAwMDAwMDAwLCJ1cGRhdGUiOjYwMDAwMDAwMDAwMH0sInNjaGVtYV92ZXJzaW9uIjoiMiJ9",
          "dependencies": [
            "data.aws_ami.amzlinux2",
            "module.security_groups.module.loadbalancer_sg.aws_security_group.this",
            "module.security_groups.module.loadbalancer_sg.aws_security_group.this_name_prefix",
            "module.security_groups.module.loadbalancer_sg.aws_security_group_rule.computed_egress_rules",
            "module.security_groups.module.loadbalancer_sg.aws_security_group_rule.computed_egress_with_cidr_blocks",
            "module.security_groups.module.loadbalancer_sg.aws_security_group_rule.computed_egress_with_ipv6_cidr_blocks",
            "module.security_groups.module.loadbalancer_sg.aws_security_group_rule.computed_egress_with_prefix_list_ids",
            "module.security_groups.module.loadbalancer_sg.aws_security_group_rule.computed_egress_with_self",
            "module.security_groups.module.loadbalancer_sg.aws_security_group_rule.computed_egress_with_source_security_group_id",
            "module.security_groups.module.loadbalancer_sg.aws_security_group_rule.computed_ingress_rules",
            "module.security_groups.module.loadbalancer_sg.aws_security_group_rule.computed_ingress_with_cidr_blocks",
            "module.security_groups.module.loadbalancer_sg.aws_security_group_rule.computed_ingress_with_ipv6_cidr_blocks",
            "module.security_groups.module.loadbalancer_sg.aws_security_group_rule.computed_ingress_with_prefix_list_ids",
            "module.security_groups.module.loadbalancer_sg.aws_security_group_rule.computed_ingress_with_self",
            "module.security_groups.module.loadbalancer_sg.aws_security_group_rule.computed_ingress_with_source_security_group_id",
            "module.security_groups.module.loadbalancer_sg.aws_security_group_rule.egress_rules",
            "module.security_groups.module.loadbalancer_sg.aws_security_group_rule.egress_with_cidr_blocks",
            "module.security_groups.module.loadbalancer_sg.aws_security_group_rule.egress_with_ipv6_cidr_blocks",
            "module.security_groups.module.loadbalancer_sg.aws_security_group_rule.egress_with_prefix_list_ids",
            "module.security_groups.module.loadbalancer_sg.aws_security_group_rule.egress_with_self",
            "module.security_groups.module.loadbalancer_sg.aws_security_group_rule.egress_with_source_security_group_id",
            "module.security_groups.module.loadbalancer_sg.aws_security_group_rule.ingress_rules",
            "module.security_groups.module.loadbalancer_sg.aws_security_group_rule.ingress_with_cidr_blocks",
            "module.security_groups.module.loadbalancer_sg.aws_security_group_rule.ingress_with_ipv6_cidr_blocks",
            "module.security_groups.module.loadbalancer_sg.aws_security_group_rule.ingress_with_prefix_list_ids",
            "module.security_groups.module.loadbalancer_sg.aws_security_group_rule.ingress_with_self",
            "module.security_groups.module.loadbalancer_sg.aws_security_group_rule.ingress_with_source_security_group_id",
            "module.security_groups.module.private_sg.aws_security_group.this",
            "module.security_groups.module.private_sg.aws_security_group.this_name_prefix",
            "module.security_groups.module.private_sg.aws_security_group_rule.computed_egress_rules",
            "module.security_groups.module.private_sg.aws_security_group_rule.computed_egress_with_cidr_blocks",
            "module.security_groups.module.private_sg.aws_security_group_rule.computed_egress_with_ipv6_cidr_blocks",
            "module.security_groups.module.private_sg.aws_security_group_rule.computed_egress_with_prefix_list_ids",
            "module.security_groups.module.private_sg.aws_security_group_rule.computed_egress_with_self",
            "module.security_groups.module.private_sg.aws_security_group_rule.computed_egress_with_source_security_group_id",
            "module.security_groups.module.private_sg.aws_security_group_rule.computed_ingress_rules",
            "module.security_groups.module.private_sg.aws_security_group_rule.computed_ingress_with_cidr_blocks",
            "module.security_groups.module.private_sg.aws_security_group_rule.computed_ingress_with_ipv6_cidr_blocks",
            "module.security_groups.module.private_sg.aws_security_group_rule.computed_ingress_with_prefix_list_ids",
            "module.security_groups.module.private_sg.aws_security_group_rule.computed_ingress_with_self",
            "module.security_groups.module.private_sg.aws_security_group_rule.computed_ingress_with_source_security_group_id",
            "module.security_groups.module.private_sg.aws_security_group_rule.egress_rules",
            "module.security_groups.module.private_sg.aws_security_group_rule.egress_with_cidr_blocks",
            "module.security_groups.module.private_sg.aws_security_group_rule.egress_with_ipv6_cidr_blocks",
            "module.security_groups.module.private_sg.aws_security_group_rule.egress_with_prefix_list_ids",
            "module.security_groups.module.private_sg.aws_security_group_rule.egress_with_self",
            "module.security_groups.module.private_sg.aws_security_group_rule.egress_with_source_security_group_id",
            "module.security_groups.module.private_sg.aws_security_group_rule.ingress_rules",
            "module.security_groups.module.private_sg.aws_security_group_rule.ingress_with_cidr_blocks",
            "module.security_groups.module.private_sg.aws_security_group_rule.ingress_with_ipv6_cidr_blocks",
            "module.security_groups.module.private_sg.aws_security_group_rule.ingress_with_prefix_list_ids",
            "module.security_groups.module.private_sg.aws_security_group_rule.ingress_with_self",
            "module.security_groups.module.private_sg.aws_security_group_rule.ingress_with_source_security_group_id",
            "module.security_groups.module.public_bastion_sg.aws_security_group.this",
            "module.security_groups.module.public_bastion_sg.aws_security_group.this_name_prefix",
            "module.security_groups.module.public_bastion_sg.aws_security_group_rule.computed_egress_rules",
            "module.security_groups.module.public_bastion_sg.aws_security_group_rule.computed_egress_with_cidr_blocks",
            "module.security_groups.module.public_bastion_sg.aws_security_group_rule.computed_egress_with_ipv6_cidr_blocks",
            "module.security_groups.module.public_bastion_sg.aws_security_group_rule.computed_egress_with_prefix_list_ids",
            "module.security_groups.module.public_bastion_sg.aws_security_group_rule.computed_egress_with_self",
            "module.security_groups.module.public_bastion_sg.aws_security_group_rule.computed_egress_with_source_security_group_id",
            "module.security_groups.module.public_bastion_sg.aws_security_group_rule.computed_ingress_rules",
            "module.security_groups.module.public_bastion_sg.aws_security_group_rule.computed_ingress_with_cidr_blocks",
            "module.security_groups.module.public_bastion_sg.aws_security_group_rule.computed_ingress_with_ipv6_cidr_blocks",
            "module.security_groups.module.public_bastion_sg.aws_security_group_rule.computed_ingress_with_prefix_list_ids",
            "module.security_groups.module.public_bastion_sg.aws_security_group_rule.computed_ingress_with_self",
            "module.security_groups.module.public_bastion_sg.aws_security_group_rule.computed_ingress_with_source_security_group_id",
            "module.security_groups.module.public_bastion_sg.aws_security_group_rule.egress_rules",
            "module.security_groups.module.public_bastion_sg.aws_security_group_rule.egress_with_cidr_blocks",
            "module.security_groups.module.public_bastion_sg.aws_security_group_rule.egress_with_ipv6_cidr_blocks",
            "module.security_groups.module.public_bastion_sg.aws_security_group_rule.egress_with_prefix_list_ids",
            "module.security_groups.module.public_bastion_sg.aws_security_group_rule.egress_with_self",
            "module.security_groups.module.public_bastion_sg.aws_security_group_rule.egress_with_source_security_group_id",
            "module.security_groups.module.public_bastion_sg.aws_security_group_rule.ingress_rules",
            "module.security_groups.module.public_bastion_sg.aws_security_group_rule.ingress_with_cidr_blocks",
            "module.security_groups.module.public_bastion_sg.aws_security_group_rule.ingress_with_ipv6_cidr_blocks",
            "module.security_groups.module.public_bastion_sg.aws_security_group_rule.ingress_with_prefix_list_ids",
            "module.security_groups.module.public_bastion_sg.aws_security_group_rule.ingress_with_self",
            "module.security_groups.module.public_bastion_sg.aws_security_group_rule.ingress_with_source_security_group_id",
            "module.security_groups.module.rdsdb_sg.aws_security_group.this",
            "module.security_groups.module.rdsdb_sg.aws_security_group.this_name_prefix",
            "module.security_groups.module.rdsdb_sg.aws_security_group_rule.computed_egress_rules",
            "module.security_groups.module.rdsdb_sg.aws_security_group_rule.computed_egress_with_cidr_blocks",
            "module.security_groups.module.rdsdb_sg.aws_security_group_rule.computed_egress_with_ipv6_cidr_blocks",
            "module.security_groups.module.rdsdb_sg.aws_security_group_rule.computed_egress_with_prefix_list_ids",
            "module.security_groups.module.rdsdb_sg.aws_security_group_rule.computed_egress_with_self",
            "module.security_groups.module.rdsdb_sg.aws_security_group_rule.computed_egress_with_source_security_group_id",
            "module.security_groups.module.rdsdb_sg.aws_security_group_rule.computed_ingress_rules",
            "module.security_groups.module.rdsdb_sg.aws_security_group_rule.computed_ingress_with_cidr_blocks",
            "module.security_groups.module.rdsdb_sg.aws_security_group_rule.computed_ingress_with_ipv6_cidr_blocks",
            "module.security_groups.module.rdsdb_sg.aws_security_group_rule.computed_ingress_with_prefix_list_ids",
            "module.security_groups.module.rdsdb_sg.aws_security_group_rule.computed_ingress_with_self",
            "module.security_groups.module.rdsdb_sg.aws_security_group_rule.computed_ingress_with_source_security_group_id",
            "module.security_groups.module.rdsdb_sg.aws_security_group_rule.egress_rules",
            "module.security_groups.module.rdsdb_sg.aws_security_group_rule.egress_with_cidr_blocks",
            "module.security_groups.module.rdsdb_sg.aws_security_group_rule.egress_with_ipv6_cidr_blocks",
            "module.security_groups.module.rdsdb_sg.aws_security_group_rule.egress_with_prefix_list_ids",
            "module.security_groups.module.rdsdb_sg.aws_security_group_rule.egress_with_self",
            "module.security_groups.module.rdsdb_sg.aws_security_group_rule.egress_with_source_security_group_id",
            "module.security_groups.module.rdsdb_sg.aws_security_group_rule.ingress_rules",
            "module.security_groups.module.rdsdb_sg.aws_security_group_rule.ingress_with_cidr_blocks",
            "module.security_groups.module.rdsdb_sg.aws_security_group_rule.ingress_with_ipv6_cidr_blocks",
            "module.security_groups.module.rdsdb_sg.aws_security_group_rule.ingress_with_prefix_list_ids",
            "module.security_groups.module.rdsdb_sg.aws_security_group_rule.ingress_with_self",
            "module.security_groups.module.rdsdb_sg.aws_security_group_rule.ingress_with_source_security_group_id",
            "module.vpc.module.vpc.aws_cloudwatch_log_group.flow_log",
            "module.vpc.module.vpc.aws_customer_gateway.this",
            "module.vpc.module.vpc.aws_db_subnet_group.database",
            "module.vpc.module.vpc.aws_default_network_acl.this",
            "module.vpc.module.vpc.aws_default_route_table.default",
            "module.vpc.module.vpc.aws_default_security_group.this",
            "module.vpc.module.vpc.aws_default_vpc.this",
            "module.vpc.module.vpc.aws_egress_only_internet_gateway.this",
            "module.vpc.module.vpc.aws_eip.nat",
            "module.vpc.module.vpc.aws_elasticache_subnet_group.elasticache",
            "module.vpc.module.vpc.aws_flow_log.this",
            "module.vpc.module.vpc.aws_iam_policy.vpc_flow_log_cloudwatch",
            "module.vpc.module.vpc.aws_iam_role.vpc_flow_log_cloudwatch",
            "module.vpc.module.vpc.aws_iam_role_policy_attachment.vpc_flow_log_cloudwatch",
            "module.vpc.module.vpc.aws_internet_gateway.this",
            "module.vpc.module.vpc.aws_nat_gateway.this",
            "module.vpc.module.vpc.aws_network_acl.database",
            "module.vpc.module.vpc.aws_network_acl.elasticache",
            "module.vpc.module.vpc.aws_network_acl.intra",
            "module.vpc.module.vpc.aws_network_acl.outpost",
            "module.vpc.module.vpc.aws_network_acl.private",
            "module.vpc.module.vpc.aws_network_acl.public",
            "module.vpc.module.vpc.aws_network_acl.redshift",
            "module.vpc.module.vpc.aws_network_acl_rule.database_inbound",
            "module.vpc.module.vpc.aws_network_acl_rule.database_outbound",
            "module.vpc.module.vpc.aws_network_acl_rule.elasticache_inbound",
            "module.vpc.module.vpc.aws_network_acl_rule.elasticache_outbound",
            "module.vpc.module.vpc.aws_network_acl_rule.intra_inbound",
            "module.vpc.module.vpc.aws_network_acl_rule.intra_outbound",
            "module.vpc.module.vpc.aws_network_acl_rule.outpost_inbound",
            "module.vpc.module.vpc.aws_network_acl_rule.outpost_outbound",
            "module.vpc.module.vpc.aws_network_acl_rule.private_inbound",
            "module.vpc.module.vpc.aws_network_acl_rule.private_outbound",
            "module.vpc.module.vpc.aws_network_acl_rule.public_inbound",
            "module.vpc.module.vpc.aws_network_acl_rule.public_outbound",
            "module.vpc.module.vpc.aws_network_acl_rule.redshift_inbound",
            "module.vpc.module.vpc.aws_network_acl_rule.redshift_outbound",
            "module.vpc.module.vpc.aws_redshift_subnet_group.redshift",
            "module.vpc.module.vpc.aws_route.database_dns64_nat_gateway",
            "module.vpc.module.vpc.aws_route.database_internet_gateway",
            "module.vpc.module.vpc.aws_route.database_ipv6_egress",
            "module.vpc.module.vpc.aws_route.database_nat_gateway",
            "module.vpc.module.vpc.aws_route.private_dns64_nat_gateway",
            "module.vpc.module.vpc.aws_route.private_ipv6_egress",
            "module.vpc.module.vpc.aws_route.private_nat_gateway",
            "module.vpc.module.vpc.aws_route.public_internet_gateway",
            "module.vpc.module.vpc.aws_route.public_internet_gateway_ipv6",
            "module.vpc.module.vpc.aws_route_table.database",
            "module.vpc.module.vpc.aws_route_table.elasticache",
            "module.vpc.module.vpc.aws_route_table.intra",
            "module.vpc.module.vpc.aws_route_table.private",
            "module.vpc.module.vpc.aws_route_table.public",
            "module.vpc.module.vpc.aws_route_table.redshift",
            "module.vpc.module.vpc.aws_route_table_association.database",
            "module.vpc.module.vpc.aws_route_table_association.elasticache",
            "module.vpc.module.vpc.aws_route_table_association.intra",
            "module.vpc.module.vpc.aws_route_table_association.outpost",
            "module.vpc.module.vpc.aws_route_table_association.private",
            "module.vpc.module.vpc.aws_route_table_association.public",
            "module.vpc.module.vpc.aws_route_table_association.redshift",
            "module.vpc.module.vpc.aws_route_table_association.redshift_public",
            "module.vpc.module.vpc.aws_subnet.database",
            "module.vpc.module.vpc.aws_subnet.elasticache",
            "module.vpc.module.vpc.aws_subnet.intra",
            "module.vpc.module.vpc.aws_subnet.outpost",
            "module.vpc.module.vpc.aws_subnet.private",
            "module.vpc.module.vpc.aws_subnet.public",
            "module.vpc.module.vpc.aws_subnet.redshift",
            "module.vpc.module.vpc.aws_vpc.this",
            "module.vpc.module.vpc.aws_vpc_dhcp_options.this",
            "module.vpc.module.vpc.aws_vpc_dhcp_options_association.this",
            "module.vpc.module.vpc.aws_vpc_ipv4_cidr_block_association.this",
            "module.vpc.module.vpc.aws_vpn_gateway.this",
            "module.vpc.module.vpc.aws_vpn_gateway_attachment.this",
            "module.vpc.module.vpc.aws_vpn_gateway_route_propagation.intra",
            "module.vpc.module.vpc.aws_vpn_gateway_route_propagation.private",
            "module.vpc.module.vpc.aws_vpn_gateway_route_propagation.public",
            "module.vpc.module.vpc.data.aws_iam_policy_document.flow_log_cloudwatch_assume_role",
            "module.vpc.module.vpc.data.aws_iam_policy_document.vpc_flow_log_cloudwatch"
          ],
          "create_before_destroy": true
        }
      ]
    },
    {
      "module": "module.ec2_application",
      "mode": "managed",
      "type": "aws_instance",
      "name": "app3_dnsdb",
      "provider": "provider[\"registry.terraform.io/hashicorp/aws\"]",
      "instances": [
        {
          "index_key": "0",
          "schema_version": 2,
          "attributes": {
            "ami": "ami-0199fa5fada510433",
            "arn": "arn:aws:ec2:us-east-1:043509840958:instance/i-0f24415ef8edb5077",
            "associate_public_ip_address": false,
            "availability_zone": "us-east-1a",
            "capacity_reservation_specification": [
              {
                "capacity_reservation_preference": "open",
                "capacity_reservation_target": []
              }
            ],
            "cpu_options": [
              {
                "amd_sev_snp": "",
                "core_count": 1,
                "nested_virtualization": "",
                "threads_per_core": 2
              }
            ],
            "credit_specification": [
              {
                "cpu_credits": "unlimited"
              }
            ],
            "disable_api_stop": false,
            "disable_api_termination": false,
            "ebs_block_device": [],
            "ebs_optimized": false,
            "enable_primary_ipv6": null,
            "enclave_options": [
              {
                "enabled": false
              }
            ],
            "ephemeral_block_device": [],
            "force_destroy": false,
            "get_password_data": false,
            "hibernation": false,
            "host_id": "",
            "host_resource_group_arn": null,
            "iam_instance_profile": "",
            "id": "i-0f24415ef8edb5077",
            "instance_initiated_shutdown_behavior": "stop",
            "instance_lifecycle": "",
            "instance_market_options": [],
            "instance_state": "running",
            "instance_type": "t3.micro",
            "ipv6_address_count": 0,
            "ipv6_addresses": [],
            "key_name": "eks-terraform-key",
            "launch_template": [],
            "maintenance_options": [
              {
                "auto_recovery": "default"
              }
            ],
            "metadata_options": [
              {
                "http_endpoint": "enabled",
                "http_protocol_ipv6": "disabled",
                "http_put_response_hop_limit": 1,
                "http_tokens": "optional",
                "instance_metadata_tags": "disabled"
              }
            ],
            "monitoring": false,
            "network_interface": [],
            "outpost_arn": "",
            "password_data": "",
            "placement_group": "",
            "placement_group_id": "",
            "placement_partition_number": 0,
            "primary_network_interface": [
              {
                "delete_on_termination": true,
                "network_interface_id": "eni-0d69f1c1d65c2e44e"
              }
            ],
            "primary_network_interface_id": "eni-0d69f1c1d65c2e44e",
            "private_dns": "ip-10-0-1-10.ec2.internal",
            "private_dns_name_options": [
              {
                "enable_resource_name_dns_a_record": false,
                "enable_resource_name_dns_aaaa_record": false,
                "hostname_type": "ip-name"
              }
            ],
            "private_ip": "10.0.1.10",
            "public_dns": "",
            "public_ip": "",
            "region": "us-east-1",
            "root_block_device": [
              {
                "delete_on_termination": true,
                "device_name": "/dev/xvda",
                "encrypted": false,
                "iops": 100,
                "kms_key_id": "",
                "tags": {},
                "tags_all": {},
                "throughput": 0,
                "volume_id": "vol-08315e59735e301a2",
                "volume_size": 8,
                "volume_type": "gp2"
              }
            ],
            "secondary_network_interface": [],
            "secondary_private_ips": [],
            "security_groups": [],
            "source_dest_check": true,
            "spot_instance_request_id": "",
            "subnet_id": "subnet-07869b2c047a1f5d2",
            "tags": {
              "ManagedBy": "Terraform",
              "Name": "dev-app-app3-dnsdb-0",
              "Project": "terraform-aws-infrastructure",
              "environment": "dev",
              "owners": "hr"
            },
            "tags_all": {
              "ManagedBy": "Terraform",
              "Name": "dev-app-app3-dnsdb-0",
              "Project": "terraform-aws-infrastructure",
              "environment": "dev",
              "owners": "hr"
            },
            "tenancy": "default",
            "timeouts": null,
            "user_data": "#! /bin/bash\nsudo amazon-linux-extras enable java-openjdk11\nsudo yum clean metadata \u0026\u0026 sudo yum -y install java-11-openjdk\nmkdir /home/ec2-user/app3-usermgmt \u0026\u0026 cd /home/ec2-user/app3-usermgmt\nwget https://github.com/stacksimplify/temp1/releases/download/1.0.0/usermgmt-webapp.war -P /home/ec2-user/app3-usermgmt \nexport DB_HOSTNAME=webappdb.ck1mim0c4est.us-east-1.rds.amazonaws.com\nexport DB_PORT=3306\nexport DB_NAME=webappdb\nexport DB_USERNAME=dbadmin\nexport DB_PASSWORD=dbpassword11\njava -jar /home/ec2-user/app3-usermgmt/usermgmt-webapp.war \u003e /home/ec2-user/app3-usermgmt/ums-start.log \u0026\n",
            "user_data_base64": null,
            "user_data_replace_on_change": false,
            "volume_tags": null,
            "vpc_security_group_ids": [
              "sg-0f16d018079c0e071"
            ]
          },
          "sensitive_attributes": [],
          "identity_schema_version": 0,
          "identity": {
            "account_id": "043509840958",
            "id": "i-0f24415ef8edb5077",
            "region": "us-east-1"
          },
          "private": "eyJlMmJmYjczMC1lY2FhLTExZTYtOGY4OC0zNDM2M2JjN2M0YzAiOnsiY3JlYXRlIjo2MDAwMDAwMDAwMDAsImRlbGV0ZSI6MTIwMDAwMDAwMDAwMCwicmVhZCI6OTAwMDAwMDAwMDAwLCJ1cGRhdGUiOjYwMDAwMDAwMDAwMH0sInNjaGVtYV92ZXJzaW9uIjoiMiJ9",
          "dependencies": [
            "data.aws_ami.amzlinux2",
            "module.rds.module.rdsdb.module.db_instance.aws_cloudwatch_log_group.this",
            "module.rds.module.rdsdb.module.db_instance.aws_db_instance.this",
            "module.rds.module.rdsdb.module.db_instance.aws_iam_role.enhanced_monitoring",
            "module.rds.module.rdsdb.module.db_instance.data.aws_iam_policy_document.enhanced_monitoring",
            "module.rds.module.rdsdb.module.db_instance.random_id.snapshot_identifier",
            "module.rds.module.rdsdb.module.db_option_group.aws_db_option_group.this",
            "module.rds.module.rdsdb.module.db_parameter_group.aws_db_parameter_group.this",
            "module.rds.module.rdsdb.module.db_subnet_group.aws_db_subnet_group.this",
            "module.security_groups.module.loadbalancer_sg.aws_security_group.this",
            "module.security_groups.module.loadbalancer_sg.aws_security_group.this_name_prefix",
            "module.security_groups.module.loadbalancer_sg.aws_security_group_rule.computed_egress_rules",
            "module.security_groups.module.loadbalancer_sg.aws_security_group_rule.computed_egress_with_cidr_blocks",
            "module.security_groups.module.loadbalancer_sg.aws_security_group_rule.computed_egress_with_ipv6_cidr_blocks",
            "module.security_groups.module.loadbalancer_sg.aws_security_group_rule.computed_egress_with_prefix_list_ids",
            "module.security_groups.module.loadbalancer_sg.aws_security_group_rule.computed_egress_with_self",
            "module.security_groups.module.loadbalancer_sg.aws_security_group_rule.computed_egress_with_source_security_group_id",
            "module.security_groups.module.loadbalancer_sg.aws_security_group_rule.computed_ingress_rules",
            "module.security_groups.module.loadbalancer_sg.aws_security_group_rule.computed_ingress_with_cidr_blocks",
            "module.security_groups.module.loadbalancer_sg.aws_security_group_rule.computed_ingress_with_ipv6_cidr_blocks",
            "module.security_groups.module.loadbalancer_sg.aws_security_group_rule.computed_ingress_with_prefix_list_ids",
            "module.security_groups.module.loadbalancer_sg.aws_security_group_rule.computed_ingress_with_self",
            "module.security_groups.module.loadbalancer_sg.aws_security_group_rule.computed_ingress_with_source_security_group_id",
            "module.security_groups.module.loadbalancer_sg.aws_security_group_rule.egress_rules",
            "module.security_groups.module.loadbalancer_sg.aws_security_group_rule.egress_with_cidr_blocks",
            "module.security_groups.module.loadbalancer_sg.aws_security_group_rule.egress_with_ipv6_cidr_blocks",
            "module.security_groups.module.loadbalancer_sg.aws_security_group_rule.egress_with_prefix_list_ids",
            "module.security_groups.module.loadbalancer_sg.aws_security_group_rule.egress_with_self",
            "module.security_groups.module.loadbalancer_sg.aws_security_group_rule.egress_with_source_security_group_id",
            "module.security_groups.module.loadbalancer_sg.aws_security_group_rule.ingress_rules",
            "module.security_groups.module.loadbalancer_sg.aws_security_group_rule.ingress_with_cidr_blocks",
            "module.security_groups.module.loadbalancer_sg.aws_security_group_rule.ingress_with_ipv6_cidr_blocks",
            "module.security_groups.module.loadbalancer_sg.aws_security_group_rule.ingress_with_prefix_list_ids",
            "module.security_groups.module.loadbalancer_sg.aws_security_group_rule.ingress_with_self",
            "module.security_groups.module.loadbalancer_sg.aws_security_group_rule.ingress_with_source_security_group_id",
            "module.security_groups.module.private_sg.aws_security_group.this",
            "module.security_groups.module.private_sg.aws_security_group.this_name_prefix",
            "module.security_groups.module.private_sg.aws_security_group_rule.computed_egress_rules",
            "module.security_groups.module.private_sg.aws_security_group_rule.computed_egress_with_cidr_blocks",
            "module.security_groups.module.private_sg.aws_security_group_rule.computed_egress_with_ipv6_cidr_blocks",
            "module.security_groups.module.private_sg.aws_security_group_rule.computed_egress_with_prefix_list_ids",
            "module.security_groups.module.private_sg.aws_security_group_rule.computed_egress_with_self",
            "module.security_groups.module.private_sg.aws_security_group_rule.computed_egress_with_source_security_group_id",
            "module.security_groups.module.private_sg.aws_security_group_rule.computed_ingress_rules",
            "module.security_groups.module.private_sg.aws_security_group_rule.computed_ingress_with_cidr_blocks",
            "module.security_groups.module.private_sg.aws_security_group_rule.computed_ingress_with_ipv6_cidr_blocks",
            "module.security_groups.module.private_sg.aws_security_group_rule.computed_ingress_with_prefix_list_ids",
            "module.security_groups.module.private_sg.aws_security_group_rule.computed_ingress_with_self",
            "module.security_groups.module.private_sg.aws_security_group_rule.computed_ingress_with_source_security_group_id",
            "module.security_groups.module.private_sg.aws_security_group_rule.egress_rules",
            "module.security_groups.module.private_sg.aws_security_group_rule.egress_with_cidr_blocks",
            "module.security_groups.module.private_sg.aws_security_group_rule.egress_with_ipv6_cidr_blocks",
            "module.security_groups.module.private_sg.aws_security_group_rule.egress_with_prefix_list_ids",
            "module.security_groups.module.private_sg.aws_security_group_rule.egress_with_self",
            "module.security_groups.module.private_sg.aws_security_group_rule.egress_with_source_security_group_id",
            "module.security_groups.module.private_sg.aws_security_group_rule.ingress_rules",
            "module.security_groups.module.private_sg.aws_security_group_rule.ingress_with_cidr_blocks",
            "module.security_groups.module.private_sg.aws_security_group_rule.ingress_with_ipv6_cidr_blocks",
            "module.security_groups.module.private_sg.aws_security_group_rule.ingress_with_prefix_list_ids",
            "module.security_groups.module.private_sg.aws_security_group_rule.ingress_with_self",
            "module.security_groups.module.private_sg.aws_security_group_rule.ingress_with_source_security_group_id",
            "module.security_groups.module.public_bastion_sg.aws_security_group.this",
            "module.security_groups.module.public_bastion_sg.aws_security_group.this_name_prefix",
            "module.security_groups.module.public_bastion_sg.aws_security_group_rule.computed_egress_rules",
            "module.security_groups.module.public_bastion_sg.aws_security_group_rule.computed_egress_with_cidr_blocks",
            "module.security_groups.module.public_bastion_sg.aws_security_group_rule.computed_egress_with_ipv6_cidr_blocks",
            "module.security_groups.module.public_bastion_sg.aws_security_group_rule.computed_egress_with_prefix_list_ids",
            "module.security_groups.module.public_bastion_sg.aws_security_group_rule.computed_egress_with_self",
            "module.security_groups.module.public_bastion_sg.aws_security_group_rule.computed_egress_with_source_security_group_id",
            "module.security_groups.module.public_bastion_sg.aws_security_group_rule.computed_ingress_rules",
            "module.security_groups.module.public_bastion_sg.aws_security_group_rule.computed_ingress_with_cidr_blocks",
            "module.security_groups.module.public_bastion_sg.aws_security_group_rule.computed_ingress_with_ipv6_cidr_blocks",
            "module.security_groups.module.public_bastion_sg.aws_security_group_rule.computed_ingress_with_prefix_list_ids",
            "module.security_groups.module.public_bastion_sg.aws_security_group_rule.computed_ingress_with_self",
            "module.security_groups.module.public_bastion_sg.aws_security_group_rule.computed_ingress_with_source_security_group_id",
            "module.security_groups.module.public_bastion_sg.aws_security_group_rule.egress_rules",
            "module.security_groups.module.public_bastion_sg.aws_security_group_rule.egress_with_cidr_blocks",
            "module.security_groups.module.public_bastion_sg.aws_security_group_rule.egress_with_ipv6_cidr_blocks",
            "module.security_groups.module.public_bastion_sg.aws_security_group_rule.egress_with_prefix_list_ids",
            "module.security_groups.module.public_bastion_sg.aws_security_group_rule.egress_with_self",
            "module.security_groups.module.public_bastion_sg.aws_security_group_rule.egress_with_source_security_group_id",
            "module.security_groups.module.public_bastion_sg.aws_security_group_rule.ingress_rules",
            "module.security_groups.module.public_bastion_sg.aws_security_group_rule.ingress_with_cidr_blocks",
            "module.security_groups.module.public_bastion_sg.aws_security_group_rule.ingress_with_ipv6_cidr_blocks",
            "module.security_groups.module.public_bastion_sg.aws_security_group_rule.ingress_with_prefix_list_ids",
            "module.security_groups.module.public_bastion_sg.aws_security_group_rule.ingress_with_self",
            "module.security_groups.module.public_bastion_sg.aws_security_group_rule.ingress_with_source_security_group_id",
            "module.security_groups.module.rdsdb_sg.aws_security_group.this",
            "module.security_groups.module.rdsdb_sg.aws_security_group.this_name_prefix",
            "module.security_groups.module.rdsdb_sg.aws_security_group_rule.computed_egress_rules",
            "module.security_groups.module.rdsdb_sg.aws_security_group_rule.computed_egress_with_cidr_blocks",
            "module.security_groups.module.rdsdb_sg.aws_security_group_rule.computed_egress_with_ipv6_cidr_blocks",
            "module.security_groups.module.rdsdb_sg.aws_security_group_rule.computed_egress_with_prefix_list_ids",
            "module.security_groups.module.rdsdb_sg.aws_security_group_rule.computed_egress_with_self",
            "module.security_groups.module.rdsdb_sg.aws_security_group_rule.computed_egress_with_source_security_group_id",
            "module.security_groups.module.rdsdb_sg.aws_security_group_rule.computed_ingress_rules",
            "module.security_groups.module.rdsdb_sg.aws_security_group_rule.computed_ingress_with_cidr_blocks",
            "module.security_groups.module.rdsdb_sg.aws_security_group_rule.computed_ingress_with_ipv6_cidr_blocks",
            "module.security_groups.module.rdsdb_sg.aws_security_group_rule.computed_ingress_with_prefix_list_ids",
            "module.security_groups.module.rdsdb_sg.aws_security_group_rule.computed_ingress_with_self",
            "module.security_groups.module.rdsdb_sg.aws_security_group_rule.computed_ingress_with_source_security_group_id",
            "module.security_groups.module.rdsdb_sg.aws_security_group_rule.egress_rules",
            "module.security_groups.module.rdsdb_sg.aws_security_group_rule.egress_with_cidr_blocks",
            "module.security_groups.module.rdsdb_sg.aws_security_group_rule.egress_with_ipv6_cidr_blocks",
            "module.security_groups.module.rdsdb_sg.aws_security_group_rule.egress_with_prefix_list_ids",
            "module.security_groups.module.rdsdb_sg.aws_security_group_rule.egress_with_self",
            "module.security_groups.module.rdsdb_sg.aws_security_group_rule.egress_with_source_security_group_id",
            "module.security_groups.module.rdsdb_sg.aws_security_group_rule.ingress_rules",
            "module.security_groups.module.rdsdb_sg.aws_security_group_rule.ingress_with_cidr_blocks",
            "module.security_groups.module.rdsdb_sg.aws_security_group_rule.ingress_with_ipv6_cidr_blocks",
            "module.security_groups.module.rdsdb_sg.aws_security_group_rule.ingress_with_prefix_list_ids",
            "module.security_groups.module.rdsdb_sg.aws_security_group_rule.ingress_with_self",
            "module.security_groups.module.rdsdb_sg.aws_security_group_rule.ingress_with_source_security_group_id",
            "module.vpc.module.vpc.aws_cloudwatch_log_group.flow_log",
            "module.vpc.module.vpc.aws_customer_gateway.this",
            "module.vpc.module.vpc.aws_db_subnet_group.database",
            "module.vpc.module.vpc.aws_default_network_acl.this",
            "module.vpc.module.vpc.aws_default_route_table.default",
            "module.vpc.module.vpc.aws_default_security_group.this",
            "module.vpc.module.vpc.aws_default_vpc.this",
            "module.vpc.module.vpc.aws_egress_only_internet_gateway.this",
            "module.vpc.module.vpc.aws_eip.nat",
            "module.vpc.module.vpc.aws_elasticache_subnet_group.elasticache",
            "module.vpc.module.vpc.aws_flow_log.this",
            "module.vpc.module.vpc.aws_iam_policy.vpc_flow_log_cloudwatch",
            "module.vpc.module.vpc.aws_iam_role.vpc_flow_log_cloudwatch",
            "module.vpc.module.vpc.aws_iam_role_policy_attachment.vpc_flow_log_cloudwatch",
            "module.vpc.module.vpc.aws_internet_gateway.this",
            "module.vpc.module.vpc.aws_nat_gateway.this",
            "module.vpc.module.vpc.aws_network_acl.database",
            "module.vpc.module.vpc.aws_network_acl.elasticache",
            "module.vpc.module.vpc.aws_network_acl.intra",
            "module.vpc.module.vpc.aws_network_acl.outpost",
            "module.vpc.module.vpc.aws_network_acl.private",
            "module.vpc.module.vpc.aws_network_acl.public",
            "module.vpc.module.vpc.aws_network_acl.redshift",
            "module.vpc.module.vpc.aws_network_acl_rule.database_inbound",
            "module.vpc.module.vpc.aws_network_acl_rule.database_outbound",
            "module.vpc.module.vpc.aws_network_acl_rule.elasticache_inbound",
            "module.vpc.module.vpc.aws_network_acl_rule.elasticache_outbound",
            "module.vpc.module.vpc.aws_network_acl_rule.intra_inbound",
            "module.vpc.module.vpc.aws_network_acl_rule.intra_outbound",
            "module.vpc.module.vpc.aws_network_acl_rule.outpost_inbound",
            "module.vpc.module.vpc.aws_network_acl_rule.outpost_outbound",
            "module.vpc.module.vpc.aws_network_acl_rule.private_inbound",
            "module.vpc.module.vpc.aws_network_acl_rule.private_outbound",
            "module.vpc.module.vpc.aws_network_acl_rule.public_inbound",
            "module.vpc.module.vpc.aws_network_acl_rule.public_outbound",
            "module.vpc.module.vpc.aws_network_acl_rule.redshift_inbound",
            "module.vpc.module.vpc.aws_network_acl_rule.redshift_outbound",
            "module.vpc.module.vpc.aws_redshift_subnet_group.redshift",
            "module.vpc.module.vpc.aws_route.database_dns64_nat_gateway",
            "module.vpc.module.vpc.aws_route.database_internet_gateway",
            "module.vpc.module.vpc.aws_route.database_ipv6_egress",
            "module.vpc.module.vpc.aws_route.database_nat_gateway",
            "module.vpc.module.vpc.aws_route.private_dns64_nat_gateway",
            "module.vpc.module.vpc.aws_route.private_ipv6_egress",
            "module.vpc.module.vpc.aws_route.private_nat_gateway",
            "module.vpc.module.vpc.aws_route.public_internet_gateway",
            "module.vpc.module.vpc.aws_route.public_internet_gateway_ipv6",
            "module.vpc.module.vpc.aws_route_table.database",
            "module.vpc.module.vpc.aws_route_table.elasticache",
            "module.vpc.module.vpc.aws_route_table.intra",
            "module.vpc.module.vpc.aws_route_table.private",
            "module.vpc.module.vpc.aws_route_table.public",
            "module.vpc.module.vpc.aws_route_table.redshift",
            "module.vpc.module.vpc.aws_route_table_association.database",
            "module.vpc.module.vpc.aws_route_table_association.elasticache",
            "module.vpc.module.vpc.aws_route_table_association.intra",
            "module.vpc.module.vpc.aws_route_table_association.outpost",
            "module.vpc.module.vpc.aws_route_table_association.private",
            "module.vpc.module.vpc.aws_route_table_association.public",
            "module.vpc.module.vpc.aws_route_table_association.redshift",
            "module.vpc.module.vpc.aws_route_table_association.redshift_public",
            "module.vpc.module.vpc.aws_subnet.database",
            "module.vpc.module.vpc.aws_subnet.elasticache",
            "module.vpc.module.vpc.aws_subnet.intra",
            "module.vpc.module.vpc.aws_subnet.outpost",
            "module.vpc.module.vpc.aws_subnet.private",
            "module.vpc.module.vpc.aws_subnet.public",
            "module.vpc.module.vpc.aws_subnet.redshift",
            "module.vpc.module.vpc.aws_vpc.this",
            "module.vpc.module.vpc.aws_vpc_dhcp_options.this",
            "module.vpc.module.vpc.aws_vpc_dhcp_options_association.this",
            "module.vpc.module.vpc.aws_vpc_ipv4_cidr_block_association.this",
            "module.vpc.module.vpc.aws_vpn_gateway.this",
            "module.vpc.module.vpc.aws_vpn_gateway_attachment.this",
            "module.vpc.module.vpc.aws_vpn_gateway_route_propagation.intra",
            "module.vpc.module.vpc.aws_vpn_gateway_route_propagation.private",
            "module.vpc.module.vpc.aws_vpn_gateway_route_propagation.public",
            "module.vpc.module.vpc.data.aws_iam_policy_document.flow_log_cloudwatch_assume_role",
            "module.vpc.module.vpc.data.aws_iam_policy_document.vpc_flow_log_cloudwatch"
          ],
          "create_before_destroy": true
        },
        {
          "index_key": "1",
          "schema_version": 2,
          "attributes": {
            "ami": "ami-0199fa5fada510433",
            "arn": "arn:aws:ec2:us-east-1:043509840958:instance/i-035fb06c8664ecb09",
            "associate_public_ip_address": false,
            "availability_zone": "us-east-1b",
            "capacity_reservation_specification": [
              {
                "capacity_reservation_preference": "open",
                "capacity_reservation_target": []
              }
            ],
            "cpu_options": [
              {
                "amd_sev_snp": "",
                "core_count": 1,
                "nested_virtualization": "",
                "threads_per_core": 2
              }
            ],
            "credit_specification": [
              {
                "cpu_credits": "unlimited"
              }
            ],
            "disable_api_stop": false,
            "disable_api_termination": false,
            "ebs_block_device": [],
            "ebs_optimized": false,
            "enable_primary_ipv6": null,
            "enclave_options": [
              {
                "enabled": false
              }
            ],
            "ephemeral_block_device": [],
            "force_destroy": false,
            "get_password_data": false,
            "hibernation": false,
            "host_id": "",
            "host_resource_group_arn": null,
            "iam_instance_profile": "",
            "id": "i-035fb06c8664ecb09",
            "instance_initiated_shutdown_behavior": "stop",
            "instance_lifecycle": "",
            "instance_market_options": [],
            "instance_state": "running",
            "instance_type": "t3.micro",
            "ipv6_address_count": 0,
            "ipv6_addresses": [],
            "key_name": "eks-terraform-key",
            "launch_template": [],
            "maintenance_options": [
              {
                "auto_recovery": "default"
              }
            ],
            "metadata_options": [
              {
                "http_endpoint": "enabled",
                "http_protocol_ipv6": "disabled",
                "http_put_response_hop_limit": 1,
                "http_tokens": "optional",
                "instance_metadata_tags": "disabled"
              }
            ],
            "monitoring": false,
            "network_interface": [],
            "outpost_arn": "",
            "password_data": "",
            "placement_group": "",
            "placement_group_id": "",
            "placement_partition_number": 0,
            "primary_network_interface": [
              {
                "delete_on_termination": true,
                "network_interface_id": "eni-009df5cc35dd85837"
              }
            ],
            "primary_network_interface_id": "eni-009df5cc35dd85837",
            "private_dns": "ip-10-0-2-132.ec2.internal",
            "private_dns_name_options": [
              {
                "enable_resource_name_dns_a_record": false,
                "enable_resource_name_dns_aaaa_record": false,
                "hostname_type": "ip-name"
              }
            ],
            "private_ip": "10.0.2.132",
            "public_dns": "",
            "public_ip": "",
            "region": "us-east-1",
            "root_block_device": [
              {
                "delete_on_termination": true,
                "device_name": "/dev/xvda",
                "encrypted": false,
                "iops": 100,
                "kms_key_id": "",
                "tags": {},
                "tags_all": {},
                "throughput": 0,
                "volume_id": "vol-01f732235ae8e112f",
                "volume_size": 8,
                "volume_type": "gp2"
              }
            ],
            "secondary_network_interface": [],
            "secondary_private_ips": [],
            "security_groups": [],
            "source_dest_check": true,
            "spot_instance_request_id": "",
            "subnet_id": "subnet-053cccbc151485b24",
            "tags": {
              "ManagedBy": "Terraform",
              "Name": "dev-app-app3-dnsdb-1",
              "Project": "terraform-aws-infrastructure",
              "environment": "dev",
              "owners": "hr"
            },
            "tags_all": {
              "ManagedBy": "Terraform",
              "Name": "dev-app-app3-dnsdb-1",
              "Project": "terraform-aws-infrastructure",
              "environment": "dev",
              "owners": "hr"
            },
            "tenancy": "default",
            "timeouts": null,
            "user_data": "#! /bin/bash\nsudo amazon-linux-extras enable java-openjdk11\nsudo yum clean metadata \u0026\u0026 sudo yum -y install java-11-openjdk\nmkdir /home/ec2-user/app3-usermgmt \u0026\u0026 cd /home/ec2-user/app3-usermgmt\nwget https://github.com/stacksimplify/temp1/releases/download/1.0.0/usermgmt-webapp.war -P /home/ec2-user/app3-usermgmt \nexport DB_HOSTNAME=webappdb.ck1mim0c4est.us-east-1.rds.amazonaws.com\nexport DB_PORT=3306\nexport DB_NAME=webappdb\nexport DB_USERNAME=dbadmin\nexport DB_PASSWORD=dbpassword11\njava -jar /home/ec2-user/app3-usermgmt/usermgmt-webapp.war \u003e /home/ec2-user/app3-usermgmt/ums-start.log \u0026\n",
            "user_data_base64": null,
            "user_data_replace_on_change": false,
            "volume_tags": null,
            "vpc_security_group_ids": [
              "sg-0f16d018079c0e071"
            ]
          },
          "sensitive_attributes": [],
          "identity_schema_version": 0,
          "identity": {
            "account_id": "043509840958",
            "id": "i-035fb06c8664ecb09",
            "region": "us-east-1"
          },
          "private": "eyJlMmJmYjczMC1lY2FhLTExZTYtOGY4OC0zNDM2M2JjN2M0YzAiOnsiY3JlYXRlIjo2MDAwMDAwMDAwMDAsImRlbGV0ZSI6MTIwMDAwMDAwMDAwMCwicmVhZCI6OTAwMDAwMDAwMDAwLCJ1cGRhdGUiOjYwMDAwMDAwMDAwMH0sInNjaGVtYV92ZXJzaW9uIjoiMiJ9",
          "dependencies": [
            "data.aws_ami.amzlinux2",
            "module.rds.module.rdsdb.module.db_instance.aws_cloudwatch_log_group.this",
            "module.rds.module.rdsdb.module.db_instance.aws_db_instance.this",
            "module.rds.module.rdsdb.module.db_instance.aws_iam_role.enhanced_monitoring",
            "module.rds.module.rdsdb.module.db_instance.data.aws_iam_policy_document.enhanced_monitoring",
            "module.rds.module.rdsdb.module.db_instance.random_id.snapshot_identifier",
            "module.rds.module.rdsdb.module.db_option_group.aws_db_option_group.this",
            "module.rds.module.rdsdb.module.db_parameter_group.aws_db_parameter_group.this",
            "module.rds.module.rdsdb.module.db_subnet_group.aws_db_subnet_group.this",
            "module.security_groups.module.loadbalancer_sg.aws_security_group.this",
            "module.security_groups.module.loadbalancer_sg.aws_security_group.this_name_prefix",
            "module.security_groups.module.loadbalancer_sg.aws_security_group_rule.computed_egress_rules",
            "module.security_groups.module.loadbalancer_sg.aws_security_group_rule.computed_egress_with_cidr_blocks",
            "module.security_groups.module.loadbalancer_sg.aws_security_group_rule.computed_egress_with_ipv6_cidr_blocks",
            "module.security_groups.module.loadbalancer_sg.aws_security_group_rule.computed_egress_with_prefix_list_ids",
            "module.security_groups.module.loadbalancer_sg.aws_security_group_rule.computed_egress_with_self",
            "module.security_groups.module.loadbalancer_sg.aws_security_group_rule.computed_egress_with_source_security_group_id",
            "module.security_groups.module.loadbalancer_sg.aws_security_group_rule.computed_ingress_rules",
            "module.security_groups.module.loadbalancer_sg.aws_security_group_rule.computed_ingress_with_cidr_blocks",
            "module.security_groups.module.loadbalancer_sg.aws_security_group_rule.computed_ingress_with_ipv6_cidr_blocks",
            "module.security_groups.module.loadbalancer_sg.aws_security_group_rule.computed_ingress_with_prefix_list_ids",
            "module.security_groups.module.loadbalancer_sg.aws_security_group_rule.computed_ingress_with_self",
            "module.security_groups.module.loadbalancer_sg.aws_security_group_rule.computed_ingress_with_source_security_group_id",
            "module.security_groups.module.loadbalancer_sg.aws_security_group_rule.egress_rules",
            "module.security_groups.module.loadbalancer_sg.aws_security_group_rule.egress_with_cidr_blocks",
            "module.security_groups.module.loadbalancer_sg.aws_security_group_rule.egress_with_ipv6_cidr_blocks",
            "module.security_groups.module.loadbalancer_sg.aws_security_group_rule.egress_with_prefix_list_ids",
            "module.security_groups.module.loadbalancer_sg.aws_security_group_rule.egress_with_self",
            "module.security_groups.module.loadbalancer_sg.aws_security_group_rule.egress_with_source_security_group_id",
            "module.security_groups.module.loadbalancer_sg.aws_security_group_rule.ingress_rules",
            "module.security_groups.module.loadbalancer_sg.aws_security_group_rule.ingress_with_cidr_blocks",
            "module.security_groups.module.loadbalancer_sg.aws_security_group_rule.ingress_with_ipv6_cidr_blocks",
            "module.security_groups.module.loadbalancer_sg.aws_security_group_rule.ingress_with_prefix_list_ids",
            "module.security_groups.module.loadbalancer_sg.aws_security_group_rule.ingress_with_self",
            "module.security_groups.module.loadbalancer_sg.aws_security_group_rule.ingress_with_source_security_group_id",
            "module.security_groups.module.private_sg.aws_security_group.this",
            "module.security_groups.module.private_sg.aws_security_group.this_name_prefix",
            "module.security_groups.module.private_sg.aws_security_group_rule.computed_egress_rules",
            "module.security_groups.module.private_sg.aws_security_group_rule.computed_egress_with_cidr_blocks",
            "module.security_groups.module.private_sg.aws_security_group_rule.computed_egress_with_ipv6_cidr_blocks",
            "module.security_groups.module.private_sg.aws_security_group_rule.computed_egress_with_prefix_list_ids",
            "module.security_groups.module.private_sg.aws_security_group_rule.computed_egress_with_self",
            "module.security_groups.module.private_sg.aws_security_group_rule.computed_egress_with_source_security_group_id",
            "module.security_groups.module.private_sg.aws_security_group_rule.computed_ingress_rules",
            "module.security_groups.module.private_sg.aws_security_group_rule.computed_ingress_with_cidr_blocks",
            "module.security_groups.module.private_sg.aws_security_group_rule.computed_ingress_with_ipv6_cidr_blocks",
            "module.security_groups.module.private_sg.aws_security_group_rule.computed_ingress_with_prefix_list_ids",
            "module.security_groups.module.private_sg.aws_security_group_rule.computed_ingress_with_self",
            "module.security_groups.module.private_sg.aws_security_group_rule.computed_ingress_with_source_security_group_id",
            "module.security_groups.module.private_sg.aws_security_group_rule.egress_rules",
            "module.security_groups.module.private_sg.aws_security_group_rule.egress_with_cidr_blocks",
            "module.security_groups.module.private_sg.aws_security_group_rule.egress_with_ipv6_cidr_blocks",
            "module.security_groups.module.private_sg.aws_security_group_rule.egress_with_prefix_list_ids",
            "module.security_groups.module.private_sg.aws_security_group_rule.egress_with_self",
            "module.security_groups.module.private_sg.aws_security_group_rule.egress_with_source_security_group_id",
            "module.security_groups.module.private_sg.aws_security_group_rule.ingress_rules",
            "module.security_groups.module.private_sg.aws_security_group_rule.ingress_with_cidr_blocks",
            "module.security_groups.module.private_sg.aws_security_group_rule.ingress_with_ipv6_cidr_blocks",
            "module.security_groups.module.private_sg.aws_security_group_rule.ingress_with_prefix_list_ids",
            "module.security_groups.module.private_sg.aws_security_group_rule.ingress_with_self",
            "module.security_groups.module.private_sg.aws_security_group_rule.ingress_with_source_security_group_id",
            "module.security_groups.module.public_bastion_sg.aws_security_group.this",
            "module.security_groups.module.public_bastion_sg.aws_security_group.this_name_prefix",
            "module.security_groups.module.public_bastion_sg.aws_security_group_rule.computed_egress_rules",
            "module.security_groups.module.public_bastion_sg.aws_security_group_rule.computed_egress_with_cidr_blocks",
            "module.security_groups.module.public_bastion_sg.aws_security_group_rule.computed_egress_with_ipv6_cidr_blocks",
            "module.security_groups.module.public_bastion_sg.aws_security_group_rule.computed_egress_with_prefix_list_ids",
            "module.security_groups.module.public_bastion_sg.aws_security_group_rule.computed_egress_with_self",
            "module.security_groups.module.public_bastion_sg.aws_security_group_rule.computed_egress_with_source_security_group_id",
            "module.security_groups.module.public_bastion_sg.aws_security_group_rule.computed_ingress_rules",
            "module.security_groups.module.public_bastion_sg.aws_security_group_rule.computed_ingress_with_cidr_blocks",
            "module.security_groups.module.public_bastion_sg.aws_security_group_rule.computed_ingress_with_ipv6_cidr_blocks",
            "module.security_groups.module.public_bastion_sg.aws_security_group_rule.computed_ingress_with_prefix_list_ids",
            "module.security_groups.module.public_bastion_sg.aws_security_group_rule.computed_ingress_with_self",
            "module.security_groups.module.public_bastion_sg.aws_security_group_rule.computed_ingress_with_source_security_group_id",
            "module.security_groups.module.public_bastion_sg.aws_security_group_rule.egress_rules",
            "module.security_groups.module.public_bastion_sg.aws_security_group_rule.egress_with_cidr_blocks",
            "module.security_groups.module.public_bastion_sg.aws_security_group_rule.egress_with_ipv6_cidr_blocks",
            "module.security_groups.module.public_bastion_sg.aws_security_group_rule.egress_with_prefix_list_ids",
            "module.security_groups.module.public_bastion_sg.aws_security_group_rule.egress_with_self",
            "module.security_groups.module.public_bastion_sg.aws_security_group_rule.egress_with_source_security_group_id",
            "module.security_groups.module.public_bastion_sg.aws_security_group_rule.ingress_rules",
            "module.security_groups.module.public_bastion_sg.aws_security_group_rule.ingress_with_cidr_blocks",
            "module.security_groups.module.public_bastion_sg.aws_security_group_rule.ingress_with_ipv6_cidr_blocks",
            "module.security_groups.module.public_bastion_sg.aws_security_group_rule.ingress_with_prefix_list_ids",
            "module.security_groups.module.public_bastion_sg.aws_security_group_rule.ingress_with_self",
            "module.security_groups.module.public_bastion_sg.aws_security_group_rule.ingress_with_source_security_group_id",
            "module.security_groups.module.rdsdb_sg.aws_security_group.this",
            "module.security_groups.module.rdsdb_sg.aws_security_group.this_name_prefix",
            "module.security_groups.module.rdsdb_sg.aws_security_group_rule.computed_egress_rules",
            "module.security_groups.module.rdsdb_sg.aws_security_group_rule.computed_egress_with_cidr_blocks",
            "module.security_groups.module.rdsdb_sg.aws_security_group_rule.computed_egress_with_ipv6_cidr_blocks",
            "module.security_groups.module.rdsdb_sg.aws_security_group_rule.computed_egress_with_prefix_list_ids",
            "module.security_groups.module.rdsdb_sg.aws_security_group_rule.computed_egress_with_self",
            "module.security_groups.module.rdsdb_sg.aws_security_group_rule.computed_egress_with_source_security_group_id",
            "module.security_groups.module.rdsdb_sg.aws_security_group_rule.computed_ingress_rules",
            "module.security_groups.module.rdsdb_sg.aws_security_group_rule.computed_ingress_with_cidr_blocks",
            "module.security_groups.module.rdsdb_sg.aws_security_group_rule.computed_ingress_with_ipv6_cidr_blocks",
            "module.security_groups.module.rdsdb_sg.aws_security_group_rule.computed_ingress_with_prefix_list_ids",
            "module.security_groups.module.rdsdb_sg.aws_security_group_rule.computed_ingress_with_self",
            "module.security_groups.module.rdsdb_sg.aws_security_group_rule.computed_ingress_with_source_security_group_id",
            "module.security_groups.module.rdsdb_sg.aws_security_group_rule.egress_rules",
            "module.security_groups.module.rdsdb_sg.aws_security_group_rule.egress_with_cidr_blocks",
            "module.security_groups.module.rdsdb_sg.aws_security_group_rule.egress_with_ipv6_cidr_blocks",
            "module.security_groups.module.rdsdb_sg.aws_security_group_rule.egress_with_prefix_list_ids",
            "module.security_groups.module.rdsdb_sg.aws_security_group_rule.egress_with_self",
            "module.security_groups.module.rdsdb_sg.aws_security_group_rule.egress_with_source_security_group_id",
            "module.security_groups.module.rdsdb_sg.aws_security_group_rule.ingress_rules",
            "module.security_groups.module.rdsdb_sg.aws_security_group_rule.ingress_with_cidr_blocks",
            "module.security_groups.module.rdsdb_sg.aws_security_group_rule.ingress_with_ipv6_cidr_blocks",
            "module.security_groups.module.rdsdb_sg.aws_security_group_rule.ingress_with_prefix_list_ids",
            "module.security_groups.module.rdsdb_sg.aws_security_group_rule.ingress_with_self",
            "module.security_groups.module.rdsdb_sg.aws_security_group_rule.ingress_with_source_security_group_id",
            "module.vpc.module.vpc.aws_cloudwatch_log_group.flow_log",
            "module.vpc.module.vpc.aws_customer_gateway.this",
            "module.vpc.module.vpc.aws_db_subnet_group.database",
            "module.vpc.module.vpc.aws_default_network_acl.this",
            "module.vpc.module.vpc.aws_default_route_table.default",
            "module.vpc.module.vpc.aws_default_security_group.this",
            "module.vpc.module.vpc.aws_default_vpc.this",
            "module.vpc.module.vpc.aws_egress_only_internet_gateway.this",
            "module.vpc.module.vpc.aws_eip.nat",
            "module.vpc.module.vpc.aws_elasticache_subnet_group.elasticache",
            "module.vpc.module.vpc.aws_flow_log.this",
            "module.vpc.module.vpc.aws_iam_policy.vpc_flow_log_cloudwatch",
            "module.vpc.module.vpc.aws_iam_role.vpc_flow_log_cloudwatch",
            "module.vpc.module.vpc.aws_iam_role_policy_attachment.vpc_flow_log_cloudwatch",
            "module.vpc.module.vpc.aws_internet_gateway.this",
            "module.vpc.module.vpc.aws_nat_gateway.this",
            "module.vpc.module.vpc.aws_network_acl.database",
            "module.vpc.module.vpc.aws_network_acl.elasticache",
            "module.vpc.module.vpc.aws_network_acl.intra",
            "module.vpc.module.vpc.aws_network_acl.outpost",
            "module.vpc.module.vpc.aws_network_acl.private",
            "module.vpc.module.vpc.aws_network_acl.public",
            "module.vpc.module.vpc.aws_network_acl.redshift",
            "module.vpc.module.vpc.aws_network_acl_rule.database_inbound",
            "module.vpc.module.vpc.aws_network_acl_rule.database_outbound",
            "module.vpc.module.vpc.aws_network_acl_rule.elasticache_inbound",
            "module.vpc.module.vpc.aws_network_acl_rule.elasticache_outbound",
            "module.vpc.module.vpc.aws_network_acl_rule.intra_inbound",
            "module.vpc.module.vpc.aws_network_acl_rule.intra_outbound",
            "module.vpc.module.vpc.aws_network_acl_rule.outpost_inbound",
            "module.vpc.module.vpc.aws_network_acl_rule.outpost_outbound",
            "module.vpc.module.vpc.aws_network_acl_rule.private_inbound",
            "module.vpc.module.vpc.aws_network_acl_rule.private_outbound",
            "module.vpc.module.vpc.aws_network_acl_rule.public_inbound",
            "module.vpc.module.vpc.aws_network_acl_rule.public_outbound",
            "module.vpc.module.vpc.aws_network_acl_rule.redshift_inbound",
            "module.vpc.module.vpc.aws_network_acl_rule.redshift_outbound",
            "module.vpc.module.vpc.aws_redshift_subnet_group.redshift",
            "module.vpc.module.vpc.aws_route.database_dns64_nat_gateway",
            "module.vpc.module.vpc.aws_route.database_internet_gateway",
            "module.vpc.module.vpc.aws_route.database_ipv6_egress",
            "module.vpc.module.vpc.aws_route.database_nat_gateway",
            "module.vpc.module.vpc.aws_route.private_dns64_nat_gateway",
            "module.vpc.module.vpc.aws_route.private_ipv6_egress",
            "module.vpc.module.vpc.aws_route.private_nat_gateway",
            "module.vpc.module.vpc.aws_route.public_internet_gateway",
            "module.vpc.module.vpc.aws_route.public_internet_gateway_ipv6",
            "module.vpc.module.vpc.aws_route_table.database",
            "module.vpc.module.vpc.aws_route_table.elasticache",
            "module.vpc.module.vpc.aws_route_table.intra",
            "module.vpc.module.vpc.aws_route_table.private",
            "module.vpc.module.vpc.aws_route_table.public",
            "module.vpc.module.vpc.aws_route_table.redshift",
            "module.vpc.module.vpc.aws_route_table_association.database",
            "module.vpc.module.vpc.aws_route_table_association.elasticache",
            "module.vpc.module.vpc.aws_route_table_association.intra",
            "module.vpc.module.vpc.aws_route_table_association.outpost",
            "module.vpc.module.vpc.aws_route_table_association.private",
            "module.vpc.module.vpc.aws_route_table_association.public",
            "module.vpc.module.vpc.aws_route_table_association.redshift",
            "module.vpc.module.vpc.aws_route_table_association.redshift_public",
            "module.vpc.module.vpc.aws_subnet.database",
            "module.vpc.module.vpc.aws_subnet.elasticache",
            "module.vpc.module.vpc.aws_subnet.intra",
            "module.vpc.module.vpc.aws_subnet.outpost",
            "module.vpc.module.vpc.aws_subnet.private",
            "module.vpc.module.vpc.aws_subnet.public",
            "module.vpc.module.vpc.aws_subnet.redshift",
            "module.vpc.module.vpc.aws_vpc.this",
            "module.vpc.module.vpc.aws_vpc_dhcp_options.this",
            "module.vpc.module.vpc.aws_vpc_dhcp_options_association.this",
            "module.vpc.module.vpc.aws_vpc_ipv4_cidr_block_association.this",
            "module.vpc.module.vpc.aws_vpn_gateway.this",
            "module.vpc.module.vpc.aws_vpn_gateway_attachment.this",
            "module.vpc.module.vpc.aws_vpn_gateway_route_propagation.intra",
            "module.vpc.module.vpc.aws_vpn_gateway_route_propagation.private",
            "module.vpc.module.vpc.aws_vpn_gateway_route_propagation.public",
            "module.vpc.module.vpc.data.aws_iam_policy_document.flow_log_cloudwatch_assume_role",
            "module.vpc.module.vpc.data.aws_iam_policy_document.vpc_flow_log_cloudwatch"
          ],
          "create_before_destroy": true
        }
      ]
    },
    {
      "module": "module.ec2_bastion",
      "mode": "data",
      "type": "aws_ami",
      "name": "amzlinux2",
      "provider": "provider[\"registry.terraform.io/hashicorp/aws\"]",
      "instances": [
        {
          "schema_version": 0,
          "attributes": {
            "allow_unsafe_filter": null,
            "architecture": "x86_64",
            "arn": "arn:aws:ec2:us-east-1::image/ami-0199fa5fada510433",
            "block_device_mappings": [
              {
                "device_name": "/dev/xvda",
                "ebs": {
                  "delete_on_termination": "true",
                  "encrypted": "false",
                  "iops": "0",
                  "snapshot_id": "snap-05dc16d8999bc5119",
                  "throughput": "0",
                  "volume_initialization_rate": "0",
                  "volume_size": "8",
                  "volume_type": "gp2"
                },
                "no_device": "",
                "virtual_name": ""
              }
            ],
            "boot_mode": "",
            "creation_date": "2026-02-13T22:49:15.000Z",
            "deprecation_time": "2026-05-15T01:06:00.000Z",
            "description": "Amazon Linux 2 AMI 2.0.20260216.0 x86_64 HVM gp2",
            "ena_support": true,
            "executable_users": null,
            "filter": [
              {
                "name": "architecture",
                "values": [
                  "x86_64"
                ]
              },
              {
                "name": "name",
                "values": [
                  "amzn2-ami-hvm-*-gp2"
                ]
              },
              {
                "name": "root-device-type",
                "values": [
                  "ebs"
                ]
              },
              {
                "name": "virtualization-type",
                "values": [
                  "hvm"
                ]
              }
            ],
            "hypervisor": "xen",
            "id": "ami-0199fa5fada510433",
            "image_id": "ami-0199fa5fada510433",
            "image_location": "amazon/amzn2-ami-hvm-2.0.20260216.0-x86_64-gp2",
            "image_owner_alias": "amazon",
            "image_type": "machine",
            "imds_support": "",
            "include_deprecated": false,
            "kernel_id": "",
            "last_launched_time": "",
            "most_recent": true,
            "name": "amzn2-ami-hvm-2.0.20260216.0-x86_64-gp2",
            "name_regex": null,
            "owner_id": "137112412989",
            "owners": [
              "amazon"
            ],
            "platform": "",
            "platform_details": "Linux/UNIX",
            "product_codes": [],
            "public": true,
            "ramdisk_id": "",
            "region": "us-east-1",
            "root_device_name": "/dev/xvda",
            "root_device_type": "ebs",
            "root_snapshot_id": "snap-05dc16d8999bc5119",
            "sriov_net_support": "simple",
            "state": "available",
            "state_reason": {
              "code": "UNSET",
              "message": "UNSET"
            },
            "tags": {},
            "timeouts": null,
            "tpm_support": "",
            "uefi_data": null,
            "usage_operation": "RunInstances",
            "virtualization_type": "hvm"
          },
          "sensitive_attributes": [],
          "identity_schema_version": 0
        }
      ]
    },
    {
      "module": "module.ec2_bastion",
      "mode": "managed",
      "type": "aws_eip",
      "name": "bastion_eip_original",
      "provider": "provider[\"registry.terraform.io/hashicorp/aws\"]",
      "instances": [
        {
          "index_key": 0,
          "schema_version": 0,
          "attributes": {
            "address": null,
            "allocation_id": "eipalloc-06afa90dd84b58b71",
            "arn": "arn:aws:ec2:us-east-1:043509840958:elastic-ip/eipalloc-06afa90dd84b58b71",
            "associate_with_private_ip": null,
            "association_id": "eipassoc-0f6ca723fcf5830c9",
            "carrier_ip": "",
            "customer_owned_ip": "",
            "customer_owned_ipv4_pool": "",
            "domain": "vpc",
            "id": "eipalloc-06afa90dd84b58b71",
            "instance": "i-0a506388580450235",
            "ipam_pool_id": null,
            "network_border_group": "us-east-1",
            "network_interface": "eni-053039a6906fbafb2",
            "private_dns": "ip-10-0-101-210.ec2.internal",
            "private_ip": "10.0.101.210",
            "ptr_record": "",
            "public_dns": "ec2-52-202-20-239.compute-1.amazonaws.com",
            "public_ip": "52.202.20.239",
            "public_ipv4_pool": "amazon",
            "region": "us-east-1",
            "tags": {
              "ManagedBy": "Terraform",
              "Name": "dev-bastion-eip",
              "Project": "terraform-aws-infrastructure",
              "environment": "dev",
              "owners": "hr"
            },
            "tags_all": {
              "ManagedBy": "Terraform",
              "Name": "dev-bastion-eip",
              "Project": "terraform-aws-infrastructure",
              "environment": "dev",
              "owners": "hr"
            },
            "timeouts": null
          },
          "sensitive_attributes": [],
          "identity_schema_version": 0,
          "private": "eyJlMmJmYjczMC1lY2FhLTExZTYtOGY4OC0zNDM2M2JjN2M0YzAiOnsiZGVsZXRlIjoxODAwMDAwMDAwMDAsInJlYWQiOjkwMDAwMDAwMDAwMCwidXBkYXRlIjozMDAwMDAwMDAwMDB9fQ==",
          "dependencies": [
            "data.aws_ami.amzlinux2",
            "module.ec2_bastion.aws_instance.bastion",
            "module.security_groups.module.loadbalancer_sg.aws_security_group.this",
            "module.security_groups.module.loadbalancer_sg.aws_security_group.this_name_prefix",
            "module.security_groups.module.loadbalancer_sg.aws_security_group_rule.computed_egress_rules",
            "module.security_groups.module.loadbalancer_sg.aws_security_group_rule.computed_egress_with_cidr_blocks",
            "module.security_groups.module.loadbalancer_sg.aws_security_group_rule.computed_egress_with_ipv6_cidr_blocks",
            "module.security_groups.module.loadbalancer_sg.aws_security_group_rule.computed_egress_with_prefix_list_ids",
            "module.security_groups.module.loadbalancer_sg.aws_security_group_rule.computed_egress_with_self",
            "module.security_groups.module.loadbalancer_sg.aws_security_group_rule.computed_egress_with_source_security_group_id",
            "module.security_groups.module.loadbalancer_sg.aws_security_group_rule.computed_ingress_rules",
            "module.security_groups.module.loadbalancer_sg.aws_security_group_rule.computed_ingress_with_cidr_blocks",
            "module.security_groups.module.loadbalancer_sg.aws_security_group_rule.computed_ingress_with_ipv6_cidr_blocks",
            "module.security_groups.module.loadbalancer_sg.aws_security_group_rule.computed_ingress_with_prefix_list_ids",
            "module.security_groups.module.loadbalancer_sg.aws_security_group_rule.computed_ingress_with_self",
            "module.security_groups.module.loadbalancer_sg.aws_security_group_rule.computed_ingress_with_source_security_group_id",
            "module.security_groups.module.loadbalancer_sg.aws_security_group_rule.egress_rules",
            "module.security_groups.module.loadbalancer_sg.aws_security_group_rule.egress_with_cidr_blocks",
            "module.security_groups.module.loadbalancer_sg.aws_security_group_rule.egress_with_ipv6_cidr_blocks",
            "module.security_groups.module.loadbalancer_sg.aws_security_group_rule.egress_with_prefix_list_ids",
            "module.security_groups.module.loadbalancer_sg.aws_security_group_rule.egress_with_self",
            "module.security_groups.module.loadbalancer_sg.aws_security_group_rule.egress_with_source_security_group_id",
            "module.security_groups.module.loadbalancer_sg.aws_security_group_rule.ingress_rules",
            "module.security_groups.module.loadbalancer_sg.aws_security_group_rule.ingress_with_cidr_blocks",
            "module.security_groups.module.loadbalancer_sg.aws_security_group_rule.ingress_with_ipv6_cidr_blocks",
            "module.security_groups.module.loadbalancer_sg.aws_security_group_rule.ingress_with_prefix_list_ids",
            "module.security_groups.module.loadbalancer_sg.aws_security_group_rule.ingress_with_self",
            "module.security_groups.module.loadbalancer_sg.aws_security_group_rule.ingress_with_source_security_group_id",
            "module.security_groups.module.private_sg.aws_security_group.this",
            "module.security_groups.module.private_sg.aws_security_group.this_name_prefix",
            "module.security_groups.module.private_sg.aws_security_group_rule.computed_egress_rules",
            "module.security_groups.module.private_sg.aws_security_group_rule.computed_egress_with_cidr_blocks",
            "module.security_groups.module.private_sg.aws_security_group_rule.computed_egress_with_ipv6_cidr_blocks",
            "module.security_groups.module.private_sg.aws_security_group_rule.computed_egress_with_prefix_list_ids",
            "module.security_groups.module.private_sg.aws_security_group_rule.computed_egress_with_self",
            "module.security_groups.module.private_sg.aws_security_group_rule.computed_egress_with_source_security_group_id",
            "module.security_groups.module.private_sg.aws_security_group_rule.computed_ingress_rules",
            "module.security_groups.module.private_sg.aws_security_group_rule.computed_ingress_with_cidr_blocks",
            "module.security_groups.module.private_sg.aws_security_group_rule.computed_ingress_with_ipv6_cidr_blocks",
            "module.security_groups.module.private_sg.aws_security_group_rule.computed_ingress_with_prefix_list_ids",
            "module.security_groups.module.private_sg.aws_security_group_rule.computed_ingress_with_self",
            "module.security_groups.module.private_sg.aws_security_group_rule.computed_ingress_with_source_security_group_id",
            "module.security_groups.module.private_sg.aws_security_group_rule.egress_rules",
            "module.security_groups.module.private_sg.aws_security_group_rule.egress_with_cidr_blocks",
            "module.security_groups.module.private_sg.aws_security_group_rule.egress_with_ipv6_cidr_blocks",
            "module.security_groups.module.private_sg.aws_security_group_rule.egress_with_prefix_list_ids",
            "module.security_groups.module.private_sg.aws_security_group_rule.egress_with_self",
            "module.security_groups.module.private_sg.aws_security_group_rule.egress_with_source_security_group_id",
            "module.security_groups.module.private_sg.aws_security_group_rule.ingress_rules",
            "module.security_groups.module.private_sg.aws_security_group_rule.ingress_with_cidr_blocks",
            "module.security_groups.module.private_sg.aws_security_group_rule.ingress_with_ipv6_cidr_blocks",
            "module.security_groups.module.private_sg.aws_security_group_rule.ingress_with_prefix_list_ids",
            "module.security_groups.module.private_sg.aws_security_group_rule.ingress_with_self",
            "module.security_groups.module.private_sg.aws_security_group_rule.ingress_with_source_security_group_id",
            "module.security_groups.module.public_bastion_sg.aws_security_group.this",
            "module.security_groups.module.public_bastion_sg.aws_security_group.this_name_prefix",
            "module.security_groups.module.public_bastion_sg.aws_security_group_rule.computed_egress_rules",
            "module.security_groups.module.public_bastion_sg.aws_security_group_rule.computed_egress_with_cidr_blocks",
            "module.security_groups.module.public_bastion_sg.aws_security_group_rule.computed_egress_with_ipv6_cidr_blocks",
            "module.security_groups.module.public_bastion_sg.aws_security_group_rule.computed_egress_with_prefix_list_ids",
            "module.security_groups.module.public_bastion_sg.aws_security_group_rule.computed_egress_with_self",
            "module.security_groups.module.public_bastion_sg.aws_security_group_rule.computed_egress_with_source_security_group_id",
            "module.security_groups.module.public_bastion_sg.aws_security_group_rule.computed_ingress_rules",
            "module.security_groups.module.public_bastion_sg.aws_security_group_rule.computed_ingress_with_cidr_blocks",
            "module.security_groups.module.public_bastion_sg.aws_security_group_rule.computed_ingress_with_ipv6_cidr_blocks",
            "module.security_groups.module.public_bastion_sg.aws_security_group_rule.computed_ingress_with_prefix_list_ids",
            "module.security_groups.module.public_bastion_sg.aws_security_group_rule.computed_ingress_with_self",
            "module.security_groups.module.public_bastion_sg.aws_security_group_rule.computed_ingress_with_source_security_group_id",
            "module.security_groups.module.public_bastion_sg.aws_security_group_rule.egress_rules",
            "module.security_groups.module.public_bastion_sg.aws_security_group_rule.egress_with_cidr_blocks",
            "module.security_groups.module.public_bastion_sg.aws_security_group_rule.egress_with_ipv6_cidr_blocks",
            "module.security_groups.module.public_bastion_sg.aws_security_group_rule.egress_with_prefix_list_ids",
            "module.security_groups.module.public_bastion_sg.aws_security_group_rule.egress_with_self",
            "module.security_groups.module.public_bastion_sg.aws_security_group_rule.egress_with_source_security_group_id",
            "module.security_groups.module.public_bastion_sg.aws_security_group_rule.ingress_rules",
            "module.security_groups.module.public_bastion_sg.aws_security_group_rule.ingress_with_cidr_blocks",
            "module.security_groups.module.public_bastion_sg.aws_security_group_rule.ingress_with_ipv6_cidr_blocks",
            "module.security_groups.module.public_bastion_sg.aws_security_group_rule.ingress_with_prefix_list_ids",
            "module.security_groups.module.public_bastion_sg.aws_security_group_rule.ingress_with_self",
            "module.security_groups.module.public_bastion_sg.aws_security_group_rule.ingress_with_source_security_group_id",
            "module.security_groups.module.rdsdb_sg.aws_security_group.this",
            "module.security_groups.module.rdsdb_sg.aws_security_group.this_name_prefix",
            "module.security_groups.module.rdsdb_sg.aws_security_group_rule.computed_egress_rules",
            "module.security_groups.module.rdsdb_sg.aws_security_group_rule.computed_egress_with_cidr_blocks",
            "module.security_groups.module.rdsdb_sg.aws_security_group_rule.computed_egress_with_ipv6_cidr_blocks",
            "module.security_groups.module.rdsdb_sg.aws_security_group_rule.computed_egress_with_prefix_list_ids",
            "module.security_groups.module.rdsdb_sg.aws_security_group_rule.computed_egress_with_self",
            "module.security_groups.module.rdsdb_sg.aws_security_group_rule.computed_egress_with_source_security_group_id",
            "module.security_groups.module.rdsdb_sg.aws_security_group_rule.computed_ingress_rules",
            "module.security_groups.module.rdsdb_sg.aws_security_group_rule.computed_ingress_with_cidr_blocks",
            "module.security_groups.module.rdsdb_sg.aws_security_group_rule.computed_ingress_with_ipv6_cidr_blocks",
            "module.security_groups.module.rdsdb_sg.aws_security_group_rule.computed_ingress_with_prefix_list_ids",
            "module.security_groups.module.rdsdb_sg.aws_security_group_rule.computed_ingress_with_self",
            "module.security_groups.module.rdsdb_sg.aws_security_group_rule.computed_ingress_with_source_security_group_id",
            "module.security_groups.module.rdsdb_sg.aws_security_group_rule.egress_rules",
            "module.security_groups.module.rdsdb_sg.aws_security_group_rule.egress_with_cidr_blocks",
            "module.security_groups.module.rdsdb_sg.aws_security_group_rule.egress_with_ipv6_cidr_blocks",
            "module.security_groups.module.rdsdb_sg.aws_security_group_rule.egress_with_prefix_list_ids",
            "module.security_groups.module.rdsdb_sg.aws_security_group_rule.egress_with_self",
            "module.security_groups.module.rdsdb_sg.aws_security_group_rule.egress_with_source_security_group_id",
            "module.security_groups.module.rdsdb_sg.aws_security_group_rule.ingress_rules",
            "module.security_groups.module.rdsdb_sg.aws_security_group_rule.ingress_with_cidr_blocks",
            "module.security_groups.module.rdsdb_sg.aws_security_group_rule.ingress_with_ipv6_cidr_blocks",
            "module.security_groups.module.rdsdb_sg.aws_security_group_rule.ingress_with_prefix_list_ids",
            "module.security_groups.module.rdsdb_sg.aws_security_group_rule.ingress_with_self",
            "module.security_groups.module.rdsdb_sg.aws_security_group_rule.ingress_with_source_security_group_id",
            "module.vpc.module.vpc.aws_cloudwatch_log_group.flow_log",
            "module.vpc.module.vpc.aws_customer_gateway.this",
            "module.vpc.module.vpc.aws_db_subnet_group.database",
            "module.vpc.module.vpc.aws_default_network_acl.this",
            "module.vpc.module.vpc.aws_default_route_table.default",
            "module.vpc.module.vpc.aws_default_security_group.this",
            "module.vpc.module.vpc.aws_default_vpc.this",
            "module.vpc.module.vpc.aws_egress_only_internet_gateway.this",
            "module.vpc.module.vpc.aws_eip.nat",
            "module.vpc.module.vpc.aws_elasticache_subnet_group.elasticache",
            "module.vpc.module.vpc.aws_flow_log.this",
            "module.vpc.module.vpc.aws_iam_policy.vpc_flow_log_cloudwatch",
            "module.vpc.module.vpc.aws_iam_role.vpc_flow_log_cloudwatch",
            "module.vpc.module.vpc.aws_iam_role_policy_attachment.vpc_flow_log_cloudwatch",
            "module.vpc.module.vpc.aws_internet_gateway.this",
            "module.vpc.module.vpc.aws_nat_gateway.this",
            "module.vpc.module.vpc.aws_network_acl.database",
            "module.vpc.module.vpc.aws_network_acl.elasticache",
            "module.vpc.module.vpc.aws_network_acl.intra",
            "module.vpc.module.vpc.aws_network_acl.outpost",
            "module.vpc.module.vpc.aws_network_acl.private",
            "module.vpc.module.vpc.aws_network_acl.public",
            "module.vpc.module.vpc.aws_network_acl.redshift",
            "module.vpc.module.vpc.aws_network_acl_rule.database_inbound",
            "module.vpc.module.vpc.aws_network_acl_rule.database_outbound",
            "module.vpc.module.vpc.aws_network_acl_rule.elasticache_inbound",
            "module.vpc.module.vpc.aws_network_acl_rule.elasticache_outbound",
            "module.vpc.module.vpc.aws_network_acl_rule.intra_inbound",
            "module.vpc.module.vpc.aws_network_acl_rule.intra_outbound",
            "module.vpc.module.vpc.aws_network_acl_rule.outpost_inbound",
            "module.vpc.module.vpc.aws_network_acl_rule.outpost_outbound",
            "module.vpc.module.vpc.aws_network_acl_rule.private_inbound",
            "module.vpc.module.vpc.aws_network_acl_rule.private_outbound",
            "module.vpc.module.vpc.aws_network_acl_rule.public_inbound",
            "module.vpc.module.vpc.aws_network_acl_rule.public_outbound",
            "module.vpc.module.vpc.aws_network_acl_rule.redshift_inbound",
            "module.vpc.module.vpc.aws_network_acl_rule.redshift_outbound",
            "module.vpc.module.vpc.aws_redshift_subnet_group.redshift",
            "module.vpc.module.vpc.aws_route.database_dns64_nat_gateway",
            "module.vpc.module.vpc.aws_route.database_internet_gateway",
            "module.vpc.module.vpc.aws_route.database_ipv6_egress",
            "module.vpc.module.vpc.aws_route.database_nat_gateway",
            "module.vpc.module.vpc.aws_route.private_dns64_nat_gateway",
            "module.vpc.module.vpc.aws_route.private_ipv6_egress",
            "module.vpc.module.vpc.aws_route.private_nat_gateway",
            "module.vpc.module.vpc.aws_route.public_internet_gateway",
            "module.vpc.module.vpc.aws_route.public_internet_gateway_ipv6",
            "module.vpc.module.vpc.aws_route_table.database",
            "module.vpc.module.vpc.aws_route_table.elasticache",
            "module.vpc.module.vpc.aws_route_table.intra",
            "module.vpc.module.vpc.aws_route_table.private",
            "module.vpc.module.vpc.aws_route_table.public",
            "module.vpc.module.vpc.aws_route_table.redshift",
            "module.vpc.module.vpc.aws_route_table_association.database",
            "module.vpc.module.vpc.aws_route_table_association.elasticache",
            "module.vpc.module.vpc.aws_route_table_association.intra",
            "module.vpc.module.vpc.aws_route_table_association.outpost",
            "module.vpc.module.vpc.aws_route_table_association.private",
            "module.vpc.module.vpc.aws_route_table_association.public",
            "module.vpc.module.vpc.aws_route_table_association.redshift",
            "module.vpc.module.vpc.aws_route_table_association.redshift_public",
            "module.vpc.module.vpc.aws_subnet.database",
            "module.vpc.module.vpc.aws_subnet.elasticache",
            "module.vpc.module.vpc.aws_subnet.intra",
            "module.vpc.module.vpc.aws_subnet.outpost",
            "module.vpc.module.vpc.aws_subnet.private",
            "module.vpc.module.vpc.aws_subnet.public",
            "module.vpc.module.vpc.aws_subnet.redshift",
            "module.vpc.module.vpc.aws_vpc.this",
            "module.vpc.module.vpc.aws_vpc_dhcp_options.this",
            "module.vpc.module.vpc.aws_vpc_dhcp_options_association.this",
            "module.vpc.module.vpc.aws_vpc_ipv4_cidr_block_association.this",
            "module.vpc.module.vpc.aws_vpn_gateway.this",
            "module.vpc.module.vpc.aws_vpn_gateway_attachment.this",
            "module.vpc.module.vpc.aws_vpn_gateway_route_propagation.intra",
            "module.vpc.module.vpc.aws_vpn_gateway_route_propagation.private",
            "module.vpc.module.vpc.aws_vpn_gateway_route_propagation.public",
            "module.vpc.module.vpc.data.aws_iam_policy_document.flow_log_cloudwatch_assume_role",
            "module.vpc.module.vpc.data.aws_iam_policy_document.vpc_flow_log_cloudwatch"
          ]
        }
      ]
    },
    {
      "module": "module.ec2_bastion",
      "mode": "managed",
      "type": "aws_instance",
      "name": "bastion",
      "provider": "provider[\"registry.terraform.io/hashicorp/aws\"]",
      "instances": [
        {
          "schema_version": 2,
          "attributes": {
            "ami": "ami-0199fa5fada510433",
            "arn": "arn:aws:ec2:us-east-1:043509840958:instance/i-0a506388580450235",
            "associate_public_ip_address": false,
            "availability_zone": "us-east-1a",
            "capacity_reservation_specification": [
              {
                "capacity_reservation_preference": "open",
                "capacity_reservation_target": []
              }
            ],
            "cpu_options": [
              {
                "amd_sev_snp": "",
                "core_count": 1,
                "nested_virtualization": "",
                "threads_per_core": 2
              }
            ],
            "credit_specification": [
              {
                "cpu_credits": "unlimited"
              }
            ],
            "disable_api_stop": false,
            "disable_api_termination": false,
            "ebs_block_device": [],
            "ebs_optimized": false,
            "enable_primary_ipv6": null,
            "enclave_options": [
              {
                "enabled": false
              }
            ],
            "ephemeral_block_device": [],
            "force_destroy": false,
            "get_password_data": false,
            "hibernation": false,
            "host_id": "",
            "host_resource_group_arn": null,
            "iam_instance_profile": "",
            "id": "i-0a506388580450235",
            "instance_initiated_shutdown_behavior": "stop",
            "instance_lifecycle": "",
            "instance_market_options": [],
            "instance_state": "running",
            "instance_type": "t3.micro",
            "ipv6_address_count": 0,
            "ipv6_addresses": [],
            "key_name": "eks-terraform-key",
            "launch_template": [],
            "maintenance_options": [
              {
                "auto_recovery": "default"
              }
            ],
            "metadata_options": [
              {
                "http_endpoint": "enabled",
                "http_protocol_ipv6": "disabled",
                "http_put_response_hop_limit": 1,
                "http_tokens": "optional",
                "instance_metadata_tags": "disabled"
              }
            ],
            "monitoring": false,
            "network_interface": [],
            "outpost_arn": "",
            "password_data": "",
            "placement_group": "",
            "placement_group_id": "",
            "placement_partition_number": 0,
            "primary_network_interface": [
              {
                "delete_on_termination": true,
                "network_interface_id": "eni-053039a6906fbafb2"
              }
            ],
            "primary_network_interface_id": "eni-053039a6906fbafb2",
            "private_dns": "ip-10-0-101-210.ec2.internal",
            "private_dns_name_options": [
              {
                "enable_resource_name_dns_a_record": false,
                "enable_resource_name_dns_aaaa_record": false,
                "hostname_type": "ip-name"
              }
            ],
            "private_ip": "10.0.101.210",
            "public_dns": "",
            "public_ip": "",
            "region": "us-east-1",
            "root_block_device": [
              {
                "delete_on_termination": true,
                "device_name": "/dev/xvda",
                "encrypted": false,
                "iops": 100,
                "kms_key_id": "",
                "tags": {},
                "tags_all": {},
                "throughput": 0,
                "volume_id": "vol-09602ef2dd91cef2b",
                "volume_size": 8,
                "volume_type": "gp2"
              }
            ],
            "secondary_network_interface": [],
            "secondary_private_ips": [],
            "security_groups": [],
            "source_dest_check": true,
            "spot_instance_request_id": "",
            "subnet_id": "subnet-0298d604a8194a1e7",
            "tags": {
              "ManagedBy": "Terraform",
              "Name": "dev-bastion",
              "Project": "terraform-aws-infrastructure",
              "environment": "dev",
              "owners": "hr"
            },
            "tags_all": {
              "ManagedBy": "Terraform",
              "Name": "dev-bastion",
              "Project": "terraform-aws-infrastructure",
              "environment": "dev",
              "owners": "hr"
            },
            "tenancy": "default",
            "timeouts": null,
            "user_data": null,
            "user_data_base64": null,
            "user_data_replace_on_change": false,
            "volume_tags": null,
            "vpc_security_group_ids": [
              "sg-0ad6b1de37bf3e945"
            ]
          },
          "sensitive_attributes": [],
          "identity_schema_version": 0,
          "identity": {
            "account_id": "043509840958",
            "id": "i-0a506388580450235",
            "region": "us-east-1"
          },
          "private": "eyJlMmJmYjczMC1lY2FhLTExZTYtOGY4OC0zNDM2M2JjN2M0YzAiOnsiY3JlYXRlIjo2MDAwMDAwMDAwMDAsImRlbGV0ZSI6MTIwMDAwMDAwMDAwMCwicmVhZCI6OTAwMDAwMDAwMDAwLCJ1cGRhdGUiOjYwMDAwMDAwMDAwMH0sInNjaGVtYV92ZXJzaW9uIjoiMiJ9",
          "dependencies": [
            "data.aws_ami.amzlinux2",
            "module.security_groups.module.loadbalancer_sg.aws_security_group.this",
            "module.security_groups.module.loadbalancer_sg.aws_security_group.this_name_prefix",
            "module.security_groups.module.loadbalancer_sg.aws_security_group_rule.computed_egress_rules",
            "module.security_groups.module.loadbalancer_sg.aws_security_group_rule.computed_egress_with_cidr_blocks",
            "module.security_groups.module.loadbalancer_sg.aws_security_group_rule.computed_egress_with_ipv6_cidr_blocks",
            "module.security_groups.module.loadbalancer_sg.aws_security_group_rule.computed_egress_with_prefix_list_ids",
            "module.security_groups.module.loadbalancer_sg.aws_security_group_rule.computed_egress_with_self",
            "module.security_groups.module.loadbalancer_sg.aws_security_group_rule.computed_egress_with_source_security_group_id",
            "module.security_groups.module.loadbalancer_sg.aws_security_group_rule.computed_ingress_rules",
            "module.security_groups.module.loadbalancer_sg.aws_security_group_rule.computed_ingress_with_cidr_blocks",
            "module.security_groups.module.loadbalancer_sg.aws_security_group_rule.computed_ingress_with_ipv6_cidr_blocks",
            "module.security_groups.module.loadbalancer_sg.aws_security_group_rule.computed_ingress_with_prefix_list_ids",
            "module.security_groups.module.loadbalancer_sg.aws_security_group_rule.computed_ingress_with_self",
            "module.security_groups.module.loadbalancer_sg.aws_security_group_rule.computed_ingress_with_source_security_group_id",
            "module.security_groups.module.loadbalancer_sg.aws_security_group_rule.egress_rules",
            "module.security_groups.module.loadbalancer_sg.aws_security_group_rule.egress_with_cidr_blocks",
            "module.security_groups.module.loadbalancer_sg.aws_security_group_rule.egress_with_ipv6_cidr_blocks",
            "module.security_groups.module.loadbalancer_sg.aws_security_group_rule.egress_with_prefix_list_ids",
            "module.security_groups.module.loadbalancer_sg.aws_security_group_rule.egress_with_self",
            "module.security_groups.module.loadbalancer_sg.aws_security_group_rule.egress_with_source_security_group_id",
            "module.security_groups.module.loadbalancer_sg.aws_security_group_rule.ingress_rules",
            "module.security_groups.module.loadbalancer_sg.aws_security_group_rule.ingress_with_cidr_blocks",
            "module.security_groups.module.loadbalancer_sg.aws_security_group_rule.ingress_with_ipv6_cidr_blocks",
            "module.security_groups.module.loadbalancer_sg.aws_security_group_rule.ingress_with_prefix_list_ids",
            "module.security_groups.module.loadbalancer_sg.aws_security_group_rule.ingress_with_self",
            "module.security_groups.module.loadbalancer_sg.aws_security_group_rule.ingress_with_source_security_group_id",
            "module.security_groups.module.private_sg.aws_security_group.this",
            "module.security_groups.module.private_sg.aws_security_group.this_name_prefix",
            "module.security_groups.module.private_sg.aws_security_group_rule.computed_egress_rules",
            "module.security_groups.module.private_sg.aws_security_group_rule.computed_egress_with_cidr_blocks",
            "module.security_groups.module.private_sg.aws_security_group_rule.computed_egress_with_ipv6_cidr_blocks",
            "module.security_groups.module.private_sg.aws_security_group_rule.computed_egress_with_prefix_list_ids",
            "module.security_groups.module.private_sg.aws_security_group_rule.computed_egress_with_self",
            "module.security_groups.module.private_sg.aws_security_group_rule.computed_egress_with_source_security_group_id",
            "module.security_groups.module.private_sg.aws_security_group_rule.computed_ingress_rules",
            "module.security_groups.module.private_sg.aws_security_group_rule.computed_ingress_with_cidr_blocks",
            "module.security_groups.module.private_sg.aws_security_group_rule.computed_ingress_with_ipv6_cidr_blocks",
            "module.security_groups.module.private_sg.aws_security_group_rule.computed_ingress_with_prefix_list_ids",
            "module.security_groups.module.private_sg.aws_security_group_rule.computed_ingress_with_self",
            "module.security_groups.module.private_sg.aws_security_group_rule.computed_ingress_with_source_security_group_id",
            "module.security_groups.module.private_sg.aws_security_group_rule.egress_rules",
            "module.security_groups.module.private_sg.aws_security_group_rule.egress_with_cidr_blocks",
            "module.security_groups.module.private_sg.aws_security_group_rule.egress_with_ipv6_cidr_blocks",
            "module.security_groups.module.private_sg.aws_security_group_rule.egress_with_prefix_list_ids",
            "module.security_groups.module.private_sg.aws_security_group_rule.egress_with_self",
            "module.security_groups.module.private_sg.aws_security_group_rule.egress_with_source_security_group_id",
            "module.security_groups.module.private_sg.aws_security_group_rule.ingress_rules",
            "module.security_groups.module.private_sg.aws_security_group_rule.ingress_with_cidr_blocks",
            "module.security_groups.module.private_sg.aws_security_group_rule.ingress_with_ipv6_cidr_blocks",
            "module.security_groups.module.private_sg.aws_security_group_rule.ingress_with_prefix_list_ids",
            "module.security_groups.module.private_sg.aws_security_group_rule.ingress_with_self",
            "module.security_groups.module.private_sg.aws_security_group_rule.ingress_with_source_security_group_id",
            "module.security_groups.module.public_bastion_sg.aws_security_group.this",
            "module.security_groups.module.public_bastion_sg.aws_security_group.this_name_prefix",
            "module.security_groups.module.public_bastion_sg.aws_security_group_rule.computed_egress_rules",
            "module.security_groups.module.public_bastion_sg.aws_security_group_rule.computed_egress_with_cidr_blocks",
            "module.security_groups.module.public_bastion_sg.aws_security_group_rule.computed_egress_with_ipv6_cidr_blocks",
            "module.security_groups.module.public_bastion_sg.aws_security_group_rule.computed_egress_with_prefix_list_ids",
            "module.security_groups.module.public_bastion_sg.aws_security_group_rule.computed_egress_with_self",
            "module.security_groups.module.public_bastion_sg.aws_security_group_rule.computed_egress_with_source_security_group_id",
            "module.security_groups.module.public_bastion_sg.aws_security_group_rule.computed_ingress_rules",
            "module.security_groups.module.public_bastion_sg.aws_security_group_rule.computed_ingress_with_cidr_blocks",
            "module.security_groups.module.public_bastion_sg.aws_security_group_rule.computed_ingress_with_ipv6_cidr_blocks",
            "module.security_groups.module.public_bastion_sg.aws_security_group_rule.computed_ingress_with_prefix_list_ids",
            "module.security_groups.module.public_bastion_sg.aws_security_group_rule.computed_ingress_with_self",
            "module.security_groups.module.public_bastion_sg.aws_security_group_rule.computed_ingress_with_source_security_group_id",
            "module.security_groups.module.public_bastion_sg.aws_security_group_rule.egress_rules",
            "module.security_groups.module.public_bastion_sg.aws_security_group_rule.egress_with_cidr_blocks",
            "module.security_groups.module.public_bastion_sg.aws_security_group_rule.egress_with_ipv6_cidr_blocks",
            "module.security_groups.module.public_bastion_sg.aws_security_group_rule.egress_with_prefix_list_ids",
            "module.security_groups.module.public_bastion_sg.aws_security_group_rule.egress_with_self",
            "module.security_groups.module.public_bastion_sg.aws_security_group_rule.egress_with_source_security_group_id",
            "module.security_groups.module.public_bastion_sg.aws_security_group_rule.ingress_rules",
            "module.security_groups.module.public_bastion_sg.aws_security_group_rule.ingress_with_cidr_blocks",
            "module.security_groups.module.public_bastion_sg.aws_security_group_rule.ingress_with_ipv6_cidr_blocks",
            "module.security_groups.module.public_bastion_sg.aws_security_group_rule.ingress_with_prefix_list_ids",
            "module.security_groups.module.public_bastion_sg.aws_security_group_rule.ingress_with_self",
            "module.security_groups.module.public_bastion_sg.aws_security_group_rule.ingress_with_source_security_group_id",
            "module.security_groups.module.rdsdb_sg.aws_security_group.this",
            "module.security_groups.module.rdsdb_sg.aws_security_group.this_name_prefix",
            "module.security_groups.module.rdsdb_sg.aws_security_group_rule.computed_egress_rules",
            "module.security_groups.module.rdsdb_sg.aws_security_group_rule.computed_egress_with_cidr_blocks",
            "module.security_groups.module.rdsdb_sg.aws_security_group_rule.computed_egress_with_ipv6_cidr_blocks",
            "module.security_groups.module.rdsdb_sg.aws_security_group_rule.computed_egress_with_prefix_list_ids",
            "module.security_groups.module.rdsdb_sg.aws_security_group_rule.computed_egress_with_self",
            "module.security_groups.module.rdsdb_sg.aws_security_group_rule.computed_egress_with_source_security_group_id",
            "module.security_groups.module.rdsdb_sg.aws_security_group_rule.computed_ingress_rules",
            "module.security_groups.module.rdsdb_sg.aws_security_group_rule.computed_ingress_with_cidr_blocks",
            "module.security_groups.module.rdsdb_sg.aws_security_group_rule.computed_ingress_with_ipv6_cidr_blocks",
            "module.security_groups.module.rdsdb_sg.aws_security_group_rule.computed_ingress_with_prefix_list_ids",
            "module.security_groups.module.rdsdb_sg.aws_security_group_rule.computed_ingress_with_self",
            "module.security_groups.module.rdsdb_sg.aws_security_group_rule.computed_ingress_with_source_security_group_id",
            "module.security_groups.module.rdsdb_sg.aws_security_group_rule.egress_rules",
            "module.security_groups.module.rdsdb_sg.aws_security_group_rule.egress_with_cidr_blocks",
            "module.security_groups.module.rdsdb_sg.aws_security_group_rule.egress_with_ipv6_cidr_blocks",
            "module.security_groups.module.rdsdb_sg.aws_security_group_rule.egress_with_prefix_list_ids",
            "module.security_groups.module.rdsdb_sg.aws_security_group_rule.egress_with_self",
            "module.security_groups.module.rdsdb_sg.aws_security_group_rule.egress_with_source_security_group_id",
            "module.security_groups.module.rdsdb_sg.aws_security_group_rule.ingress_rules",
            "module.security_groups.module.rdsdb_sg.aws_security_group_rule.ingress_with_cidr_blocks",
            "module.security_groups.module.rdsdb_sg.aws_security_group_rule.ingress_with_ipv6_cidr_blocks",
            "module.security_groups.module.rdsdb_sg.aws_security_group_rule.ingress_with_prefix_list_ids",
            "module.security_groups.module.rdsdb_sg.aws_security_group_rule.ingress_with_self",
            "module.security_groups.module.rdsdb_sg.aws_security_group_rule.ingress_with_source_security_group_id",
            "module.vpc.module.vpc.aws_cloudwatch_log_group.flow_log",
            "module.vpc.module.vpc.aws_customer_gateway.this",
            "module.vpc.module.vpc.aws_db_subnet_group.database",
            "module.vpc.module.vpc.aws_default_network_acl.this",
            "module.vpc.module.vpc.aws_default_route_table.default",
            "module.vpc.module.vpc.aws_default_security_group.this",
            "module.vpc.module.vpc.aws_default_vpc.this",
            "module.vpc.module.vpc.aws_egress_only_internet_gateway.this",
            "module.vpc.module.vpc.aws_eip.nat",
            "module.vpc.module.vpc.aws_elasticache_subnet_group.elasticache",
            "module.vpc.module.vpc.aws_flow_log.this",
            "module.vpc.module.vpc.aws_iam_policy.vpc_flow_log_cloudwatch",
            "module.vpc.module.vpc.aws_iam_role.vpc_flow_log_cloudwatch",
            "module.vpc.module.vpc.aws_iam_role_policy_attachment.vpc_flow_log_cloudwatch",
            "module.vpc.module.vpc.aws_internet_gateway.this",
            "module.vpc.module.vpc.aws_nat_gateway.this",
            "module.vpc.module.vpc.aws_network_acl.database",
            "module.vpc.module.vpc.aws_network_acl.elasticache",
            "module.vpc.module.vpc.aws_network_acl.intra",
            "module.vpc.module.vpc.aws_network_acl.outpost",
            "module.vpc.module.vpc.aws_network_acl.private",
            "module.vpc.module.vpc.aws_network_acl.public",
            "module.vpc.module.vpc.aws_network_acl.redshift",
            "module.vpc.module.vpc.aws_network_acl_rule.database_inbound",
            "module.vpc.module.vpc.aws_network_acl_rule.database_outbound",
            "module.vpc.module.vpc.aws_network_acl_rule.elasticache_inbound",
            "module.vpc.module.vpc.aws_network_acl_rule.elasticache_outbound",
            "module.vpc.module.vpc.aws_network_acl_rule.intra_inbound",
            "module.vpc.module.vpc.aws_network_acl_rule.intra_outbound",
            "module.vpc.module.vpc.aws_network_acl_rule.outpost_inbound",
            "module.vpc.module.vpc.aws_network_acl_rule.outpost_outbound",
            "module.vpc.module.vpc.aws_network_acl_rule.private_inbound",
            "module.vpc.module.vpc.aws_network_acl_rule.private_outbound",
            "module.vpc.module.vpc.aws_network_acl_rule.public_inbound",
            "module.vpc.module.vpc.aws_network_acl_rule.public_outbound",
            "module.vpc.module.vpc.aws_network_acl_rule.redshift_inbound",
            "module.vpc.module.vpc.aws_network_acl_rule.redshift_outbound",
            "module.vpc.module.vpc.aws_redshift_subnet_group.redshift",
            "module.vpc.module.vpc.aws_route.database_dns64_nat_gateway",
            "module.vpc.module.vpc.aws_route.database_internet_gateway",
            "module.vpc.module.vpc.aws_route.database_ipv6_egress",
            "module.vpc.module.vpc.aws_route.database_nat_gateway",
            "module.vpc.module.vpc.aws_route.private_dns64_nat_gateway",
            "module.vpc.module.vpc.aws_route.private_ipv6_egress",
            "module.vpc.module.vpc.aws_route.private_nat_gateway",
            "module.vpc.module.vpc.aws_route.public_internet_gateway",
            "module.vpc.module.vpc.aws_route.public_internet_gateway_ipv6",
            "module.vpc.module.vpc.aws_route_table.database",
            "module.vpc.module.vpc.aws_route_table.elasticache",
            "module.vpc.module.vpc.aws_route_table.intra",
            "module.vpc.module.vpc.aws_route_table.private",
            "module.vpc.module.vpc.aws_route_table.public",
            "module.vpc.module.vpc.aws_route_table.redshift",
            "module.vpc.module.vpc.aws_route_table_association.database",
            "module.vpc.module.vpc.aws_route_table_association.elasticache",
            "module.vpc.module.vpc.aws_route_table_association.intra",
            "module.vpc.module.vpc.aws_route_table_association.outpost",
            "module.vpc.module.vpc.aws_route_table_association.private",
            "module.vpc.module.vpc.aws_route_table_association.public",
            "module.vpc.module.vpc.aws_route_table_association.redshift",
            "module.vpc.module.vpc.aws_route_table_association.redshift_public",
            "module.vpc.module.vpc.aws_subnet.database",
            "module.vpc.module.vpc.aws_subnet.elasticache",
            "module.vpc.module.vpc.aws_subnet.intra",
            "module.vpc.module.vpc.aws_subnet.outpost",
            "module.vpc.module.vpc.aws_subnet.private",
            "module.vpc.module.vpc.aws_subnet.public",
            "module.vpc.module.vpc.aws_subnet.redshift",
            "module.vpc.module.vpc.aws_vpc.this",
            "module.vpc.module.vpc.aws_vpc_dhcp_options.this",
            "module.vpc.module.vpc.aws_vpc_dhcp_options_association.this",
            "module.vpc.module.vpc.aws_vpc_ipv4_cidr_block_association.this",
            "module.vpc.module.vpc.aws_vpn_gateway.this",
            "module.vpc.module.vpc.aws_vpn_gateway_attachment.this",
            "module.vpc.module.vpc.aws_vpn_gateway_route_propagation.intra",
            "module.vpc.module.vpc.aws_vpn_gateway_route_propagation.private",
            "module.vpc.module.vpc.aws_vpn_gateway_route_propagation.public",
            "module.vpc.module.vpc.data.aws_iam_policy_document.flow_log_cloudwatch_assume_role",
            "module.vpc.module.vpc.data.aws_iam_policy_document.vpc_flow_log_cloudwatch"
          ]
        }
      ]
    },
    {
      "module": "module.ec2_bastion",
      "mode": "managed",
      "type": "null_resource",
      "name": "bastion_provisioner",
      "provider": "provider[\"registry.terraform.io/hashicorp/null\"]",
      "instances": []
    },
    {
      "module": "module.ec2_bastion.module.public_bastion_sg",
      "mode": "managed",
      "type": "aws_security_group",
      "name": "this",
      "provider": "provider[\"registry.terraform.io/hashicorp/aws\"]",
      "instances": []
    },
    {
      "module": "module.ec2_bastion.module.public_bastion_sg",
      "mode": "managed",
      "type": "aws_security_group",
      "name": "this_name_prefix",
      "provider": "provider[\"registry.terraform.io/hashicorp/aws\"]",
      "instances": [
        {
          "index_key": 0,
          "schema_version": 1,
          "attributes": {
            "arn": "arn:aws:ec2:us-east-1:043509840958:security-group/sg-099c5c5395665760b",
            "description": "Security Group with SSH port open for everybody (IPv4 CIDR), egress ports are all world open",
            "egress": [],
            "id": "sg-099c5c5395665760b",
            "ingress": [],
            "name": "hr-dev-public-bastion-sg-20260221135918205600000016",
            "name_prefix": "hr-dev-public-bastion-sg-",
            "owner_id": "043509840958",
            "region": "us-east-1",
            "revoke_rules_on_delete": false,
            "tags": {
              "ManagedBy": "Terraform",
              "Name": "hr-dev-public-bastion-sg",
              "Project": "terraform-aws-infrastructure",
              "environment": "dev",
              "owners": "hr"
            },
            "tags_all": {
              "ManagedBy": "Terraform",
              "Name": "hr-dev-public-bastion-sg",
              "Project": "terraform-aws-infrastructure",
              "environment": "dev",
              "owners": "hr"
            },
            "timeouts": {
              "create": "10m",
              "delete": "15m"
            },
            "vpc_id": "vpc-0378c6ca2ce9c16be"
          },
          "sensitive_attributes": [],
          "identity_schema_version": 0,
          "identity": {
            "account_id": "043509840958",
            "id": "sg-099c5c5395665760b",
            "region": "us-east-1"
          },
          "private": "eyJlMmJmYjczMC1lY2FhLTExZTYtOGY4OC0zNDM2M2JjN2M0YzAiOnsiY3JlYXRlIjo2MDAwMDAwMDAwMDAsImRlbGV0ZSI6OTAwMDAwMDAwMDAwfSwic2NoZW1hX3ZlcnNpb24iOiIxIn0=",
          "dependencies": [
            "module.security_groups.module.loadbalancer_sg.aws_security_group.this",
            "module.security_groups.module.loadbalancer_sg.aws_security_group.this_name_prefix",
            "module.security_groups.module.loadbalancer_sg.aws_security_group_rule.computed_egress_rules",
            "module.security_groups.module.loadbalancer_sg.aws_security_group_rule.computed_egress_with_cidr_blocks",
            "module.security_groups.module.loadbalancer_sg.aws_security_group_rule.computed_egress_with_ipv6_cidr_blocks",
            "module.security_groups.module.loadbalancer_sg.aws_security_group_rule.computed_egress_with_prefix_list_ids",
            "module.security_groups.module.loadbalancer_sg.aws_security_group_rule.computed_egress_with_self",
            "module.security_groups.module.loadbalancer_sg.aws_security_group_rule.computed_egress_with_source_security_group_id",
            "module.security_groups.module.loadbalancer_sg.aws_security_group_rule.computed_ingress_rules",
            "module.security_groups.module.loadbalancer_sg.aws_security_group_rule.computed_ingress_with_cidr_blocks",
            "module.security_groups.module.loadbalancer_sg.aws_security_group_rule.computed_ingress_with_ipv6_cidr_blocks",
            "module.security_groups.module.loadbalancer_sg.aws_security_group_rule.computed_ingress_with_prefix_list_ids",
            "module.security_groups.module.loadbalancer_sg.aws_security_group_rule.computed_ingress_with_self",
            "module.security_groups.module.loadbalancer_sg.aws_security_group_rule.computed_ingress_with_source_security_group_id",
            "module.security_groups.module.loadbalancer_sg.aws_security_group_rule.egress_rules",
            "module.security_groups.module.loadbalancer_sg.aws_security_group_rule.egress_with_cidr_blocks",
            "module.security_groups.module.loadbalancer_sg.aws_security_group_rule.egress_with_ipv6_cidr_blocks",
            "module.security_groups.module.loadbalancer_sg.aws_security_group_rule.egress_with_prefix_list_ids",
            "module.security_groups.module.loadbalancer_sg.aws_security_group_rule.egress_with_self",
            "module.security_groups.module.loadbalancer_sg.aws_security_group_rule.egress_with_source_security_group_id",
            "module.security_groups.module.loadbalancer_sg.aws_security_group_rule.ingress_rules",
            "module.security_groups.module.loadbalancer_sg.aws_security_group_rule.ingress_with_cidr_blocks",
            "module.security_groups.module.loadbalancer_sg.aws_security_group_rule.ingress_with_ipv6_cidr_blocks",
            "module.security_groups.module.loadbalancer_sg.aws_security_group_rule.ingress_with_prefix_list_ids",
            "module.security_groups.module.loadbalancer_sg.aws_security_group_rule.ingress_with_self",
            "module.security_groups.module.loadbalancer_sg.aws_security_group_rule.ingress_with_source_security_group_id",
            "module.security_groups.module.private_sg.aws_security_group.this",
            "module.security_groups.module.private_sg.aws_security_group.this_name_prefix",
            "module.security_groups.module.private_sg.aws_security_group_rule.computed_egress_rules",
            "module.security_groups.module.private_sg.aws_security_group_rule.computed_egress_with_cidr_blocks",
            "module.security_groups.module.private_sg.aws_security_group_rule.computed_egress_with_ipv6_cidr_blocks",
            "module.security_groups.module.private_sg.aws_security_group_rule.computed_egress_with_prefix_list_ids",
            "module.security_groups.module.private_sg.aws_security_group_rule.computed_egress_with_self",
            "module.security_groups.module.private_sg.aws_security_group_rule.computed_egress_with_source_security_group_id",
            "module.security_groups.module.private_sg.aws_security_group_rule.computed_ingress_rules",
            "module.security_groups.module.private_sg.aws_security_group_rule.computed_ingress_with_cidr_blocks",
            "module.security_groups.module.private_sg.aws_security_group_rule.computed_ingress_with_ipv6_cidr_blocks",
            "module.security_groups.module.private_sg.aws_security_group_rule.computed_ingress_with_prefix_list_ids",
            "module.security_groups.module.private_sg.aws_security_group_rule.computed_ingress_with_self",
            "module.security_groups.module.private_sg.aws_security_group_rule.computed_ingress_with_source_security_group_id",
            "module.security_groups.module.private_sg.aws_security_group_rule.egress_rules",
            "module.security_groups.module.private_sg.aws_security_group_rule.egress_with_cidr_blocks",
            "module.security_groups.module.private_sg.aws_security_group_rule.egress_with_ipv6_cidr_blocks",
            "module.security_groups.module.private_sg.aws_security_group_rule.egress_with_prefix_list_ids",
            "module.security_groups.module.private_sg.aws_security_group_rule.egress_with_self",
            "module.security_groups.module.private_sg.aws_security_group_rule.egress_with_source_security_group_id",
            "module.security_groups.module.private_sg.aws_security_group_rule.ingress_rules",
            "module.security_groups.module.private_sg.aws_security_group_rule.ingress_with_cidr_blocks",
            "module.security_groups.module.private_sg.aws_security_group_rule.ingress_with_ipv6_cidr_blocks",
            "module.security_groups.module.private_sg.aws_security_group_rule.ingress_with_prefix_list_ids",
            "module.security_groups.module.private_sg.aws_security_group_rule.ingress_with_self",
            "module.security_groups.module.private_sg.aws_security_group_rule.ingress_with_source_security_group_id",
            "module.security_groups.module.public_bastion_sg.aws_security_group.this",
            "module.security_groups.module.public_bastion_sg.aws_security_group.this_name_prefix",
            "module.security_groups.module.public_bastion_sg.aws_security_group_rule.computed_egress_rules",
            "module.security_groups.module.public_bastion_sg.aws_security_group_rule.computed_egress_with_cidr_blocks",
            "module.security_groups.module.public_bastion_sg.aws_security_group_rule.computed_egress_with_ipv6_cidr_blocks",
            "module.security_groups.module.public_bastion_sg.aws_security_group_rule.computed_egress_with_prefix_list_ids",
            "module.security_groups.module.public_bastion_sg.aws_security_group_rule.computed_egress_with_self",
            "module.security_groups.module.public_bastion_sg.aws_security_group_rule.computed_egress_with_source_security_group_id",
            "module.security_groups.module.public_bastion_sg.aws_security_group_rule.computed_ingress_rules",
            "module.security_groups.module.public_bastion_sg.aws_security_group_rule.computed_ingress_with_cidr_blocks",
            "module.security_groups.module.public_bastion_sg.aws_security_group_rule.computed_ingress_with_ipv6_cidr_blocks",
            "module.security_groups.module.public_bastion_sg.aws_security_group_rule.computed_ingress_with_prefix_list_ids",
            "module.security_groups.module.public_bastion_sg.aws_security_group_rule.computed_ingress_with_self",
            "module.security_groups.module.public_bastion_sg.aws_security_group_rule.computed_ingress_with_source_security_group_id",
            "module.security_groups.module.public_bastion_sg.aws_security_group_rule.egress_rules",
            "module.security_groups.module.public_bastion_sg.aws_security_group_rule.egress_with_cidr_blocks",
            "module.security_groups.module.public_bastion_sg.aws_security_group_rule.egress_with_ipv6_cidr_blocks",
            "module.security_groups.module.public_bastion_sg.aws_security_group_rule.egress_with_prefix_list_ids",
            "module.security_groups.module.public_bastion_sg.aws_security_group_rule.egress_with_self",
            "module.security_groups.module.public_bastion_sg.aws_security_group_rule.egress_with_source_security_group_id",
            "module.security_groups.module.public_bastion_sg.aws_security_group_rule.ingress_rules",
            "module.security_groups.module.public_bastion_sg.aws_security_group_rule.ingress_with_cidr_blocks",
            "module.security_groups.module.public_bastion_sg.aws_security_group_rule.ingress_with_ipv6_cidr_blocks",
            "module.security_groups.module.public_bastion_sg.aws_security_group_rule.ingress_with_prefix_list_ids",
            "module.security_groups.module.public_bastion_sg.aws_security_group_rule.ingress_with_self",
            "module.security_groups.module.public_bastion_sg.aws_security_group_rule.ingress_with_source_security_group_id",
            "module.security_groups.module.rdsdb_sg.aws_security_group.this",
            "module.security_groups.module.rdsdb_sg.aws_security_group.this_name_prefix",
            "module.security_groups.module.rdsdb_sg.aws_security_group_rule.computed_egress_rules",
            "module.security_groups.module.rdsdb_sg.aws_security_group_rule.computed_egress_with_cidr_blocks",
            "module.security_groups.module.rdsdb_sg.aws_security_group_rule.computed_egress_with_ipv6_cidr_blocks",
            "module.security_groups.module.rdsdb_sg.aws_security_group_rule.computed_egress_with_prefix_list_ids",
            "module.security_groups.module.rdsdb_sg.aws_security_group_rule.computed_egress_with_self",
            "module.security_groups.module.rdsdb_sg.aws_security_group_rule.computed_egress_with_source_security_group_id",
            "module.security_groups.module.rdsdb_sg.aws_security_group_rule.computed_ingress_rules",
            "module.security_groups.module.rdsdb_sg.aws_security_group_rule.computed_ingress_with_cidr_blocks",
            "module.security_groups.module.rdsdb_sg.aws_security_group_rule.computed_ingress_with_ipv6_cidr_blocks",
            "module.security_groups.module.rdsdb_sg.aws_security_group_rule.computed_ingress_with_prefix_list_ids",
            "module.security_groups.module.rdsdb_sg.aws_security_group_rule.computed_ingress_with_self",
            "module.security_groups.module.rdsdb_sg.aws_security_group_rule.computed_ingress_with_source_security_group_id",
            "module.security_groups.module.rdsdb_sg.aws_security_group_rule.egress_rules",
            "module.security_groups.module.rdsdb_sg.aws_security_group_rule.egress_with_cidr_blocks",
            "module.security_groups.module.rdsdb_sg.aws_security_group_rule.egress_with_ipv6_cidr_blocks",
            "module.security_groups.module.rdsdb_sg.aws_security_group_rule.egress_with_prefix_list_ids",
            "module.security_groups.module.rdsdb_sg.aws_security_group_rule.egress_with_self",
            "module.security_groups.module.rdsdb_sg.aws_security_group_rule.egress_with_source_security_group_id",
            "module.security_groups.module.rdsdb_sg.aws_security_group_rule.ingress_rules",
            "module.security_groups.module.rdsdb_sg.aws_security_group_rule.ingress_with_cidr_blocks",
            "module.security_groups.module.rdsdb_sg.aws_security_group_rule.ingress_with_ipv6_cidr_blocks",
            "module.security_groups.module.rdsdb_sg.aws_security_group_rule.ingress_with_prefix_list_ids",
            "module.security_groups.module.rdsdb_sg.aws_security_group_rule.ingress_with_self",
            "module.security_groups.module.rdsdb_sg.aws_security_group_rule.ingress_with_source_security_group_id",
            "module.vpc.module.vpc.aws_cloudwatch_log_group.flow_log",
            "module.vpc.module.vpc.aws_customer_gateway.this",
            "module.vpc.module.vpc.aws_db_subnet_group.database",
            "module.vpc.module.vpc.aws_default_network_acl.this",
            "module.vpc.module.vpc.aws_default_route_table.default",
            "module.vpc.module.vpc.aws_default_security_group.this",
            "module.vpc.module.vpc.aws_default_vpc.this",
            "module.vpc.module.vpc.aws_egress_only_internet_gateway.this",
            "module.vpc.module.vpc.aws_eip.nat",
            "module.vpc.module.vpc.aws_elasticache_subnet_group.elasticache",
            "module.vpc.module.vpc.aws_flow_log.this",
            "module.vpc.module.vpc.aws_iam_policy.vpc_flow_log_cloudwatch",
            "module.vpc.module.vpc.aws_iam_role.vpc_flow_log_cloudwatch",
            "module.vpc.module.vpc.aws_iam_role_policy_attachment.vpc_flow_log_cloudwatch",
            "module.vpc.module.vpc.aws_internet_gateway.this",
            "module.vpc.module.vpc.aws_nat_gateway.this",
            "module.vpc.module.vpc.aws_network_acl.database",
            "module.vpc.module.vpc.aws_network_acl.elasticache",
            "module.vpc.module.vpc.aws_network_acl.intra",
            "module.vpc.module.vpc.aws_network_acl.outpost",
            "module.vpc.module.vpc.aws_network_acl.private",
            "module.vpc.module.vpc.aws_network_acl.public",
            "module.vpc.module.vpc.aws_network_acl.redshift",
            "module.vpc.module.vpc.aws_network_acl_rule.database_inbound",
            "module.vpc.module.vpc.aws_network_acl_rule.database_outbound",
            "module.vpc.module.vpc.aws_network_acl_rule.elasticache_inbound",
            "module.vpc.module.vpc.aws_network_acl_rule.elasticache_outbound",
            "module.vpc.module.vpc.aws_network_acl_rule.intra_inbound",
            "module.vpc.module.vpc.aws_network_acl_rule.intra_outbound",
            "module.vpc.module.vpc.aws_network_acl_rule.outpost_inbound",
            "module.vpc.module.vpc.aws_network_acl_rule.outpost_outbound",
            "module.vpc.module.vpc.aws_network_acl_rule.private_inbound",
            "module.vpc.module.vpc.aws_network_acl_rule.private_outbound",
            "module.vpc.module.vpc.aws_network_acl_rule.public_inbound",
            "module.vpc.module.vpc.aws_network_acl_rule.public_outbound",
            "module.vpc.module.vpc.aws_network_acl_rule.redshift_inbound",
            "module.vpc.module.vpc.aws_network_acl_rule.redshift_outbound",
            "module.vpc.module.vpc.aws_redshift_subnet_group.redshift",
            "module.vpc.module.vpc.aws_route.database_dns64_nat_gateway",
            "module.vpc.module.vpc.aws_route.database_internet_gateway",
            "module.vpc.module.vpc.aws_route.database_ipv6_egress",
            "module.vpc.module.vpc.aws_route.database_nat_gateway",
            "module.vpc.module.vpc.aws_route.private_dns64_nat_gateway",
            "module.vpc.module.vpc.aws_route.private_ipv6_egress",
            "module.vpc.module.vpc.aws_route.private_nat_gateway",
            "module.vpc.module.vpc.aws_route.public_internet_gateway",
            "module.vpc.module.vpc.aws_route.public_internet_gateway_ipv6",
            "module.vpc.module.vpc.aws_route_table.database",
            "module.vpc.module.vpc.aws_route_table.elasticache",
            "module.vpc.module.vpc.aws_route_table.intra",
            "module.vpc.module.vpc.aws_route_table.private",
            "module.vpc.module.vpc.aws_route_table.public",
            "module.vpc.module.vpc.aws_route_table.redshift",
            "module.vpc.module.vpc.aws_route_table_association.database",
            "module.vpc.module.vpc.aws_route_table_association.elasticache",
            "module.vpc.module.vpc.aws_route_table_association.intra",
            "module.vpc.module.vpc.aws_route_table_association.outpost",
            "module.vpc.module.vpc.aws_route_table_association.private",
            "module.vpc.module.vpc.aws_route_table_association.public",
            "module.vpc.module.vpc.aws_route_table_association.redshift",
            "module.vpc.module.vpc.aws_route_table_association.redshift_public",
            "module.vpc.module.vpc.aws_subnet.database",
            "module.vpc.module.vpc.aws_subnet.elasticache",
            "module.vpc.module.vpc.aws_subnet.intra",
            "module.vpc.module.vpc.aws_subnet.outpost",
            "module.vpc.module.vpc.aws_subnet.private",
            "module.vpc.module.vpc.aws_subnet.public",
            "module.vpc.module.vpc.aws_subnet.redshift",
            "module.vpc.module.vpc.aws_vpc.this",
            "module.vpc.module.vpc.aws_vpc_dhcp_options.this",
            "module.vpc.module.vpc.aws_vpc_dhcp_options_association.this",
            "module.vpc.module.vpc.aws_vpc_ipv4_cidr_block_association.this",
            "module.vpc.module.vpc.aws_vpn_gateway.this",
            "module.vpc.module.vpc.aws_vpn_gateway_attachment.this",
            "module.vpc.module.vpc.aws_vpn_gateway_route_propagation.intra",
            "module.vpc.module.vpc.aws_vpn_gateway_route_propagation.private",
            "module.vpc.module.vpc.aws_vpn_gateway_route_propagation.public",
            "module.vpc.module.vpc.data.aws_iam_policy_document.flow_log_cloudwatch_assume_role",
            "module.vpc.module.vpc.data.aws_iam_policy_document.vpc_flow_log_cloudwatch"
          ],
          "create_before_destroy": true
        }
      ]
    },
    {
      "module": "module.ec2_bastion.module.public_bastion_sg",
      "mode": "managed",
      "type": "aws_security_group_rule",
      "name": "computed_egress_rules",
      "provider": "provider[\"registry.terraform.io/hashicorp/aws\"]",
      "instances": []
    },
    {
      "module": "module.ec2_bastion.module.public_bastion_sg",
      "mode": "managed",
      "type": "aws_security_group_rule",
      "name": "computed_egress_with_cidr_blocks",
      "provider": "provider[\"registry.terraform.io/hashicorp/aws\"]",
      "instances": []
    },
    {
      "module": "module.ec2_bastion.module.public_bastion_sg",
      "mode": "managed",
      "type": "aws_security_group_rule",
      "name": "computed_egress_with_ipv6_cidr_blocks",
      "provider": "provider[\"registry.terraform.io/hashicorp/aws\"]",
      "instances": []
    },
    {
      "module": "module.ec2_bastion.module.public_bastion_sg",
      "mode": "managed",
      "type": "aws_security_group_rule",
      "name": "computed_egress_with_prefix_list_ids",
      "provider": "provider[\"registry.terraform.io/hashicorp/aws\"]",
      "instances": []
    },
    {
      "module": "module.ec2_bastion.module.public_bastion_sg",
      "mode": "managed",
      "type": "aws_security_group_rule",
      "name": "computed_egress_with_self",
      "provider": "provider[\"registry.terraform.io/hashicorp/aws\"]",
      "instances": []
    },
    {
      "module": "module.ec2_bastion.module.public_bastion_sg",
      "mode": "managed",
      "type": "aws_security_group_rule",
      "name": "computed_egress_with_source_security_group_id",
      "provider": "provider[\"registry.terraform.io/hashicorp/aws\"]",
      "instances": []
    },
    {
      "module": "module.ec2_bastion.module.public_bastion_sg",
      "mode": "managed",
      "type": "aws_security_group_rule",
      "name": "computed_ingress_rules",
      "provider": "provider[\"registry.terraform.io/hashicorp/aws\"]",
      "instances": []
    },
    {
      "module": "module.ec2_bastion.module.public_bastion_sg",
      "mode": "managed",
      "type": "aws_security_group_rule",
      "name": "computed_ingress_with_cidr_blocks",
      "provider": "provider[\"registry.terraform.io/hashicorp/aws\"]",
      "instances": []
    },
    {
      "module": "module.ec2_bastion.module.public_bastion_sg",
      "mode": "managed",
      "type": "aws_security_group_rule",
      "name": "computed_ingress_with_ipv6_cidr_blocks",
      "provider": "provider[\"registry.terraform.io/hashicorp/aws\"]",
      "instances": []
    },
    {
      "module": "module.ec2_bastion.module.public_bastion_sg",
      "mode": "managed",
      "type": "aws_security_group_rule",
      "name": "computed_ingress_with_prefix_list_ids",
      "provider": "provider[\"registry.terraform.io/hashicorp/aws\"]",
      "instances": []
    },
    {
      "module": "module.ec2_bastion.module.public_bastion_sg",
      "mode": "managed",
      "type": "aws_security_group_rule",
      "name": "computed_ingress_with_self",
      "provider": "provider[\"registry.terraform.io/hashicorp/aws\"]",
      "instances": []
    },
    {
      "module": "module.ec2_bastion.module.public_bastion_sg",
      "mode": "managed",
      "type": "aws_security_group_rule",
      "name": "computed_ingress_with_source_security_group_id",
      "provider": "provider[\"registry.terraform.io/hashicorp/aws\"]",
      "instances": []
    },
    {
      "module": "module.ec2_bastion.module.public_bastion_sg",
      "mode": "managed",
      "type": "aws_security_group_rule",
      "name": "egress_rules",
      "provider": "provider[\"registry.terraform.io/hashicorp/aws\"]",
      "instances": [
        {
          "index_key": 0,
          "schema_version": 2,
          "attributes": {
            "cidr_blocks": [
              "0.0.0.0/0"
            ],
            "description": "All protocols",
            "from_port": -1,
            "id": "sgrule-1663539358",
            "ipv6_cidr_blocks": [
              "::/0"
            ],
            "prefix_list_ids": [],
            "protocol": "-1",
            "region": "us-east-1",
            "security_group_id": "sg-099c5c5395665760b",
            "security_group_rule_id": "",
            "self": false,
            "source_security_group_id": null,
            "timeouts": null,
            "to_port": -1,
            "type": "egress"
          },
          "sensitive_attributes": [],
          "identity_schema_version": 0,
          "private": "eyJlMmJmYjczMC1lY2FhLTExZTYtOGY4OC0zNDM2M2JjN2M0YzAiOnsiY3JlYXRlIjozMDAwMDAwMDAwMDB9LCJzY2hlbWFfdmVyc2lvbiI6IjIifQ==",
          "dependencies": [
            "module.ec2_bastion.module.public_bastion_sg.aws_security_group.this",
            "module.ec2_bastion.module.public_bastion_sg.aws_security_group.this_name_prefix",
            "module.security_groups.module.loadbalancer_sg.aws_security_group.this",
            "module.security_groups.module.loadbalancer_sg.aws_security_group.this_name_prefix",
            "module.security_groups.module.loadbalancer_sg.aws_security_group_rule.computed_egress_rules",
            "module.security_groups.module.loadbalancer_sg.aws_security_group_rule.computed_egress_with_cidr_blocks",
            "module.security_groups.module.loadbalancer_sg.aws_security_group_rule.computed_egress_with_ipv6_cidr_blocks",
            "module.security_groups.module.loadbalancer_sg.aws_security_group_rule.computed_egress_with_prefix_list_ids",
            "module.security_groups.module.loadbalancer_sg.aws_security_group_rule.computed_egress_with_self",
            "module.security_groups.module.loadbalancer_sg.aws_security_group_rule.computed_egress_with_source_security_group_id",
            "module.security_groups.module.loadbalancer_sg.aws_security_group_rule.computed_ingress_rules",
            "module.security_groups.module.loadbalancer_sg.aws_security_group_rule.computed_ingress_with_cidr_blocks",
            "module.security_groups.module.loadbalancer_sg.aws_security_group_rule.computed_ingress_with_ipv6_cidr_blocks",
            "module.security_groups.module.loadbalancer_sg.aws_security_group_rule.computed_ingress_with_prefix_list_ids",
            "module.security_groups.module.loadbalancer_sg.aws_security_group_rule.computed_ingress_with_self",
            "module.security_groups.module.loadbalancer_sg.aws_security_group_rule.computed_ingress_with_source_security_group_id",
            "module.security_groups.module.loadbalancer_sg.aws_security_group_rule.egress_rules",
            "module.security_groups.module.loadbalancer_sg.aws_security_group_rule.egress_with_cidr_blocks",
            "module.security_groups.module.loadbalancer_sg.aws_security_group_rule.egress_with_ipv6_cidr_blocks",
            "module.security_groups.module.loadbalancer_sg.aws_security_group_rule.egress_with_prefix_list_ids",
            "module.security_groups.module.loadbalancer_sg.aws_security_group_rule.egress_with_self",
            "module.security_groups.module.loadbalancer_sg.aws_security_group_rule.egress_with_source_security_group_id",
            "module.security_groups.module.loadbalancer_sg.aws_security_group_rule.ingress_rules",
            "module.security_groups.module.loadbalancer_sg.aws_security_group_rule.ingress_with_cidr_blocks",
            "module.security_groups.module.loadbalancer_sg.aws_security_group_rule.ingress_with_ipv6_cidr_blocks",
            "module.security_groups.module.loadbalancer_sg.aws_security_group_rule.ingress_with_prefix_list_ids",
            "module.security_groups.module.loadbalancer_sg.aws_security_group_rule.ingress_with_self",
            "module.security_groups.module.loadbalancer_sg.aws_security_group_rule.ingress_with_source_security_group_id",
            "module.security_groups.module.private_sg.aws_security_group.this",
            "module.security_groups.module.private_sg.aws_security_group.this_name_prefix",
            "module.security_groups.module.private_sg.aws_security_group_rule.computed_egress_rules",
            "module.security_groups.module.private_sg.aws_security_group_rule.computed_egress_with_cidr_blocks",
            "module.security_groups.module.private_sg.aws_security_group_rule.computed_egress_with_ipv6_cidr_blocks",
            "module.security_groups.module.private_sg.aws_security_group_rule.computed_egress_with_prefix_list_ids",
            "module.security_groups.module.private_sg.aws_security_group_rule.computed_egress_with_self",
            "module.security_groups.module.private_sg.aws_security_group_rule.computed_egress_with_source_security_group_id",
            "module.security_groups.module.private_sg.aws_security_group_rule.computed_ingress_rules",
            "module.security_groups.module.private_sg.aws_security_group_rule.computed_ingress_with_cidr_blocks",
            "module.security_groups.module.private_sg.aws_security_group_rule.computed_ingress_with_ipv6_cidr_blocks",
            "module.security_groups.module.private_sg.aws_security_group_rule.computed_ingress_with_prefix_list_ids",
            "module.security_groups.module.private_sg.aws_security_group_rule.computed_ingress_with_self",
            "module.security_groups.module.private_sg.aws_security_group_rule.computed_ingress_with_source_security_group_id",
            "module.security_groups.module.private_sg.aws_security_group_rule.egress_rules",
            "module.security_groups.module.private_sg.aws_security_group_rule.egress_with_cidr_blocks",
            "module.security_groups.module.private_sg.aws_security_group_rule.egress_with_ipv6_cidr_blocks",
            "module.security_groups.module.private_sg.aws_security_group_rule.egress_with_prefix_list_ids",
            "module.security_groups.module.private_sg.aws_security_group_rule.egress_with_self",
            "module.security_groups.module.private_sg.aws_security_group_rule.egress_with_source_security_group_id",
            "module.security_groups.module.private_sg.aws_security_group_rule.ingress_rules",
            "module.security_groups.module.private_sg.aws_security_group_rule.ingress_with_cidr_blocks",
            "module.security_groups.module.private_sg.aws_security_group_rule.ingress_with_ipv6_cidr_blocks",
            "module.security_groups.module.private_sg.aws_security_group_rule.ingress_with_prefix_list_ids",
            "module.security_groups.module.private_sg.aws_security_group_rule.ingress_with_self",
            "module.security_groups.module.private_sg.aws_security_group_rule.ingress_with_source_security_group_id",
            "module.security_groups.module.public_bastion_sg.aws_security_group.this",
            "module.security_groups.module.public_bastion_sg.aws_security_group.this_name_prefix",
            "module.security_groups.module.public_bastion_sg.aws_security_group_rule.computed_egress_rules",
            "module.security_groups.module.public_bastion_sg.aws_security_group_rule.computed_egress_with_cidr_blocks",
            "module.security_groups.module.public_bastion_sg.aws_security_group_rule.computed_egress_with_ipv6_cidr_blocks",
            "module.security_groups.module.public_bastion_sg.aws_security_group_rule.computed_egress_with_prefix_list_ids",
            "module.security_groups.module.public_bastion_sg.aws_security_group_rule.computed_egress_with_self",
            "module.security_groups.module.public_bastion_sg.aws_security_group_rule.computed_egress_with_source_security_group_id",
            "module.security_groups.module.public_bastion_sg.aws_security_group_rule.computed_ingress_rules",
            "module.security_groups.module.public_bastion_sg.aws_security_group_rule.computed_ingress_with_cidr_blocks",
            "module.security_groups.module.public_bastion_sg.aws_security_group_rule.computed_ingress_with_ipv6_cidr_blocks",
            "module.security_groups.module.public_bastion_sg.aws_security_group_rule.computed_ingress_with_prefix_list_ids",
            "module.security_groups.module.public_bastion_sg.aws_security_group_rule.computed_ingress_with_self",
            "module.security_groups.module.public_bastion_sg.aws_security_group_rule.computed_ingress_with_source_security_group_id",
            "module.security_groups.module.public_bastion_sg.aws_security_group_rule.egress_rules",
            "module.security_groups.module.public_bastion_sg.aws_security_group_rule.egress_with_cidr_blocks",
            "module.security_groups.module.public_bastion_sg.aws_security_group_rule.egress_with_ipv6_cidr_blocks",
            "module.security_groups.module.public_bastion_sg.aws_security_group_rule.egress_with_prefix_list_ids",
            "module.security_groups.module.public_bastion_sg.aws_security_group_rule.egress_with_self",
            "module.security_groups.module.public_bastion_sg.aws_security_group_rule.egress_with_source_security_group_id",
            "module.security_groups.module.public_bastion_sg.aws_security_group_rule.ingress_rules",
            "module.security_groups.module.public_bastion_sg.aws_security_group_rule.ingress_with_cidr_blocks",
            "module.security_groups.module.public_bastion_sg.aws_security_group_rule.ingress_with_ipv6_cidr_blocks",
            "module.security_groups.module.public_bastion_sg.aws_security_group_rule.ingress_with_prefix_list_ids",
            "module.security_groups.module.public_bastion_sg.aws_security_group_rule.ingress_with_self",
            "module.security_groups.module.public_bastion_sg.aws_security_group_rule.ingress_with_source_security_group_id",
            "module.security_groups.module.rdsdb_sg.aws_security_group.this",
            "module.security_groups.module.rdsdb_sg.aws_security_group.this_name_prefix",
            "module.security_groups.module.rdsdb_sg.aws_security_group_rule.computed_egress_rules",
            "module.security_groups.module.rdsdb_sg.aws_security_group_rule.computed_egress_with_cidr_blocks",
            "module.security_groups.module.rdsdb_sg.aws_security_group_rule.computed_egress_with_ipv6_cidr_blocks",
            "module.security_groups.module.rdsdb_sg.aws_security_group_rule.computed_egress_with_prefix_list_ids",
            "module.security_groups.module.rdsdb_sg.aws_security_group_rule.computed_egress_with_self",
            "module.security_groups.module.rdsdb_sg.aws_security_group_rule.computed_egress_with_source_security_group_id",
            "module.security_groups.module.rdsdb_sg.aws_security_group_rule.computed_ingress_rules",
            "module.security_groups.module.rdsdb_sg.aws_security_group_rule.computed_ingress_with_cidr_blocks",
            "module.security_groups.module.rdsdb_sg.aws_security_group_rule.computed_ingress_with_ipv6_cidr_blocks",
            "module.security_groups.module.rdsdb_sg.aws_security_group_rule.computed_ingress_with_prefix_list_ids",
            "module.security_groups.module.rdsdb_sg.aws_security_group_rule.computed_ingress_with_self",
            "module.security_groups.module.rdsdb_sg.aws_security_group_rule.computed_ingress_with_source_security_group_id",
            "module.security_groups.module.rdsdb_sg.aws_security_group_rule.egress_rules",
            "module.security_groups.module.rdsdb_sg.aws_security_group_rule.egress_with_cidr_blocks",
            "module.security_groups.module.rdsdb_sg.aws_security_group_rule.egress_with_ipv6_cidr_blocks",
            "module.security_groups.module.rdsdb_sg.aws_security_group_rule.egress_with_prefix_list_ids",
            "module.security_groups.module.rdsdb_sg.aws_security_group_rule.egress_with_self",
            "module.security_groups.module.rdsdb_sg.aws_security_group_rule.egress_with_source_security_group_id",
            "module.security_groups.module.rdsdb_sg.aws_security_group_rule.ingress_rules",
            "module.security_groups.module.rdsdb_sg.aws_security_group_rule.ingress_with_cidr_blocks",
            "module.security_groups.module.rdsdb_sg.aws_security_group_rule.ingress_with_ipv6_cidr_blocks",
            "module.security_groups.module.rdsdb_sg.aws_security_group_rule.ingress_with_prefix_list_ids",
            "module.security_groups.module.rdsdb_sg.aws_security_group_rule.ingress_with_self",
            "module.security_groups.module.rdsdb_sg.aws_security_group_rule.ingress_with_source_security_group_id",
            "module.vpc.module.vpc.aws_cloudwatch_log_group.flow_log",
            "module.vpc.module.vpc.aws_customer_gateway.this",
            "module.vpc.module.vpc.aws_db_subnet_group.database",
            "module.vpc.module.vpc.aws_default_network_acl.this",
            "module.vpc.module.vpc.aws_default_route_table.default",
            "module.vpc.module.vpc.aws_default_security_group.this",
            "module.vpc.module.vpc.aws_default_vpc.this",
            "module.vpc.module.vpc.aws_egress_only_internet_gateway.this",
            "module.vpc.module.vpc.aws_eip.nat",
            "module.vpc.module.vpc.aws_elasticache_subnet_group.elasticache",
            "module.vpc.module.vpc.aws_flow_log.this",
            "module.vpc.module.vpc.aws_iam_policy.vpc_flow_log_cloudwatch",
            "module.vpc.module.vpc.aws_iam_role.vpc_flow_log_cloudwatch",
            "module.vpc.module.vpc.aws_iam_role_policy_attachment.vpc_flow_log_cloudwatch",
            "module.vpc.module.vpc.aws_internet_gateway.this",
            "module.vpc.module.vpc.aws_nat_gateway.this",
            "module.vpc.module.vpc.aws_network_acl.database",
            "module.vpc.module.vpc.aws_network_acl.elasticache",
            "module.vpc.module.vpc.aws_network_acl.intra",
            "module.vpc.module.vpc.aws_network_acl.outpost",
            "module.vpc.module.vpc.aws_network_acl.private",
            "module.vpc.module.vpc.aws_network_acl.public",
            "module.vpc.module.vpc.aws_network_acl.redshift",
            "module.vpc.module.vpc.aws_network_acl_rule.database_inbound",
            "module.vpc.module.vpc.aws_network_acl_rule.database_outbound",
            "module.vpc.module.vpc.aws_network_acl_rule.elasticache_inbound",
            "module.vpc.module.vpc.aws_network_acl_rule.elasticache_outbound",
            "module.vpc.module.vpc.aws_network_acl_rule.intra_inbound",
            "module.vpc.module.vpc.aws_network_acl_rule.intra_outbound",
            "module.vpc.module.vpc.aws_network_acl_rule.outpost_inbound",
            "module.vpc.module.vpc.aws_network_acl_rule.outpost_outbound",
            "module.vpc.module.vpc.aws_network_acl_rule.private_inbound",
            "module.vpc.module.vpc.aws_network_acl_rule.private_outbound",
            "module.vpc.module.vpc.aws_network_acl_rule.public_inbound",
            "module.vpc.module.vpc.aws_network_acl_rule.public_outbound",
            "module.vpc.module.vpc.aws_network_acl_rule.redshift_inbound",
            "module.vpc.module.vpc.aws_network_acl_rule.redshift_outbound",
            "module.vpc.module.vpc.aws_redshift_subnet_group.redshift",
            "module.vpc.module.vpc.aws_route.database_dns64_nat_gateway",
            "module.vpc.module.vpc.aws_route.database_internet_gateway",
            "module.vpc.module.vpc.aws_route.database_ipv6_egress",
            "module.vpc.module.vpc.aws_route.database_nat_gateway",
            "module.vpc.module.vpc.aws_route.private_dns64_nat_gateway",
            "module.vpc.module.vpc.aws_route.private_ipv6_egress",
            "module.vpc.module.vpc.aws_route.private_nat_gateway",
            "module.vpc.module.vpc.aws_route.public_internet_gateway",
            "module.vpc.module.vpc.aws_route.public_internet_gateway_ipv6",
            "module.vpc.module.vpc.aws_route_table.database",
            "module.vpc.module.vpc.aws_route_table.elasticache",
            "module.vpc.module.vpc.aws_route_table.intra",
            "module.vpc.module.vpc.aws_route_table.private",
            "module.vpc.module.vpc.aws_route_table.public",
            "module.vpc.module.vpc.aws_route_table.redshift",
            "module.vpc.module.vpc.aws_route_table_association.database",
            "module.vpc.module.vpc.aws_route_table_association.elasticache",
            "module.vpc.module.vpc.aws_route_table_association.intra",
            "module.vpc.module.vpc.aws_route_table_association.outpost",
            "module.vpc.module.vpc.aws_route_table_association.private",
            "module.vpc.module.vpc.aws_route_table_association.public",
            "module.vpc.module.vpc.aws_route_table_association.redshift",
            "module.vpc.module.vpc.aws_route_table_association.redshift_public",
            "module.vpc.module.vpc.aws_subnet.database",
            "module.vpc.module.vpc.aws_subnet.elasticache",
            "module.vpc.module.vpc.aws_subnet.intra",
            "module.vpc.module.vpc.aws_subnet.outpost",
            "module.vpc.module.vpc.aws_subnet.private",
            "module.vpc.module.vpc.aws_subnet.public",
            "module.vpc.module.vpc.aws_subnet.redshift",
            "module.vpc.module.vpc.aws_vpc.this",
            "module.vpc.module.vpc.aws_vpc_dhcp_options.this",
            "module.vpc.module.vpc.aws_vpc_dhcp_options_association.this",
            "module.vpc.module.vpc.aws_vpc_ipv4_cidr_block_association.this",
            "module.vpc.module.vpc.aws_vpn_gateway.this",
            "module.vpc.module.vpc.aws_vpn_gateway_attachment.this",
            "module.vpc.module.vpc.aws_vpn_gateway_route_propagation.intra",
            "module.vpc.module.vpc.aws_vpn_gateway_route_propagation.private",
            "module.vpc.module.vpc.aws_vpn_gateway_route_propagation.public",
            "module.vpc.module.vpc.data.aws_iam_policy_document.flow_log_cloudwatch_assume_role",
            "module.vpc.module.vpc.data.aws_iam_policy_document.vpc_flow_log_cloudwatch"
          ]
        }
      ]
    },
    {
      "module": "module.ec2_bastion.module.public_bastion_sg",
      "mode": "managed",
      "type": "aws_security_group_rule",
      "name": "egress_with_cidr_blocks",
      "provider": "provider[\"registry.terraform.io/hashicorp/aws\"]",
      "instances": []
    },
    {
      "module": "module.ec2_bastion.module.public_bastion_sg",
      "mode": "managed",
      "type": "aws_security_group_rule",
      "name": "egress_with_ipv6_cidr_blocks",
      "provider": "provider[\"registry.terraform.io/hashicorp/aws\"]",
      "instances": []
    },
    {
      "module": "module.ec2_bastion.module.public_bastion_sg",
      "mode": "managed",
      "type": "aws_security_group_rule",
      "name": "egress_with_prefix_list_ids",
      "provider": "provider[\"registry.terraform.io/hashicorp/aws\"]",
      "instances": []
    },
    {
      "module": "module.ec2_bastion.module.public_bastion_sg",
      "mode": "managed",
      "type": "aws_security_group_rule",
      "name": "egress_with_self",
      "provider": "provider[\"registry.terraform.io/hashicorp/aws\"]",
      "instances": []
    },
    {
      "module": "module.ec2_bastion.module.public_bastion_sg",
      "mode": "managed",
      "type": "aws_security_group_rule",
      "name": "egress_with_source_security_group_id",
      "provider": "provider[\"registry.terraform.io/hashicorp/aws\"]",
      "instances": []
    },
    {
      "module": "module.ec2_bastion.module.public_bastion_sg",
      "mode": "managed",
      "type": "aws_security_group_rule",
      "name": "ingress_rules",
      "provider": "provider[\"registry.terraform.io/hashicorp/aws\"]",
      "instances": [
        {
          "index_key": 0,
          "schema_version": 2,
          "attributes": {
            "cidr_blocks": [
              "0.0.0.0/0"
            ],
            "description": "SSH",
            "from_port": 22,
            "id": "sgrule-564720186",
            "ipv6_cidr_blocks": [],
            "prefix_list_ids": [],
            "protocol": "tcp",
            "region": "us-east-1",
            "security_group_id": "sg-099c5c5395665760b",
            "security_group_rule_id": "sgr-090415a24c3ac3860",
            "self": false,
            "source_security_group_id": null,
            "timeouts": null,
            "to_port": 22,
            "type": "ingress"
          },
          "sensitive_attributes": [],
          "identity_schema_version": 0,
          "private": "eyJlMmJmYjczMC1lY2FhLTExZTYtOGY4OC0zNDM2M2JjN2M0YzAiOnsiY3JlYXRlIjozMDAwMDAwMDAwMDB9LCJzY2hlbWFfdmVyc2lvbiI6IjIifQ==",
          "dependencies": [
            "module.ec2_bastion.module.public_bastion_sg.aws_security_group.this",
            "module.ec2_bastion.module.public_bastion_sg.aws_security_group.this_name_prefix",
            "module.security_groups.module.loadbalancer_sg.aws_security_group.this",
            "module.security_groups.module.loadbalancer_sg.aws_security_group.this_name_prefix",
            "module.security_groups.module.loadbalancer_sg.aws_security_group_rule.computed_egress_rules",
            "module.security_groups.module.loadbalancer_sg.aws_security_group_rule.computed_egress_with_cidr_blocks",
            "module.security_groups.module.loadbalancer_sg.aws_security_group_rule.computed_egress_with_ipv6_cidr_blocks",
            "module.security_groups.module.loadbalancer_sg.aws_security_group_rule.computed_egress_with_prefix_list_ids",
            "module.security_groups.module.loadbalancer_sg.aws_security_group_rule.computed_egress_with_self",
            "module.security_groups.module.loadbalancer_sg.aws_security_group_rule.computed_egress_with_source_security_group_id",
            "module.security_groups.module.loadbalancer_sg.aws_security_group_rule.computed_ingress_rules",
            "module.security_groups.module.loadbalancer_sg.aws_security_group_rule.computed_ingress_with_cidr_blocks",
            "module.security_groups.module.loadbalancer_sg.aws_security_group_rule.computed_ingress_with_ipv6_cidr_blocks",
            "module.security_groups.module.loadbalancer_sg.aws_security_group_rule.computed_ingress_with_prefix_list_ids",
            "module.security_groups.module.loadbalancer_sg.aws_security_group_rule.computed_ingress_with_self",
            "module.security_groups.module.loadbalancer_sg.aws_security_group_rule.computed_ingress_with_source_security_group_id",
            "module.security_groups.module.loadbalancer_sg.aws_security_group_rule.egress_rules",
            "module.security_groups.module.loadbalancer_sg.aws_security_group_rule.egress_with_cidr_blocks",
            "module.security_groups.module.loadbalancer_sg.aws_security_group_rule.egress_with_ipv6_cidr_blocks",
            "module.security_groups.module.loadbalancer_sg.aws_security_group_rule.egress_with_prefix_list_ids",
            "module.security_groups.module.loadbalancer_sg.aws_security_group_rule.egress_with_self",
            "module.security_groups.module.loadbalancer_sg.aws_security_group_rule.egress_with_source_security_group_id",
            "module.security_groups.module.loadbalancer_sg.aws_security_group_rule.ingress_rules",
            "module.security_groups.module.loadbalancer_sg.aws_security_group_rule.ingress_with_cidr_blocks",
            "module.security_groups.module.loadbalancer_sg.aws_security_group_rule.ingress_with_ipv6_cidr_blocks",
            "module.security_groups.module.loadbalancer_sg.aws_security_group_rule.ingress_with_prefix_list_ids",
            "module.security_groups.module.loadbalancer_sg.aws_security_group_rule.ingress_with_self",
            "module.security_groups.module.loadbalancer_sg.aws_security_group_rule.ingress_with_source_security_group_id",
            "module.security_groups.module.private_sg.aws_security_group.this",
            "module.security_groups.module.private_sg.aws_security_group.this_name_prefix",
            "module.security_groups.module.private_sg.aws_security_group_rule.computed_egress_rules",
            "module.security_groups.module.private_sg.aws_security_group_rule.computed_egress_with_cidr_blocks",
            "module.security_groups.module.private_sg.aws_security_group_rule.computed_egress_with_ipv6_cidr_blocks",
            "module.security_groups.module.private_sg.aws_security_group_rule.computed_egress_with_prefix_list_ids",
            "module.security_groups.module.private_sg.aws_security_group_rule.computed_egress_with_self",
            "module.security_groups.module.private_sg.aws_security_group_rule.computed_egress_with_source_security_group_id",
            "module.security_groups.module.private_sg.aws_security_group_rule.computed_ingress_rules",
            "module.security_groups.module.private_sg.aws_security_group_rule.computed_ingress_with_cidr_blocks",
            "module.security_groups.module.private_sg.aws_security_group_rule.computed_ingress_with_ipv6_cidr_blocks",
            "module.security_groups.module.private_sg.aws_security_group_rule.computed_ingress_with_prefix_list_ids",
            "module.security_groups.module.private_sg.aws_security_group_rule.computed_ingress_with_self",
            "module.security_groups.module.private_sg.aws_security_group_rule.computed_ingress_with_source_security_group_id",
            "module.security_groups.module.private_sg.aws_security_group_rule.egress_rules",
            "module.security_groups.module.private_sg.aws_security_group_rule.egress_with_cidr_blocks",
            "module.security_groups.module.private_sg.aws_security_group_rule.egress_with_ipv6_cidr_blocks",
            "module.security_groups.module.private_sg.aws_security_group_rule.egress_with_prefix_list_ids",
            "module.security_groups.module.private_sg.aws_security_group_rule.egress_with_self",
            "module.security_groups.module.private_sg.aws_security_group_rule.egress_with_source_security_group_id",
            "module.security_groups.module.private_sg.aws_security_group_rule.ingress_rules",
            "module.security_groups.module.private_sg.aws_security_group_rule.ingress_with_cidr_blocks",
            "module.security_groups.module.private_sg.aws_security_group_rule.ingress_with_ipv6_cidr_blocks",
            "module.security_groups.module.private_sg.aws_security_group_rule.ingress_with_prefix_list_ids",
            "module.security_groups.module.private_sg.aws_security_group_rule.ingress_with_self",
            "module.security_groups.module.private_sg.aws_security_group_rule.ingress_with_source_security_group_id",
            "module.security_groups.module.public_bastion_sg.aws_security_group.this",
            "module.security_groups.module.public_bastion_sg.aws_security_group.this_name_prefix",
            "module.security_groups.module.public_bastion_sg.aws_security_group_rule.computed_egress_rules",
            "module.security_groups.module.public_bastion_sg.aws_security_group_rule.computed_egress_with_cidr_blocks",
            "module.security_groups.module.public_bastion_sg.aws_security_group_rule.computed_egress_with_ipv6_cidr_blocks",
            "module.security_groups.module.public_bastion_sg.aws_security_group_rule.computed_egress_with_prefix_list_ids",
            "module.security_groups.module.public_bastion_sg.aws_security_group_rule.computed_egress_with_self",
            "module.security_groups.module.public_bastion_sg.aws_security_group_rule.computed_egress_with_source_security_group_id",
            "module.security_groups.module.public_bastion_sg.aws_security_group_rule.computed_ingress_rules",
            "module.security_groups.module.public_bastion_sg.aws_security_group_rule.computed_ingress_with_cidr_blocks",
            "module.security_groups.module.public_bastion_sg.aws_security_group_rule.computed_ingress_with_ipv6_cidr_blocks",
            "module.security_groups.module.public_bastion_sg.aws_security_group_rule.computed_ingress_with_prefix_list_ids",
            "module.security_groups.module.public_bastion_sg.aws_security_group_rule.computed_ingress_with_self",
            "module.security_groups.module.public_bastion_sg.aws_security_group_rule.computed_ingress_with_source_security_group_id",
            "module.security_groups.module.public_bastion_sg.aws_security_group_rule.egress_rules",
            "module.security_groups.module.public_bastion_sg.aws_security_group_rule.egress_with_cidr_blocks",
            "module.security_groups.module.public_bastion_sg.aws_security_group_rule.egress_with_ipv6_cidr_blocks",
            "module.security_groups.module.public_bastion_sg.aws_security_group_rule.egress_with_prefix_list_ids",
            "module.security_groups.module.public_bastion_sg.aws_security_group_rule.egress_with_self",
            "module.security_groups.module.public_bastion_sg.aws_security_group_rule.egress_with_source_security_group_id",
            "module.security_groups.module.public_bastion_sg.aws_security_group_rule.ingress_rules",
            "module.security_groups.module.public_bastion_sg.aws_security_group_rule.ingress_with_cidr_blocks",
            "module.security_groups.module.public_bastion_sg.aws_security_group_rule.ingress_with_ipv6_cidr_blocks",
            "module.security_groups.module.public_bastion_sg.aws_security_group_rule.ingress_with_prefix_list_ids",
            "module.security_groups.module.public_bastion_sg.aws_security_group_rule.ingress_with_self",
            "module.security_groups.module.public_bastion_sg.aws_security_group_rule.ingress_with_source_security_group_id",
            "module.security_groups.module.rdsdb_sg.aws_security_group.this",
            "module.security_groups.module.rdsdb_sg.aws_security_group.this_name_prefix",
            "module.security_groups.module.rdsdb_sg.aws_security_group_rule.computed_egress_rules",
            "module.security_groups.module.rdsdb_sg.aws_security_group_rule.computed_egress_with_cidr_blocks",
            "module.security_groups.module.rdsdb_sg.aws_security_group_rule.computed_egress_with_ipv6_cidr_blocks",
            "module.security_groups.module.rdsdb_sg.aws_security_group_rule.computed_egress_with_prefix_list_ids",
            "module.security_groups.module.rdsdb_sg.aws_security_group_rule.computed_egress_with_self",
            "module.security_groups.module.rdsdb_sg.aws_security_group_rule.computed_egress_with_source_security_group_id",
            "module.security_groups.module.rdsdb_sg.aws_security_group_rule.computed_ingress_rules",
            "module.security_groups.module.rdsdb_sg.aws_security_group_rule.computed_ingress_with_cidr_blocks",
            "module.security_groups.module.rdsdb_sg.aws_security_group_rule.computed_ingress_with_ipv6_cidr_blocks",
            "module.security_groups.module.rdsdb_sg.aws_security_group_rule.computed_ingress_with_prefix_list_ids",
            "module.security_groups.module.rdsdb_sg.aws_security_group_rule.computed_ingress_with_self",
            "module.security_groups.module.rdsdb_sg.aws_security_group_rule.computed_ingress_with_source_security_group_id",
            "module.security_groups.module.rdsdb_sg.aws_security_group_rule.egress_rules",
            "module.security_groups.module.rdsdb_sg.aws_security_group_rule.egress_with_cidr_blocks",
            "module.security_groups.module.rdsdb_sg.aws_security_group_rule.egress_with_ipv6_cidr_blocks",
            "module.security_groups.module.rdsdb_sg.aws_security_group_rule.egress_with_prefix_list_ids",
            "module.security_groups.module.rdsdb_sg.aws_security_group_rule.egress_with_self",
            "module.security_groups.module.rdsdb_sg.aws_security_group_rule.egress_with_source_security_group_id",
            "module.security_groups.module.rdsdb_sg.aws_security_group_rule.ingress_rules",
            "module.security_groups.module.rdsdb_sg.aws_security_group_rule.ingress_with_cidr_blocks",
            "module.security_groups.module.rdsdb_sg.aws_security_group_rule.ingress_with_ipv6_cidr_blocks",
            "module.security_groups.module.rdsdb_sg.aws_security_group_rule.ingress_with_prefix_list_ids",
            "module.security_groups.module.rdsdb_sg.aws_security_group_rule.ingress_with_self",
            "module.security_groups.module.rdsdb_sg.aws_security_group_rule.ingress_with_source_security_group_id",
            "module.vpc.module.vpc.aws_cloudwatch_log_group.flow_log",
            "module.vpc.module.vpc.aws_customer_gateway.this",
            "module.vpc.module.vpc.aws_db_subnet_group.database",
            "module.vpc.module.vpc.aws_default_network_acl.this",
            "module.vpc.module.vpc.aws_default_route_table.default",
            "module.vpc.module.vpc.aws_default_security_group.this",
            "module.vpc.module.vpc.aws_default_vpc.this",
            "module.vpc.module.vpc.aws_egress_only_internet_gateway.this",
            "module.vpc.module.vpc.aws_eip.nat",
            "module.vpc.module.vpc.aws_elasticache_subnet_group.elasticache",
            "module.vpc.module.vpc.aws_flow_log.this",
            "module.vpc.module.vpc.aws_iam_policy.vpc_flow_log_cloudwatch",
            "module.vpc.module.vpc.aws_iam_role.vpc_flow_log_cloudwatch",
            "module.vpc.module.vpc.aws_iam_role_policy_attachment.vpc_flow_log_cloudwatch",
            "module.vpc.module.vpc.aws_internet_gateway.this",
            "module.vpc.module.vpc.aws_nat_gateway.this",
            "module.vpc.module.vpc.aws_network_acl.database",
            "module.vpc.module.vpc.aws_network_acl.elasticache",
            "module.vpc.module.vpc.aws_network_acl.intra",
            "module.vpc.module.vpc.aws_network_acl.outpost",
            "module.vpc.module.vpc.aws_network_acl.private",
            "module.vpc.module.vpc.aws_network_acl.public",
            "module.vpc.module.vpc.aws_network_acl.redshift",
            "module.vpc.module.vpc.aws_network_acl_rule.database_inbound",
            "module.vpc.module.vpc.aws_network_acl_rule.database_outbound",
            "module.vpc.module.vpc.aws_network_acl_rule.elasticache_inbound",
            "module.vpc.module.vpc.aws_network_acl_rule.elasticache_outbound",
            "module.vpc.module.vpc.aws_network_acl_rule.intra_inbound",
            "module.vpc.module.vpc.aws_network_acl_rule.intra_outbound",
            "module.vpc.module.vpc.aws_network_acl_rule.outpost_inbound",
            "module.vpc.module.vpc.aws_network_acl_rule.outpost_outbound",
            "module.vpc.module.vpc.aws_network_acl_rule.private_inbound",
            "module.vpc.module.vpc.aws_network_acl_rule.private_outbound",
            "module.vpc.module.vpc.aws_network_acl_rule.public_inbound",
            "module.vpc.module.vpc.aws_network_acl_rule.public_outbound",
            "module.vpc.module.vpc.aws_network_acl_rule.redshift_inbound",
            "module.vpc.module.vpc.aws_network_acl_rule.redshift_outbound",
            "module.vpc.module.vpc.aws_redshift_subnet_group.redshift",
            "module.vpc.module.vpc.aws_route.database_dns64_nat_gateway",
            "module.vpc.module.vpc.aws_route.database_internet_gateway",
            "module.vpc.module.vpc.aws_route.database_ipv6_egress",
            "module.vpc.module.vpc.aws_route.database_nat_gateway",
            "module.vpc.module.vpc.aws_route.private_dns64_nat_gateway",
            "module.vpc.module.vpc.aws_route.private_ipv6_egress",
            "module.vpc.module.vpc.aws_route.private_nat_gateway",
            "module.vpc.module.vpc.aws_route.public_internet_gateway",
            "module.vpc.module.vpc.aws_route.public_internet_gateway_ipv6",
            "module.vpc.module.vpc.aws_route_table.database",
            "module.vpc.module.vpc.aws_route_table.elasticache",
            "module.vpc.module.vpc.aws_route_table.intra",
            "module.vpc.module.vpc.aws_route_table.private",
            "module.vpc.module.vpc.aws_route_table.public",
            "module.vpc.module.vpc.aws_route_table.redshift",
            "module.vpc.module.vpc.aws_route_table_association.database",
            "module.vpc.module.vpc.aws_route_table_association.elasticache",
            "module.vpc.module.vpc.aws_route_table_association.intra",
            "module.vpc.module.vpc.aws_route_table_association.outpost",
            "module.vpc.module.vpc.aws_route_table_association.private",
            "module.vpc.module.vpc.aws_route_table_association.public",
            "module.vpc.module.vpc.aws_route_table_association.redshift",
            "module.vpc.module.vpc.aws_route_table_association.redshift_public",
            "module.vpc.module.vpc.aws_subnet.database",
            "module.vpc.module.vpc.aws_subnet.elasticache",
            "module.vpc.module.vpc.aws_subnet.intra",
            "module.vpc.module.vpc.aws_subnet.outpost",
            "module.vpc.module.vpc.aws_subnet.private",
            "module.vpc.module.vpc.aws_subnet.public",
            "module.vpc.module.vpc.aws_subnet.redshift",
            "module.vpc.module.vpc.aws_vpc.this",
            "module.vpc.module.vpc.aws_vpc_dhcp_options.this",
            "module.vpc.module.vpc.aws_vpc_dhcp_options_association.this",
            "module.vpc.module.vpc.aws_vpc_ipv4_cidr_block_association.this",
            "module.vpc.module.vpc.aws_vpn_gateway.this",
            "module.vpc.module.vpc.aws_vpn_gateway_attachment.this",
            "module.vpc.module.vpc.aws_vpn_gateway_route_propagation.intra",
            "module.vpc.module.vpc.aws_vpn_gateway_route_propagation.private",
            "module.vpc.module.vpc.aws_vpn_gateway_route_propagation.public",
            "module.vpc.module.vpc.data.aws_iam_policy_document.flow_log_cloudwatch_assume_role",
            "module.vpc.module.vpc.data.aws_iam_policy_document.vpc_flow_log_cloudwatch"
          ]
        }
      ]
    },
    {
      "module": "module.ec2_bastion.module.public_bastion_sg",
      "mode": "managed",
      "type": "aws_security_group_rule",
      "name": "ingress_with_cidr_blocks",
      "provider": "provider[\"registry.terraform.io/hashicorp/aws\"]",
      "instances": []
    },
    {
      "module": "module.ec2_bastion.module.public_bastion_sg",
      "mode": "managed",
      "type": "aws_security_group_rule",
      "name": "ingress_with_ipv6_cidr_blocks",
      "provider": "provider[\"registry.terraform.io/hashicorp/aws\"]",
      "instances": []
    },
    {
      "module": "module.ec2_bastion.module.public_bastion_sg",
      "mode": "managed",
      "type": "aws_security_group_rule",
      "name": "ingress_with_prefix_list_ids",
      "provider": "provider[\"registry.terraform.io/hashicorp/aws\"]",
      "instances": []
    },
    {
      "module": "module.ec2_bastion.module.public_bastion_sg",
      "mode": "managed",
      "type": "aws_security_group_rule",
      "name": "ingress_with_self",
      "provider": "provider[\"registry.terraform.io/hashicorp/aws\"]",
      "instances": []
    },
    {
      "module": "module.ec2_bastion.module.public_bastion_sg",
      "mode": "managed",
      "type": "aws_security_group_rule",
      "name": "ingress_with_source_security_group_id",
      "provider": "provider[\"registry.terraform.io/hashicorp/aws\"]",
      "instances": []
    },
    {
      "module": "module.eip",
      "mode": "managed",
      "type": "aws_eip",
      "name": "bastion_eip",
      "provider": "provider[\"registry.terraform.io/hashicorp/aws\"]",
      "instances": [
        {
          "schema_version": 0,
          "attributes": {
            "address": null,
            "allocation_id": "eipalloc-03744d6b2569a77d6",
            "arn": "arn:aws:ec2:us-east-1:043509840958:elastic-ip/eipalloc-03744d6b2569a77d6",
            "associate_with_private_ip": null,
            "association_id": "eipassoc-064daf0c1686111c2",
            "carrier_ip": "",
            "customer_owned_ip": "",
            "customer_owned_ipv4_pool": "",
            "domain": "vpc",
            "id": "eipalloc-03744d6b2569a77d6",
            "instance": "i-0a506388580450235",
            "ipam_pool_id": null,
            "network_border_group": "us-east-1",
            "network_interface": "eni-053039a6906fbafb2",
            "private_dns": "ip-10-0-101-210.ec2.internal",
            "private_ip": "10.0.101.210",
            "ptr_record": "",
            "public_dns": "ec2-54-145-37-195.compute-1.amazonaws.com",
            "public_ip": "54.145.37.195",
            "public_ipv4_pool": "amazon",
            "region": "us-east-1",
            "tags": {
              "ManagedBy": "Terraform",
              "Project": "terraform-aws-infrastructure",
              "environment": "dev",
              "owners": "hr"
            },
            "tags_all": {
              "ManagedBy": "Terraform",
              "Project": "terraform-aws-infrastructure",
              "environment": "dev",
              "owners": "hr"
            },
            "timeouts": null
          },
          "sensitive_attributes": [],
          "identity_schema_version": 0,
          "private": "eyJlMmJmYjczMC1lY2FhLTExZTYtOGY4OC0zNDM2M2JjN2M0YzAiOnsiZGVsZXRlIjoxODAwMDAwMDAwMDAsInJlYWQiOjkwMDAwMDAwMDAwMCwidXBkYXRlIjozMDAwMDAwMDAwMDB9fQ==",
          "dependencies": [
            "data.aws_ami.amzlinux2",
            "module.ec2_bastion.aws_eip.bastion_eip_original",
            "module.ec2_bastion.aws_instance.bastion",
            "module.ec2_bastion.data.aws_ami.amzlinux2",
            "module.ec2_bastion.module.public_bastion_sg.aws_security_group.this",
            "module.ec2_bastion.module.public_bastion_sg.aws_security_group.this_name_prefix",
            "module.ec2_bastion.module.public_bastion_sg.aws_security_group_rule.computed_egress_rules",
            "module.ec2_bastion.module.public_bastion_sg.aws_security_group_rule.computed_egress_with_cidr_blocks",
            "module.ec2_bastion.module.public_bastion_sg.aws_security_group_rule.computed_egress_with_ipv6_cidr_blocks",
            "module.ec2_bastion.module.public_bastion_sg.aws_security_group_rule.computed_egress_with_prefix_list_ids",
            "module.ec2_bastion.module.public_bastion_sg.aws_security_group_rule.computed_egress_with_self",
            "module.ec2_bastion.module.public_bastion_sg.aws_security_group_rule.computed_egress_with_source_security_group_id",
            "module.ec2_bastion.module.public_bastion_sg.aws_security_group_rule.computed_ingress_rules",
            "module.ec2_bastion.module.public_bastion_sg.aws_security_group_rule.computed_ingress_with_cidr_blocks",
            "module.ec2_bastion.module.public_bastion_sg.aws_security_group_rule.computed_ingress_with_ipv6_cidr_blocks",
            "module.ec2_bastion.module.public_bastion_sg.aws_security_group_rule.computed_ingress_with_prefix_list_ids",
            "module.ec2_bastion.module.public_bastion_sg.aws_security_group_rule.computed_ingress_with_self",
            "module.ec2_bastion.module.public_bastion_sg.aws_security_group_rule.computed_ingress_with_source_security_group_id",
            "module.ec2_bastion.module.public_bastion_sg.aws_security_group_rule.egress_rules",
            "module.ec2_bastion.module.public_bastion_sg.aws_security_group_rule.egress_with_cidr_blocks",
            "module.ec2_bastion.module.public_bastion_sg.aws_security_group_rule.egress_with_ipv6_cidr_blocks",
            "module.ec2_bastion.module.public_bastion_sg.aws_security_group_rule.egress_with_prefix_list_ids",
            "module.ec2_bastion.module.public_bastion_sg.aws_security_group_rule.egress_with_self",
            "module.ec2_bastion.module.public_bastion_sg.aws_security_group_rule.egress_with_source_security_group_id",
            "module.ec2_bastion.module.public_bastion_sg.aws_security_group_rule.ingress_rules",
            "module.ec2_bastion.module.public_bastion_sg.aws_security_group_rule.ingress_with_cidr_blocks",
            "module.ec2_bastion.module.public_bastion_sg.aws_security_group_rule.ingress_with_ipv6_cidr_blocks",
            "module.ec2_bastion.module.public_bastion_sg.aws_security_group_rule.ingress_with_prefix_list_ids",
            "module.ec2_bastion.module.public_bastion_sg.aws_security_group_rule.ingress_with_self",
            "module.ec2_bastion.module.public_bastion_sg.aws_security_group_rule.ingress_with_source_security_group_id",
            "module.ec2_bastion.null_resource.bastion_provisioner",
            "module.security_groups.module.loadbalancer_sg.aws_security_group.this",
            "module.security_groups.module.loadbalancer_sg.aws_security_group.this_name_prefix",
            "module.security_groups.module.loadbalancer_sg.aws_security_group_rule.computed_egress_rules",
            "module.security_groups.module.loadbalancer_sg.aws_security_group_rule.computed_egress_with_cidr_blocks",
            "module.security_groups.module.loadbalancer_sg.aws_security_group_rule.computed_egress_with_ipv6_cidr_blocks",
            "module.security_groups.module.loadbalancer_sg.aws_security_group_rule.computed_egress_with_prefix_list_ids",
            "module.security_groups.module.loadbalancer_sg.aws_security_group_rule.computed_egress_with_self",
            "module.security_groups.module.loadbalancer_sg.aws_security_group_rule.computed_egress_with_source_security_group_id",
            "module.security_groups.module.loadbalancer_sg.aws_security_group_rule.computed_ingress_rules",
            "module.security_groups.module.loadbalancer_sg.aws_security_group_rule.computed_ingress_with_cidr_blocks",
            "module.security_groups.module.loadbalancer_sg.aws_security_group_rule.computed_ingress_with_ipv6_cidr_blocks",
            "module.security_groups.module.loadbalancer_sg.aws_security_group_rule.computed_ingress_with_prefix_list_ids",
            "module.security_groups.module.loadbalancer_sg.aws_security_group_rule.computed_ingress_with_self",
            "module.security_groups.module.loadbalancer_sg.aws_security_group_rule.computed_ingress_with_source_security_group_id",
            "module.security_groups.module.loadbalancer_sg.aws_security_group_rule.egress_rules",
            "module.security_groups.module.loadbalancer_sg.aws_security_group_rule.egress_with_cidr_blocks",
            "module.security_groups.module.loadbalancer_sg.aws_security_group_rule.egress_with_ipv6_cidr_blocks",
            "module.security_groups.module.loadbalancer_sg.aws_security_group_rule.egress_with_prefix_list_ids",
            "module.security_groups.module.loadbalancer_sg.aws_security_group_rule.egress_with_self",
            "module.security_groups.module.loadbalancer_sg.aws_security_group_rule.egress_with_source_security_group_id",
            "module.security_groups.module.loadbalancer_sg.aws_security_group_rule.ingress_rules",
            "module.security_groups.module.loadbalancer_sg.aws_security_group_rule.ingress_with_cidr_blocks",
            "module.security_groups.module.loadbalancer_sg.aws_security_group_rule.ingress_with_ipv6_cidr_blocks",
            "module.security_groups.module.loadbalancer_sg.aws_security_group_rule.ingress_with_prefix_list_ids",
            "module.security_groups.module.loadbalancer_sg.aws_security_group_rule.ingress_with_self",
            "module.security_groups.module.loadbalancer_sg.aws_security_group_rule.ingress_with_source_security_group_id",
            "module.security_groups.module.private_sg.aws_security_group.this",
            "module.security_groups.module.private_sg.aws_security_group.this_name_prefix",
            "module.security_groups.module.private_sg.aws_security_group_rule.computed_egress_rules",
            "module.security_groups.module.private_sg.aws_security_group_rule.computed_egress_with_cidr_blocks",
            "module.security_groups.module.private_sg.aws_security_group_rule.computed_egress_with_ipv6_cidr_blocks",
            "module.security_groups.module.private_sg.aws_security_group_rule.computed_egress_with_prefix_list_ids",
            "module.security_groups.module.private_sg.aws_security_group_rule.computed_egress_with_self",
            "module.security_groups.module.private_sg.aws_security_group_rule.computed_egress_with_source_security_group_id",
            "module.security_groups.module.private_sg.aws_security_group_rule.computed_ingress_rules",
            "module.security_groups.module.private_sg.aws_security_group_rule.computed_ingress_with_cidr_blocks",
            "module.security_groups.module.private_sg.aws_security_group_rule.computed_ingress_with_ipv6_cidr_blocks",
            "module.security_groups.module.private_sg.aws_security_group_rule.computed_ingress_with_prefix_list_ids",
            "module.security_groups.module.private_sg.aws_security_group_rule.computed_ingress_with_self",
            "module.security_groups.module.private_sg.aws_security_group_rule.computed_ingress_with_source_security_group_id",
            "module.security_groups.module.private_sg.aws_security_group_rule.egress_rules",
            "module.security_groups.module.private_sg.aws_security_group_rule.egress_with_cidr_blocks",
            "module.security_groups.module.private_sg.aws_security_group_rule.egress_with_ipv6_cidr_blocks",
            "module.security_groups.module.private_sg.aws_security_group_rule.egress_with_prefix_list_ids",
            "module.security_groups.module.private_sg.aws_security_group_rule.egress_with_self",
            "module.security_groups.module.private_sg.aws_security_group_rule.egress_with_source_security_group_id",
            "module.security_groups.module.private_sg.aws_security_group_rule.ingress_rules",
            "module.security_groups.module.private_sg.aws_security_group_rule.ingress_with_cidr_blocks",
            "module.security_groups.module.private_sg.aws_security_group_rule.ingress_with_ipv6_cidr_blocks",
            "module.security_groups.module.private_sg.aws_security_group_rule.ingress_with_prefix_list_ids",
            "module.security_groups.module.private_sg.aws_security_group_rule.ingress_with_self",
            "module.security_groups.module.private_sg.aws_security_group_rule.ingress_with_source_security_group_id",
            "module.security_groups.module.public_bastion_sg.aws_security_group.this",
            "module.security_groups.module.public_bastion_sg.aws_security_group.this_name_prefix",
            "module.security_groups.module.public_bastion_sg.aws_security_group_rule.computed_egress_rules",
            "module.security_groups.module.public_bastion_sg.aws_security_group_rule.computed_egress_with_cidr_blocks",
            "module.security_groups.module.public_bastion_sg.aws_security_group_rule.computed_egress_with_ipv6_cidr_blocks",
            "module.security_groups.module.public_bastion_sg.aws_security_group_rule.computed_egress_with_prefix_list_ids",
            "module.security_groups.module.public_bastion_sg.aws_security_group_rule.computed_egress_with_self",
            "module.security_groups.module.public_bastion_sg.aws_security_group_rule.computed_egress_with_source_security_group_id",
            "module.security_groups.module.public_bastion_sg.aws_security_group_rule.computed_ingress_rules",
            "module.security_groups.module.public_bastion_sg.aws_security_group_rule.computed_ingress_with_cidr_blocks",
            "module.security_groups.module.public_bastion_sg.aws_security_group_rule.computed_ingress_with_ipv6_cidr_blocks",
            "module.security_groups.module.public_bastion_sg.aws_security_group_rule.computed_ingress_with_prefix_list_ids",
            "module.security_groups.module.public_bastion_sg.aws_security_group_rule.computed_ingress_with_self",
            "module.security_groups.module.public_bastion_sg.aws_security_group_rule.computed_ingress_with_source_security_group_id",
            "module.security_groups.module.public_bastion_sg.aws_security_group_rule.egress_rules",
            "module.security_groups.module.public_bastion_sg.aws_security_group_rule.egress_with_cidr_blocks",
            "module.security_groups.module.public_bastion_sg.aws_security_group_rule.egress_with_ipv6_cidr_blocks",
            "module.security_groups.module.public_bastion_sg.aws_security_group_rule.egress_with_prefix_list_ids",
            "module.security_groups.module.public_bastion_sg.aws_security_group_rule.egress_with_self",
            "module.security_groups.module.public_bastion_sg.aws_security_group_rule.egress_with_source_security_group_id",
            "module.security_groups.module.public_bastion_sg.aws_security_group_rule.ingress_rules",
            "module.security_groups.module.public_bastion_sg.aws_security_group_rule.ingress_with_cidr_blocks",
            "module.security_groups.module.public_bastion_sg.aws_security_group_rule.ingress_with_ipv6_cidr_blocks",
            "module.security_groups.module.public_bastion_sg.aws_security_group_rule.ingress_with_prefix_list_ids",
            "module.security_groups.module.public_bastion_sg.aws_security_group_rule.ingress_with_self",
            "module.security_groups.module.public_bastion_sg.aws_security_group_rule.ingress_with_source_security_group_id",
            "module.security_groups.module.rdsdb_sg.aws_security_group.this",
            "module.security_groups.module.rdsdb_sg.aws_security_group.this_name_prefix",
            "module.security_groups.module.rdsdb_sg.aws_security_group_rule.computed_egress_rules",
            "module.security_groups.module.rdsdb_sg.aws_security_group_rule.computed_egress_with_cidr_blocks",
            "module.security_groups.module.rdsdb_sg.aws_security_group_rule.computed_egress_with_ipv6_cidr_blocks",
            "module.security_groups.module.rdsdb_sg.aws_security_group_rule.computed_egress_with_prefix_list_ids",
            "module.security_groups.module.rdsdb_sg.aws_security_group_rule.computed_egress_with_self",
            "module.security_groups.module.rdsdb_sg.aws_security_group_rule.computed_egress_with_source_security_group_id",
            "module.security_groups.module.rdsdb_sg.aws_security_group_rule.computed_ingress_rules",
            "module.security_groups.module.rdsdb_sg.aws_security_group_rule.computed_ingress_with_cidr_blocks",
            "module.security_groups.module.rdsdb_sg.aws_security_group_rule.computed_ingress_with_ipv6_cidr_blocks",
            "module.security_groups.module.rdsdb_sg.aws_security_group_rule.computed_ingress_with_prefix_list_ids",
            "module.security_groups.module.rdsdb_sg.aws_security_group_rule.computed_ingress_with_self",
            "module.security_groups.module.rdsdb_sg.aws_security_group_rule.computed_ingress_with_source_security_group_id",
            "module.security_groups.module.rdsdb_sg.aws_security_group_rule.egress_rules",
            "module.security_groups.module.rdsdb_sg.aws_security_group_rule.egress_with_cidr_blocks",
            "module.security_groups.module.rdsdb_sg.aws_security_group_rule.egress_with_ipv6_cidr_blocks",
            "module.security_groups.module.rdsdb_sg.aws_security_group_rule.egress_with_prefix_list_ids",
            "module.security_groups.module.rdsdb_sg.aws_security_group_rule.egress_with_self",
            "module.security_groups.module.rdsdb_sg.aws_security_group_rule.egress_with_source_security_group_id",
            "module.security_groups.module.rdsdb_sg.aws_security_group_rule.ingress_rules",
            "module.security_groups.module.rdsdb_sg.aws_security_group_rule.ingress_with_cidr_blocks",
            "module.security_groups.module.rdsdb_sg.aws_security_group_rule.ingress_with_ipv6_cidr_blocks",
            "module.security_groups.module.rdsdb_sg.aws_security_group_rule.ingress_with_prefix_list_ids",
            "module.security_groups.module.rdsdb_sg.aws_security_group_rule.ingress_with_self",
            "module.security_groups.module.rdsdb_sg.aws_security_group_rule.ingress_with_source_security_group_id",
            "module.vpc.module.vpc.aws_cloudwatch_log_group.flow_log",
            "module.vpc.module.vpc.aws_customer_gateway.this",
            "module.vpc.module.vpc.aws_db_subnet_group.database",
            "module.vpc.module.vpc.aws_default_network_acl.this",
            "module.vpc.module.vpc.aws_default_route_table.default",
            "module.vpc.module.vpc.aws_default_security_group.this",
            "module.vpc.module.vpc.aws_default_vpc.this",
            "module.vpc.module.vpc.aws_egress_only_internet_gateway.this",
            "module.vpc.module.vpc.aws_eip.nat",
            "module.vpc.module.vpc.aws_elasticache_subnet_group.elasticache",
            "module.vpc.module.vpc.aws_flow_log.this",
            "module.vpc.module.vpc.aws_iam_policy.vpc_flow_log_cloudwatch",
            "module.vpc.module.vpc.aws_iam_role.vpc_flow_log_cloudwatch",
            "module.vpc.module.vpc.aws_iam_role_policy_attachment.vpc_flow_log_cloudwatch",
            "module.vpc.module.vpc.aws_internet_gateway.this",
            "module.vpc.module.vpc.aws_nat_gateway.this",
            "module.vpc.module.vpc.aws_network_acl.database",
            "module.vpc.module.vpc.aws_network_acl.elasticache",
            "module.vpc.module.vpc.aws_network_acl.intra",
            "module.vpc.module.vpc.aws_network_acl.outpost",
            "module.vpc.module.vpc.aws_network_acl.private",
            "module.vpc.module.vpc.aws_network_acl.public",
            "module.vpc.module.vpc.aws_network_acl.redshift",
            "module.vpc.module.vpc.aws_network_acl_rule.database_inbound",
            "module.vpc.module.vpc.aws_network_acl_rule.database_outbound",
            "module.vpc.module.vpc.aws_network_acl_rule.elasticache_inbound",
            "module.vpc.module.vpc.aws_network_acl_rule.elasticache_outbound",
            "module.vpc.module.vpc.aws_network_acl_rule.intra_inbound",
            "module.vpc.module.vpc.aws_network_acl_rule.intra_outbound",
            "module.vpc.module.vpc.aws_network_acl_rule.outpost_inbound",
            "module.vpc.module.vpc.aws_network_acl_rule.outpost_outbound",
            "module.vpc.module.vpc.aws_network_acl_rule.private_inbound",
            "module.vpc.module.vpc.aws_network_acl_rule.private_outbound",
            "module.vpc.module.vpc.aws_network_acl_rule.public_inbound",
            "module.vpc.module.vpc.aws_network_acl_rule.public_outbound",
            "module.vpc.module.vpc.aws_network_acl_rule.redshift_inbound",
            "module.vpc.module.vpc.aws_network_acl_rule.redshift_outbound",
            "module.vpc.module.vpc.aws_redshift_subnet_group.redshift",
            "module.vpc.module.vpc.aws_route.database_dns64_nat_gateway",
            "module.vpc.module.vpc.aws_route.database_internet_gateway",
            "module.vpc.module.vpc.aws_route.database_ipv6_egress",
            "module.vpc.module.vpc.aws_route.database_nat_gateway",
            "module.vpc.module.vpc.aws_route.private_dns64_nat_gateway",
            "module.vpc.module.vpc.aws_route.private_ipv6_egress",
            "module.vpc.module.vpc.aws_route.private_nat_gateway",
            "module.vpc.module.vpc.aws_route.public_internet_gateway",
            "module.vpc.module.vpc.aws_route.public_internet_gateway_ipv6",
            "module.vpc.module.vpc.aws_route_table.database",
            "module.vpc.module.vpc.aws_route_table.elasticache",
            "module.vpc.module.vpc.aws_route_table.intra",
            "module.vpc.module.vpc.aws_route_table.private",
            "module.vpc.module.vpc.aws_route_table.public",
            "module.vpc.module.vpc.aws_route_table.redshift",
            "module.vpc.module.vpc.aws_route_table_association.database",
            "module.vpc.module.vpc.aws_route_table_association.elasticache",
            "module.vpc.module.vpc.aws_route_table_association.intra",
            "module.vpc.module.vpc.aws_route_table_association.outpost",
            "module.vpc.module.vpc.aws_route_table_association.private",
            "module.vpc.module.vpc.aws_route_table_association.public",
            "module.vpc.module.vpc.aws_route_table_association.redshift",
            "module.vpc.module.vpc.aws_route_table_association.redshift_public",
            "module.vpc.module.vpc.aws_subnet.database",
            "module.vpc.module.vpc.aws_subnet.elasticache",
            "module.vpc.module.vpc.aws_subnet.intra",
            "module.vpc.module.vpc.aws_subnet.outpost",
            "module.vpc.module.vpc.aws_subnet.private",
            "module.vpc.module.vpc.aws_subnet.public",
            "module.vpc.module.vpc.aws_subnet.redshift",
            "module.vpc.module.vpc.aws_vpc.this",
            "module.vpc.module.vpc.aws_vpc_dhcp_options.this",
            "module.vpc.module.vpc.aws_vpc_dhcp_options_association.this",
            "module.vpc.module.vpc.aws_vpc_ipv4_cidr_block_association.this",
            "module.vpc.module.vpc.aws_vpn_gateway.this",
            "module.vpc.module.vpc.aws_vpn_gateway_attachment.this",
            "module.vpc.module.vpc.aws_vpn_gateway_route_propagation.intra",
            "module.vpc.module.vpc.aws_vpn_gateway_route_propagation.private",
            "module.vpc.module.vpc.aws_vpn_gateway_route_propagation.public",
            "module.vpc.module.vpc.data.aws_iam_policy_document.flow_log_cloudwatch_assume_role",
            "module.vpc.module.vpc.data.aws_iam_policy_document.vpc_flow_log_cloudwatch"
          ]
        }
      ]
    },
    {
      "module": "module.eks",
      "mode": "data",
      "type": "aws_eks_cluster_auth",
      "name": "cluster",
      "provider": "provider[\"registry.terraform.io/hashicorp/aws\"]",
      "instances": [
        {
          "schema_version": 0,
          "attributes": {
            "id": "hr-dev-eksdemo1",
            "name": "hr-dev-eksdemo1",
            "region": "us-east-1",
            "token": "k8s-aws-v1.aHR0cHM6Ly9zdHMudXMtZWFzdC0xLmFtYXpvbmF3cy5jb20vP0FjdGlvbj1HZXRDYWxsZXJJZGVudGl0eSZWZXJzaW9uPTIwMTEtMDYtMTUmWC1BbXotQWxnb3JpdGhtPUFXUzQtSE1BQy1TSEEyNTYmWC1BbXotQ3JlZGVudGlhbD1BS0lBUVVJTERQUTdHQUdLTUZFVCUyRjIwMjYwMjIxJTJGdXMtZWFzdC0xJTJGc3RzJTJGYXdzNF9yZXF1ZXN0JlgtQW16LURhdGU9MjAyNjAyMjFUMTQwNDQ0WiZYLUFtei1FeHBpcmVzPTAmWC1BbXotU2lnbmVkSGVhZGVycz1ob3N0JTNCeC1rOHMtYXdzLWlkJlgtQW16LVNpZ25hdHVyZT0yZjI0ZGY3ZjQyNWJmZGViYzYzZDk5MmU2NjlmOTYzYjcwZjZjMGUyNTJhNDM0OGQ0ZjU3ZmE5MWM5MTgxYjBh"
          },
          "sensitive_attributes": [
            [
              {
                "type": "get_attr",
                "value": "token"
              }
            ]
          ],
          "identity_schema_version": 0
        }
      ]
    },
    {
      "module": "module.eks",
      "mode": "data",
      "type": "aws_partition",
      "name": "current",
      "provider": "provider[\"registry.terraform.io/hashicorp/aws\"]",
      "instances": [
        {
          "schema_version": 0,
          "attributes": {
            "dns_suffix": "amazonaws.com",
            "id": "aws",
            "partition": "aws",
            "reverse_dns_prefix": "com.amazonaws"
          },
          "sensitive_attributes": [],
          "identity_schema_version": 0
        }
      ]
    },
    {
      "module": "module.eks",
      "mode": "managed",
      "type": "aws_eks_cluster",
      "name": "eks_cluster",
      "provider": "provider[\"registry.terraform.io/hashicorp/aws\"]",
      "instances": [
        {
          "schema_version": 1,
          "attributes": {
            "access_config": [
              {
                "authentication_mode": "CONFIG_MAP",
                "bootstrap_cluster_creator_admin_permissions": true
              }
            ],
            "arn": "arn:aws:eks:us-east-1:043509840958:cluster/hr-dev-eksdemo1",
            "bootstrap_self_managed_addons": true,
            "certificate_authority": [
              {
                "data": "LS0tLS1CRUdJTiBDRVJUSUZJQ0FURS0tLS0tCk1JSURCVENDQWUyZ0F3SUJBZ0lJZjFiYUtKbEtUekV3RFFZSktvWklodmNOQVFFTEJRQXdGVEVUTUJFR0ExVUUKQXhNS2EzVmlaWEp1WlhSbGN6QWVGdzB5TmpBeU1qRXhNelUzTkRoYUZ3MHpOakF5TVRreE5EQXlORGhhTUJVeApFekFSQmdOVkJBTVRDbXQxWW1WeWJtVjBaWE13Z2dFaU1BMEdDU3FHU0liM0RRRUJBUVVBQTRJQkR3QXdnZ0VLCkFvSUJBUUN0RjZlUjlzeEdrZ2ZVZElmbTZZckswRm9xNmZjL3NzWXA3eXYyMmlOc2hsZTdUUXdLbUJGNzJheVQKdHBZVk9UUWl2RW1neTEvcHJoWmtVamtxcHFBUW5WcW92OGhEMGVQNjlTb0lCaXNDYjBWVi9vNHFYRERzNzhvWgovbXRVdkZwb3RnNVdDRGhrYmoyWWdJTU9ic1NZakdXZ0syNUswb3MyT0pKRWJSTjEzTDUrNXJVUlRoeUtLcGlnCmE4TEIxQUdCMUhLRWFicDhTcHlhRThNRjlxc3FCN0ZqTDM2SVJzSTdJSjVVUFJvY0lGemJ0WEZwZGtvN1ZkSTcKdDd2Z3RkVjlEVGtjNVhjOFVqeTRxanc2S2RlV2RGcjZJclU4MlBqalpSc3d3T3ArOXVYaWllWTExbndQWVlRNQpVdnBIZUxKMU1xcDhEeGJyVllMWWFZNHlwaW9aQWdNQkFBR2pXVEJYTUE0R0ExVWREd0VCL3dRRUF3SUNwREFQCkJnTlZIUk1CQWY4RUJUQURBUUgvTUIwR0ExVWREZ1FXQkJRc2FkYWtLU0xiUURHSWV1Um10dHdtSWlIWjJEQVYKQmdOVkhSRUVEakFNZ2dwcmRXSmxjbTVsZEdWek1BMEdDU3FHU0liM0RRRUJDd1VBQTRJQkFRQ3NXSzFob1E5OQpiZCtqY1FtR3R5eVQ0VFBFN1dlQXpFTk5XM0toYjNFVEVMRFY3eUtmdytGMnY2WHBoRkJobEI2NHEwRnJ6aVYwCnE1ZkU3MHczb1hKKzN6MGIvTktDZzlCanIrWGw5TERpWGZteFdxYVlnV2NBeWN6bmx2S2JCalpNVG9qMDlRblYKWVgzUzlWejE4WHJoSmliWHpKWUpxQjNVUEpUaXFCc2c1K0p2VHo5bmJFdnpGZnBiY2xuVjlhTXZtZkRQT3B3agpVSVJhNEF2S3dseDQ2eVJrSWM3bVBOWmFVOG1NbXJVVmRJdjZLVjZ6WTd5WElLREE2VWRyVWJTNjBoU3kvYmZFCjBPci9pZTB2aFZZUHYrczF2UDh3c2ZJdXNVR1pIUFJ1Z0xreTdLODNOWEpGWkRvUGJhVkVUWEMxUnVmRG90TnIKdzJpMDZ3RFFGV3haCi0tLS0tRU5EIENFUlRJRklDQVRFLS0tLS0K"
              }
            ],
            "cluster_id": null,
            "compute_config": [
              {
                "enabled": false,
                "node_pools": [],
                "node_role_arn": ""
              }
            ],
            "control_plane_scaling_config": [
              {
                "tier": "standard"
              }
            ],
            "created_at": "2026-02-21T13:57:04Z",
            "deletion_protection": false,
            "enabled_cluster_log_types": [
              "api",
              "audit",
              "authenticator",
              "controllerManager",
              "scheduler"
            ],
            "encryption_config": [],
            "endpoint": "https://BB64212B668F68329854884A52DDAE0B.gr7.us-east-1.eks.amazonaws.com",
            "force_update_version": null,
            "id": "hr-dev-eksdemo1",
            "identity": [
              {
                "oidc": [
                  {
                    "issuer": "https://oidc.eks.us-east-1.amazonaws.com/id/BB64212B668F68329854884A52DDAE0B"
                  }
                ]
              }
            ],
            "kubernetes_network_config": [
              {
                "elastic_load_balancing": [
                  {
                    "enabled": false
                  }
                ],
                "ip_family": "ipv4",
                "service_ipv4_cidr": "172.20.0.0/16",
                "service_ipv6_cidr": ""
              }
            ],
            "name": "hr-dev-eksdemo1",
            "outpost_config": [],
            "platform_version": "eks.14",
            "region": "us-east-1",
            "remote_network_config": [],
            "role_arn": "arn:aws:iam::043509840958:role/hr-dev-eks-master-role",
            "status": "ACTIVE",
            "storage_config": [
              {
                "block_storage": [
                  {
                    "enabled": false
                  }
                ]
              }
            ],
            "tags": null,
            "tags_all": {},
            "timeouts": null,
            "upgrade_policy": [
              {
                "support_type": "EXTENDED"
              }
            ],
            "version": "1.34",
            "vpc_config": [
              {
                "cluster_security_group_id": "sg-05303c577ed76f850",
                "endpoint_private_access": false,
                "endpoint_public_access": true,
                "public_access_cidrs": [
                  "0.0.0.0/0"
                ],
                "security_group_ids": null,
                "subnet_ids": [
                  "subnet-0298d604a8194a1e7",
                  "subnet-0dfb7c2b7342956b3",
                  "subnet-0fe8b2c004d114154"
                ],
                "vpc_id": "vpc-0378c6ca2ce9c16be"
              }
            ],
            "zonal_shift_config": []
          },
          "sensitive_attributes": [],
          "identity_schema_version": 0,
          "private": "eyJlMmJmYjczMC1lY2FhLTExZTYtOGY4OC0zNDM2M2JjN2M0YzAiOnsiY3JlYXRlIjoxODAwMDAwMDAwMDAwLCJkZWxldGUiOjkwMDAwMDAwMDAwMCwidXBkYXRlIjozNjAwMDAwMDAwMDAwfSwic2NoZW1hX3ZlcnNpb24iOiIxIn0=",
          "dependencies": [
            "module.eks.aws_iam_role.eks_master_role",
            "module.eks.aws_iam_role_policy_attachment.eks-AmazonEKSClusterPolicy",
            "module.eks.aws_iam_role_policy_attachment.eks-AmazonEKSVPCResourceController",
            "module.vpc.module.vpc.aws_subnet.public",
            "module.vpc.module.vpc.aws_vpc.this",
            "module.vpc.module.vpc.aws_vpc_ipv4_cidr_block_association.this"
          ]
        }
      ]
    },
    {
      "module": "module.eks",
      "mode": "managed",
      "type": "aws_eks_node_group",
      "name": "eks_ng_private",
      "provider": "provider[\"registry.terraform.io/hashicorp/aws\"]",
      "instances": [
        {
          "schema_version": 0,
          "attributes": {
            "ami_type": "AL2023_x86_64_STANDARD",
            "arn": "arn:aws:eks:us-east-1:043509840958:nodegroup/hr-dev-eksdemo1/hr-dev-eks-ng-private/96ce4042-328b-d398-d5d3-3551c761a4f0",
            "capacity_type": "ON_DEMAND",
            "cluster_name": "hr-dev-eksdemo1",
            "disk_size": 20,
            "force_update_version": null,
            "id": "hr-dev-eksdemo1:hr-dev-eks-ng-private",
            "instance_types": [
              "t2.medium"
            ],
            "labels": null,
            "launch_template": [],
            "node_group_name": "hr-dev-eks-ng-private",
            "node_group_name_prefix": "",
            "node_repair_config": [],
            "node_role_arn": "arn:aws:iam::043509840958:role/hr-dev-eks-nodegroup-role",
            "region": "us-east-1",
            "release_version": "1.34.3-20260209",
            "remote_access": [
              {
                "ec2_ssh_key": "eks-terraform-key",
                "source_security_group_ids": null
              }
            ],
            "resources": [
              {
                "autoscaling_groups": [
                  {
                    "name": "eks-hr-dev-eks-ng-private-96ce4042-328b-d398-d5d3-3551c761a4f0"
                  }
                ],
                "remote_access_security_group_id": "sg-03961c88fb1bf7eb0"
              }
            ],
            "scaling_config": [
              {
                "desired_size": 2,
                "max_size": 3,
                "min_size": 2
              }
            ],
            "status": "ACTIVE",
            "subnet_ids": [
              "subnet-021b24ca80a3a2af3",
              "subnet-053cccbc151485b24",
              "subnet-07869b2c047a1f5d2"
            ],
            "tags": {
              "ManagedBy": "Terraform",
              "Name": "Private-Node-Group",
              "Project": "terraform-aws-infrastructure",
              "environment": "dev",
              "owners": "hr"
            },
            "tags_all": {
              "ManagedBy": "Terraform",
              "Name": "Private-Node-Group",
              "Project": "terraform-aws-infrastructure",
              "environment": "dev",
              "owners": "hr"
            },
            "taint": [],
            "timeouts": null,
            "update_config": [
              {
                "max_unavailable": 1,
                "max_unavailable_percentage": 0,
                "update_strategy": ""
              }
            ],
            "version": "1.34"
          },
          "sensitive_attributes": [],
          "identity_schema_version": 0,
          "private": "eyJlMmJmYjczMC1lY2FhLTExZTYtOGY4OC0zNDM2M2JjN2M0YzAiOnsiY3JlYXRlIjozNjAwMDAwMDAwMDAwLCJkZWxldGUiOjM2MDAwMDAwMDAwMDAsInVwZGF0ZSI6MzYwMDAwMDAwMDAwMH19",
          "dependencies": [
            "module.eks.aws_eks_cluster.eks_cluster",
            "module.eks.aws_iam_role.eks_master_role",
            "module.eks.aws_iam_role.eks_nodegroup_role",
            "module.eks.aws_iam_role_policy_attachment.eks-AmazonEC2ContainerRegistryReadOnly",
            "module.eks.aws_iam_role_policy_attachment.eks-AmazonEKSClusterPolicy",
            "module.eks.aws_iam_role_policy_attachment.eks-AmazonEKSVPCResourceController",
            "module.eks.aws_iam_role_policy_attachment.eks-AmazonEKSWorkerNodePolicy",
            "module.eks.aws_iam_role_policy_attachment.eks-AmazonEKS_CNI_Policy",
            "module.eks.data.aws_eks_cluster_auth.cluster",
            "module.eks.kubernetes_config_map_v1.aws_auth",
            "module.vpc.module.vpc.aws_subnet.private",
            "module.vpc.module.vpc.aws_subnet.public",
            "module.vpc.module.vpc.aws_vpc.this",
            "module.vpc.module.vpc.aws_vpc_ipv4_cidr_block_association.this"
          ]
        }
      ]
    },
    {
      "module": "module.eks",
      "mode": "managed",
      "type": "aws_iam_openid_connect_provider",
      "name": "oidc_provider",
      "provider": "provider[\"registry.terraform.io/hashicorp/aws\"]",
      "instances": [
        {
          "schema_version": 0,
          "attributes": {
            "arn": "arn:aws:iam::043509840958:oidc-provider/oidc.eks.us-east-1.amazonaws.com/id/BB64212B668F68329854884A52DDAE0B",
            "client_id_list": [
              "sts.amazonaws.com"
            ],
            "id": "arn:aws:iam::043509840958:oidc-provider/oidc.eks.us-east-1.amazonaws.com/id/BB64212B668F68329854884A52DDAE0B",
            "tags": {
              "ManagedBy": "Terraform",
              "Name": "eksdemo1-eks-irsa",
              "Project": "terraform-aws-infrastructure",
              "environment": "dev",
              "owners": "hr"
            },
            "tags_all": {
              "ManagedBy": "Terraform",
              "Name": "eksdemo1-eks-irsa",
              "Project": "terraform-aws-infrastructure",
              "environment": "dev",
              "owners": "hr"
            },
            "thumbprint_list": [
              "9e99a48a9960b14926bb7f3b02e22da2b0ab7280"
            ],
            "url": "oidc.eks.us-east-1.amazonaws.com/id/BB64212B668F68329854884A52DDAE0B"
          },
          "sensitive_attributes": [],
          "identity_schema_version": 0,
          "identity": {
            "arn": "arn:aws:iam::043509840958:oidc-provider/oidc.eks.us-east-1.amazonaws.com/id/BB64212B668F68329854884A52DDAE0B"
          },
          "private": "bnVsbA==",
          "dependencies": [
            "module.eks.aws_eks_cluster.eks_cluster",
            "module.eks.aws_iam_role.eks_master_role",
            "module.eks.aws_iam_role_policy_attachment.eks-AmazonEKSClusterPolicy",
            "module.eks.aws_iam_role_policy_attachment.eks-AmazonEKSVPCResourceController",
            "module.eks.data.aws_partition.current",
            "module.vpc.module.vpc.aws_subnet.public",
            "module.vpc.module.vpc.aws_vpc.this",
            "module.vpc.module.vpc.aws_vpc_ipv4_cidr_block_association.this"
          ]
        }
      ]
    },
    {
      "module": "module.eks",
      "mode": "managed",
      "type": "aws_iam_role",
      "name": "eks_master_role",
      "provider": "provider[\"registry.terraform.io/hashicorp/aws\"]",
      "instances": [
        {
          "schema_version": 0,
          "attributes": {
            "arn": "arn:aws:iam::043509840958:role/hr-dev-eks-master-role",
            "assume_role_policy": "{\"Statement\":[{\"Action\":\"sts:AssumeRole\",\"Effect\":\"Allow\",\"Principal\":{\"Service\":\"eks.amazonaws.com\"}}],\"Version\":\"2012-10-17\"}",
            "create_date": "2026-02-21T13:56:41Z",
            "description": "",
            "force_detach_policies": false,
            "id": "hr-dev-eks-master-role",
            "inline_policy": [],
            "managed_policy_arns": [],
            "max_session_duration": 3600,
            "name": "hr-dev-eks-master-role",
            "name_prefix": "",
            "path": "/",
            "permissions_boundary": "",
            "tags": null,
            "tags_all": {},
            "unique_id": "AROAQUILDPQ7ILOTKTP44"
          },
          "sensitive_attributes": [],
          "identity_schema_version": 0,
          "identity": {
            "account_id": "043509840958",
            "name": "hr-dev-eks-master-role"
          },
          "private": "bnVsbA=="
        }
      ]
    },
    {
      "module": "module.eks",
      "mode": "managed",
      "type": "aws_iam_role",
      "name": "eks_nodegroup_role",
      "provider": "provider[\"registry.terraform.io/hashicorp/aws\"]",
      "instances": [
        {
          "schema_version": 0,
          "attributes": {
            "arn": "arn:aws:iam::043509840958:role/hr-dev-eks-nodegroup-role",
            "assume_role_policy": "{\"Statement\":[{\"Action\":\"sts:AssumeRole\",\"Effect\":\"Allow\",\"Principal\":{\"Service\":\"ec2.amazonaws.com\"}}],\"Version\":\"2012-10-17\"}",
            "create_date": "2026-02-21T13:56:41Z",
            "description": "",
            "force_detach_policies": false,
            "id": "hr-dev-eks-nodegroup-role",
            "inline_policy": [],
            "managed_policy_arns": [],
            "max_session_duration": 3600,
            "name": "hr-dev-eks-nodegroup-role",
            "name_prefix": "",
            "path": "/",
            "permissions_boundary": "",
            "tags": null,
            "tags_all": {},
            "unique_id": "AROAQUILDPQ7PTCRZG22B"
          },
          "sensitive_attributes": [],
          "identity_schema_version": 0,
          "identity": {
            "account_id": "043509840958",
            "name": "hr-dev-eks-nodegroup-role"
          },
          "private": "bnVsbA=="
        }
      ]
    },
    {
      "module": "module.eks",
      "mode": "managed",
      "type": "aws_iam_role_policy_attachment",
      "name": "eks-AmazonEC2ContainerRegistryReadOnly",
      "provider": "provider[\"registry.terraform.io/hashicorp/aws\"]",
      "instances": [
        {
          "schema_version": 0,
          "attributes": {
            "id": "hr-dev-eks-nodegroup-role/arn:aws:iam::aws:policy/AmazonEC2ContainerRegistryReadOnly",
            "policy_arn": "arn:aws:iam::aws:policy/AmazonEC2ContainerRegistryReadOnly",
            "role": "hr-dev-eks-nodegroup-role"
          },
          "sensitive_attributes": [],
          "identity_schema_version": 0,
          "identity": {
            "account_id": "043509840958",
            "policy_arn": "arn:aws:iam::aws:policy/AmazonEC2ContainerRegistryReadOnly",
            "role": "hr-dev-eks-nodegroup-role"
          },
          "private": "bnVsbA==",
          "dependencies": [
            "module.eks.aws_iam_role.eks_nodegroup_role"
          ]
        }
      ]
    },
    {
      "module": "module.eks",
      "mode": "managed",
      "type": "aws_iam_role_policy_attachment",
      "name": "eks-AmazonEKSClusterPolicy",
      "provider": "provider[\"registry.terraform.io/hashicorp/aws\"]",
      "instances": [
        {
          "schema_version": 0,
          "attributes": {
            "id": "hr-dev-eks-master-role/arn:aws:iam::aws:policy/AmazonEKSClusterPolicy",
            "policy_arn": "arn:aws:iam::aws:policy/AmazonEKSClusterPolicy",
            "role": "hr-dev-eks-master-role"
          },
          "sensitive_attributes": [],
          "identity_schema_version": 0,
          "identity": {
            "account_id": "043509840958",
            "policy_arn": "arn:aws:iam::aws:policy/AmazonEKSClusterPolicy",
            "role": "hr-dev-eks-master-role"
          },
          "private": "bnVsbA==",
          "dependencies": [
            "module.eks.aws_iam_role.eks_master_role"
          ]
        }
      ]
    },
    {
      "module": "module.eks",
      "mode": "managed",
      "type": "aws_iam_role_policy_attachment",
      "name": "eks-AmazonEKSVPCResourceController",
      "provider": "provider[\"registry.terraform.io/hashicorp/aws\"]",
      "instances": [
        {
          "schema_version": 0,
          "attributes": {
            "id": "hr-dev-eks-master-role/arn:aws:iam::aws:policy/AmazonEKSVPCResourceController",
            "policy_arn": "arn:aws:iam::aws:policy/AmazonEKSVPCResourceController",
            "role": "hr-dev-eks-master-role"
          },
          "sensitive_attributes": [],
          "identity_schema_version": 0,
          "identity": {
            "account_id": "043509840958",
            "policy_arn": "arn:aws:iam::aws:policy/AmazonEKSVPCResourceController",
            "role": "hr-dev-eks-master-role"
          },
          "private": "bnVsbA==",
          "dependencies": [
            "module.eks.aws_iam_role.eks_master_role"
          ]
        }
      ]
    },
    {
      "module": "module.eks",
      "mode": "managed",
      "type": "aws_iam_role_policy_attachment",
      "name": "eks-AmazonEKSWorkerNodePolicy",
      "provider": "provider[\"registry.terraform.io/hashicorp/aws\"]",
      "instances": [
        {
          "schema_version": 0,
          "attributes": {
            "id": "hr-dev-eks-nodegroup-role/arn:aws:iam::aws:policy/AmazonEKSWorkerNodePolicy",
            "policy_arn": "arn:aws:iam::aws:policy/AmazonEKSWorkerNodePolicy",
            "role": "hr-dev-eks-nodegroup-role"
          },
          "sensitive_attributes": [],
          "identity_schema_version": 0,
          "identity": {
            "account_id": "043509840958",
            "policy_arn": "arn:aws:iam::aws:policy/AmazonEKSWorkerNodePolicy",
            "role": "hr-dev-eks-nodegroup-role"
          },
          "private": "bnVsbA==",
          "dependencies": [
            "module.eks.aws_iam_role.eks_nodegroup_role"
          ]
        }
      ]
    },
    {
      "module": "module.eks",
      "mode": "managed",
      "type": "aws_iam_role_policy_attachment",
      "name": "eks-AmazonEKS_CNI_Policy",
      "provider": "provider[\"registry.terraform.io/hashicorp/aws\"]",
      "instances": [
        {
          "schema_version": 0,
          "attributes": {
            "id": "hr-dev-eks-nodegroup-role/arn:aws:iam::aws:policy/AmazonEKS_CNI_Policy",
            "policy_arn": "arn:aws:iam::aws:policy/AmazonEKS_CNI_Policy",
            "role": "hr-dev-eks-nodegroup-role"
          },
          "sensitive_attributes": [],
          "identity_schema_version": 0,
          "identity": {
            "account_id": "043509840958",
            "policy_arn": "arn:aws:iam::aws:policy/AmazonEKS_CNI_Policy",
            "role": "hr-dev-eks-nodegroup-role"
          },
          "private": "bnVsbA==",
          "dependencies": [
            "module.eks.aws_iam_role.eks_nodegroup_role"
          ]
        }
      ]
    },
    {
      "module": "module.eks",
      "mode": "managed",
      "type": "kubernetes_config_map_v1",
      "name": "aws_auth",
      "provider": "module.eks.provider[\"registry.terraform.io/hashicorp/kubernetes\"]",
      "instances": [
        {
          "schema_version": 0,
          "attributes": {
            "binary_data": null,
            "data": {
              "mapRoles": "- \"groups\":\n  - \"system:bootstrappers\"\n  - \"system:nodes\"\n  \"rolearn\": \"arn:aws:iam::043509840958:role/hr-dev-eks-nodegroup-role\"\n  \"username\": \"system:node:{{EC2PrivateDNSName}}\"\n"
            },
            "id": "kube-system/aws-auth",
            "immutable": false,
            "metadata": [
              {
                "annotations": null,
                "generate_name": "",
                "generation": 0,
                "labels": null,
                "name": "aws-auth",
                "namespace": "kube-system",
                "resource_version": "602",
                "uid": "1c070026-0374-42f1-b4c1-8de8c6829180"
              }
            ]
          },
          "sensitive_attributes": [],
          "identity_schema_version": 1,
          "identity": {
            "api_version": "v1",
            "kind": "ConfigMap",
            "name": "aws-auth",
            "namespace": "kube-system"
          },
          "private": "bnVsbA==",
          "dependencies": [
            "module.eks.aws_eks_cluster.eks_cluster",
            "module.eks.aws_iam_role.eks_master_role",
            "module.eks.aws_iam_role.eks_nodegroup_role",
            "module.eks.aws_iam_role_policy_attachment.eks-AmazonEKSClusterPolicy",
            "module.eks.aws_iam_role_policy_attachment.eks-AmazonEKSVPCResourceController",
            "module.eks.data.aws_eks_cluster_auth.cluster",
            "module.vpc.module.vpc.aws_subnet.public",
            "module.vpc.module.vpc.aws_vpc.this",
            "module.vpc.module.vpc.aws_vpc_ipv4_cidr_block_association.this"
          ]
        }
      ]
    },
    {
      "module": "module.eks_rbac",
      "mode": "data",
      "type": "kubernetes_config_map_v1",
      "name": "aws_auth",
      "provider": "provider[\"registry.terraform.io/hashicorp/kubernetes\"]",
      "instances": [
        {
          "schema_version": 0,
          "attributes": {
            "binary_data": {},
            "data": {
              "mapRoles": "- \"groups\":\n  - \"system:bootstrappers\"\n  - \"system:nodes\"\n  \"rolearn\": \"arn:aws:iam::043509840958:role/hr-dev-eks-nodegroup-role\"\n  \"username\": \"system:node:{{EC2PrivateDNSName}}\"\n"
            },
            "id": "kube-system/aws-auth",
            "immutable": false,
            "metadata": [
              {
                "annotations": {},
                "generation": 0,
                "labels": {},
                "name": "aws-auth",
                "namespace": "kube-system",
                "resource_version": "602",
                "uid": "1c070026-0374-42f1-b4c1-8de8c6829180"
              }
            ]
          },
          "sensitive_attributes": [],
          "identity_schema_version": 0
        }
      ]
    },
    {
      "module": "module.eks_rbac",
      "mode": "managed",
      "type": "kubernetes_cluster_role_binding_v1",
      "name": "eksdeveloper_clusterrolebinding",
      "provider": "provider[\"registry.terraform.io/hashicorp/kubernetes\"]",
      "instances": [
        {
          "schema_version": 0,
          "attributes": {
            "id": "hr-dev-eksdeveloper-clusterrolebinding",
            "metadata": [
              {
                "annotations": null,
                "generate_name": "",
                "generation": 0,
                "labels": null,
                "name": "hr-dev-eksdeveloper-clusterrolebinding",
                "resource_version": "1185",
                "uid": "9759f500-f1f1-4bea-a382-be0f10eb64b9"
              }
            ],
            "role_ref": [
              {
                "api_group": "rbac.authorization.k8s.io",
                "kind": "ClusterRole",
                "name": "hr-dev-eksdeveloper-clusterrole"
              }
            ],
            "subject": [
              {
                "api_group": "rbac.authorization.k8s.io",
                "kind": "Group",
                "name": "eks-developer-group",
                "namespace": "default"
              }
            ]
          },
          "sensitive_attributes": [],
          "identity_schema_version": 1,
          "identity": {
            "api_version": "rbac.authorization.k8s.io/v1",
            "kind": "ClusterRoleBinding",
            "name": "hr-dev-eksdeveloper-clusterrolebinding"
          },
          "private": "bnVsbA==",
          "dependencies": [
            "data.aws_caller_identity.current",
            "data.aws_eks_cluster_auth.cluster",
            "module.eks.aws_eks_cluster.eks_cluster",
            "module.eks.aws_eks_node_group.eks_ng_private",
            "module.eks.aws_iam_openid_connect_provider.oidc_provider",
            "module.eks.aws_iam_role.eks_master_role",
            "module.eks.aws_iam_role.eks_nodegroup_role",
            "module.eks.aws_iam_role_policy_attachment.eks-AmazonEC2ContainerRegistryReadOnly",
            "module.eks.aws_iam_role_policy_attachment.eks-AmazonEKSClusterPolicy",
            "module.eks.aws_iam_role_policy_attachment.eks-AmazonEKSVPCResourceController",
            "module.eks.aws_iam_role_policy_attachment.eks-AmazonEKSWorkerNodePolicy",
            "module.eks.aws_iam_role_policy_attachment.eks-AmazonEKS_CNI_Policy",
            "module.eks.data.aws_eks_cluster_auth.cluster",
            "module.eks.data.aws_partition.current",
            "module.eks.kubernetes_config_map_v1.aws_auth",
            "module.eks_rbac.kubernetes_cluster_role_v1.eksdeveloper_clusterrole",
            "module.iam.aws_iam_group.eksadmins_iam_group",
            "module.iam.aws_iam_group.eksdeveloper_iam_group",
            "module.iam.aws_iam_group.eksreadonly_iam_group",
            "module.iam.aws_iam_group_membership.eksadmins",
            "module.iam.aws_iam_group_membership.eksdeveloper",
            "module.iam.aws_iam_group_membership.eksreadonly",
            "module.iam.aws_iam_group_policy.eksadmins_iam_group_assumerole_policy",
            "module.iam.aws_iam_group_policy.eksdeveloper_iam_group_assumerole_policy",
            "module.iam.aws_iam_group_policy.eksreadonly_iam_group_assumerole_policy",
            "module.iam.aws_iam_role.eks_admin_role",
            "module.iam.aws_iam_role.eks_developer_role",
            "module.iam.aws_iam_role.eks_readonly_role",
            "module.iam.aws_iam_role_policy.eks_admin_policy",
            "module.iam.aws_iam_role_policy.eks_developer_policy",
            "module.iam.aws_iam_role_policy.eks_readonly_policy",
            "module.iam.aws_iam_user.admin_user",
            "module.iam.aws_iam_user.basic_user",
            "module.iam.aws_iam_user.eksadmin_user",
            "module.iam.aws_iam_user.eksdeveloper_user",
            "module.iam.aws_iam_user.eksreadonly_user",
            "module.iam.aws_iam_user_policy.basic_user_eks_policy",
            "module.iam.aws_iam_user_policy_attachment.admin_user",
            "module.k8s_resources.kubernetes_namespace_v1.k8s_dev",
            "module.vpc.module.vpc.aws_subnet.private",
            "module.vpc.module.vpc.aws_subnet.public",
            "module.vpc.module.vpc.aws_vpc.this",
            "module.vpc.module.vpc.aws_vpc_ipv4_cidr_block_association.this"
          ]
        }
      ]
    },
    {
      "module": "module.eks_rbac",
      "mode": "managed",
      "type": "kubernetes_cluster_role_binding_v1",
      "name": "eksreadonly_clusterrolebinding",
      "provider": "provider[\"registry.terraform.io/hashicorp/kubernetes\"]",
      "instances": [
        {
          "schema_version": 0,
          "attributes": {
            "id": "hr-dev-eksreadonly-clusterrolebinding",
            "metadata": [
              {
                "annotations": null,
                "generate_name": "",
                "generation": 0,
                "labels": null,
                "name": "hr-dev-eksreadonly-clusterrolebinding",
                "resource_version": "1184",
                "uid": "363d2f64-18d8-448f-8a83-c9153558ea5b"
              }
            ],
            "role_ref": [
              {
                "api_group": "rbac.authorization.k8s.io",
                "kind": "ClusterRole",
                "name": "hr-dev-eksreadonly-clusterrole"
              }
            ],
            "subject": [
              {
                "api_group": "rbac.authorization.k8s.io",
                "kind": "Group",
                "name": "eks-readonly-group",
                "namespace": "default"
              }
            ]
          },
          "sensitive_attributes": [],
          "identity_schema_version": 1,
          "identity": {
            "api_version": "rbac.authorization.k8s.io/v1",
            "kind": "ClusterRoleBinding",
            "name": "hr-dev-eksreadonly-clusterrolebinding"
          },
          "private": "bnVsbA==",
          "dependencies": [
            "data.aws_caller_identity.current",
            "data.aws_eks_cluster_auth.cluster",
            "module.eks.aws_eks_cluster.eks_cluster",
            "module.eks.aws_eks_node_group.eks_ng_private",
            "module.eks.aws_iam_openid_connect_provider.oidc_provider",
            "module.eks.aws_iam_role.eks_master_role",
            "module.eks.aws_iam_role.eks_nodegroup_role",
            "module.eks.aws_iam_role_policy_attachment.eks-AmazonEC2ContainerRegistryReadOnly",
            "module.eks.aws_iam_role_policy_attachment.eks-AmazonEKSClusterPolicy",
            "module.eks.aws_iam_role_policy_attachment.eks-AmazonEKSVPCResourceController",
            "module.eks.aws_iam_role_policy_attachment.eks-AmazonEKSWorkerNodePolicy",
            "module.eks.aws_iam_role_policy_attachment.eks-AmazonEKS_CNI_Policy",
            "module.eks.data.aws_eks_cluster_auth.cluster",
            "module.eks.data.aws_partition.current",
            "module.eks.kubernetes_config_map_v1.aws_auth",
            "module.eks_rbac.kubernetes_cluster_role_v1.eksreadonly_clusterrole",
            "module.iam.aws_iam_group.eksadmins_iam_group",
            "module.iam.aws_iam_group.eksdeveloper_iam_group",
            "module.iam.aws_iam_group.eksreadonly_iam_group",
            "module.iam.aws_iam_group_membership.eksadmins",
            "module.iam.aws_iam_group_membership.eksdeveloper",
            "module.iam.aws_iam_group_membership.eksreadonly",
            "module.iam.aws_iam_group_policy.eksadmins_iam_group_assumerole_policy",
            "module.iam.aws_iam_group_policy.eksdeveloper_iam_group_assumerole_policy",
            "module.iam.aws_iam_group_policy.eksreadonly_iam_group_assumerole_policy",
            "module.iam.aws_iam_role.eks_admin_role",
            "module.iam.aws_iam_role.eks_developer_role",
            "module.iam.aws_iam_role.eks_readonly_role",
            "module.iam.aws_iam_role_policy.eks_admin_policy",
            "module.iam.aws_iam_role_policy.eks_developer_policy",
            "module.iam.aws_iam_role_policy.eks_readonly_policy",
            "module.iam.aws_iam_user.admin_user",
            "module.iam.aws_iam_user.basic_user",
            "module.iam.aws_iam_user.eksadmin_user",
            "module.iam.aws_iam_user.eksdeveloper_user",
            "module.iam.aws_iam_user.eksreadonly_user",
            "module.iam.aws_iam_user_policy.basic_user_eks_policy",
            "module.iam.aws_iam_user_policy_attachment.admin_user",
            "module.k8s_resources.kubernetes_namespace_v1.k8s_dev",
            "module.vpc.module.vpc.aws_subnet.private",
            "module.vpc.module.vpc.aws_subnet.public",
            "module.vpc.module.vpc.aws_vpc.this",
            "module.vpc.module.vpc.aws_vpc_ipv4_cidr_block_association.this"
          ]
        }
      ]
    },
    {
      "module": "module.eks_rbac",
      "mode": "managed",
      "type": "kubernetes_cluster_role_v1",
      "name": "eksdeveloper_clusterrole",
      "provider": "provider[\"registry.terraform.io/hashicorp/kubernetes\"]",
      "instances": [
        {
          "schema_version": 0,
          "attributes": {
            "aggregation_rule": [],
            "id": "hr-dev-eksdeveloper-clusterrole",
            "metadata": [
              {
                "annotations": null,
                "generate_name": "",
                "generation": 0,
                "labels": null,
                "name": "hr-dev-eksdeveloper-clusterrole",
                "resource_version": "1177",
                "uid": "e693ef8d-cebb-4b55-a3ff-f7ec0e8201f6"
              }
            ],
            "rule": [
              {
                "api_groups": [
                  ""
                ],
                "non_resource_urls": null,
                "resource_names": null,
                "resources": [
                  "nodes",
                  "namespaces",
                  "pods",
                  "events",
                  "services"
                ],
                "verbs": [
                  "get",
                  "list"
                ]
              },
              {
                "api_groups": [
                  "apps"
                ],
                "non_resource_urls": null,
                "resource_names": null,
                "resources": [
                  "deployments",
                  "daemonsets",
                  "statefulsets",
                  "replicasets"
                ],
                "verbs": [
                  "get",
                  "list"
                ]
              },
              {
                "api_groups": [
                  "batch"
                ],
                "non_resource_urls": null,
                "resource_names": null,
                "resources": [
                  "jobs"
                ],
                "verbs": [
                  "get",
                  "list"
                ]
              }
            ]
          },
          "sensitive_attributes": [],
          "identity_schema_version": 1,
          "identity": {
            "api_version": "rbac.authorization.k8s.io/v1",
            "kind": "ClusterRole",
            "name": "hr-dev-eksdeveloper-clusterrole"
          },
          "private": "bnVsbA==",
          "dependencies": [
            "data.aws_caller_identity.current",
            "data.aws_eks_cluster_auth.cluster",
            "module.eks.aws_eks_cluster.eks_cluster",
            "module.eks.aws_eks_node_group.eks_ng_private",
            "module.eks.aws_iam_openid_connect_provider.oidc_provider",
            "module.eks.aws_iam_role.eks_master_role",
            "module.eks.aws_iam_role.eks_nodegroup_role",
            "module.eks.aws_iam_role_policy_attachment.eks-AmazonEC2ContainerRegistryReadOnly",
            "module.eks.aws_iam_role_policy_attachment.eks-AmazonEKSClusterPolicy",
            "module.eks.aws_iam_role_policy_attachment.eks-AmazonEKSVPCResourceController",
            "module.eks.aws_iam_role_policy_attachment.eks-AmazonEKSWorkerNodePolicy",
            "module.eks.aws_iam_role_policy_attachment.eks-AmazonEKS_CNI_Policy",
            "module.eks.data.aws_eks_cluster_auth.cluster",
            "module.eks.data.aws_partition.current",
            "module.eks.kubernetes_config_map_v1.aws_auth",
            "module.iam.aws_iam_group.eksadmins_iam_group",
            "module.iam.aws_iam_group.eksdeveloper_iam_group",
            "module.iam.aws_iam_group.eksreadonly_iam_group",
            "module.iam.aws_iam_group_membership.eksadmins",
            "module.iam.aws_iam_group_membership.eksdeveloper",
            "module.iam.aws_iam_group_membership.eksreadonly",
            "module.iam.aws_iam_group_policy.eksadmins_iam_group_assumerole_policy",
            "module.iam.aws_iam_group_policy.eksdeveloper_iam_group_assumerole_policy",
            "module.iam.aws_iam_group_policy.eksreadonly_iam_group_assumerole_policy",
            "module.iam.aws_iam_role.eks_admin_role",
            "module.iam.aws_iam_role.eks_developer_role",
            "module.iam.aws_iam_role.eks_readonly_role",
            "module.iam.aws_iam_role_policy.eks_admin_policy",
            "module.iam.aws_iam_role_policy.eks_developer_policy",
            "module.iam.aws_iam_role_policy.eks_readonly_policy",
            "module.iam.aws_iam_user.admin_user",
            "module.iam.aws_iam_user.basic_user",
            "module.iam.aws_iam_user.eksadmin_user",
            "module.iam.aws_iam_user.eksdeveloper_user",
            "module.iam.aws_iam_user.eksreadonly_user",
            "module.iam.aws_iam_user_policy.basic_user_eks_policy",
            "module.iam.aws_iam_user_policy_attachment.admin_user",
            "module.k8s_resources.kubernetes_namespace_v1.k8s_dev",
            "module.vpc.module.vpc.aws_subnet.private",
            "module.vpc.module.vpc.aws_subnet.public",
            "module.vpc.module.vpc.aws_vpc.this",
            "module.vpc.module.vpc.aws_vpc_ipv4_cidr_block_association.this"
          ]
        }
      ]
    },
    {
      "module": "module.eks_rbac",
      "mode": "managed",
      "type": "kubernetes_cluster_role_v1",
      "name": "eksreadonly_clusterrole",
      "provider": "provider[\"registry.terraform.io/hashicorp/kubernetes\"]",
      "instances": [
        {
          "schema_version": 0,
          "attributes": {
            "aggregation_rule": [],
            "id": "hr-dev-eksreadonly-clusterrole",
            "metadata": [
              {
                "annotations": null,
                "generate_name": "",
                "generation": 0,
                "labels": null,
                "name": "hr-dev-eksreadonly-clusterrole",
                "resource_version": "1176",
                "uid": "2cddd66c-2169-40bf-ad6c-72374a5cc7a2"
              }
            ],
            "rule": [
              {
                "api_groups": [
                  ""
                ],
                "non_resource_urls": null,
                "resource_names": null,
                "resources": [
                  "nodes",
                  "namespaces",
                  "pods",
                  "events",
                  "services"
                ],
                "verbs": [
                  "get",
                  "list"
                ]
              },
              {
                "api_groups": [
                  "apps"
                ],
                "non_resource_urls": null,
                "resource_names": null,
                "resources": [
                  "deployments",
                  "daemonsets",
                  "statefulsets",
                  "replicasets"
                ],
                "verbs": [
                  "get",
                  "list"
                ]
              },
              {
                "api_groups": [
                  "batch"
                ],
                "non_resource_urls": null,
                "resource_names": null,
                "resources": [
                  "jobs"
                ],
                "verbs": [
                  "get",
                  "list"
                ]
              }
            ]
          },
          "sensitive_attributes": [],
          "identity_schema_version": 1,
          "identity": {
            "api_version": "rbac.authorization.k8s.io/v1",
            "kind": "ClusterRole",
            "name": "hr-dev-eksreadonly-clusterrole"
          },
          "private": "bnVsbA==",
          "dependencies": [
            "data.aws_caller_identity.current",
            "data.aws_eks_cluster_auth.cluster",
            "module.eks.aws_eks_cluster.eks_cluster",
            "module.eks.aws_eks_node_group.eks_ng_private",
            "module.eks.aws_iam_openid_connect_provider.oidc_provider",
            "module.eks.aws_iam_role.eks_master_role",
            "module.eks.aws_iam_role.eks_nodegroup_role",
            "module.eks.aws_iam_role_policy_attachment.eks-AmazonEC2ContainerRegistryReadOnly",
            "module.eks.aws_iam_role_policy_attachment.eks-AmazonEKSClusterPolicy",
            "module.eks.aws_iam_role_policy_attachment.eks-AmazonEKSVPCResourceController",
            "module.eks.aws_iam_role_policy_attachment.eks-AmazonEKSWorkerNodePolicy",
            "module.eks.aws_iam_role_policy_attachment.eks-AmazonEKS_CNI_Policy",
            "module.eks.data.aws_eks_cluster_auth.cluster",
            "module.eks.data.aws_partition.current",
            "module.eks.kubernetes_config_map_v1.aws_auth",
            "module.iam.aws_iam_group.eksadmins_iam_group",
            "module.iam.aws_iam_group.eksdeveloper_iam_group",
            "module.iam.aws_iam_group.eksreadonly_iam_group",
            "module.iam.aws_iam_group_membership.eksadmins",
            "module.iam.aws_iam_group_membership.eksdeveloper",
            "module.iam.aws_iam_group_membership.eksreadonly",
            "module.iam.aws_iam_group_policy.eksadmins_iam_group_assumerole_policy",
            "module.iam.aws_iam_group_policy.eksdeveloper_iam_group_assumerole_policy",
            "module.iam.aws_iam_group_policy.eksreadonly_iam_group_assumerole_policy",
            "module.iam.aws_iam_role.eks_admin_role",
            "module.iam.aws_iam_role.eks_developer_role",
            "module.iam.aws_iam_role.eks_readonly_role",
            "module.iam.aws_iam_role_policy.eks_admin_policy",
            "module.iam.aws_iam_role_policy.eks_developer_policy",
            "module.iam.aws_iam_role_policy.eks_readonly_policy",
            "module.iam.aws_iam_user.admin_user",
            "module.iam.aws_iam_user.basic_user",
            "module.iam.aws_iam_user.eksadmin_user",
            "module.iam.aws_iam_user.eksdeveloper_user",
            "module.iam.aws_iam_user.eksreadonly_user",
            "module.iam.aws_iam_user_policy.basic_user_eks_policy",
            "module.iam.aws_iam_user_policy_attachment.admin_user",
            "module.k8s_resources.kubernetes_namespace_v1.k8s_dev",
            "module.vpc.module.vpc.aws_subnet.private",
            "module.vpc.module.vpc.aws_subnet.public",
            "module.vpc.module.vpc.aws_vpc.this",
            "module.vpc.module.vpc.aws_vpc_ipv4_cidr_block_association.this"
          ]
        }
      ]
    },
    {
      "module": "module.eks_rbac",
      "mode": "managed",
      "type": "kubernetes_config_map_v1_data",
      "name": "aws_auth_roles_users",
      "provider": "provider[\"registry.terraform.io/hashicorp/kubernetes\"]",
      "instances": [
        {
          "schema_version": 0,
          "attributes": {
            "data": {
              "mapRoles": "- \"groups\":\n  - \"system:masters\"\n  \"rolearn\": \"arn:aws:iam::043509840958:role/hr-dev-eks-admin-role\"\n  \"username\": \"eks-admin\"\n- \"groups\":\n  - \"eks-readonly-group\"\n  \"rolearn\": \"arn:aws:iam::043509840958:role/hr-dev-eks-readonly-role\"\n  \"username\": \"eks-readonly\"\n- \"groups\":\n  - \"eks-developer-group\"\n  \"rolearn\": \"arn:aws:iam::043509840958:role/hr-dev-eks-developer-role\"\n  \"username\": \"eks-developer\"\n",
              "mapUsers": "- \"groups\":\n  - \"system:masters\"\n  \"userarn\": \"arn:aws:iam::043509840958:user/hr-dev-eksadmin2\"\n  \"username\": \"hr-dev-eksadmin2\"\n- \"groups\":\n  - \"system:masters\"\n  \"userarn\": \"arn:aws:iam::043509840958:user/hr-dev-eksadmin1\"\n  \"username\": \"hr-dev-eksadmin1\"\n"
            },
            "field_manager": "Terraform",
            "force": true,
            "id": "kube-system/aws-auth",
            "metadata": [
              {
                "name": "aws-auth",
                "namespace": "kube-system"
              }
            ]
          },
          "sensitive_attributes": [],
          "identity_schema_version": 0,
          "private": "bnVsbA==",
          "dependencies": [
            "data.aws_caller_identity.current",
            "data.aws_eks_cluster_auth.cluster",
            "module.eks.aws_eks_cluster.eks_cluster",
            "module.eks.aws_eks_node_group.eks_ng_private",
            "module.eks.aws_iam_openid_connect_provider.oidc_provider",
            "module.eks.aws_iam_role.eks_master_role",
            "module.eks.aws_iam_role.eks_nodegroup_role",
            "module.eks.aws_iam_role_policy_attachment.eks-AmazonEC2ContainerRegistryReadOnly",
            "module.eks.aws_iam_role_policy_attachment.eks-AmazonEKSClusterPolicy",
            "module.eks.aws_iam_role_policy_attachment.eks-AmazonEKSVPCResourceController",
            "module.eks.aws_iam_role_policy_attachment.eks-AmazonEKSWorkerNodePolicy",
            "module.eks.aws_iam_role_policy_attachment.eks-AmazonEKS_CNI_Policy",
            "module.eks.data.aws_eks_cluster_auth.cluster",
            "module.eks.data.aws_partition.current",
            "module.eks.kubernetes_config_map_v1.aws_auth",
            "module.eks_rbac.data.kubernetes_config_map_v1.aws_auth",
            "module.eks_rbac.kubernetes_cluster_role_binding_v1.eksreadonly_clusterrolebinding",
            "module.eks_rbac.kubernetes_cluster_role_v1.eksreadonly_clusterrole",
            "module.eks_rbac.kubernetes_role_binding_v1.eksdeveloper_rolebinding",
            "module.eks_rbac.kubernetes_role_v1.eksdeveloper_role",
            "module.iam.aws_iam_group.eksadmins_iam_group",
            "module.iam.aws_iam_group.eksdeveloper_iam_group",
            "module.iam.aws_iam_group.eksreadonly_iam_group",
            "module.iam.aws_iam_group_membership.eksadmins",
            "module.iam.aws_iam_group_membership.eksdeveloper",
            "module.iam.aws_iam_group_membership.eksreadonly",
            "module.iam.aws_iam_group_policy.eksadmins_iam_group_assumerole_policy",
            "module.iam.aws_iam_group_policy.eksdeveloper_iam_group_assumerole_policy",
            "module.iam.aws_iam_group_policy.eksreadonly_iam_group_assumerole_policy",
            "module.iam.aws_iam_role.eks_admin_role",
            "module.iam.aws_iam_role.eks_developer_role",
            "module.iam.aws_iam_role.eks_readonly_role",
            "module.iam.aws_iam_role_policy.eks_admin_policy",
            "module.iam.aws_iam_role_policy.eks_developer_policy",
            "module.iam.aws_iam_role_policy.eks_readonly_policy",
            "module.iam.aws_iam_user.admin_user",
            "module.iam.aws_iam_user.basic_user",
            "module.iam.aws_iam_user.eksadmin_user",
            "module.iam.aws_iam_user.eksdeveloper_user",
            "module.iam.aws_iam_user.eksreadonly_user",
            "module.iam.aws_iam_user_policy.basic_user_eks_policy",
            "module.iam.aws_iam_user_policy_attachment.admin_user",
            "module.k8s_resources.kubernetes_namespace_v1.k8s_dev",
            "module.vpc.module.vpc.aws_subnet.private",
            "module.vpc.module.vpc.aws_subnet.public",
            "module.vpc.module.vpc.aws_vpc.this",
            "module.vpc.module.vpc.aws_vpc_ipv4_cidr_block_association.this"
          ]
        }
      ]
    },
    {
      "module": "module.eks_rbac",
      "mode": "managed",
      "type": "kubernetes_role_binding_v1",
      "name": "eksdeveloper_rolebinding",
      "provider": "provider[\"registry.terraform.io/hashicorp/kubernetes\"]",
      "instances": [
        {
          "schema_version": 0,
          "attributes": {
            "id": "dev/hr-dev-eksdeveloper-rolebinding",
            "metadata": [
              {
                "annotations": null,
                "generate_name": "",
                "generation": 0,
                "labels": null,
                "name": "hr-dev-eksdeveloper-rolebinding",
                "namespace": "dev",
                "resource_version": "1183",
                "uid": "cc55addf-89fd-49f2-aea7-3a24bd542788"
              }
            ],
            "role_ref": [
              {
                "api_group": "rbac.authorization.k8s.io",
                "kind": "Role",
                "name": "hr-dev-eksdeveloper-role"
              }
            ],
            "subject": [
              {
                "api_group": "rbac.authorization.k8s.io",
                "kind": "Group",
                "name": "eks-developer-group",
                "namespace": "default"
              }
            ]
          },
          "sensitive_attributes": [],
          "identity_schema_version": 1,
          "identity": {
            "api_version": "rbac.authorization.k8s.io/v1",
            "kind": "RoleBinding",
            "name": "hr-dev-eksdeveloper-rolebinding",
            "namespace": "dev"
          },
          "private": "bnVsbA==",
          "dependencies": [
            "data.aws_caller_identity.current",
            "data.aws_eks_cluster_auth.cluster",
            "module.eks.aws_eks_cluster.eks_cluster",
            "module.eks.aws_eks_node_group.eks_ng_private",
            "module.eks.aws_iam_openid_connect_provider.oidc_provider",
            "module.eks.aws_iam_role.eks_master_role",
            "module.eks.aws_iam_role.eks_nodegroup_role",
            "module.eks.aws_iam_role_policy_attachment.eks-AmazonEC2ContainerRegistryReadOnly",
            "module.eks.aws_iam_role_policy_attachment.eks-AmazonEKSClusterPolicy",
            "module.eks.aws_iam_role_policy_attachment.eks-AmazonEKSVPCResourceController",
            "module.eks.aws_iam_role_policy_attachment.eks-AmazonEKSWorkerNodePolicy",
            "module.eks.aws_iam_role_policy_attachment.eks-AmazonEKS_CNI_Policy",
            "module.eks.data.aws_eks_cluster_auth.cluster",
            "module.eks.data.aws_partition.current",
            "module.eks.kubernetes_config_map_v1.aws_auth",
            "module.eks_rbac.kubernetes_role_v1.eksdeveloper_role",
            "module.iam.aws_iam_group.eksadmins_iam_group",
            "module.iam.aws_iam_group.eksdeveloper_iam_group",
            "module.iam.aws_iam_group.eksreadonly_iam_group",
            "module.iam.aws_iam_group_membership.eksadmins",
            "module.iam.aws_iam_group_membership.eksdeveloper",
            "module.iam.aws_iam_group_membership.eksreadonly",
            "module.iam.aws_iam_group_policy.eksadmins_iam_group_assumerole_policy",
            "module.iam.aws_iam_group_policy.eksdeveloper_iam_group_assumerole_policy",
            "module.iam.aws_iam_group_policy.eksreadonly_iam_group_assumerole_policy",
            "module.iam.aws_iam_role.eks_admin_role",
            "module.iam.aws_iam_role.eks_developer_role",
            "module.iam.aws_iam_role.eks_readonly_role",
            "module.iam.aws_iam_role_policy.eks_admin_policy",
            "module.iam.aws_iam_role_policy.eks_developer_policy",
            "module.iam.aws_iam_role_policy.eks_readonly_policy",
            "module.iam.aws_iam_user.admin_user",
            "module.iam.aws_iam_user.basic_user",
            "module.iam.aws_iam_user.eksadmin_user",
            "module.iam.aws_iam_user.eksdeveloper_user",
            "module.iam.aws_iam_user.eksreadonly_user",
            "module.iam.aws_iam_user_policy.basic_user_eks_policy",
            "module.iam.aws_iam_user_policy_attachment.admin_user",
            "module.k8s_resources.kubernetes_namespace_v1.k8s_dev",
            "module.vpc.module.vpc.aws_subnet.private",
            "module.vpc.module.vpc.aws_subnet.public",
            "module.vpc.module.vpc.aws_vpc.this",
            "module.vpc.module.vpc.aws_vpc_ipv4_cidr_block_association.this"
          ]
        }
      ]
    },
    {
      "module": "module.eks_rbac",
      "mode": "managed",
      "type": "kubernetes_role_v1",
      "name": "eksdeveloper_role",
      "provider": "provider[\"registry.terraform.io/hashicorp/kubernetes\"]",
      "instances": [
        {
          "schema_version": 0,
          "attributes": {
            "id": "dev/hr-dev-eksdeveloper-role",
            "metadata": [
              {
                "annotations": null,
                "generate_name": "",
                "generation": 0,
                "labels": null,
                "name": "hr-dev-eksdeveloper-role",
                "namespace": "dev",
                "resource_version": "1175",
                "uid": "2e896d12-de84-4cdf-a9c8-055e6645f1d5"
              }
            ],
            "rule": [
              {
                "api_groups": [
                  "",
                  "apps",
                  "extensions"
                ],
                "resource_names": null,
                "resources": [
                  "*"
                ],
                "verbs": [
                  "*"
                ]
              },
              {
                "api_groups": [
                  "batch"
                ],
                "resource_names": null,
                "resources": [
                  "cronjobs",
                  "jobs"
                ],
                "verbs": [
                  "*"
                ]
              }
            ]
          },
          "sensitive_attributes": [],
          "identity_schema_version": 1,
          "identity": {
            "api_version": "rbac.authorization.k8s.io/v1",
            "kind": "Role",
            "name": "hr-dev-eksdeveloper-role",
            "namespace": "dev"
          },
          "private": "bnVsbA==",
          "dependencies": [
            "data.aws_caller_identity.current",
            "data.aws_eks_cluster_auth.cluster",
            "module.eks.aws_eks_cluster.eks_cluster",
            "module.eks.aws_eks_node_group.eks_ng_private",
            "module.eks.aws_iam_openid_connect_provider.oidc_provider",
            "module.eks.aws_iam_role.eks_master_role",
            "module.eks.aws_iam_role.eks_nodegroup_role",
            "module.eks.aws_iam_role_policy_attachment.eks-AmazonEC2ContainerRegistryReadOnly",
            "module.eks.aws_iam_role_policy_attachment.eks-AmazonEKSClusterPolicy",
            "module.eks.aws_iam_role_policy_attachment.eks-AmazonEKSVPCResourceController",
            "module.eks.aws_iam_role_policy_attachment.eks-AmazonEKSWorkerNodePolicy",
            "module.eks.aws_iam_role_policy_attachment.eks-AmazonEKS_CNI_Policy",
            "module.eks.data.aws_eks_cluster_auth.cluster",
            "module.eks.data.aws_partition.current",
            "module.eks.kubernetes_config_map_v1.aws_auth",
            "module.iam.aws_iam_group.eksadmins_iam_group",
            "module.iam.aws_iam_group.eksdeveloper_iam_group",
            "module.iam.aws_iam_group.eksreadonly_iam_group",
            "module.iam.aws_iam_group_membership.eksadmins",
            "module.iam.aws_iam_group_membership.eksdeveloper",
            "module.iam.aws_iam_group_membership.eksreadonly",
            "module.iam.aws_iam_group_policy.eksadmins_iam_group_assumerole_policy",
            "module.iam.aws_iam_group_policy.eksdeveloper_iam_group_assumerole_policy",
            "module.iam.aws_iam_group_policy.eksreadonly_iam_group_assumerole_policy",
            "module.iam.aws_iam_role.eks_admin_role",
            "module.iam.aws_iam_role.eks_developer_role",
            "module.iam.aws_iam_role.eks_readonly_role",
            "module.iam.aws_iam_role_policy.eks_admin_policy",
            "module.iam.aws_iam_role_policy.eks_developer_policy",
            "module.iam.aws_iam_role_policy.eks_readonly_policy",
            "module.iam.aws_iam_user.admin_user",
            "module.iam.aws_iam_user.basic_user",
            "module.iam.aws_iam_user.eksadmin_user",
            "module.iam.aws_iam_user.eksdeveloper_user",
            "module.iam.aws_iam_user.eksreadonly_user",
            "module.iam.aws_iam_user_policy.basic_user_eks_policy",
            "module.iam.aws_iam_user_policy_attachment.admin_user",
            "module.k8s_resources.kubernetes_namespace_v1.k8s_dev",
            "module.vpc.module.vpc.aws_subnet.private",
            "module.vpc.module.vpc.aws_subnet.public",
            "module.vpc.module.vpc.aws_vpc.this",
            "module.vpc.module.vpc.aws_vpc_ipv4_cidr_block_association.this"
          ]
        }
      ]
    },
    {
      "module": "module.iam",
      "mode": "managed",
      "type": "aws_iam_group",
      "name": "eksadmins_iam_group",
      "provider": "provider[\"registry.terraform.io/hashicorp/aws\"]",
      "instances": [
        {
          "schema_version": 0,
          "attributes": {
            "arn": "arn:aws:iam::043509840958:group/hr-dev-eksadmins",
            "id": "hr-dev-eksadmins",
            "name": "hr-dev-eksadmins",
            "path": "/",
            "unique_id": "AGPAQUILDPQ7MMJTNPHLD"
          },
          "sensitive_attributes": [],
          "identity_schema_version": 0,
          "private": "bnVsbA=="
        }
      ]
    },
    {
      "module": "module.iam",
      "mode": "managed",
      "type": "aws_iam_group",
      "name": "eksdeveloper_iam_group",
      "provider": "provider[\"registry.terraform.io/hashicorp/aws\"]",
      "instances": [
        {
          "schema_version": 0,
          "attributes": {
            "arn": "arn:aws:iam::043509840958:group/hr-dev-eksdeveloper",
            "id": "hr-dev-eksdeveloper",
            "name": "hr-dev-eksdeveloper",
            "path": "/",
            "unique_id": "AGPAQUILDPQ7JFIUSWY4P"
          },
          "sensitive_attributes": [],
          "identity_schema_version": 0,
          "private": "bnVsbA=="
        }
      ]
    },
    {
      "module": "module.iam",
      "mode": "managed",
      "type": "aws_iam_group",
      "name": "eksreadonly_iam_group",
      "provider": "provider[\"registry.terraform.io/hashicorp/aws\"]",
      "instances": [
        {
          "schema_version": 0,
          "attributes": {
            "arn": "arn:aws:iam::043509840958:group/hr-dev-eksreadonly",
            "id": "hr-dev-eksreadonly",
            "name": "hr-dev-eksreadonly",
            "path": "/",
            "unique_id": "AGPAQUILDPQ7DACYEKKJO"
          },
          "sensitive_attributes": [],
          "identity_schema_version": 0,
          "private": "bnVsbA=="
        }
      ]
    },
    {
      "module": "module.iam",
      "mode": "managed",
      "type": "aws_iam_group_membership",
      "name": "eksadmins",
      "provider": "provider[\"registry.terraform.io/hashicorp/aws\"]",
      "instances": [
        {
          "schema_version": 0,
          "attributes": {
            "group": "hr-dev-eksadmins",
            "id": "hr-dev-eksadmins-group-membership",
            "name": "hr-dev-eksadmins-group-membership",
            "users": [
              "hr-dev-eksadmin3"
            ]
          },
          "sensitive_attributes": [],
          "identity_schema_version": 0,
          "private": "bnVsbA==",
          "dependencies": [
            "module.iam.aws_iam_group.eksadmins_iam_group",
            "module.iam.aws_iam_user.eksadmin_user"
          ]
        }
      ]
    },
    {
      "module": "module.iam",
      "mode": "managed",
      "type": "aws_iam_group_membership",
      "name": "eksdeveloper",
      "provider": "provider[\"registry.terraform.io/hashicorp/aws\"]",
      "instances": [
        {
          "schema_version": 0,
          "attributes": {
            "group": "hr-dev-eksdeveloper",
            "id": "hr-dev-eksdeveloper-group-membership",
            "name": "hr-dev-eksdeveloper-group-membership",
            "users": [
              "hr-dev-eksdeveloper1"
            ]
          },
          "sensitive_attributes": [],
          "identity_schema_version": 0,
          "private": "bnVsbA==",
          "dependencies": [
            "module.iam.aws_iam_group.eksdeveloper_iam_group",
            "module.iam.aws_iam_user.eksdeveloper_user"
          ]
        }
      ]
    },
    {
      "module": "module.iam",
      "mode": "managed",
      "type": "aws_iam_group_membership",
      "name": "eksreadonly",
      "provider": "provider[\"registry.terraform.io/hashicorp/aws\"]",
      "instances": [
        {
          "schema_version": 0,
          "attributes": {
            "group": "hr-dev-eksreadonly",
            "id": "hr-dev-eksreadonly-group-membership",
            "name": "hr-dev-eksreadonly-group-membership",
            "users": [
              "hr-dev-eksreadonly1"
            ]
          },
          "sensitive_attributes": [],
          "identity_schema_version": 0,
          "private": "bnVsbA==",
          "dependencies": [
            "module.iam.aws_iam_group.eksreadonly_iam_group",
            "module.iam.aws_iam_user.eksreadonly_user"
          ]
        }
      ]
    },
    {
      "module": "module.iam",
      "mode": "managed",
      "type": "aws_iam_group_policy",
      "name": "eksadmins_iam_group_assumerole_policy",
      "provider": "provider[\"registry.terraform.io/hashicorp/aws\"]",
      "instances": [
        {
          "schema_version": 0,
          "attributes": {
            "group": "hr-dev-eksadmins",
            "id": "hr-dev-eksadmins:hr-dev-eksadmins-group-policy",
            "name": "hr-dev-eksadmins-group-policy",
            "name_prefix": "",
            "policy": "{\"Version\":\"2012-10-17\",\"Statement\":[{\"Action\":[\"sts:AssumeRole\"],\"Effect\":\"Allow\",\"Resource\":\"arn:aws:iam::043509840958:role/hr-dev-eks-admin-role\",\"Sid\":\"AllowAssumeOrganizationAccountRole\"}]}"
          },
          "sensitive_attributes": [],
          "identity_schema_version": 0,
          "private": "bnVsbA==",
          "dependencies": [
            "data.aws_caller_identity.current",
            "module.iam.aws_iam_group.eksadmins_iam_group",
            "module.iam.aws_iam_role.eks_admin_role"
          ]
        }
      ]
    },
    {
      "module": "module.iam",
      "mode": "managed",
      "type": "aws_iam_group_policy",
      "name": "eksdeveloper_iam_group_assumerole_policy",
      "provider": "provider[\"registry.terraform.io/hashicorp/aws\"]",
      "instances": [
        {
          "schema_version": 0,
          "attributes": {
            "group": "hr-dev-eksdeveloper",
            "id": "hr-dev-eksdeveloper:hr-dev-eksdeveloper-group-policy",
            "name": "hr-dev-eksdeveloper-group-policy",
            "name_prefix": "",
            "policy": "{\"Version\":\"2012-10-17\",\"Statement\":[{\"Action\":[\"sts:AssumeRole\"],\"Effect\":\"Allow\",\"Resource\":\"arn:aws:iam::043509840958:role/hr-dev-eks-developer-role\",\"Sid\":\"AllowAssumeOrganizationAccountRole\"}]}"
          },
          "sensitive_attributes": [],
          "identity_schema_version": 0,
          "private": "bnVsbA==",
          "dependencies": [
            "data.aws_caller_identity.current",
            "module.iam.aws_iam_group.eksdeveloper_iam_group",
            "module.iam.aws_iam_role.eks_developer_role"
          ]
        }
      ]
    },
    {
      "module": "module.iam",
      "mode": "managed",
      "type": "aws_iam_group_policy",
      "name": "eksreadonly_iam_group_assumerole_policy",
      "provider": "provider[\"registry.terraform.io/hashicorp/aws\"]",
      "instances": [
        {
          "schema_version": 0,
          "attributes": {
            "group": "hr-dev-eksreadonly",
            "id": "hr-dev-eksreadonly:hr-dev-eksreadonly-group-policy",
            "name": "hr-dev-eksreadonly-group-policy",
            "name_prefix": "",
            "policy": "{\"Version\":\"2012-10-17\",\"Statement\":[{\"Action\":[\"sts:AssumeRole\"],\"Effect\":\"Allow\",\"Resource\":\"arn:aws:iam::043509840958:role/hr-dev-eks-readonly-role\",\"Sid\":\"AllowAssumeOrganizationAccountRole\"}]}"
          },
          "sensitive_attributes": [],
          "identity_schema_version": 0,
          "private": "bnVsbA==",
          "dependencies": [
            "data.aws_caller_identity.current",
            "module.iam.aws_iam_group.eksreadonly_iam_group",
            "module.iam.aws_iam_role.eks_readonly_role"
          ]
        }
      ]
    },
    {
      "module": "module.iam",
      "mode": "managed",
      "type": "aws_iam_role",
      "name": "eks_admin_role",
      "provider": "provider[\"registry.terraform.io/hashicorp/aws\"]",
      "instances": [
        {
          "schema_version": 0,
          "attributes": {
            "arn": "arn:aws:iam::043509840958:role/hr-dev-eks-admin-role",
            "assume_role_policy": "{\"Statement\":[{\"Action\":\"sts:AssumeRole\",\"Effect\":\"Allow\",\"Principal\":{\"AWS\":\"arn:aws:iam::043509840958:root\"},\"Sid\":\"\"}],\"Version\":\"2012-10-17\"}",
            "create_date": "2026-02-21T13:56:42Z",
            "description": "",
            "force_detach_policies": false,
            "id": "hr-dev-eks-admin-role",
            "inline_policy": [],
            "managed_policy_arns": [],
            "max_session_duration": 3600,
            "name": "hr-dev-eks-admin-role",
            "name_prefix": "",
            "path": "/",
            "permissions_boundary": "",
            "tags": {
              "tag-key": "hr-dev-eks-admin-role"
            },
            "tags_all": {
              "tag-key": "hr-dev-eks-admin-role"
            },
            "unique_id": "AROAQUILDPQ7K647NEGXQ"
          },
          "sensitive_attributes": [],
          "identity_schema_version": 0,
          "identity": {
            "account_id": "043509840958",
            "name": "hr-dev-eks-admin-role"
          },
          "private": "bnVsbA==",
          "dependencies": [
            "data.aws_caller_identity.current"
          ]
        }
      ]
    },
    {
      "module": "module.iam",
      "mode": "managed",
      "type": "aws_iam_role",
      "name": "eks_developer_role",
      "provider": "provider[\"registry.terraform.io/hashicorp/aws\"]",
      "instances": [
        {
          "schema_version": 0,
          "attributes": {
            "arn": "arn:aws:iam::043509840958:role/hr-dev-eks-developer-role",
            "assume_role_policy": "{\"Statement\":[{\"Action\":\"sts:AssumeRole\",\"Effect\":\"Allow\",\"Principal\":{\"AWS\":\"arn:aws:iam::043509840958:root\"},\"Sid\":\"\"}],\"Version\":\"2012-10-17\"}",
            "create_date": "2026-02-21T13:56:42Z",
            "description": "",
            "force_detach_policies": false,
            "id": "hr-dev-eks-developer-role",
            "inline_policy": [],
            "managed_policy_arns": [],
            "max_session_duration": 3600,
            "name": "hr-dev-eks-developer-role",
            "name_prefix": "",
            "path": "/",
            "permissions_boundary": "",
            "tags": {
              "tag-key": "hr-dev-eks-developer-role"
            },
            "tags_all": {
              "tag-key": "hr-dev-eks-developer-role"
            },
            "unique_id": "AROAQUILDPQ7MI6WS6UGN"
          },
          "sensitive_attributes": [],
          "identity_schema_version": 0,
          "identity": {
            "account_id": "043509840958",
            "name": "hr-dev-eks-developer-role"
          },
          "private": "bnVsbA==",
          "dependencies": [
            "data.aws_caller_identity.current"
          ]
        }
      ]
    },
    {
      "module": "module.iam",
      "mode": "managed",
      "type": "aws_iam_role",
      "name": "eks_readonly_role",
      "provider": "provider[\"registry.terraform.io/hashicorp/aws\"]",
      "instances": [
        {
          "schema_version": 0,
          "attributes": {
            "arn": "arn:aws:iam::043509840958:role/hr-dev-eks-readonly-role",
            "assume_role_policy": "{\"Statement\":[{\"Action\":\"sts:AssumeRole\",\"Effect\":\"Allow\",\"Principal\":{\"AWS\":\"arn:aws:iam::043509840958:root\"},\"Sid\":\"\"}],\"Version\":\"2012-10-17\"}",
            "create_date": "2026-02-21T13:56:42Z",
            "description": "",
            "force_detach_policies": false,
            "id": "hr-dev-eks-readonly-role",
            "inline_policy": [],
            "managed_policy_arns": [],
            "max_session_duration": 3600,
            "name": "hr-dev-eks-readonly-role",
            "name_prefix": "",
            "path": "/",
            "permissions_boundary": "",
            "tags": {
              "tag-key": "hr-dev-eks-readonly-role"
            },
            "tags_all": {
              "tag-key": "hr-dev-eks-readonly-role"
            },
            "unique_id": "AROAQUILDPQ7AP65EIUIB"
          },
          "sensitive_attributes": [],
          "identity_schema_version": 0,
          "identity": {
            "account_id": "043509840958",
            "name": "hr-dev-eks-readonly-role"
          },
          "private": "bnVsbA==",
          "dependencies": [
            "data.aws_caller_identity.current"
          ]
        }
      ]
    },
    {
      "module": "module.iam",
      "mode": "managed",
      "type": "aws_iam_role_policy",
      "name": "eks_admin_policy",
      "provider": "provider[\"registry.terraform.io/hashicorp/aws\"]",
      "instances": [
        {
          "schema_version": 0,
          "attributes": {
            "id": "hr-dev-eks-admin-role:eks-full-access-policy",
            "name": "eks-full-access-policy",
            "name_prefix": "",
            "policy": "{\"Version\":\"2012-10-17\",\"Statement\":[{\"Action\":[\"iam:ListRoles\",\"eks:*\",\"ssm:GetParameter\"],\"Effect\":\"Allow\",\"Resource\":\"*\"}]}",
            "role": "hr-dev-eks-admin-role"
          },
          "sensitive_attributes": [],
          "identity_schema_version": 0,
          "identity": {
            "account_id": "043509840958",
            "name": "eks-full-access-policy",
            "role": "hr-dev-eks-admin-role"
          },
          "private": "bnVsbA==",
          "dependencies": [
            "data.aws_caller_identity.current",
            "module.iam.aws_iam_role.eks_admin_role"
          ]
        }
      ]
    },
    {
      "module": "module.iam",
      "mode": "managed",
      "type": "aws_iam_role_policy",
      "name": "eks_developer_policy",
      "provider": "provider[\"registry.terraform.io/hashicorp/aws\"]",
      "instances": [
        {
          "schema_version": 0,
          "attributes": {
            "id": "hr-dev-eks-developer-role:eks-developer-access-policy",
            "name": "eks-developer-access-policy",
            "name_prefix": "",
            "policy": "{\"Version\":\"2012-10-17\",\"Statement\":[{\"Action\":[\"iam:ListRoles\",\"ssm:GetParameter\",\"eks:DescribeNodegroup\",\"eks:ListNodegroups\",\"eks:DescribeCluster\",\"eks:ListClusters\",\"eks:AccessKubernetesApi\",\"eks:ListUpdates\",\"eks:ListFargateProfiles\",\"eks:ListIdentityProviderConfigs\",\"eks:ListAddons\",\"eks:DescribeAddonVersions\"],\"Effect\":\"Allow\",\"Resource\":\"*\"}]}",
            "role": "hr-dev-eks-developer-role"
          },
          "sensitive_attributes": [],
          "identity_schema_version": 0,
          "identity": {
            "account_id": "043509840958",
            "name": "eks-developer-access-policy",
            "role": "hr-dev-eks-developer-role"
          },
          "private": "bnVsbA==",
          "dependencies": [
            "data.aws_caller_identity.current",
            "module.iam.aws_iam_role.eks_developer_role"
          ]
        }
      ]
    },
    {
      "module": "module.iam",
      "mode": "managed",
      "type": "aws_iam_role_policy",
      "name": "eks_readonly_policy",
      "provider": "provider[\"registry.terraform.io/hashicorp/aws\"]",
      "instances": [
        {
          "schema_version": 0,
          "attributes": {
            "id": "hr-dev-eks-readonly-role:eks-readonly-access-policy",
            "name": "eks-readonly-access-policy",
            "name_prefix": "",
            "policy": "{\"Version\":\"2012-10-17\",\"Statement\":[{\"Action\":[\"iam:ListRoles\",\"ssm:GetParameter\",\"eks:DescribeNodegroup\",\"eks:ListNodegroups\",\"eks:DescribeCluster\",\"eks:ListClusters\",\"eks:AccessKubernetesApi\",\"eks:ListUpdates\",\"eks:ListFargateProfiles\",\"eks:ListIdentityProviderConfigs\",\"eks:ListAddons\",\"eks:DescribeAddonVersions\"],\"Effect\":\"Allow\",\"Resource\":\"*\"}]}",
            "role": "hr-dev-eks-readonly-role"
          },
          "sensitive_attributes": [],
          "identity_schema_version": 0,
          "identity": {
            "account_id": "043509840958",
            "name": "eks-readonly-access-policy",
            "role": "hr-dev-eks-readonly-role"
          },
          "private": "bnVsbA==",
          "dependencies": [
            "data.aws_caller_identity.current",
            "module.iam.aws_iam_role.eks_readonly_role"
          ]
        }
      ]
    },
    {
      "module": "module.iam",
      "mode": "managed",
      "type": "aws_iam_user",
      "name": "admin_user",
      "provider": "provider[\"registry.terraform.io/hashicorp/aws\"]",
      "instances": [
        {
          "schema_version": 0,
          "attributes": {
            "arn": "arn:aws:iam::043509840958:user/hr-dev-eksadmin1",
            "force_destroy": true,
            "id": "hr-dev-eksadmin1",
            "name": "hr-dev-eksadmin1",
            "path": "/",
            "permissions_boundary": "",
            "tags": {
              "ManagedBy": "Terraform",
              "Project": "terraform-aws-infrastructure",
              "environment": "dev",
              "owners": "hr"
            },
            "tags_all": {
              "ManagedBy": "Terraform",
              "Project": "terraform-aws-infrastructure",
              "environment": "dev",
              "owners": "hr"
            },
            "unique_id": "AIDAQUILDPQ7LYXZ6MB6E"
          },
          "sensitive_attributes": [],
          "identity_schema_version": 0,
          "private": "bnVsbA=="
        }
      ]
    },
    {
      "module": "module.iam",
      "mode": "managed",
      "type": "aws_iam_user",
      "name": "basic_user",
      "provider": "provider[\"registry.terraform.io/hashicorp/aws\"]",
      "instances": [
        {
          "schema_version": 0,
          "attributes": {
            "arn": "arn:aws:iam::043509840958:user/hr-dev-eksadmin2",
            "force_destroy": true,
            "id": "hr-dev-eksadmin2",
            "name": "hr-dev-eksadmin2",
            "path": "/",
            "permissions_boundary": "",
            "tags": {
              "ManagedBy": "Terraform",
              "Project": "terraform-aws-infrastructure",
              "environment": "dev",
              "owners": "hr"
            },
            "tags_all": {
              "ManagedBy": "Terraform",
              "Project": "terraform-aws-infrastructure",
              "environment": "dev",
              "owners": "hr"
            },
            "unique_id": "AIDAQUILDPQ7J4D4QYZGC"
          },
          "sensitive_attributes": [],
          "identity_schema_version": 0,
          "private": "bnVsbA=="
        }
      ]
    },
    {
      "module": "module.iam",
      "mode": "managed",
      "type": "aws_iam_user",
      "name": "eksadmin_user",
      "provider": "provider[\"registry.terraform.io/hashicorp/aws\"]",
      "instances": [
        {
          "schema_version": 0,
          "attributes": {
            "arn": "arn:aws:iam::043509840958:user/hr-dev-eksadmin3",
            "force_destroy": true,
            "id": "hr-dev-eksadmin3",
            "name": "hr-dev-eksadmin3",
            "path": "/",
            "permissions_boundary": "",
            "tags": {
              "ManagedBy": "Terraform",
              "Project": "terraform-aws-infrastructure",
              "environment": "dev",
              "owners": "hr"
            },
            "tags_all": {
              "ManagedBy": "Terraform",
              "Project": "terraform-aws-infrastructure",
              "environment": "dev",
              "owners": "hr"
            },
            "unique_id": "AIDAQUILDPQ7CGB6LMOET"
          },
          "sensitive_attributes": [],
          "identity_schema_version": 0,
          "private": "bnVsbA=="
        }
      ]
    },
    {
      "module": "module.iam",
      "mode": "managed",
      "type": "aws_iam_user",
      "name": "eksdeveloper_user",
      "provider": "provider[\"registry.terraform.io/hashicorp/aws\"]",
      "instances": [
        {
          "schema_version": 0,
          "attributes": {
            "arn": "arn:aws:iam::043509840958:user/hr-dev-eksdeveloper1",
            "force_destroy": true,
            "id": "hr-dev-eksdeveloper1",
            "name": "hr-dev-eksdeveloper1",
            "path": "/",
            "permissions_boundary": "",
            "tags": {
              "ManagedBy": "Terraform",
              "Project": "terraform-aws-infrastructure",
              "environment": "dev",
              "owners": "hr"
            },
            "tags_all": {
              "ManagedBy": "Terraform",
              "Project": "terraform-aws-infrastructure",
              "environment": "dev",
              "owners": "hr"
            },
            "unique_id": "AIDAQUILDPQ7I36ZEGN56"
          },
          "sensitive_attributes": [],
          "identity_schema_version": 0,
          "private": "bnVsbA=="
        }
      ]
    },
    {
      "module": "module.iam",
      "mode": "managed",
      "type": "aws_iam_user",
      "name": "eksreadonly_user",
      "provider": "provider[\"registry.terraform.io/hashicorp/aws\"]",
      "instances": [
        {
          "schema_version": 0,
          "attributes": {
            "arn": "arn:aws:iam::043509840958:user/hr-dev-eksreadonly1",
            "force_destroy": true,
            "id": "hr-dev-eksreadonly1",
            "name": "hr-dev-eksreadonly1",
            "path": "/",
            "permissions_boundary": "",
            "tags": {
              "ManagedBy": "Terraform",
              "Project": "terraform-aws-infrastructure",
              "environment": "dev",
              "owners": "hr"
            },
            "tags_all": {
              "ManagedBy": "Terraform",
              "Project": "terraform-aws-infrastructure",
              "environment": "dev",
              "owners": "hr"
            },
            "unique_id": "AIDAQUILDPQ7BK467GZN6"
          },
          "sensitive_attributes": [],
          "identity_schema_version": 0,
          "private": "bnVsbA=="
        }
      ]
    },
    {
      "module": "module.iam",
      "mode": "managed",
      "type": "aws_iam_user_policy",
      "name": "basic_user_eks_policy",
      "provider": "provider[\"registry.terraform.io/hashicorp/aws\"]",
      "instances": [
        {
          "schema_version": 0,
          "attributes": {
            "id": "hr-dev-eksadmin2:hr-dev-eks-dashboard-full-access-policy",
            "name": "hr-dev-eks-dashboard-full-access-policy",
            "name_prefix": "",
            "policy": "{\"Version\":\"2012-10-17\",\"Statement\":[{\"Action\":[\"iam:ListRoles\",\"eks:*\",\"ssm:GetParameter\"],\"Effect\":\"Allow\",\"Resource\":\"*\"}]}",
            "user": "hr-dev-eksadmin2"
          },
          "sensitive_attributes": [],
          "identity_schema_version": 0,
          "private": "bnVsbA==",
          "dependencies": [
            "module.iam.aws_iam_user.basic_user"
          ]
        }
      ]
    },
    {
      "module": "module.iam",
      "mode": "managed",
      "type": "aws_iam_user_policy_attachment",
      "name": "admin_user",
      "provider": "provider[\"registry.terraform.io/hashicorp/aws\"]",
      "instances": [
        {
          "schema_version": 0,
          "attributes": {
            "id": "hr-dev-eksadmin1-20260221135643053400000002",
            "policy_arn": "arn:aws:iam::aws:policy/AdministratorAccess",
            "user": "hr-dev-eksadmin1"
          },
          "sensitive_attributes": [],
          "identity_schema_version": 0,
          "private": "bnVsbA==",
          "dependencies": [
            "module.iam.aws_iam_user.admin_user"
          ]
        }
      ]
    },
    {
      "module": "module.k8s_resources",
      "mode": "managed",
      "type": "kubernetes_namespace_v1",
      "name": "k8s_dev",
      "provider": "provider[\"registry.terraform.io/hashicorp/kubernetes\"]",
      "instances": [
        {
          "schema_version": 0,
          "attributes": {
            "id": "dev",
            "metadata": [
              {
                "annotations": null,
                "generate_name": "",
                "generation": 0,
                "labels": null,
                "name": "dev",
                "resource_version": "1169",
                "uid": "052a7623-51c6-468d-9ed5-cf55bacc3366"
              }
            ],
            "timeouts": null,
            "wait_for_default_service_account": false
          },
          "sensitive_attributes": [],
          "identity_schema_version": 1,
          "identity": {
            "api_version": "v1",
            "kind": "Namespace",
            "name": "dev"
          },
          "private": "eyJlMmJmYjczMC1lY2FhLTExZTYtOGY4OC0zNDM2M2JjN2M0YzAiOnsiZGVsZXRlIjozMDAwMDAwMDAwMDB9fQ==",
          "dependencies": [
            "data.aws_eks_cluster_auth.cluster",
            "module.eks.aws_eks_cluster.eks_cluster",
            "module.eks.aws_eks_node_group.eks_ng_private",
            "module.eks.aws_iam_openid_connect_provider.oidc_provider",
            "module.eks.aws_iam_role.eks_master_role",
            "module.eks.aws_iam_role.eks_nodegroup_role",
            "module.eks.aws_iam_role_policy_attachment.eks-AmazonEC2ContainerRegistryReadOnly",
            "module.eks.aws_iam_role_policy_attachment.eks-AmazonEKSClusterPolicy",
            "module.eks.aws_iam_role_policy_attachment.eks-AmazonEKSVPCResourceController",
            "module.eks.aws_iam_role_policy_attachment.eks-AmazonEKSWorkerNodePolicy",
            "module.eks.aws_iam_role_policy_attachment.eks-AmazonEKS_CNI_Policy",
            "module.eks.data.aws_eks_cluster_auth.cluster",
            "module.eks.data.aws_partition.current",
            "module.eks.kubernetes_config_map_v1.aws_auth",
            "module.vpc.module.vpc.aws_subnet.private",
            "module.vpc.module.vpc.aws_subnet.public",
            "module.vpc.module.vpc.aws_vpc.this",
            "module.vpc.module.vpc.aws_vpc_ipv4_cidr_block_association.this"
          ]
        }
      ]
    },
    {
      "module": "module.rds.module.rdsdb.module.db_instance",
      "mode": "data",
      "type": "aws_iam_policy_document",
      "name": "enhanced_monitoring",
      "provider": "provider[\"registry.terraform.io/hashicorp/aws\"]",
      "instances": [
        {
          "schema_version": 0,
          "attributes": {
            "id": "76086537",
            "json": "{\n  \"Version\": \"2012-10-17\",\n  \"Statement\": [\n    {\n      \"Effect\": \"Allow\",\n      \"Action\": \"sts:AssumeRole\",\n      \"Principal\": {\n        \"Service\": \"monitoring.rds.amazonaws.com\"\n      }\n    }\n  ]\n}",
            "minified_json": "{\"Version\":\"2012-10-17\",\"Statement\":[{\"Effect\":\"Allow\",\"Action\":\"sts:AssumeRole\",\"Principal\":{\"Service\":\"monitoring.rds.amazonaws.com\"}}]}",
            "override_json": null,
            "override_policy_documents": null,
            "policy_id": null,
            "source_json": null,
            "source_policy_documents": null,
            "statement": [
              {
                "actions": [
                  "sts:AssumeRole"
                ],
                "condition": [],
                "effect": "Allow",
                "not_actions": [],
                "not_principals": [],
                "not_resources": [],
                "principals": [
                  {
                    "identifiers": [
                      "monitoring.rds.amazonaws.com"
                    ],
                    "type": "Service"
                  }
                ],
                "resources": [],
                "sid": ""
              }
            ],
            "version": "2012-10-17"
          },
          "sensitive_attributes": [],
          "identity_schema_version": 0
        }
      ]
    },
    {
      "module": "module.rds.module.rdsdb.module.db_instance",
      "mode": "data",
      "type": "aws_partition",
      "name": "current",
      "provider": "provider[\"registry.terraform.io/hashicorp/aws\"]",
      "instances": [
        {
          "schema_version": 0,
          "attributes": {
            "dns_suffix": "amazonaws.com",
            "id": "aws",
            "partition": "aws",
            "reverse_dns_prefix": "com.amazonaws"
          },
          "sensitive_attributes": [],
          "identity_schema_version": 0
        }
      ]
    },
    {
      "module": "module.rds.module.rdsdb.module.db_instance",
      "mode": "managed",
      "type": "aws_cloudwatch_log_group",
      "name": "this",
      "provider": "provider[\"registry.terraform.io/hashicorp/aws\"]",
      "instances": []
    },
    {
      "module": "module.rds.module.rdsdb.module.db_instance",
      "mode": "managed",
      "type": "aws_db_instance",
      "name": "this",
      "provider": "provider[\"registry.terraform.io/hashicorp/aws\"]",
      "instances": [
        {
          "index_key": 0,
          "schema_version": 2,
          "attributes": {
            "address": "webappdb.ck1mim0c4est.us-east-1.rds.amazonaws.com",
            "allocated_storage": 20,
            "allow_major_version_upgrade": false,
            "apply_immediately": false,
            "arn": "arn:aws:rds:us-east-1:043509840958:db:webappdb",
            "auto_minor_version_upgrade": true,
            "availability_zone": "us-east-1a",
            "backup_retention_period": 0,
            "backup_target": "region",
            "backup_window": "03:00-06:00",
            "blue_green_update": [],
            "ca_cert_identifier": "rds-ca-rsa2048-g1",
            "character_set_name": "",
            "copy_tags_to_snapshot": false,
            "custom_iam_instance_profile": "",
            "customer_owned_ip_enabled": false,
            "database_insights_mode": "standard",
            "db_name": "webappdb",
            "db_subnet_group_name": "webappdb-20260221135920238700000019",
            "dedicated_log_volume": false,
            "delete_automated_backups": true,
            "deletion_protection": false,
            "domain": "",
            "domain_auth_secret_arn": "",
            "domain_dns_ips": null,
            "domain_fqdn": "",
            "domain_iam_role_name": "",
            "domain_ou": "",
            "enabled_cloudwatch_logs_exports": [
              "general"
            ],
            "endpoint": "webappdb.ck1mim0c4est.us-east-1.rds.amazonaws.com:3306",
            "engine": "mysql",
            "engine_lifecycle_support": "open-source-rds-extended-support",
            "engine_version": "8.0.40",
            "engine_version_actual": "8.0.40",
            "final_snapshot_identifier": null,
            "hosted_zone_id": "Z2R2ITUGPM61AM",
            "iam_database_authentication_enabled": false,
            "id": "db-CRV2Z4B2TVH2NI74IDO5VRQTNY",
            "identifier": "webappdb",
            "identifier_prefix": "",
            "instance_class": "db.t3.large",
            "iops": 0,
            "kms_key_id": "",
            "latest_restorable_time": "",
            "license_model": "general-public-license",
            "listener_endpoint": [],
            "maintenance_window": "mon:00:00-mon:03:00",
            "manage_master_user_password": null,
            "master_user_secret": [],
            "master_user_secret_kms_key_id": null,
            "max_allocated_storage": 100,
            "monitoring_interval": 60,
            "monitoring_role_arn": "arn:aws:iam::043509840958:role/rds-monitoring-role-webappdb",
            "multi_az": true,
            "nchar_character_set_name": "",
            "network_type": "IPV4",
            "option_group_name": "webappdb-20260221135918359100000017",
            "parameter_group_name": "webappdb-20260221135918362900000018",
            "password": "dbpassword11",
            "password_wo": null,
            "password_wo_version": null,
            "performance_insights_enabled": true,
            "performance_insights_kms_key_id": "arn:aws:kms:us-east-1:043509840958:key/bba65cac-3b90-4aa7-9c94-5291f7e4277a",
            "performance_insights_retention_period": 7,
            "port": 3306,
            "publicly_accessible": false,
            "region": "us-east-1",
            "replica_mode": "",
            "replicas": [],
            "replicate_source_db": "",
            "resource_id": "db-CRV2Z4B2TVH2NI74IDO5VRQTNY",
            "restore_to_point_in_time": [],
            "s3_import": [],
            "skip_final_snapshot": true,
            "snapshot_identifier": null,
            "status": "available",
            "storage_encrypted": false,
            "storage_throughput": 0,
            "storage_type": "gp2",
            "tags": {
              "ManagedBy": "Terraform",
              "Project": "terraform-aws-infrastructure",
              "Sensitive": "high",
              "environment": "dev",
              "owners": "hr"
            },
            "tags_all": {
              "ManagedBy": "Terraform",
              "Project": "terraform-aws-infrastructure",
              "Sensitive": "high",
              "environment": "dev",
              "owners": "hr"
            },
            "timeouts": {
              "create": null,
              "delete": null,
              "update": null
            },
            "timezone": "",
            "upgrade_rollout_order": "second",
            "upgrade_storage_config": null,
            "username": "dbadmin",
            "vpc_security_group_ids": [
              "sg-05e847fd1c923fdd5"
            ]
          },
          "sensitive_attributes": [
            [
              {
                "type": "get_attr",
                "value": "password"
              }
            ],
            [
              {
                "type": "get_attr",
                "value": "password_wo"
              }
            ],
            [
              {
                "type": "get_attr",
                "value": "username"
              }
            ]
          ],
          "identity_schema_version": 0,
          "private": "eyJlMmJmYjczMC1lY2FhLTExZTYtOGY4OC0zNDM2M2JjN2M0YzAiOnsiY3JlYXRlIjozMDAwMDAwMDAwMDAwLCJkZWxldGUiOjM2MDAwMDAwMDAwMDAsInVwZGF0ZSI6NDgwMDAwMDAwMDAwMH0sInNjaGVtYV92ZXJzaW9uIjoiMiJ9",
          "dependencies": [
            "module.rds.module.rdsdb.module.db_instance.aws_cloudwatch_log_group.this",
            "module.rds.module.rdsdb.module.db_instance.aws_iam_role.enhanced_monitoring",
            "module.rds.module.rdsdb.module.db_instance.data.aws_iam_policy_document.enhanced_monitoring",
            "module.rds.module.rdsdb.module.db_instance.random_id.snapshot_identifier",
            "module.rds.module.rdsdb.module.db_option_group.aws_db_option_group.this",
            "module.rds.module.rdsdb.module.db_parameter_group.aws_db_parameter_group.this",
            "module.rds.module.rdsdb.module.db_subnet_group.aws_db_subnet_group.this",
            "module.security_groups.module.loadbalancer_sg.aws_security_group.this",
            "module.security_groups.module.loadbalancer_sg.aws_security_group.this_name_prefix",
            "module.security_groups.module.loadbalancer_sg.aws_security_group_rule.computed_egress_rules",
            "module.security_groups.module.loadbalancer_sg.aws_security_group_rule.computed_egress_with_cidr_blocks",
            "module.security_groups.module.loadbalancer_sg.aws_security_group_rule.computed_egress_with_ipv6_cidr_blocks",
            "module.security_groups.module.loadbalancer_sg.aws_security_group_rule.computed_egress_with_prefix_list_ids",
            "module.security_groups.module.loadbalancer_sg.aws_security_group_rule.computed_egress_with_self",
            "module.security_groups.module.loadbalancer_sg.aws_security_group_rule.computed_egress_with_source_security_group_id",
            "module.security_groups.module.loadbalancer_sg.aws_security_group_rule.computed_ingress_rules",
            "module.security_groups.module.loadbalancer_sg.aws_security_group_rule.computed_ingress_with_cidr_blocks",
            "module.security_groups.module.loadbalancer_sg.aws_security_group_rule.computed_ingress_with_ipv6_cidr_blocks",
            "module.security_groups.module.loadbalancer_sg.aws_security_group_rule.computed_ingress_with_prefix_list_ids",
            "module.security_groups.module.loadbalancer_sg.aws_security_group_rule.computed_ingress_with_self",
            "module.security_groups.module.loadbalancer_sg.aws_security_group_rule.computed_ingress_with_source_security_group_id",
            "module.security_groups.module.loadbalancer_sg.aws_security_group_rule.egress_rules",
            "module.security_groups.module.loadbalancer_sg.aws_security_group_rule.egress_with_cidr_blocks",
            "module.security_groups.module.loadbalancer_sg.aws_security_group_rule.egress_with_ipv6_cidr_blocks",
            "module.security_groups.module.loadbalancer_sg.aws_security_group_rule.egress_with_prefix_list_ids",
            "module.security_groups.module.loadbalancer_sg.aws_security_group_rule.egress_with_self",
            "module.security_groups.module.loadbalancer_sg.aws_security_group_rule.egress_with_source_security_group_id",
            "module.security_groups.module.loadbalancer_sg.aws_security_group_rule.ingress_rules",
            "module.security_groups.module.loadbalancer_sg.aws_security_group_rule.ingress_with_cidr_blocks",
            "module.security_groups.module.loadbalancer_sg.aws_security_group_rule.ingress_with_ipv6_cidr_blocks",
            "module.security_groups.module.loadbalancer_sg.aws_security_group_rule.ingress_with_prefix_list_ids",
            "module.security_groups.module.loadbalancer_sg.aws_security_group_rule.ingress_with_self",
            "module.security_groups.module.loadbalancer_sg.aws_security_group_rule.ingress_with_source_security_group_id",
            "module.security_groups.module.private_sg.aws_security_group.this",
            "module.security_groups.module.private_sg.aws_security_group.this_name_prefix",
            "module.security_groups.module.private_sg.aws_security_group_rule.computed_egress_rules",
            "module.security_groups.module.private_sg.aws_security_group_rule.computed_egress_with_cidr_blocks",
            "module.security_groups.module.private_sg.aws_security_group_rule.computed_egress_with_ipv6_cidr_blocks",
            "module.security_groups.module.private_sg.aws_security_group_rule.computed_egress_with_prefix_list_ids",
            "module.security_groups.module.private_sg.aws_security_group_rule.computed_egress_with_self",
            "module.security_groups.module.private_sg.aws_security_group_rule.computed_egress_with_source_security_group_id",
            "module.security_groups.module.private_sg.aws_security_group_rule.computed_ingress_rules",
            "module.security_groups.module.private_sg.aws_security_group_rule.computed_ingress_with_cidr_blocks",
            "module.security_groups.module.private_sg.aws_security_group_rule.computed_ingress_with_ipv6_cidr_blocks",
            "module.security_groups.module.private_sg.aws_security_group_rule.computed_ingress_with_prefix_list_ids",
            "module.security_groups.module.private_sg.aws_security_group_rule.computed_ingress_with_self",
            "module.security_groups.module.private_sg.aws_security_group_rule.computed_ingress_with_source_security_group_id",
            "module.security_groups.module.private_sg.aws_security_group_rule.egress_rules",
            "module.security_groups.module.private_sg.aws_security_group_rule.egress_with_cidr_blocks",
            "module.security_groups.module.private_sg.aws_security_group_rule.egress_with_ipv6_cidr_blocks",
            "module.security_groups.module.private_sg.aws_security_group_rule.egress_with_prefix_list_ids",
            "module.security_groups.module.private_sg.aws_security_group_rule.egress_with_self",
            "module.security_groups.module.private_sg.aws_security_group_rule.egress_with_source_security_group_id",
            "module.security_groups.module.private_sg.aws_security_group_rule.ingress_rules",
            "module.security_groups.module.private_sg.aws_security_group_rule.ingress_with_cidr_blocks",
            "module.security_groups.module.private_sg.aws_security_group_rule.ingress_with_ipv6_cidr_blocks",
            "module.security_groups.module.private_sg.aws_security_group_rule.ingress_with_prefix_list_ids",
            "module.security_groups.module.private_sg.aws_security_group_rule.ingress_with_self",
            "module.security_groups.module.private_sg.aws_security_group_rule.ingress_with_source_security_group_id",
            "module.security_groups.module.public_bastion_sg.aws_security_group.this",
            "module.security_groups.module.public_bastion_sg.aws_security_group.this_name_prefix",
            "module.security_groups.module.public_bastion_sg.aws_security_group_rule.computed_egress_rules",
            "module.security_groups.module.public_bastion_sg.aws_security_group_rule.computed_egress_with_cidr_blocks",
            "module.security_groups.module.public_bastion_sg.aws_security_group_rule.computed_egress_with_ipv6_cidr_blocks",
            "module.security_groups.module.public_bastion_sg.aws_security_group_rule.computed_egress_with_prefix_list_ids",
            "module.security_groups.module.public_bastion_sg.aws_security_group_rule.computed_egress_with_self",
            "module.security_groups.module.public_bastion_sg.aws_security_group_rule.computed_egress_with_source_security_group_id",
            "module.security_groups.module.public_bastion_sg.aws_security_group_rule.computed_ingress_rules",
            "module.security_groups.module.public_bastion_sg.aws_security_group_rule.computed_ingress_with_cidr_blocks",
            "module.security_groups.module.public_bastion_sg.aws_security_group_rule.computed_ingress_with_ipv6_cidr_blocks",
            "module.security_groups.module.public_bastion_sg.aws_security_group_rule.computed_ingress_with_prefix_list_ids",
            "module.security_groups.module.public_bastion_sg.aws_security_group_rule.computed_ingress_with_self",
            "module.security_groups.module.public_bastion_sg.aws_security_group_rule.computed_ingress_with_source_security_group_id",
            "module.security_groups.module.public_bastion_sg.aws_security_group_rule.egress_rules",
            "module.security_groups.module.public_bastion_sg.aws_security_group_rule.egress_with_cidr_blocks",
            "module.security_groups.module.public_bastion_sg.aws_security_group_rule.egress_with_ipv6_cidr_blocks",
            "module.security_groups.module.public_bastion_sg.aws_security_group_rule.egress_with_prefix_list_ids",
            "module.security_groups.module.public_bastion_sg.aws_security_group_rule.egress_with_self",
            "module.security_groups.module.public_bastion_sg.aws_security_group_rule.egress_with_source_security_group_id",
            "module.security_groups.module.public_bastion_sg.aws_security_group_rule.ingress_rules",
            "module.security_groups.module.public_bastion_sg.aws_security_group_rule.ingress_with_cidr_blocks",
            "module.security_groups.module.public_bastion_sg.aws_security_group_rule.ingress_with_ipv6_cidr_blocks",
            "module.security_groups.module.public_bastion_sg.aws_security_group_rule.ingress_with_prefix_list_ids",
            "module.security_groups.module.public_bastion_sg.aws_security_group_rule.ingress_with_self",
            "module.security_groups.module.public_bastion_sg.aws_security_group_rule.ingress_with_source_security_group_id",
            "module.security_groups.module.rdsdb_sg.aws_security_group.this",
            "module.security_groups.module.rdsdb_sg.aws_security_group.this_name_prefix",
            "module.security_groups.module.rdsdb_sg.aws_security_group_rule.computed_egress_rules",
            "module.security_groups.module.rdsdb_sg.aws_security_group_rule.computed_egress_with_cidr_blocks",
            "module.security_groups.module.rdsdb_sg.aws_security_group_rule.computed_egress_with_ipv6_cidr_blocks",
            "module.security_groups.module.rdsdb_sg.aws_security_group_rule.computed_egress_with_prefix_list_ids",
            "module.security_groups.module.rdsdb_sg.aws_security_group_rule.computed_egress_with_self",
            "module.security_groups.module.rdsdb_sg.aws_security_group_rule.computed_egress_with_source_security_group_id",
            "module.security_groups.module.rdsdb_sg.aws_security_group_rule.computed_ingress_rules",
            "module.security_groups.module.rdsdb_sg.aws_security_group_rule.computed_ingress_with_cidr_blocks",
            "module.security_groups.module.rdsdb_sg.aws_security_group_rule.computed_ingress_with_ipv6_cidr_blocks",
            "module.security_groups.module.rdsdb_sg.aws_security_group_rule.computed_ingress_with_prefix_list_ids",
            "module.security_groups.module.rdsdb_sg.aws_security_group_rule.computed_ingress_with_self",
            "module.security_groups.module.rdsdb_sg.aws_security_group_rule.computed_ingress_with_source_security_group_id",
            "module.security_groups.module.rdsdb_sg.aws_security_group_rule.egress_rules",
            "module.security_groups.module.rdsdb_sg.aws_security_group_rule.egress_with_cidr_blocks",
            "module.security_groups.module.rdsdb_sg.aws_security_group_rule.egress_with_ipv6_cidr_blocks",
            "module.security_groups.module.rdsdb_sg.aws_security_group_rule.egress_with_prefix_list_ids",
            "module.security_groups.module.rdsdb_sg.aws_security_group_rule.egress_with_self",
            "module.security_groups.module.rdsdb_sg.aws_security_group_rule.egress_with_source_security_group_id",
            "module.security_groups.module.rdsdb_sg.aws_security_group_rule.ingress_rules",
            "module.security_groups.module.rdsdb_sg.aws_security_group_rule.ingress_with_cidr_blocks",
            "module.security_groups.module.rdsdb_sg.aws_security_group_rule.ingress_with_ipv6_cidr_blocks",
            "module.security_groups.module.rdsdb_sg.aws_security_group_rule.ingress_with_prefix_list_ids",
            "module.security_groups.module.rdsdb_sg.aws_security_group_rule.ingress_with_self",
            "module.security_groups.module.rdsdb_sg.aws_security_group_rule.ingress_with_source_security_group_id",
            "module.vpc.module.vpc.aws_cloudwatch_log_group.flow_log",
            "module.vpc.module.vpc.aws_customer_gateway.this",
            "module.vpc.module.vpc.aws_db_subnet_group.database",
            "module.vpc.module.vpc.aws_default_network_acl.this",
            "module.vpc.module.vpc.aws_default_route_table.default",
            "module.vpc.module.vpc.aws_default_security_group.this",
            "module.vpc.module.vpc.aws_default_vpc.this",
            "module.vpc.module.vpc.aws_egress_only_internet_gateway.this",
            "module.vpc.module.vpc.aws_eip.nat",
            "module.vpc.module.vpc.aws_elasticache_subnet_group.elasticache",
            "module.vpc.module.vpc.aws_flow_log.this",
            "module.vpc.module.vpc.aws_iam_policy.vpc_flow_log_cloudwatch",
            "module.vpc.module.vpc.aws_iam_role.vpc_flow_log_cloudwatch",
            "module.vpc.module.vpc.aws_iam_role_policy_attachment.vpc_flow_log_cloudwatch",
            "module.vpc.module.vpc.aws_internet_gateway.this",
            "module.vpc.module.vpc.aws_nat_gateway.this",
            "module.vpc.module.vpc.aws_network_acl.database",
            "module.vpc.module.vpc.aws_network_acl.elasticache",
            "module.vpc.module.vpc.aws_network_acl.intra",
            "module.vpc.module.vpc.aws_network_acl.outpost",
            "module.vpc.module.vpc.aws_network_acl.private",
            "module.vpc.module.vpc.aws_network_acl.public",
            "module.vpc.module.vpc.aws_network_acl.redshift",
            "module.vpc.module.vpc.aws_network_acl_rule.database_inbound",
            "module.vpc.module.vpc.aws_network_acl_rule.database_outbound",
            "module.vpc.module.vpc.aws_network_acl_rule.elasticache_inbound",
            "module.vpc.module.vpc.aws_network_acl_rule.elasticache_outbound",
            "module.vpc.module.vpc.aws_network_acl_rule.intra_inbound",
            "module.vpc.module.vpc.aws_network_acl_rule.intra_outbound",
            "module.vpc.module.vpc.aws_network_acl_rule.outpost_inbound",
            "module.vpc.module.vpc.aws_network_acl_rule.outpost_outbound",
            "module.vpc.module.vpc.aws_network_acl_rule.private_inbound",
            "module.vpc.module.vpc.aws_network_acl_rule.private_outbound",
            "module.vpc.module.vpc.aws_network_acl_rule.public_inbound",
            "module.vpc.module.vpc.aws_network_acl_rule.public_outbound",
            "module.vpc.module.vpc.aws_network_acl_rule.redshift_inbound",
            "module.vpc.module.vpc.aws_network_acl_rule.redshift_outbound",
            "module.vpc.module.vpc.aws_redshift_subnet_group.redshift",
            "module.vpc.module.vpc.aws_route.database_dns64_nat_gateway",
            "module.vpc.module.vpc.aws_route.database_internet_gateway",
            "module.vpc.module.vpc.aws_route.database_ipv6_egress",
            "module.vpc.module.vpc.aws_route.database_nat_gateway",
            "module.vpc.module.vpc.aws_route.private_dns64_nat_gateway",
            "module.vpc.module.vpc.aws_route.private_ipv6_egress",
            "module.vpc.module.vpc.aws_route.private_nat_gateway",
            "module.vpc.module.vpc.aws_route.public_internet_gateway",
            "module.vpc.module.vpc.aws_route.public_internet_gateway_ipv6",
            "module.vpc.module.vpc.aws_route_table.database",
            "module.vpc.module.vpc.aws_route_table.elasticache",
            "module.vpc.module.vpc.aws_route_table.intra",
            "module.vpc.module.vpc.aws_route_table.private",
            "module.vpc.module.vpc.aws_route_table.public",
            "module.vpc.module.vpc.aws_route_table.redshift",
            "module.vpc.module.vpc.aws_route_table_association.database",
            "module.vpc.module.vpc.aws_route_table_association.elasticache",
            "module.vpc.module.vpc.aws_route_table_association.intra",
            "module.vpc.module.vpc.aws_route_table_association.outpost",
            "module.vpc.module.vpc.aws_route_table_association.private",
            "module.vpc.module.vpc.aws_route_table_association.public",
            "module.vpc.module.vpc.aws_route_table_association.redshift",
            "module.vpc.module.vpc.aws_route_table_association.redshift_public",
            "module.vpc.module.vpc.aws_subnet.database",
            "module.vpc.module.vpc.aws_subnet.elasticache",
            "module.vpc.module.vpc.aws_subnet.intra",
            "module.vpc.module.vpc.aws_subnet.outpost",
            "module.vpc.module.vpc.aws_subnet.private",
            "module.vpc.module.vpc.aws_subnet.public",
            "module.vpc.module.vpc.aws_subnet.redshift",
            "module.vpc.module.vpc.aws_vpc.this",
            "module.vpc.module.vpc.aws_vpc_dhcp_options.this",
            "module.vpc.module.vpc.aws_vpc_dhcp_options_association.this",
            "module.vpc.module.vpc.aws_vpc_ipv4_cidr_block_association.this",
            "module.vpc.module.vpc.aws_vpn_gateway.this",
            "module.vpc.module.vpc.aws_vpn_gateway_attachment.this",
            "module.vpc.module.vpc.aws_vpn_gateway_route_propagation.intra",
            "module.vpc.module.vpc.aws_vpn_gateway_route_propagation.private",
            "module.vpc.module.vpc.aws_vpn_gateway_route_propagation.public",
            "module.vpc.module.vpc.data.aws_iam_policy_document.flow_log_cloudwatch_assume_role",
            "module.vpc.module.vpc.data.aws_iam_policy_document.vpc_flow_log_cloudwatch"
          ],
          "create_before_destroy": true
        }
      ]
    },
    {
      "module": "module.rds.module.rdsdb.module.db_instance",
      "mode": "managed",
      "type": "aws_iam_role",
      "name": "enhanced_monitoring",
      "provider": "provider[\"registry.terraform.io/hashicorp/aws\"]",
      "instances": [
        {
          "index_key": 0,
          "schema_version": 0,
          "attributes": {
            "arn": "arn:aws:iam::043509840958:role/rds-monitoring-role-webappdb",
            "assume_role_policy": "{\"Statement\":[{\"Action\":\"sts:AssumeRole\",\"Effect\":\"Allow\",\"Principal\":{\"Service\":\"monitoring.rds.amazonaws.com\"}}],\"Version\":\"2012-10-17\"}",
            "create_date": "2026-02-21T13:59:20Z",
            "description": "",
            "force_detach_policies": false,
            "id": "rds-monitoring-role-webappdb",
            "inline_policy": [],
            "managed_policy_arns": [],
            "max_session_duration": 3600,
            "name": "rds-monitoring-role-webappdb",
            "name_prefix": "",
            "path": "/",
            "permissions_boundary": "",
            "tags": {
              "ManagedBy": "Terraform",
              "Name": "rds-monitoring-role-webappdb",
              "Project": "terraform-aws-infrastructure",
              "Sensitive": "high",
              "environment": "dev",
              "owners": "hr"
            },
            "tags_all": {
              "ManagedBy": "Terraform",
              "Name": "rds-monitoring-role-webappdb",
              "Project": "terraform-aws-infrastructure",
              "Sensitive": "high",
              "environment": "dev",
              "owners": "hr"
            },
            "unique_id": "AROAQUILDPQ7FG3G4SUKJ"
          },
          "sensitive_attributes": [],
          "identity_schema_version": 0,
          "identity": {
            "account_id": "043509840958",
            "name": "rds-monitoring-role-webappdb"
          },
          "private": "bnVsbA==",
          "dependencies": [
            "module.rds.module.rdsdb.module.db_instance.data.aws_iam_policy_document.enhanced_monitoring",
            "module.security_groups.module.loadbalancer_sg.aws_security_group.this",
            "module.security_groups.module.loadbalancer_sg.aws_security_group.this_name_prefix",
            "module.security_groups.module.loadbalancer_sg.aws_security_group_rule.computed_egress_rules",
            "module.security_groups.module.loadbalancer_sg.aws_security_group_rule.computed_egress_with_cidr_blocks",
            "module.security_groups.module.loadbalancer_sg.aws_security_group_rule.computed_egress_with_ipv6_cidr_blocks",
            "module.security_groups.module.loadbalancer_sg.aws_security_group_rule.computed_egress_with_prefix_list_ids",
            "module.security_groups.module.loadbalancer_sg.aws_security_group_rule.computed_egress_with_self",
            "module.security_groups.module.loadbalancer_sg.aws_security_group_rule.computed_egress_with_source_security_group_id",
            "module.security_groups.module.loadbalancer_sg.aws_security_group_rule.computed_ingress_rules",
            "module.security_groups.module.loadbalancer_sg.aws_security_group_rule.computed_ingress_with_cidr_blocks",
            "module.security_groups.module.loadbalancer_sg.aws_security_group_rule.computed_ingress_with_ipv6_cidr_blocks",
            "module.security_groups.module.loadbalancer_sg.aws_security_group_rule.computed_ingress_with_prefix_list_ids",
            "module.security_groups.module.loadbalancer_sg.aws_security_group_rule.computed_ingress_with_self",
            "module.security_groups.module.loadbalancer_sg.aws_security_group_rule.computed_ingress_with_source_security_group_id",
            "module.security_groups.module.loadbalancer_sg.aws_security_group_rule.egress_rules",
            "module.security_groups.module.loadbalancer_sg.aws_security_group_rule.egress_with_cidr_blocks",
            "module.security_groups.module.loadbalancer_sg.aws_security_group_rule.egress_with_ipv6_cidr_blocks",
            "module.security_groups.module.loadbalancer_sg.aws_security_group_rule.egress_with_prefix_list_ids",
            "module.security_groups.module.loadbalancer_sg.aws_security_group_rule.egress_with_self",
            "module.security_groups.module.loadbalancer_sg.aws_security_group_rule.egress_with_source_security_group_id",
            "module.security_groups.module.loadbalancer_sg.aws_security_group_rule.ingress_rules",
            "module.security_groups.module.loadbalancer_sg.aws_security_group_rule.ingress_with_cidr_blocks",
            "module.security_groups.module.loadbalancer_sg.aws_security_group_rule.ingress_with_ipv6_cidr_blocks",
            "module.security_groups.module.loadbalancer_sg.aws_security_group_rule.ingress_with_prefix_list_ids",
            "module.security_groups.module.loadbalancer_sg.aws_security_group_rule.ingress_with_self",
            "module.security_groups.module.loadbalancer_sg.aws_security_group_rule.ingress_with_source_security_group_id",
            "module.security_groups.module.private_sg.aws_security_group.this",
            "module.security_groups.module.private_sg.aws_security_group.this_name_prefix",
            "module.security_groups.module.private_sg.aws_security_group_rule.computed_egress_rules",
            "module.security_groups.module.private_sg.aws_security_group_rule.computed_egress_with_cidr_blocks",
            "module.security_groups.module.private_sg.aws_security_group_rule.computed_egress_with_ipv6_cidr_blocks",
            "module.security_groups.module.private_sg.aws_security_group_rule.computed_egress_with_prefix_list_ids",
            "module.security_groups.module.private_sg.aws_security_group_rule.computed_egress_with_self",
            "module.security_groups.module.private_sg.aws_security_group_rule.computed_egress_with_source_security_group_id",
            "module.security_groups.module.private_sg.aws_security_group_rule.computed_ingress_rules",
            "module.security_groups.module.private_sg.aws_security_group_rule.computed_ingress_with_cidr_blocks",
            "module.security_groups.module.private_sg.aws_security_group_rule.computed_ingress_with_ipv6_cidr_blocks",
            "module.security_groups.module.private_sg.aws_security_group_rule.computed_ingress_with_prefix_list_ids",
            "module.security_groups.module.private_sg.aws_security_group_rule.computed_ingress_with_self",
            "module.security_groups.module.private_sg.aws_security_group_rule.computed_ingress_with_source_security_group_id",
            "module.security_groups.module.private_sg.aws_security_group_rule.egress_rules",
            "module.security_groups.module.private_sg.aws_security_group_rule.egress_with_cidr_blocks",
            "module.security_groups.module.private_sg.aws_security_group_rule.egress_with_ipv6_cidr_blocks",
            "module.security_groups.module.private_sg.aws_security_group_rule.egress_with_prefix_list_ids",
            "module.security_groups.module.private_sg.aws_security_group_rule.egress_with_self",
            "module.security_groups.module.private_sg.aws_security_group_rule.egress_with_source_security_group_id",
            "module.security_groups.module.private_sg.aws_security_group_rule.ingress_rules",
            "module.security_groups.module.private_sg.aws_security_group_rule.ingress_with_cidr_blocks",
            "module.security_groups.module.private_sg.aws_security_group_rule.ingress_with_ipv6_cidr_blocks",
            "module.security_groups.module.private_sg.aws_security_group_rule.ingress_with_prefix_list_ids",
            "module.security_groups.module.private_sg.aws_security_group_rule.ingress_with_self",
            "module.security_groups.module.private_sg.aws_security_group_rule.ingress_with_source_security_group_id",
            "module.security_groups.module.public_bastion_sg.aws_security_group.this",
            "module.security_groups.module.public_bastion_sg.aws_security_group.this_name_prefix",
            "module.security_groups.module.public_bastion_sg.aws_security_group_rule.computed_egress_rules",
            "module.security_groups.module.public_bastion_sg.aws_security_group_rule.computed_egress_with_cidr_blocks",
            "module.security_groups.module.public_bastion_sg.aws_security_group_rule.computed_egress_with_ipv6_cidr_blocks",
            "module.security_groups.module.public_bastion_sg.aws_security_group_rule.computed_egress_with_prefix_list_ids",
            "module.security_groups.module.public_bastion_sg.aws_security_group_rule.computed_egress_with_self",
            "module.security_groups.module.public_bastion_sg.aws_security_group_rule.computed_egress_with_source_security_group_id",
            "module.security_groups.module.public_bastion_sg.aws_security_group_rule.computed_ingress_rules",
            "module.security_groups.module.public_bastion_sg.aws_security_group_rule.computed_ingress_with_cidr_blocks",
            "module.security_groups.module.public_bastion_sg.aws_security_group_rule.computed_ingress_with_ipv6_cidr_blocks",
            "module.security_groups.module.public_bastion_sg.aws_security_group_rule.computed_ingress_with_prefix_list_ids",
            "module.security_groups.module.public_bastion_sg.aws_security_group_rule.computed_ingress_with_self",
            "module.security_groups.module.public_bastion_sg.aws_security_group_rule.computed_ingress_with_source_security_group_id",
            "module.security_groups.module.public_bastion_sg.aws_security_group_rule.egress_rules",
            "module.security_groups.module.public_bastion_sg.aws_security_group_rule.egress_with_cidr_blocks",
            "module.security_groups.module.public_bastion_sg.aws_security_group_rule.egress_with_ipv6_cidr_blocks",
            "module.security_groups.module.public_bastion_sg.aws_security_group_rule.egress_with_prefix_list_ids",
            "module.security_groups.module.public_bastion_sg.aws_security_group_rule.egress_with_self",
            "module.security_groups.module.public_bastion_sg.aws_security_group_rule.egress_with_source_security_group_id",
            "module.security_groups.module.public_bastion_sg.aws_security_group_rule.ingress_rules",
            "module.security_groups.module.public_bastion_sg.aws_security_group_rule.ingress_with_cidr_blocks",
            "module.security_groups.module.public_bastion_sg.aws_security_group_rule.ingress_with_ipv6_cidr_blocks",
            "module.security_groups.module.public_bastion_sg.aws_security_group_rule.ingress_with_prefix_list_ids",
            "module.security_groups.module.public_bastion_sg.aws_security_group_rule.ingress_with_self",
            "module.security_groups.module.public_bastion_sg.aws_security_group_rule.ingress_with_source_security_group_id",
            "module.security_groups.module.rdsdb_sg.aws_security_group.this",
            "module.security_groups.module.rdsdb_sg.aws_security_group.this_name_prefix",
            "module.security_groups.module.rdsdb_sg.aws_security_group_rule.computed_egress_rules",
            "module.security_groups.module.rdsdb_sg.aws_security_group_rule.computed_egress_with_cidr_blocks",
            "module.security_groups.module.rdsdb_sg.aws_security_group_rule.computed_egress_with_ipv6_cidr_blocks",
            "module.security_groups.module.rdsdb_sg.aws_security_group_rule.computed_egress_with_prefix_list_ids",
            "module.security_groups.module.rdsdb_sg.aws_security_group_rule.computed_egress_with_self",
            "module.security_groups.module.rdsdb_sg.aws_security_group_rule.computed_egress_with_source_security_group_id",
            "module.security_groups.module.rdsdb_sg.aws_security_group_rule.computed_ingress_rules",
            "module.security_groups.module.rdsdb_sg.aws_security_group_rule.computed_ingress_with_cidr_blocks",
            "module.security_groups.module.rdsdb_sg.aws_security_group_rule.computed_ingress_with_ipv6_cidr_blocks",
            "module.security_groups.module.rdsdb_sg.aws_security_group_rule.computed_ingress_with_prefix_list_ids",
            "module.security_groups.module.rdsdb_sg.aws_security_group_rule.computed_ingress_with_self",
            "module.security_groups.module.rdsdb_sg.aws_security_group_rule.computed_ingress_with_source_security_group_id",
            "module.security_groups.module.rdsdb_sg.aws_security_group_rule.egress_rules",
            "module.security_groups.module.rdsdb_sg.aws_security_group_rule.egress_with_cidr_blocks",
            "module.security_groups.module.rdsdb_sg.aws_security_group_rule.egress_with_ipv6_cidr_blocks",
            "module.security_groups.module.rdsdb_sg.aws_security_group_rule.egress_with_prefix_list_ids",
            "module.security_groups.module.rdsdb_sg.aws_security_group_rule.egress_with_self",
            "module.security_groups.module.rdsdb_sg.aws_security_group_rule.egress_with_source_security_group_id",
            "module.security_groups.module.rdsdb_sg.aws_security_group_rule.ingress_rules",
            "module.security_groups.module.rdsdb_sg.aws_security_group_rule.ingress_with_cidr_blocks",
            "module.security_groups.module.rdsdb_sg.aws_security_group_rule.ingress_with_ipv6_cidr_blocks",
            "module.security_groups.module.rdsdb_sg.aws_security_group_rule.ingress_with_prefix_list_ids",
            "module.security_groups.module.rdsdb_sg.aws_security_group_rule.ingress_with_self",
            "module.security_groups.module.rdsdb_sg.aws_security_group_rule.ingress_with_source_security_group_id",
            "module.vpc.module.vpc.aws_cloudwatch_log_group.flow_log",
            "module.vpc.module.vpc.aws_customer_gateway.this",
            "module.vpc.module.vpc.aws_db_subnet_group.database",
            "module.vpc.module.vpc.aws_default_network_acl.this",
            "module.vpc.module.vpc.aws_default_route_table.default",
            "module.vpc.module.vpc.aws_default_security_group.this",
            "module.vpc.module.vpc.aws_default_vpc.this",
            "module.vpc.module.vpc.aws_egress_only_internet_gateway.this",
            "module.vpc.module.vpc.aws_eip.nat",
            "module.vpc.module.vpc.aws_elasticache_subnet_group.elasticache",
            "module.vpc.module.vpc.aws_flow_log.this",
            "module.vpc.module.vpc.aws_iam_policy.vpc_flow_log_cloudwatch",
            "module.vpc.module.vpc.aws_iam_role.vpc_flow_log_cloudwatch",
            "module.vpc.module.vpc.aws_iam_role_policy_attachment.vpc_flow_log_cloudwatch",
            "module.vpc.module.vpc.aws_internet_gateway.this",
            "module.vpc.module.vpc.aws_nat_gateway.this",
            "module.vpc.module.vpc.aws_network_acl.database",
            "module.vpc.module.vpc.aws_network_acl.elasticache",
            "module.vpc.module.vpc.aws_network_acl.intra",
            "module.vpc.module.vpc.aws_network_acl.outpost",
            "module.vpc.module.vpc.aws_network_acl.private",
            "module.vpc.module.vpc.aws_network_acl.public",
            "module.vpc.module.vpc.aws_network_acl.redshift",
            "module.vpc.module.vpc.aws_network_acl_rule.database_inbound",
            "module.vpc.module.vpc.aws_network_acl_rule.database_outbound",
            "module.vpc.module.vpc.aws_network_acl_rule.elasticache_inbound",
            "module.vpc.module.vpc.aws_network_acl_rule.elasticache_outbound",
            "module.vpc.module.vpc.aws_network_acl_rule.intra_inbound",
            "module.vpc.module.vpc.aws_network_acl_rule.intra_outbound",
            "module.vpc.module.vpc.aws_network_acl_rule.outpost_inbound",
            "module.vpc.module.vpc.aws_network_acl_rule.outpost_outbound",
            "module.vpc.module.vpc.aws_network_acl_rule.private_inbound",
            "module.vpc.module.vpc.aws_network_acl_rule.private_outbound",
            "module.vpc.module.vpc.aws_network_acl_rule.public_inbound",
            "module.vpc.module.vpc.aws_network_acl_rule.public_outbound",
            "module.vpc.module.vpc.aws_network_acl_rule.redshift_inbound",
            "module.vpc.module.vpc.aws_network_acl_rule.redshift_outbound",
            "module.vpc.module.vpc.aws_redshift_subnet_group.redshift",
            "module.vpc.module.vpc.aws_route.database_dns64_nat_gateway",
            "module.vpc.module.vpc.aws_route.database_internet_gateway",
            "module.vpc.module.vpc.aws_route.database_ipv6_egress",
            "module.vpc.module.vpc.aws_route.database_nat_gateway",
            "module.vpc.module.vpc.aws_route.private_dns64_nat_gateway",
            "module.vpc.module.vpc.aws_route.private_ipv6_egress",
            "module.vpc.module.vpc.aws_route.private_nat_gateway",
            "module.vpc.module.vpc.aws_route.public_internet_gateway",
            "module.vpc.module.vpc.aws_route.public_internet_gateway_ipv6",
            "module.vpc.module.vpc.aws_route_table.database",
            "module.vpc.module.vpc.aws_route_table.elasticache",
            "module.vpc.module.vpc.aws_route_table.intra",
            "module.vpc.module.vpc.aws_route_table.private",
            "module.vpc.module.vpc.aws_route_table.public",
            "module.vpc.module.vpc.aws_route_table.redshift",
            "module.vpc.module.vpc.aws_route_table_association.database",
            "module.vpc.module.vpc.aws_route_table_association.elasticache",
            "module.vpc.module.vpc.aws_route_table_association.intra",
            "module.vpc.module.vpc.aws_route_table_association.outpost",
            "module.vpc.module.vpc.aws_route_table_association.private",
            "module.vpc.module.vpc.aws_route_table_association.public",
            "module.vpc.module.vpc.aws_route_table_association.redshift",
            "module.vpc.module.vpc.aws_route_table_association.redshift_public",
            "module.vpc.module.vpc.aws_subnet.database",
            "module.vpc.module.vpc.aws_subnet.elasticache",
            "module.vpc.module.vpc.aws_subnet.intra",
            "module.vpc.module.vpc.aws_subnet.outpost",
            "module.vpc.module.vpc.aws_subnet.private",
            "module.vpc.module.vpc.aws_subnet.public",
            "module.vpc.module.vpc.aws_subnet.redshift",
            "module.vpc.module.vpc.aws_vpc.this",
            "module.vpc.module.vpc.aws_vpc_dhcp_options.this",
            "module.vpc.module.vpc.aws_vpc_dhcp_options_association.this",
            "module.vpc.module.vpc.aws_vpc_ipv4_cidr_block_association.this",
            "module.vpc.module.vpc.aws_vpn_gateway.this",
            "module.vpc.module.vpc.aws_vpn_gateway_attachment.this",
            "module.vpc.module.vpc.aws_vpn_gateway_route_propagation.intra",
            "module.vpc.module.vpc.aws_vpn_gateway_route_propagation.private",
            "module.vpc.module.vpc.aws_vpn_gateway_route_propagation.public",
            "module.vpc.module.vpc.data.aws_iam_policy_document.flow_log_cloudwatch_assume_role",
            "module.vpc.module.vpc.data.aws_iam_policy_document.vpc_flow_log_cloudwatch"
          ],
          "create_before_destroy": true
        }
      ]
    },
    {
      "module": "module.rds.module.rdsdb.module.db_instance",
      "mode": "managed",
      "type": "aws_iam_role_policy_attachment",
      "name": "enhanced_monitoring",
      "provider": "provider[\"registry.terraform.io/hashicorp/aws\"]",
      "instances": [
        {
          "index_key": 0,
          "schema_version": 0,
          "attributes": {
            "id": "rds-monitoring-role-webappdb/arn:aws:iam::aws:policy/service-role/AmazonRDSEnhancedMonitoringRole",
            "policy_arn": "arn:aws:iam::aws:policy/service-role/AmazonRDSEnhancedMonitoringRole",
            "role": "rds-monitoring-role-webappdb"
          },
          "sensitive_attributes": [],
          "identity_schema_version": 0,
          "identity": {
            "account_id": "043509840958",
            "policy_arn": "arn:aws:iam::aws:policy/service-role/AmazonRDSEnhancedMonitoringRole",
            "role": "rds-monitoring-role-webappdb"
          },
          "private": "bnVsbA==",
          "dependencies": [
            "module.rds.module.rdsdb.module.db_instance.aws_iam_role.enhanced_monitoring",
            "module.rds.module.rdsdb.module.db_instance.data.aws_iam_policy_document.enhanced_monitoring",
            "module.rds.module.rdsdb.module.db_instance.data.aws_partition.current",
            "module.security_groups.module.loadbalancer_sg.aws_security_group.this",
            "module.security_groups.module.loadbalancer_sg.aws_security_group.this_name_prefix",
            "module.security_groups.module.loadbalancer_sg.aws_security_group_rule.computed_egress_rules",
            "module.security_groups.module.loadbalancer_sg.aws_security_group_rule.computed_egress_with_cidr_blocks",
            "module.security_groups.module.loadbalancer_sg.aws_security_group_rule.computed_egress_with_ipv6_cidr_blocks",
            "module.security_groups.module.loadbalancer_sg.aws_security_group_rule.computed_egress_with_prefix_list_ids",
            "module.security_groups.module.loadbalancer_sg.aws_security_group_rule.computed_egress_with_self",
            "module.security_groups.module.loadbalancer_sg.aws_security_group_rule.computed_egress_with_source_security_group_id",
            "module.security_groups.module.loadbalancer_sg.aws_security_group_rule.computed_ingress_rules",
            "module.security_groups.module.loadbalancer_sg.aws_security_group_rule.computed_ingress_with_cidr_blocks",
            "module.security_groups.module.loadbalancer_sg.aws_security_group_rule.computed_ingress_with_ipv6_cidr_blocks",
            "module.security_groups.module.loadbalancer_sg.aws_security_group_rule.computed_ingress_with_prefix_list_ids",
            "module.security_groups.module.loadbalancer_sg.aws_security_group_rule.computed_ingress_with_self",
            "module.security_groups.module.loadbalancer_sg.aws_security_group_rule.computed_ingress_with_source_security_group_id",
            "module.security_groups.module.loadbalancer_sg.aws_security_group_rule.egress_rules",
            "module.security_groups.module.loadbalancer_sg.aws_security_group_rule.egress_with_cidr_blocks",
            "module.security_groups.module.loadbalancer_sg.aws_security_group_rule.egress_with_ipv6_cidr_blocks",
            "module.security_groups.module.loadbalancer_sg.aws_security_group_rule.egress_with_prefix_list_ids",
            "module.security_groups.module.loadbalancer_sg.aws_security_group_rule.egress_with_self",
            "module.security_groups.module.loadbalancer_sg.aws_security_group_rule.egress_with_source_security_group_id",
            "module.security_groups.module.loadbalancer_sg.aws_security_group_rule.ingress_rules",
            "module.security_groups.module.loadbalancer_sg.aws_security_group_rule.ingress_with_cidr_blocks",
            "module.security_groups.module.loadbalancer_sg.aws_security_group_rule.ingress_with_ipv6_cidr_blocks",
            "module.security_groups.module.loadbalancer_sg.aws_security_group_rule.ingress_with_prefix_list_ids",
            "module.security_groups.module.loadbalancer_sg.aws_security_group_rule.ingress_with_self",
            "module.security_groups.module.loadbalancer_sg.aws_security_group_rule.ingress_with_source_security_group_id",
            "module.security_groups.module.private_sg.aws_security_group.this",
            "module.security_groups.module.private_sg.aws_security_group.this_name_prefix",
            "module.security_groups.module.private_sg.aws_security_group_rule.computed_egress_rules",
            "module.security_groups.module.private_sg.aws_security_group_rule.computed_egress_with_cidr_blocks",
            "module.security_groups.module.private_sg.aws_security_group_rule.computed_egress_with_ipv6_cidr_blocks",
            "module.security_groups.module.private_sg.aws_security_group_rule.computed_egress_with_prefix_list_ids",
            "module.security_groups.module.private_sg.aws_security_group_rule.computed_egress_with_self",
            "module.security_groups.module.private_sg.aws_security_group_rule.computed_egress_with_source_security_group_id",
            "module.security_groups.module.private_sg.aws_security_group_rule.computed_ingress_rules",
            "module.security_groups.module.private_sg.aws_security_group_rule.computed_ingress_with_cidr_blocks",
            "module.security_groups.module.private_sg.aws_security_group_rule.computed_ingress_with_ipv6_cidr_blocks",
            "module.security_groups.module.private_sg.aws_security_group_rule.computed_ingress_with_prefix_list_ids",
            "module.security_groups.module.private_sg.aws_security_group_rule.computed_ingress_with_self",
            "module.security_groups.module.private_sg.aws_security_group_rule.computed_ingress_with_source_security_group_id",
            "module.security_groups.module.private_sg.aws_security_group_rule.egress_rules",
            "module.security_groups.module.private_sg.aws_security_group_rule.egress_with_cidr_blocks",
            "module.security_groups.module.private_sg.aws_security_group_rule.egress_with_ipv6_cidr_blocks",
            "module.security_groups.module.private_sg.aws_security_group_rule.egress_with_prefix_list_ids",
            "module.security_groups.module.private_sg.aws_security_group_rule.egress_with_self",
            "module.security_groups.module.private_sg.aws_security_group_rule.egress_with_source_security_group_id",
            "module.security_groups.module.private_sg.aws_security_group_rule.ingress_rules",
            "module.security_groups.module.private_sg.aws_security_group_rule.ingress_with_cidr_blocks",
            "module.security_groups.module.private_sg.aws_security_group_rule.ingress_with_ipv6_cidr_blocks",
            "module.security_groups.module.private_sg.aws_security_group_rule.ingress_with_prefix_list_ids",
            "module.security_groups.module.private_sg.aws_security_group_rule.ingress_with_self",
            "module.security_groups.module.private_sg.aws_security_group_rule.ingress_with_source_security_group_id",
            "module.security_groups.module.public_bastion_sg.aws_security_group.this",
            "module.security_groups.module.public_bastion_sg.aws_security_group.this_name_prefix",
            "module.security_groups.module.public_bastion_sg.aws_security_group_rule.computed_egress_rules",
            "module.security_groups.module.public_bastion_sg.aws_security_group_rule.computed_egress_with_cidr_blocks",
            "module.security_groups.module.public_bastion_sg.aws_security_group_rule.computed_egress_with_ipv6_cidr_blocks",
            "module.security_groups.module.public_bastion_sg.aws_security_group_rule.computed_egress_with_prefix_list_ids",
            "module.security_groups.module.public_bastion_sg.aws_security_group_rule.computed_egress_with_self",
            "module.security_groups.module.public_bastion_sg.aws_security_group_rule.computed_egress_with_source_security_group_id",
            "module.security_groups.module.public_bastion_sg.aws_security_group_rule.computed_ingress_rules",
            "module.security_groups.module.public_bastion_sg.aws_security_group_rule.computed_ingress_with_cidr_blocks",
            "module.security_groups.module.public_bastion_sg.aws_security_group_rule.computed_ingress_with_ipv6_cidr_blocks",
            "module.security_groups.module.public_bastion_sg.aws_security_group_rule.computed_ingress_with_prefix_list_ids",
            "module.security_groups.module.public_bastion_sg.aws_security_group_rule.computed_ingress_with_self",
            "module.security_groups.module.public_bastion_sg.aws_security_group_rule.computed_ingress_with_source_security_group_id",
            "module.security_groups.module.public_bastion_sg.aws_security_group_rule.egress_rules",
            "module.security_groups.module.public_bastion_sg.aws_security_group_rule.egress_with_cidr_blocks",
            "module.security_groups.module.public_bastion_sg.aws_security_group_rule.egress_with_ipv6_cidr_blocks",
            "module.security_groups.module.public_bastion_sg.aws_security_group_rule.egress_with_prefix_list_ids",
            "module.security_groups.module.public_bastion_sg.aws_security_group_rule.egress_with_self",
            "module.security_groups.module.public_bastion_sg.aws_security_group_rule.egress_with_source_security_group_id",
            "module.security_groups.module.public_bastion_sg.aws_security_group_rule.ingress_rules",
            "module.security_groups.module.public_bastion_sg.aws_security_group_rule.ingress_with_cidr_blocks",
            "module.security_groups.module.public_bastion_sg.aws_security_group_rule.ingress_with_ipv6_cidr_blocks",
            "module.security_groups.module.public_bastion_sg.aws_security_group_rule.ingress_with_prefix_list_ids",
            "module.security_groups.module.public_bastion_sg.aws_security_group_rule.ingress_with_self",
            "module.security_groups.module.public_bastion_sg.aws_security_group_rule.ingress_with_source_security_group_id",
            "module.security_groups.module.rdsdb_sg.aws_security_group.this",
            "module.security_groups.module.rdsdb_sg.aws_security_group.this_name_prefix",
            "module.security_groups.module.rdsdb_sg.aws_security_group_rule.computed_egress_rules",
            "module.security_groups.module.rdsdb_sg.aws_security_group_rule.computed_egress_with_cidr_blocks",
            "module.security_groups.module.rdsdb_sg.aws_security_group_rule.computed_egress_with_ipv6_cidr_blocks",
            "module.security_groups.module.rdsdb_sg.aws_security_group_rule.computed_egress_with_prefix_list_ids",
            "module.security_groups.module.rdsdb_sg.aws_security_group_rule.computed_egress_with_self",
            "module.security_groups.module.rdsdb_sg.aws_security_group_rule.computed_egress_with_source_security_group_id",
            "module.security_groups.module.rdsdb_sg.aws_security_group_rule.computed_ingress_rules",
            "module.security_groups.module.rdsdb_sg.aws_security_group_rule.computed_ingress_with_cidr_blocks",
            "module.security_groups.module.rdsdb_sg.aws_security_group_rule.computed_ingress_with_ipv6_cidr_blocks",
            "module.security_groups.module.rdsdb_sg.aws_security_group_rule.computed_ingress_with_prefix_list_ids",
            "module.security_groups.module.rdsdb_sg.aws_security_group_rule.computed_ingress_with_self",
            "module.security_groups.module.rdsdb_sg.aws_security_group_rule.computed_ingress_with_source_security_group_id",
            "module.security_groups.module.rdsdb_sg.aws_security_group_rule.egress_rules",
            "module.security_groups.module.rdsdb_sg.aws_security_group_rule.egress_with_cidr_blocks",
            "module.security_groups.module.rdsdb_sg.aws_security_group_rule.egress_with_ipv6_cidr_blocks",
            "module.security_groups.module.rdsdb_sg.aws_security_group_rule.egress_with_prefix_list_ids",
            "module.security_groups.module.rdsdb_sg.aws_security_group_rule.egress_with_self",
            "module.security_groups.module.rdsdb_sg.aws_security_group_rule.egress_with_source_security_group_id",
            "module.security_groups.module.rdsdb_sg.aws_security_group_rule.ingress_rules",
            "module.security_groups.module.rdsdb_sg.aws_security_group_rule.ingress_with_cidr_blocks",
            "module.security_groups.module.rdsdb_sg.aws_security_group_rule.ingress_with_ipv6_cidr_blocks",
            "module.security_groups.module.rdsdb_sg.aws_security_group_rule.ingress_with_prefix_list_ids",
            "module.security_groups.module.rdsdb_sg.aws_security_group_rule.ingress_with_self",
            "module.security_groups.module.rdsdb_sg.aws_security_group_rule.ingress_with_source_security_group_id",
            "module.vpc.module.vpc.aws_cloudwatch_log_group.flow_log",
            "module.vpc.module.vpc.aws_customer_gateway.this",
            "module.vpc.module.vpc.aws_db_subnet_group.database",
            "module.vpc.module.vpc.aws_default_network_acl.this",
            "module.vpc.module.vpc.aws_default_route_table.default",
            "module.vpc.module.vpc.aws_default_security_group.this",
            "module.vpc.module.vpc.aws_default_vpc.this",
            "module.vpc.module.vpc.aws_egress_only_internet_gateway.this",
            "module.vpc.module.vpc.aws_eip.nat",
            "module.vpc.module.vpc.aws_elasticache_subnet_group.elasticache",
            "module.vpc.module.vpc.aws_flow_log.this",
            "module.vpc.module.vpc.aws_iam_policy.vpc_flow_log_cloudwatch",
            "module.vpc.module.vpc.aws_iam_role.vpc_flow_log_cloudwatch",
            "module.vpc.module.vpc.aws_iam_role_policy_attachment.vpc_flow_log_cloudwatch",
            "module.vpc.module.vpc.aws_internet_gateway.this",
            "module.vpc.module.vpc.aws_nat_gateway.this",
            "module.vpc.module.vpc.aws_network_acl.database",
            "module.vpc.module.vpc.aws_network_acl.elasticache",
            "module.vpc.module.vpc.aws_network_acl.intra",
            "module.vpc.module.vpc.aws_network_acl.outpost",
            "module.vpc.module.vpc.aws_network_acl.private",
            "module.vpc.module.vpc.aws_network_acl.public",
            "module.vpc.module.vpc.aws_network_acl.redshift",
            "module.vpc.module.vpc.aws_network_acl_rule.database_inbound",
            "module.vpc.module.vpc.aws_network_acl_rule.database_outbound",
            "module.vpc.module.vpc.aws_network_acl_rule.elasticache_inbound",
            "module.vpc.module.vpc.aws_network_acl_rule.elasticache_outbound",
            "module.vpc.module.vpc.aws_network_acl_rule.intra_inbound",
            "module.vpc.module.vpc.aws_network_acl_rule.intra_outbound",
            "module.vpc.module.vpc.aws_network_acl_rule.outpost_inbound",
            "module.vpc.module.vpc.aws_network_acl_rule.outpost_outbound",
            "module.vpc.module.vpc.aws_network_acl_rule.private_inbound",
            "module.vpc.module.vpc.aws_network_acl_rule.private_outbound",
            "module.vpc.module.vpc.aws_network_acl_rule.public_inbound",
            "module.vpc.module.vpc.aws_network_acl_rule.public_outbound",
            "module.vpc.module.vpc.aws_network_acl_rule.redshift_inbound",
            "module.vpc.module.vpc.aws_network_acl_rule.redshift_outbound",
            "module.vpc.module.vpc.aws_redshift_subnet_group.redshift",
            "module.vpc.module.vpc.aws_route.database_dns64_nat_gateway",
            "module.vpc.module.vpc.aws_route.database_internet_gateway",
            "module.vpc.module.vpc.aws_route.database_ipv6_egress",
            "module.vpc.module.vpc.aws_route.database_nat_gateway",
            "module.vpc.module.vpc.aws_route.private_dns64_nat_gateway",
            "module.vpc.module.vpc.aws_route.private_ipv6_egress",
            "module.vpc.module.vpc.aws_route.private_nat_gateway",
            "module.vpc.module.vpc.aws_route.public_internet_gateway",
            "module.vpc.module.vpc.aws_route.public_internet_gateway_ipv6",
            "module.vpc.module.vpc.aws_route_table.database",
            "module.vpc.module.vpc.aws_route_table.elasticache",
            "module.vpc.module.vpc.aws_route_table.intra",
            "module.vpc.module.vpc.aws_route_table.private",
            "module.vpc.module.vpc.aws_route_table.public",
            "module.vpc.module.vpc.aws_route_table.redshift",
            "module.vpc.module.vpc.aws_route_table_association.database",
            "module.vpc.module.vpc.aws_route_table_association.elasticache",
            "module.vpc.module.vpc.aws_route_table_association.intra",
            "module.vpc.module.vpc.aws_route_table_association.outpost",
            "module.vpc.module.vpc.aws_route_table_association.private",
            "module.vpc.module.vpc.aws_route_table_association.public",
            "module.vpc.module.vpc.aws_route_table_association.redshift",
            "module.vpc.module.vpc.aws_route_table_association.redshift_public",
            "module.vpc.module.vpc.aws_subnet.database",
            "module.vpc.module.vpc.aws_subnet.elasticache",
            "module.vpc.module.vpc.aws_subnet.intra",
            "module.vpc.module.vpc.aws_subnet.outpost",
            "module.vpc.module.vpc.aws_subnet.private",
            "module.vpc.module.vpc.aws_subnet.public",
            "module.vpc.module.vpc.aws_subnet.redshift",
            "module.vpc.module.vpc.aws_vpc.this",
            "module.vpc.module.vpc.aws_vpc_dhcp_options.this",
            "module.vpc.module.vpc.aws_vpc_dhcp_options_association.this",
            "module.vpc.module.vpc.aws_vpc_ipv4_cidr_block_association.this",
            "module.vpc.module.vpc.aws_vpn_gateway.this",
            "module.vpc.module.vpc.aws_vpn_gateway_attachment.this",
            "module.vpc.module.vpc.aws_vpn_gateway_route_propagation.intra",
            "module.vpc.module.vpc.aws_vpn_gateway_route_propagation.private",
            "module.vpc.module.vpc.aws_vpn_gateway_route_propagation.public",
            "module.vpc.module.vpc.data.aws_iam_policy_document.flow_log_cloudwatch_assume_role",
            "module.vpc.module.vpc.data.aws_iam_policy_document.vpc_flow_log_cloudwatch"
          ],
          "create_before_destroy": true
        }
      ]
    },
    {
      "module": "module.rds.module.rdsdb.module.db_instance",
      "mode": "managed",
      "type": "random_id",
      "name": "snapshot_identifier",
      "provider": "provider[\"registry.terraform.io/hashicorp/random\"]",
      "instances": []
    },
    {
      "module": "module.rds.module.rdsdb.module.db_option_group",
      "mode": "managed",
      "type": "aws_db_option_group",
      "name": "this",
      "provider": "provider[\"registry.terraform.io/hashicorp/aws\"]",
      "instances": [
        {
          "index_key": 0,
          "schema_version": 0,
          "attributes": {
            "arn": "arn:aws:rds:us-east-1:043509840958:og:webappdb-20260221135918359100000017",
            "engine_name": "mysql",
            "id": "webappdb-20260221135918359100000017",
            "major_engine_version": "8.0",
            "name": "webappdb-20260221135918359100000017",
            "name_prefix": "webappdb-",
            "option": [],
            "option_group_description": "webappdb option group",
            "region": "us-east-1",
            "skip_destroy": false,
            "tags": {
              "ManagedBy": "Terraform",
              "Name": "webappdb",
              "Project": "terraform-aws-infrastructure",
              "Sensitive": "low",
              "environment": "dev",
              "owners": "hr"
            },
            "tags_all": {
              "ManagedBy": "Terraform",
              "Name": "webappdb",
              "Project": "terraform-aws-infrastructure",
              "Sensitive": "low",
              "environment": "dev",
              "owners": "hr"
            },
            "timeouts": {
              "delete": null
            }
          },
          "sensitive_attributes": [],
          "identity_schema_version": 0,
          "private": "eyJlMmJmYjczMC1lY2FhLTExZTYtOGY4OC0zNDM2M2JjN2M0YzAiOnsiZGVsZXRlIjo5MDAwMDAwMDAwMDB9fQ==",
          "dependencies": [
            "module.security_groups.module.loadbalancer_sg.aws_security_group.this",
            "module.security_groups.module.loadbalancer_sg.aws_security_group.this_name_prefix",
            "module.security_groups.module.loadbalancer_sg.aws_security_group_rule.computed_egress_rules",
            "module.security_groups.module.loadbalancer_sg.aws_security_group_rule.computed_egress_with_cidr_blocks",
            "module.security_groups.module.loadbalancer_sg.aws_security_group_rule.computed_egress_with_ipv6_cidr_blocks",
            "module.security_groups.module.loadbalancer_sg.aws_security_group_rule.computed_egress_with_prefix_list_ids",
            "module.security_groups.module.loadbalancer_sg.aws_security_group_rule.computed_egress_with_self",
            "module.security_groups.module.loadbalancer_sg.aws_security_group_rule.computed_egress_with_source_security_group_id",
            "module.security_groups.module.loadbalancer_sg.aws_security_group_rule.computed_ingress_rules",
            "module.security_groups.module.loadbalancer_sg.aws_security_group_rule.computed_ingress_with_cidr_blocks",
            "module.security_groups.module.loadbalancer_sg.aws_security_group_rule.computed_ingress_with_ipv6_cidr_blocks",
            "module.security_groups.module.loadbalancer_sg.aws_security_group_rule.computed_ingress_with_prefix_list_ids",
            "module.security_groups.module.loadbalancer_sg.aws_security_group_rule.computed_ingress_with_self",
            "module.security_groups.module.loadbalancer_sg.aws_security_group_rule.computed_ingress_with_source_security_group_id",
            "module.security_groups.module.loadbalancer_sg.aws_security_group_rule.egress_rules",
            "module.security_groups.module.loadbalancer_sg.aws_security_group_rule.egress_with_cidr_blocks",
            "module.security_groups.module.loadbalancer_sg.aws_security_group_rule.egress_with_ipv6_cidr_blocks",
            "module.security_groups.module.loadbalancer_sg.aws_security_group_rule.egress_with_prefix_list_ids",
            "module.security_groups.module.loadbalancer_sg.aws_security_group_rule.egress_with_self",
            "module.security_groups.module.loadbalancer_sg.aws_security_group_rule.egress_with_source_security_group_id",
            "module.security_groups.module.loadbalancer_sg.aws_security_group_rule.ingress_rules",
            "module.security_groups.module.loadbalancer_sg.aws_security_group_rule.ingress_with_cidr_blocks",
            "module.security_groups.module.loadbalancer_sg.aws_security_group_rule.ingress_with_ipv6_cidr_blocks",
            "module.security_groups.module.loadbalancer_sg.aws_security_group_rule.ingress_with_prefix_list_ids",
            "module.security_groups.module.loadbalancer_sg.aws_security_group_rule.ingress_with_self",
            "module.security_groups.module.loadbalancer_sg.aws_security_group_rule.ingress_with_source_security_group_id",
            "module.security_groups.module.private_sg.aws_security_group.this",
            "module.security_groups.module.private_sg.aws_security_group.this_name_prefix",
            "module.security_groups.module.private_sg.aws_security_group_rule.computed_egress_rules",
            "module.security_groups.module.private_sg.aws_security_group_rule.computed_egress_with_cidr_blocks",
            "module.security_groups.module.private_sg.aws_security_group_rule.computed_egress_with_ipv6_cidr_blocks",
            "module.security_groups.module.private_sg.aws_security_group_rule.computed_egress_with_prefix_list_ids",
            "module.security_groups.module.private_sg.aws_security_group_rule.computed_egress_with_self",
            "module.security_groups.module.private_sg.aws_security_group_rule.computed_egress_with_source_security_group_id",
            "module.security_groups.module.private_sg.aws_security_group_rule.computed_ingress_rules",
            "module.security_groups.module.private_sg.aws_security_group_rule.computed_ingress_with_cidr_blocks",
            "module.security_groups.module.private_sg.aws_security_group_rule.computed_ingress_with_ipv6_cidr_blocks",
            "module.security_groups.module.private_sg.aws_security_group_rule.computed_ingress_with_prefix_list_ids",
            "module.security_groups.module.private_sg.aws_security_group_rule.computed_ingress_with_self",
            "module.security_groups.module.private_sg.aws_security_group_rule.computed_ingress_with_source_security_group_id",
            "module.security_groups.module.private_sg.aws_security_group_rule.egress_rules",
            "module.security_groups.module.private_sg.aws_security_group_rule.egress_with_cidr_blocks",
            "module.security_groups.module.private_sg.aws_security_group_rule.egress_with_ipv6_cidr_blocks",
            "module.security_groups.module.private_sg.aws_security_group_rule.egress_with_prefix_list_ids",
            "module.security_groups.module.private_sg.aws_security_group_rule.egress_with_self",
            "module.security_groups.module.private_sg.aws_security_group_rule.egress_with_source_security_group_id",
            "module.security_groups.module.private_sg.aws_security_group_rule.ingress_rules",
            "module.security_groups.module.private_sg.aws_security_group_rule.ingress_with_cidr_blocks",
            "module.security_groups.module.private_sg.aws_security_group_rule.ingress_with_ipv6_cidr_blocks",
            "module.security_groups.module.private_sg.aws_security_group_rule.ingress_with_prefix_list_ids",
            "module.security_groups.module.private_sg.aws_security_group_rule.ingress_with_self",
            "module.security_groups.module.private_sg.aws_security_group_rule.ingress_with_source_security_group_id",
            "module.security_groups.module.public_bastion_sg.aws_security_group.this",
            "module.security_groups.module.public_bastion_sg.aws_security_group.this_name_prefix",
            "module.security_groups.module.public_bastion_sg.aws_security_group_rule.computed_egress_rules",
            "module.security_groups.module.public_bastion_sg.aws_security_group_rule.computed_egress_with_cidr_blocks",
            "module.security_groups.module.public_bastion_sg.aws_security_group_rule.computed_egress_with_ipv6_cidr_blocks",
            "module.security_groups.module.public_bastion_sg.aws_security_group_rule.computed_egress_with_prefix_list_ids",
            "module.security_groups.module.public_bastion_sg.aws_security_group_rule.computed_egress_with_self",
            "module.security_groups.module.public_bastion_sg.aws_security_group_rule.computed_egress_with_source_security_group_id",
            "module.security_groups.module.public_bastion_sg.aws_security_group_rule.computed_ingress_rules",
            "module.security_groups.module.public_bastion_sg.aws_security_group_rule.computed_ingress_with_cidr_blocks",
            "module.security_groups.module.public_bastion_sg.aws_security_group_rule.computed_ingress_with_ipv6_cidr_blocks",
            "module.security_groups.module.public_bastion_sg.aws_security_group_rule.computed_ingress_with_prefix_list_ids",
            "module.security_groups.module.public_bastion_sg.aws_security_group_rule.computed_ingress_with_self",
            "module.security_groups.module.public_bastion_sg.aws_security_group_rule.computed_ingress_with_source_security_group_id",
            "module.security_groups.module.public_bastion_sg.aws_security_group_rule.egress_rules",
            "module.security_groups.module.public_bastion_sg.aws_security_group_rule.egress_with_cidr_blocks",
            "module.security_groups.module.public_bastion_sg.aws_security_group_rule.egress_with_ipv6_cidr_blocks",
            "module.security_groups.module.public_bastion_sg.aws_security_group_rule.egress_with_prefix_list_ids",
            "module.security_groups.module.public_bastion_sg.aws_security_group_rule.egress_with_self",
            "module.security_groups.module.public_bastion_sg.aws_security_group_rule.egress_with_source_security_group_id",
            "module.security_groups.module.public_bastion_sg.aws_security_group_rule.ingress_rules",
            "module.security_groups.module.public_bastion_sg.aws_security_group_rule.ingress_with_cidr_blocks",
            "module.security_groups.module.public_bastion_sg.aws_security_group_rule.ingress_with_ipv6_cidr_blocks",
            "module.security_groups.module.public_bastion_sg.aws_security_group_rule.ingress_with_prefix_list_ids",
            "module.security_groups.module.public_bastion_sg.aws_security_group_rule.ingress_with_self",
            "module.security_groups.module.public_bastion_sg.aws_security_group_rule.ingress_with_source_security_group_id",
            "module.security_groups.module.rdsdb_sg.aws_security_group.this",
            "module.security_groups.module.rdsdb_sg.aws_security_group.this_name_prefix",
            "module.security_groups.module.rdsdb_sg.aws_security_group_rule.computed_egress_rules",
            "module.security_groups.module.rdsdb_sg.aws_security_group_rule.computed_egress_with_cidr_blocks",
            "module.security_groups.module.rdsdb_sg.aws_security_group_rule.computed_egress_with_ipv6_cidr_blocks",
            "module.security_groups.module.rdsdb_sg.aws_security_group_rule.computed_egress_with_prefix_list_ids",
            "module.security_groups.module.rdsdb_sg.aws_security_group_rule.computed_egress_with_self",
            "module.security_groups.module.rdsdb_sg.aws_security_group_rule.computed_egress_with_source_security_group_id",
            "module.security_groups.module.rdsdb_sg.aws_security_group_rule.computed_ingress_rules",
            "module.security_groups.module.rdsdb_sg.aws_security_group_rule.computed_ingress_with_cidr_blocks",
            "module.security_groups.module.rdsdb_sg.aws_security_group_rule.computed_ingress_with_ipv6_cidr_blocks",
            "module.security_groups.module.rdsdb_sg.aws_security_group_rule.computed_ingress_with_prefix_list_ids",
            "module.security_groups.module.rdsdb_sg.aws_security_group_rule.computed_ingress_with_self",
            "module.security_groups.module.rdsdb_sg.aws_security_group_rule.computed_ingress_with_source_security_group_id",
            "module.security_groups.module.rdsdb_sg.aws_security_group_rule.egress_rules",
            "module.security_groups.module.rdsdb_sg.aws_security_group_rule.egress_with_cidr_blocks",
            "module.security_groups.module.rdsdb_sg.aws_security_group_rule.egress_with_ipv6_cidr_blocks",
            "module.security_groups.module.rdsdb_sg.aws_security_group_rule.egress_with_prefix_list_ids",
            "module.security_groups.module.rdsdb_sg.aws_security_group_rule.egress_with_self",
            "module.security_groups.module.rdsdb_sg.aws_security_group_rule.egress_with_source_security_group_id",
            "module.security_groups.module.rdsdb_sg.aws_security_group_rule.ingress_rules",
            "module.security_groups.module.rdsdb_sg.aws_security_group_rule.ingress_with_cidr_blocks",
            "module.security_groups.module.rdsdb_sg.aws_security_group_rule.ingress_with_ipv6_cidr_blocks",
            "module.security_groups.module.rdsdb_sg.aws_security_group_rule.ingress_with_prefix_list_ids",
            "module.security_groups.module.rdsdb_sg.aws_security_group_rule.ingress_with_self",
            "module.security_groups.module.rdsdb_sg.aws_security_group_rule.ingress_with_source_security_group_id",
            "module.vpc.module.vpc.aws_cloudwatch_log_group.flow_log",
            "module.vpc.module.vpc.aws_customer_gateway.this",
            "module.vpc.module.vpc.aws_db_subnet_group.database",
            "module.vpc.module.vpc.aws_default_network_acl.this",
            "module.vpc.module.vpc.aws_default_route_table.default",
            "module.vpc.module.vpc.aws_default_security_group.this",
            "module.vpc.module.vpc.aws_default_vpc.this",
            "module.vpc.module.vpc.aws_egress_only_internet_gateway.this",
            "module.vpc.module.vpc.aws_eip.nat",
            "module.vpc.module.vpc.aws_elasticache_subnet_group.elasticache",
            "module.vpc.module.vpc.aws_flow_log.this",
            "module.vpc.module.vpc.aws_iam_policy.vpc_flow_log_cloudwatch",
            "module.vpc.module.vpc.aws_iam_role.vpc_flow_log_cloudwatch",
            "module.vpc.module.vpc.aws_iam_role_policy_attachment.vpc_flow_log_cloudwatch",
            "module.vpc.module.vpc.aws_internet_gateway.this",
            "module.vpc.module.vpc.aws_nat_gateway.this",
            "module.vpc.module.vpc.aws_network_acl.database",
            "module.vpc.module.vpc.aws_network_acl.elasticache",
            "module.vpc.module.vpc.aws_network_acl.intra",
            "module.vpc.module.vpc.aws_network_acl.outpost",
            "module.vpc.module.vpc.aws_network_acl.private",
            "module.vpc.module.vpc.aws_network_acl.public",
            "module.vpc.module.vpc.aws_network_acl.redshift",
            "module.vpc.module.vpc.aws_network_acl_rule.database_inbound",
            "module.vpc.module.vpc.aws_network_acl_rule.database_outbound",
            "module.vpc.module.vpc.aws_network_acl_rule.elasticache_inbound",
            "module.vpc.module.vpc.aws_network_acl_rule.elasticache_outbound",
            "module.vpc.module.vpc.aws_network_acl_rule.intra_inbound",
            "module.vpc.module.vpc.aws_network_acl_rule.intra_outbound",
            "module.vpc.module.vpc.aws_network_acl_rule.outpost_inbound",
            "module.vpc.module.vpc.aws_network_acl_rule.outpost_outbound",
            "module.vpc.module.vpc.aws_network_acl_rule.private_inbound",
            "module.vpc.module.vpc.aws_network_acl_rule.private_outbound",
            "module.vpc.module.vpc.aws_network_acl_rule.public_inbound",
            "module.vpc.module.vpc.aws_network_acl_rule.public_outbound",
            "module.vpc.module.vpc.aws_network_acl_rule.redshift_inbound",
            "module.vpc.module.vpc.aws_network_acl_rule.redshift_outbound",
            "module.vpc.module.vpc.aws_redshift_subnet_group.redshift",
            "module.vpc.module.vpc.aws_route.database_dns64_nat_gateway",
            "module.vpc.module.vpc.aws_route.database_internet_gateway",
            "module.vpc.module.vpc.aws_route.database_ipv6_egress",
            "module.vpc.module.vpc.aws_route.database_nat_gateway",
            "module.vpc.module.vpc.aws_route.private_dns64_nat_gateway",
            "module.vpc.module.vpc.aws_route.private_ipv6_egress",
            "module.vpc.module.vpc.aws_route.private_nat_gateway",
            "module.vpc.module.vpc.aws_route.public_internet_gateway",
            "module.vpc.module.vpc.aws_route.public_internet_gateway_ipv6",
            "module.vpc.module.vpc.aws_route_table.database",
            "module.vpc.module.vpc.aws_route_table.elasticache",
            "module.vpc.module.vpc.aws_route_table.intra",
            "module.vpc.module.vpc.aws_route_table.private",
            "module.vpc.module.vpc.aws_route_table.public",
            "module.vpc.module.vpc.aws_route_table.redshift",
            "module.vpc.module.vpc.aws_route_table_association.database",
            "module.vpc.module.vpc.aws_route_table_association.elasticache",
            "module.vpc.module.vpc.aws_route_table_association.intra",
            "module.vpc.module.vpc.aws_route_table_association.outpost",
            "module.vpc.module.vpc.aws_route_table_association.private",
            "module.vpc.module.vpc.aws_route_table_association.public",
            "module.vpc.module.vpc.aws_route_table_association.redshift",
            "module.vpc.module.vpc.aws_route_table_association.redshift_public",
            "module.vpc.module.vpc.aws_subnet.database",
            "module.vpc.module.vpc.aws_subnet.elasticache",
            "module.vpc.module.vpc.aws_subnet.intra",
            "module.vpc.module.vpc.aws_subnet.outpost",
            "module.vpc.module.vpc.aws_subnet.private",
            "module.vpc.module.vpc.aws_subnet.public",
            "module.vpc.module.vpc.aws_subnet.redshift",
            "module.vpc.module.vpc.aws_vpc.this",
            "module.vpc.module.vpc.aws_vpc_dhcp_options.this",
            "module.vpc.module.vpc.aws_vpc_dhcp_options_association.this",
            "module.vpc.module.vpc.aws_vpc_ipv4_cidr_block_association.this",
            "module.vpc.module.vpc.aws_vpn_gateway.this",
            "module.vpc.module.vpc.aws_vpn_gateway_attachment.this",
            "module.vpc.module.vpc.aws_vpn_gateway_route_propagation.intra",
            "module.vpc.module.vpc.aws_vpn_gateway_route_propagation.private",
            "module.vpc.module.vpc.aws_vpn_gateway_route_propagation.public",
            "module.vpc.module.vpc.data.aws_iam_policy_document.flow_log_cloudwatch_assume_role",
            "module.vpc.module.vpc.data.aws_iam_policy_document.vpc_flow_log_cloudwatch"
          ],
          "create_before_destroy": true
        }
      ]
    },
    {
      "module": "module.rds.module.rdsdb.module.db_parameter_group",
      "mode": "managed",
      "type": "aws_db_parameter_group",
      "name": "this",
      "provider": "provider[\"registry.terraform.io/hashicorp/aws\"]",
      "instances": [
        {
          "index_key": 0,
          "schema_version": 0,
          "attributes": {
            "arn": "arn:aws:rds:us-east-1:043509840958:pg:webappdb-20260221135918362900000018",
            "description": "webappdb parameter group",
            "family": "mysql8.0",
            "id": "webappdb-20260221135918362900000018",
            "name": "webappdb-20260221135918362900000018",
            "name_prefix": "webappdb-",
            "parameter": [
              {
                "apply_method": "immediate",
                "name": "character_set_client",
                "value": "utf8mb4"
              },
              {
                "apply_method": "immediate",
                "name": "character_set_server",
                "value": "utf8mb4"
              }
            ],
            "region": "us-east-1",
            "skip_destroy": false,
            "tags": {
              "ManagedBy": "Terraform",
              "Name": "webappdb",
              "Project": "terraform-aws-infrastructure",
              "Sensitive": "low",
              "environment": "dev",
              "owners": "hr"
            },
            "tags_all": {
              "ManagedBy": "Terraform",
              "Name": "webappdb",
              "Project": "terraform-aws-infrastructure",
              "Sensitive": "low",
              "environment": "dev",
              "owners": "hr"
            }
          },
          "sensitive_attributes": [],
          "identity_schema_version": 0,
          "private": "bnVsbA==",
          "dependencies": [
            "module.security_groups.module.loadbalancer_sg.aws_security_group.this",
            "module.security_groups.module.loadbalancer_sg.aws_security_group.this_name_prefix",
            "module.security_groups.module.loadbalancer_sg.aws_security_group_rule.computed_egress_rules",
            "module.security_groups.module.loadbalancer_sg.aws_security_group_rule.computed_egress_with_cidr_blocks",
            "module.security_groups.module.loadbalancer_sg.aws_security_group_rule.computed_egress_with_ipv6_cidr_blocks",
            "module.security_groups.module.loadbalancer_sg.aws_security_group_rule.computed_egress_with_prefix_list_ids",
            "module.security_groups.module.loadbalancer_sg.aws_security_group_rule.computed_egress_with_self",
            "module.security_groups.module.loadbalancer_sg.aws_security_group_rule.computed_egress_with_source_security_group_id",
            "module.security_groups.module.loadbalancer_sg.aws_security_group_rule.computed_ingress_rules",
            "module.security_groups.module.loadbalancer_sg.aws_security_group_rule.computed_ingress_with_cidr_blocks",
            "module.security_groups.module.loadbalancer_sg.aws_security_group_rule.computed_ingress_with_ipv6_cidr_blocks",
            "module.security_groups.module.loadbalancer_sg.aws_security_group_rule.computed_ingress_with_prefix_list_ids",
            "module.security_groups.module.loadbalancer_sg.aws_security_group_rule.computed_ingress_with_self",
            "module.security_groups.module.loadbalancer_sg.aws_security_group_rule.computed_ingress_with_source_security_group_id",
            "module.security_groups.module.loadbalancer_sg.aws_security_group_rule.egress_rules",
            "module.security_groups.module.loadbalancer_sg.aws_security_group_rule.egress_with_cidr_blocks",
            "module.security_groups.module.loadbalancer_sg.aws_security_group_rule.egress_with_ipv6_cidr_blocks",
            "module.security_groups.module.loadbalancer_sg.aws_security_group_rule.egress_with_prefix_list_ids",
            "module.security_groups.module.loadbalancer_sg.aws_security_group_rule.egress_with_self",
            "module.security_groups.module.loadbalancer_sg.aws_security_group_rule.egress_with_source_security_group_id",
            "module.security_groups.module.loadbalancer_sg.aws_security_group_rule.ingress_rules",
            "module.security_groups.module.loadbalancer_sg.aws_security_group_rule.ingress_with_cidr_blocks",
            "module.security_groups.module.loadbalancer_sg.aws_security_group_rule.ingress_with_ipv6_cidr_blocks",
            "module.security_groups.module.loadbalancer_sg.aws_security_group_rule.ingress_with_prefix_list_ids",
            "module.security_groups.module.loadbalancer_sg.aws_security_group_rule.ingress_with_self",
            "module.security_groups.module.loadbalancer_sg.aws_security_group_rule.ingress_with_source_security_group_id",
            "module.security_groups.module.private_sg.aws_security_group.this",
            "module.security_groups.module.private_sg.aws_security_group.this_name_prefix",
            "module.security_groups.module.private_sg.aws_security_group_rule.computed_egress_rules",
            "module.security_groups.module.private_sg.aws_security_group_rule.computed_egress_with_cidr_blocks",
            "module.security_groups.module.private_sg.aws_security_group_rule.computed_egress_with_ipv6_cidr_blocks",
            "module.security_groups.module.private_sg.aws_security_group_rule.computed_egress_with_prefix_list_ids",
            "module.security_groups.module.private_sg.aws_security_group_rule.computed_egress_with_self",
            "module.security_groups.module.private_sg.aws_security_group_rule.computed_egress_with_source_security_group_id",
            "module.security_groups.module.private_sg.aws_security_group_rule.computed_ingress_rules",
            "module.security_groups.module.private_sg.aws_security_group_rule.computed_ingress_with_cidr_blocks",
            "module.security_groups.module.private_sg.aws_security_group_rule.computed_ingress_with_ipv6_cidr_blocks",
            "module.security_groups.module.private_sg.aws_security_group_rule.computed_ingress_with_prefix_list_ids",
            "module.security_groups.module.private_sg.aws_security_group_rule.computed_ingress_with_self",
            "module.security_groups.module.private_sg.aws_security_group_rule.computed_ingress_with_source_security_group_id",
            "module.security_groups.module.private_sg.aws_security_group_rule.egress_rules",
            "module.security_groups.module.private_sg.aws_security_group_rule.egress_with_cidr_blocks",
            "module.security_groups.module.private_sg.aws_security_group_rule.egress_with_ipv6_cidr_blocks",
            "module.security_groups.module.private_sg.aws_security_group_rule.egress_with_prefix_list_ids",
            "module.security_groups.module.private_sg.aws_security_group_rule.egress_with_self",
            "module.security_groups.module.private_sg.aws_security_group_rule.egress_with_source_security_group_id",
            "module.security_groups.module.private_sg.aws_security_group_rule.ingress_rules",
            "module.security_groups.module.private_sg.aws_security_group_rule.ingress_with_cidr_blocks",
            "module.security_groups.module.private_sg.aws_security_group_rule.ingress_with_ipv6_cidr_blocks",
            "module.security_groups.module.private_sg.aws_security_group_rule.ingress_with_prefix_list_ids",
            "module.security_groups.module.private_sg.aws_security_group_rule.ingress_with_self",
            "module.security_groups.module.private_sg.aws_security_group_rule.ingress_with_source_security_group_id",
            "module.security_groups.module.public_bastion_sg.aws_security_group.this",
            "module.security_groups.module.public_bastion_sg.aws_security_group.this_name_prefix",
            "module.security_groups.module.public_bastion_sg.aws_security_group_rule.computed_egress_rules",
            "module.security_groups.module.public_bastion_sg.aws_security_group_rule.computed_egress_with_cidr_blocks",
            "module.security_groups.module.public_bastion_sg.aws_security_group_rule.computed_egress_with_ipv6_cidr_blocks",
            "module.security_groups.module.public_bastion_sg.aws_security_group_rule.computed_egress_with_prefix_list_ids",
            "module.security_groups.module.public_bastion_sg.aws_security_group_rule.computed_egress_with_self",
            "module.security_groups.module.public_bastion_sg.aws_security_group_rule.computed_egress_with_source_security_group_id",
            "module.security_groups.module.public_bastion_sg.aws_security_group_rule.computed_ingress_rules",
            "module.security_groups.module.public_bastion_sg.aws_security_group_rule.computed_ingress_with_cidr_blocks",
            "module.security_groups.module.public_bastion_sg.aws_security_group_rule.computed_ingress_with_ipv6_cidr_blocks",
            "module.security_groups.module.public_bastion_sg.aws_security_group_rule.computed_ingress_with_prefix_list_ids",
            "module.security_groups.module.public_bastion_sg.aws_security_group_rule.computed_ingress_with_self",
            "module.security_groups.module.public_bastion_sg.aws_security_group_rule.computed_ingress_with_source_security_group_id",
            "module.security_groups.module.public_bastion_sg.aws_security_group_rule.egress_rules",
            "module.security_groups.module.public_bastion_sg.aws_security_group_rule.egress_with_cidr_blocks",
            "module.security_groups.module.public_bastion_sg.aws_security_group_rule.egress_with_ipv6_cidr_blocks",
            "module.security_groups.module.public_bastion_sg.aws_security_group_rule.egress_with_prefix_list_ids",
            "module.security_groups.module.public_bastion_sg.aws_security_group_rule.egress_with_self",
            "module.security_groups.module.public_bastion_sg.aws_security_group_rule.egress_with_source_security_group_id",
            "module.security_groups.module.public_bastion_sg.aws_security_group_rule.ingress_rules",
            "module.security_groups.module.public_bastion_sg.aws_security_group_rule.ingress_with_cidr_blocks",
            "module.security_groups.module.public_bastion_sg.aws_security_group_rule.ingress_with_ipv6_cidr_blocks",
            "module.security_groups.module.public_bastion_sg.aws_security_group_rule.ingress_with_prefix_list_ids",
            "module.security_groups.module.public_bastion_sg.aws_security_group_rule.ingress_with_self",
            "module.security_groups.module.public_bastion_sg.aws_security_group_rule.ingress_with_source_security_group_id",
            "module.security_groups.module.rdsdb_sg.aws_security_group.this",
            "module.security_groups.module.rdsdb_sg.aws_security_group.this_name_prefix",
            "module.security_groups.module.rdsdb_sg.aws_security_group_rule.computed_egress_rules",
            "module.security_groups.module.rdsdb_sg.aws_security_group_rule.computed_egress_with_cidr_blocks",
            "module.security_groups.module.rdsdb_sg.aws_security_group_rule.computed_egress_with_ipv6_cidr_blocks",
            "module.security_groups.module.rdsdb_sg.aws_security_group_rule.computed_egress_with_prefix_list_ids",
            "module.security_groups.module.rdsdb_sg.aws_security_group_rule.computed_egress_with_self",
            "module.security_groups.module.rdsdb_sg.aws_security_group_rule.computed_egress_with_source_security_group_id",
            "module.security_groups.module.rdsdb_sg.aws_security_group_rule.computed_ingress_rules",
            "module.security_groups.module.rdsdb_sg.aws_security_group_rule.computed_ingress_with_cidr_blocks",
            "module.security_groups.module.rdsdb_sg.aws_security_group_rule.computed_ingress_with_ipv6_cidr_blocks",
            "module.security_groups.module.rdsdb_sg.aws_security_group_rule.computed_ingress_with_prefix_list_ids",
            "module.security_groups.module.rdsdb_sg.aws_security_group_rule.computed_ingress_with_self",
            "module.security_groups.module.rdsdb_sg.aws_security_group_rule.computed_ingress_with_source_security_group_id",
            "module.security_groups.module.rdsdb_sg.aws_security_group_rule.egress_rules",
            "module.security_groups.module.rdsdb_sg.aws_security_group_rule.egress_with_cidr_blocks",
            "module.security_groups.module.rdsdb_sg.aws_security_group_rule.egress_with_ipv6_cidr_blocks",
            "module.security_groups.module.rdsdb_sg.aws_security_group_rule.egress_with_prefix_list_ids",
            "module.security_groups.module.rdsdb_sg.aws_security_group_rule.egress_with_self",
            "module.security_groups.module.rdsdb_sg.aws_security_group_rule.egress_with_source_security_group_id",
            "module.security_groups.module.rdsdb_sg.aws_security_group_rule.ingress_rules",
            "module.security_groups.module.rdsdb_sg.aws_security_group_rule.ingress_with_cidr_blocks",
            "module.security_groups.module.rdsdb_sg.aws_security_group_rule.ingress_with_ipv6_cidr_blocks",
            "module.security_groups.module.rdsdb_sg.aws_security_group_rule.ingress_with_prefix_list_ids",
            "module.security_groups.module.rdsdb_sg.aws_security_group_rule.ingress_with_self",
            "module.security_groups.module.rdsdb_sg.aws_security_group_rule.ingress_with_source_security_group_id",
            "module.vpc.module.vpc.aws_cloudwatch_log_group.flow_log",
            "module.vpc.module.vpc.aws_customer_gateway.this",
            "module.vpc.module.vpc.aws_db_subnet_group.database",
            "module.vpc.module.vpc.aws_default_network_acl.this",
            "module.vpc.module.vpc.aws_default_route_table.default",
            "module.vpc.module.vpc.aws_default_security_group.this",
            "module.vpc.module.vpc.aws_default_vpc.this",
            "module.vpc.module.vpc.aws_egress_only_internet_gateway.this",
            "module.vpc.module.vpc.aws_eip.nat",
            "module.vpc.module.vpc.aws_elasticache_subnet_group.elasticache",
            "module.vpc.module.vpc.aws_flow_log.this",
            "module.vpc.module.vpc.aws_iam_policy.vpc_flow_log_cloudwatch",
            "module.vpc.module.vpc.aws_iam_role.vpc_flow_log_cloudwatch",
            "module.vpc.module.vpc.aws_iam_role_policy_attachment.vpc_flow_log_cloudwatch",
            "module.vpc.module.vpc.aws_internet_gateway.this",
            "module.vpc.module.vpc.aws_nat_gateway.this",
            "module.vpc.module.vpc.aws_network_acl.database",
            "module.vpc.module.vpc.aws_network_acl.elasticache",
            "module.vpc.module.vpc.aws_network_acl.intra",
            "module.vpc.module.vpc.aws_network_acl.outpost",
            "module.vpc.module.vpc.aws_network_acl.private",
            "module.vpc.module.vpc.aws_network_acl.public",
            "module.vpc.module.vpc.aws_network_acl.redshift",
            "module.vpc.module.vpc.aws_network_acl_rule.database_inbound",
            "module.vpc.module.vpc.aws_network_acl_rule.database_outbound",
            "module.vpc.module.vpc.aws_network_acl_rule.elasticache_inbound",
            "module.vpc.module.vpc.aws_network_acl_rule.elasticache_outbound",
            "module.vpc.module.vpc.aws_network_acl_rule.intra_inbound",
            "module.vpc.module.vpc.aws_network_acl_rule.intra_outbound",
            "module.vpc.module.vpc.aws_network_acl_rule.outpost_inbound",
            "module.vpc.module.vpc.aws_network_acl_rule.outpost_outbound",
            "module.vpc.module.vpc.aws_network_acl_rule.private_inbound",
            "module.vpc.module.vpc.aws_network_acl_rule.private_outbound",
            "module.vpc.module.vpc.aws_network_acl_rule.public_inbound",
            "module.vpc.module.vpc.aws_network_acl_rule.public_outbound",
            "module.vpc.module.vpc.aws_network_acl_rule.redshift_inbound",
            "module.vpc.module.vpc.aws_network_acl_rule.redshift_outbound",
            "module.vpc.module.vpc.aws_redshift_subnet_group.redshift",
            "module.vpc.module.vpc.aws_route.database_dns64_nat_gateway",
            "module.vpc.module.vpc.aws_route.database_internet_gateway",
            "module.vpc.module.vpc.aws_route.database_ipv6_egress",
            "module.vpc.module.vpc.aws_route.database_nat_gateway",
            "module.vpc.module.vpc.aws_route.private_dns64_nat_gateway",
            "module.vpc.module.vpc.aws_route.private_ipv6_egress",
            "module.vpc.module.vpc.aws_route.private_nat_gateway",
            "module.vpc.module.vpc.aws_route.public_internet_gateway",
            "module.vpc.module.vpc.aws_route.public_internet_gateway_ipv6",
            "module.vpc.module.vpc.aws_route_table.database",
            "module.vpc.module.vpc.aws_route_table.elasticache",
            "module.vpc.module.vpc.aws_route_table.intra",
            "module.vpc.module.vpc.aws_route_table.private",
            "module.vpc.module.vpc.aws_route_table.public",
            "module.vpc.module.vpc.aws_route_table.redshift",
            "module.vpc.module.vpc.aws_route_table_association.database",
            "module.vpc.module.vpc.aws_route_table_association.elasticache",
            "module.vpc.module.vpc.aws_route_table_association.intra",
            "module.vpc.module.vpc.aws_route_table_association.outpost",
            "module.vpc.module.vpc.aws_route_table_association.private",
            "module.vpc.module.vpc.aws_route_table_association.public",
            "module.vpc.module.vpc.aws_route_table_association.redshift",
            "module.vpc.module.vpc.aws_route_table_association.redshift_public",
            "module.vpc.module.vpc.aws_subnet.database",
            "module.vpc.module.vpc.aws_subnet.elasticache",
            "module.vpc.module.vpc.aws_subnet.intra",
            "module.vpc.module.vpc.aws_subnet.outpost",
            "module.vpc.module.vpc.aws_subnet.private",
            "module.vpc.module.vpc.aws_subnet.public",
            "module.vpc.module.vpc.aws_subnet.redshift",
            "module.vpc.module.vpc.aws_vpc.this",
            "module.vpc.module.vpc.aws_vpc_dhcp_options.this",
            "module.vpc.module.vpc.aws_vpc_dhcp_options_association.this",
            "module.vpc.module.vpc.aws_vpc_ipv4_cidr_block_association.this",
            "module.vpc.module.vpc.aws_vpn_gateway.this",
            "module.vpc.module.vpc.aws_vpn_gateway_attachment.this",
            "module.vpc.module.vpc.aws_vpn_gateway_route_propagation.intra",
            "module.vpc.module.vpc.aws_vpn_gateway_route_propagation.private",
            "module.vpc.module.vpc.aws_vpn_gateway_route_propagation.public",
            "module.vpc.module.vpc.data.aws_iam_policy_document.flow_log_cloudwatch_assume_role",
            "module.vpc.module.vpc.data.aws_iam_policy_document.vpc_flow_log_cloudwatch"
          ],
          "create_before_destroy": true
        }
      ]
    },
    {
      "module": "module.rds.module.rdsdb.module.db_subnet_group",
      "mode": "managed",
      "type": "aws_db_subnet_group",
      "name": "this",
      "provider": "provider[\"registry.terraform.io/hashicorp/aws\"]",
      "instances": [
        {
          "index_key": 0,
          "schema_version": 0,
          "attributes": {
            "arn": "arn:aws:rds:us-east-1:043509840958:subgrp:webappdb-20260221135920238700000019",
            "description": "webappdb subnet group",
            "id": "webappdb-20260221135920238700000019",
            "name": "webappdb-20260221135920238700000019",
            "name_prefix": "webappdb-",
            "region": "us-east-1",
            "subnet_ids": [
              "subnet-0369b5ef92cc05ca2",
              "subnet-05896ce369f2a718f",
              "subnet-082384c58db51293d"
            ],
            "supported_network_types": [
              "IPV4"
            ],
            "tags": {
              "ManagedBy": "Terraform",
              "Name": "webappdb",
              "Project": "terraform-aws-infrastructure",
              "Sensitive": "high",
              "environment": "dev",
              "owners": "hr"
            },
            "tags_all": {
              "ManagedBy": "Terraform",
              "Name": "webappdb",
              "Project": "terraform-aws-infrastructure",
              "Sensitive": "high",
              "environment": "dev",
              "owners": "hr"
            },
            "vpc_id": "vpc-0378c6ca2ce9c16be"
          },
          "sensitive_attributes": [],
          "identity_schema_version": 0,
          "private": "bnVsbA==",
          "dependencies": [
            "module.security_groups.module.loadbalancer_sg.aws_security_group.this",
            "module.security_groups.module.loadbalancer_sg.aws_security_group.this_name_prefix",
            "module.security_groups.module.loadbalancer_sg.aws_security_group_rule.computed_egress_rules",
            "module.security_groups.module.loadbalancer_sg.aws_security_group_rule.computed_egress_with_cidr_blocks",
            "module.security_groups.module.loadbalancer_sg.aws_security_group_rule.computed_egress_with_ipv6_cidr_blocks",
            "module.security_groups.module.loadbalancer_sg.aws_security_group_rule.computed_egress_with_prefix_list_ids",
            "module.security_groups.module.loadbalancer_sg.aws_security_group_rule.computed_egress_with_self",
            "module.security_groups.module.loadbalancer_sg.aws_security_group_rule.computed_egress_with_source_security_group_id",
            "module.security_groups.module.loadbalancer_sg.aws_security_group_rule.computed_ingress_rules",
            "module.security_groups.module.loadbalancer_sg.aws_security_group_rule.computed_ingress_with_cidr_blocks",
            "module.security_groups.module.loadbalancer_sg.aws_security_group_rule.computed_ingress_with_ipv6_cidr_blocks",
            "module.security_groups.module.loadbalancer_sg.aws_security_group_rule.computed_ingress_with_prefix_list_ids",
            "module.security_groups.module.loadbalancer_sg.aws_security_group_rule.computed_ingress_with_self",
            "module.security_groups.module.loadbalancer_sg.aws_security_group_rule.computed_ingress_with_source_security_group_id",
            "module.security_groups.module.loadbalancer_sg.aws_security_group_rule.egress_rules",
            "module.security_groups.module.loadbalancer_sg.aws_security_group_rule.egress_with_cidr_blocks",
            "module.security_groups.module.loadbalancer_sg.aws_security_group_rule.egress_with_ipv6_cidr_blocks",
            "module.security_groups.module.loadbalancer_sg.aws_security_group_rule.egress_with_prefix_list_ids",
            "module.security_groups.module.loadbalancer_sg.aws_security_group_rule.egress_with_self",
            "module.security_groups.module.loadbalancer_sg.aws_security_group_rule.egress_with_source_security_group_id",
            "module.security_groups.module.loadbalancer_sg.aws_security_group_rule.ingress_rules",
            "module.security_groups.module.loadbalancer_sg.aws_security_group_rule.ingress_with_cidr_blocks",
            "module.security_groups.module.loadbalancer_sg.aws_security_group_rule.ingress_with_ipv6_cidr_blocks",
            "module.security_groups.module.loadbalancer_sg.aws_security_group_rule.ingress_with_prefix_list_ids",
            "module.security_groups.module.loadbalancer_sg.aws_security_group_rule.ingress_with_self",
            "module.security_groups.module.loadbalancer_sg.aws_security_group_rule.ingress_with_source_security_group_id",
            "module.security_groups.module.private_sg.aws_security_group.this",
            "module.security_groups.module.private_sg.aws_security_group.this_name_prefix",
            "module.security_groups.module.private_sg.aws_security_group_rule.computed_egress_rules",
            "module.security_groups.module.private_sg.aws_security_group_rule.computed_egress_with_cidr_blocks",
            "module.security_groups.module.private_sg.aws_security_group_rule.computed_egress_with_ipv6_cidr_blocks",
            "module.security_groups.module.private_sg.aws_security_group_rule.computed_egress_with_prefix_list_ids",
            "module.security_groups.module.private_sg.aws_security_group_rule.computed_egress_with_self",
            "module.security_groups.module.private_sg.aws_security_group_rule.computed_egress_with_source_security_group_id",
            "module.security_groups.module.private_sg.aws_security_group_rule.computed_ingress_rules",
            "module.security_groups.module.private_sg.aws_security_group_rule.computed_ingress_with_cidr_blocks",
            "module.security_groups.module.private_sg.aws_security_group_rule.computed_ingress_with_ipv6_cidr_blocks",
            "module.security_groups.module.private_sg.aws_security_group_rule.computed_ingress_with_prefix_list_ids",
            "module.security_groups.module.private_sg.aws_security_group_rule.computed_ingress_with_self",
            "module.security_groups.module.private_sg.aws_security_group_rule.computed_ingress_with_source_security_group_id",
            "module.security_groups.module.private_sg.aws_security_group_rule.egress_rules",
            "module.security_groups.module.private_sg.aws_security_group_rule.egress_with_cidr_blocks",
            "module.security_groups.module.private_sg.aws_security_group_rule.egress_with_ipv6_cidr_blocks",
            "module.security_groups.module.private_sg.aws_security_group_rule.egress_with_prefix_list_ids",
            "module.security_groups.module.private_sg.aws_security_group_rule.egress_with_self",
            "module.security_groups.module.private_sg.aws_security_group_rule.egress_with_source_security_group_id",
            "module.security_groups.module.private_sg.aws_security_group_rule.ingress_rules",
            "module.security_groups.module.private_sg.aws_security_group_rule.ingress_with_cidr_blocks",
            "module.security_groups.module.private_sg.aws_security_group_rule.ingress_with_ipv6_cidr_blocks",
            "module.security_groups.module.private_sg.aws_security_group_rule.ingress_with_prefix_list_ids",
            "module.security_groups.module.private_sg.aws_security_group_rule.ingress_with_self",
            "module.security_groups.module.private_sg.aws_security_group_rule.ingress_with_source_security_group_id",
            "module.security_groups.module.public_bastion_sg.aws_security_group.this",
            "module.security_groups.module.public_bastion_sg.aws_security_group.this_name_prefix",
            "module.security_groups.module.public_bastion_sg.aws_security_group_rule.computed_egress_rules",
            "module.security_groups.module.public_bastion_sg.aws_security_group_rule.computed_egress_with_cidr_blocks",
            "module.security_groups.module.public_bastion_sg.aws_security_group_rule.computed_egress_with_ipv6_cidr_blocks",
            "module.security_groups.module.public_bastion_sg.aws_security_group_rule.computed_egress_with_prefix_list_ids",
            "module.security_groups.module.public_bastion_sg.aws_security_group_rule.computed_egress_with_self",
            "module.security_groups.module.public_bastion_sg.aws_security_group_rule.computed_egress_with_source_security_group_id",
            "module.security_groups.module.public_bastion_sg.aws_security_group_rule.computed_ingress_rules",
            "module.security_groups.module.public_bastion_sg.aws_security_group_rule.computed_ingress_with_cidr_blocks",
            "module.security_groups.module.public_bastion_sg.aws_security_group_rule.computed_ingress_with_ipv6_cidr_blocks",
            "module.security_groups.module.public_bastion_sg.aws_security_group_rule.computed_ingress_with_prefix_list_ids",
            "module.security_groups.module.public_bastion_sg.aws_security_group_rule.computed_ingress_with_self",
            "module.security_groups.module.public_bastion_sg.aws_security_group_rule.computed_ingress_with_source_security_group_id",
            "module.security_groups.module.public_bastion_sg.aws_security_group_rule.egress_rules",
            "module.security_groups.module.public_bastion_sg.aws_security_group_rule.egress_with_cidr_blocks",
            "module.security_groups.module.public_bastion_sg.aws_security_group_rule.egress_with_ipv6_cidr_blocks",
            "module.security_groups.module.public_bastion_sg.aws_security_group_rule.egress_with_prefix_list_ids",
            "module.security_groups.module.public_bastion_sg.aws_security_group_rule.egress_with_self",
            "module.security_groups.module.public_bastion_sg.aws_security_group_rule.egress_with_source_security_group_id",
            "module.security_groups.module.public_bastion_sg.aws_security_group_rule.ingress_rules",
            "module.security_groups.module.public_bastion_sg.aws_security_group_rule.ingress_with_cidr_blocks",
            "module.security_groups.module.public_bastion_sg.aws_security_group_rule.ingress_with_ipv6_cidr_blocks",
            "module.security_groups.module.public_bastion_sg.aws_security_group_rule.ingress_with_prefix_list_ids",
            "module.security_groups.module.public_bastion_sg.aws_security_group_rule.ingress_with_self",
            "module.security_groups.module.public_bastion_sg.aws_security_group_rule.ingress_with_source_security_group_id",
            "module.security_groups.module.rdsdb_sg.aws_security_group.this",
            "module.security_groups.module.rdsdb_sg.aws_security_group.this_name_prefix",
            "module.security_groups.module.rdsdb_sg.aws_security_group_rule.computed_egress_rules",
            "module.security_groups.module.rdsdb_sg.aws_security_group_rule.computed_egress_with_cidr_blocks",
            "module.security_groups.module.rdsdb_sg.aws_security_group_rule.computed_egress_with_ipv6_cidr_blocks",
            "module.security_groups.module.rdsdb_sg.aws_security_group_rule.computed_egress_with_prefix_list_ids",
            "module.security_groups.module.rdsdb_sg.aws_security_group_rule.computed_egress_with_self",
            "module.security_groups.module.rdsdb_sg.aws_security_group_rule.computed_egress_with_source_security_group_id",
            "module.security_groups.module.rdsdb_sg.aws_security_group_rule.computed_ingress_rules",
            "module.security_groups.module.rdsdb_sg.aws_security_group_rule.computed_ingress_with_cidr_blocks",
            "module.security_groups.module.rdsdb_sg.aws_security_group_rule.computed_ingress_with_ipv6_cidr_blocks",
            "module.security_groups.module.rdsdb_sg.aws_security_group_rule.computed_ingress_with_prefix_list_ids",
            "module.security_groups.module.rdsdb_sg.aws_security_group_rule.computed_ingress_with_self",
            "module.security_groups.module.rdsdb_sg.aws_security_group_rule.computed_ingress_with_source_security_group_id",
            "module.security_groups.module.rdsdb_sg.aws_security_group_rule.egress_rules",
            "module.security_groups.module.rdsdb_sg.aws_security_group_rule.egress_with_cidr_blocks",
            "module.security_groups.module.rdsdb_sg.aws_security_group_rule.egress_with_ipv6_cidr_blocks",
            "module.security_groups.module.rdsdb_sg.aws_security_group_rule.egress_with_prefix_list_ids",
            "module.security_groups.module.rdsdb_sg.aws_security_group_rule.egress_with_self",
            "module.security_groups.module.rdsdb_sg.aws_security_group_rule.egress_with_source_security_group_id",
            "module.security_groups.module.rdsdb_sg.aws_security_group_rule.ingress_rules",
            "module.security_groups.module.rdsdb_sg.aws_security_group_rule.ingress_with_cidr_blocks",
            "module.security_groups.module.rdsdb_sg.aws_security_group_rule.ingress_with_ipv6_cidr_blocks",
            "module.security_groups.module.rdsdb_sg.aws_security_group_rule.ingress_with_prefix_list_ids",
            "module.security_groups.module.rdsdb_sg.aws_security_group_rule.ingress_with_self",
            "module.security_groups.module.rdsdb_sg.aws_security_group_rule.ingress_with_source_security_group_id",
            "module.vpc.module.vpc.aws_cloudwatch_log_group.flow_log",
            "module.vpc.module.vpc.aws_customer_gateway.this",
            "module.vpc.module.vpc.aws_db_subnet_group.database",
            "module.vpc.module.vpc.aws_default_network_acl.this",
            "module.vpc.module.vpc.aws_default_route_table.default",
            "module.vpc.module.vpc.aws_default_security_group.this",
            "module.vpc.module.vpc.aws_default_vpc.this",
            "module.vpc.module.vpc.aws_egress_only_internet_gateway.this",
            "module.vpc.module.vpc.aws_eip.nat",
            "module.vpc.module.vpc.aws_elasticache_subnet_group.elasticache",
            "module.vpc.module.vpc.aws_flow_log.this",
            "module.vpc.module.vpc.aws_iam_policy.vpc_flow_log_cloudwatch",
            "module.vpc.module.vpc.aws_iam_role.vpc_flow_log_cloudwatch",
            "module.vpc.module.vpc.aws_iam_role_policy_attachment.vpc_flow_log_cloudwatch",
            "module.vpc.module.vpc.aws_internet_gateway.this",
            "module.vpc.module.vpc.aws_nat_gateway.this",
            "module.vpc.module.vpc.aws_network_acl.database",
            "module.vpc.module.vpc.aws_network_acl.elasticache",
            "module.vpc.module.vpc.aws_network_acl.intra",
            "module.vpc.module.vpc.aws_network_acl.outpost",
            "module.vpc.module.vpc.aws_network_acl.private",
            "module.vpc.module.vpc.aws_network_acl.public",
            "module.vpc.module.vpc.aws_network_acl.redshift",
            "module.vpc.module.vpc.aws_network_acl_rule.database_inbound",
            "module.vpc.module.vpc.aws_network_acl_rule.database_outbound",
            "module.vpc.module.vpc.aws_network_acl_rule.elasticache_inbound",
            "module.vpc.module.vpc.aws_network_acl_rule.elasticache_outbound",
            "module.vpc.module.vpc.aws_network_acl_rule.intra_inbound",
            "module.vpc.module.vpc.aws_network_acl_rule.intra_outbound",
            "module.vpc.module.vpc.aws_network_acl_rule.outpost_inbound",
            "module.vpc.module.vpc.aws_network_acl_rule.outpost_outbound",
            "module.vpc.module.vpc.aws_network_acl_rule.private_inbound",
            "module.vpc.module.vpc.aws_network_acl_rule.private_outbound",
            "module.vpc.module.vpc.aws_network_acl_rule.public_inbound",
            "module.vpc.module.vpc.aws_network_acl_rule.public_outbound",
            "module.vpc.module.vpc.aws_network_acl_rule.redshift_inbound",
            "module.vpc.module.vpc.aws_network_acl_rule.redshift_outbound",
            "module.vpc.module.vpc.aws_redshift_subnet_group.redshift",
            "module.vpc.module.vpc.aws_route.database_dns64_nat_gateway",
            "module.vpc.module.vpc.aws_route.database_internet_gateway",
            "module.vpc.module.vpc.aws_route.database_ipv6_egress",
            "module.vpc.module.vpc.aws_route.database_nat_gateway",
            "module.vpc.module.vpc.aws_route.private_dns64_nat_gateway",
            "module.vpc.module.vpc.aws_route.private_ipv6_egress",
            "module.vpc.module.vpc.aws_route.private_nat_gateway",
            "module.vpc.module.vpc.aws_route.public_internet_gateway",
            "module.vpc.module.vpc.aws_route.public_internet_gateway_ipv6",
            "module.vpc.module.vpc.aws_route_table.database",
            "module.vpc.module.vpc.aws_route_table.elasticache",
            "module.vpc.module.vpc.aws_route_table.intra",
            "module.vpc.module.vpc.aws_route_table.private",
            "module.vpc.module.vpc.aws_route_table.public",
            "module.vpc.module.vpc.aws_route_table.redshift",
            "module.vpc.module.vpc.aws_route_table_association.database",
            "module.vpc.module.vpc.aws_route_table_association.elasticache",
            "module.vpc.module.vpc.aws_route_table_association.intra",
            "module.vpc.module.vpc.aws_route_table_association.outpost",
            "module.vpc.module.vpc.aws_route_table_association.private",
            "module.vpc.module.vpc.aws_route_table_association.public",
            "module.vpc.module.vpc.aws_route_table_association.redshift",
            "module.vpc.module.vpc.aws_route_table_association.redshift_public",
            "module.vpc.module.vpc.aws_subnet.database",
            "module.vpc.module.vpc.aws_subnet.elasticache",
            "module.vpc.module.vpc.aws_subnet.intra",
            "module.vpc.module.vpc.aws_subnet.outpost",
            "module.vpc.module.vpc.aws_subnet.private",
            "module.vpc.module.vpc.aws_subnet.public",
            "module.vpc.module.vpc.aws_subnet.redshift",
            "module.vpc.module.vpc.aws_vpc.this",
            "module.vpc.module.vpc.aws_vpc_dhcp_options.this",
            "module.vpc.module.vpc.aws_vpc_dhcp_options_association.this",
            "module.vpc.module.vpc.aws_vpc_ipv4_cidr_block_association.this",
            "module.vpc.module.vpc.aws_vpn_gateway.this",
            "module.vpc.module.vpc.aws_vpn_gateway_attachment.this",
            "module.vpc.module.vpc.aws_vpn_gateway_route_propagation.intra",
            "module.vpc.module.vpc.aws_vpn_gateway_route_propagation.private",
            "module.vpc.module.vpc.aws_vpn_gateway_route_propagation.public",
            "module.vpc.module.vpc.data.aws_iam_policy_document.flow_log_cloudwatch_assume_role",
            "module.vpc.module.vpc.data.aws_iam_policy_document.vpc_flow_log_cloudwatch"
          ],
          "create_before_destroy": true
        }
      ]
    },
    {
      "module": "module.security_groups.module.loadbalancer_sg",
      "mode": "managed",
      "type": "aws_security_group",
      "name": "this",
      "provider": "provider[\"registry.terraform.io/hashicorp/aws\"]",
      "instances": []
    },
    {
      "module": "module.security_groups.module.loadbalancer_sg",
      "mode": "managed",
      "type": "aws_security_group",
      "name": "this_name_prefix",
      "provider": "provider[\"registry.terraform.io/hashicorp/aws\"]",
      "instances": [
        {
          "index_key": 0,
          "schema_version": 1,
          "attributes": {
            "arn": "arn:aws:ec2:us-east-1:043509840958:security-group/sg-058b4958f620bb206",
            "description": "Security Group with HTTP \u0026 HTTPS open for entire Internet (IPv4 CIDR), egress ports are all world open",
            "egress": [],
            "id": "sg-058b4958f620bb206",
            "ingress": [],
            "name": "dev-loadbalancer-sg-20260221135849868300000007",
            "name_prefix": "dev-loadbalancer-sg-",
            "owner_id": "043509840958",
            "region": "us-east-1",
            "revoke_rules_on_delete": false,
            "tags": {
              "ManagedBy": "Terraform",
              "Name": "dev-loadbalancer-sg",
              "Project": "terraform-aws-infrastructure",
              "environment": "dev",
              "owners": "hr"
            },
            "tags_all": {
              "ManagedBy": "Terraform",
              "Name": "dev-loadbalancer-sg",
              "Project": "terraform-aws-infrastructure",
              "environment": "dev",
              "owners": "hr"
            },
            "timeouts": {
              "create": "10m",
              "delete": "15m"
            },
            "vpc_id": "vpc-0378c6ca2ce9c16be"
          },
          "sensitive_attributes": [],
          "identity_schema_version": 0,
          "identity": {
            "account_id": "043509840958",
            "id": "sg-058b4958f620bb206",
            "region": "us-east-1"
          },
          "private": "eyJlMmJmYjczMC1lY2FhLTExZTYtOGY4OC0zNDM2M2JjN2M0YzAiOnsiY3JlYXRlIjo2MDAwMDAwMDAwMDAsImRlbGV0ZSI6OTAwMDAwMDAwMDAwfSwic2NoZW1hX3ZlcnNpb24iOiIxIn0=",
          "dependencies": [
            "module.vpc.module.vpc.aws_cloudwatch_log_group.flow_log",
            "module.vpc.module.vpc.aws_customer_gateway.this",
            "module.vpc.module.vpc.aws_db_subnet_group.database",
            "module.vpc.module.vpc.aws_default_network_acl.this",
            "module.vpc.module.vpc.aws_default_route_table.default",
            "module.vpc.module.vpc.aws_default_security_group.this",
            "module.vpc.module.vpc.aws_default_vpc.this",
            "module.vpc.module.vpc.aws_egress_only_internet_gateway.this",
            "module.vpc.module.vpc.aws_eip.nat",
            "module.vpc.module.vpc.aws_elasticache_subnet_group.elasticache",
            "module.vpc.module.vpc.aws_flow_log.this",
            "module.vpc.module.vpc.aws_iam_policy.vpc_flow_log_cloudwatch",
            "module.vpc.module.vpc.aws_iam_role.vpc_flow_log_cloudwatch",
            "module.vpc.module.vpc.aws_iam_role_policy_attachment.vpc_flow_log_cloudwatch",
            "module.vpc.module.vpc.aws_internet_gateway.this",
            "module.vpc.module.vpc.aws_nat_gateway.this",
            "module.vpc.module.vpc.aws_network_acl.database",
            "module.vpc.module.vpc.aws_network_acl.elasticache",
            "module.vpc.module.vpc.aws_network_acl.intra",
            "module.vpc.module.vpc.aws_network_acl.outpost",
            "module.vpc.module.vpc.aws_network_acl.private",
            "module.vpc.module.vpc.aws_network_acl.public",
            "module.vpc.module.vpc.aws_network_acl.redshift",
            "module.vpc.module.vpc.aws_network_acl_rule.database_inbound",
            "module.vpc.module.vpc.aws_network_acl_rule.database_outbound",
            "module.vpc.module.vpc.aws_network_acl_rule.elasticache_inbound",
            "module.vpc.module.vpc.aws_network_acl_rule.elasticache_outbound",
            "module.vpc.module.vpc.aws_network_acl_rule.intra_inbound",
            "module.vpc.module.vpc.aws_network_acl_rule.intra_outbound",
            "module.vpc.module.vpc.aws_network_acl_rule.outpost_inbound",
            "module.vpc.module.vpc.aws_network_acl_rule.outpost_outbound",
            "module.vpc.module.vpc.aws_network_acl_rule.private_inbound",
            "module.vpc.module.vpc.aws_network_acl_rule.private_outbound",
            "module.vpc.module.vpc.aws_network_acl_rule.public_inbound",
            "module.vpc.module.vpc.aws_network_acl_rule.public_outbound",
            "module.vpc.module.vpc.aws_network_acl_rule.redshift_inbound",
            "module.vpc.module.vpc.aws_network_acl_rule.redshift_outbound",
            "module.vpc.module.vpc.aws_redshift_subnet_group.redshift",
            "module.vpc.module.vpc.aws_route.database_dns64_nat_gateway",
            "module.vpc.module.vpc.aws_route.database_internet_gateway",
            "module.vpc.module.vpc.aws_route.database_ipv6_egress",
            "module.vpc.module.vpc.aws_route.database_nat_gateway",
            "module.vpc.module.vpc.aws_route.private_dns64_nat_gateway",
            "module.vpc.module.vpc.aws_route.private_ipv6_egress",
            "module.vpc.module.vpc.aws_route.private_nat_gateway",
            "module.vpc.module.vpc.aws_route.public_internet_gateway",
            "module.vpc.module.vpc.aws_route.public_internet_gateway_ipv6",
            "module.vpc.module.vpc.aws_route_table.database",
            "module.vpc.module.vpc.aws_route_table.elasticache",
            "module.vpc.module.vpc.aws_route_table.intra",
            "module.vpc.module.vpc.aws_route_table.private",
            "module.vpc.module.vpc.aws_route_table.public",
            "module.vpc.module.vpc.aws_route_table.redshift",
            "module.vpc.module.vpc.aws_route_table_association.database",
            "module.vpc.module.vpc.aws_route_table_association.elasticache",
            "module.vpc.module.vpc.aws_route_table_association.intra",
            "module.vpc.module.vpc.aws_route_table_association.outpost",
            "module.vpc.module.vpc.aws_route_table_association.private",
            "module.vpc.module.vpc.aws_route_table_association.public",
            "module.vpc.module.vpc.aws_route_table_association.redshift",
            "module.vpc.module.vpc.aws_route_table_association.redshift_public",
            "module.vpc.module.vpc.aws_subnet.database",
            "module.vpc.module.vpc.aws_subnet.elasticache",
            "module.vpc.module.vpc.aws_subnet.intra",
            "module.vpc.module.vpc.aws_subnet.outpost",
            "module.vpc.module.vpc.aws_subnet.private",
            "module.vpc.module.vpc.aws_subnet.public",
            "module.vpc.module.vpc.aws_subnet.redshift",
            "module.vpc.module.vpc.aws_vpc.this",
            "module.vpc.module.vpc.aws_vpc_dhcp_options.this",
            "module.vpc.module.vpc.aws_vpc_dhcp_options_association.this",
            "module.vpc.module.vpc.aws_vpc_ipv4_cidr_block_association.this",
            "module.vpc.module.vpc.aws_vpn_gateway.this",
            "module.vpc.module.vpc.aws_vpn_gateway_attachment.this",
            "module.vpc.module.vpc.aws_vpn_gateway_route_propagation.intra",
            "module.vpc.module.vpc.aws_vpn_gateway_route_propagation.private",
            "module.vpc.module.vpc.aws_vpn_gateway_route_propagation.public",
            "module.vpc.module.vpc.data.aws_iam_policy_document.flow_log_cloudwatch_assume_role",
            "module.vpc.module.vpc.data.aws_iam_policy_document.vpc_flow_log_cloudwatch"
          ],
          "create_before_destroy": true
        }
      ]
    },
    {
      "module": "module.security_groups.module.loadbalancer_sg",
      "mode": "managed",
      "type": "aws_security_group_rule",
      "name": "computed_egress_rules",
      "provider": "provider[\"registry.terraform.io/hashicorp/aws\"]",
      "instances": []
    },
    {
      "module": "module.security_groups.module.loadbalancer_sg",
      "mode": "managed",
      "type": "aws_security_group_rule",
      "name": "computed_egress_with_cidr_blocks",
      "provider": "provider[\"registry.terraform.io/hashicorp/aws\"]",
      "instances": []
    },
    {
      "module": "module.security_groups.module.loadbalancer_sg",
      "mode": "managed",
      "type": "aws_security_group_rule",
      "name": "computed_egress_with_ipv6_cidr_blocks",
      "provider": "provider[\"registry.terraform.io/hashicorp/aws\"]",
      "instances": []
    },
    {
      "module": "module.security_groups.module.loadbalancer_sg",
      "mode": "managed",
      "type": "aws_security_group_rule",
      "name": "computed_egress_with_prefix_list_ids",
      "provider": "provider[\"registry.terraform.io/hashicorp/aws\"]",
      "instances": []
    },
    {
      "module": "module.security_groups.module.loadbalancer_sg",
      "mode": "managed",
      "type": "aws_security_group_rule",
      "name": "computed_egress_with_self",
      "provider": "provider[\"registry.terraform.io/hashicorp/aws\"]",
      "instances": []
    },
    {
      "module": "module.security_groups.module.loadbalancer_sg",
      "mode": "managed",
      "type": "aws_security_group_rule",
      "name": "computed_egress_with_source_security_group_id",
      "provider": "provider[\"registry.terraform.io/hashicorp/aws\"]",
      "instances": []
    },
    {
      "module": "module.security_groups.module.loadbalancer_sg",
      "mode": "managed",
      "type": "aws_security_group_rule",
      "name": "computed_ingress_rules",
      "provider": "provider[\"registry.terraform.io/hashicorp/aws\"]",
      "instances": []
    },
    {
      "module": "module.security_groups.module.loadbalancer_sg",
      "mode": "managed",
      "type": "aws_security_group_rule",
      "name": "computed_ingress_with_cidr_blocks",
      "provider": "provider[\"registry.terraform.io/hashicorp/aws\"]",
      "instances": []
    },
    {
      "module": "module.security_groups.module.loadbalancer_sg",
      "mode": "managed",
      "type": "aws_security_group_rule",
      "name": "computed_ingress_with_ipv6_cidr_blocks",
      "provider": "provider[\"registry.terraform.io/hashicorp/aws\"]",
      "instances": []
    },
    {
      "module": "module.security_groups.module.loadbalancer_sg",
      "mode": "managed",
      "type": "aws_security_group_rule",
      "name": "computed_ingress_with_prefix_list_ids",
      "provider": "provider[\"registry.terraform.io/hashicorp/aws\"]",
      "instances": []
    },
    {
      "module": "module.security_groups.module.loadbalancer_sg",
      "mode": "managed",
      "type": "aws_security_group_rule",
      "name": "computed_ingress_with_self",
      "provider": "provider[\"registry.terraform.io/hashicorp/aws\"]",
      "instances": []
    },
    {
      "module": "module.security_groups.module.loadbalancer_sg",
      "mode": "managed",
      "type": "aws_security_group_rule",
      "name": "computed_ingress_with_source_security_group_id",
      "provider": "provider[\"registry.terraform.io/hashicorp/aws\"]",
      "instances": []
    },
    {
      "module": "module.security_groups.module.loadbalancer_sg",
      "mode": "managed",
      "type": "aws_security_group_rule",
      "name": "egress_rules",
      "provider": "provider[\"registry.terraform.io/hashicorp/aws\"]",
      "instances": [
        {
          "index_key": 0,
          "schema_version": 2,
          "attributes": {
            "cidr_blocks": [
              "0.0.0.0/0"
            ],
            "description": "All protocols",
            "from_port": -1,
            "id": "sgrule-3694329511",
            "ipv6_cidr_blocks": [
              "::/0"
            ],
            "prefix_list_ids": [],
            "protocol": "-1",
            "region": "us-east-1",
            "security_group_id": "sg-058b4958f620bb206",
            "security_group_rule_id": "",
            "self": false,
            "source_security_group_id": null,
            "timeouts": null,
            "to_port": -1,
            "type": "egress"
          },
          "sensitive_attributes": [],
          "identity_schema_version": 0,
          "private": "eyJlMmJmYjczMC1lY2FhLTExZTYtOGY4OC0zNDM2M2JjN2M0YzAiOnsiY3JlYXRlIjozMDAwMDAwMDAwMDB9LCJzY2hlbWFfdmVyc2lvbiI6IjIifQ==",
          "dependencies": [
            "module.security_groups.module.loadbalancer_sg.aws_security_group.this",
            "module.security_groups.module.loadbalancer_sg.aws_security_group.this_name_prefix",
            "module.vpc.module.vpc.aws_cloudwatch_log_group.flow_log",
            "module.vpc.module.vpc.aws_customer_gateway.this",
            "module.vpc.module.vpc.aws_db_subnet_group.database",
            "module.vpc.module.vpc.aws_default_network_acl.this",
            "module.vpc.module.vpc.aws_default_route_table.default",
            "module.vpc.module.vpc.aws_default_security_group.this",
            "module.vpc.module.vpc.aws_default_vpc.this",
            "module.vpc.module.vpc.aws_egress_only_internet_gateway.this",
            "module.vpc.module.vpc.aws_eip.nat",
            "module.vpc.module.vpc.aws_elasticache_subnet_group.elasticache",
            "module.vpc.module.vpc.aws_flow_log.this",
            "module.vpc.module.vpc.aws_iam_policy.vpc_flow_log_cloudwatch",
            "module.vpc.module.vpc.aws_iam_role.vpc_flow_log_cloudwatch",
            "module.vpc.module.vpc.aws_iam_role_policy_attachment.vpc_flow_log_cloudwatch",
            "module.vpc.module.vpc.aws_internet_gateway.this",
            "module.vpc.module.vpc.aws_nat_gateway.this",
            "module.vpc.module.vpc.aws_network_acl.database",
            "module.vpc.module.vpc.aws_network_acl.elasticache",
            "module.vpc.module.vpc.aws_network_acl.intra",
            "module.vpc.module.vpc.aws_network_acl.outpost",
            "module.vpc.module.vpc.aws_network_acl.private",
            "module.vpc.module.vpc.aws_network_acl.public",
            "module.vpc.module.vpc.aws_network_acl.redshift",
            "module.vpc.module.vpc.aws_network_acl_rule.database_inbound",
            "module.vpc.module.vpc.aws_network_acl_rule.database_outbound",
            "module.vpc.module.vpc.aws_network_acl_rule.elasticache_inbound",
            "module.vpc.module.vpc.aws_network_acl_rule.elasticache_outbound",
            "module.vpc.module.vpc.aws_network_acl_rule.intra_inbound",
            "module.vpc.module.vpc.aws_network_acl_rule.intra_outbound",
            "module.vpc.module.vpc.aws_network_acl_rule.outpost_inbound",
            "module.vpc.module.vpc.aws_network_acl_rule.outpost_outbound",
            "module.vpc.module.vpc.aws_network_acl_rule.private_inbound",
            "module.vpc.module.vpc.aws_network_acl_rule.private_outbound",
            "module.vpc.module.vpc.aws_network_acl_rule.public_inbound",
            "module.vpc.module.vpc.aws_network_acl_rule.public_outbound",
            "module.vpc.module.vpc.aws_network_acl_rule.redshift_inbound",
            "module.vpc.module.vpc.aws_network_acl_rule.redshift_outbound",
            "module.vpc.module.vpc.aws_redshift_subnet_group.redshift",
            "module.vpc.module.vpc.aws_route.database_dns64_nat_gateway",
            "module.vpc.module.vpc.aws_route.database_internet_gateway",
            "module.vpc.module.vpc.aws_route.database_ipv6_egress",
            "module.vpc.module.vpc.aws_route.database_nat_gateway",
            "module.vpc.module.vpc.aws_route.private_dns64_nat_gateway",
            "module.vpc.module.vpc.aws_route.private_ipv6_egress",
            "module.vpc.module.vpc.aws_route.private_nat_gateway",
            "module.vpc.module.vpc.aws_route.public_internet_gateway",
            "module.vpc.module.vpc.aws_route.public_internet_gateway_ipv6",
            "module.vpc.module.vpc.aws_route_table.database",
            "module.vpc.module.vpc.aws_route_table.elasticache",
            "module.vpc.module.vpc.aws_route_table.intra",
            "module.vpc.module.vpc.aws_route_table.private",
            "module.vpc.module.vpc.aws_route_table.public",
            "module.vpc.module.vpc.aws_route_table.redshift",
            "module.vpc.module.vpc.aws_route_table_association.database",
            "module.vpc.module.vpc.aws_route_table_association.elasticache",
            "module.vpc.module.vpc.aws_route_table_association.intra",
            "module.vpc.module.vpc.aws_route_table_association.outpost",
            "module.vpc.module.vpc.aws_route_table_association.private",
            "module.vpc.module.vpc.aws_route_table_association.public",
            "module.vpc.module.vpc.aws_route_table_association.redshift",
            "module.vpc.module.vpc.aws_route_table_association.redshift_public",
            "module.vpc.module.vpc.aws_subnet.database",
            "module.vpc.module.vpc.aws_subnet.elasticache",
            "module.vpc.module.vpc.aws_subnet.intra",
            "module.vpc.module.vpc.aws_subnet.outpost",
            "module.vpc.module.vpc.aws_subnet.private",
            "module.vpc.module.vpc.aws_subnet.public",
            "module.vpc.module.vpc.aws_subnet.redshift",
            "module.vpc.module.vpc.aws_vpc.this",
            "module.vpc.module.vpc.aws_vpc_dhcp_options.this",
            "module.vpc.module.vpc.aws_vpc_dhcp_options_association.this",
            "module.vpc.module.vpc.aws_vpc_ipv4_cidr_block_association.this",
            "module.vpc.module.vpc.aws_vpn_gateway.this",
            "module.vpc.module.vpc.aws_vpn_gateway_attachment.this",
            "module.vpc.module.vpc.aws_vpn_gateway_route_propagation.intra",
            "module.vpc.module.vpc.aws_vpn_gateway_route_propagation.private",
            "module.vpc.module.vpc.aws_vpn_gateway_route_propagation.public",
            "module.vpc.module.vpc.data.aws_iam_policy_document.flow_log_cloudwatch_assume_role",
            "module.vpc.module.vpc.data.aws_iam_policy_document.vpc_flow_log_cloudwatch"
          ],
          "create_before_destroy": true
        }
      ]
    },
    {
      "module": "module.security_groups.module.loadbalancer_sg",
      "mode": "managed",
      "type": "aws_security_group_rule",
      "name": "egress_with_cidr_blocks",
      "provider": "provider[\"registry.terraform.io/hashicorp/aws\"]",
      "instances": []
    },
    {
      "module": "module.security_groups.module.loadbalancer_sg",
      "mode": "managed",
      "type": "aws_security_group_rule",
      "name": "egress_with_ipv6_cidr_blocks",
      "provider": "provider[\"registry.terraform.io/hashicorp/aws\"]",
      "instances": []
    },
    {
      "module": "module.security_groups.module.loadbalancer_sg",
      "mode": "managed",
      "type": "aws_security_group_rule",
      "name": "egress_with_prefix_list_ids",
      "provider": "provider[\"registry.terraform.io/hashicorp/aws\"]",
      "instances": []
    },
    {
      "module": "module.security_groups.module.loadbalancer_sg",
      "mode": "managed",
      "type": "aws_security_group_rule",
      "name": "egress_with_self",
      "provider": "provider[\"registry.terraform.io/hashicorp/aws\"]",
      "instances": []
    },
    {
      "module": "module.security_groups.module.loadbalancer_sg",
      "mode": "managed",
      "type": "aws_security_group_rule",
      "name": "egress_with_source_security_group_id",
      "provider": "provider[\"registry.terraform.io/hashicorp/aws\"]",
      "instances": []
    },
    {
      "module": "module.security_groups.module.loadbalancer_sg",
      "mode": "managed",
      "type": "aws_security_group_rule",
      "name": "ingress_rules",
      "provider": "provider[\"registry.terraform.io/hashicorp/aws\"]",
      "instances": [
        {
          "index_key": 0,
          "schema_version": 2,
          "attributes": {
            "cidr_blocks": [
              "0.0.0.0/0"
            ],
            "description": "HTTP",
            "from_port": 80,
            "id": "sgrule-3806484965",
            "ipv6_cidr_blocks": [],
            "prefix_list_ids": [],
            "protocol": "tcp",
            "region": "us-east-1",
            "security_group_id": "sg-058b4958f620bb206",
            "security_group_rule_id": "sgr-09dbcdd6ff1c45dd3",
            "self": false,
            "source_security_group_id": null,
            "timeouts": null,
            "to_port": 80,
            "type": "ingress"
          },
          "sensitive_attributes": [],
          "identity_schema_version": 0,
          "private": "eyJlMmJmYjczMC1lY2FhLTExZTYtOGY4OC0zNDM2M2JjN2M0YzAiOnsiY3JlYXRlIjozMDAwMDAwMDAwMDB9LCJzY2hlbWFfdmVyc2lvbiI6IjIifQ==",
          "dependencies": [
            "module.security_groups.module.loadbalancer_sg.aws_security_group.this",
            "module.security_groups.module.loadbalancer_sg.aws_security_group.this_name_prefix",
            "module.vpc.module.vpc.aws_cloudwatch_log_group.flow_log",
            "module.vpc.module.vpc.aws_customer_gateway.this",
            "module.vpc.module.vpc.aws_db_subnet_group.database",
            "module.vpc.module.vpc.aws_default_network_acl.this",
            "module.vpc.module.vpc.aws_default_route_table.default",
            "module.vpc.module.vpc.aws_default_security_group.this",
            "module.vpc.module.vpc.aws_default_vpc.this",
            "module.vpc.module.vpc.aws_egress_only_internet_gateway.this",
            "module.vpc.module.vpc.aws_eip.nat",
            "module.vpc.module.vpc.aws_elasticache_subnet_group.elasticache",
            "module.vpc.module.vpc.aws_flow_log.this",
            "module.vpc.module.vpc.aws_iam_policy.vpc_flow_log_cloudwatch",
            "module.vpc.module.vpc.aws_iam_role.vpc_flow_log_cloudwatch",
            "module.vpc.module.vpc.aws_iam_role_policy_attachment.vpc_flow_log_cloudwatch",
            "module.vpc.module.vpc.aws_internet_gateway.this",
            "module.vpc.module.vpc.aws_nat_gateway.this",
            "module.vpc.module.vpc.aws_network_acl.database",
            "module.vpc.module.vpc.aws_network_acl.elasticache",
            "module.vpc.module.vpc.aws_network_acl.intra",
            "module.vpc.module.vpc.aws_network_acl.outpost",
            "module.vpc.module.vpc.aws_network_acl.private",
            "module.vpc.module.vpc.aws_network_acl.public",
            "module.vpc.module.vpc.aws_network_acl.redshift",
            "module.vpc.module.vpc.aws_network_acl_rule.database_inbound",
            "module.vpc.module.vpc.aws_network_acl_rule.database_outbound",
            "module.vpc.module.vpc.aws_network_acl_rule.elasticache_inbound",
            "module.vpc.module.vpc.aws_network_acl_rule.elasticache_outbound",
            "module.vpc.module.vpc.aws_network_acl_rule.intra_inbound",
            "module.vpc.module.vpc.aws_network_acl_rule.intra_outbound",
            "module.vpc.module.vpc.aws_network_acl_rule.outpost_inbound",
            "module.vpc.module.vpc.aws_network_acl_rule.outpost_outbound",
            "module.vpc.module.vpc.aws_network_acl_rule.private_inbound",
            "module.vpc.module.vpc.aws_network_acl_rule.private_outbound",
            "module.vpc.module.vpc.aws_network_acl_rule.public_inbound",
            "module.vpc.module.vpc.aws_network_acl_rule.public_outbound",
            "module.vpc.module.vpc.aws_network_acl_rule.redshift_inbound",
            "module.vpc.module.vpc.aws_network_acl_rule.redshift_outbound",
            "module.vpc.module.vpc.aws_redshift_subnet_group.redshift",
            "module.vpc.module.vpc.aws_route.database_dns64_nat_gateway",
            "module.vpc.module.vpc.aws_route.database_internet_gateway",
            "module.vpc.module.vpc.aws_route.database_ipv6_egress",
            "module.vpc.module.vpc.aws_route.database_nat_gateway",
            "module.vpc.module.vpc.aws_route.private_dns64_nat_gateway",
            "module.vpc.module.vpc.aws_route.private_ipv6_egress",
            "module.vpc.module.vpc.aws_route.private_nat_gateway",
            "module.vpc.module.vpc.aws_route.public_internet_gateway",
            "module.vpc.module.vpc.aws_route.public_internet_gateway_ipv6",
            "module.vpc.module.vpc.aws_route_table.database",
            "module.vpc.module.vpc.aws_route_table.elasticache",
            "module.vpc.module.vpc.aws_route_table.intra",
            "module.vpc.module.vpc.aws_route_table.private",
            "module.vpc.module.vpc.aws_route_table.public",
            "module.vpc.module.vpc.aws_route_table.redshift",
            "module.vpc.module.vpc.aws_route_table_association.database",
            "module.vpc.module.vpc.aws_route_table_association.elasticache",
            "module.vpc.module.vpc.aws_route_table_association.intra",
            "module.vpc.module.vpc.aws_route_table_association.outpost",
            "module.vpc.module.vpc.aws_route_table_association.private",
            "module.vpc.module.vpc.aws_route_table_association.public",
            "module.vpc.module.vpc.aws_route_table_association.redshift",
            "module.vpc.module.vpc.aws_route_table_association.redshift_public",
            "module.vpc.module.vpc.aws_subnet.database",
            "module.vpc.module.vpc.aws_subnet.elasticache",
            "module.vpc.module.vpc.aws_subnet.intra",
            "module.vpc.module.vpc.aws_subnet.outpost",
            "module.vpc.module.vpc.aws_subnet.private",
            "module.vpc.module.vpc.aws_subnet.public",
            "module.vpc.module.vpc.aws_subnet.redshift",
            "module.vpc.module.vpc.aws_vpc.this",
            "module.vpc.module.vpc.aws_vpc_dhcp_options.this",
            "module.vpc.module.vpc.aws_vpc_dhcp_options_association.this",
            "module.vpc.module.vpc.aws_vpc_ipv4_cidr_block_association.this",
            "module.vpc.module.vpc.aws_vpn_gateway.this",
            "module.vpc.module.vpc.aws_vpn_gateway_attachment.this",
            "module.vpc.module.vpc.aws_vpn_gateway_route_propagation.intra",
            "module.vpc.module.vpc.aws_vpn_gateway_route_propagation.private",
            "module.vpc.module.vpc.aws_vpn_gateway_route_propagation.public",
            "module.vpc.module.vpc.data.aws_iam_policy_document.flow_log_cloudwatch_assume_role",
            "module.vpc.module.vpc.data.aws_iam_policy_document.vpc_flow_log_cloudwatch"
          ],
          "create_before_destroy": true
        },
        {
          "index_key": 1,
          "schema_version": 2,
          "attributes": {
            "cidr_blocks": [
              "0.0.0.0/0"
            ],
            "description": "HTTPS",
            "from_port": 443,
            "id": "sgrule-2543677161",
            "ipv6_cidr_blocks": [],
            "prefix_list_ids": [],
            "protocol": "tcp",
            "region": "us-east-1",
            "security_group_id": "sg-058b4958f620bb206",
            "security_group_rule_id": "sgr-01b6f4cb25968d5c6",
            "self": false,
            "source_security_group_id": null,
            "timeouts": null,
            "to_port": 443,
            "type": "ingress"
          },
          "sensitive_attributes": [],
          "identity_schema_version": 0,
          "private": "eyJlMmJmYjczMC1lY2FhLTExZTYtOGY4OC0zNDM2M2JjN2M0YzAiOnsiY3JlYXRlIjozMDAwMDAwMDAwMDB9LCJzY2hlbWFfdmVyc2lvbiI6IjIifQ==",
          "dependencies": [
            "module.security_groups.module.loadbalancer_sg.aws_security_group.this",
            "module.security_groups.module.loadbalancer_sg.aws_security_group.this_name_prefix",
            "module.vpc.module.vpc.aws_cloudwatch_log_group.flow_log",
            "module.vpc.module.vpc.aws_customer_gateway.this",
            "module.vpc.module.vpc.aws_db_subnet_group.database",
            "module.vpc.module.vpc.aws_default_network_acl.this",
            "module.vpc.module.vpc.aws_default_route_table.default",
            "module.vpc.module.vpc.aws_default_security_group.this",
            "module.vpc.module.vpc.aws_default_vpc.this",
            "module.vpc.module.vpc.aws_egress_only_internet_gateway.this",
            "module.vpc.module.vpc.aws_eip.nat",
            "module.vpc.module.vpc.aws_elasticache_subnet_group.elasticache",
            "module.vpc.module.vpc.aws_flow_log.this",
            "module.vpc.module.vpc.aws_iam_policy.vpc_flow_log_cloudwatch",
            "module.vpc.module.vpc.aws_iam_role.vpc_flow_log_cloudwatch",
            "module.vpc.module.vpc.aws_iam_role_policy_attachment.vpc_flow_log_cloudwatch",
            "module.vpc.module.vpc.aws_internet_gateway.this",
            "module.vpc.module.vpc.aws_nat_gateway.this",
            "module.vpc.module.vpc.aws_network_acl.database",
            "module.vpc.module.vpc.aws_network_acl.elasticache",
            "module.vpc.module.vpc.aws_network_acl.intra",
            "module.vpc.module.vpc.aws_network_acl.outpost",
            "module.vpc.module.vpc.aws_network_acl.private",
            "module.vpc.module.vpc.aws_network_acl.public",
            "module.vpc.module.vpc.aws_network_acl.redshift",
            "module.vpc.module.vpc.aws_network_acl_rule.database_inbound",
            "module.vpc.module.vpc.aws_network_acl_rule.database_outbound",
            "module.vpc.module.vpc.aws_network_acl_rule.elasticache_inbound",
            "module.vpc.module.vpc.aws_network_acl_rule.elasticache_outbound",
            "module.vpc.module.vpc.aws_network_acl_rule.intra_inbound",
            "module.vpc.module.vpc.aws_network_acl_rule.intra_outbound",
            "module.vpc.module.vpc.aws_network_acl_rule.outpost_inbound",
            "module.vpc.module.vpc.aws_network_acl_rule.outpost_outbound",
            "module.vpc.module.vpc.aws_network_acl_rule.private_inbound",
            "module.vpc.module.vpc.aws_network_acl_rule.private_outbound",
            "module.vpc.module.vpc.aws_network_acl_rule.public_inbound",
            "module.vpc.module.vpc.aws_network_acl_rule.public_outbound",
            "module.vpc.module.vpc.aws_network_acl_rule.redshift_inbound",
            "module.vpc.module.vpc.aws_network_acl_rule.redshift_outbound",
            "module.vpc.module.vpc.aws_redshift_subnet_group.redshift",
            "module.vpc.module.vpc.aws_route.database_dns64_nat_gateway",
            "module.vpc.module.vpc.aws_route.database_internet_gateway",
            "module.vpc.module.vpc.aws_route.database_ipv6_egress",
            "module.vpc.module.vpc.aws_route.database_nat_gateway",
            "module.vpc.module.vpc.aws_route.private_dns64_nat_gateway",
            "module.vpc.module.vpc.aws_route.private_ipv6_egress",
            "module.vpc.module.vpc.aws_route.private_nat_gateway",
            "module.vpc.module.vpc.aws_route.public_internet_gateway",
            "module.vpc.module.vpc.aws_route.public_internet_gateway_ipv6",
            "module.vpc.module.vpc.aws_route_table.database",
            "module.vpc.module.vpc.aws_route_table.elasticache",
            "module.vpc.module.vpc.aws_route_table.intra",
            "module.vpc.module.vpc.aws_route_table.private",
            "module.vpc.module.vpc.aws_route_table.public",
            "module.vpc.module.vpc.aws_route_table.redshift",
            "module.vpc.module.vpc.aws_route_table_association.database",
            "module.vpc.module.vpc.aws_route_table_association.elasticache",
            "module.vpc.module.vpc.aws_route_table_association.intra",
            "module.vpc.module.vpc.aws_route_table_association.outpost",
            "module.vpc.module.vpc.aws_route_table_association.private",
            "module.vpc.module.vpc.aws_route_table_association.public",
            "module.vpc.module.vpc.aws_route_table_association.redshift",
            "module.vpc.module.vpc.aws_route_table_association.redshift_public",
            "module.vpc.module.vpc.aws_subnet.database",
            "module.vpc.module.vpc.aws_subnet.elasticache",
            "module.vpc.module.vpc.aws_subnet.intra",
            "module.vpc.module.vpc.aws_subnet.outpost",
            "module.vpc.module.vpc.aws_subnet.private",
            "module.vpc.module.vpc.aws_subnet.public",
            "module.vpc.module.vpc.aws_subnet.redshift",
            "module.vpc.module.vpc.aws_vpc.this",
            "module.vpc.module.vpc.aws_vpc_dhcp_options.this",
            "module.vpc.module.vpc.aws_vpc_dhcp_options_association.this",
            "module.vpc.module.vpc.aws_vpc_ipv4_cidr_block_association.this",
            "module.vpc.module.vpc.aws_vpn_gateway.this",
            "module.vpc.module.vpc.aws_vpn_gateway_attachment.this",
            "module.vpc.module.vpc.aws_vpn_gateway_route_propagation.intra",
            "module.vpc.module.vpc.aws_vpn_gateway_route_propagation.private",
            "module.vpc.module.vpc.aws_vpn_gateway_route_propagation.public",
            "module.vpc.module.vpc.data.aws_iam_policy_document.flow_log_cloudwatch_assume_role",
            "module.vpc.module.vpc.data.aws_iam_policy_document.vpc_flow_log_cloudwatch"
          ],
          "create_before_destroy": true
        }
      ]
    },
    {
      "module": "module.security_groups.module.loadbalancer_sg",
      "mode": "managed",
      "type": "aws_security_group_rule",
      "name": "ingress_with_cidr_blocks",
      "provider": "provider[\"registry.terraform.io/hashicorp/aws\"]",
      "instances": []
    },
    {
      "module": "module.security_groups.module.loadbalancer_sg",
      "mode": "managed",
      "type": "aws_security_group_rule",
      "name": "ingress_with_ipv6_cidr_blocks",
      "provider": "provider[\"registry.terraform.io/hashicorp/aws\"]",
      "instances": []
    },
    {
      "module": "module.security_groups.module.loadbalancer_sg",
      "mode": "managed",
      "type": "aws_security_group_rule",
      "name": "ingress_with_prefix_list_ids",
      "provider": "provider[\"registry.terraform.io/hashicorp/aws\"]",
      "instances": []
    },
    {
      "module": "module.security_groups.module.loadbalancer_sg",
      "mode": "managed",
      "type": "aws_security_group_rule",
      "name": "ingress_with_self",
      "provider": "provider[\"registry.terraform.io/hashicorp/aws\"]",
      "instances": []
    },
    {
      "module": "module.security_groups.module.loadbalancer_sg",
      "mode": "managed",
      "type": "aws_security_group_rule",
      "name": "ingress_with_source_security_group_id",
      "provider": "provider[\"registry.terraform.io/hashicorp/aws\"]",
      "instances": []
    },
    {
      "module": "module.security_groups.module.private_sg",
      "mode": "managed",
      "type": "aws_security_group",
      "name": "this",
      "provider": "provider[\"registry.terraform.io/hashicorp/aws\"]",
      "instances": []
    },
    {
      "module": "module.security_groups.module.private_sg",
      "mode": "managed",
      "type": "aws_security_group",
      "name": "this_name_prefix",
      "provider": "provider[\"registry.terraform.io/hashicorp/aws\"]",
      "instances": [
        {
          "index_key": 0,
          "schema_version": 1,
          "attributes": {
            "arn": "arn:aws:ec2:us-east-1:043509840958:security-group/sg-0f16d018079c0e071",
            "description": "Security Group with HTTP \u0026 SSH port open for entire VPC Block (IPv4 CIDR), egress ports are all world open",
            "egress": [],
            "id": "sg-0f16d018079c0e071",
            "ingress": [],
            "name": "dev-private-sg-20260221135849871000000009",
            "name_prefix": "dev-private-sg-",
            "owner_id": "043509840958",
            "region": "us-east-1",
            "revoke_rules_on_delete": false,
            "tags": {
              "ManagedBy": "Terraform",
              "Name": "dev-private-sg",
              "Project": "terraform-aws-infrastructure",
              "environment": "dev",
              "owners": "hr"
            },
            "tags_all": {
              "ManagedBy": "Terraform",
              "Name": "dev-private-sg",
              "Project": "terraform-aws-infrastructure",
              "environment": "dev",
              "owners": "hr"
            },
            "timeouts": {
              "create": "10m",
              "delete": "15m"
            },
            "vpc_id": "vpc-0378c6ca2ce9c16be"
          },
          "sensitive_attributes": [],
          "identity_schema_version": 0,
          "identity": {
            "account_id": "043509840958",
            "id": "sg-0f16d018079c0e071",
            "region": "us-east-1"
          },
          "private": "eyJlMmJmYjczMC1lY2FhLTExZTYtOGY4OC0zNDM2M2JjN2M0YzAiOnsiY3JlYXRlIjo2MDAwMDAwMDAwMDAsImRlbGV0ZSI6OTAwMDAwMDAwMDAwfSwic2NoZW1hX3ZlcnNpb24iOiIxIn0=",
          "dependencies": [
            "module.vpc.module.vpc.aws_cloudwatch_log_group.flow_log",
            "module.vpc.module.vpc.aws_customer_gateway.this",
            "module.vpc.module.vpc.aws_db_subnet_group.database",
            "module.vpc.module.vpc.aws_default_network_acl.this",
            "module.vpc.module.vpc.aws_default_route_table.default",
            "module.vpc.module.vpc.aws_default_security_group.this",
            "module.vpc.module.vpc.aws_default_vpc.this",
            "module.vpc.module.vpc.aws_egress_only_internet_gateway.this",
            "module.vpc.module.vpc.aws_eip.nat",
            "module.vpc.module.vpc.aws_elasticache_subnet_group.elasticache",
            "module.vpc.module.vpc.aws_flow_log.this",
            "module.vpc.module.vpc.aws_iam_policy.vpc_flow_log_cloudwatch",
            "module.vpc.module.vpc.aws_iam_role.vpc_flow_log_cloudwatch",
            "module.vpc.module.vpc.aws_iam_role_policy_attachment.vpc_flow_log_cloudwatch",
            "module.vpc.module.vpc.aws_internet_gateway.this",
            "module.vpc.module.vpc.aws_nat_gateway.this",
            "module.vpc.module.vpc.aws_network_acl.database",
            "module.vpc.module.vpc.aws_network_acl.elasticache",
            "module.vpc.module.vpc.aws_network_acl.intra",
            "module.vpc.module.vpc.aws_network_acl.outpost",
            "module.vpc.module.vpc.aws_network_acl.private",
            "module.vpc.module.vpc.aws_network_acl.public",
            "module.vpc.module.vpc.aws_network_acl.redshift",
            "module.vpc.module.vpc.aws_network_acl_rule.database_inbound",
            "module.vpc.module.vpc.aws_network_acl_rule.database_outbound",
            "module.vpc.module.vpc.aws_network_acl_rule.elasticache_inbound",
            "module.vpc.module.vpc.aws_network_acl_rule.elasticache_outbound",
            "module.vpc.module.vpc.aws_network_acl_rule.intra_inbound",
            "module.vpc.module.vpc.aws_network_acl_rule.intra_outbound",
            "module.vpc.module.vpc.aws_network_acl_rule.outpost_inbound",
            "module.vpc.module.vpc.aws_network_acl_rule.outpost_outbound",
            "module.vpc.module.vpc.aws_network_acl_rule.private_inbound",
            "module.vpc.module.vpc.aws_network_acl_rule.private_outbound",
            "module.vpc.module.vpc.aws_network_acl_rule.public_inbound",
            "module.vpc.module.vpc.aws_network_acl_rule.public_outbound",
            "module.vpc.module.vpc.aws_network_acl_rule.redshift_inbound",
            "module.vpc.module.vpc.aws_network_acl_rule.redshift_outbound",
            "module.vpc.module.vpc.aws_redshift_subnet_group.redshift",
            "module.vpc.module.vpc.aws_route.database_dns64_nat_gateway",
            "module.vpc.module.vpc.aws_route.database_internet_gateway",
            "module.vpc.module.vpc.aws_route.database_ipv6_egress",
            "module.vpc.module.vpc.aws_route.database_nat_gateway",
            "module.vpc.module.vpc.aws_route.private_dns64_nat_gateway",
            "module.vpc.module.vpc.aws_route.private_ipv6_egress",
            "module.vpc.module.vpc.aws_route.private_nat_gateway",
            "module.vpc.module.vpc.aws_route.public_internet_gateway",
            "module.vpc.module.vpc.aws_route.public_internet_gateway_ipv6",
            "module.vpc.module.vpc.aws_route_table.database",
            "module.vpc.module.vpc.aws_route_table.elasticache",
            "module.vpc.module.vpc.aws_route_table.intra",
            "module.vpc.module.vpc.aws_route_table.private",
            "module.vpc.module.vpc.aws_route_table.public",
            "module.vpc.module.vpc.aws_route_table.redshift",
            "module.vpc.module.vpc.aws_route_table_association.database",
            "module.vpc.module.vpc.aws_route_table_association.elasticache",
            "module.vpc.module.vpc.aws_route_table_association.intra",
            "module.vpc.module.vpc.aws_route_table_association.outpost",
            "module.vpc.module.vpc.aws_route_table_association.private",
            "module.vpc.module.vpc.aws_route_table_association.public",
            "module.vpc.module.vpc.aws_route_table_association.redshift",
            "module.vpc.module.vpc.aws_route_table_association.redshift_public",
            "module.vpc.module.vpc.aws_subnet.database",
            "module.vpc.module.vpc.aws_subnet.elasticache",
            "module.vpc.module.vpc.aws_subnet.intra",
            "module.vpc.module.vpc.aws_subnet.outpost",
            "module.vpc.module.vpc.aws_subnet.private",
            "module.vpc.module.vpc.aws_subnet.public",
            "module.vpc.module.vpc.aws_subnet.redshift",
            "module.vpc.module.vpc.aws_vpc.this",
            "module.vpc.module.vpc.aws_vpc_dhcp_options.this",
            "module.vpc.module.vpc.aws_vpc_dhcp_options_association.this",
            "module.vpc.module.vpc.aws_vpc_ipv4_cidr_block_association.this",
            "module.vpc.module.vpc.aws_vpn_gateway.this",
            "module.vpc.module.vpc.aws_vpn_gateway_attachment.this",
            "module.vpc.module.vpc.aws_vpn_gateway_route_propagation.intra",
            "module.vpc.module.vpc.aws_vpn_gateway_route_propagation.private",
            "module.vpc.module.vpc.aws_vpn_gateway_route_propagation.public",
            "module.vpc.module.vpc.data.aws_iam_policy_document.flow_log_cloudwatch_assume_role",
            "module.vpc.module.vpc.data.aws_iam_policy_document.vpc_flow_log_cloudwatch"
          ],
          "create_before_destroy": true
        }
      ]
    },
    {
      "module": "module.security_groups.module.private_sg",
      "mode": "managed",
      "type": "aws_security_group_rule",
      "name": "computed_egress_rules",
      "provider": "provider[\"registry.terraform.io/hashicorp/aws\"]",
      "instances": []
    },
    {
      "module": "module.security_groups.module.private_sg",
      "mode": "managed",
      "type": "aws_security_group_rule",
      "name": "computed_egress_with_cidr_blocks",
      "provider": "provider[\"registry.terraform.io/hashicorp/aws\"]",
      "instances": []
    },
    {
      "module": "module.security_groups.module.private_sg",
      "mode": "managed",
      "type": "aws_security_group_rule",
      "name": "computed_egress_with_ipv6_cidr_blocks",
      "provider": "provider[\"registry.terraform.io/hashicorp/aws\"]",
      "instances": []
    },
    {
      "module": "module.security_groups.module.private_sg",
      "mode": "managed",
      "type": "aws_security_group_rule",
      "name": "computed_egress_with_prefix_list_ids",
      "provider": "provider[\"registry.terraform.io/hashicorp/aws\"]",
      "instances": []
    },
    {
      "module": "module.security_groups.module.private_sg",
      "mode": "managed",
      "type": "aws_security_group_rule",
      "name": "computed_egress_with_self",
      "provider": "provider[\"registry.terraform.io/hashicorp/aws\"]",
      "instances": []
    },
    {
      "module": "module.security_groups.module.private_sg",
      "mode": "managed",
      "type": "aws_security_group_rule",
      "name": "computed_egress_with_source_security_group_id",
      "provider": "provider[\"registry.terraform.io/hashicorp/aws\"]",
      "instances": []
    },
    {
      "module": "module.security_groups.module.private_sg",
      "mode": "managed",
      "type": "aws_security_group_rule",
      "name": "computed_ingress_rules",
      "provider": "provider[\"registry.terraform.io/hashicorp/aws\"]",
      "instances": []
    },
    {
      "module": "module.security_groups.module.private_sg",
      "mode": "managed",
      "type": "aws_security_group_rule",
      "name": "computed_ingress_with_cidr_blocks",
      "provider": "provider[\"registry.terraform.io/hashicorp/aws\"]",
      "instances": []
    },
    {
      "module": "module.security_groups.module.private_sg",
      "mode": "managed",
      "type": "aws_security_group_rule",
      "name": "computed_ingress_with_ipv6_cidr_blocks",
      "provider": "provider[\"registry.terraform.io/hashicorp/aws\"]",
      "instances": []
    },
    {
      "module": "module.security_groups.module.private_sg",
      "mode": "managed",
      "type": "aws_security_group_rule",
      "name": "computed_ingress_with_prefix_list_ids",
      "provider": "provider[\"registry.terraform.io/hashicorp/aws\"]",
      "instances": []
    },
    {
      "module": "module.security_groups.module.private_sg",
      "mode": "managed",
      "type": "aws_security_group_rule",
      "name": "computed_ingress_with_self",
      "provider": "provider[\"registry.terraform.io/hashicorp/aws\"]",
      "instances": []
    },
    {
      "module": "module.security_groups.module.private_sg",
      "mode": "managed",
      "type": "aws_security_group_rule",
      "name": "computed_ingress_with_source_security_group_id",
      "provider": "provider[\"registry.terraform.io/hashicorp/aws\"]",
      "instances": []
    },
    {
      "module": "module.security_groups.module.private_sg",
      "mode": "managed",
      "type": "aws_security_group_rule",
      "name": "egress_rules",
      "provider": "provider[\"registry.terraform.io/hashicorp/aws\"]",
      "instances": [
        {
          "index_key": 0,
          "schema_version": 2,
          "attributes": {
            "cidr_blocks": [
              "0.0.0.0/0"
            ],
            "description": "All protocols",
            "from_port": -1,
            "id": "sgrule-452586489",
            "ipv6_cidr_blocks": [
              "::/0"
            ],
            "prefix_list_ids": [],
            "protocol": "-1",
            "region": "us-east-1",
            "security_group_id": "sg-0f16d018079c0e071",
            "security_group_rule_id": "",
            "self": false,
            "source_security_group_id": null,
            "timeouts": null,
            "to_port": -1,
            "type": "egress"
          },
          "sensitive_attributes": [],
          "identity_schema_version": 0,
          "private": "eyJlMmJmYjczMC1lY2FhLTExZTYtOGY4OC0zNDM2M2JjN2M0YzAiOnsiY3JlYXRlIjozMDAwMDAwMDAwMDB9LCJzY2hlbWFfdmVyc2lvbiI6IjIifQ==",
          "dependencies": [
            "module.security_groups.module.private_sg.aws_security_group.this",
            "module.security_groups.module.private_sg.aws_security_group.this_name_prefix",
            "module.vpc.module.vpc.aws_cloudwatch_log_group.flow_log",
            "module.vpc.module.vpc.aws_customer_gateway.this",
            "module.vpc.module.vpc.aws_db_subnet_group.database",
            "module.vpc.module.vpc.aws_default_network_acl.this",
            "module.vpc.module.vpc.aws_default_route_table.default",
            "module.vpc.module.vpc.aws_default_security_group.this",
            "module.vpc.module.vpc.aws_default_vpc.this",
            "module.vpc.module.vpc.aws_egress_only_internet_gateway.this",
            "module.vpc.module.vpc.aws_eip.nat",
            "module.vpc.module.vpc.aws_elasticache_subnet_group.elasticache",
            "module.vpc.module.vpc.aws_flow_log.this",
            "module.vpc.module.vpc.aws_iam_policy.vpc_flow_log_cloudwatch",
            "module.vpc.module.vpc.aws_iam_role.vpc_flow_log_cloudwatch",
            "module.vpc.module.vpc.aws_iam_role_policy_attachment.vpc_flow_log_cloudwatch",
            "module.vpc.module.vpc.aws_internet_gateway.this",
            "module.vpc.module.vpc.aws_nat_gateway.this",
            "module.vpc.module.vpc.aws_network_acl.database",
            "module.vpc.module.vpc.aws_network_acl.elasticache",
            "module.vpc.module.vpc.aws_network_acl.intra",
            "module.vpc.module.vpc.aws_network_acl.outpost",
            "module.vpc.module.vpc.aws_network_acl.private",
            "module.vpc.module.vpc.aws_network_acl.public",
            "module.vpc.module.vpc.aws_network_acl.redshift",
            "module.vpc.module.vpc.aws_network_acl_rule.database_inbound",
            "module.vpc.module.vpc.aws_network_acl_rule.database_outbound",
            "module.vpc.module.vpc.aws_network_acl_rule.elasticache_inbound",
            "module.vpc.module.vpc.aws_network_acl_rule.elasticache_outbound",
            "module.vpc.module.vpc.aws_network_acl_rule.intra_inbound",
            "module.vpc.module.vpc.aws_network_acl_rule.intra_outbound",
            "module.vpc.module.vpc.aws_network_acl_rule.outpost_inbound",
            "module.vpc.module.vpc.aws_network_acl_rule.outpost_outbound",
            "module.vpc.module.vpc.aws_network_acl_rule.private_inbound",
            "module.vpc.module.vpc.aws_network_acl_rule.private_outbound",
            "module.vpc.module.vpc.aws_network_acl_rule.public_inbound",
            "module.vpc.module.vpc.aws_network_acl_rule.public_outbound",
            "module.vpc.module.vpc.aws_network_acl_rule.redshift_inbound",
            "module.vpc.module.vpc.aws_network_acl_rule.redshift_outbound",
            "module.vpc.module.vpc.aws_redshift_subnet_group.redshift",
            "module.vpc.module.vpc.aws_route.database_dns64_nat_gateway",
            "module.vpc.module.vpc.aws_route.database_internet_gateway",
            "module.vpc.module.vpc.aws_route.database_ipv6_egress",
            "module.vpc.module.vpc.aws_route.database_nat_gateway",
            "module.vpc.module.vpc.aws_route.private_dns64_nat_gateway",
            "module.vpc.module.vpc.aws_route.private_ipv6_egress",
            "module.vpc.module.vpc.aws_route.private_nat_gateway",
            "module.vpc.module.vpc.aws_route.public_internet_gateway",
            "module.vpc.module.vpc.aws_route.public_internet_gateway_ipv6",
            "module.vpc.module.vpc.aws_route_table.database",
            "module.vpc.module.vpc.aws_route_table.elasticache",
            "module.vpc.module.vpc.aws_route_table.intra",
            "module.vpc.module.vpc.aws_route_table.private",
            "module.vpc.module.vpc.aws_route_table.public",
            "module.vpc.module.vpc.aws_route_table.redshift",
            "module.vpc.module.vpc.aws_route_table_association.database",
            "module.vpc.module.vpc.aws_route_table_association.elasticache",
            "module.vpc.module.vpc.aws_route_table_association.intra",
            "module.vpc.module.vpc.aws_route_table_association.outpost",
            "module.vpc.module.vpc.aws_route_table_association.private",
            "module.vpc.module.vpc.aws_route_table_association.public",
            "module.vpc.module.vpc.aws_route_table_association.redshift",
            "module.vpc.module.vpc.aws_route_table_association.redshift_public",
            "module.vpc.module.vpc.aws_subnet.database",
            "module.vpc.module.vpc.aws_subnet.elasticache",
            "module.vpc.module.vpc.aws_subnet.intra",
            "module.vpc.module.vpc.aws_subnet.outpost",
            "module.vpc.module.vpc.aws_subnet.private",
            "module.vpc.module.vpc.aws_subnet.public",
            "module.vpc.module.vpc.aws_subnet.redshift",
            "module.vpc.module.vpc.aws_vpc.this",
            "module.vpc.module.vpc.aws_vpc_dhcp_options.this",
            "module.vpc.module.vpc.aws_vpc_dhcp_options_association.this",
            "module.vpc.module.vpc.aws_vpc_ipv4_cidr_block_association.this",
            "module.vpc.module.vpc.aws_vpn_gateway.this",
            "module.vpc.module.vpc.aws_vpn_gateway_attachment.this",
            "module.vpc.module.vpc.aws_vpn_gateway_route_propagation.intra",
            "module.vpc.module.vpc.aws_vpn_gateway_route_propagation.private",
            "module.vpc.module.vpc.aws_vpn_gateway_route_propagation.public",
            "module.vpc.module.vpc.data.aws_iam_policy_document.flow_log_cloudwatch_assume_role",
            "module.vpc.module.vpc.data.aws_iam_policy_document.vpc_flow_log_cloudwatch"
          ],
          "create_before_destroy": true
        }
      ]
    },
    {
      "module": "module.security_groups.module.private_sg",
      "mode": "managed",
      "type": "aws_security_group_rule",
      "name": "egress_with_cidr_blocks",
      "provider": "provider[\"registry.terraform.io/hashicorp/aws\"]",
      "instances": []
    },
    {
      "module": "module.security_groups.module.private_sg",
      "mode": "managed",
      "type": "aws_security_group_rule",
      "name": "egress_with_ipv6_cidr_blocks",
      "provider": "provider[\"registry.terraform.io/hashicorp/aws\"]",
      "instances": []
    },
    {
      "module": "module.security_groups.module.private_sg",
      "mode": "managed",
      "type": "aws_security_group_rule",
      "name": "egress_with_prefix_list_ids",
      "provider": "provider[\"registry.terraform.io/hashicorp/aws\"]",
      "instances": []
    },
    {
      "module": "module.security_groups.module.private_sg",
      "mode": "managed",
      "type": "aws_security_group_rule",
      "name": "egress_with_self",
      "provider": "provider[\"registry.terraform.io/hashicorp/aws\"]",
      "instances": []
    },
    {
      "module": "module.security_groups.module.private_sg",
      "mode": "managed",
      "type": "aws_security_group_rule",
      "name": "egress_with_source_security_group_id",
      "provider": "provider[\"registry.terraform.io/hashicorp/aws\"]",
      "instances": []
    },
    {
      "module": "module.security_groups.module.private_sg",
      "mode": "managed",
      "type": "aws_security_group_rule",
      "name": "ingress_rules",
      "provider": "provider[\"registry.terraform.io/hashicorp/aws\"]",
      "instances": [
        {
          "index_key": 0,
          "schema_version": 2,
          "attributes": {
            "cidr_blocks": [
              "0.0.0.0/0"
            ],
            "description": "SSH",
            "from_port": 22,
            "id": "sgrule-155843072",
            "ipv6_cidr_blocks": [],
            "prefix_list_ids": [],
            "protocol": "tcp",
            "region": "us-east-1",
            "security_group_id": "sg-0f16d018079c0e071",
            "security_group_rule_id": "sgr-0e328d82bab8510c5",
            "self": false,
            "source_security_group_id": null,
            "timeouts": null,
            "to_port": 22,
            "type": "ingress"
          },
          "sensitive_attributes": [],
          "identity_schema_version": 0,
          "private": "eyJlMmJmYjczMC1lY2FhLTExZTYtOGY4OC0zNDM2M2JjN2M0YzAiOnsiY3JlYXRlIjozMDAwMDAwMDAwMDB9LCJzY2hlbWFfdmVyc2lvbiI6IjIifQ==",
          "dependencies": [
            "module.security_groups.module.private_sg.aws_security_group.this",
            "module.security_groups.module.private_sg.aws_security_group.this_name_prefix",
            "module.vpc.module.vpc.aws_cloudwatch_log_group.flow_log",
            "module.vpc.module.vpc.aws_customer_gateway.this",
            "module.vpc.module.vpc.aws_db_subnet_group.database",
            "module.vpc.module.vpc.aws_default_network_acl.this",
            "module.vpc.module.vpc.aws_default_route_table.default",
            "module.vpc.module.vpc.aws_default_security_group.this",
            "module.vpc.module.vpc.aws_default_vpc.this",
            "module.vpc.module.vpc.aws_egress_only_internet_gateway.this",
            "module.vpc.module.vpc.aws_eip.nat",
            "module.vpc.module.vpc.aws_elasticache_subnet_group.elasticache",
            "module.vpc.module.vpc.aws_flow_log.this",
            "module.vpc.module.vpc.aws_iam_policy.vpc_flow_log_cloudwatch",
            "module.vpc.module.vpc.aws_iam_role.vpc_flow_log_cloudwatch",
            "module.vpc.module.vpc.aws_iam_role_policy_attachment.vpc_flow_log_cloudwatch",
            "module.vpc.module.vpc.aws_internet_gateway.this",
            "module.vpc.module.vpc.aws_nat_gateway.this",
            "module.vpc.module.vpc.aws_network_acl.database",
            "module.vpc.module.vpc.aws_network_acl.elasticache",
            "module.vpc.module.vpc.aws_network_acl.intra",
            "module.vpc.module.vpc.aws_network_acl.outpost",
            "module.vpc.module.vpc.aws_network_acl.private",
            "module.vpc.module.vpc.aws_network_acl.public",
            "module.vpc.module.vpc.aws_network_acl.redshift",
            "module.vpc.module.vpc.aws_network_acl_rule.database_inbound",
            "module.vpc.module.vpc.aws_network_acl_rule.database_outbound",
            "module.vpc.module.vpc.aws_network_acl_rule.elasticache_inbound",
            "module.vpc.module.vpc.aws_network_acl_rule.elasticache_outbound",
            "module.vpc.module.vpc.aws_network_acl_rule.intra_inbound",
            "module.vpc.module.vpc.aws_network_acl_rule.intra_outbound",
            "module.vpc.module.vpc.aws_network_acl_rule.outpost_inbound",
            "module.vpc.module.vpc.aws_network_acl_rule.outpost_outbound",
            "module.vpc.module.vpc.aws_network_acl_rule.private_inbound",
            "module.vpc.module.vpc.aws_network_acl_rule.private_outbound",
            "module.vpc.module.vpc.aws_network_acl_rule.public_inbound",
            "module.vpc.module.vpc.aws_network_acl_rule.public_outbound",
            "module.vpc.module.vpc.aws_network_acl_rule.redshift_inbound",
            "module.vpc.module.vpc.aws_network_acl_rule.redshift_outbound",
            "module.vpc.module.vpc.aws_redshift_subnet_group.redshift",
            "module.vpc.module.vpc.aws_route.database_dns64_nat_gateway",
            "module.vpc.module.vpc.aws_route.database_internet_gateway",
            "module.vpc.module.vpc.aws_route.database_ipv6_egress",
            "module.vpc.module.vpc.aws_route.database_nat_gateway",
            "module.vpc.module.vpc.aws_route.private_dns64_nat_gateway",
            "module.vpc.module.vpc.aws_route.private_ipv6_egress",
            "module.vpc.module.vpc.aws_route.private_nat_gateway",
            "module.vpc.module.vpc.aws_route.public_internet_gateway",
            "module.vpc.module.vpc.aws_route.public_internet_gateway_ipv6",
            "module.vpc.module.vpc.aws_route_table.database",
            "module.vpc.module.vpc.aws_route_table.elasticache",
            "module.vpc.module.vpc.aws_route_table.intra",
            "module.vpc.module.vpc.aws_route_table.private",
            "module.vpc.module.vpc.aws_route_table.public",
            "module.vpc.module.vpc.aws_route_table.redshift",
            "module.vpc.module.vpc.aws_route_table_association.database",
            "module.vpc.module.vpc.aws_route_table_association.elasticache",
            "module.vpc.module.vpc.aws_route_table_association.intra",
            "module.vpc.module.vpc.aws_route_table_association.outpost",
            "module.vpc.module.vpc.aws_route_table_association.private",
            "module.vpc.module.vpc.aws_route_table_association.public",
            "module.vpc.module.vpc.aws_route_table_association.redshift",
            "module.vpc.module.vpc.aws_route_table_association.redshift_public",
            "module.vpc.module.vpc.aws_subnet.database",
            "module.vpc.module.vpc.aws_subnet.elasticache",
            "module.vpc.module.vpc.aws_subnet.intra",
            "module.vpc.module.vpc.aws_subnet.outpost",
            "module.vpc.module.vpc.aws_subnet.private",
            "module.vpc.module.vpc.aws_subnet.public",
            "module.vpc.module.vpc.aws_subnet.redshift",
            "module.vpc.module.vpc.aws_vpc.this",
            "module.vpc.module.vpc.aws_vpc_dhcp_options.this",
            "module.vpc.module.vpc.aws_vpc_dhcp_options_association.this",
            "module.vpc.module.vpc.aws_vpc_ipv4_cidr_block_association.this",
            "module.vpc.module.vpc.aws_vpn_gateway.this",
            "module.vpc.module.vpc.aws_vpn_gateway_attachment.this",
            "module.vpc.module.vpc.aws_vpn_gateway_route_propagation.intra",
            "module.vpc.module.vpc.aws_vpn_gateway_route_propagation.private",
            "module.vpc.module.vpc.aws_vpn_gateway_route_propagation.public",
            "module.vpc.module.vpc.data.aws_iam_policy_document.flow_log_cloudwatch_assume_role",
            "module.vpc.module.vpc.data.aws_iam_policy_document.vpc_flow_log_cloudwatch"
          ],
          "create_before_destroy": true
        },
        {
          "index_key": 1,
          "schema_version": 2,
          "attributes": {
            "cidr_blocks": [
              "0.0.0.0/0"
            ],
            "description": "HTTP",
            "from_port": 80,
            "id": "sgrule-3217270709",
            "ipv6_cidr_blocks": [],
            "prefix_list_ids": [],
            "protocol": "tcp",
            "region": "us-east-1",
            "security_group_id": "sg-0f16d018079c0e071",
            "security_group_rule_id": "sgr-048b7acf7d902146f",
            "self": false,
            "source_security_group_id": null,
            "timeouts": null,
            "to_port": 80,
            "type": "ingress"
          },
          "sensitive_attributes": [],
          "identity_schema_version": 0,
          "private": "eyJlMmJmYjczMC1lY2FhLTExZTYtOGY4OC0zNDM2M2JjN2M0YzAiOnsiY3JlYXRlIjozMDAwMDAwMDAwMDB9LCJzY2hlbWFfdmVyc2lvbiI6IjIifQ==",
          "dependencies": [
            "module.security_groups.module.private_sg.aws_security_group.this",
            "module.security_groups.module.private_sg.aws_security_group.this_name_prefix",
            "module.vpc.module.vpc.aws_cloudwatch_log_group.flow_log",
            "module.vpc.module.vpc.aws_customer_gateway.this",
            "module.vpc.module.vpc.aws_db_subnet_group.database",
            "module.vpc.module.vpc.aws_default_network_acl.this",
            "module.vpc.module.vpc.aws_default_route_table.default",
            "module.vpc.module.vpc.aws_default_security_group.this",
            "module.vpc.module.vpc.aws_default_vpc.this",
            "module.vpc.module.vpc.aws_egress_only_internet_gateway.this",
            "module.vpc.module.vpc.aws_eip.nat",
            "module.vpc.module.vpc.aws_elasticache_subnet_group.elasticache",
            "module.vpc.module.vpc.aws_flow_log.this",
            "module.vpc.module.vpc.aws_iam_policy.vpc_flow_log_cloudwatch",
            "module.vpc.module.vpc.aws_iam_role.vpc_flow_log_cloudwatch",
            "module.vpc.module.vpc.aws_iam_role_policy_attachment.vpc_flow_log_cloudwatch",
            "module.vpc.module.vpc.aws_internet_gateway.this",
            "module.vpc.module.vpc.aws_nat_gateway.this",
            "module.vpc.module.vpc.aws_network_acl.database",
            "module.vpc.module.vpc.aws_network_acl.elasticache",
            "module.vpc.module.vpc.aws_network_acl.intra",
            "module.vpc.module.vpc.aws_network_acl.outpost",
            "module.vpc.module.vpc.aws_network_acl.private",
            "module.vpc.module.vpc.aws_network_acl.public",
            "module.vpc.module.vpc.aws_network_acl.redshift",
            "module.vpc.module.vpc.aws_network_acl_rule.database_inbound",
            "module.vpc.module.vpc.aws_network_acl_rule.database_outbound",
            "module.vpc.module.vpc.aws_network_acl_rule.elasticache_inbound",
            "module.vpc.module.vpc.aws_network_acl_rule.elasticache_outbound",
            "module.vpc.module.vpc.aws_network_acl_rule.intra_inbound",
            "module.vpc.module.vpc.aws_network_acl_rule.intra_outbound",
            "module.vpc.module.vpc.aws_network_acl_rule.outpost_inbound",
            "module.vpc.module.vpc.aws_network_acl_rule.outpost_outbound",
            "module.vpc.module.vpc.aws_network_acl_rule.private_inbound",
            "module.vpc.module.vpc.aws_network_acl_rule.private_outbound",
            "module.vpc.module.vpc.aws_network_acl_rule.public_inbound",
            "module.vpc.module.vpc.aws_network_acl_rule.public_outbound",
            "module.vpc.module.vpc.aws_network_acl_rule.redshift_inbound",
            "module.vpc.module.vpc.aws_network_acl_rule.redshift_outbound",
            "module.vpc.module.vpc.aws_redshift_subnet_group.redshift",
            "module.vpc.module.vpc.aws_route.database_dns64_nat_gateway",
            "module.vpc.module.vpc.aws_route.database_internet_gateway",
            "module.vpc.module.vpc.aws_route.database_ipv6_egress",
            "module.vpc.module.vpc.aws_route.database_nat_gateway",
            "module.vpc.module.vpc.aws_route.private_dns64_nat_gateway",
            "module.vpc.module.vpc.aws_route.private_ipv6_egress",
            "module.vpc.module.vpc.aws_route.private_nat_gateway",
            "module.vpc.module.vpc.aws_route.public_internet_gateway",
            "module.vpc.module.vpc.aws_route.public_internet_gateway_ipv6",
            "module.vpc.module.vpc.aws_route_table.database",
            "module.vpc.module.vpc.aws_route_table.elasticache",
            "module.vpc.module.vpc.aws_route_table.intra",
            "module.vpc.module.vpc.aws_route_table.private",
            "module.vpc.module.vpc.aws_route_table.public",
            "module.vpc.module.vpc.aws_route_table.redshift",
            "module.vpc.module.vpc.aws_route_table_association.database",
            "module.vpc.module.vpc.aws_route_table_association.elasticache",
            "module.vpc.module.vpc.aws_route_table_association.intra",
            "module.vpc.module.vpc.aws_route_table_association.outpost",
            "module.vpc.module.vpc.aws_route_table_association.private",
            "module.vpc.module.vpc.aws_route_table_association.public",
            "module.vpc.module.vpc.aws_route_table_association.redshift",
            "module.vpc.module.vpc.aws_route_table_association.redshift_public",
            "module.vpc.module.vpc.aws_subnet.database",
            "module.vpc.module.vpc.aws_subnet.elasticache",
            "module.vpc.module.vpc.aws_subnet.intra",
            "module.vpc.module.vpc.aws_subnet.outpost",
            "module.vpc.module.vpc.aws_subnet.private",
            "module.vpc.module.vpc.aws_subnet.public",
            "module.vpc.module.vpc.aws_subnet.redshift",
            "module.vpc.module.vpc.aws_vpc.this",
            "module.vpc.module.vpc.aws_vpc_dhcp_options.this",
            "module.vpc.module.vpc.aws_vpc_dhcp_options_association.this",
            "module.vpc.module.vpc.aws_vpc_ipv4_cidr_block_association.this",
            "module.vpc.module.vpc.aws_vpn_gateway.this",
            "module.vpc.module.vpc.aws_vpn_gateway_attachment.this",
            "module.vpc.module.vpc.aws_vpn_gateway_route_propagation.intra",
            "module.vpc.module.vpc.aws_vpn_gateway_route_propagation.private",
            "module.vpc.module.vpc.aws_vpn_gateway_route_propagation.public",
            "module.vpc.module.vpc.data.aws_iam_policy_document.flow_log_cloudwatch_assume_role",
            "module.vpc.module.vpc.data.aws_iam_policy_document.vpc_flow_log_cloudwatch"
          ],
          "create_before_destroy": true
        },
        {
          "index_key": 2,
          "schema_version": 2,
          "attributes": {
            "cidr_blocks": [
              "0.0.0.0/0"
            ],
            "description": "HTTP",
            "from_port": 8080,
            "id": "sgrule-2561651529",
            "ipv6_cidr_blocks": [],
            "prefix_list_ids": [],
            "protocol": "tcp",
            "region": "us-east-1",
            "security_group_id": "sg-0f16d018079c0e071",
            "security_group_rule_id": "sgr-0e7b11fd1c70a46f4",
            "self": false,
            "source_security_group_id": null,
            "timeouts": null,
            "to_port": 8080,
            "type": "ingress"
          },
          "sensitive_attributes": [],
          "identity_schema_version": 0,
          "private": "eyJlMmJmYjczMC1lY2FhLTExZTYtOGY4OC0zNDM2M2JjN2M0YzAiOnsiY3JlYXRlIjozMDAwMDAwMDAwMDB9LCJzY2hlbWFfdmVyc2lvbiI6IjIifQ==",
          "dependencies": [
            "module.security_groups.module.private_sg.aws_security_group.this",
            "module.security_groups.module.private_sg.aws_security_group.this_name_prefix",
            "module.vpc.module.vpc.aws_cloudwatch_log_group.flow_log",
            "module.vpc.module.vpc.aws_customer_gateway.this",
            "module.vpc.module.vpc.aws_db_subnet_group.database",
            "module.vpc.module.vpc.aws_default_network_acl.this",
            "module.vpc.module.vpc.aws_default_route_table.default",
            "module.vpc.module.vpc.aws_default_security_group.this",
            "module.vpc.module.vpc.aws_default_vpc.this",
            "module.vpc.module.vpc.aws_egress_only_internet_gateway.this",
            "module.vpc.module.vpc.aws_eip.nat",
            "module.vpc.module.vpc.aws_elasticache_subnet_group.elasticache",
            "module.vpc.module.vpc.aws_flow_log.this",
            "module.vpc.module.vpc.aws_iam_policy.vpc_flow_log_cloudwatch",
            "module.vpc.module.vpc.aws_iam_role.vpc_flow_log_cloudwatch",
            "module.vpc.module.vpc.aws_iam_role_policy_attachment.vpc_flow_log_cloudwatch",
            "module.vpc.module.vpc.aws_internet_gateway.this",
            "module.vpc.module.vpc.aws_nat_gateway.this",
            "module.vpc.module.vpc.aws_network_acl.database",
            "module.vpc.module.vpc.aws_network_acl.elasticache",
            "module.vpc.module.vpc.aws_network_acl.intra",
            "module.vpc.module.vpc.aws_network_acl.outpost",
            "module.vpc.module.vpc.aws_network_acl.private",
            "module.vpc.module.vpc.aws_network_acl.public",
            "module.vpc.module.vpc.aws_network_acl.redshift",
            "module.vpc.module.vpc.aws_network_acl_rule.database_inbound",
            "module.vpc.module.vpc.aws_network_acl_rule.database_outbound",
            "module.vpc.module.vpc.aws_network_acl_rule.elasticache_inbound",
            "module.vpc.module.vpc.aws_network_acl_rule.elasticache_outbound",
            "module.vpc.module.vpc.aws_network_acl_rule.intra_inbound",
            "module.vpc.module.vpc.aws_network_acl_rule.intra_outbound",
            "module.vpc.module.vpc.aws_network_acl_rule.outpost_inbound",
            "module.vpc.module.vpc.aws_network_acl_rule.outpost_outbound",
            "module.vpc.module.vpc.aws_network_acl_rule.private_inbound",
            "module.vpc.module.vpc.aws_network_acl_rule.private_outbound",
            "module.vpc.module.vpc.aws_network_acl_rule.public_inbound",
            "module.vpc.module.vpc.aws_network_acl_rule.public_outbound",
            "module.vpc.module.vpc.aws_network_acl_rule.redshift_inbound",
            "module.vpc.module.vpc.aws_network_acl_rule.redshift_outbound",
            "module.vpc.module.vpc.aws_redshift_subnet_group.redshift",
            "module.vpc.module.vpc.aws_route.database_dns64_nat_gateway",
            "module.vpc.module.vpc.aws_route.database_internet_gateway",
            "module.vpc.module.vpc.aws_route.database_ipv6_egress",
            "module.vpc.module.vpc.aws_route.database_nat_gateway",
            "module.vpc.module.vpc.aws_route.private_dns64_nat_gateway",
            "module.vpc.module.vpc.aws_route.private_ipv6_egress",
            "module.vpc.module.vpc.aws_route.private_nat_gateway",
            "module.vpc.module.vpc.aws_route.public_internet_gateway",
            "module.vpc.module.vpc.aws_route.public_internet_gateway_ipv6",
            "module.vpc.module.vpc.aws_route_table.database",
            "module.vpc.module.vpc.aws_route_table.elasticache",
            "module.vpc.module.vpc.aws_route_table.intra",
            "module.vpc.module.vpc.aws_route_table.private",
            "module.vpc.module.vpc.aws_route_table.public",
            "module.vpc.module.vpc.aws_route_table.redshift",
            "module.vpc.module.vpc.aws_route_table_association.database",
            "module.vpc.module.vpc.aws_route_table_association.elasticache",
            "module.vpc.module.vpc.aws_route_table_association.intra",
            "module.vpc.module.vpc.aws_route_table_association.outpost",
            "module.vpc.module.vpc.aws_route_table_association.private",
            "module.vpc.module.vpc.aws_route_table_association.public",
            "module.vpc.module.vpc.aws_route_table_association.redshift",
            "module.vpc.module.vpc.aws_route_table_association.redshift_public",
            "module.vpc.module.vpc.aws_subnet.database",
            "module.vpc.module.vpc.aws_subnet.elasticache",
            "module.vpc.module.vpc.aws_subnet.intra",
            "module.vpc.module.vpc.aws_subnet.outpost",
            "module.vpc.module.vpc.aws_subnet.private",
            "module.vpc.module.vpc.aws_subnet.public",
            "module.vpc.module.vpc.aws_subnet.redshift",
            "module.vpc.module.vpc.aws_vpc.this",
            "module.vpc.module.vpc.aws_vpc_dhcp_options.this",
            "module.vpc.module.vpc.aws_vpc_dhcp_options_association.this",
            "module.vpc.module.vpc.aws_vpc_ipv4_cidr_block_association.this",
            "module.vpc.module.vpc.aws_vpn_gateway.this",
            "module.vpc.module.vpc.aws_vpn_gateway_attachment.this",
            "module.vpc.module.vpc.aws_vpn_gateway_route_propagation.intra",
            "module.vpc.module.vpc.aws_vpn_gateway_route_propagation.private",
            "module.vpc.module.vpc.aws_vpn_gateway_route_propagation.public",
            "module.vpc.module.vpc.data.aws_iam_policy_document.flow_log_cloudwatch_assume_role",
            "module.vpc.module.vpc.data.aws_iam_policy_document.vpc_flow_log_cloudwatch"
          ],
          "create_before_destroy": true
        }
      ]
    },
    {
      "module": "module.security_groups.module.private_sg",
      "mode": "managed",
      "type": "aws_security_group_rule",
      "name": "ingress_with_cidr_blocks",
      "provider": "provider[\"registry.terraform.io/hashicorp/aws\"]",
      "instances": []
    },
    {
      "module": "module.security_groups.module.private_sg",
      "mode": "managed",
      "type": "aws_security_group_rule",
      "name": "ingress_with_ipv6_cidr_blocks",
      "provider": "provider[\"registry.terraform.io/hashicorp/aws\"]",
      "instances": []
    },
    {
      "module": "module.security_groups.module.private_sg",
      "mode": "managed",
      "type": "aws_security_group_rule",
      "name": "ingress_with_prefix_list_ids",
      "provider": "provider[\"registry.terraform.io/hashicorp/aws\"]",
      "instances": []
    },
    {
      "module": "module.security_groups.module.private_sg",
      "mode": "managed",
      "type": "aws_security_group_rule",
      "name": "ingress_with_self",
      "provider": "provider[\"registry.terraform.io/hashicorp/aws\"]",
      "instances": []
    },
    {
      "module": "module.security_groups.module.private_sg",
      "mode": "managed",
      "type": "aws_security_group_rule",
      "name": "ingress_with_source_security_group_id",
      "provider": "provider[\"registry.terraform.io/hashicorp/aws\"]",
      "instances": []
    },
    {
      "module": "module.security_groups.module.public_bastion_sg",
      "mode": "managed",
      "type": "aws_security_group",
      "name": "this",
      "provider": "provider[\"registry.terraform.io/hashicorp/aws\"]",
      "instances": []
    },
    {
      "module": "module.security_groups.module.public_bastion_sg",
      "mode": "managed",
      "type": "aws_security_group",
      "name": "this_name_prefix",
      "provider": "provider[\"registry.terraform.io/hashicorp/aws\"]",
      "instances": [
        {
          "index_key": 0,
          "schema_version": 1,
          "attributes": {
            "arn": "arn:aws:ec2:us-east-1:043509840958:security-group/sg-0ad6b1de37bf3e945",
            "description": "Security Group with SSH port open for everybody (IPv4 CIDR), egress ports are all world open",
            "egress": [],
            "id": "sg-0ad6b1de37bf3e945",
            "ingress": [],
            "name": "dev-public-bastion-sg-2026022113584987190000000a",
            "name_prefix": "dev-public-bastion-sg-",
            "owner_id": "043509840958",
            "region": "us-east-1",
            "revoke_rules_on_delete": false,
            "tags": {
              "ManagedBy": "Terraform",
              "Name": "dev-public-bastion-sg",
              "Project": "terraform-aws-infrastructure",
              "environment": "dev",
              "owners": "hr"
            },
            "tags_all": {
              "ManagedBy": "Terraform",
              "Name": "dev-public-bastion-sg",
              "Project": "terraform-aws-infrastructure",
              "environment": "dev",
              "owners": "hr"
            },
            "timeouts": {
              "create": "10m",
              "delete": "15m"
            },
            "vpc_id": "vpc-0378c6ca2ce9c16be"
          },
          "sensitive_attributes": [],
          "identity_schema_version": 0,
          "identity": {
            "account_id": "043509840958",
            "id": "sg-0ad6b1de37bf3e945",
            "region": "us-east-1"
          },
          "private": "eyJlMmJmYjczMC1lY2FhLTExZTYtOGY4OC0zNDM2M2JjN2M0YzAiOnsiY3JlYXRlIjo2MDAwMDAwMDAwMDAsImRlbGV0ZSI6OTAwMDAwMDAwMDAwfSwic2NoZW1hX3ZlcnNpb24iOiIxIn0=",
          "dependencies": [
            "module.vpc.module.vpc.aws_cloudwatch_log_group.flow_log",
            "module.vpc.module.vpc.aws_customer_gateway.this",
            "module.vpc.module.vpc.aws_db_subnet_group.database",
            "module.vpc.module.vpc.aws_default_network_acl.this",
            "module.vpc.module.vpc.aws_default_route_table.default",
            "module.vpc.module.vpc.aws_default_security_group.this",
            "module.vpc.module.vpc.aws_default_vpc.this",
            "module.vpc.module.vpc.aws_egress_only_internet_gateway.this",
            "module.vpc.module.vpc.aws_eip.nat",
            "module.vpc.module.vpc.aws_elasticache_subnet_group.elasticache",
            "module.vpc.module.vpc.aws_flow_log.this",
            "module.vpc.module.vpc.aws_iam_policy.vpc_flow_log_cloudwatch",
            "module.vpc.module.vpc.aws_iam_role.vpc_flow_log_cloudwatch",
            "module.vpc.module.vpc.aws_iam_role_policy_attachment.vpc_flow_log_cloudwatch",
            "module.vpc.module.vpc.aws_internet_gateway.this",
            "module.vpc.module.vpc.aws_nat_gateway.this",
            "module.vpc.module.vpc.aws_network_acl.database",
            "module.vpc.module.vpc.aws_network_acl.elasticache",
            "module.vpc.module.vpc.aws_network_acl.intra",
            "module.vpc.module.vpc.aws_network_acl.outpost",
            "module.vpc.module.vpc.aws_network_acl.private",
            "module.vpc.module.vpc.aws_network_acl.public",
            "module.vpc.module.vpc.aws_network_acl.redshift",
            "module.vpc.module.vpc.aws_network_acl_rule.database_inbound",
            "module.vpc.module.vpc.aws_network_acl_rule.database_outbound",
            "module.vpc.module.vpc.aws_network_acl_rule.elasticache_inbound",
            "module.vpc.module.vpc.aws_network_acl_rule.elasticache_outbound",
            "module.vpc.module.vpc.aws_network_acl_rule.intra_inbound",
            "module.vpc.module.vpc.aws_network_acl_rule.intra_outbound",
            "module.vpc.module.vpc.aws_network_acl_rule.outpost_inbound",
            "module.vpc.module.vpc.aws_network_acl_rule.outpost_outbound",
            "module.vpc.module.vpc.aws_network_acl_rule.private_inbound",
            "module.vpc.module.vpc.aws_network_acl_rule.private_outbound",
            "module.vpc.module.vpc.aws_network_acl_rule.public_inbound",
            "module.vpc.module.vpc.aws_network_acl_rule.public_outbound",
            "module.vpc.module.vpc.aws_network_acl_rule.redshift_inbound",
            "module.vpc.module.vpc.aws_network_acl_rule.redshift_outbound",
            "module.vpc.module.vpc.aws_redshift_subnet_group.redshift",
            "module.vpc.module.vpc.aws_route.database_dns64_nat_gateway",
            "module.vpc.module.vpc.aws_route.database_internet_gateway",
            "module.vpc.module.vpc.aws_route.database_ipv6_egress",
            "module.vpc.module.vpc.aws_route.database_nat_gateway",
            "module.vpc.module.vpc.aws_route.private_dns64_nat_gateway",
            "module.vpc.module.vpc.aws_route.private_ipv6_egress",
            "module.vpc.module.vpc.aws_route.private_nat_gateway",
            "module.vpc.module.vpc.aws_route.public_internet_gateway",
            "module.vpc.module.vpc.aws_route.public_internet_gateway_ipv6",
            "module.vpc.module.vpc.aws_route_table.database",
            "module.vpc.module.vpc.aws_route_table.elasticache",
            "module.vpc.module.vpc.aws_route_table.intra",
            "module.vpc.module.vpc.aws_route_table.private",
            "module.vpc.module.vpc.aws_route_table.public",
            "module.vpc.module.vpc.aws_route_table.redshift",
            "module.vpc.module.vpc.aws_route_table_association.database",
            "module.vpc.module.vpc.aws_route_table_association.elasticache",
            "module.vpc.module.vpc.aws_route_table_association.intra",
            "module.vpc.module.vpc.aws_route_table_association.outpost",
            "module.vpc.module.vpc.aws_route_table_association.private",
            "module.vpc.module.vpc.aws_route_table_association.public",
            "module.vpc.module.vpc.aws_route_table_association.redshift",
            "module.vpc.module.vpc.aws_route_table_association.redshift_public",
            "module.vpc.module.vpc.aws_subnet.database",
            "module.vpc.module.vpc.aws_subnet.elasticache",
            "module.vpc.module.vpc.aws_subnet.intra",
            "module.vpc.module.vpc.aws_subnet.outpost",
            "module.vpc.module.vpc.aws_subnet.private",
            "module.vpc.module.vpc.aws_subnet.public",
            "module.vpc.module.vpc.aws_subnet.redshift",
            "module.vpc.module.vpc.aws_vpc.this",
            "module.vpc.module.vpc.aws_vpc_dhcp_options.this",
            "module.vpc.module.vpc.aws_vpc_dhcp_options_association.this",
            "module.vpc.module.vpc.aws_vpc_ipv4_cidr_block_association.this",
            "module.vpc.module.vpc.aws_vpn_gateway.this",
            "module.vpc.module.vpc.aws_vpn_gateway_attachment.this",
            "module.vpc.module.vpc.aws_vpn_gateway_route_propagation.intra",
            "module.vpc.module.vpc.aws_vpn_gateway_route_propagation.private",
            "module.vpc.module.vpc.aws_vpn_gateway_route_propagation.public",
            "module.vpc.module.vpc.data.aws_iam_policy_document.flow_log_cloudwatch_assume_role",
            "module.vpc.module.vpc.data.aws_iam_policy_document.vpc_flow_log_cloudwatch"
          ],
          "create_before_destroy": true
        }
      ]
    },
    {
      "module": "module.security_groups.module.public_bastion_sg",
      "mode": "managed",
      "type": "aws_security_group_rule",
      "name": "computed_egress_rules",
      "provider": "provider[\"registry.terraform.io/hashicorp/aws\"]",
      "instances": []
    },
    {
      "module": "module.security_groups.module.public_bastion_sg",
      "mode": "managed",
      "type": "aws_security_group_rule",
      "name": "computed_egress_with_cidr_blocks",
      "provider": "provider[\"registry.terraform.io/hashicorp/aws\"]",
      "instances": []
    },
    {
      "module": "module.security_groups.module.public_bastion_sg",
      "mode": "managed",
      "type": "aws_security_group_rule",
      "name": "computed_egress_with_ipv6_cidr_blocks",
      "provider": "provider[\"registry.terraform.io/hashicorp/aws\"]",
      "instances": []
    },
    {
      "module": "module.security_groups.module.public_bastion_sg",
      "mode": "managed",
      "type": "aws_security_group_rule",
      "name": "computed_egress_with_prefix_list_ids",
      "provider": "provider[\"registry.terraform.io/hashicorp/aws\"]",
      "instances": []
    },
    {
      "module": "module.security_groups.module.public_bastion_sg",
      "mode": "managed",
      "type": "aws_security_group_rule",
      "name": "computed_egress_with_self",
      "provider": "provider[\"registry.terraform.io/hashicorp/aws\"]",
      "instances": []
    },
    {
      "module": "module.security_groups.module.public_bastion_sg",
      "mode": "managed",
      "type": "aws_security_group_rule",
      "name": "computed_egress_with_source_security_group_id",
      "provider": "provider[\"registry.terraform.io/hashicorp/aws\"]",
      "instances": []
    },
    {
      "module": "module.security_groups.module.public_bastion_sg",
      "mode": "managed",
      "type": "aws_security_group_rule",
      "name": "computed_ingress_rules",
      "provider": "provider[\"registry.terraform.io/hashicorp/aws\"]",
      "instances": []
    },
    {
      "module": "module.security_groups.module.public_bastion_sg",
      "mode": "managed",
      "type": "aws_security_group_rule",
      "name": "computed_ingress_with_cidr_blocks",
      "provider": "provider[\"registry.terraform.io/hashicorp/aws\"]",
      "instances": []
    },
    {
      "module": "module.security_groups.module.public_bastion_sg",
      "mode": "managed",
      "type": "aws_security_group_rule",
      "name": "computed_ingress_with_ipv6_cidr_blocks",
      "provider": "provider[\"registry.terraform.io/hashicorp/aws\"]",
      "instances": []
    },
    {
      "module": "module.security_groups.module.public_bastion_sg",
      "mode": "managed",
      "type": "aws_security_group_rule",
      "name": "computed_ingress_with_prefix_list_ids",
      "provider": "provider[\"registry.terraform.io/hashicorp/aws\"]",
      "instances": []
    },
    {
      "module": "module.security_groups.module.public_bastion_sg",
      "mode": "managed",
      "type": "aws_security_group_rule",
      "name": "computed_ingress_with_self",
      "provider": "provider[\"registry.terraform.io/hashicorp/aws\"]",
      "instances": []
    },
    {
      "module": "module.security_groups.module.public_bastion_sg",
      "mode": "managed",
      "type": "aws_security_group_rule",
      "name": "computed_ingress_with_source_security_group_id",
      "provider": "provider[\"registry.terraform.io/hashicorp/aws\"]",
      "instances": []
    },
    {
      "module": "module.security_groups.module.public_bastion_sg",
      "mode": "managed",
      "type": "aws_security_group_rule",
      "name": "egress_rules",
      "provider": "provider[\"registry.terraform.io/hashicorp/aws\"]",
      "instances": [
        {
          "index_key": 0,
          "schema_version": 2,
          "attributes": {
            "cidr_blocks": [
              "0.0.0.0/0"
            ],
            "description": "All protocols",
            "from_port": -1,
            "id": "sgrule-2008437034",
            "ipv6_cidr_blocks": [
              "::/0"
            ],
            "prefix_list_ids": [],
            "protocol": "-1",
            "region": "us-east-1",
            "security_group_id": "sg-0ad6b1de37bf3e945",
            "security_group_rule_id": "",
            "self": false,
            "source_security_group_id": null,
            "timeouts": null,
            "to_port": -1,
            "type": "egress"
          },
          "sensitive_attributes": [],
          "identity_schema_version": 0,
          "private": "eyJlMmJmYjczMC1lY2FhLTExZTYtOGY4OC0zNDM2M2JjN2M0YzAiOnsiY3JlYXRlIjozMDAwMDAwMDAwMDB9LCJzY2hlbWFfdmVyc2lvbiI6IjIifQ==",
          "dependencies": [
            "module.security_groups.module.public_bastion_sg.aws_security_group.this",
            "module.security_groups.module.public_bastion_sg.aws_security_group.this_name_prefix",
            "module.vpc.module.vpc.aws_cloudwatch_log_group.flow_log",
            "module.vpc.module.vpc.aws_customer_gateway.this",
            "module.vpc.module.vpc.aws_db_subnet_group.database",
            "module.vpc.module.vpc.aws_default_network_acl.this",
            "module.vpc.module.vpc.aws_default_route_table.default",
            "module.vpc.module.vpc.aws_default_security_group.this",
            "module.vpc.module.vpc.aws_default_vpc.this",
            "module.vpc.module.vpc.aws_egress_only_internet_gateway.this",
            "module.vpc.module.vpc.aws_eip.nat",
            "module.vpc.module.vpc.aws_elasticache_subnet_group.elasticache",
            "module.vpc.module.vpc.aws_flow_log.this",
            "module.vpc.module.vpc.aws_iam_policy.vpc_flow_log_cloudwatch",
            "module.vpc.module.vpc.aws_iam_role.vpc_flow_log_cloudwatch",
            "module.vpc.module.vpc.aws_iam_role_policy_attachment.vpc_flow_log_cloudwatch",
            "module.vpc.module.vpc.aws_internet_gateway.this",
            "module.vpc.module.vpc.aws_nat_gateway.this",
            "module.vpc.module.vpc.aws_network_acl.database",
            "module.vpc.module.vpc.aws_network_acl.elasticache",
            "module.vpc.module.vpc.aws_network_acl.intra",
            "module.vpc.module.vpc.aws_network_acl.outpost",
            "module.vpc.module.vpc.aws_network_acl.private",
            "module.vpc.module.vpc.aws_network_acl.public",
            "module.vpc.module.vpc.aws_network_acl.redshift",
            "module.vpc.module.vpc.aws_network_acl_rule.database_inbound",
            "module.vpc.module.vpc.aws_network_acl_rule.database_outbound",
            "module.vpc.module.vpc.aws_network_acl_rule.elasticache_inbound",
            "module.vpc.module.vpc.aws_network_acl_rule.elasticache_outbound",
            "module.vpc.module.vpc.aws_network_acl_rule.intra_inbound",
            "module.vpc.module.vpc.aws_network_acl_rule.intra_outbound",
            "module.vpc.module.vpc.aws_network_acl_rule.outpost_inbound",
            "module.vpc.module.vpc.aws_network_acl_rule.outpost_outbound",
            "module.vpc.module.vpc.aws_network_acl_rule.private_inbound",
            "module.vpc.module.vpc.aws_network_acl_rule.private_outbound",
            "module.vpc.module.vpc.aws_network_acl_rule.public_inbound",
            "module.vpc.module.vpc.aws_network_acl_rule.public_outbound",
            "module.vpc.module.vpc.aws_network_acl_rule.redshift_inbound",
            "module.vpc.module.vpc.aws_network_acl_rule.redshift_outbound",
            "module.vpc.module.vpc.aws_redshift_subnet_group.redshift",
            "module.vpc.module.vpc.aws_route.database_dns64_nat_gateway",
            "module.vpc.module.vpc.aws_route.database_internet_gateway",
            "module.vpc.module.vpc.aws_route.database_ipv6_egress",
            "module.vpc.module.vpc.aws_route.database_nat_gateway",
            "module.vpc.module.vpc.aws_route.private_dns64_nat_gateway",
            "module.vpc.module.vpc.aws_route.private_ipv6_egress",
            "module.vpc.module.vpc.aws_route.private_nat_gateway",
            "module.vpc.module.vpc.aws_route.public_internet_gateway",
            "module.vpc.module.vpc.aws_route.public_internet_gateway_ipv6",
            "module.vpc.module.vpc.aws_route_table.database",
            "module.vpc.module.vpc.aws_route_table.elasticache",
            "module.vpc.module.vpc.aws_route_table.intra",
            "module.vpc.module.vpc.aws_route_table.private",
            "module.vpc.module.vpc.aws_route_table.public",
            "module.vpc.module.vpc.aws_route_table.redshift",
            "module.vpc.module.vpc.aws_route_table_association.database",
            "module.vpc.module.vpc.aws_route_table_association.elasticache",
            "module.vpc.module.vpc.aws_route_table_association.intra",
            "module.vpc.module.vpc.aws_route_table_association.outpost",
            "module.vpc.module.vpc.aws_route_table_association.private",
            "module.vpc.module.vpc.aws_route_table_association.public",
            "module.vpc.module.vpc.aws_route_table_association.redshift",
            "module.vpc.module.vpc.aws_route_table_association.redshift_public",
            "module.vpc.module.vpc.aws_subnet.database",
            "module.vpc.module.vpc.aws_subnet.elasticache",
            "module.vpc.module.vpc.aws_subnet.intra",
            "module.vpc.module.vpc.aws_subnet.outpost",
            "module.vpc.module.vpc.aws_subnet.private",
            "module.vpc.module.vpc.aws_subnet.public",
            "module.vpc.module.vpc.aws_subnet.redshift",
            "module.vpc.module.vpc.aws_vpc.this",
            "module.vpc.module.vpc.aws_vpc_dhcp_options.this",
            "module.vpc.module.vpc.aws_vpc_dhcp_options_association.this",
            "module.vpc.module.vpc.aws_vpc_ipv4_cidr_block_association.this",
            "module.vpc.module.vpc.aws_vpn_gateway.this",
            "module.vpc.module.vpc.aws_vpn_gateway_attachment.this",
            "module.vpc.module.vpc.aws_vpn_gateway_route_propagation.intra",
            "module.vpc.module.vpc.aws_vpn_gateway_route_propagation.private",
            "module.vpc.module.vpc.aws_vpn_gateway_route_propagation.public",
            "module.vpc.module.vpc.data.aws_iam_policy_document.flow_log_cloudwatch_assume_role",
            "module.vpc.module.vpc.data.aws_iam_policy_document.vpc_flow_log_cloudwatch"
          ],
          "create_before_destroy": true
        }
      ]
    },
    {
      "module": "module.security_groups.module.public_bastion_sg",
      "mode": "managed",
      "type": "aws_security_group_rule",
      "name": "egress_with_cidr_blocks",
      "provider": "provider[\"registry.terraform.io/hashicorp/aws\"]",
      "instances": []
    },
    {
      "module": "module.security_groups.module.public_bastion_sg",
      "mode": "managed",
      "type": "aws_security_group_rule",
      "name": "egress_with_ipv6_cidr_blocks",
      "provider": "provider[\"registry.terraform.io/hashicorp/aws\"]",
      "instances": []
    },
    {
      "module": "module.security_groups.module.public_bastion_sg",
      "mode": "managed",
      "type": "aws_security_group_rule",
      "name": "egress_with_prefix_list_ids",
      "provider": "provider[\"registry.terraform.io/hashicorp/aws\"]",
      "instances": []
    },
    {
      "module": "module.security_groups.module.public_bastion_sg",
      "mode": "managed",
      "type": "aws_security_group_rule",
      "name": "egress_with_self",
      "provider": "provider[\"registry.terraform.io/hashicorp/aws\"]",
      "instances": []
    },
    {
      "module": "module.security_groups.module.public_bastion_sg",
      "mode": "managed",
      "type": "aws_security_group_rule",
      "name": "egress_with_source_security_group_id",
      "provider": "provider[\"registry.terraform.io/hashicorp/aws\"]",
      "instances": []
    },
    {
      "module": "module.security_groups.module.public_bastion_sg",
      "mode": "managed",
      "type": "aws_security_group_rule",
      "name": "ingress_rules",
      "provider": "provider[\"registry.terraform.io/hashicorp/aws\"]",
      "instances": [
        {
          "index_key": 0,
          "schema_version": 2,
          "attributes": {
            "cidr_blocks": [
              "0.0.0.0/0"
            ],
            "description": "SSH",
            "from_port": 22,
            "id": "sgrule-2127522615",
            "ipv6_cidr_blocks": [],
            "prefix_list_ids": [],
            "protocol": "tcp",
            "region": "us-east-1",
            "security_group_id": "sg-0ad6b1de37bf3e945",
            "security_group_rule_id": "sgr-07e9b015a51c0d1fe",
            "self": false,
            "source_security_group_id": null,
            "timeouts": null,
            "to_port": 22,
            "type": "ingress"
          },
          "sensitive_attributes": [],
          "identity_schema_version": 0,
          "private": "eyJlMmJmYjczMC1lY2FhLTExZTYtOGY4OC0zNDM2M2JjN2M0YzAiOnsiY3JlYXRlIjozMDAwMDAwMDAwMDB9LCJzY2hlbWFfdmVyc2lvbiI6IjIifQ==",
          "dependencies": [
            "module.security_groups.module.public_bastion_sg.aws_security_group.this",
            "module.security_groups.module.public_bastion_sg.aws_security_group.this_name_prefix",
            "module.vpc.module.vpc.aws_cloudwatch_log_group.flow_log",
            "module.vpc.module.vpc.aws_customer_gateway.this",
            "module.vpc.module.vpc.aws_db_subnet_group.database",
            "module.vpc.module.vpc.aws_default_network_acl.this",
            "module.vpc.module.vpc.aws_default_route_table.default",
            "module.vpc.module.vpc.aws_default_security_group.this",
            "module.vpc.module.vpc.aws_default_vpc.this",
            "module.vpc.module.vpc.aws_egress_only_internet_gateway.this",
            "module.vpc.module.vpc.aws_eip.nat",
            "module.vpc.module.vpc.aws_elasticache_subnet_group.elasticache",
            "module.vpc.module.vpc.aws_flow_log.this",
            "module.vpc.module.vpc.aws_iam_policy.vpc_flow_log_cloudwatch",
            "module.vpc.module.vpc.aws_iam_role.vpc_flow_log_cloudwatch",
            "module.vpc.module.vpc.aws_iam_role_policy_attachment.vpc_flow_log_cloudwatch",
            "module.vpc.module.vpc.aws_internet_gateway.this",
            "module.vpc.module.vpc.aws_nat_gateway.this",
            "module.vpc.module.vpc.aws_network_acl.database",
            "module.vpc.module.vpc.aws_network_acl.elasticache",
            "module.vpc.module.vpc.aws_network_acl.intra",
            "module.vpc.module.vpc.aws_network_acl.outpost",
            "module.vpc.module.vpc.aws_network_acl.private",
            "module.vpc.module.vpc.aws_network_acl.public",
            "module.vpc.module.vpc.aws_network_acl.redshift",
            "module.vpc.module.vpc.aws_network_acl_rule.database_inbound",
            "module.vpc.module.vpc.aws_network_acl_rule.database_outbound",
            "module.vpc.module.vpc.aws_network_acl_rule.elasticache_inbound",
            "module.vpc.module.vpc.aws_network_acl_rule.elasticache_outbound",
            "module.vpc.module.vpc.aws_network_acl_rule.intra_inbound",
            "module.vpc.module.vpc.aws_network_acl_rule.intra_outbound",
            "module.vpc.module.vpc.aws_network_acl_rule.outpost_inbound",
            "module.vpc.module.vpc.aws_network_acl_rule.outpost_outbound",
            "module.vpc.module.vpc.aws_network_acl_rule.private_inbound",
            "module.vpc.module.vpc.aws_network_acl_rule.private_outbound",
            "module.vpc.module.vpc.aws_network_acl_rule.public_inbound",
            "module.vpc.module.vpc.aws_network_acl_rule.public_outbound",
            "module.vpc.module.vpc.aws_network_acl_rule.redshift_inbound",
            "module.vpc.module.vpc.aws_network_acl_rule.redshift_outbound",
            "module.vpc.module.vpc.aws_redshift_subnet_group.redshift",
            "module.vpc.module.vpc.aws_route.database_dns64_nat_gateway",
            "module.vpc.module.vpc.aws_route.database_internet_gateway",
            "module.vpc.module.vpc.aws_route.database_ipv6_egress",
            "module.vpc.module.vpc.aws_route.database_nat_gateway",
            "module.vpc.module.vpc.aws_route.private_dns64_nat_gateway",
            "module.vpc.module.vpc.aws_route.private_ipv6_egress",
            "module.vpc.module.vpc.aws_route.private_nat_gateway",
            "module.vpc.module.vpc.aws_route.public_internet_gateway",
            "module.vpc.module.vpc.aws_route.public_internet_gateway_ipv6",
            "module.vpc.module.vpc.aws_route_table.database",
            "module.vpc.module.vpc.aws_route_table.elasticache",
            "module.vpc.module.vpc.aws_route_table.intra",
            "module.vpc.module.vpc.aws_route_table.private",
            "module.vpc.module.vpc.aws_route_table.public",
            "module.vpc.module.vpc.aws_route_table.redshift",
            "module.vpc.module.vpc.aws_route_table_association.database",
            "module.vpc.module.vpc.aws_route_table_association.elasticache",
            "module.vpc.module.vpc.aws_route_table_association.intra",
            "module.vpc.module.vpc.aws_route_table_association.outpost",
            "module.vpc.module.vpc.aws_route_table_association.private",
            "module.vpc.module.vpc.aws_route_table_association.public",
            "module.vpc.module.vpc.aws_route_table_association.redshift",
            "module.vpc.module.vpc.aws_route_table_association.redshift_public",
            "module.vpc.module.vpc.aws_subnet.database",
            "module.vpc.module.vpc.aws_subnet.elasticache",
            "module.vpc.module.vpc.aws_subnet.intra",
            "module.vpc.module.vpc.aws_subnet.outpost",
            "module.vpc.module.vpc.aws_subnet.private",
            "module.vpc.module.vpc.aws_subnet.public",
            "module.vpc.module.vpc.aws_subnet.redshift",
            "module.vpc.module.vpc.aws_vpc.this",
            "module.vpc.module.vpc.aws_vpc_dhcp_options.this",
            "module.vpc.module.vpc.aws_vpc_dhcp_options_association.this",
            "module.vpc.module.vpc.aws_vpc_ipv4_cidr_block_association.this",
            "module.vpc.module.vpc.aws_vpn_gateway.this",
            "module.vpc.module.vpc.aws_vpn_gateway_attachment.this",
            "module.vpc.module.vpc.aws_vpn_gateway_route_propagation.intra",
            "module.vpc.module.vpc.aws_vpn_gateway_route_propagation.private",
            "module.vpc.module.vpc.aws_vpn_gateway_route_propagation.public",
            "module.vpc.module.vpc.data.aws_iam_policy_document.flow_log_cloudwatch_assume_role",
            "module.vpc.module.vpc.data.aws_iam_policy_document.vpc_flow_log_cloudwatch"
          ],
          "create_before_destroy": true
        }
      ]
    },
    {
      "module": "module.security_groups.module.public_bastion_sg",
      "mode": "managed",
      "type": "aws_security_group_rule",
      "name": "ingress_with_cidr_blocks",
      "provider": "provider[\"registry.terraform.io/hashicorp/aws\"]",
      "instances": []
    },
    {
      "module": "module.security_groups.module.public_bastion_sg",
      "mode": "managed",
      "type": "aws_security_group_rule",
      "name": "ingress_with_ipv6_cidr_blocks",
      "provider": "provider[\"registry.terraform.io/hashicorp/aws\"]",
      "instances": []
    },
    {
      "module": "module.security_groups.module.public_bastion_sg",
      "mode": "managed",
      "type": "aws_security_group_rule",
      "name": "ingress_with_prefix_list_ids",
      "provider": "provider[\"registry.terraform.io/hashicorp/aws\"]",
      "instances": []
    },
    {
      "module": "module.security_groups.module.public_bastion_sg",
      "mode": "managed",
      "type": "aws_security_group_rule",
      "name": "ingress_with_self",
      "provider": "provider[\"registry.terraform.io/hashicorp/aws\"]",
      "instances": []
    },
    {
      "module": "module.security_groups.module.public_bastion_sg",
      "mode": "managed",
      "type": "aws_security_group_rule",
      "name": "ingress_with_source_security_group_id",
      "provider": "provider[\"registry.terraform.io/hashicorp/aws\"]",
      "instances": []
    },
    {
      "module": "module.security_groups.module.rdsdb_sg",
      "mode": "managed",
      "type": "aws_security_group",
      "name": "this",
      "provider": "provider[\"registry.terraform.io/hashicorp/aws\"]",
      "instances": []
    },
    {
      "module": "module.security_groups.module.rdsdb_sg",
      "mode": "managed",
      "type": "aws_security_group",
      "name": "this_name_prefix",
      "provider": "provider[\"registry.terraform.io/hashicorp/aws\"]",
      "instances": [
        {
          "index_key": 0,
          "schema_version": 1,
          "attributes": {
            "arn": "arn:aws:ec2:us-east-1:043509840958:security-group/sg-05e847fd1c923fdd5",
            "description": "Access to MySQL DB for entire VPC CIDR Block",
            "egress": [],
            "id": "sg-05e847fd1c923fdd5",
            "ingress": [],
            "name": "dev-rdsdb-sg-20260221135849870400000008",
            "name_prefix": "dev-rdsdb-sg-",
            "owner_id": "043509840958",
            "region": "us-east-1",
            "revoke_rules_on_delete": false,
            "tags": {
              "ManagedBy": "Terraform",
              "Name": "dev-rdsdb-sg",
              "Project": "terraform-aws-infrastructure",
              "environment": "dev",
              "owners": "hr"
            },
            "tags_all": {
              "ManagedBy": "Terraform",
              "Name": "dev-rdsdb-sg",
              "Project": "terraform-aws-infrastructure",
              "environment": "dev",
              "owners": "hr"
            },
            "timeouts": {
              "create": "10m",
              "delete": "15m"
            },
            "vpc_id": "vpc-0378c6ca2ce9c16be"
          },
          "sensitive_attributes": [],
          "identity_schema_version": 0,
          "identity": {
            "account_id": "043509840958",
            "id": "sg-05e847fd1c923fdd5",
            "region": "us-east-1"
          },
          "private": "eyJlMmJmYjczMC1lY2FhLTExZTYtOGY4OC0zNDM2M2JjN2M0YzAiOnsiY3JlYXRlIjo2MDAwMDAwMDAwMDAsImRlbGV0ZSI6OTAwMDAwMDAwMDAwfSwic2NoZW1hX3ZlcnNpb24iOiIxIn0=",
          "dependencies": [
            "module.vpc.module.vpc.aws_cloudwatch_log_group.flow_log",
            "module.vpc.module.vpc.aws_customer_gateway.this",
            "module.vpc.module.vpc.aws_db_subnet_group.database",
            "module.vpc.module.vpc.aws_default_network_acl.this",
            "module.vpc.module.vpc.aws_default_route_table.default",
            "module.vpc.module.vpc.aws_default_security_group.this",
            "module.vpc.module.vpc.aws_default_vpc.this",
            "module.vpc.module.vpc.aws_egress_only_internet_gateway.this",
            "module.vpc.module.vpc.aws_eip.nat",
            "module.vpc.module.vpc.aws_elasticache_subnet_group.elasticache",
            "module.vpc.module.vpc.aws_flow_log.this",
            "module.vpc.module.vpc.aws_iam_policy.vpc_flow_log_cloudwatch",
            "module.vpc.module.vpc.aws_iam_role.vpc_flow_log_cloudwatch",
            "module.vpc.module.vpc.aws_iam_role_policy_attachment.vpc_flow_log_cloudwatch",
            "module.vpc.module.vpc.aws_internet_gateway.this",
            "module.vpc.module.vpc.aws_nat_gateway.this",
            "module.vpc.module.vpc.aws_network_acl.database",
            "module.vpc.module.vpc.aws_network_acl.elasticache",
            "module.vpc.module.vpc.aws_network_acl.intra",
            "module.vpc.module.vpc.aws_network_acl.outpost",
            "module.vpc.module.vpc.aws_network_acl.private",
            "module.vpc.module.vpc.aws_network_acl.public",
            "module.vpc.module.vpc.aws_network_acl.redshift",
            "module.vpc.module.vpc.aws_network_acl_rule.database_inbound",
            "module.vpc.module.vpc.aws_network_acl_rule.database_outbound",
            "module.vpc.module.vpc.aws_network_acl_rule.elasticache_inbound",
            "module.vpc.module.vpc.aws_network_acl_rule.elasticache_outbound",
            "module.vpc.module.vpc.aws_network_acl_rule.intra_inbound",
            "module.vpc.module.vpc.aws_network_acl_rule.intra_outbound",
            "module.vpc.module.vpc.aws_network_acl_rule.outpost_inbound",
            "module.vpc.module.vpc.aws_network_acl_rule.outpost_outbound",
            "module.vpc.module.vpc.aws_network_acl_rule.private_inbound",
            "module.vpc.module.vpc.aws_network_acl_rule.private_outbound",
            "module.vpc.module.vpc.aws_network_acl_rule.public_inbound",
            "module.vpc.module.vpc.aws_network_acl_rule.public_outbound",
            "module.vpc.module.vpc.aws_network_acl_rule.redshift_inbound",
            "module.vpc.module.vpc.aws_network_acl_rule.redshift_outbound",
            "module.vpc.module.vpc.aws_redshift_subnet_group.redshift",
            "module.vpc.module.vpc.aws_route.database_dns64_nat_gateway",
            "module.vpc.module.vpc.aws_route.database_internet_gateway",
            "module.vpc.module.vpc.aws_route.database_ipv6_egress",
            "module.vpc.module.vpc.aws_route.database_nat_gateway",
            "module.vpc.module.vpc.aws_route.private_dns64_nat_gateway",
            "module.vpc.module.vpc.aws_route.private_ipv6_egress",
            "module.vpc.module.vpc.aws_route.private_nat_gateway",
            "module.vpc.module.vpc.aws_route.public_internet_gateway",
            "module.vpc.module.vpc.aws_route.public_internet_gateway_ipv6",
            "module.vpc.module.vpc.aws_route_table.database",
            "module.vpc.module.vpc.aws_route_table.elasticache",
            "module.vpc.module.vpc.aws_route_table.intra",
            "module.vpc.module.vpc.aws_route_table.private",
            "module.vpc.module.vpc.aws_route_table.public",
            "module.vpc.module.vpc.aws_route_table.redshift",
            "module.vpc.module.vpc.aws_route_table_association.database",
            "module.vpc.module.vpc.aws_route_table_association.elasticache",
            "module.vpc.module.vpc.aws_route_table_association.intra",
            "module.vpc.module.vpc.aws_route_table_association.outpost",
            "module.vpc.module.vpc.aws_route_table_association.private",
            "module.vpc.module.vpc.aws_route_table_association.public",
            "module.vpc.module.vpc.aws_route_table_association.redshift",
            "module.vpc.module.vpc.aws_route_table_association.redshift_public",
            "module.vpc.module.vpc.aws_subnet.database",
            "module.vpc.module.vpc.aws_subnet.elasticache",
            "module.vpc.module.vpc.aws_subnet.intra",
            "module.vpc.module.vpc.aws_subnet.outpost",
            "module.vpc.module.vpc.aws_subnet.private",
            "module.vpc.module.vpc.aws_subnet.public",
            "module.vpc.module.vpc.aws_subnet.redshift",
            "module.vpc.module.vpc.aws_vpc.this",
            "module.vpc.module.vpc.aws_vpc_dhcp_options.this",
            "module.vpc.module.vpc.aws_vpc_dhcp_options_association.this",
            "module.vpc.module.vpc.aws_vpc_ipv4_cidr_block_association.this",
            "module.vpc.module.vpc.aws_vpn_gateway.this",
            "module.vpc.module.vpc.aws_vpn_gateway_attachment.this",
            "module.vpc.module.vpc.aws_vpn_gateway_route_propagation.intra",
            "module.vpc.module.vpc.aws_vpn_gateway_route_propagation.private",
            "module.vpc.module.vpc.aws_vpn_gateway_route_propagation.public",
            "module.vpc.module.vpc.data.aws_iam_policy_document.flow_log_cloudwatch_assume_role",
            "module.vpc.module.vpc.data.aws_iam_policy_document.vpc_flow_log_cloudwatch"
          ],
          "create_before_destroy": true
        }
      ]
    },
    {
      "module": "module.security_groups.module.rdsdb_sg",
      "mode": "managed",
      "type": "aws_security_group_rule",
      "name": "computed_egress_rules",
      "provider": "provider[\"registry.terraform.io/hashicorp/aws\"]",
      "instances": []
    },
    {
      "module": "module.security_groups.module.rdsdb_sg",
      "mode": "managed",
      "type": "aws_security_group_rule",
      "name": "computed_egress_with_cidr_blocks",
      "provider": "provider[\"registry.terraform.io/hashicorp/aws\"]",
      "instances": []
    },
    {
      "module": "module.security_groups.module.rdsdb_sg",
      "mode": "managed",
      "type": "aws_security_group_rule",
      "name": "computed_egress_with_ipv6_cidr_blocks",
      "provider": "provider[\"registry.terraform.io/hashicorp/aws\"]",
      "instances": []
    },
    {
      "module": "module.security_groups.module.rdsdb_sg",
      "mode": "managed",
      "type": "aws_security_group_rule",
      "name": "computed_egress_with_prefix_list_ids",
      "provider": "provider[\"registry.terraform.io/hashicorp/aws\"]",
      "instances": []
    },
    {
      "module": "module.security_groups.module.rdsdb_sg",
      "mode": "managed",
      "type": "aws_security_group_rule",
      "name": "computed_egress_with_self",
      "provider": "provider[\"registry.terraform.io/hashicorp/aws\"]",
      "instances": []
    },
    {
      "module": "module.security_groups.module.rdsdb_sg",
      "mode": "managed",
      "type": "aws_security_group_rule",
      "name": "computed_egress_with_source_security_group_id",
      "provider": "provider[\"registry.terraform.io/hashicorp/aws\"]",
      "instances": []
    },
    {
      "module": "module.security_groups.module.rdsdb_sg",
      "mode": "managed",
      "type": "aws_security_group_rule",
      "name": "computed_ingress_rules",
      "provider": "provider[\"registry.terraform.io/hashicorp/aws\"]",
      "instances": []
    },
    {
      "module": "module.security_groups.module.rdsdb_sg",
      "mode": "managed",
      "type": "aws_security_group_rule",
      "name": "computed_ingress_with_cidr_blocks",
      "provider": "provider[\"registry.terraform.io/hashicorp/aws\"]",
      "instances": []
    },
    {
      "module": "module.security_groups.module.rdsdb_sg",
      "mode": "managed",
      "type": "aws_security_group_rule",
      "name": "computed_ingress_with_ipv6_cidr_blocks",
      "provider": "provider[\"registry.terraform.io/hashicorp/aws\"]",
      "instances": []
    },
    {
      "module": "module.security_groups.module.rdsdb_sg",
      "mode": "managed",
      "type": "aws_security_group_rule",
      "name": "computed_ingress_with_prefix_list_ids",
      "provider": "provider[\"registry.terraform.io/hashicorp/aws\"]",
      "instances": []
    },
    {
      "module": "module.security_groups.module.rdsdb_sg",
      "mode": "managed",
      "type": "aws_security_group_rule",
      "name": "computed_ingress_with_self",
      "provider": "provider[\"registry.terraform.io/hashicorp/aws\"]",
      "instances": []
    },
    {
      "module": "module.security_groups.module.rdsdb_sg",
      "mode": "managed",
      "type": "aws_security_group_rule",
      "name": "computed_ingress_with_source_security_group_id",
      "provider": "provider[\"registry.terraform.io/hashicorp/aws\"]",
      "instances": []
    },
    {
      "module": "module.security_groups.module.rdsdb_sg",
      "mode": "managed",
      "type": "aws_security_group_rule",
      "name": "egress_rules",
      "provider": "provider[\"registry.terraform.io/hashicorp/aws\"]",
      "instances": [
        {
          "index_key": 0,
          "schema_version": 2,
          "attributes": {
            "cidr_blocks": [
              "0.0.0.0/0"
            ],
            "description": "All protocols",
            "from_port": -1,
            "id": "sgrule-1208858220",
            "ipv6_cidr_blocks": [
              "::/0"
            ],
            "prefix_list_ids": [],
            "protocol": "-1",
            "region": "us-east-1",
            "security_group_id": "sg-05e847fd1c923fdd5",
            "security_group_rule_id": "",
            "self": false,
            "source_security_group_id": null,
            "timeouts": null,
            "to_port": -1,
            "type": "egress"
          },
          "sensitive_attributes": [],
          "identity_schema_version": 0,
          "private": "eyJlMmJmYjczMC1lY2FhLTExZTYtOGY4OC0zNDM2M2JjN2M0YzAiOnsiY3JlYXRlIjozMDAwMDAwMDAwMDB9LCJzY2hlbWFfdmVyc2lvbiI6IjIifQ==",
          "dependencies": [
            "module.security_groups.module.rdsdb_sg.aws_security_group.this",
            "module.security_groups.module.rdsdb_sg.aws_security_group.this_name_prefix",
            "module.vpc.module.vpc.aws_cloudwatch_log_group.flow_log",
            "module.vpc.module.vpc.aws_customer_gateway.this",
            "module.vpc.module.vpc.aws_db_subnet_group.database",
            "module.vpc.module.vpc.aws_default_network_acl.this",
            "module.vpc.module.vpc.aws_default_route_table.default",
            "module.vpc.module.vpc.aws_default_security_group.this",
            "module.vpc.module.vpc.aws_default_vpc.this",
            "module.vpc.module.vpc.aws_egress_only_internet_gateway.this",
            "module.vpc.module.vpc.aws_eip.nat",
            "module.vpc.module.vpc.aws_elasticache_subnet_group.elasticache",
            "module.vpc.module.vpc.aws_flow_log.this",
            "module.vpc.module.vpc.aws_iam_policy.vpc_flow_log_cloudwatch",
            "module.vpc.module.vpc.aws_iam_role.vpc_flow_log_cloudwatch",
            "module.vpc.module.vpc.aws_iam_role_policy_attachment.vpc_flow_log_cloudwatch",
            "module.vpc.module.vpc.aws_internet_gateway.this",
            "module.vpc.module.vpc.aws_nat_gateway.this",
            "module.vpc.module.vpc.aws_network_acl.database",
            "module.vpc.module.vpc.aws_network_acl.elasticache",
            "module.vpc.module.vpc.aws_network_acl.intra",
            "module.vpc.module.vpc.aws_network_acl.outpost",
            "module.vpc.module.vpc.aws_network_acl.private",
            "module.vpc.module.vpc.aws_network_acl.public",
            "module.vpc.module.vpc.aws_network_acl.redshift",
            "module.vpc.module.vpc.aws_network_acl_rule.database_inbound",
            "module.vpc.module.vpc.aws_network_acl_rule.database_outbound",
            "module.vpc.module.vpc.aws_network_acl_rule.elasticache_inbound",
            "module.vpc.module.vpc.aws_network_acl_rule.elasticache_outbound",
            "module.vpc.module.vpc.aws_network_acl_rule.intra_inbound",
            "module.vpc.module.vpc.aws_network_acl_rule.intra_outbound",
            "module.vpc.module.vpc.aws_network_acl_rule.outpost_inbound",
            "module.vpc.module.vpc.aws_network_acl_rule.outpost_outbound",
            "module.vpc.module.vpc.aws_network_acl_rule.private_inbound",
            "module.vpc.module.vpc.aws_network_acl_rule.private_outbound",
            "module.vpc.module.vpc.aws_network_acl_rule.public_inbound",
            "module.vpc.module.vpc.aws_network_acl_rule.public_outbound",
            "module.vpc.module.vpc.aws_network_acl_rule.redshift_inbound",
            "module.vpc.module.vpc.aws_network_acl_rule.redshift_outbound",
            "module.vpc.module.vpc.aws_redshift_subnet_group.redshift",
            "module.vpc.module.vpc.aws_route.database_dns64_nat_gateway",
            "module.vpc.module.vpc.aws_route.database_internet_gateway",
            "module.vpc.module.vpc.aws_route.database_ipv6_egress",
            "module.vpc.module.vpc.aws_route.database_nat_gateway",
            "module.vpc.module.vpc.aws_route.private_dns64_nat_gateway",
            "module.vpc.module.vpc.aws_route.private_ipv6_egress",
            "module.vpc.module.vpc.aws_route.private_nat_gateway",
            "module.vpc.module.vpc.aws_route.public_internet_gateway",
            "module.vpc.module.vpc.aws_route.public_internet_gateway_ipv6",
            "module.vpc.module.vpc.aws_route_table.database",
            "module.vpc.module.vpc.aws_route_table.elasticache",
            "module.vpc.module.vpc.aws_route_table.intra",
            "module.vpc.module.vpc.aws_route_table.private",
            "module.vpc.module.vpc.aws_route_table.public",
            "module.vpc.module.vpc.aws_route_table.redshift",
            "module.vpc.module.vpc.aws_route_table_association.database",
            "module.vpc.module.vpc.aws_route_table_association.elasticache",
            "module.vpc.module.vpc.aws_route_table_association.intra",
            "module.vpc.module.vpc.aws_route_table_association.outpost",
            "module.vpc.module.vpc.aws_route_table_association.private",
            "module.vpc.module.vpc.aws_route_table_association.public",
            "module.vpc.module.vpc.aws_route_table_association.redshift",
            "module.vpc.module.vpc.aws_route_table_association.redshift_public",
            "module.vpc.module.vpc.aws_subnet.database",
            "module.vpc.module.vpc.aws_subnet.elasticache",
            "module.vpc.module.vpc.aws_subnet.intra",
            "module.vpc.module.vpc.aws_subnet.outpost",
            "module.vpc.module.vpc.aws_subnet.private",
            "module.vpc.module.vpc.aws_subnet.public",
            "module.vpc.module.vpc.aws_subnet.redshift",
            "module.vpc.module.vpc.aws_vpc.this",
            "module.vpc.module.vpc.aws_vpc_dhcp_options.this",
            "module.vpc.module.vpc.aws_vpc_dhcp_options_association.this",
            "module.vpc.module.vpc.aws_vpc_ipv4_cidr_block_association.this",
            "module.vpc.module.vpc.aws_vpn_gateway.this",
            "module.vpc.module.vpc.aws_vpn_gateway_attachment.this",
            "module.vpc.module.vpc.aws_vpn_gateway_route_propagation.intra",
            "module.vpc.module.vpc.aws_vpn_gateway_route_propagation.private",
            "module.vpc.module.vpc.aws_vpn_gateway_route_propagation.public",
            "module.vpc.module.vpc.data.aws_iam_policy_document.flow_log_cloudwatch_assume_role",
            "module.vpc.module.vpc.data.aws_iam_policy_document.vpc_flow_log_cloudwatch"
          ],
          "create_before_destroy": true
        }
      ]
    },
    {
      "module": "module.security_groups.module.rdsdb_sg",
      "mode": "managed",
      "type": "aws_security_group_rule",
      "name": "egress_with_cidr_blocks",
      "provider": "provider[\"registry.terraform.io/hashicorp/aws\"]",
      "instances": []
    },
    {
      "module": "module.security_groups.module.rdsdb_sg",
      "mode": "managed",
      "type": "aws_security_group_rule",
      "name": "egress_with_ipv6_cidr_blocks",
      "provider": "provider[\"registry.terraform.io/hashicorp/aws\"]",
      "instances": []
    },
    {
      "module": "module.security_groups.module.rdsdb_sg",
      "mode": "managed",
      "type": "aws_security_group_rule",
      "name": "egress_with_prefix_list_ids",
      "provider": "provider[\"registry.terraform.io/hashicorp/aws\"]",
      "instances": []
    },
    {
      "module": "module.security_groups.module.rdsdb_sg",
      "mode": "managed",
      "type": "aws_security_group_rule",
      "name": "egress_with_self",
      "provider": "provider[\"registry.terraform.io/hashicorp/aws\"]",
      "instances": []
    },
    {
      "module": "module.security_groups.module.rdsdb_sg",
      "mode": "managed",
      "type": "aws_security_group_rule",
      "name": "egress_with_source_security_group_id",
      "provider": "provider[\"registry.terraform.io/hashicorp/aws\"]",
      "instances": []
    },
    {
      "module": "module.security_groups.module.rdsdb_sg",
      "mode": "managed",
      "type": "aws_security_group_rule",
      "name": "ingress_rules",
      "provider": "provider[\"registry.terraform.io/hashicorp/aws\"]",
      "instances": []
    },
    {
      "module": "module.security_groups.module.rdsdb_sg",
      "mode": "managed",
      "type": "aws_security_group_rule",
      "name": "ingress_with_cidr_blocks",
      "provider": "provider[\"registry.terraform.io/hashicorp/aws\"]",
      "instances": [
        {
          "index_key": 0,
          "schema_version": 2,
          "attributes": {
            "cidr_blocks": [
              "10.0.0.0/16"
            ],
            "description": "MySQL access from within VPC",
            "from_port": 3306,
            "id": "sgrule-1002774353",
            "ipv6_cidr_blocks": null,
            "prefix_list_ids": [],
            "protocol": "tcp",
            "region": "us-east-1",
            "security_group_id": "sg-05e847fd1c923fdd5",
            "security_group_rule_id": "sgr-016b63bdafeb26fa9",
            "self": false,
            "source_security_group_id": null,
            "timeouts": null,
            "to_port": 3306,
            "type": "ingress"
          },
          "sensitive_attributes": [],
          "identity_schema_version": 0,
          "private": "eyJlMmJmYjczMC1lY2FhLTExZTYtOGY4OC0zNDM2M2JjN2M0YzAiOnsiY3JlYXRlIjozMDAwMDAwMDAwMDB9LCJzY2hlbWFfdmVyc2lvbiI6IjIifQ==",
          "dependencies": [
            "module.security_groups.module.rdsdb_sg.aws_security_group.this",
            "module.security_groups.module.rdsdb_sg.aws_security_group.this_name_prefix",
            "module.vpc.module.vpc.aws_cloudwatch_log_group.flow_log",
            "module.vpc.module.vpc.aws_customer_gateway.this",
            "module.vpc.module.vpc.aws_db_subnet_group.database",
            "module.vpc.module.vpc.aws_default_network_acl.this",
            "module.vpc.module.vpc.aws_default_route_table.default",
            "module.vpc.module.vpc.aws_default_security_group.this",
            "module.vpc.module.vpc.aws_default_vpc.this",
            "module.vpc.module.vpc.aws_egress_only_internet_gateway.this",
            "module.vpc.module.vpc.aws_eip.nat",
            "module.vpc.module.vpc.aws_elasticache_subnet_group.elasticache",
            "module.vpc.module.vpc.aws_flow_log.this",
            "module.vpc.module.vpc.aws_iam_policy.vpc_flow_log_cloudwatch",
            "module.vpc.module.vpc.aws_iam_role.vpc_flow_log_cloudwatch",
            "module.vpc.module.vpc.aws_iam_role_policy_attachment.vpc_flow_log_cloudwatch",
            "module.vpc.module.vpc.aws_internet_gateway.this",
            "module.vpc.module.vpc.aws_nat_gateway.this",
            "module.vpc.module.vpc.aws_network_acl.database",
            "module.vpc.module.vpc.aws_network_acl.elasticache",
            "module.vpc.module.vpc.aws_network_acl.intra",
            "module.vpc.module.vpc.aws_network_acl.outpost",
            "module.vpc.module.vpc.aws_network_acl.private",
            "module.vpc.module.vpc.aws_network_acl.public",
            "module.vpc.module.vpc.aws_network_acl.redshift",
            "module.vpc.module.vpc.aws_network_acl_rule.database_inbound",
            "module.vpc.module.vpc.aws_network_acl_rule.database_outbound",
            "module.vpc.module.vpc.aws_network_acl_rule.elasticache_inbound",
            "module.vpc.module.vpc.aws_network_acl_rule.elasticache_outbound",
            "module.vpc.module.vpc.aws_network_acl_rule.intra_inbound",
            "module.vpc.module.vpc.aws_network_acl_rule.intra_outbound",
            "module.vpc.module.vpc.aws_network_acl_rule.outpost_inbound",
            "module.vpc.module.vpc.aws_network_acl_rule.outpost_outbound",
            "module.vpc.module.vpc.aws_network_acl_rule.private_inbound",
            "module.vpc.module.vpc.aws_network_acl_rule.private_outbound",
            "module.vpc.module.vpc.aws_network_acl_rule.public_inbound",
            "module.vpc.module.vpc.aws_network_acl_rule.public_outbound",
            "module.vpc.module.vpc.aws_network_acl_rule.redshift_inbound",
            "module.vpc.module.vpc.aws_network_acl_rule.redshift_outbound",
            "module.vpc.module.vpc.aws_redshift_subnet_group.redshift",
            "module.vpc.module.vpc.aws_route.database_dns64_nat_gateway",
            "module.vpc.module.vpc.aws_route.database_internet_gateway",
            "module.vpc.module.vpc.aws_route.database_ipv6_egress",
            "module.vpc.module.vpc.aws_route.database_nat_gateway",
            "module.vpc.module.vpc.aws_route.private_dns64_nat_gateway",
            "module.vpc.module.vpc.aws_route.private_ipv6_egress",
            "module.vpc.module.vpc.aws_route.private_nat_gateway",
            "module.vpc.module.vpc.aws_route.public_internet_gateway",
            "module.vpc.module.vpc.aws_route.public_internet_gateway_ipv6",
            "module.vpc.module.vpc.aws_route_table.database",
            "module.vpc.module.vpc.aws_route_table.elasticache",
            "module.vpc.module.vpc.aws_route_table.intra",
            "module.vpc.module.vpc.aws_route_table.private",
            "module.vpc.module.vpc.aws_route_table.public",
            "module.vpc.module.vpc.aws_route_table.redshift",
            "module.vpc.module.vpc.aws_route_table_association.database",
            "module.vpc.module.vpc.aws_route_table_association.elasticache",
            "module.vpc.module.vpc.aws_route_table_association.intra",
            "module.vpc.module.vpc.aws_route_table_association.outpost",
            "module.vpc.module.vpc.aws_route_table_association.private",
            "module.vpc.module.vpc.aws_route_table_association.public",
            "module.vpc.module.vpc.aws_route_table_association.redshift",
            "module.vpc.module.vpc.aws_route_table_association.redshift_public",
            "module.vpc.module.vpc.aws_subnet.database",
            "module.vpc.module.vpc.aws_subnet.elasticache",
            "module.vpc.module.vpc.aws_subnet.intra",
            "module.vpc.module.vpc.aws_subnet.outpost",
            "module.vpc.module.vpc.aws_subnet.private",
            "module.vpc.module.vpc.aws_subnet.public",
            "module.vpc.module.vpc.aws_subnet.redshift",
            "module.vpc.module.vpc.aws_vpc.this",
            "module.vpc.module.vpc.aws_vpc_dhcp_options.this",
            "module.vpc.module.vpc.aws_vpc_dhcp_options_association.this",
            "module.vpc.module.vpc.aws_vpc_ipv4_cidr_block_association.this",
            "module.vpc.module.vpc.aws_vpn_gateway.this",
            "module.vpc.module.vpc.aws_vpn_gateway_attachment.this",
            "module.vpc.module.vpc.aws_vpn_gateway_route_propagation.intra",
            "module.vpc.module.vpc.aws_vpn_gateway_route_propagation.private",
            "module.vpc.module.vpc.aws_vpn_gateway_route_propagation.public",
            "module.vpc.module.vpc.data.aws_iam_policy_document.flow_log_cloudwatch_assume_role",
            "module.vpc.module.vpc.data.aws_iam_policy_document.vpc_flow_log_cloudwatch"
          ],
          "create_before_destroy": true
        }
      ]
    },
    {
      "module": "module.security_groups.module.rdsdb_sg",
      "mode": "managed",
      "type": "aws_security_group_rule",
      "name": "ingress_with_ipv6_cidr_blocks",
      "provider": "provider[\"registry.terraform.io/hashicorp/aws\"]",
      "instances": []
    },
    {
      "module": "module.security_groups.module.rdsdb_sg",
      "mode": "managed",
      "type": "aws_security_group_rule",
      "name": "ingress_with_prefix_list_ids",
      "provider": "provider[\"registry.terraform.io/hashicorp/aws\"]",
      "instances": []
    },
    {
      "module": "module.security_groups.module.rdsdb_sg",
      "mode": "managed",
      "type": "aws_security_group_rule",
      "name": "ingress_with_self",
      "provider": "provider[\"registry.terraform.io/hashicorp/aws\"]",
      "instances": []
    },
    {
      "module": "module.security_groups.module.rdsdb_sg",
      "mode": "managed",
      "type": "aws_security_group_rule",
      "name": "ingress_with_source_security_group_id",
      "provider": "provider[\"registry.terraform.io/hashicorp/aws\"]",
      "instances": []
    },
    {
      "module": "module.vpc.module.vpc",
      "mode": "data",
      "type": "aws_iam_policy_document",
      "name": "flow_log_cloudwatch_assume_role",
      "provider": "provider[\"registry.terraform.io/hashicorp/aws\"]",
      "instances": []
    },
    {
      "module": "module.vpc.module.vpc",
      "mode": "data",
      "type": "aws_iam_policy_document",
      "name": "vpc_flow_log_cloudwatch",
      "provider": "provider[\"registry.terraform.io/hashicorp/aws\"]",
      "instances": []
    },
    {
      "module": "module.vpc.module.vpc",
      "mode": "managed",
      "type": "aws_cloudwatch_log_group",
      "name": "flow_log",
      "provider": "provider[\"registry.terraform.io/hashicorp/aws\"]",
      "instances": []
    },
    {
      "module": "module.vpc.module.vpc",
      "mode": "managed",
      "type": "aws_customer_gateway",
      "name": "this",
      "provider": "provider[\"registry.terraform.io/hashicorp/aws\"]",
      "instances": []
    },
    {
      "module": "module.vpc.module.vpc",
      "mode": "managed",
      "type": "aws_db_subnet_group",
      "name": "database",
      "provider": "provider[\"registry.terraform.io/hashicorp/aws\"]",
      "instances": [
        {
          "index_key": 0,
          "schema_version": 0,
          "attributes": {
            "arn": "arn:aws:rds:us-east-1:043509840958:subgrp:dev-myvpc",
            "description": "Database subnet group for dev-myvpc",
            "id": "dev-myvpc",
            "name": "dev-myvpc",
            "name_prefix": "",
            "region": "us-east-1",
            "subnet_ids": [
              "subnet-0369b5ef92cc05ca2",
              "subnet-05896ce369f2a718f",
              "subnet-082384c58db51293d"
            ],
            "supported_network_types": [
              "IPV4"
            ],
            "tags": {
              "ManagedBy": "Terraform",
              "Name": "dev-myvpc",
              "Project": "terraform-aws-infrastructure",
              "environment": "dev",
              "owners": "hr"
            },
            "tags_all": {
              "ManagedBy": "Terraform",
              "Name": "dev-myvpc",
              "Project": "terraform-aws-infrastructure",
              "environment": "dev",
              "owners": "hr"
            },
            "vpc_id": "vpc-0378c6ca2ce9c16be"
          },
          "sensitive_attributes": [],
          "identity_schema_version": 0,
          "private": "bnVsbA==",
          "dependencies": [
            "module.vpc.module.vpc.aws_subnet.database",
            "module.vpc.module.vpc.aws_vpc.this",
            "module.vpc.module.vpc.aws_vpc_ipv4_cidr_block_association.this"
          ],
          "create_before_destroy": true
        }
      ]
    },
    {
      "module": "module.vpc.module.vpc",
      "mode": "managed",
      "type": "aws_default_network_acl",
      "name": "this",
      "provider": "provider[\"registry.terraform.io/hashicorp/aws\"]",
      "instances": [
        {
          "index_key": 0,
          "schema_version": 0,
          "attributes": {
            "arn": "arn:aws:ec2:us-east-1:043509840958:network-acl/acl-05c3f17f4e2fa7e73",
            "default_network_acl_id": "acl-05c3f17f4e2fa7e73",
            "egress": [
              {
                "action": "allow",
                "cidr_block": "",
                "from_port": 0,
                "icmp_code": null,
                "icmp_type": null,
                "ipv6_cidr_block": "::/0",
                "protocol": "-1",
                "rule_no": 101,
                "to_port": 0
              },
              {
                "action": "allow",
                "cidr_block": "0.0.0.0/0",
                "from_port": 0,
                "icmp_code": null,
                "icmp_type": null,
                "ipv6_cidr_block": "",
                "protocol": "-1",
                "rule_no": 100,
                "to_port": 0
              }
            ],
            "id": "acl-05c3f17f4e2fa7e73",
            "ingress": [
              {
                "action": "allow",
                "cidr_block": "",
                "from_port": 0,
                "icmp_code": null,
                "icmp_type": null,
                "ipv6_cidr_block": "::/0",
                "protocol": "-1",
                "rule_no": 101,
                "to_port": 0
              },
              {
                "action": "allow",
                "cidr_block": "0.0.0.0/0",
                "from_port": 0,
                "icmp_code": null,
                "icmp_type": null,
                "ipv6_cidr_block": "",
                "protocol": "-1",
                "rule_no": 100,
                "to_port": 0
              }
            ],
            "owner_id": "043509840958",
            "region": "us-east-1",
            "subnet_ids": [
              "subnet-021b24ca80a3a2af3",
              "subnet-0298d604a8194a1e7",
              "subnet-0369b5ef92cc05ca2",
              "subnet-053cccbc151485b24",
              "subnet-05896ce369f2a718f",
              "subnet-07869b2c047a1f5d2",
              "subnet-0dfb7c2b7342956b3",
              "subnet-0fe8b2c004d114154"
            ],
            "tags": {
              "ManagedBy": "Terraform",
              "Name": "dev-myvpc-default",
              "Project": "terraform-aws-infrastructure",
              "environment": "dev",
              "owners": "hr"
            },
            "tags_all": {
              "ManagedBy": "Terraform",
              "Name": "dev-myvpc-default",
              "Project": "terraform-aws-infrastructure",
              "environment": "dev",
              "owners": "hr"
            },
            "vpc_id": "vpc-0378c6ca2ce9c16be"
          },
          "sensitive_attributes": [],
          "identity_schema_version": 0,
          "private": "bnVsbA==",
          "dependencies": [
            "module.vpc.module.vpc.aws_vpc.this"
          ],
          "create_before_destroy": true
        }
      ]
    },
    {
      "module": "module.vpc.module.vpc",
      "mode": "managed",
      "type": "aws_default_route_table",
      "name": "default",
      "provider": "provider[\"registry.terraform.io/hashicorp/aws\"]",
      "instances": [
        {
          "index_key": 0,
          "schema_version": 0,
          "attributes": {
            "arn": "arn:aws:ec2:us-east-1:043509840958:route-table/rtb-013e43e818dfc8613",
            "default_route_table_id": "rtb-013e43e818dfc8613",
            "id": "rtb-013e43e818dfc8613",
            "owner_id": "043509840958",
            "propagating_vgws": null,
            "region": "us-east-1",
            "route": [],
            "tags": {
              "ManagedBy": "Terraform",
              "Name": "dev-myvpc-default",
              "Project": "terraform-aws-infrastructure",
              "environment": "dev",
              "owners": "hr"
            },
            "tags_all": {
              "ManagedBy": "Terraform",
              "Name": "dev-myvpc-default",
              "Project": "terraform-aws-infrastructure",
              "environment": "dev",
              "owners": "hr"
            },
            "timeouts": {
              "create": "5m",
              "update": "5m"
            },
            "vpc_id": "vpc-0378c6ca2ce9c16be"
          },
          "sensitive_attributes": [],
          "identity_schema_version": 0,
          "private": "eyJlMmJmYjczMC1lY2FhLTExZTYtOGY4OC0zNDM2M2JjN2M0YzAiOnsiY3JlYXRlIjozMDAwMDAwMDAwMDAsInVwZGF0ZSI6MzAwMDAwMDAwMDAwfX0=",
          "dependencies": [
            "module.vpc.module.vpc.aws_vpc.this"
          ],
          "create_before_destroy": true
        }
      ]
    },
    {
      "module": "module.vpc.module.vpc",
      "mode": "managed",
      "type": "aws_default_security_group",
      "name": "this",
      "provider": "provider[\"registry.terraform.io/hashicorp/aws\"]",
      "instances": [
        {
          "index_key": 0,
          "schema_version": 1,
          "attributes": {
            "arn": "arn:aws:ec2:us-east-1:043509840958:security-group/sg-0c8ed3514f386b22a",
            "description": "default VPC security group",
            "egress": [],
            "id": "sg-0c8ed3514f386b22a",
            "ingress": [],
            "name": "default",
            "name_prefix": "",
            "owner_id": "043509840958",
            "region": "us-east-1",
            "revoke_rules_on_delete": false,
            "tags": {
              "ManagedBy": "Terraform",
              "Name": "dev-myvpc-default",
              "Project": "terraform-aws-infrastructure",
              "environment": "dev",
              "owners": "hr"
            },
            "tags_all": {
              "ManagedBy": "Terraform",
              "Name": "dev-myvpc-default",
              "Project": "terraform-aws-infrastructure",
              "environment": "dev",
              "owners": "hr"
            },
            "vpc_id": "vpc-0378c6ca2ce9c16be"
          },
          "sensitive_attributes": [],
          "identity_schema_version": 0,
          "private": "eyJzY2hlbWFfdmVyc2lvbiI6IjEifQ==",
          "dependencies": [
            "module.vpc.module.vpc.aws_vpc.this"
          ],
          "create_before_destroy": true
        }
      ]
    },
    {
      "module": "module.vpc.module.vpc",
      "mode": "managed",
      "type": "aws_default_vpc",
      "name": "this",
      "provider": "provider[\"registry.terraform.io/hashicorp/aws\"]",
      "instances": []
    },
    {
      "module": "module.vpc.module.vpc",
      "mode": "managed",
      "type": "aws_egress_only_internet_gateway",
      "name": "this",
      "provider": "provider[\"registry.terraform.io/hashicorp/aws\"]",
      "instances": []
    },
    {
      "module": "module.vpc.module.vpc",
      "mode": "managed",
      "type": "aws_eip",
      "name": "nat",
      "provider": "provider[\"registry.terraform.io/hashicorp/aws\"]",
      "instances": [
        {
          "index_key": 0,
          "schema_version": 0,
          "attributes": {
            "address": null,
            "allocation_id": "eipalloc-0d27f7e69cbad393f",
            "arn": "arn:aws:ec2:us-east-1:043509840958:elastic-ip/eipalloc-0d27f7e69cbad393f",
            "associate_with_private_ip": null,
            "association_id": "",
            "carrier_ip": "",
            "customer_owned_ip": "",
            "customer_owned_ipv4_pool": "",
            "domain": "vpc",
            "id": "eipalloc-0d27f7e69cbad393f",
            "instance": "",
            "ipam_pool_id": null,
            "network_border_group": "us-east-1",
            "network_interface": "",
            "private_dns": null,
            "private_ip": "",
            "ptr_record": "",
            "public_dns": "ec2-18-205-165-10.compute-1.amazonaws.com",
            "public_ip": "18.205.165.10",
            "public_ipv4_pool": "amazon",
            "region": "us-east-1",
            "tags": {
              "ManagedBy": "Terraform",
              "Name": "dev-myvpc-us-east-1a",
              "Project": "terraform-aws-infrastructure",
              "environment": "dev",
              "owners": "hr"
            },
            "tags_all": {
              "ManagedBy": "Terraform",
              "Name": "dev-myvpc-us-east-1a",
              "Project": "terraform-aws-infrastructure",
              "environment": "dev",
              "owners": "hr"
            },
            "timeouts": null
          },
          "sensitive_attributes": [],
          "identity_schema_version": 0,
          "private": "eyJlMmJmYjczMC1lY2FhLTExZTYtOGY4OC0zNDM2M2JjN2M0YzAiOnsiZGVsZXRlIjoxODAwMDAwMDAwMDAsInJlYWQiOjkwMDAwMDAwMDAwMCwidXBkYXRlIjozMDAwMDAwMDAwMDB9fQ==",
          "dependencies": [
            "module.vpc.module.vpc.aws_internet_gateway.this",
            "module.vpc.module.vpc.aws_vpc.this",
            "module.vpc.module.vpc.aws_vpc_ipv4_cidr_block_association.this"
          ],
          "create_before_destroy": true
        }
      ]
    },
    {
      "module": "module.vpc.module.vpc",
      "mode": "managed",
      "type": "aws_elasticache_subnet_group",
      "name": "elasticache",
      "provider": "provider[\"registry.terraform.io/hashicorp/aws\"]",
      "instances": []
    },
    {
      "module": "module.vpc.module.vpc",
      "mode": "managed",
      "type": "aws_flow_log",
      "name": "this",
      "provider": "provider[\"registry.terraform.io/hashicorp/aws\"]",
      "instances": []
    },
    {
      "module": "module.vpc.module.vpc",
      "mode": "managed",
      "type": "aws_iam_policy",
      "name": "vpc_flow_log_cloudwatch",
      "provider": "provider[\"registry.terraform.io/hashicorp/aws\"]",
      "instances": []
    },
    {
      "module": "module.vpc.module.vpc",
      "mode": "managed",
      "type": "aws_iam_role",
      "name": "vpc_flow_log_cloudwatch",
      "provider": "provider[\"registry.terraform.io/hashicorp/aws\"]",
      "instances": []
    },
    {
      "module": "module.vpc.module.vpc",
      "mode": "managed",
      "type": "aws_iam_role_policy_attachment",
      "name": "vpc_flow_log_cloudwatch",
      "provider": "provider[\"registry.terraform.io/hashicorp/aws\"]",
      "instances": []
    },
    {
      "module": "module.vpc.module.vpc",
      "mode": "managed",
      "type": "aws_internet_gateway",
      "name": "this",
      "provider": "provider[\"registry.terraform.io/hashicorp/aws\"]",
      "instances": [
        {
          "index_key": 0,
          "schema_version": 0,
          "attributes": {
            "arn": "arn:aws:ec2:us-east-1:043509840958:internet-gateway/igw-082645da25a1d4e01",
            "id": "igw-082645da25a1d4e01",
            "owner_id": "043509840958",
            "region": "us-east-1",
            "tags": {
              "ManagedBy": "Terraform",
              "Name": "dev-myvpc",
              "Project": "terraform-aws-infrastructure",
              "environment": "dev",
              "owners": "hr"
            },
            "tags_all": {
              "ManagedBy": "Terraform",
              "Name": "dev-myvpc",
              "Project": "terraform-aws-infrastructure",
              "environment": "dev",
              "owners": "hr"
            },
            "timeouts": null,
            "vpc_id": "vpc-0378c6ca2ce9c16be"
          },
          "sensitive_attributes": [],
          "identity_schema_version": 0,
          "private": "eyJlMmJmYjczMC1lY2FhLTExZTYtOGY4OC0zNDM2M2JjN2M0YzAiOnsiY3JlYXRlIjoxMjAwMDAwMDAwMDAwLCJkZWxldGUiOjEyMDAwMDAwMDAwMDAsInVwZGF0ZSI6MTIwMDAwMDAwMDAwMH19",
          "dependencies": [
            "module.vpc.module.vpc.aws_vpc.this",
            "module.vpc.module.vpc.aws_vpc_ipv4_cidr_block_association.this"
          ],
          "create_before_destroy": true
        }
      ]
    },
    {
      "module": "module.vpc.module.vpc",
      "mode": "managed",
      "type": "aws_nat_gateway",
      "name": "this",
      "provider": "provider[\"registry.terraform.io/hashicorp/aws\"]",
      "instances": [
        {
          "index_key": 0,
          "schema_version": 0,
          "attributes": {
            "allocation_id": "eipalloc-0d27f7e69cbad393f",
            "association_id": "eipassoc-09473115e1e641777",
            "auto_provision_zones": null,
            "auto_scaling_ips": null,
            "availability_mode": "zonal",
            "availability_zone_address": [],
            "connectivity_type": "public",
            "id": "nat-0edad4db6570ec563",
            "network_interface_id": "eni-023b596b36239b890",
            "private_ip": "10.0.101.117",
            "public_ip": "18.205.165.10",
            "region": "us-east-1",
            "regional_nat_gateway_address": [],
            "regional_nat_gateway_auto_mode": null,
            "route_table_id": null,
            "secondary_allocation_ids": [],
            "secondary_private_ip_address_count": 0,
            "secondary_private_ip_addresses": [],
            "subnet_id": "subnet-0298d604a8194a1e7",
            "tags": {
              "ManagedBy": "Terraform",
              "Name": "dev-myvpc-us-east-1a",
              "Project": "terraform-aws-infrastructure",
              "environment": "dev",
              "owners": "hr"
            },
            "tags_all": {
              "ManagedBy": "Terraform",
              "Name": "dev-myvpc-us-east-1a",
              "Project": "terraform-aws-infrastructure",
              "environment": "dev",
              "owners": "hr"
            },
            "timeouts": null,
            "vpc_id": "vpc-0378c6ca2ce9c16be"
          },
          "sensitive_attributes": [],
          "identity_schema_version": 0,
          "private": "eyJlMmJmYjczMC1lY2FhLTExZTYtOGY4OC0zNDM2M2JjN2M0YzAiOnsiY3JlYXRlIjo2MDAwMDAwMDAwMDAsImRlbGV0ZSI6MTgwMDAwMDAwMDAwMCwidXBkYXRlIjo2MDAwMDAwMDAwMDB9fQ==",
          "dependencies": [
            "module.vpc.module.vpc.aws_eip.nat",
            "module.vpc.module.vpc.aws_internet_gateway.this",
            "module.vpc.module.vpc.aws_subnet.public",
            "module.vpc.module.vpc.aws_vpc.this",
            "module.vpc.module.vpc.aws_vpc_ipv4_cidr_block_association.this"
          ],
          "create_before_destroy": true
        }
      ]
    },
    {
      "module": "module.vpc.module.vpc",
      "mode": "managed",
      "type": "aws_network_acl",
      "name": "database",
      "provider": "provider[\"registry.terraform.io/hashicorp/aws\"]",
      "instances": []
    },
    {
      "module": "module.vpc.module.vpc",
      "mode": "managed",
      "type": "aws_network_acl",
      "name": "elasticache",
      "provider": "provider[\"registry.terraform.io/hashicorp/aws\"]",
      "instances": []
    },
    {
      "module": "module.vpc.module.vpc",
      "mode": "managed",
      "type": "aws_network_acl",
      "name": "intra",
      "provider": "provider[\"registry.terraform.io/hashicorp/aws\"]",
      "instances": []
    },
    {
      "module": "module.vpc.module.vpc",
      "mode": "managed",
      "type": "aws_network_acl",
      "name": "outpost",
      "provider": "provider[\"registry.terraform.io/hashicorp/aws\"]",
      "instances": []
    },
    {
      "module": "module.vpc.module.vpc",
      "mode": "managed",
      "type": "aws_network_acl",
      "name": "private",
      "provider": "provider[\"registry.terraform.io/hashicorp/aws\"]",
      "instances": []
    },
    {
      "module": "module.vpc.module.vpc",
      "mode": "managed",
      "type": "aws_network_acl",
      "name": "public",
      "provider": "provider[\"registry.terraform.io/hashicorp/aws\"]",
      "instances": []
    },
    {
      "module": "module.vpc.module.vpc",
      "mode": "managed",
      "type": "aws_network_acl",
      "name": "redshift",
      "provider": "provider[\"registry.terraform.io/hashicorp/aws\"]",
      "instances": []
    },
    {
      "module": "module.vpc.module.vpc",
      "mode": "managed",
      "type": "aws_network_acl_rule",
      "name": "database_inbound",
      "provider": "provider[\"registry.terraform.io/hashicorp/aws\"]",
      "instances": []
    },
    {
      "module": "module.vpc.module.vpc",
      "mode": "managed",
      "type": "aws_network_acl_rule",
      "name": "database_outbound",
      "provider": "provider[\"registry.terraform.io/hashicorp/aws\"]",
      "instances": []
    },
    {
      "module": "module.vpc.module.vpc",
      "mode": "managed",
      "type": "aws_network_acl_rule",
      "name": "elasticache_inbound",
      "provider": "provider[\"registry.terraform.io/hashicorp/aws\"]",
      "instances": []
    },
    {
      "module": "module.vpc.module.vpc",
      "mode": "managed",
      "type": "aws_network_acl_rule",
      "name": "elasticache_outbound",
      "provider": "provider[\"registry.terraform.io/hashicorp/aws\"]",
      "instances": []
    },
    {
      "module": "module.vpc.module.vpc",
      "mode": "managed",
      "type": "aws_network_acl_rule",
      "name": "intra_inbound",
      "provider": "provider[\"registry.terraform.io/hashicorp/aws\"]",
      "instances": []
    },
    {
      "module": "module.vpc.module.vpc",
      "mode": "managed",
      "type": "aws_network_acl_rule",
      "name": "intra_outbound",
      "provider": "provider[\"registry.terraform.io/hashicorp/aws\"]",
      "instances": []
    },
    {
      "module": "module.vpc.module.vpc",
      "mode": "managed",
      "type": "aws_network_acl_rule",
      "name": "outpost_inbound",
      "provider": "provider[\"registry.terraform.io/hashicorp/aws\"]",
      "instances": []
    },
    {
      "module": "module.vpc.module.vpc",
      "mode": "managed",
      "type": "aws_network_acl_rule",
      "name": "outpost_outbound",
      "provider": "provider[\"registry.terraform.io/hashicorp/aws\"]",
      "instances": []
    },
    {
      "module": "module.vpc.module.vpc",
      "mode": "managed",
      "type": "aws_network_acl_rule",
      "name": "private_inbound",
      "provider": "provider[\"registry.terraform.io/hashicorp/aws\"]",
      "instances": []
    },
    {
      "module": "module.vpc.module.vpc",
      "mode": "managed",
      "type": "aws_network_acl_rule",
      "name": "private_outbound",
      "provider": "provider[\"registry.terraform.io/hashicorp/aws\"]",
      "instances": []
    },
    {
      "module": "module.vpc.module.vpc",
      "mode": "managed",
      "type": "aws_network_acl_rule",
      "name": "public_inbound",
      "provider": "provider[\"registry.terraform.io/hashicorp/aws\"]",
      "instances": []
    },
    {
      "module": "module.vpc.module.vpc",
      "mode": "managed",
      "type": "aws_network_acl_rule",
      "name": "public_outbound",
      "provider": "provider[\"registry.terraform.io/hashicorp/aws\"]",
      "instances": []
    },
    {
      "module": "module.vpc.module.vpc",
      "mode": "managed",
      "type": "aws_network_acl_rule",
      "name": "redshift_inbound",
      "provider": "provider[\"registry.terraform.io/hashicorp/aws\"]",
      "instances": []
    },
    {
      "module": "module.vpc.module.vpc",
      "mode": "managed",
      "type": "aws_network_acl_rule",
      "name": "redshift_outbound",
      "provider": "provider[\"registry.terraform.io/hashicorp/aws\"]",
      "instances": []
    },
    {
      "module": "module.vpc.module.vpc",
      "mode": "managed",
      "type": "aws_redshift_subnet_group",
      "name": "redshift",
      "provider": "provider[\"registry.terraform.io/hashicorp/aws\"]",
      "instances": []
    },
    {
      "module": "module.vpc.module.vpc",
      "mode": "managed",
      "type": "aws_route",
      "name": "database_dns64_nat_gateway",
      "provider": "provider[\"registry.terraform.io/hashicorp/aws\"]",
      "instances": []
    },
    {
      "module": "module.vpc.module.vpc",
      "mode": "managed",
      "type": "aws_route",
      "name": "database_internet_gateway",
      "provider": "provider[\"registry.terraform.io/hashicorp/aws\"]",
      "instances": []
    },
    {
      "module": "module.vpc.module.vpc",
      "mode": "managed",
      "type": "aws_route",
      "name": "database_ipv6_egress",
      "provider": "provider[\"registry.terraform.io/hashicorp/aws\"]",
      "instances": []
    },
    {
      "module": "module.vpc.module.vpc",
      "mode": "managed",
      "type": "aws_route",
      "name": "database_nat_gateway",
      "provider": "provider[\"registry.terraform.io/hashicorp/aws\"]",
      "instances": []
    },
    {
      "module": "module.vpc.module.vpc",
      "mode": "managed",
      "type": "aws_route",
      "name": "private_dns64_nat_gateway",
      "provider": "provider[\"registry.terraform.io/hashicorp/aws\"]",
      "instances": []
    },
    {
      "module": "module.vpc.module.vpc",
      "mode": "managed",
      "type": "aws_route",
      "name": "private_ipv6_egress",
      "provider": "provider[\"registry.terraform.io/hashicorp/aws\"]",
      "instances": []
    },
    {
      "module": "module.vpc.module.vpc",
      "mode": "managed",
      "type": "aws_route",
      "name": "private_nat_gateway",
      "provider": "provider[\"registry.terraform.io/hashicorp/aws\"]",
      "instances": [
        {
          "index_key": 0,
          "schema_version": 0,
          "attributes": {
            "carrier_gateway_id": "",
            "core_network_arn": "",
            "destination_cidr_block": "0.0.0.0/0",
            "destination_ipv6_cidr_block": "",
            "destination_prefix_list_id": "",
            "egress_only_gateway_id": "",
            "gateway_id": "",
            "id": "r-rtb-000a3d6422f45990a1080289494",
            "instance_id": "",
            "instance_owner_id": "",
            "local_gateway_id": "",
            "nat_gateway_id": "nat-0edad4db6570ec563",
            "network_interface_id": "",
            "origin": "CreateRoute",
            "region": "us-east-1",
            "route_table_id": "rtb-000a3d6422f45990a",
            "state": "active",
            "timeouts": {
              "create": "5m",
              "delete": null,
              "update": null
            },
            "transit_gateway_id": "",
            "vpc_endpoint_id": "",
            "vpc_peering_connection_id": ""
          },
          "sensitive_attributes": [],
          "identity_schema_version": 0,
          "identity": {
            "account_id": "043509840958",
            "destination_cidr_block": "0.0.0.0/0",
            "destination_ipv6_cidr_block": null,
            "destination_prefix_list_id": null,
            "region": "us-east-1",
            "route_table_id": "rtb-000a3d6422f45990a"
          },
          "private": "eyJlMmJmYjczMC1lY2FhLTExZTYtOGY4OC0zNDM2M2JjN2M0YzAiOnsiY3JlYXRlIjozMDAwMDAwMDAwMDAsImRlbGV0ZSI6MzAwMDAwMDAwMDAwLCJ1cGRhdGUiOjEyMDAwMDAwMDAwMH19",
          "dependencies": [
            "module.vpc.module.vpc.aws_eip.nat",
            "module.vpc.module.vpc.aws_internet_gateway.this",
            "module.vpc.module.vpc.aws_nat_gateway.this",
            "module.vpc.module.vpc.aws_route_table.private",
            "module.vpc.module.vpc.aws_subnet.public",
            "module.vpc.module.vpc.aws_vpc.this",
            "module.vpc.module.vpc.aws_vpc_ipv4_cidr_block_association.this"
          ],
          "create_before_destroy": true
        }
      ]
    },
    {
      "module": "module.vpc.module.vpc",
      "mode": "managed",
      "type": "aws_route",
      "name": "public_internet_gateway",
      "provider": "provider[\"registry.terraform.io/hashicorp/aws\"]",
      "instances": [
        {
          "index_key": 0,
          "schema_version": 0,
          "attributes": {
            "carrier_gateway_id": "",
            "core_network_arn": "",
            "destination_cidr_block": "0.0.0.0/0",
            "destination_ipv6_cidr_block": "",
            "destination_prefix_list_id": "",
            "egress_only_gateway_id": "",
            "gateway_id": "igw-082645da25a1d4e01",
            "id": "r-rtb-03967fb09170e67041080289494",
            "instance_id": "",
            "instance_owner_id": "",
            "local_gateway_id": "",
            "nat_gateway_id": "",
            "network_interface_id": "",
            "origin": "CreateRoute",
            "region": "us-east-1",
            "route_table_id": "rtb-03967fb09170e6704",
            "state": "active",
            "timeouts": {
              "create": "5m",
              "delete": null,
              "update": null
            },
            "transit_gateway_id": "",
            "vpc_endpoint_id": "",
            "vpc_peering_connection_id": ""
          },
          "sensitive_attributes": [],
          "identity_schema_version": 0,
          "identity": {
            "account_id": "043509840958",
            "destination_cidr_block": "0.0.0.0/0",
            "destination_ipv6_cidr_block": null,
            "destination_prefix_list_id": null,
            "region": "us-east-1",
            "route_table_id": "rtb-03967fb09170e6704"
          },
          "private": "eyJlMmJmYjczMC1lY2FhLTExZTYtOGY4OC0zNDM2M2JjN2M0YzAiOnsiY3JlYXRlIjozMDAwMDAwMDAwMDAsImRlbGV0ZSI6MzAwMDAwMDAwMDAwLCJ1cGRhdGUiOjEyMDAwMDAwMDAwMH19",
          "dependencies": [
            "module.vpc.module.vpc.aws_internet_gateway.this",
            "module.vpc.module.vpc.aws_route_table.public",
            "module.vpc.module.vpc.aws_vpc.this",
            "module.vpc.module.vpc.aws_vpc_ipv4_cidr_block_association.this"
          ],
          "create_before_destroy": true
        }
      ]
    },
    {
      "module": "module.vpc.module.vpc",
      "mode": "managed",
      "type": "aws_route",
      "name": "public_internet_gateway_ipv6",
      "provider": "provider[\"registry.terraform.io/hashicorp/aws\"]",
      "instances": []
    },
    {
      "module": "module.vpc.module.vpc",
      "mode": "managed",
      "type": "aws_route_table",
      "name": "database",
      "provider": "provider[\"registry.terraform.io/hashicorp/aws\"]",
      "instances": [
        {
          "index_key": 0,
          "schema_version": 0,
          "attributes": {
            "arn": "arn:aws:ec2:us-east-1:043509840958:route-table/rtb-0399c29e0acbb4b40",
            "id": "rtb-0399c29e0acbb4b40",
            "owner_id": "043509840958",
            "propagating_vgws": [],
            "region": "us-east-1",
            "route": [],
            "tags": {
              "ManagedBy": "Terraform",
              "Name": "dev-myvpc-db",
              "Project": "terraform-aws-infrastructure",
              "environment": "dev",
              "owners": "hr"
            },
            "tags_all": {
              "ManagedBy": "Terraform",
              "Name": "dev-myvpc-db",
              "Project": "terraform-aws-infrastructure",
              "environment": "dev",
              "owners": "hr"
            },
            "timeouts": null,
            "vpc_id": "vpc-0378c6ca2ce9c16be"
          },
          "sensitive_attributes": [],
          "identity_schema_version": 0,
          "identity": {
            "account_id": "043509840958",
            "id": "rtb-0399c29e0acbb4b40",
            "region": "us-east-1"
          },
          "private": "eyJlMmJmYjczMC1lY2FhLTExZTYtOGY4OC0zNDM2M2JjN2M0YzAiOnsiY3JlYXRlIjozMDAwMDAwMDAwMDAsImRlbGV0ZSI6MzAwMDAwMDAwMDAwLCJ1cGRhdGUiOjEyMDAwMDAwMDAwMH19",
          "dependencies": [
            "module.vpc.module.vpc.aws_vpc.this",
            "module.vpc.module.vpc.aws_vpc_ipv4_cidr_block_association.this"
          ],
          "create_before_destroy": true
        }
      ]
    },
    {
      "module": "module.vpc.module.vpc",
      "mode": "managed",
      "type": "aws_route_table",
      "name": "elasticache",
      "provider": "provider[\"registry.terraform.io/hashicorp/aws\"]",
      "instances": []
    },
    {
      "module": "module.vpc.module.vpc",
      "mode": "managed",
      "type": "aws_route_table",
      "name": "intra",
      "provider": "provider[\"registry.terraform.io/hashicorp/aws\"]",
      "instances": []
    },
    {
      "module": "module.vpc.module.vpc",
      "mode": "managed",
      "type": "aws_route_table",
      "name": "private",
      "provider": "provider[\"registry.terraform.io/hashicorp/aws\"]",
      "instances": [
        {
          "index_key": 0,
          "schema_version": 0,
          "attributes": {
            "arn": "arn:aws:ec2:us-east-1:043509840958:route-table/rtb-000a3d6422f45990a",
            "id": "rtb-000a3d6422f45990a",
            "owner_id": "043509840958",
            "propagating_vgws": [],
            "region": "us-east-1",
            "route": [],
            "tags": {
              "ManagedBy": "Terraform",
              "Name": "dev-myvpc-private",
              "Project": "terraform-aws-infrastructure",
              "environment": "dev",
              "owners": "hr"
            },
            "tags_all": {
              "ManagedBy": "Terraform",
              "Name": "dev-myvpc-private",
              "Project": "terraform-aws-infrastructure",
              "environment": "dev",
              "owners": "hr"
            },
            "timeouts": null,
            "vpc_id": "vpc-0378c6ca2ce9c16be"
          },
          "sensitive_attributes": [],
          "identity_schema_version": 0,
          "identity": {
            "account_id": "043509840958",
            "id": "rtb-000a3d6422f45990a",
            "region": "us-east-1"
          },
          "private": "eyJlMmJmYjczMC1lY2FhLTExZTYtOGY4OC0zNDM2M2JjN2M0YzAiOnsiY3JlYXRlIjozMDAwMDAwMDAwMDAsImRlbGV0ZSI6MzAwMDAwMDAwMDAwLCJ1cGRhdGUiOjEyMDAwMDAwMDAwMH19",
          "dependencies": [
            "module.vpc.module.vpc.aws_vpc.this",
            "module.vpc.module.vpc.aws_vpc_ipv4_cidr_block_association.this"
          ],
          "create_before_destroy": true
        }
      ]
    },
    {
      "module": "module.vpc.module.vpc",
      "mode": "managed",
      "type": "aws_route_table",
      "name": "public",
      "provider": "provider[\"registry.terraform.io/hashicorp/aws\"]",
      "instances": [
        {
          "index_key": 0,
          "schema_version": 0,
          "attributes": {
            "arn": "arn:aws:ec2:us-east-1:043509840958:route-table/rtb-03967fb09170e6704",
            "id": "rtb-03967fb09170e6704",
            "owner_id": "043509840958",
            "propagating_vgws": [],
            "region": "us-east-1",
            "route": [],
            "tags": {
              "ManagedBy": "Terraform",
              "Name": "dev-myvpc-public",
              "Project": "terraform-aws-infrastructure",
              "environment": "dev",
              "owners": "hr"
            },
            "tags_all": {
              "ManagedBy": "Terraform",
              "Name": "dev-myvpc-public",
              "Project": "terraform-aws-infrastructure",
              "environment": "dev",
              "owners": "hr"
            },
            "timeouts": null,
            "vpc_id": "vpc-0378c6ca2ce9c16be"
          },
          "sensitive_attributes": [],
          "identity_schema_version": 0,
          "identity": {
            "account_id": "043509840958",
            "id": "rtb-03967fb09170e6704",
            "region": "us-east-1"
          },
          "private": "eyJlMmJmYjczMC1lY2FhLTExZTYtOGY4OC0zNDM2M2JjN2M0YzAiOnsiY3JlYXRlIjozMDAwMDAwMDAwMDAsImRlbGV0ZSI6MzAwMDAwMDAwMDAwLCJ1cGRhdGUiOjEyMDAwMDAwMDAwMH19",
          "dependencies": [
            "module.vpc.module.vpc.aws_vpc.this",
            "module.vpc.module.vpc.aws_vpc_ipv4_cidr_block_association.this"
          ],
          "create_before_destroy": true
        }
      ]
    },
    {
      "module": "module.vpc.module.vpc",
      "mode": "managed",
      "type": "aws_route_table",
      "name": "redshift",
      "provider": "provider[\"registry.terraform.io/hashicorp/aws\"]",
      "instances": []
    },
    {
      "module": "module.vpc.module.vpc",
      "mode": "managed",
      "type": "aws_route_table_association",
      "name": "database",
      "provider": "provider[\"registry.terraform.io/hashicorp/aws\"]",
      "instances": [
        {
          "index_key": 0,
          "schema_version": 0,
          "attributes": {
            "gateway_id": "",
            "id": "rtbassoc-0e2cee4d200ab29ee",
            "region": "us-east-1",
            "route_table_id": "rtb-0399c29e0acbb4b40",
            "subnet_id": "subnet-082384c58db51293d",
            "timeouts": null
          },
          "sensitive_attributes": [],
          "identity_schema_version": 0,
          "private": "eyJlMmJmYjczMC1lY2FhLTExZTYtOGY4OC0zNDM2M2JjN2M0YzAiOnsiY3JlYXRlIjozMDAwMDAwMDAwMDAsImRlbGV0ZSI6MzAwMDAwMDAwMDAwLCJ1cGRhdGUiOjEyMDAwMDAwMDAwMH19",
          "dependencies": [
            "module.vpc.module.vpc.aws_route_table.database",
            "module.vpc.module.vpc.aws_route_table.private",
            "module.vpc.module.vpc.aws_subnet.database",
            "module.vpc.module.vpc.aws_vpc.this",
            "module.vpc.module.vpc.aws_vpc_ipv4_cidr_block_association.this"
          ],
          "create_before_destroy": true
        },
        {
          "index_key": 1,
          "schema_version": 0,
          "attributes": {
            "gateway_id": "",
            "id": "rtbassoc-0ea1dfdaa8a3592ca",
            "region": "us-east-1",
            "route_table_id": "rtb-0399c29e0acbb4b40",
            "subnet_id": "subnet-0369b5ef92cc05ca2",
            "timeouts": null
          },
          "sensitive_attributes": [],
          "identity_schema_version": 0,
          "private": "eyJlMmJmYjczMC1lY2FhLTExZTYtOGY4OC0zNDM2M2JjN2M0YzAiOnsiY3JlYXRlIjozMDAwMDAwMDAwMDAsImRlbGV0ZSI6MzAwMDAwMDAwMDAwLCJ1cGRhdGUiOjEyMDAwMDAwMDAwMH19",
          "dependencies": [
            "module.vpc.module.vpc.aws_route_table.database",
            "module.vpc.module.vpc.aws_route_table.private",
            "module.vpc.module.vpc.aws_subnet.database",
            "module.vpc.module.vpc.aws_vpc.this",
            "module.vpc.module.vpc.aws_vpc_ipv4_cidr_block_association.this"
          ],
          "create_before_destroy": true
        },
        {
          "index_key": 2,
          "schema_version": 0,
          "attributes": {
            "gateway_id": "",
            "id": "rtbassoc-06a08e494cacb055b",
            "region": "us-east-1",
            "route_table_id": "rtb-0399c29e0acbb4b40",
            "subnet_id": "subnet-05896ce369f2a718f",
            "timeouts": null
          },
          "sensitive_attributes": [],
          "identity_schema_version": 0,
          "private": "eyJlMmJmYjczMC1lY2FhLTExZTYtOGY4OC0zNDM2M2JjN2M0YzAiOnsiY3JlYXRlIjozMDAwMDAwMDAwMDAsImRlbGV0ZSI6MzAwMDAwMDAwMDAwLCJ1cGRhdGUiOjEyMDAwMDAwMDAwMH19",
          "dependencies": [
            "module.vpc.module.vpc.aws_route_table.database",
            "module.vpc.module.vpc.aws_route_table.private",
            "module.vpc.module.vpc.aws_subnet.database",
            "module.vpc.module.vpc.aws_vpc.this",
            "module.vpc.module.vpc.aws_vpc_ipv4_cidr_block_association.this"
          ],
          "create_before_destroy": true
        }
      ]
    },
    {
      "module": "module.vpc.module.vpc",
      "mode": "managed",
      "type": "aws_route_table_association",
      "name": "elasticache",
      "provider": "provider[\"registry.terraform.io/hashicorp/aws\"]",
      "instances": []
    },
    {
      "module": "module.vpc.module.vpc",
      "mode": "managed",
      "type": "aws_route_table_association",
      "name": "intra",
      "provider": "provider[\"registry.terraform.io/hashicorp/aws\"]",
      "instances": []
    },
    {
      "module": "module.vpc.module.vpc",
      "mode": "managed",
      "type": "aws_route_table_association",
      "name": "outpost",
      "provider": "provider[\"registry.terraform.io/hashicorp/aws\"]",
      "instances": []
    },
    {
      "module": "module.vpc.module.vpc",
      "mode": "managed",
      "type": "aws_route_table_association",
      "name": "private",
      "provider": "provider[\"registry.terraform.io/hashicorp/aws\"]",
      "instances": [
        {
          "index_key": 0,
          "schema_version": 0,
          "attributes": {
            "gateway_id": "",
            "id": "rtbassoc-022b79e2161fef527",
            "region": "us-east-1",
            "route_table_id": "rtb-000a3d6422f45990a",
            "subnet_id": "subnet-07869b2c047a1f5d2",
            "timeouts": null
          },
          "sensitive_attributes": [],
          "identity_schema_version": 0,
          "private": "eyJlMmJmYjczMC1lY2FhLTExZTYtOGY4OC0zNDM2M2JjN2M0YzAiOnsiY3JlYXRlIjozMDAwMDAwMDAwMDAsImRlbGV0ZSI6MzAwMDAwMDAwMDAwLCJ1cGRhdGUiOjEyMDAwMDAwMDAwMH19",
          "dependencies": [
            "module.vpc.module.vpc.aws_route_table.private",
            "module.vpc.module.vpc.aws_subnet.private",
            "module.vpc.module.vpc.aws_vpc.this",
            "module.vpc.module.vpc.aws_vpc_ipv4_cidr_block_association.this"
          ],
          "create_before_destroy": true
        },
        {
          "index_key": 1,
          "schema_version": 0,
          "attributes": {
            "gateway_id": "",
            "id": "rtbassoc-0b96989bbd300f293",
            "region": "us-east-1",
            "route_table_id": "rtb-000a3d6422f45990a",
            "subnet_id": "subnet-053cccbc151485b24",
            "timeouts": null
          },
          "sensitive_attributes": [],
          "identity_schema_version": 0,
          "private": "eyJlMmJmYjczMC1lY2FhLTExZTYtOGY4OC0zNDM2M2JjN2M0YzAiOnsiY3JlYXRlIjozMDAwMDAwMDAwMDAsImRlbGV0ZSI6MzAwMDAwMDAwMDAwLCJ1cGRhdGUiOjEyMDAwMDAwMDAwMH19",
          "dependencies": [
            "module.vpc.module.vpc.aws_route_table.private",
            "module.vpc.module.vpc.aws_subnet.private",
            "module.vpc.module.vpc.aws_vpc.this",
            "module.vpc.module.vpc.aws_vpc_ipv4_cidr_block_association.this"
          ],
          "create_before_destroy": true
        },
        {
          "index_key": 2,
          "schema_version": 0,
          "attributes": {
            "gateway_id": "",
            "id": "rtbassoc-0444afc2c2e61d4c3",
            "region": "us-east-1",
            "route_table_id": "rtb-000a3d6422f45990a",
            "subnet_id": "subnet-021b24ca80a3a2af3",
            "timeouts": null
          },
          "sensitive_attributes": [],
          "identity_schema_version": 0,
          "private": "eyJlMmJmYjczMC1lY2FhLTExZTYtOGY4OC0zNDM2M2JjN2M0YzAiOnsiY3JlYXRlIjozMDAwMDAwMDAwMDAsImRlbGV0ZSI6MzAwMDAwMDAwMDAwLCJ1cGRhdGUiOjEyMDAwMDAwMDAwMH19",
          "dependencies": [
            "module.vpc.module.vpc.aws_route_table.private",
            "module.vpc.module.vpc.aws_subnet.private",
            "module.vpc.module.vpc.aws_vpc.this",
            "module.vpc.module.vpc.aws_vpc_ipv4_cidr_block_association.this"
          ],
          "create_before_destroy": true
        }
      ]
    },
    {
      "module": "module.vpc.module.vpc",
      "mode": "managed",
      "type": "aws_route_table_association",
      "name": "public",
      "provider": "provider[\"registry.terraform.io/hashicorp/aws\"]",
      "instances": [
        {
          "index_key": 0,
          "schema_version": 0,
          "attributes": {
            "gateway_id": "",
            "id": "rtbassoc-0efe51d849aef4464",
            "region": "us-east-1",
            "route_table_id": "rtb-03967fb09170e6704",
            "subnet_id": "subnet-0298d604a8194a1e7",
            "timeouts": null
          },
          "sensitive_attributes": [],
          "identity_schema_version": 0,
          "private": "eyJlMmJmYjczMC1lY2FhLTExZTYtOGY4OC0zNDM2M2JjN2M0YzAiOnsiY3JlYXRlIjozMDAwMDAwMDAwMDAsImRlbGV0ZSI6MzAwMDAwMDAwMDAwLCJ1cGRhdGUiOjEyMDAwMDAwMDAwMH19",
          "dependencies": [
            "module.vpc.module.vpc.aws_route_table.public",
            "module.vpc.module.vpc.aws_subnet.public",
            "module.vpc.module.vpc.aws_vpc.this",
            "module.vpc.module.vpc.aws_vpc_ipv4_cidr_block_association.this"
          ],
          "create_before_destroy": true
        },
        {
          "index_key": 1,
          "schema_version": 0,
          "attributes": {
            "gateway_id": "",
            "id": "rtbassoc-0e93eae3df6c0b2be",
            "region": "us-east-1",
            "route_table_id": "rtb-03967fb09170e6704",
            "subnet_id": "subnet-0dfb7c2b7342956b3",
            "timeouts": null
          },
          "sensitive_attributes": [],
          "identity_schema_version": 0,
          "private": "eyJlMmJmYjczMC1lY2FhLTExZTYtOGY4OC0zNDM2M2JjN2M0YzAiOnsiY3JlYXRlIjozMDAwMDAwMDAwMDAsImRlbGV0ZSI6MzAwMDAwMDAwMDAwLCJ1cGRhdGUiOjEyMDAwMDAwMDAwMH19",
          "dependencies": [
            "module.vpc.module.vpc.aws_route_table.public",
            "module.vpc.module.vpc.aws_subnet.public",
            "module.vpc.module.vpc.aws_vpc.this",
            "module.vpc.module.vpc.aws_vpc_ipv4_cidr_block_association.this"
          ],
          "create_before_destroy": true
        },
        {
          "index_key": 2,
          "schema_version": 0,
          "attributes": {
            "gateway_id": "",
            "id": "rtbassoc-01912fccd61599312",
            "region": "us-east-1",
            "route_table_id": "rtb-03967fb09170e6704",
            "subnet_id": "subnet-0fe8b2c004d114154",
            "timeouts": null
          },
          "sensitive_attributes": [],
          "identity_schema_version": 0,
          "private": "eyJlMmJmYjczMC1lY2FhLTExZTYtOGY4OC0zNDM2M2JjN2M0YzAiOnsiY3JlYXRlIjozMDAwMDAwMDAwMDAsImRlbGV0ZSI6MzAwMDAwMDAwMDAwLCJ1cGRhdGUiOjEyMDAwMDAwMDAwMH19",
          "dependencies": [
            "module.vpc.module.vpc.aws_route_table.public",
            "module.vpc.module.vpc.aws_subnet.public",
            "module.vpc.module.vpc.aws_vpc.this",
            "module.vpc.module.vpc.aws_vpc_ipv4_cidr_block_association.this"
          ],
          "create_before_destroy": true
        }
      ]
    },
    {
      "module": "module.vpc.module.vpc",
      "mode": "managed",
      "type": "aws_route_table_association",
      "name": "redshift",
      "provider": "provider[\"registry.terraform.io/hashicorp/aws\"]",
      "instances": []
    },
    {
      "module": "module.vpc.module.vpc",
      "mode": "managed",
      "type": "aws_route_table_association",
      "name": "redshift_public",
      "provider": "provider[\"registry.terraform.io/hashicorp/aws\"]",
      "instances": []
    },
    {
      "module": "module.vpc.module.vpc",
      "mode": "managed",
      "type": "aws_subnet",
      "name": "database",
      "provider": "provider[\"registry.terraform.io/hashicorp/aws\"]",
      "instances": [
        {
          "index_key": 0,
          "schema_version": 1,
          "attributes": {
            "arn": "arn:aws:ec2:us-east-1:043509840958:subnet/subnet-082384c58db51293d",
            "assign_ipv6_address_on_creation": false,
            "availability_zone": "us-east-1a",
            "availability_zone_id": "use1-az1",
            "cidr_block": "10.0.151.0/24",
            "customer_owned_ipv4_pool": "",
            "enable_dns64": false,
            "enable_lni_at_device_index": 0,
            "enable_resource_name_dns_a_record_on_launch": false,
            "enable_resource_name_dns_aaaa_record_on_launch": false,
            "id": "subnet-082384c58db51293d",
            "ipv4_ipam_pool_id": null,
            "ipv4_netmask_length": null,
            "ipv6_cidr_block": "",
            "ipv6_cidr_block_association_id": "",
            "ipv6_ipam_pool_id": null,
            "ipv6_native": false,
            "ipv6_netmask_length": null,
            "map_customer_owned_ip_on_launch": false,
            "map_public_ip_on_launch": false,
            "outpost_arn": "",
            "owner_id": "043509840958",
            "private_dns_hostname_type_on_launch": "ip-name",
            "region": "us-east-1",
            "tags": {
              "ManagedBy": "Terraform",
              "Name": "dev-myvpc-db-us-east-1a",
              "Project": "terraform-aws-infrastructure",
              "Type": "Private Database Subnets",
              "environment": "dev",
              "owners": "hr"
            },
            "tags_all": {
              "ManagedBy": "Terraform",
              "Name": "dev-myvpc-db-us-east-1a",
              "Project": "terraform-aws-infrastructure",
              "Type": "Private Database Subnets",
              "environment": "dev",
              "owners": "hr"
            },
            "timeouts": null,
            "vpc_id": "vpc-0378c6ca2ce9c16be"
          },
          "sensitive_attributes": [],
          "identity_schema_version": 0,
          "identity": {
            "account_id": "043509840958",
            "id": "subnet-082384c58db51293d",
            "region": "us-east-1"
          },
          "private": "eyJlMmJmYjczMC1lY2FhLTExZTYtOGY4OC0zNDM2M2JjN2M0YzAiOnsiY3JlYXRlIjo2MDAwMDAwMDAwMDAsImRlbGV0ZSI6MTIwMDAwMDAwMDAwMH0sInNjaGVtYV92ZXJzaW9uIjoiMSJ9",
          "dependencies": [
            "module.vpc.module.vpc.aws_vpc.this",
            "module.vpc.module.vpc.aws_vpc_ipv4_cidr_block_association.this"
          ],
          "create_before_destroy": true
        },
        {
          "index_key": 1,
          "schema_version": 1,
          "attributes": {
            "arn": "arn:aws:ec2:us-east-1:043509840958:subnet/subnet-0369b5ef92cc05ca2",
            "assign_ipv6_address_on_creation": false,
            "availability_zone": "us-east-1b",
            "availability_zone_id": "use1-az2",
            "cidr_block": "10.0.152.0/24",
            "customer_owned_ipv4_pool": "",
            "enable_dns64": false,
            "enable_lni_at_device_index": 0,
            "enable_resource_name_dns_a_record_on_launch": false,
            "enable_resource_name_dns_aaaa_record_on_launch": false,
            "id": "subnet-0369b5ef92cc05ca2",
            "ipv4_ipam_pool_id": null,
            "ipv4_netmask_length": null,
            "ipv6_cidr_block": "",
            "ipv6_cidr_block_association_id": "",
            "ipv6_ipam_pool_id": null,
            "ipv6_native": false,
            "ipv6_netmask_length": null,
            "map_customer_owned_ip_on_launch": false,
            "map_public_ip_on_launch": false,
            "outpost_arn": "",
            "owner_id": "043509840958",
            "private_dns_hostname_type_on_launch": "ip-name",
            "region": "us-east-1",
            "tags": {
              "ManagedBy": "Terraform",
              "Name": "dev-myvpc-db-us-east-1b",
              "Project": "terraform-aws-infrastructure",
              "Type": "Private Database Subnets",
              "environment": "dev",
              "owners": "hr"
            },
            "tags_all": {
              "ManagedBy": "Terraform",
              "Name": "dev-myvpc-db-us-east-1b",
              "Project": "terraform-aws-infrastructure",
              "Type": "Private Database Subnets",
              "environment": "dev",
              "owners": "hr"
            },
            "timeouts": null,
            "vpc_id": "vpc-0378c6ca2ce9c16be"
          },
          "sensitive_attributes": [],
          "identity_schema_version": 0,
          "identity": {
            "account_id": "043509840958",
            "id": "subnet-0369b5ef92cc05ca2",
            "region": "us-east-1"
          },
          "private": "eyJlMmJmYjczMC1lY2FhLTExZTYtOGY4OC0zNDM2M2JjN2M0YzAiOnsiY3JlYXRlIjo2MDAwMDAwMDAwMDAsImRlbGV0ZSI6MTIwMDAwMDAwMDAwMH0sInNjaGVtYV92ZXJzaW9uIjoiMSJ9",
          "dependencies": [
            "module.vpc.module.vpc.aws_vpc.this",
            "module.vpc.module.vpc.aws_vpc_ipv4_cidr_block_association.this"
          ],
          "create_before_destroy": true
        },
        {
          "index_key": 2,
          "schema_version": 1,
          "attributes": {
            "arn": "arn:aws:ec2:us-east-1:043509840958:subnet/subnet-05896ce369f2a718f",
            "assign_ipv6_address_on_creation": false,
            "availability_zone": "us-east-1c",
            "availability_zone_id": "use1-az4",
            "cidr_block": "10.0.153.0/24",
            "customer_owned_ipv4_pool": "",
            "enable_dns64": false,
            "enable_lni_at_device_index": 0,
            "enable_resource_name_dns_a_record_on_launch": false,
            "enable_resource_name_dns_aaaa_record_on_launch": false,
            "id": "subnet-05896ce369f2a718f",
            "ipv4_ipam_pool_id": null,
            "ipv4_netmask_length": null,
            "ipv6_cidr_block": "",
            "ipv6_cidr_block_association_id": "",
            "ipv6_ipam_pool_id": null,
            "ipv6_native": false,
            "ipv6_netmask_length": null,
            "map_customer_owned_ip_on_launch": false,
            "map_public_ip_on_launch": false,
            "outpost_arn": "",
            "owner_id": "043509840958",
            "private_dns_hostname_type_on_launch": "ip-name",
            "region": "us-east-1",
            "tags": {
              "ManagedBy": "Terraform",
              "Name": "dev-myvpc-db-us-east-1c",
              "Project": "terraform-aws-infrastructure",
              "Type": "Private Database Subnets",
              "environment": "dev",
              "owners": "hr"
            },
            "tags_all": {
              "ManagedBy": "Terraform",
              "Name": "dev-myvpc-db-us-east-1c",
              "Project": "terraform-aws-infrastructure",
              "Type": "Private Database Subnets",
              "environment": "dev",
              "owners": "hr"
            },
            "timeouts": null,
            "vpc_id": "vpc-0378c6ca2ce9c16be"
          },
          "sensitive_attributes": [],
          "identity_schema_version": 0,
          "identity": {
            "account_id": "043509840958",
            "id": "subnet-05896ce369f2a718f",
            "region": "us-east-1"
          },
          "private": "eyJlMmJmYjczMC1lY2FhLTExZTYtOGY4OC0zNDM2M2JjN2M0YzAiOnsiY3JlYXRlIjo2MDAwMDAwMDAwMDAsImRlbGV0ZSI6MTIwMDAwMDAwMDAwMH0sInNjaGVtYV92ZXJzaW9uIjoiMSJ9",
          "dependencies": [
            "module.vpc.module.vpc.aws_vpc.this",
            "module.vpc.module.vpc.aws_vpc_ipv4_cidr_block_association.this"
          ],
          "create_before_destroy": true
        }
      ]
    },
    {
      "module": "module.vpc.module.vpc",
      "mode": "managed",
      "type": "aws_subnet",
      "name": "elasticache",
      "provider": "provider[\"registry.terraform.io/hashicorp/aws\"]",
      "instances": []
    },
    {
      "module": "module.vpc.module.vpc",
      "mode": "managed",
      "type": "aws_subnet",
      "name": "intra",
      "provider": "provider[\"registry.terraform.io/hashicorp/aws\"]",
      "instances": []
    },
    {
      "module": "module.vpc.module.vpc",
      "mode": "managed",
      "type": "aws_subnet",
      "name": "outpost",
      "provider": "provider[\"registry.terraform.io/hashicorp/aws\"]",
      "instances": []
    },
    {
      "module": "module.vpc.module.vpc",
      "mode": "managed",
      "type": "aws_subnet",
      "name": "private",
      "provider": "provider[\"registry.terraform.io/hashicorp/aws\"]",
      "instances": [
        {
          "index_key": 0,
          "schema_version": 1,
          "attributes": {
            "arn": "arn:aws:ec2:us-east-1:043509840958:subnet/subnet-07869b2c047a1f5d2",
            "assign_ipv6_address_on_creation": false,
            "availability_zone": "us-east-1a",
            "availability_zone_id": "use1-az1",
            "cidr_block": "10.0.1.0/24",
            "customer_owned_ipv4_pool": "",
            "enable_dns64": false,
            "enable_lni_at_device_index": 0,
            "enable_resource_name_dns_a_record_on_launch": false,
            "enable_resource_name_dns_aaaa_record_on_launch": false,
            "id": "subnet-07869b2c047a1f5d2",
            "ipv4_ipam_pool_id": null,
            "ipv4_netmask_length": null,
            "ipv6_cidr_block": "",
            "ipv6_cidr_block_association_id": "",
            "ipv6_ipam_pool_id": null,
            "ipv6_native": false,
            "ipv6_netmask_length": null,
            "map_customer_owned_ip_on_launch": false,
            "map_public_ip_on_launch": false,
            "outpost_arn": "",
            "owner_id": "043509840958",
            "private_dns_hostname_type_on_launch": "ip-name",
            "region": "us-east-1",
            "tags": {
              "ManagedBy": "Terraform",
              "Name": "dev-myvpc-private-us-east-1a",
              "Project": "terraform-aws-infrastructure",
              "Type": "Private Subnets",
              "environment": "dev",
              "owners": "hr"
            },
            "tags_all": {
              "ManagedBy": "Terraform",
              "Name": "dev-myvpc-private-us-east-1a",
              "Project": "terraform-aws-infrastructure",
              "Type": "Private Subnets",
              "environment": "dev",
              "owners": "hr"
            },
            "timeouts": null,
            "vpc_id": "vpc-0378c6ca2ce9c16be"
          },
          "sensitive_attributes": [],
          "identity_schema_version": 0,
          "identity": {
            "account_id": "043509840958",
            "id": "subnet-07869b2c047a1f5d2",
            "region": "us-east-1"
          },
          "private": "eyJlMmJmYjczMC1lY2FhLTExZTYtOGY4OC0zNDM2M2JjN2M0YzAiOnsiY3JlYXRlIjo2MDAwMDAwMDAwMDAsImRlbGV0ZSI6MTIwMDAwMDAwMDAwMH0sInNjaGVtYV92ZXJzaW9uIjoiMSJ9",
          "dependencies": [
            "module.vpc.module.vpc.aws_vpc.this",
            "module.vpc.module.vpc.aws_vpc_ipv4_cidr_block_association.this"
          ],
          "create_before_destroy": true
        },
        {
          "index_key": 1,
          "schema_version": 1,
          "attributes": {
            "arn": "arn:aws:ec2:us-east-1:043509840958:subnet/subnet-053cccbc151485b24",
            "assign_ipv6_address_on_creation": false,
            "availability_zone": "us-east-1b",
            "availability_zone_id": "use1-az2",
            "cidr_block": "10.0.2.0/24",
            "customer_owned_ipv4_pool": "",
            "enable_dns64": false,
            "enable_lni_at_device_index": 0,
            "enable_resource_name_dns_a_record_on_launch": false,
            "enable_resource_name_dns_aaaa_record_on_launch": false,
            "id": "subnet-053cccbc151485b24",
            "ipv4_ipam_pool_id": null,
            "ipv4_netmask_length": null,
            "ipv6_cidr_block": "",
            "ipv6_cidr_block_association_id": "",
            "ipv6_ipam_pool_id": null,
            "ipv6_native": false,
            "ipv6_netmask_length": null,
            "map_customer_owned_ip_on_launch": false,
            "map_public_ip_on_launch": false,
            "outpost_arn": "",
            "owner_id": "043509840958",
            "private_dns_hostname_type_on_launch": "ip-name",
            "region": "us-east-1",
            "tags": {
              "ManagedBy": "Terraform",
              "Name": "dev-myvpc-private-us-east-1b",
              "Project": "terraform-aws-infrastructure",
              "Type": "Private Subnets",
              "environment": "dev",
              "owners": "hr"
            },
            "tags_all": {
              "ManagedBy": "Terraform",
              "Name": "dev-myvpc-private-us-east-1b",
              "Project": "terraform-aws-infrastructure",
              "Type": "Private Subnets",
              "environment": "dev",
              "owners": "hr"
            },
            "timeouts": null,
            "vpc_id": "vpc-0378c6ca2ce9c16be"
          },
          "sensitive_attributes": [],
          "identity_schema_version": 0,
          "identity": {
            "account_id": "043509840958",
            "id": "subnet-053cccbc151485b24",
            "region": "us-east-1"
          },
          "private": "eyJlMmJmYjczMC1lY2FhLTExZTYtOGY4OC0zNDM2M2JjN2M0YzAiOnsiY3JlYXRlIjo2MDAwMDAwMDAwMDAsImRlbGV0ZSI6MTIwMDAwMDAwMDAwMH0sInNjaGVtYV92ZXJzaW9uIjoiMSJ9",
          "dependencies": [
            "module.vpc.module.vpc.aws_vpc.this",
            "module.vpc.module.vpc.aws_vpc_ipv4_cidr_block_association.this"
          ],
          "create_before_destroy": true
        },
        {
          "index_key": 2,
          "schema_version": 1,
          "attributes": {
            "arn": "arn:aws:ec2:us-east-1:043509840958:subnet/subnet-021b24ca80a3a2af3",
            "assign_ipv6_address_on_creation": false,
            "availability_zone": "us-east-1c",
            "availability_zone_id": "use1-az4",
            "cidr_block": "10.0.3.0/24",
            "customer_owned_ipv4_pool": "",
            "enable_dns64": false,
            "enable_lni_at_device_index": 0,
            "enable_resource_name_dns_a_record_on_launch": false,
            "enable_resource_name_dns_aaaa_record_on_launch": false,
            "id": "subnet-021b24ca80a3a2af3",
            "ipv4_ipam_pool_id": null,
            "ipv4_netmask_length": null,
            "ipv6_cidr_block": "",
            "ipv6_cidr_block_association_id": "",
            "ipv6_ipam_pool_id": null,
            "ipv6_native": false,
            "ipv6_netmask_length": null,
            "map_customer_owned_ip_on_launch": false,
            "map_public_ip_on_launch": false,
            "outpost_arn": "",
            "owner_id": "043509840958",
            "private_dns_hostname_type_on_launch": "ip-name",
            "region": "us-east-1",
            "tags": {
              "ManagedBy": "Terraform",
              "Name": "dev-myvpc-private-us-east-1c",
              "Project": "terraform-aws-infrastructure",
              "Type": "Private Subnets",
              "environment": "dev",
              "owners": "hr"
            },
            "tags_all": {
              "ManagedBy": "Terraform",
              "Name": "dev-myvpc-private-us-east-1c",
              "Project": "terraform-aws-infrastructure",
              "Type": "Private Subnets",
              "environment": "dev",
              "owners": "hr"
            },
            "timeouts": null,
            "vpc_id": "vpc-0378c6ca2ce9c16be"
          },
          "sensitive_attributes": [],
          "identity_schema_version": 0,
          "identity": {
            "account_id": "043509840958",
            "id": "subnet-021b24ca80a3a2af3",
            "region": "us-east-1"
          },
          "private": "eyJlMmJmYjczMC1lY2FhLTExZTYtOGY4OC0zNDM2M2JjN2M0YzAiOnsiY3JlYXRlIjo2MDAwMDAwMDAwMDAsImRlbGV0ZSI6MTIwMDAwMDAwMDAwMH0sInNjaGVtYV92ZXJzaW9uIjoiMSJ9",
          "dependencies": [
            "module.vpc.module.vpc.aws_vpc.this",
            "module.vpc.module.vpc.aws_vpc_ipv4_cidr_block_association.this"
          ],
          "create_before_destroy": true
        }
      ]
    },
    {
      "module": "module.vpc.module.vpc",
      "mode": "managed",
      "type": "aws_subnet",
      "name": "public",
      "provider": "provider[\"registry.terraform.io/hashicorp/aws\"]",
      "instances": [
        {
          "index_key": 0,
          "schema_version": 1,
          "attributes": {
            "arn": "arn:aws:ec2:us-east-1:043509840958:subnet/subnet-0298d604a8194a1e7",
            "assign_ipv6_address_on_creation": false,
            "availability_zone": "us-east-1a",
            "availability_zone_id": "use1-az1",
            "cidr_block": "10.0.101.0/24",
            "customer_owned_ipv4_pool": "",
            "enable_dns64": false,
            "enable_lni_at_device_index": 0,
            "enable_resource_name_dns_a_record_on_launch": false,
            "enable_resource_name_dns_aaaa_record_on_launch": false,
            "id": "subnet-0298d604a8194a1e7",
            "ipv4_ipam_pool_id": null,
            "ipv4_netmask_length": null,
            "ipv6_cidr_block": "",
            "ipv6_cidr_block_association_id": "",
            "ipv6_ipam_pool_id": null,
            "ipv6_native": false,
            "ipv6_netmask_length": null,
            "map_customer_owned_ip_on_launch": false,
            "map_public_ip_on_launch": false,
            "outpost_arn": "",
            "owner_id": "043509840958",
            "private_dns_hostname_type_on_launch": "ip-name",
            "region": "us-east-1",
            "tags": {
              "ManagedBy": "Terraform",
              "Name": "dev-myvpc-public-us-east-1a",
              "Project": "terraform-aws-infrastructure",
              "Type": "Public Subnets",
              "environment": "dev",
              "owners": "hr"
            },
            "tags_all": {
              "ManagedBy": "Terraform",
              "Name": "dev-myvpc-public-us-east-1a",
              "Project": "terraform-aws-infrastructure",
              "Type": "Public Subnets",
              "environment": "dev",
              "owners": "hr"
            },
            "timeouts": null,
            "vpc_id": "vpc-0378c6ca2ce9c16be"
          },
          "sensitive_attributes": [],
          "identity_schema_version": 0,
          "identity": {
            "account_id": "043509840958",
            "id": "subnet-0298d604a8194a1e7",
            "region": "us-east-1"
          },
          "private": "eyJlMmJmYjczMC1lY2FhLTExZTYtOGY4OC0zNDM2M2JjN2M0YzAiOnsiY3JlYXRlIjo2MDAwMDAwMDAwMDAsImRlbGV0ZSI6MTIwMDAwMDAwMDAwMH0sInNjaGVtYV92ZXJzaW9uIjoiMSJ9",
          "dependencies": [
            "module.vpc.module.vpc.aws_vpc.this",
            "module.vpc.module.vpc.aws_vpc_ipv4_cidr_block_association.this"
          ],
          "create_before_destroy": true
        },
        {
          "index_key": 1,
          "schema_version": 1,
          "attributes": {
            "arn": "arn:aws:ec2:us-east-1:043509840958:subnet/subnet-0dfb7c2b7342956b3",
            "assign_ipv6_address_on_creation": false,
            "availability_zone": "us-east-1b",
            "availability_zone_id": "use1-az2",
            "cidr_block": "10.0.102.0/24",
            "customer_owned_ipv4_pool": "",
            "enable_dns64": false,
            "enable_lni_at_device_index": 0,
            "enable_resource_name_dns_a_record_on_launch": false,
            "enable_resource_name_dns_aaaa_record_on_launch": false,
            "id": "subnet-0dfb7c2b7342956b3",
            "ipv4_ipam_pool_id": null,
            "ipv4_netmask_length": null,
            "ipv6_cidr_block": "",
            "ipv6_cidr_block_association_id": "",
            "ipv6_ipam_pool_id": null,
            "ipv6_native": false,
            "ipv6_netmask_length": null,
            "map_customer_owned_ip_on_launch": false,
            "map_public_ip_on_launch": false,
            "outpost_arn": "",
            "owner_id": "043509840958",
            "private_dns_hostname_type_on_launch": "ip-name",
            "region": "us-east-1",
            "tags": {
              "ManagedBy": "Terraform",
              "Name": "dev-myvpc-public-us-east-1b",
              "Project": "terraform-aws-infrastructure",
              "Type": "Public Subnets",
              "environment": "dev",
              "owners": "hr"
            },
            "tags_all": {
              "ManagedBy": "Terraform",
              "Name": "dev-myvpc-public-us-east-1b",
              "Project": "terraform-aws-infrastructure",
              "Type": "Public Subnets",
              "environment": "dev",
              "owners": "hr"
            },
            "timeouts": null,
            "vpc_id": "vpc-0378c6ca2ce9c16be"
          },
          "sensitive_attributes": [],
          "identity_schema_version": 0,
          "identity": {
            "account_id": "043509840958",
            "id": "subnet-0dfb7c2b7342956b3",
            "region": "us-east-1"
          },
          "private": "eyJlMmJmYjczMC1lY2FhLTExZTYtOGY4OC0zNDM2M2JjN2M0YzAiOnsiY3JlYXRlIjo2MDAwMDAwMDAwMDAsImRlbGV0ZSI6MTIwMDAwMDAwMDAwMH0sInNjaGVtYV92ZXJzaW9uIjoiMSJ9",
          "dependencies": [
            "module.vpc.module.vpc.aws_vpc.this",
            "module.vpc.module.vpc.aws_vpc_ipv4_cidr_block_association.this"
          ],
          "create_before_destroy": true
        },
        {
          "index_key": 2,
          "schema_version": 1,
          "attributes": {
            "arn": "arn:aws:ec2:us-east-1:043509840958:subnet/subnet-0fe8b2c004d114154",
            "assign_ipv6_address_on_creation": false,
            "availability_zone": "us-east-1c",
            "availability_zone_id": "use1-az4",
            "cidr_block": "10.0.103.0/24",
            "customer_owned_ipv4_pool": "",
            "enable_dns64": false,
            "enable_lni_at_device_index": 0,
            "enable_resource_name_dns_a_record_on_launch": false,
            "enable_resource_name_dns_aaaa_record_on_launch": false,
            "id": "subnet-0fe8b2c004d114154",
            "ipv4_ipam_pool_id": null,
            "ipv4_netmask_length": null,
            "ipv6_cidr_block": "",
            "ipv6_cidr_block_association_id": "",
            "ipv6_ipam_pool_id": null,
            "ipv6_native": false,
            "ipv6_netmask_length": null,
            "map_customer_owned_ip_on_launch": false,
            "map_public_ip_on_launch": false,
            "outpost_arn": "",
            "owner_id": "043509840958",
            "private_dns_hostname_type_on_launch": "ip-name",
            "region": "us-east-1",
            "tags": {
              "ManagedBy": "Terraform",
              "Name": "dev-myvpc-public-us-east-1c",
              "Project": "terraform-aws-infrastructure",
              "Type": "Public Subnets",
              "environment": "dev",
              "owners": "hr"
            },
            "tags_all": {
              "ManagedBy": "Terraform",
              "Name": "dev-myvpc-public-us-east-1c",
              "Project": "terraform-aws-infrastructure",
              "Type": "Public Subnets",
              "environment": "dev",
              "owners": "hr"
            },
            "timeouts": null,
            "vpc_id": "vpc-0378c6ca2ce9c16be"
          },
          "sensitive_attributes": [],
          "identity_schema_version": 0,
          "identity": {
            "account_id": "043509840958",
            "id": "subnet-0fe8b2c004d114154",
            "region": "us-east-1"
          },
          "private": "eyJlMmJmYjczMC1lY2FhLTExZTYtOGY4OC0zNDM2M2JjN2M0YzAiOnsiY3JlYXRlIjo2MDAwMDAwMDAwMDAsImRlbGV0ZSI6MTIwMDAwMDAwMDAwMH0sInNjaGVtYV92ZXJzaW9uIjoiMSJ9",
          "dependencies": [
            "module.vpc.module.vpc.aws_vpc.this",
            "module.vpc.module.vpc.aws_vpc_ipv4_cidr_block_association.this"
          ],
          "create_before_destroy": true
        }
      ]
    },
    {
      "module": "module.vpc.module.vpc",
      "mode": "managed",
      "type": "aws_subnet",
      "name": "redshift",
      "provider": "provider[\"registry.terraform.io/hashicorp/aws\"]",
      "instances": []
    },
    {
      "module": "module.vpc.module.vpc",
      "mode": "managed",
      "type": "aws_vpc",
      "name": "this",
      "provider": "provider[\"registry.terraform.io/hashicorp/aws\"]",
      "instances": [
        {
          "index_key": 0,
          "schema_version": 1,
          "attributes": {
            "arn": "arn:aws:ec2:us-east-1:043509840958:vpc/vpc-0378c6ca2ce9c16be",
            "assign_generated_ipv6_cidr_block": false,
            "cidr_block": "10.0.0.0/16",
            "default_network_acl_id": "acl-05c3f17f4e2fa7e73",
            "default_route_table_id": "rtb-013e43e818dfc8613",
            "default_security_group_id": "sg-0c8ed3514f386b22a",
            "dhcp_options_id": "dopt-0ea7dc59dbd9032e2",
            "enable_dns_hostnames": true,
            "enable_dns_support": true,
            "enable_network_address_usage_metrics": false,
            "id": "vpc-0378c6ca2ce9c16be",
            "instance_tenancy": "default",
            "ipv4_ipam_pool_id": null,
            "ipv4_netmask_length": null,
            "ipv6_association_id": "",
            "ipv6_cidr_block": "",
            "ipv6_cidr_block_network_border_group": "",
            "ipv6_ipam_pool_id": "",
            "ipv6_netmask_length": 0,
            "main_route_table_id": "rtb-013e43e818dfc8613",
            "owner_id": "043509840958",
            "region": "us-east-1",
            "tags": {
              "ManagedBy": "Terraform",
              "Name": "dev-myvpc",
              "Project": "terraform-aws-infrastructure",
              "environment": "dev",
              "owners": "hr"
            },
            "tags_all": {
              "ManagedBy": "Terraform",
              "Name": "dev-myvpc",
              "Project": "terraform-aws-infrastructure",
              "environment": "dev",
              "owners": "hr"
            }
          },
          "sensitive_attributes": [],
          "identity_schema_version": 0,
          "identity": {
            "account_id": "043509840958",
            "id": "vpc-0378c6ca2ce9c16be",
            "region": "us-east-1"
          },
          "private": "eyJzY2hlbWFfdmVyc2lvbiI6IjEifQ==",
          "create_before_destroy": true
        }
      ]
    },
    {
      "module": "module.vpc.module.vpc",
      "mode": "managed",
      "type": "aws_vpc_dhcp_options",
      "name": "this",
      "provider": "provider[\"registry.terraform.io/hashicorp/aws\"]",
      "instances": []
    },
    {
      "module": "module.vpc.module.vpc",
      "mode": "managed",
      "type": "aws_vpc_dhcp_options_association",
      "name": "this",
      "provider": "provider[\"registry.terraform.io/hashicorp/aws\"]",
      "instances": []
    },
    {
      "module": "module.vpc.module.vpc",
      "mode": "managed",
      "type": "aws_vpc_ipv4_cidr_block_association",
      "name": "this",
      "provider": "provider[\"registry.terraform.io/hashicorp/aws\"]",
      "instances": []
    },
    {
      "module": "module.vpc.module.vpc",
      "mode": "managed",
      "type": "aws_vpn_gateway",
      "name": "this",
      "provider": "provider[\"registry.terraform.io/hashicorp/aws\"]",
      "instances": []
    },
    {
      "module": "module.vpc.module.vpc",
      "mode": "managed",
      "type": "aws_vpn_gateway_attachment",
      "name": "this",
      "provider": "provider[\"registry.terraform.io/hashicorp/aws\"]",
      "instances": []
    },
    {
      "module": "module.vpc.module.vpc",
      "mode": "managed",
      "type": "aws_vpn_gateway_route_propagation",
      "name": "intra",
      "provider": "provider[\"registry.terraform.io/hashicorp/aws\"]",
      "instances": []
    },
    {
      "module": "module.vpc.module.vpc",
      "mode": "managed",
      "type": "aws_vpn_gateway_route_propagation",
      "name": "private",
      "provider": "provider[\"registry.terraform.io/hashicorp/aws\"]",
      "instances": []
    },
    {
      "module": "module.vpc.module.vpc",
      "mode": "managed",
      "type": "aws_vpn_gateway_route_propagation",
      "name": "public",
      "provider": "provider[\"registry.terraform.io/hashicorp/aws\"]",
      "instances": []
    }
  ],
  "check_results": [
    {
      "object_kind": "var",
      "config_addr": "module.nlb.var.nlb_name_prefix",
      "status": "unknown",
      "objects": [
        {
          "object_addr": "module.nlb.var.nlb_name_prefix",
          "status": "unknown"
        }
      ]
    },
    {
      "object_kind": "var",
      "config_addr": "module.alb_hostheader.var.target_group_2_name_prefix",
      "status": "unknown",
      "objects": [
        {
          "object_addr": "module.alb_hostheader.var.target_group_2_name_prefix",
          "status": "unknown"
        }
      ]
    },
    {
      "object_kind": "var",
      "config_addr": "module.ec2_application.var.instance_count_per_app",
      "status": "pass",
      "objects": [
        {
          "object_addr": "module.ec2_application.var.instance_count_per_app",
          "status": "pass"
        }
      ]
    },
    {
      "object_kind": "var",
      "config_addr": "module.nlb.var.target_group_protocol",
      "status": "unknown",
      "objects": [
        {
          "object_addr": "module.nlb.var.target_group_protocol",
          "status": "unknown"
        }
      ]
    },
    {
      "object_kind": "var",
      "config_addr": "module.acm.module.acm.var.validation_method",
      "status": "pass",
      "objects": [
        {
          "object_addr": "module.acm.module.acm.var.validation_method",
          "status": "pass"
        }
      ]
    },
    {
      "object_kind": "var",
      "config_addr": "module.alb_hostheader.var.target_group_1_name_prefix",
      "status": "unknown",
      "objects": [
        {
          "object_addr": "module.alb_hostheader.var.target_group_1_name_prefix",
          "status": "unknown"
        }
      ]
    },
    {
      "object_kind": "var",
      "config_addr": "module.nlb.var.target_group_name_prefix",
      "status": "unknown",
      "objects": [
        {
          "object_addr": "module.nlb.var.target_group_name_prefix",
          "status": "unknown"
        }
      ]
    },
    {
      "object_kind": "var",
      "config_addr": "module.acm.var.validation_method",
      "status": "pass",
      "objects": [
        {
          "object_addr": "module.acm.var.validation_method",
          "status": "pass"
        }
      ]
    },
    {
      "object_kind": "var",
      "config_addr": "module.alb_basic.var.target_group_name_prefix",
      "status": "unknown",
      "objects": [
        {
          "object_addr": "module.alb_basic.var.target_group_name_prefix",
          "status": "unknown"
        }
      ]
    },
    {
      "object_kind": "var",
      "config_addr": "module.nlb.var.dns_record_client_routing_policy",
      "status": "unknown",
      "objects": [
        {
          "object_addr": "module.nlb.var.dns_record_client_routing_policy",
          "status": "unknown"
        }
      ]
    }
  ]
}
